{
  "version": 4,
  "terraform_version": "1.11.4",
  "serial": 39,
  "lineage": "f0b8e358-8c84-1f13-9605-d13fcfe175e7",
  "outputs": {
    "acr_admin_username": {
      "value": "wizexerciseacrhyiathfooo",
      "type": "string"
    },
    "acr_login_server": {
      "value": "wizexerciseacrhyiathfooo.azurecr.io",
      "type": "string"
    },
    "aks_cluster_name": {
      "value": "wiz-aks-cluster",
      "type": "string"
    },
    "mongodb_admin_password": {
      "value": "Azure_123456",
      "type": "string",
      "sensitive": true
    },
    "mongodb_admin_username": {
      "value": "azureuser",
      "type": "string"
    },
    "mongodb_vm_public_ip": {
      "value": "172.203.26.211",
      "type": "string"
    },
    "storage_account_name": {
      "value": "wizexbsga02rk",
      "type": "string"
    }
  },
  "resources": [
    {
      "mode": "managed",
      "type": "azurerm_resource_group",
      "name": "wiz_exercise",
      "provider": "provider[\"registry.terraform.io/hashicorp/azurerm\"]",
      "instances": [
        {
          "schema_version": 0,
          "attributes": {
            "id": "/subscriptions/bf3ff429-d86d-43a1-9326-f625a1e8bb50/resourceGroups/wiz-exercise-rg",
            "location": "eastus2",
            "managed_by": "",
            "name": "wiz-exercise-rg",
            "tags": {},
            "timeouts": null
          },
          "sensitive_attributes": [],
          "private": "eyJlMmJmYjczMC1lY2FhLTExZTYtOGY4OC0zNDM2M2JjN2M0YzAiOnsiY3JlYXRlIjo1NDAwMDAwMDAwMDAwLCJkZWxldGUiOjU0MDAwMDAwMDAwMDAsInJlYWQiOjMwMDAwMDAwMDAwMCwidXBkYXRlIjo1NDAwMDAwMDAwMDAwfX0="
        }
      ]
    },
    {
      "mode": "managed",
      "type": "azurerm_role_assignment",
      "name": "aks_acr_pull",
      "provider": "provider[\"registry.terraform.io/hashicorp/azurerm\"]",
      "instances": [
        {
          "schema_version": 0,
          "attributes": {
            "condition": "",
            "condition_version": "",
            "delegated_managed_identity_resource_id": "",
            "description": "",
            "id": "/subscriptions/bf3ff429-d86d-43a1-9326-f625a1e8bb50/resourceGroups/wiz-exercise-rg/providers/Microsoft.ContainerRegistry/registries/wizexerciseacrhyiathfooo/providers/Microsoft.Authorization/roleAssignments/8f0ebb5b-74f1-0c91-a791-26c08467acc4",
            "name": "8f0ebb5b-74f1-0c91-a791-26c08467acc4",
            "principal_id": "d06a616c-0eb2-4e3c-bed0-4642b9eafa27",
            "principal_type": "ServicePrincipal",
            "role_definition_id": "/subscriptions/bf3ff429-d86d-43a1-9326-f625a1e8bb50/providers/Microsoft.Authorization/roleDefinitions/7f951dda-4ed3-4680-a7ca-43fe172d538d",
            "role_definition_name": "AcrPull",
            "scope": "/subscriptions/bf3ff429-d86d-43a1-9326-f625a1e8bb50/resourceGroups/wiz-exercise-rg/providers/Microsoft.ContainerRegistry/registries/wizexerciseacrhyiathfooo",
            "skip_service_principal_aad_check": true,
            "timeouts": null
          },
          "sensitive_attributes": [],
          "private": "eyJlMmJmYjczMC1lY2FhLTExZTYtOGY4OC0zNDM2M2JjN2M0YzAiOnsiY3JlYXRlIjoxODAwMDAwMDAwMDAwLCJkZWxldGUiOjE4MDAwMDAwMDAwMDAsInJlYWQiOjMwMDAwMDAwMDAwMH19",
          "dependencies": [
            "azurerm_resource_group.wiz_exercise",
            "module.acr.azurerm_container_registry.wiz_acr",
            "module.aks.azurerm_user_assigned_identity.aks_kubelet"
          ]
        }
      ]
    },
    {
      "module": "module.acr",
      "mode": "managed",
      "type": "azurerm_container_registry",
      "name": "wiz_acr",
      "provider": "provider[\"registry.terraform.io/hashicorp/azurerm\"]",
      "instances": [
        {
          "schema_version": 2,
          "attributes": {
            "admin_enabled": true,
            "admin_password": "ce7OUWy8rcFGuu6hQBAJCKEg7Gic7ubNHiaz1fA22A+ACRCJOljC",
            "admin_username": "wizexerciseacrhyiathfooo",
            "anonymous_pull_enabled": false,
            "data_endpoint_enabled": false,
            "encryption": [
              {
                "enabled": false,
                "identity_client_id": "",
                "key_vault_key_id": ""
              }
            ],
            "export_policy_enabled": true,
            "georeplications": [],
            "id": "/subscriptions/bf3ff429-d86d-43a1-9326-f625a1e8bb50/resourceGroups/wiz-exercise-rg/providers/Microsoft.ContainerRegistry/registries/wizexerciseacrhyiathfooo",
            "identity": [],
            "location": "eastus2",
            "login_server": "wizexerciseacrhyiathfooo.azurecr.io",
            "name": "wizexerciseacrhyiathfooo",
            "network_rule_bypass_option": "AzureServices",
            "network_rule_set": [],
            "public_network_access_enabled": true,
            "quarantine_policy_enabled": false,
            "resource_group_name": "wiz-exercise-rg",
            "retention_policy": [
              {
                "days": 7,
                "enabled": false
              }
            ],
            "sku": "Basic",
            "tags": {},
            "timeouts": null,
            "trust_policy": [
              {
                "enabled": false
              }
            ],
            "zone_redundancy_enabled": false
          },
          "sensitive_attributes": [
            [
              {
                "type": "get_attr",
                "value": "admin_password"
              }
            ]
          ],
          "private": "eyJlMmJmYjczMC1lY2FhLTExZTYtOGY4OC0zNDM2M2JjN2M0YzAiOnsiY3JlYXRlIjoxODAwMDAwMDAwMDAwLCJkZWxldGUiOjE4MDAwMDAwMDAwMDAsInJlYWQiOjMwMDAwMDAwMDAwMCwidXBkYXRlIjoxODAwMDAwMDAwMDAwfSwic2NoZW1hX3ZlcnNpb24iOiIyIn0=",
          "dependencies": [
            "azurerm_resource_group.wiz_exercise"
          ]
        }
      ]
    },
    {
      "module": "module.aks",
      "mode": "data",
      "type": "kubernetes_namespace",
      "name": "wiz_app",
      "provider": "module.aks.provider[\"registry.terraform.io/hashicorp/kubernetes\"]",
      "instances": [
        {
          "schema_version": 0,
          "attributes": {
            "id": "wiz-app",
            "metadata": [
              {
                "annotations": {},
                "generation": 0,
                "labels": {
                  "kubernetes.io/metadata.name": "wiz-app"
                },
                "name": "wiz-app",
                "resource_version": "1534",
                "uid": "fca828b8-830f-47f8-87be-a42529b014e5"
              }
            ],
            "spec": [
              {
                "finalizers": [
                  "kubernetes"
                ]
              }
            ]
          },
          "sensitive_attributes": []
        }
      ]
    },
    {
      "module": "module.aks",
      "mode": "managed",
      "type": "azurerm_kubernetes_cluster",
      "name": "wiz_aks",
      "provider": "provider[\"registry.terraform.io/hashicorp/azurerm\"]",
      "instances": [
        {
          "schema_version": 2,
          "attributes": {
            "aci_connector_linux": [],
            "api_server_access_profile": [],
            "api_server_authorized_ip_ranges": [],
            "auto_scaler_profile": [],
            "automatic_channel_upgrade": "",
            "azure_active_directory_role_based_access_control": [],
            "azure_policy_enabled": null,
            "confidential_computing": [],
            "cost_analysis_enabled": false,
            "current_kubernetes_version": "1.31.8",
            "custom_ca_trust_certificates_base64": [],
            "default_node_pool": [
              {
                "capacity_reservation_group_id": "",
                "custom_ca_trust_enabled": false,
                "enable_auto_scaling": false,
                "enable_host_encryption": false,
                "enable_node_public_ip": false,
                "fips_enabled": false,
                "gpu_instance": "",
                "host_group_id": "",
                "kubelet_config": [],
                "kubelet_disk_type": "OS",
                "linux_os_config": [],
                "max_count": 0,
                "max_pods": 30,
                "message_of_the_day": "",
                "min_count": 0,
                "name": "default",
                "node_count": 2,
                "node_labels": {},
                "node_network_profile": [],
                "node_public_ip_prefix_id": "",
                "node_taints": [],
                "only_critical_addons_enabled": false,
                "orchestrator_version": "1.31",
                "os_disk_size_gb": 128,
                "os_disk_type": "Managed",
                "os_sku": "Ubuntu",
                "pod_subnet_id": "",
                "proximity_placement_group_id": "",
                "scale_down_mode": "Delete",
                "snapshot_id": "",
                "tags": {},
                "temporary_name_for_rotation": "",
                "type": "VirtualMachineScaleSets",
                "ultra_ssd_enabled": false,
                "upgrade_settings": [
                  {
                    "drain_timeout_in_minutes": 0,
                    "max_surge": "10%",
                    "node_soak_duration_in_minutes": 0
                  }
                ],
                "vm_size": "Standard_D2s_v3",
                "vnet_subnet_id": "/subscriptions/bf3ff429-d86d-43a1-9326-f625a1e8bb50/resourceGroups/wiz-exercise-rg/providers/Microsoft.Network/virtualNetworks/wiz-vnet/subnets/kubernetes-subnet",
                "workload_runtime": "",
                "zones": []
              }
            ],
            "disk_encryption_set_id": "",
            "dns_prefix": "wizaks",
            "dns_prefix_private_cluster": "",
            "edge_zone": "",
            "enable_pod_security_policy": false,
            "fqdn": "wizaks-gw5it7z3.hcp.eastus2.azmk8s.io",
            "http_application_routing_enabled": null,
            "http_application_routing_zone_name": null,
            "http_proxy_config": [],
            "id": "/subscriptions/bf3ff429-d86d-43a1-9326-f625a1e8bb50/resourceGroups/wiz-exercise-rg/providers/Microsoft.ContainerService/managedClusters/wiz-aks-cluster",
            "identity": [
              {
                "identity_ids": [
                  "/subscriptions/bf3ff429-d86d-43a1-9326-f625a1e8bb50/resourceGroups/wiz-exercise-rg/providers/Microsoft.ManagedIdentity/userAssignedIdentities/aks-control-plane-identity"
                ],
                "principal_id": "",
                "tenant_id": "",
                "type": "UserAssigned"
              }
            ],
            "image_cleaner_enabled": false,
            "image_cleaner_interval_hours": 48,
            "ingress_application_gateway": [],
            "key_management_service": [],
            "key_vault_secrets_provider": [],
            "kube_admin_config": [],
            "kube_admin_config_raw": "",
            "kube_config": [
              {
                "client_certificate": "LS0tLS1CRUdJTiBDRVJUSUZJQ0FURS0tLS0tCk1JSUZIakNDQXdhZ0F3SUJBZ0lSQUpHaWFTVlpLRXRtc1BHcjdmOUMySDR3RFFZSktvWklodmNOQVFFTEJRQXcKRFRFTE1Ba0dBMVVFQXhNQ1kyRXdIaGNOTWpVd05qRTJNVEl3TkRVM1doY05NamN3TmpFMk1USXhORFUzV2pBdwpNUmN3RlFZRFZRUUtFdzV6ZVhOMFpXMDZiV0Z6ZEdWeWN6RVZNQk1HQTFVRUF4TU1iV0Z6ZEdWeVkyeHBaVzUwCk1JSUNJakFOQmdrcWhraUc5dzBCQVFFRkFBT0NBZzhBTUlJQ0NnS0NBZ0VBcm1oVnhsNTYvYTBteGhSZnBwZ2YKaEk5Q1lYYVlqMHFTTGtyV3U0YXRwUUIxeEZoZjlUSmtYNGJhd05JSnhKVC9GV09LNnlhdGN2aHY0OWVsSy9YTAo2NXluN1dzSTBxZ3ZmdW1BZTErZWdEWEUzWHdRVTZJY1padGZBZGNUR0ZpeWI0T3gyRDh3WkVaMERvZkpiM1kzClNhMW1weHBsb0M4MHVkZ29zTEltUTE3aVJkZVMyN3NzSU5aYWl2VGVQUnpScU9YdjJ6YlduMUlVVTVrb3dvT3MKcGlCVXE1dlorbTBFWEVhdE1KY2FyK2RQY1hJUGkwYlFOV21pYXBPeHkwVE0xZlg2ZXJYNTlyRFRtRVNuWjNYVgpPN25EL1JNTEdXbUpXU1MwajJ2RjVJN2s3OHRYN1lKemIyUXhqMXVFUGt3VWdsTE5uWndLRm5OcnpPbWFmNzNPCnJleklCaHZkSU5hVG9wN1NXVXJqWUJ3UC9wL1BDTUxadmlJOVJqWVhHQ1I2dDBFdmEzaXUrK0w1KzRvSS95TzgKUmkyRVZmenZoVEp1dFpnTWs5cmxIWTU3V2tFbDB3eko1TWtpdG8xaVlxcE92REczODVlZE5EU25UNC9CZXVqWgpybmw2d2cydXRTZ3FqVTJWWmlTR0dETHQ2RTFWeG5UV1U3N1JvMmFWNXRUemc5cXVmMjJjWXZDWGU1UURUb0trCnZvTnZYTiswSnFGV0hKNjM5TXFOdFhXam1ZbjlaRjFacnNxUEwvS1ZwbEhkYWlhUEFiUnBkUnRQU0FoNHZUcmQKOE5jeVFKR1FDdEI5NENtdjJwS1FWZWZQZEtVbUxWVThCV2VrNkVEek52RXhVRHFydENwdDVRQlhQazRxaUw4WQpnMHdjdEduZFY5bG9PdE1kYzVLK2RyRUNBd0VBQWFOV01GUXdEZ1lEVlIwUEFRSC9CQVFEQWdXZ01CTUdBMVVkCkpRUU1NQW9HQ0NzR0FRVUZCd01DTUF3R0ExVWRFd0VCL3dRQ01BQXdId1lEVlIwakJCZ3dGb0FVQ2VxcTRkRy8KUlpsMkZtZ0JMeW02c2JHUWUwd3dEUVlKS29aSWh2Y05BUUVMQlFBRGdnSUJBSEEyV2tzbXdCc0xxTHJiWDlLVApSL1RlSjdJMCsvQlZNclhtVWxzN09GdHhjajV4VDl4bUhCODE5eXFQMTlpUHdTVmtQRWVUMHBmajlJcXhJSk41ClBCQ29penlaajBRaEN4Um9sSE5XWFFNK3NSdzJtQnRRY2JXcThGU2NoRDNoWmJOdmhScWN5dzVEUUpjZzh2Rm4KR2dUNWhzNXY4WVk3dkwxYUZhUXVCYWlVSWdIeG9INjhRQkduMWVFNkNEQkVsdTBXbDY2Vm80a0gycURrc0JhQQpORU5XdDVPeVZhNEFaM3VnYkNmdGhhclFqSGdBNG9HcWswQm9nRTZzTE96WGVVMzRQMTRKbkR6U2t0NFBRSUtmCkpTbk1Eam9UalkxU09mVTIrK2syZm1OQlV5a04vd29OM0ZBZm11eHhldm15dlNWMmJpYmV0VG9vd1o0dnV0U3AKa0RIZEdUVmRZalNjbEZEMndPUEtaSy9MY1RQcjZPVFFnY0xNTCtBa05lMzJHSlF3cnlHcnRLL2ZCbUtOczZ1cApVOUdLVUZVWEdCT0FQNkpzaXJxMkZzRGxqYXpuNEp2eTV3MytRdGhEbE5xZkVYNTV6aXNPTGdKcnlvVU1HMkY1CjhySmFoNlc5RTZNejBwb2p0dGMreUU2UlFHRjhrMTFhYzNDMGo4S3loK21oaDN0ckhHK1QycnZVOTBBM3VkU0UKbldxdkhGMmZIbVpSV3prb0ZhTVRZczNqSEd2Y3VBTnM2KzZuTWh6RVRFNVB3NXpINkhuL1pWa0hGSVdLWVBiVApMNTRnYU9qVUJ2T3R3V2JQUkdVK0FINThGbmRZdTlqZ3NrMTZmVmJPQnRYN3BJUzU3dFo2SG80Z3hwNStLalM4ClNZZTlYdFplOGVVVHBRTXhWakdXQW9HNwotLS0tLUVORCBDRVJUSUZJQ0FURS0tLS0tCg==",
                "client_key": "LS0tLS1CRUdJTiBSU0EgUFJJVkFURSBLRVktLS0tLQpNSUlKS0FJQkFBS0NBZ0VBcm1oVnhsNTYvYTBteGhSZnBwZ2ZoSTlDWVhhWWowcVNMa3JXdTRhdHBRQjF4RmhmCjlUSmtYNGJhd05JSnhKVC9GV09LNnlhdGN2aHY0OWVsSy9YTDY1eW43V3NJMHFndmZ1bUFlMStlZ0RYRTNYd1EKVTZJY1padGZBZGNUR0ZpeWI0T3gyRDh3WkVaMERvZkpiM1kzU2ExbXB4cGxvQzgwdWRnb3NMSW1RMTdpUmRlUwoyN3NzSU5aYWl2VGVQUnpScU9YdjJ6YlduMUlVVTVrb3dvT3NwaUJVcTV2WittMEVYRWF0TUpjYXIrZFBjWElQCmkwYlFOV21pYXBPeHkwVE0xZlg2ZXJYNTlyRFRtRVNuWjNYVk83bkQvUk1MR1dtSldTUzBqMnZGNUk3azc4dFgKN1lKemIyUXhqMXVFUGt3VWdsTE5uWndLRm5OcnpPbWFmNzNPcmV6SUJodmRJTmFUb3A3U1dVcmpZQndQL3AvUApDTUxadmlJOVJqWVhHQ1I2dDBFdmEzaXUrK0w1KzRvSS95TzhSaTJFVmZ6dmhUSnV0WmdNazlybEhZNTdXa0VsCjB3eko1TWtpdG8xaVlxcE92REczODVlZE5EU25UNC9CZXVqWnJubDZ3ZzJ1dFNncWpVMlZaaVNHR0RMdDZFMVYKeG5UV1U3N1JvMmFWNXRUemc5cXVmMjJjWXZDWGU1UURUb0trdm9OdlhOKzBKcUZXSEo2MzlNcU50WFdqbVluOQpaRjFacnNxUEwvS1ZwbEhkYWlhUEFiUnBkUnRQU0FoNHZUcmQ4TmN5UUpHUUN0Qjk0Q212MnBLUVZlZlBkS1VtCkxWVThCV2VrNkVEek52RXhVRHFydENwdDVRQlhQazRxaUw4WWcwd2N0R25kVjlsb090TWRjNUsrZHJFQ0F3RUEKQVFLQ0FnQU5SaXVoR1hmSzd1N1FqS1JyRFpENGlkN0hoRHRBVExDcmpVNmluekdBS1hUTktOekUwTDBLK0R5VwpDR1p0NjlrdVM1RTdMSXB2QWJHaWFidE1pVHlvQmhoUjNaK2lTT0swaWhrWlNzSEppRTRmZlYzUXY3bmhrZDI5ClNoMU44UkpEb29aYXF4U0h6VVR3QmkyeXFoQ3pMdHR0UkhrUHBBZ2pUT3hyNW1NN0pYR2JWemo2T0ZpM2R4a1YKRW1ZSHlMVzhZU1BNVDNRdVZCVHY5K3crUWI5V05ZZThOL1J6TnZEcUJRY1JkNjYwVEtxak84Y3JGb3lxUkF2MAppS0V6azF6enUvRUFmZkUwY1dqcFlmQkwwNUFUSjZSZkVwLzVveXFzK2pvejRFUURqVXluWTVhaG9SZ2dGa1FmCllSdkRrZzdOakhmUjB4cUJjdTkxZlNJaEx0VVlEM3hSZ0tGdkNRTVo1aXptZHZnS3NUL1VrRlRueXBRS2RteFoKSXY5dU5QYVJuMUczemZLT1FLMEVYa1QyanBKMm9ocXlTVzlXWDZuZWFlSVByK0ZDNTVhVFJZZUx0OXpabndicgo0UWRrK1UyM3p6Z1kzNEtyUnkyUGZHK05FcXdzTThUNWNVcThSU1Q1WDYxRlNYbGczcXV0cGd1YW5uWmFVZ01OCjFLc3BTaVlVTnUySkdJWmVIcXBLY0JzdGNETjFyNnE1YWVhN1gwSzlzSVZGcHVtZUpNVUFVZHA1RlNweUg0Qm4KbEM4clhOSnlWSTZUVmQ3TEh3ckg5eDFxQ3hSVXMxbys3SUtBUmN2OWZQN1Nvak4xNVdERm50dzkrSHV4aGtraQpyOUVUK3RSZ2dxZzh4WDVBR1JadUU2TGZWV1BWV0kvaDQ0eXROQXB3MDFtOWluY0FjUUtDQVFFQXhXME16KzQ2CjVuTlFtRndVR1NjS2piMDJpbFdaa25nblVtcmhhS29FQ0tlMnBQOEh3Wk5IMmZMSFB2ci9xa05nblRlMVF3dnUKRmdGRXFJNmVpcDJVZmtVcko3amJ6Z0Y0K0ZoQkRXUUpGb1dRSTF6ME1MSmcxNVpiWjV4RHNuTDJxS1M0VTZBUQp3d1VZa2ozK1RQYzJON2V6Q0hlRVFYYlY2cC9JaEEvdEZEK0NQZDEwUGI0TWNheEtsZHBMR0FsNnpjYlJBdVlnCktOL3d3cEx6eXBldFh3L3BqSkJIazNuZTNyaGJxRTVtbkg0WmpSOEVVOUNLQ0NIYU1GdllBR1h1YnFLMmdXSVYKWEI5d0Y3SHhidUVtZDIwTGRDSXNTeUcyUmtwSzVvZHk0SUZaaXp1blBDRXFTRzVVYmlQQS9oSWpHb2R5anlicQppYVgwaERmNkQ1TWZMd0tDQVFFQTRpYjc2cTNXYWw3OWxaelZISFkrZnpVZ1dmZDZUU0Y3LzA0MU5VWnI5Q20xCllFY0VSWFhSQlY3UGgvVlNCcWxJc045a1hRTnJvK2lDbW5uNkpCZkR1OEtwcDFmMlA4ZTZwMy9KNExsRXpwRVIKNzVEOEl6RzJ1Nm5DbEMzQ3Nvb1dERStDVXBTZVBoT3I3QkM4U0NDRkw3MFJxamZ2K2tCendEWDREUGZRQXRiOQpkSDFJZHJqV3dDNUQ5a2F6bHVkVXl6RnJ6Z1FvUGRoQW9lVUwzdkpJT09lWXBUWmFtYWVaTnFRclRkVWhIc3pICmc5WFNDYVkySGlwbWo4ZHZLT1dsb2VRMVYxZk1ZWGZ1UmxOVTNaSndlVWZHTlRzdlpmME44Mi9xU2dKMkR3YlcKRitTdm81K1dBVVpkV1U1R1ovaDdFUlZ3ZkNWem80bGROWU9CR1FGUUh3S0NBUUFvaTF1dFBCeUdoVG9SQUIvMApobXNKYnNsTG9ZYTNhTXVTaG5haU93QTNFdEpVa2pkeWpwK2I1OXI1V1N5Mk43NFlxMzhqTk1rQlplTkd4bnRTCnRrZnZvcDdaT29LUmpRWGQ0cW9CYVFEZ3lpOHV4QUUyR3Z2K2FsZDlNTDlLWDRlK1hJMnFSdDRLWHZxTDFnVnEKb3Y1VWRQcGtpNzd5ZnNneHRmekUra3hTOHpQNUpvaWZ3VzdtelY1SDVodXo1UVorU2cxVWpoUWVzTmJON3NYNApYaXZ4c04vaXlTS1o2OVpVWVFJWnozZ05QV3hiNmZuR2lMWkFNMHVPME4zTVB5SzNQOTFCTnZaeUE5Yk9WdkhoCk5vWGkwdGNlVTRKTEw3SXlQMEdnbEVLSVRxZ29DdWt1VlJWTTZMT1lKdW1VZy84SGpMZC9KSnZZQnVmdlcxdVUKWlQ5ckFvSUJBRFYzVGZ1UG1hK1FRWmVMZW42K0hjeHBQUHJJSFd2NnpKdnhXM2I2N1M3T1pZa2JnUkVDNTZYRApZb0VjS0laV28wN2RvWmF6NWxEYitYU1gvZUZtbE9uZy9jY0licmxwZU9GOHZyZVlWWUlZbmdyclZoRGtBZldnCkR0YUZjeEJPd1NPcjhIMmhrVC9QMnNkMnRXeS84M3p6MENkVURqSTE1cWU4bXFaR09ERlRycHhKdWtZSE1RNUMKWWVMcG1DL0hCUzc4d2lYMHFhYmxaM0plK2sxOUxrSDF6d3JRTE45QzFtQXFzK28weHgzSEFDeFU4dEZCTUc0MQpUQVlWK2x2SzN6dkUvaTltSEhXMnF1aUpidmpyVkJmNE5nNERyaE1JbnJHODljRUZqKy9CaUFBaUdyd3VVSUtBCnBqVWs0bFJXVkpJWFpYNlVSQ0NYcXllcHJXM0I5N1VDZ2dFQkFKMGJUV2hPWVQyWVlYcTFmVEhMT3BxelVRZGoKdUN2YTRRMEFXa3hsSUo3ZlhFclJjZjRiOWhRMXI2VDlXVzNPSHFEdjhkWm91b25KM0lSaXowak9ObFR3MGc5WgpEdExqb2pRWTA5dGxSUTdSSlh3ZkpEZVpMLzE1UTE3MWw2VVlqY3Rlb3dONVpiWTRNNTJ2WWp4ZXFFZlU3a0VKCkphck9zeWhlcFNKd21tbWtsWFd6TXNFRlBHZm9VN25OdTlLMWdxM2R2eTQvMjZVV2tkVDhSam5uQ282TG5qYTYKbzVucjdjbVBJSkR3VFdlOXlhUUlJSFFDQ0lpQVdxVnZsZmY1NGpVNHI3aC9FSlFHNU52M0poa3NseUJUZkwyQQp0ck9GZjV1N2YrL0tWVmRsQTRJd2FJM1JReFBQTVVwQWFseVdkaGkxaUJGUzdJMnlnR1ZISFpaSk5iND0KLS0tLS1FTkQgUlNBIFBSSVZBVEUgS0VZLS0tLS0K",
                "cluster_ca_certificate": "LS0tLS1CRUdJTiBDRVJUSUZJQ0FURS0tLS0tCk1JSUU2RENDQXRDZ0F3SUJBZ0lRWW1samVtbW5kU1FIdEplT1grdWp5ekFOQmdrcWhraUc5dzBCQVFzRkFEQU4KTVFzd0NRWURWUVFERXdKallUQWdGdzB5TlRBMk1UWXhNakEwTlRkYUdBOHlNRFUxTURZeE5qRXlNVFExTjFvdwpEVEVMTUFrR0ExVUVBeE1DWTJFd2dnSWlNQTBHQ1NxR1NJYjNEUUVCQVFVQUE0SUNEd0F3Z2dJS0FvSUNBUUNsCmU5MmJZR3dXcnJ5dVdBaTZjWjNpVXpoK3lnaktON1hYRXlQNUhuellyZG9JTElVMVFKeno4V2ZiSHR6MEd4ZzUKdjMwNDlLMkxtSWhmYVNNSXRSUWhBM3k2UU1TNVhHdDVpcitnYk5kZmxzbGFmL2FnR2FmZmxITDR2L1R2R2lSVgpFZ0xQa3RXN0JPTXU4ZFQ1eW1LSXU3RTlnMHJ0K3JPSE92RjBydklMNUVBRnBNazJQdTZqU1dWS21ScEhTbllBCkZBZ3FiTTZ6RnQ4YU0rZlVyWDlJMmhycHo0Z2JuUGMxN2tpbERRamttOHVZK3JVbjBQNWkrSVF4TTZFbHRzZTUKZ005aUhGMEZxeEtCWVJWR3BnU1VqaXpNT0hvelM1RXo0UkdtTGVHSm02Qlp3OCtBdm9lbjB4Nlc2K2dRUXY1QgpSeEhPOEpZU3ZuUmFIZDdSM3RDcytPM1ZTTWUyOXRjT1RNQVZiZERGY1pVM2kxd0ljOHlQcmlWaGJhSkJvd1IwCktjTkFOM2t6SUFxcE15UE8zTlgzaURCangxMUlJQmQ2NVpxNE91eU1MTUFpa1hGaWJMMlh6d0tlTWVJTUJNODgKcGZHbGpndExQU1lzR2RwZ0U1SmRMMlZCMlRKQ0tzT3lYQ2xZSTdrTkxxYWZSSEprVklkcUZOSFZEbm9JNVVqLwo1R2pIQkx0N2hYWjh2Y0Z3YVgzRnowRlltNzJBZGNTRkhpZVUyR3JSNkV3MDF0L3VlNUlCRVAxM2tPaXM5U1hICkJFbFR3OW5mWkh1L1gyMy9VclFud1FCRkFIRU9SMnQ5VmtOK0NJLzFleHBHRG8xRjJzazJhMW1kMENTZDFnVVgKdS9OOTEwd2lXNFIvQUhZN0xZSi9QWTR0U0lFNTlKUjJEblhnNHkvcVlRSURBUUFCbzBJd1FEQU9CZ05WSFE4QgpBZjhFQkFNQ0FxUXdEd1lEVlIwVEFRSC9CQVV3QXdFQi96QWRCZ05WSFE0RUZnUVVDZXFxNGRHL1JabDJGbWdCCkx5bTZzYkdRZTB3d0RRWUpLb1pJaHZjTkFRRUxCUUFEZ2dJQkFBTGN0K1pkMTZDR0tZTGJRRlhaY0ZvdC90WUgKQ3VYRUs3amRGZG9KMmtsakZLMW4waU5TbUp6Wld5aDMyaFpnUUZGbmtjeXU1VjZsNU1taXpjOXVUVVIrMkFGZgpHN1ZPS0xISURJK0p6Z2JSbjFPMWFJZ1hNcXliUXAyTjVXM2tTWlZwclRieGFFT2RLV3lwN0FsTzBxZ1l0TjJnCndDd21GallPL0Qyc0N2KzRLcUFUM051VlRXRVFKMmcxRzBiUXZIYk9IVWpkVHd0a005cHFMU3IvQjVVRG5FUDcKajMra0RMYS85K3lmY3dEQWlRTTZBR2g3NU1qQVowL3B2WU0vNWs2MTdzd2FmSUFKdGZabDBQclQvZDhBaDd5Vwp0VFdxdVJzdVZGbzVTOTJmdGNvMmZTUkhTTDFMdUNBcVZnQWV4T1lTbXd3M1VyQ0JRdDN6a1lQaXFENGRueTc3CmFLcG9WL0tsanhoVUY1MEdlS0Nxd1p4T2hqN2pRNGh3T3BGQ2hNdU83alpRN045QWNqQytVbndkQUxodVIzOTIKeldtYkRoTFZ3L0Vlc2lDN1ZIU0R0UTk5Zjk4ZDZuSFFoVG1IazBFb3F3OUgyY0lNRFY0bm0xUFM4NFZsOGNUSgpHeDM0RWN2OGd1MEU4VG11MWFSNGNLYnBXWEhCcTRDblo5QlBOZXJPOGVpYzBVbnpiNllWTDkvUklmYStwSktUCmZnSWZkRVU2bEd6eTVaOHkrcTkzVVhHQzZEZFRvV1A1Q2I0eTlVUXBiOTNpaEdoMkgyeGtYV2k4Nms0TVQ4NTEKeFk5WmNud2ppQXpyNFJETy9wczU5TW5rU3N4RU80dWpLY256NUk1czNxckk2OVRFWlNmN1Zlc3VPN0FaYUVvVAprSHhXbEZKcmFTRHo0RnZlCi0tLS0tRU5EIENFUlRJRklDQVRFLS0tLS0K",
                "host": "https://wizaks-gw5it7z3.hcp.eastus2.azmk8s.io:443",
                "password": "l904icnk2j31pvsdzfc849ai3xtxavyca9v695b0prhn35tlt2r2kgzbs1m07frkkb96pzuomls6wnxsyibzlrm964dczutcmos4g9xhr3ywpluht08bhvgjf9yy5e2m",
                "username": "clusterUser_wiz-exercise-rg_wiz-aks-cluster"
              }
            ],
            "kube_config_raw": "apiVersion: v1\nclusters:\n- cluster:\n    certificate-authority-data: LS0tLS1CRUdJTiBDRVJUSUZJQ0FURS0tLS0tCk1JSUU2RENDQXRDZ0F3SUJBZ0lRWW1samVtbW5kU1FIdEplT1grdWp5ekFOQmdrcWhraUc5dzBCQVFzRkFEQU4KTVFzd0NRWURWUVFERXdKallUQWdGdzB5TlRBMk1UWXhNakEwTlRkYUdBOHlNRFUxTURZeE5qRXlNVFExTjFvdwpEVEVMTUFrR0ExVUVBeE1DWTJFd2dnSWlNQTBHQ1NxR1NJYjNEUUVCQVFVQUE0SUNEd0F3Z2dJS0FvSUNBUUNsCmU5MmJZR3dXcnJ5dVdBaTZjWjNpVXpoK3lnaktON1hYRXlQNUhuellyZG9JTElVMVFKeno4V2ZiSHR6MEd4ZzUKdjMwNDlLMkxtSWhmYVNNSXRSUWhBM3k2UU1TNVhHdDVpcitnYk5kZmxzbGFmL2FnR2FmZmxITDR2L1R2R2lSVgpFZ0xQa3RXN0JPTXU4ZFQ1eW1LSXU3RTlnMHJ0K3JPSE92RjBydklMNUVBRnBNazJQdTZqU1dWS21ScEhTbllBCkZBZ3FiTTZ6RnQ4YU0rZlVyWDlJMmhycHo0Z2JuUGMxN2tpbERRamttOHVZK3JVbjBQNWkrSVF4TTZFbHRzZTUKZ005aUhGMEZxeEtCWVJWR3BnU1VqaXpNT0hvelM1RXo0UkdtTGVHSm02Qlp3OCtBdm9lbjB4Nlc2K2dRUXY1QgpSeEhPOEpZU3ZuUmFIZDdSM3RDcytPM1ZTTWUyOXRjT1RNQVZiZERGY1pVM2kxd0ljOHlQcmlWaGJhSkJvd1IwCktjTkFOM2t6SUFxcE15UE8zTlgzaURCangxMUlJQmQ2NVpxNE91eU1MTUFpa1hGaWJMMlh6d0tlTWVJTUJNODgKcGZHbGpndExQU1lzR2RwZ0U1SmRMMlZCMlRKQ0tzT3lYQ2xZSTdrTkxxYWZSSEprVklkcUZOSFZEbm9JNVVqLwo1R2pIQkx0N2hYWjh2Y0Z3YVgzRnowRlltNzJBZGNTRkhpZVUyR3JSNkV3MDF0L3VlNUlCRVAxM2tPaXM5U1hICkJFbFR3OW5mWkh1L1gyMy9VclFud1FCRkFIRU9SMnQ5VmtOK0NJLzFleHBHRG8xRjJzazJhMW1kMENTZDFnVVgKdS9OOTEwd2lXNFIvQUhZN0xZSi9QWTR0U0lFNTlKUjJEblhnNHkvcVlRSURBUUFCbzBJd1FEQU9CZ05WSFE4QgpBZjhFQkFNQ0FxUXdEd1lEVlIwVEFRSC9CQVV3QXdFQi96QWRCZ05WSFE0RUZnUVVDZXFxNGRHL1JabDJGbWdCCkx5bTZzYkdRZTB3d0RRWUpLb1pJaHZjTkFRRUxCUUFEZ2dJQkFBTGN0K1pkMTZDR0tZTGJRRlhaY0ZvdC90WUgKQ3VYRUs3amRGZG9KMmtsakZLMW4waU5TbUp6Wld5aDMyaFpnUUZGbmtjeXU1VjZsNU1taXpjOXVUVVIrMkFGZgpHN1ZPS0xISURJK0p6Z2JSbjFPMWFJZ1hNcXliUXAyTjVXM2tTWlZwclRieGFFT2RLV3lwN0FsTzBxZ1l0TjJnCndDd21GallPL0Qyc0N2KzRLcUFUM051VlRXRVFKMmcxRzBiUXZIYk9IVWpkVHd0a005cHFMU3IvQjVVRG5FUDcKajMra0RMYS85K3lmY3dEQWlRTTZBR2g3NU1qQVowL3B2WU0vNWs2MTdzd2FmSUFKdGZabDBQclQvZDhBaDd5Vwp0VFdxdVJzdVZGbzVTOTJmdGNvMmZTUkhTTDFMdUNBcVZnQWV4T1lTbXd3M1VyQ0JRdDN6a1lQaXFENGRueTc3CmFLcG9WL0tsanhoVUY1MEdlS0Nxd1p4T2hqN2pRNGh3T3BGQ2hNdU83alpRN045QWNqQytVbndkQUxodVIzOTIKeldtYkRoTFZ3L0Vlc2lDN1ZIU0R0UTk5Zjk4ZDZuSFFoVG1IazBFb3F3OUgyY0lNRFY0bm0xUFM4NFZsOGNUSgpHeDM0RWN2OGd1MEU4VG11MWFSNGNLYnBXWEhCcTRDblo5QlBOZXJPOGVpYzBVbnpiNllWTDkvUklmYStwSktUCmZnSWZkRVU2bEd6eTVaOHkrcTkzVVhHQzZEZFRvV1A1Q2I0eTlVUXBiOTNpaEdoMkgyeGtYV2k4Nms0TVQ4NTEKeFk5WmNud2ppQXpyNFJETy9wczU5TW5rU3N4RU80dWpLY256NUk1czNxckk2OVRFWlNmN1Zlc3VPN0FaYUVvVAprSHhXbEZKcmFTRHo0RnZlCi0tLS0tRU5EIENFUlRJRklDQVRFLS0tLS0K\n    server: https://wizaks-gw5it7z3.hcp.eastus2.azmk8s.io:443\n  name: wiz-aks-cluster\ncontexts:\n- context:\n    cluster: wiz-aks-cluster\n    user: clusterUser_wiz-exercise-rg_wiz-aks-cluster\n  name: wiz-aks-cluster\ncurrent-context: wiz-aks-cluster\nkind: Config\npreferences: {}\nusers:\n- name: clusterUser_wiz-exercise-rg_wiz-aks-cluster\n  user:\n    client-certificate-data: LS0tLS1CRUdJTiBDRVJUSUZJQ0FURS0tLS0tCk1JSUZIakNDQXdhZ0F3SUJBZ0lSQUpHaWFTVlpLRXRtc1BHcjdmOUMySDR3RFFZSktvWklodmNOQVFFTEJRQXcKRFRFTE1Ba0dBMVVFQXhNQ1kyRXdIaGNOTWpVd05qRTJNVEl3TkRVM1doY05NamN3TmpFMk1USXhORFUzV2pBdwpNUmN3RlFZRFZRUUtFdzV6ZVhOMFpXMDZiV0Z6ZEdWeWN6RVZNQk1HQTFVRUF4TU1iV0Z6ZEdWeVkyeHBaVzUwCk1JSUNJakFOQmdrcWhraUc5dzBCQVFFRkFBT0NBZzhBTUlJQ0NnS0NBZ0VBcm1oVnhsNTYvYTBteGhSZnBwZ2YKaEk5Q1lYYVlqMHFTTGtyV3U0YXRwUUIxeEZoZjlUSmtYNGJhd05JSnhKVC9GV09LNnlhdGN2aHY0OWVsSy9YTAo2NXluN1dzSTBxZ3ZmdW1BZTErZWdEWEUzWHdRVTZJY1padGZBZGNUR0ZpeWI0T3gyRDh3WkVaMERvZkpiM1kzClNhMW1weHBsb0M4MHVkZ29zTEltUTE3aVJkZVMyN3NzSU5aYWl2VGVQUnpScU9YdjJ6YlduMUlVVTVrb3dvT3MKcGlCVXE1dlorbTBFWEVhdE1KY2FyK2RQY1hJUGkwYlFOV21pYXBPeHkwVE0xZlg2ZXJYNTlyRFRtRVNuWjNYVgpPN25EL1JNTEdXbUpXU1MwajJ2RjVJN2s3OHRYN1lKemIyUXhqMXVFUGt3VWdsTE5uWndLRm5OcnpPbWFmNzNPCnJleklCaHZkSU5hVG9wN1NXVXJqWUJ3UC9wL1BDTUxadmlJOVJqWVhHQ1I2dDBFdmEzaXUrK0w1KzRvSS95TzgKUmkyRVZmenZoVEp1dFpnTWs5cmxIWTU3V2tFbDB3eko1TWtpdG8xaVlxcE92REczODVlZE5EU25UNC9CZXVqWgpybmw2d2cydXRTZ3FqVTJWWmlTR0dETHQ2RTFWeG5UV1U3N1JvMmFWNXRUemc5cXVmMjJjWXZDWGU1UURUb0trCnZvTnZYTiswSnFGV0hKNjM5TXFOdFhXam1ZbjlaRjFacnNxUEwvS1ZwbEhkYWlhUEFiUnBkUnRQU0FoNHZUcmQKOE5jeVFKR1FDdEI5NENtdjJwS1FWZWZQZEtVbUxWVThCV2VrNkVEek52RXhVRHFydENwdDVRQlhQazRxaUw4WQpnMHdjdEduZFY5bG9PdE1kYzVLK2RyRUNBd0VBQWFOV01GUXdEZ1lEVlIwUEFRSC9CQVFEQWdXZ01CTUdBMVVkCkpRUU1NQW9HQ0NzR0FRVUZCd01DTUF3R0ExVWRFd0VCL3dRQ01BQXdId1lEVlIwakJCZ3dGb0FVQ2VxcTRkRy8KUlpsMkZtZ0JMeW02c2JHUWUwd3dEUVlKS29aSWh2Y05BUUVMQlFBRGdnSUJBSEEyV2tzbXdCc0xxTHJiWDlLVApSL1RlSjdJMCsvQlZNclhtVWxzN09GdHhjajV4VDl4bUhCODE5eXFQMTlpUHdTVmtQRWVUMHBmajlJcXhJSk41ClBCQ29penlaajBRaEN4Um9sSE5XWFFNK3NSdzJtQnRRY2JXcThGU2NoRDNoWmJOdmhScWN5dzVEUUpjZzh2Rm4KR2dUNWhzNXY4WVk3dkwxYUZhUXVCYWlVSWdIeG9INjhRQkduMWVFNkNEQkVsdTBXbDY2Vm80a0gycURrc0JhQQpORU5XdDVPeVZhNEFaM3VnYkNmdGhhclFqSGdBNG9HcWswQm9nRTZzTE96WGVVMzRQMTRKbkR6U2t0NFBRSUtmCkpTbk1Eam9UalkxU09mVTIrK2syZm1OQlV5a04vd29OM0ZBZm11eHhldm15dlNWMmJpYmV0VG9vd1o0dnV0U3AKa0RIZEdUVmRZalNjbEZEMndPUEtaSy9MY1RQcjZPVFFnY0xNTCtBa05lMzJHSlF3cnlHcnRLL2ZCbUtOczZ1cApVOUdLVUZVWEdCT0FQNkpzaXJxMkZzRGxqYXpuNEp2eTV3MytRdGhEbE5xZkVYNTV6aXNPTGdKcnlvVU1HMkY1CjhySmFoNlc5RTZNejBwb2p0dGMreUU2UlFHRjhrMTFhYzNDMGo4S3loK21oaDN0ckhHK1QycnZVOTBBM3VkU0UKbldxdkhGMmZIbVpSV3prb0ZhTVRZczNqSEd2Y3VBTnM2KzZuTWh6RVRFNVB3NXpINkhuL1pWa0hGSVdLWVBiVApMNTRnYU9qVUJ2T3R3V2JQUkdVK0FINThGbmRZdTlqZ3NrMTZmVmJPQnRYN3BJUzU3dFo2SG80Z3hwNStLalM4ClNZZTlYdFplOGVVVHBRTXhWakdXQW9HNwotLS0tLUVORCBDRVJUSUZJQ0FURS0tLS0tCg==\n    client-key-data: LS0tLS1CRUdJTiBSU0EgUFJJVkFURSBLRVktLS0tLQpNSUlKS0FJQkFBS0NBZ0VBcm1oVnhsNTYvYTBteGhSZnBwZ2ZoSTlDWVhhWWowcVNMa3JXdTRhdHBRQjF4RmhmCjlUSmtYNGJhd05JSnhKVC9GV09LNnlhdGN2aHY0OWVsSy9YTDY1eW43V3NJMHFndmZ1bUFlMStlZ0RYRTNYd1EKVTZJY1padGZBZGNUR0ZpeWI0T3gyRDh3WkVaMERvZkpiM1kzU2ExbXB4cGxvQzgwdWRnb3NMSW1RMTdpUmRlUwoyN3NzSU5aYWl2VGVQUnpScU9YdjJ6YlduMUlVVTVrb3dvT3NwaUJVcTV2WittMEVYRWF0TUpjYXIrZFBjWElQCmkwYlFOV21pYXBPeHkwVE0xZlg2ZXJYNTlyRFRtRVNuWjNYVk83bkQvUk1MR1dtSldTUzBqMnZGNUk3azc4dFgKN1lKemIyUXhqMXVFUGt3VWdsTE5uWndLRm5OcnpPbWFmNzNPcmV6SUJodmRJTmFUb3A3U1dVcmpZQndQL3AvUApDTUxadmlJOVJqWVhHQ1I2dDBFdmEzaXUrK0w1KzRvSS95TzhSaTJFVmZ6dmhUSnV0WmdNazlybEhZNTdXa0VsCjB3eko1TWtpdG8xaVlxcE92REczODVlZE5EU25UNC9CZXVqWnJubDZ3ZzJ1dFNncWpVMlZaaVNHR0RMdDZFMVYKeG5UV1U3N1JvMmFWNXRUemc5cXVmMjJjWXZDWGU1UURUb0trdm9OdlhOKzBKcUZXSEo2MzlNcU50WFdqbVluOQpaRjFacnNxUEwvS1ZwbEhkYWlhUEFiUnBkUnRQU0FoNHZUcmQ4TmN5UUpHUUN0Qjk0Q212MnBLUVZlZlBkS1VtCkxWVThCV2VrNkVEek52RXhVRHFydENwdDVRQlhQazRxaUw4WWcwd2N0R25kVjlsb090TWRjNUsrZHJFQ0F3RUEKQVFLQ0FnQU5SaXVoR1hmSzd1N1FqS1JyRFpENGlkN0hoRHRBVExDcmpVNmluekdBS1hUTktOekUwTDBLK0R5VwpDR1p0NjlrdVM1RTdMSXB2QWJHaWFidE1pVHlvQmhoUjNaK2lTT0swaWhrWlNzSEppRTRmZlYzUXY3bmhrZDI5ClNoMU44UkpEb29aYXF4U0h6VVR3QmkyeXFoQ3pMdHR0UkhrUHBBZ2pUT3hyNW1NN0pYR2JWemo2T0ZpM2R4a1YKRW1ZSHlMVzhZU1BNVDNRdVZCVHY5K3crUWI5V05ZZThOL1J6TnZEcUJRY1JkNjYwVEtxak84Y3JGb3lxUkF2MAppS0V6azF6enUvRUFmZkUwY1dqcFlmQkwwNUFUSjZSZkVwLzVveXFzK2pvejRFUURqVXluWTVhaG9SZ2dGa1FmCllSdkRrZzdOakhmUjB4cUJjdTkxZlNJaEx0VVlEM3hSZ0tGdkNRTVo1aXptZHZnS3NUL1VrRlRueXBRS2RteFoKSXY5dU5QYVJuMUczemZLT1FLMEVYa1QyanBKMm9ocXlTVzlXWDZuZWFlSVByK0ZDNTVhVFJZZUx0OXpabndicgo0UWRrK1UyM3p6Z1kzNEtyUnkyUGZHK05FcXdzTThUNWNVcThSU1Q1WDYxRlNYbGczcXV0cGd1YW5uWmFVZ01OCjFLc3BTaVlVTnUySkdJWmVIcXBLY0JzdGNETjFyNnE1YWVhN1gwSzlzSVZGcHVtZUpNVUFVZHA1RlNweUg0Qm4KbEM4clhOSnlWSTZUVmQ3TEh3ckg5eDFxQ3hSVXMxbys3SUtBUmN2OWZQN1Nvak4xNVdERm50dzkrSHV4aGtraQpyOUVUK3RSZ2dxZzh4WDVBR1JadUU2TGZWV1BWV0kvaDQ0eXROQXB3MDFtOWluY0FjUUtDQVFFQXhXME16KzQ2CjVuTlFtRndVR1NjS2piMDJpbFdaa25nblVtcmhhS29FQ0tlMnBQOEh3Wk5IMmZMSFB2ci9xa05nblRlMVF3dnUKRmdGRXFJNmVpcDJVZmtVcko3amJ6Z0Y0K0ZoQkRXUUpGb1dRSTF6ME1MSmcxNVpiWjV4RHNuTDJxS1M0VTZBUQp3d1VZa2ozK1RQYzJON2V6Q0hlRVFYYlY2cC9JaEEvdEZEK0NQZDEwUGI0TWNheEtsZHBMR0FsNnpjYlJBdVlnCktOL3d3cEx6eXBldFh3L3BqSkJIazNuZTNyaGJxRTVtbkg0WmpSOEVVOUNLQ0NIYU1GdllBR1h1YnFLMmdXSVYKWEI5d0Y3SHhidUVtZDIwTGRDSXNTeUcyUmtwSzVvZHk0SUZaaXp1blBDRXFTRzVVYmlQQS9oSWpHb2R5anlicQppYVgwaERmNkQ1TWZMd0tDQVFFQTRpYjc2cTNXYWw3OWxaelZISFkrZnpVZ1dmZDZUU0Y3LzA0MU5VWnI5Q20xCllFY0VSWFhSQlY3UGgvVlNCcWxJc045a1hRTnJvK2lDbW5uNkpCZkR1OEtwcDFmMlA4ZTZwMy9KNExsRXpwRVIKNzVEOEl6RzJ1Nm5DbEMzQ3Nvb1dERStDVXBTZVBoT3I3QkM4U0NDRkw3MFJxamZ2K2tCendEWDREUGZRQXRiOQpkSDFJZHJqV3dDNUQ5a2F6bHVkVXl6RnJ6Z1FvUGRoQW9lVUwzdkpJT09lWXBUWmFtYWVaTnFRclRkVWhIc3pICmc5WFNDYVkySGlwbWo4ZHZLT1dsb2VRMVYxZk1ZWGZ1UmxOVTNaSndlVWZHTlRzdlpmME44Mi9xU2dKMkR3YlcKRitTdm81K1dBVVpkV1U1R1ovaDdFUlZ3ZkNWem80bGROWU9CR1FGUUh3S0NBUUFvaTF1dFBCeUdoVG9SQUIvMApobXNKYnNsTG9ZYTNhTXVTaG5haU93QTNFdEpVa2pkeWpwK2I1OXI1V1N5Mk43NFlxMzhqTk1rQlplTkd4bnRTCnRrZnZvcDdaT29LUmpRWGQ0cW9CYVFEZ3lpOHV4QUUyR3Z2K2FsZDlNTDlLWDRlK1hJMnFSdDRLWHZxTDFnVnEKb3Y1VWRQcGtpNzd5ZnNneHRmekUra3hTOHpQNUpvaWZ3VzdtelY1SDVodXo1UVorU2cxVWpoUWVzTmJON3NYNApYaXZ4c04vaXlTS1o2OVpVWVFJWnozZ05QV3hiNmZuR2lMWkFNMHVPME4zTVB5SzNQOTFCTnZaeUE5Yk9WdkhoCk5vWGkwdGNlVTRKTEw3SXlQMEdnbEVLSVRxZ29DdWt1VlJWTTZMT1lKdW1VZy84SGpMZC9KSnZZQnVmdlcxdVUKWlQ5ckFvSUJBRFYzVGZ1UG1hK1FRWmVMZW42K0hjeHBQUHJJSFd2NnpKdnhXM2I2N1M3T1pZa2JnUkVDNTZYRApZb0VjS0laV28wN2RvWmF6NWxEYitYU1gvZUZtbE9uZy9jY0licmxwZU9GOHZyZVlWWUlZbmdyclZoRGtBZldnCkR0YUZjeEJPd1NPcjhIMmhrVC9QMnNkMnRXeS84M3p6MENkVURqSTE1cWU4bXFaR09ERlRycHhKdWtZSE1RNUMKWWVMcG1DL0hCUzc4d2lYMHFhYmxaM0plK2sxOUxrSDF6d3JRTE45QzFtQXFzK28weHgzSEFDeFU4dEZCTUc0MQpUQVlWK2x2SzN6dkUvaTltSEhXMnF1aUpidmpyVkJmNE5nNERyaE1JbnJHODljRUZqKy9CaUFBaUdyd3VVSUtBCnBqVWs0bFJXVkpJWFpYNlVSQ0NYcXllcHJXM0I5N1VDZ2dFQkFKMGJUV2hPWVQyWVlYcTFmVEhMT3BxelVRZGoKdUN2YTRRMEFXa3hsSUo3ZlhFclJjZjRiOWhRMXI2VDlXVzNPSHFEdjhkWm91b25KM0lSaXowak9ObFR3MGc5WgpEdExqb2pRWTA5dGxSUTdSSlh3ZkpEZVpMLzE1UTE3MWw2VVlqY3Rlb3dONVpiWTRNNTJ2WWp4ZXFFZlU3a0VKCkphck9zeWhlcFNKd21tbWtsWFd6TXNFRlBHZm9VN25OdTlLMWdxM2R2eTQvMjZVV2tkVDhSam5uQ282TG5qYTYKbzVucjdjbVBJSkR3VFdlOXlhUUlJSFFDQ0lpQVdxVnZsZmY1NGpVNHI3aC9FSlFHNU52M0poa3NseUJUZkwyQQp0ck9GZjV1N2YrL0tWVmRsQTRJd2FJM1JReFBQTVVwQWFseVdkaGkxaUJGUzdJMnlnR1ZISFpaSk5iND0KLS0tLS1FTkQgUlNBIFBSSVZBVEUgS0VZLS0tLS0K\n    token: l904icnk2j31pvsdzfc849ai3xtxavyca9v695b0prhn35tlt2r2kgzbs1m07frkkb96pzuomls6wnxsyibzlrm964dczutcmos4g9xhr3ywpluht08bhvgjf9yy5e2m\n",
            "kubelet_identity": [
              {
                "client_id": "c709e890-a3e4-478b-94ef-3159566a7cb5",
                "object_id": "d06a616c-0eb2-4e3c-bed0-4642b9eafa27",
                "user_assigned_identity_id": "/subscriptions/bf3ff429-d86d-43a1-9326-f625a1e8bb50/resourceGroups/wiz-exercise-rg/providers/Microsoft.ManagedIdentity/userAssignedIdentities/aks-kubelet-identity"
              }
            ],
            "kubernetes_version": "1.31",
            "linux_profile": [],
            "local_account_disabled": false,
            "location": "eastus2",
            "maintenance_window": [],
            "maintenance_window_auto_upgrade": [],
            "maintenance_window_node_os": [],
            "microsoft_defender": [],
            "monitor_metrics": [],
            "name": "wiz-aks-cluster",
            "network_profile": [
              {
                "dns_service_ip": "10.0.3.10",
                "docker_bridge_cidr": "",
                "ebpf_data_plane": "",
                "ip_versions": [
                  "IPv4"
                ],
                "load_balancer_profile": [
                  {
                    "effective_outbound_ips": [
                      "/subscriptions/bf3ff429-d86d-43a1-9326-f625a1e8bb50/resourceGroups/MC_wiz-exercise-rg_wiz-aks-cluster_eastus2/providers/Microsoft.Network/publicIPAddresses/5cf7f472-fdb2-4013-ab5b-8c4635a1dc67"
                    ],
                    "idle_timeout_in_minutes": 0,
                    "managed_outbound_ip_count": 1,
                    "managed_outbound_ipv6_count": 0,
                    "outbound_ip_address_ids": [],
                    "outbound_ip_prefix_ids": [],
                    "outbound_ports_allocated": 0
                  }
                ],
                "load_balancer_sku": "standard",
                "nat_gateway_profile": [],
                "network_data_plane": "azure",
                "network_mode": "",
                "network_plugin": "azure",
                "network_plugin_mode": "",
                "network_policy": "azure",
                "outbound_ip_address_ids": [],
                "outbound_ip_prefix_ids": [],
                "outbound_type": "loadBalancer",
                "pod_cidr": "",
                "pod_cidrs": [],
                "service_cidr": "10.0.3.0/24",
                "service_cidrs": [
                  "10.0.3.0/24"
                ]
              }
            ],
            "node_os_channel_upgrade": null,
            "node_resource_group": "MC_wiz-exercise-rg_wiz-aks-cluster_eastus2",
            "node_resource_group_id": "/subscriptions/bf3ff429-d86d-43a1-9326-f625a1e8bb50/resourceGroups/MC_wiz-exercise-rg_wiz-aks-cluster_eastus2",
            "oidc_issuer_enabled": false,
            "oidc_issuer_url": "",
            "oms_agent": [],
            "open_service_mesh_enabled": null,
            "portal_fqdn": "wizaks-gw5it7z3.portal.hcp.eastus2.azmk8s.io",
            "private_cluster_enabled": false,
            "private_cluster_public_fqdn_enabled": false,
            "private_dns_zone_id": "",
            "private_fqdn": "",
            "public_network_access_enabled": true,
            "resource_group_name": "wiz-exercise-rg",
            "role_based_access_control_enabled": true,
            "run_command_enabled": true,
            "service_mesh_profile": [],
            "service_principal": [],
            "sku_tier": "Free",
            "storage_profile": [],
            "support_plan": "KubernetesOfficial",
            "tags": {},
            "timeouts": null,
            "web_app_routing": [],
            "windows_profile": [
              {
                "admin_password": "",
                "admin_username": "azureuser",
                "gmsa": [],
                "license": ""
              }
            ],
            "workload_autoscaler_profile": [],
            "workload_identity_enabled": false
          },
          "sensitive_attributes": [
            [
              {
                "type": "get_attr",
                "value": "kube_config_raw"
              }
            ],
            [
              {
                "type": "get_attr",
                "value": "windows_profile"
              },
              {
                "type": "index",
                "value": {
                  "value": 0,
                  "type": "number"
                }
              },
              {
                "type": "get_attr",
                "value": "admin_password"
              }
            ],
            [
              {
                "type": "get_attr",
                "value": "kube_admin_config"
              }
            ],
            [
              {
                "type": "get_attr",
                "value": "kube_admin_config_raw"
              }
            ],
            [
              {
                "type": "get_attr",
                "value": "kube_config"
              }
            ]
          ],
          "private": "eyJlMmJmYjczMC1lY2FhLTExZTYtOGY4OC0zNDM2M2JjN2M0YzAiOnsiY3JlYXRlIjo1NDAwMDAwMDAwMDAwLCJkZWxldGUiOjU0MDAwMDAwMDAwMDAsInJlYWQiOjMwMDAwMDAwMDAwMCwidXBkYXRlIjo1NDAwMDAwMDAwMDAwfSwic2NoZW1hX3ZlcnNpb24iOiIyIn0=",
          "dependencies": [
            "azurerm_resource_group.wiz_exercise",
            "module.aks.azurerm_role_assignment.control_plane_managed_identity_operator",
            "module.aks.azurerm_user_assigned_identity.aks_control_plane",
            "module.aks.azurerm_user_assigned_identity.aks_kubelet",
            "module.network.azurerm_subnet.kubernetes_subnet",
            "module.network.azurerm_virtual_network.wiz_vnet"
          ]
        }
      ]
    },
    {
      "module": "module.aks",
      "mode": "managed",
      "type": "azurerm_role_assignment",
      "name": "control_plane_managed_identity_operator",
      "provider": "provider[\"registry.terraform.io/hashicorp/azurerm\"]",
      "instances": [
        {
          "schema_version": 0,
          "attributes": {
            "condition": "",
            "condition_version": "",
            "delegated_managed_identity_resource_id": "",
            "description": "",
            "id": "/subscriptions/bf3ff429-d86d-43a1-9326-f625a1e8bb50/resourceGroups/wiz-exercise-rg/providers/Microsoft.ManagedIdentity/userAssignedIdentities/aks-kubelet-identity/providers/Microsoft.Authorization/roleAssignments/66faee44-2dd5-1a9f-4355-1cf0a1f79b01",
            "name": "66faee44-2dd5-1a9f-4355-1cf0a1f79b01",
            "principal_id": "f5e881de-bd97-4140-a0ec-512f33f441ba",
            "principal_type": "ServicePrincipal",
            "role_definition_id": "/subscriptions/bf3ff429-d86d-43a1-9326-f625a1e8bb50/providers/Microsoft.Authorization/roleDefinitions/f1a07417-d97a-45cb-824c-7a7467783830",
            "role_definition_name": "Managed Identity Operator",
            "scope": "/subscriptions/bf3ff429-d86d-43a1-9326-f625a1e8bb50/resourceGroups/wiz-exercise-rg/providers/Microsoft.ManagedIdentity/userAssignedIdentities/aks-kubelet-identity",
            "skip_service_principal_aad_check": null,
            "timeouts": null
          },
          "sensitive_attributes": [],
          "private": "eyJlMmJmYjczMC1lY2FhLTExZTYtOGY4OC0zNDM2M2JjN2M0YzAiOnsiY3JlYXRlIjoxODAwMDAwMDAwMDAwLCJkZWxldGUiOjE4MDAwMDAwMDAwMDAsInJlYWQiOjMwMDAwMDAwMDAwMH19",
          "dependencies": [
            "azurerm_resource_group.wiz_exercise",
            "module.aks.azurerm_user_assigned_identity.aks_control_plane",
            "module.aks.azurerm_user_assigned_identity.aks_kubelet"
          ]
        }
      ]
    },
    {
      "module": "module.aks",
      "mode": "managed",
      "type": "azurerm_user_assigned_identity",
      "name": "aks_control_plane",
      "provider": "provider[\"registry.terraform.io/hashicorp/azurerm\"]",
      "instances": [
        {
          "schema_version": 1,
          "attributes": {
            "client_id": "6b88ec56-559c-40b1-af88-6c808c582a7d",
            "id": "/subscriptions/bf3ff429-d86d-43a1-9326-f625a1e8bb50/resourceGroups/wiz-exercise-rg/providers/Microsoft.ManagedIdentity/userAssignedIdentities/aks-control-plane-identity",
            "location": "eastus2",
            "name": "aks-control-plane-identity",
            "principal_id": "f5e881de-bd97-4140-a0ec-512f33f441ba",
            "resource_group_name": "wiz-exercise-rg",
            "tags": {},
            "tenant_id": "16852526-72f4-4f4a-8f0a-aac51573a97b",
            "timeouts": null
          },
          "sensitive_attributes": [],
          "private": "eyJlMmJmYjczMC1lY2FhLTExZTYtOGY4OC0zNDM2M2JjN2M0YzAiOnsiY3JlYXRlIjoxODAwMDAwMDAwMDAwLCJkZWxldGUiOjE4MDAwMDAwMDAwMDAsInJlYWQiOjMwMDAwMDAwMDAwMCwidXBkYXRlIjoxODAwMDAwMDAwMDAwfSwic2NoZW1hX3ZlcnNpb24iOiIxIn0=",
          "dependencies": [
            "azurerm_resource_group.wiz_exercise"
          ]
        }
      ]
    },
    {
      "module": "module.aks",
      "mode": "managed",
      "type": "azurerm_user_assigned_identity",
      "name": "aks_kubelet",
      "provider": "provider[\"registry.terraform.io/hashicorp/azurerm\"]",
      "instances": [
        {
          "schema_version": 1,
          "attributes": {
            "client_id": "c709e890-a3e4-478b-94ef-3159566a7cb5",
            "id": "/subscriptions/bf3ff429-d86d-43a1-9326-f625a1e8bb50/resourceGroups/wiz-exercise-rg/providers/Microsoft.ManagedIdentity/userAssignedIdentities/aks-kubelet-identity",
            "location": "eastus2",
            "name": "aks-kubelet-identity",
            "principal_id": "d06a616c-0eb2-4e3c-bed0-4642b9eafa27",
            "resource_group_name": "wiz-exercise-rg",
            "tags": {},
            "tenant_id": "16852526-72f4-4f4a-8f0a-aac51573a97b",
            "timeouts": null
          },
          "sensitive_attributes": [],
          "private": "eyJlMmJmYjczMC1lY2FhLTExZTYtOGY4OC0zNDM2M2JjN2M0YzAiOnsiY3JlYXRlIjoxODAwMDAwMDAwMDAwLCJkZWxldGUiOjE4MDAwMDAwMDAwMDAsInJlYWQiOjMwMDAwMDAwMDAwMCwidXBkYXRlIjoxODAwMDAwMDAwMDAwfSwic2NoZW1hX3ZlcnNpb24iOiIxIn0=",
          "dependencies": [
            "azurerm_resource_group.wiz_exercise"
          ]
        }
      ]
    },
    {
      "module": "module.aks",
      "mode": "managed",
      "type": "kubernetes_secret",
      "name": "app_secrets",
      "provider": "module.aks.provider[\"registry.terraform.io/hashicorp/kubernetes\"]",
      "instances": [
        {
          "schema_version": 0,
          "attributes": {
            "binary_data": null,
            "binary_data_wo": null,
            "binary_data_wo_revision": null,
            "data": {
              "SECRET_KEY": "D\u0026fmMe5hd$F]pCjR(#j1H9KGqg((vAnk"
            },
            "data_wo": null,
            "data_wo_revision": null,
            "id": "wiz-app/app-secrets",
            "immutable": false,
            "metadata": [
              {
                "annotations": {},
                "generate_name": "",
                "generation": 0,
                "labels": {},
                "name": "app-secrets",
                "namespace": "wiz-app",
                "resource_version": "1540",
                "uid": "d6ff3d70-c45d-433d-abc1-6e2793d5c1c3"
              }
            ],
            "timeouts": null,
            "type": "Opaque",
            "wait_for_service_account_token": true
          },
          "sensitive_attributes": [
            [
              {
                "type": "get_attr",
                "value": "data"
              }
            ],
            [
              {
                "type": "get_attr",
                "value": "data"
              },
              {
                "type": "index",
                "value": {
                  "value": "SECRET_KEY",
                  "type": "string"
                }
              }
            ],
            [
              {
                "type": "get_attr",
                "value": "binary_data"
              }
            ]
          ],
          "private": "eyJlMmJmYjczMC1lY2FhLTExZTYtOGY4OC0zNDM2M2JjN2M0YzAiOnsiY3JlYXRlIjo2MDAwMDAwMDAwMH19",
          "dependencies": [
            "azurerm_resource_group.wiz_exercise",
            "module.aks.azurerm_kubernetes_cluster.wiz_aks",
            "module.aks.azurerm_role_assignment.control_plane_managed_identity_operator",
            "module.aks.azurerm_user_assigned_identity.aks_control_plane",
            "module.aks.azurerm_user_assigned_identity.aks_kubelet",
            "module.aks.data.kubernetes_namespace.wiz_app",
            "module.aks.local_file.kubeconfig",
            "module.aks.null_resource.namespace_check",
            "module.aks.random_password.app_secret_key",
            "module.network.azurerm_subnet.kubernetes_subnet",
            "module.network.azurerm_virtual_network.wiz_vnet"
          ]
        }
      ]
    },
    {
      "module": "module.aks",
      "mode": "managed",
      "type": "kubernetes_secret",
      "name": "mongodb_connection",
      "provider": "module.aks.provider[\"registry.terraform.io/hashicorp/kubernetes\"]",
      "instances": [
        {
          "schema_version": 0,
          "attributes": {
            "binary_data": null,
            "binary_data_wo": null,
            "binary_data_wo_revision": null,
            "data": {
              "connection-string": "mongodb://azureuser:Azure_123456@10.0.1.4:27017/todoapp?authSource=admin"
            },
            "data_wo": null,
            "data_wo_revision": null,
            "id": "wiz-app/mongodb-connection",
            "immutable": false,
            "metadata": [
              {
                "annotations": {},
                "generate_name": "",
                "generation": 0,
                "labels": {},
                "name": "mongodb-connection",
                "namespace": "wiz-app",
                "resource_version": "1539",
                "uid": "a8463649-a2ad-47dd-b5d3-4817501d7528"
              }
            ],
            "timeouts": null,
            "type": "Opaque",
            "wait_for_service_account_token": true
          },
          "sensitive_attributes": [
            [
              {
                "type": "get_attr",
                "value": "binary_data"
              }
            ],
            [
              {
                "type": "get_attr",
                "value": "data"
              }
            ],
            [
              {
                "type": "get_attr",
                "value": "data"
              },
              {
                "type": "index",
                "value": {
                  "value": "connection-string",
                  "type": "string"
                }
              }
            ]
          ],
          "private": "eyJlMmJmYjczMC1lY2FhLTExZTYtOGY4OC0zNDM2M2JjN2M0YzAiOnsiY3JlYXRlIjo2MDAwMDAwMDAwMH19",
          "dependencies": [
            "azurerm_resource_group.wiz_exercise",
            "module.aks.azurerm_kubernetes_cluster.wiz_aks",
            "module.aks.azurerm_role_assignment.control_plane_managed_identity_operator",
            "module.aks.azurerm_user_assigned_identity.aks_control_plane",
            "module.aks.azurerm_user_assigned_identity.aks_kubelet",
            "module.aks.data.kubernetes_namespace.wiz_app",
            "module.aks.local_file.kubeconfig",
            "module.aks.null_resource.namespace_check",
            "module.mongodb.azurerm_network_interface.mongodb_nic",
            "module.mongodb.azurerm_public_ip.mongodb_pip",
            "module.network.azurerm_subnet.database_subnet",
            "module.network.azurerm_subnet.kubernetes_subnet",
            "module.network.azurerm_virtual_network.wiz_vnet"
          ]
        }
      ]
    },
    {
      "module": "module.aks",
      "mode": "managed",
      "type": "local_file",
      "name": "kubeconfig",
      "provider": "provider[\"registry.terraform.io/hashicorp/local\"]",
      "instances": [
        {
          "schema_version": 0,
          "attributes": {
            "content": "apiVersion: v1\nclusters:\n- cluster:\n    certificate-authority-data: LS0tLS1CRUdJTiBDRVJUSUZJQ0FURS0tLS0tCk1JSUU2RENDQXRDZ0F3SUJBZ0lRWW1samVtbW5kU1FIdEplT1grdWp5ekFOQmdrcWhraUc5dzBCQVFzRkFEQU4KTVFzd0NRWURWUVFERXdKallUQWdGdzB5TlRBMk1UWXhNakEwTlRkYUdBOHlNRFUxTURZeE5qRXlNVFExTjFvdwpEVEVMTUFrR0ExVUVBeE1DWTJFd2dnSWlNQTBHQ1NxR1NJYjNEUUVCQVFVQUE0SUNEd0F3Z2dJS0FvSUNBUUNsCmU5MmJZR3dXcnJ5dVdBaTZjWjNpVXpoK3lnaktON1hYRXlQNUhuellyZG9JTElVMVFKeno4V2ZiSHR6MEd4ZzUKdjMwNDlLMkxtSWhmYVNNSXRSUWhBM3k2UU1TNVhHdDVpcitnYk5kZmxzbGFmL2FnR2FmZmxITDR2L1R2R2lSVgpFZ0xQa3RXN0JPTXU4ZFQ1eW1LSXU3RTlnMHJ0K3JPSE92RjBydklMNUVBRnBNazJQdTZqU1dWS21ScEhTbllBCkZBZ3FiTTZ6RnQ4YU0rZlVyWDlJMmhycHo0Z2JuUGMxN2tpbERRamttOHVZK3JVbjBQNWkrSVF4TTZFbHRzZTUKZ005aUhGMEZxeEtCWVJWR3BnU1VqaXpNT0hvelM1RXo0UkdtTGVHSm02Qlp3OCtBdm9lbjB4Nlc2K2dRUXY1QgpSeEhPOEpZU3ZuUmFIZDdSM3RDcytPM1ZTTWUyOXRjT1RNQVZiZERGY1pVM2kxd0ljOHlQcmlWaGJhSkJvd1IwCktjTkFOM2t6SUFxcE15UE8zTlgzaURCangxMUlJQmQ2NVpxNE91eU1MTUFpa1hGaWJMMlh6d0tlTWVJTUJNODgKcGZHbGpndExQU1lzR2RwZ0U1SmRMMlZCMlRKQ0tzT3lYQ2xZSTdrTkxxYWZSSEprVklkcUZOSFZEbm9JNVVqLwo1R2pIQkx0N2hYWjh2Y0Z3YVgzRnowRlltNzJBZGNTRkhpZVUyR3JSNkV3MDF0L3VlNUlCRVAxM2tPaXM5U1hICkJFbFR3OW5mWkh1L1gyMy9VclFud1FCRkFIRU9SMnQ5VmtOK0NJLzFleHBHRG8xRjJzazJhMW1kMENTZDFnVVgKdS9OOTEwd2lXNFIvQUhZN0xZSi9QWTR0U0lFNTlKUjJEblhnNHkvcVlRSURBUUFCbzBJd1FEQU9CZ05WSFE4QgpBZjhFQkFNQ0FxUXdEd1lEVlIwVEFRSC9CQVV3QXdFQi96QWRCZ05WSFE0RUZnUVVDZXFxNGRHL1JabDJGbWdCCkx5bTZzYkdRZTB3d0RRWUpLb1pJaHZjTkFRRUxCUUFEZ2dJQkFBTGN0K1pkMTZDR0tZTGJRRlhaY0ZvdC90WUgKQ3VYRUs3amRGZG9KMmtsakZLMW4waU5TbUp6Wld5aDMyaFpnUUZGbmtjeXU1VjZsNU1taXpjOXVUVVIrMkFGZgpHN1ZPS0xISURJK0p6Z2JSbjFPMWFJZ1hNcXliUXAyTjVXM2tTWlZwclRieGFFT2RLV3lwN0FsTzBxZ1l0TjJnCndDd21GallPL0Qyc0N2KzRLcUFUM051VlRXRVFKMmcxRzBiUXZIYk9IVWpkVHd0a005cHFMU3IvQjVVRG5FUDcKajMra0RMYS85K3lmY3dEQWlRTTZBR2g3NU1qQVowL3B2WU0vNWs2MTdzd2FmSUFKdGZabDBQclQvZDhBaDd5Vwp0VFdxdVJzdVZGbzVTOTJmdGNvMmZTUkhTTDFMdUNBcVZnQWV4T1lTbXd3M1VyQ0JRdDN6a1lQaXFENGRueTc3CmFLcG9WL0tsanhoVUY1MEdlS0Nxd1p4T2hqN2pRNGh3T3BGQ2hNdU83alpRN045QWNqQytVbndkQUxodVIzOTIKeldtYkRoTFZ3L0Vlc2lDN1ZIU0R0UTk5Zjk4ZDZuSFFoVG1IazBFb3F3OUgyY0lNRFY0bm0xUFM4NFZsOGNUSgpHeDM0RWN2OGd1MEU4VG11MWFSNGNLYnBXWEhCcTRDblo5QlBOZXJPOGVpYzBVbnpiNllWTDkvUklmYStwSktUCmZnSWZkRVU2bEd6eTVaOHkrcTkzVVhHQzZEZFRvV1A1Q2I0eTlVUXBiOTNpaEdoMkgyeGtYV2k4Nms0TVQ4NTEKeFk5WmNud2ppQXpyNFJETy9wczU5TW5rU3N4RU80dWpLY256NUk1czNxckk2OVRFWlNmN1Zlc3VPN0FaYUVvVAprSHhXbEZKcmFTRHo0RnZlCi0tLS0tRU5EIENFUlRJRklDQVRFLS0tLS0K\n    server: https://wizaks-gw5it7z3.hcp.eastus2.azmk8s.io:443\n  name: wiz-aks-cluster\ncontexts:\n- context:\n    cluster: wiz-aks-cluster\n    user: clusterUser_wiz-exercise-rg_wiz-aks-cluster\n  name: wiz-aks-cluster\ncurrent-context: wiz-aks-cluster\nkind: Config\npreferences: {}\nusers:\n- name: clusterUser_wiz-exercise-rg_wiz-aks-cluster\n  user:\n    client-certificate-data: LS0tLS1CRUdJTiBDRVJUSUZJQ0FURS0tLS0tCk1JSUZIakNDQXdhZ0F3SUJBZ0lSQUpHaWFTVlpLRXRtc1BHcjdmOUMySDR3RFFZSktvWklodmNOQVFFTEJRQXcKRFRFTE1Ba0dBMVVFQXhNQ1kyRXdIaGNOTWpVd05qRTJNVEl3TkRVM1doY05NamN3TmpFMk1USXhORFUzV2pBdwpNUmN3RlFZRFZRUUtFdzV6ZVhOMFpXMDZiV0Z6ZEdWeWN6RVZNQk1HQTFVRUF4TU1iV0Z6ZEdWeVkyeHBaVzUwCk1JSUNJakFOQmdrcWhraUc5dzBCQVFFRkFBT0NBZzhBTUlJQ0NnS0NBZ0VBcm1oVnhsNTYvYTBteGhSZnBwZ2YKaEk5Q1lYYVlqMHFTTGtyV3U0YXRwUUIxeEZoZjlUSmtYNGJhd05JSnhKVC9GV09LNnlhdGN2aHY0OWVsSy9YTAo2NXluN1dzSTBxZ3ZmdW1BZTErZWdEWEUzWHdRVTZJY1padGZBZGNUR0ZpeWI0T3gyRDh3WkVaMERvZkpiM1kzClNhMW1weHBsb0M4MHVkZ29zTEltUTE3aVJkZVMyN3NzSU5aYWl2VGVQUnpScU9YdjJ6YlduMUlVVTVrb3dvT3MKcGlCVXE1dlorbTBFWEVhdE1KY2FyK2RQY1hJUGkwYlFOV21pYXBPeHkwVE0xZlg2ZXJYNTlyRFRtRVNuWjNYVgpPN25EL1JNTEdXbUpXU1MwajJ2RjVJN2s3OHRYN1lKemIyUXhqMXVFUGt3VWdsTE5uWndLRm5OcnpPbWFmNzNPCnJleklCaHZkSU5hVG9wN1NXVXJqWUJ3UC9wL1BDTUxadmlJOVJqWVhHQ1I2dDBFdmEzaXUrK0w1KzRvSS95TzgKUmkyRVZmenZoVEp1dFpnTWs5cmxIWTU3V2tFbDB3eko1TWtpdG8xaVlxcE92REczODVlZE5EU25UNC9CZXVqWgpybmw2d2cydXRTZ3FqVTJWWmlTR0dETHQ2RTFWeG5UV1U3N1JvMmFWNXRUemc5cXVmMjJjWXZDWGU1UURUb0trCnZvTnZYTiswSnFGV0hKNjM5TXFOdFhXam1ZbjlaRjFacnNxUEwvS1ZwbEhkYWlhUEFiUnBkUnRQU0FoNHZUcmQKOE5jeVFKR1FDdEI5NENtdjJwS1FWZWZQZEtVbUxWVThCV2VrNkVEek52RXhVRHFydENwdDVRQlhQazRxaUw4WQpnMHdjdEduZFY5bG9PdE1kYzVLK2RyRUNBd0VBQWFOV01GUXdEZ1lEVlIwUEFRSC9CQVFEQWdXZ01CTUdBMVVkCkpRUU1NQW9HQ0NzR0FRVUZCd01DTUF3R0ExVWRFd0VCL3dRQ01BQXdId1lEVlIwakJCZ3dGb0FVQ2VxcTRkRy8KUlpsMkZtZ0JMeW02c2JHUWUwd3dEUVlKS29aSWh2Y05BUUVMQlFBRGdnSUJBSEEyV2tzbXdCc0xxTHJiWDlLVApSL1RlSjdJMCsvQlZNclhtVWxzN09GdHhjajV4VDl4bUhCODE5eXFQMTlpUHdTVmtQRWVUMHBmajlJcXhJSk41ClBCQ29penlaajBRaEN4Um9sSE5XWFFNK3NSdzJtQnRRY2JXcThGU2NoRDNoWmJOdmhScWN5dzVEUUpjZzh2Rm4KR2dUNWhzNXY4WVk3dkwxYUZhUXVCYWlVSWdIeG9INjhRQkduMWVFNkNEQkVsdTBXbDY2Vm80a0gycURrc0JhQQpORU5XdDVPeVZhNEFaM3VnYkNmdGhhclFqSGdBNG9HcWswQm9nRTZzTE96WGVVMzRQMTRKbkR6U2t0NFBRSUtmCkpTbk1Eam9UalkxU09mVTIrK2syZm1OQlV5a04vd29OM0ZBZm11eHhldm15dlNWMmJpYmV0VG9vd1o0dnV0U3AKa0RIZEdUVmRZalNjbEZEMndPUEtaSy9MY1RQcjZPVFFnY0xNTCtBa05lMzJHSlF3cnlHcnRLL2ZCbUtOczZ1cApVOUdLVUZVWEdCT0FQNkpzaXJxMkZzRGxqYXpuNEp2eTV3MytRdGhEbE5xZkVYNTV6aXNPTGdKcnlvVU1HMkY1CjhySmFoNlc5RTZNejBwb2p0dGMreUU2UlFHRjhrMTFhYzNDMGo4S3loK21oaDN0ckhHK1QycnZVOTBBM3VkU0UKbldxdkhGMmZIbVpSV3prb0ZhTVRZczNqSEd2Y3VBTnM2KzZuTWh6RVRFNVB3NXpINkhuL1pWa0hGSVdLWVBiVApMNTRnYU9qVUJ2T3R3V2JQUkdVK0FINThGbmRZdTlqZ3NrMTZmVmJPQnRYN3BJUzU3dFo2SG80Z3hwNStLalM4ClNZZTlYdFplOGVVVHBRTXhWakdXQW9HNwotLS0tLUVORCBDRVJUSUZJQ0FURS0tLS0tCg==\n    client-key-data: LS0tLS1CRUdJTiBSU0EgUFJJVkFURSBLRVktLS0tLQpNSUlKS0FJQkFBS0NBZ0VBcm1oVnhsNTYvYTBteGhSZnBwZ2ZoSTlDWVhhWWowcVNMa3JXdTRhdHBRQjF4RmhmCjlUSmtYNGJhd05JSnhKVC9GV09LNnlhdGN2aHY0OWVsSy9YTDY1eW43V3NJMHFndmZ1bUFlMStlZ0RYRTNYd1EKVTZJY1padGZBZGNUR0ZpeWI0T3gyRDh3WkVaMERvZkpiM1kzU2ExbXB4cGxvQzgwdWRnb3NMSW1RMTdpUmRlUwoyN3NzSU5aYWl2VGVQUnpScU9YdjJ6YlduMUlVVTVrb3dvT3NwaUJVcTV2WittMEVYRWF0TUpjYXIrZFBjWElQCmkwYlFOV21pYXBPeHkwVE0xZlg2ZXJYNTlyRFRtRVNuWjNYVk83bkQvUk1MR1dtSldTUzBqMnZGNUk3azc4dFgKN1lKemIyUXhqMXVFUGt3VWdsTE5uWndLRm5OcnpPbWFmNzNPcmV6SUJodmRJTmFUb3A3U1dVcmpZQndQL3AvUApDTUxadmlJOVJqWVhHQ1I2dDBFdmEzaXUrK0w1KzRvSS95TzhSaTJFVmZ6dmhUSnV0WmdNazlybEhZNTdXa0VsCjB3eko1TWtpdG8xaVlxcE92REczODVlZE5EU25UNC9CZXVqWnJubDZ3ZzJ1dFNncWpVMlZaaVNHR0RMdDZFMVYKeG5UV1U3N1JvMmFWNXRUemc5cXVmMjJjWXZDWGU1UURUb0trdm9OdlhOKzBKcUZXSEo2MzlNcU50WFdqbVluOQpaRjFacnNxUEwvS1ZwbEhkYWlhUEFiUnBkUnRQU0FoNHZUcmQ4TmN5UUpHUUN0Qjk0Q212MnBLUVZlZlBkS1VtCkxWVThCV2VrNkVEek52RXhVRHFydENwdDVRQlhQazRxaUw4WWcwd2N0R25kVjlsb090TWRjNUsrZHJFQ0F3RUEKQVFLQ0FnQU5SaXVoR1hmSzd1N1FqS1JyRFpENGlkN0hoRHRBVExDcmpVNmluekdBS1hUTktOekUwTDBLK0R5VwpDR1p0NjlrdVM1RTdMSXB2QWJHaWFidE1pVHlvQmhoUjNaK2lTT0swaWhrWlNzSEppRTRmZlYzUXY3bmhrZDI5ClNoMU44UkpEb29aYXF4U0h6VVR3QmkyeXFoQ3pMdHR0UkhrUHBBZ2pUT3hyNW1NN0pYR2JWemo2T0ZpM2R4a1YKRW1ZSHlMVzhZU1BNVDNRdVZCVHY5K3crUWI5V05ZZThOL1J6TnZEcUJRY1JkNjYwVEtxak84Y3JGb3lxUkF2MAppS0V6azF6enUvRUFmZkUwY1dqcFlmQkwwNUFUSjZSZkVwLzVveXFzK2pvejRFUURqVXluWTVhaG9SZ2dGa1FmCllSdkRrZzdOakhmUjB4cUJjdTkxZlNJaEx0VVlEM3hSZ0tGdkNRTVo1aXptZHZnS3NUL1VrRlRueXBRS2RteFoKSXY5dU5QYVJuMUczemZLT1FLMEVYa1QyanBKMm9ocXlTVzlXWDZuZWFlSVByK0ZDNTVhVFJZZUx0OXpabndicgo0UWRrK1UyM3p6Z1kzNEtyUnkyUGZHK05FcXdzTThUNWNVcThSU1Q1WDYxRlNYbGczcXV0cGd1YW5uWmFVZ01OCjFLc3BTaVlVTnUySkdJWmVIcXBLY0JzdGNETjFyNnE1YWVhN1gwSzlzSVZGcHVtZUpNVUFVZHA1RlNweUg0Qm4KbEM4clhOSnlWSTZUVmQ3TEh3ckg5eDFxQ3hSVXMxbys3SUtBUmN2OWZQN1Nvak4xNVdERm50dzkrSHV4aGtraQpyOUVUK3RSZ2dxZzh4WDVBR1JadUU2TGZWV1BWV0kvaDQ0eXROQXB3MDFtOWluY0FjUUtDQVFFQXhXME16KzQ2CjVuTlFtRndVR1NjS2piMDJpbFdaa25nblVtcmhhS29FQ0tlMnBQOEh3Wk5IMmZMSFB2ci9xa05nblRlMVF3dnUKRmdGRXFJNmVpcDJVZmtVcko3amJ6Z0Y0K0ZoQkRXUUpGb1dRSTF6ME1MSmcxNVpiWjV4RHNuTDJxS1M0VTZBUQp3d1VZa2ozK1RQYzJON2V6Q0hlRVFYYlY2cC9JaEEvdEZEK0NQZDEwUGI0TWNheEtsZHBMR0FsNnpjYlJBdVlnCktOL3d3cEx6eXBldFh3L3BqSkJIazNuZTNyaGJxRTVtbkg0WmpSOEVVOUNLQ0NIYU1GdllBR1h1YnFLMmdXSVYKWEI5d0Y3SHhidUVtZDIwTGRDSXNTeUcyUmtwSzVvZHk0SUZaaXp1blBDRXFTRzVVYmlQQS9oSWpHb2R5anlicQppYVgwaERmNkQ1TWZMd0tDQVFFQTRpYjc2cTNXYWw3OWxaelZISFkrZnpVZ1dmZDZUU0Y3LzA0MU5VWnI5Q20xCllFY0VSWFhSQlY3UGgvVlNCcWxJc045a1hRTnJvK2lDbW5uNkpCZkR1OEtwcDFmMlA4ZTZwMy9KNExsRXpwRVIKNzVEOEl6RzJ1Nm5DbEMzQ3Nvb1dERStDVXBTZVBoT3I3QkM4U0NDRkw3MFJxamZ2K2tCendEWDREUGZRQXRiOQpkSDFJZHJqV3dDNUQ5a2F6bHVkVXl6RnJ6Z1FvUGRoQW9lVUwzdkpJT09lWXBUWmFtYWVaTnFRclRkVWhIc3pICmc5WFNDYVkySGlwbWo4ZHZLT1dsb2VRMVYxZk1ZWGZ1UmxOVTNaSndlVWZHTlRzdlpmME44Mi9xU2dKMkR3YlcKRitTdm81K1dBVVpkV1U1R1ovaDdFUlZ3ZkNWem80bGROWU9CR1FGUUh3S0NBUUFvaTF1dFBCeUdoVG9SQUIvMApobXNKYnNsTG9ZYTNhTXVTaG5haU93QTNFdEpVa2pkeWpwK2I1OXI1V1N5Mk43NFlxMzhqTk1rQlplTkd4bnRTCnRrZnZvcDdaT29LUmpRWGQ0cW9CYVFEZ3lpOHV4QUUyR3Z2K2FsZDlNTDlLWDRlK1hJMnFSdDRLWHZxTDFnVnEKb3Y1VWRQcGtpNzd5ZnNneHRmekUra3hTOHpQNUpvaWZ3VzdtelY1SDVodXo1UVorU2cxVWpoUWVzTmJON3NYNApYaXZ4c04vaXlTS1o2OVpVWVFJWnozZ05QV3hiNmZuR2lMWkFNMHVPME4zTVB5SzNQOTFCTnZaeUE5Yk9WdkhoCk5vWGkwdGNlVTRKTEw3SXlQMEdnbEVLSVRxZ29DdWt1VlJWTTZMT1lKdW1VZy84SGpMZC9KSnZZQnVmdlcxdVUKWlQ5ckFvSUJBRFYzVGZ1UG1hK1FRWmVMZW42K0hjeHBQUHJJSFd2NnpKdnhXM2I2N1M3T1pZa2JnUkVDNTZYRApZb0VjS0laV28wN2RvWmF6NWxEYitYU1gvZUZtbE9uZy9jY0licmxwZU9GOHZyZVlWWUlZbmdyclZoRGtBZldnCkR0YUZjeEJPd1NPcjhIMmhrVC9QMnNkMnRXeS84M3p6MENkVURqSTE1cWU4bXFaR09ERlRycHhKdWtZSE1RNUMKWWVMcG1DL0hCUzc4d2lYMHFhYmxaM0plK2sxOUxrSDF6d3JRTE45QzFtQXFzK28weHgzSEFDeFU4dEZCTUc0MQpUQVlWK2x2SzN6dkUvaTltSEhXMnF1aUpidmpyVkJmNE5nNERyaE1JbnJHODljRUZqKy9CaUFBaUdyd3VVSUtBCnBqVWs0bFJXVkpJWFpYNlVSQ0NYcXllcHJXM0I5N1VDZ2dFQkFKMGJUV2hPWVQyWVlYcTFmVEhMT3BxelVRZGoKdUN2YTRRMEFXa3hsSUo3ZlhFclJjZjRiOWhRMXI2VDlXVzNPSHFEdjhkWm91b25KM0lSaXowak9ObFR3MGc5WgpEdExqb2pRWTA5dGxSUTdSSlh3ZkpEZVpMLzE1UTE3MWw2VVlqY3Rlb3dONVpiWTRNNTJ2WWp4ZXFFZlU3a0VKCkphck9zeWhlcFNKd21tbWtsWFd6TXNFRlBHZm9VN25OdTlLMWdxM2R2eTQvMjZVV2tkVDhSam5uQ282TG5qYTYKbzVucjdjbVBJSkR3VFdlOXlhUUlJSFFDQ0lpQVdxVnZsZmY1NGpVNHI3aC9FSlFHNU52M0poa3NseUJUZkwyQQp0ck9GZjV1N2YrL0tWVmRsQTRJd2FJM1JReFBQTVVwQWFseVdkaGkxaUJGUzdJMnlnR1ZISFpaSk5iND0KLS0tLS1FTkQgUlNBIFBSSVZBVEUgS0VZLS0tLS0K\n    token: l904icnk2j31pvsdzfc849ai3xtxavyca9v695b0prhn35tlt2r2kgzbs1m07frkkb96pzuomls6wnxsyibzlrm964dczutcmos4g9xhr3ywpluht08bhvgjf9yy5e2m\n",
            "content_base64": null,
            "content_base64sha256": "QSpEpgPsEfEAvG+e8GO+N4P3bq2XL6G2cRYbcj92noU=",
            "content_base64sha512": "/Dhz0jb9nhMzRFssIPJQaUfr1F4X9pFOyrFzs6AY2Qvnl30w+SRljras/3KKDWPm32csG3BCPrSBCpRmsVMFpQ==",
            "content_md5": "d45f23e21df4f7d37fdb7dd4d27c7342",
            "content_sha1": "a521436b67f724626b5e1d277794b907651faf3c",
            "content_sha256": "412a44a603ec11f100bc6f9ef063be3783f76ead972fa1b671161b723f769e85",
            "content_sha512": "fc3873d236fd9e1333445b2c20f2506947ebd45e17f6914ecab173b3a018d90be7977d30f924658eb6acff728a0d63e6df672c1b70423eb4810a9466b15305a5",
            "directory_permission": "0777",
            "file_permission": "0777",
            "filename": "modules/aks/kubeconfig",
            "id": "a521436b67f724626b5e1d277794b907651faf3c",
            "sensitive_content": null,
            "source": null
          },
          "sensitive_attributes": [
            [
              {
                "type": "get_attr",
                "value": "sensitive_content"
              }
            ],
            [
              {
                "type": "get_attr",
                "value": "content"
              }
            ]
          ],
          "dependencies": [
            "azurerm_resource_group.wiz_exercise",
            "module.aks.azurerm_kubernetes_cluster.wiz_aks",
            "module.aks.azurerm_role_assignment.control_plane_managed_identity_operator",
            "module.aks.azurerm_user_assigned_identity.aks_control_plane",
            "module.aks.azurerm_user_assigned_identity.aks_kubelet",
            "module.network.azurerm_subnet.kubernetes_subnet",
            "module.network.azurerm_virtual_network.wiz_vnet"
          ]
        }
      ]
    },
    {
      "module": "module.aks",
      "mode": "managed",
      "type": "null_resource",
      "name": "namespace_check",
      "provider": "provider[\"registry.terraform.io/hashicorp/null\"]",
      "instances": [
        {
          "schema_version": 0,
          "attributes": {
            "id": "760746458559557043",
            "triggers": {
              "cluster_id": "/subscriptions/bf3ff429-d86d-43a1-9326-f625a1e8bb50/resourceGroups/wiz-exercise-rg/providers/Microsoft.ContainerService/managedClusters/wiz-aks-cluster"
            }
          },
          "sensitive_attributes": [],
          "dependencies": [
            "azurerm_resource_group.wiz_exercise",
            "module.aks.azurerm_kubernetes_cluster.wiz_aks",
            "module.aks.azurerm_role_assignment.control_plane_managed_identity_operator",
            "module.aks.azurerm_user_assigned_identity.aks_control_plane",
            "module.aks.azurerm_user_assigned_identity.aks_kubelet",
            "module.aks.local_file.kubeconfig",
            "module.network.azurerm_subnet.kubernetes_subnet",
            "module.network.azurerm_virtual_network.wiz_vnet"
          ]
        }
      ]
    },
    {
      "module": "module.aks",
      "mode": "managed",
      "type": "random_password",
      "name": "app_secret_key",
      "provider": "provider[\"registry.terraform.io/hashicorp/random\"]",
      "instances": [
        {
          "schema_version": 3,
          "attributes": {
            "bcrypt_hash": "$2a$10$0564J69csgXr0hCF6t7Tvu9xE0EZEC./7PrbKp7JVNl3mLG/9PSEG",
            "id": "none",
            "keepers": null,
            "length": 32,
            "lower": true,
            "min_lower": 0,
            "min_numeric": 0,
            "min_special": 0,
            "min_upper": 0,
            "number": true,
            "numeric": true,
            "override_special": null,
            "result": "D\u0026fmMe5hd$F]pCjR(#j1H9KGqg((vAnk",
            "special": true,
            "upper": true
          },
          "sensitive_attributes": [
            [
              {
                "type": "get_attr",
                "value": "result"
              }
            ],
            [
              {
                "type": "get_attr",
                "value": "bcrypt_hash"
              }
            ]
          ]
        }
      ]
    },
    {
      "module": "module.mongodb",
      "mode": "data",
      "type": "azurerm_client_config",
      "name": "current",
      "provider": "provider[\"registry.terraform.io/hashicorp/azurerm\"]",
      "instances": [
        {
          "schema_version": 0,
          "attributes": {
            "client_id": "04b07795-8ddb-461a-bbee-02f9e1bf7b46",
            "id": "Y2xpZW50Q29uZmlncy9jbGllbnRJZD0wNGIwNzc5NS04ZGRiLTQ2MWEtYmJlZS0wMmY5ZTFiZjdiNDY7b2JqZWN0SWQ9ODVjNTg2OGMtNmRmYi00NDI0LTk5N2ItNjE5ZTBjMDkyZWNmO3N1YnNjcmlwdGlvbklkPWJmM2ZmNDI5LWQ4NmQtNDNhMS05MzI2LWY2MjVhMWU4YmI1MDt0ZW5hbnRJZD0xNjg1MjUyNi03MmY0LTRmNGEtOGYwYS1hYWM1MTU3M2E5N2I=",
            "object_id": "85c5868c-6dfb-4424-997b-619e0c092ecf",
            "subscription_id": "bf3ff429-d86d-43a1-9326-f625a1e8bb50",
            "tenant_id": "16852526-72f4-4f4a-8f0a-aac51573a97b",
            "timeouts": null
          },
          "sensitive_attributes": []
        }
      ]
    },
    {
      "module": "module.mongodb",
      "mode": "managed",
      "type": "azurerm_linux_virtual_machine",
      "name": "mongodb_vm",
      "provider": "provider[\"registry.terraform.io/hashicorp/azurerm\"]",
      "instances": [
        {
          "schema_version": 0,
          "attributes": {
            "additional_capabilities": [],
            "admin_password": "Azure_123456",
            "admin_ssh_key": [],
            "admin_username": "azureuser",
            "allow_extension_operations": true,
            "availability_set_id": "",
            "boot_diagnostics": [],
            "bypass_platform_safety_checks_on_user_schedule_enabled": false,
            "capacity_reservation_group_id": "",
            "computer_name": "mongodb-vm",
            "custom_data": null,
            "dedicated_host_group_id": "",
            "dedicated_host_id": "",
            "disable_password_authentication": false,
            "disk_controller_type": "SCSI",
            "edge_zone": "",
            "encryption_at_host_enabled": false,
            "eviction_policy": "",
            "extensions_time_budget": "PT1H30M",
            "gallery_application": [],
            "id": "/subscriptions/bf3ff429-d86d-43a1-9326-f625a1e8bb50/resourceGroups/wiz-exercise-rg/providers/Microsoft.Compute/virtualMachines/mongodb-vm",
            "identity": [
              {
                "identity_ids": [],
                "principal_id": "2b7ce592-79f5-4150-aeef-46c5d6d52c7d",
                "tenant_id": "16852526-72f4-4f4a-8f0a-aac51573a97b",
                "type": "SystemAssigned"
              }
            ],
            "license_type": "",
            "location": "eastus2",
            "max_bid_price": -1,
            "name": "mongodb-vm",
            "network_interface_ids": [
              "/subscriptions/bf3ff429-d86d-43a1-9326-f625a1e8bb50/resourceGroups/wiz-exercise-rg/providers/Microsoft.Network/networkInterfaces/mongodb-nic"
            ],
            "os_disk": [
              {
                "caching": "ReadWrite",
                "diff_disk_settings": [],
                "disk_encryption_set_id": "",
                "disk_size_gb": 30,
                "name": "mongodb-vm_OsDisk_1_734757c262be4cafb61ae64e80cf46f7",
                "secure_vm_disk_encryption_set_id": "",
                "security_encryption_type": "",
                "storage_account_type": "Standard_LRS",
                "write_accelerator_enabled": false
              }
            ],
            "os_image_notification": [],
            "patch_assessment_mode": "ImageDefault",
            "patch_mode": "ImageDefault",
            "plan": [],
            "platform_fault_domain": -1,
            "priority": "Regular",
            "private_ip_address": "10.0.1.4",
            "private_ip_addresses": [
              "10.0.1.4"
            ],
            "provision_vm_agent": true,
            "proximity_placement_group_id": "",
            "public_ip_address": "172.203.26.211",
            "public_ip_addresses": [
              "172.203.26.211"
            ],
            "reboot_setting": "",
            "resource_group_name": "wiz-exercise-rg",
            "secret": [],
            "secure_boot_enabled": false,
            "size": "Standard_B2s",
            "source_image_id": "",
            "source_image_reference": [
              {
                "offer": "0001-com-ubuntu-server-focal",
                "publisher": "Canonical",
                "sku": "20_04-lts-gen2",
                "version": "latest"
              }
            ],
            "tags": {},
            "termination_notification": [],
            "timeouts": null,
            "user_data": "",
            "virtual_machine_id": "115c627a-960c-40bf-a5f8-f499614a6ae0",
            "virtual_machine_scale_set_id": "",
            "vm_agent_platform_updates_enabled": false,
            "vtpm_enabled": false,
            "zone": ""
          },
          "sensitive_attributes": [
            [
              {
                "type": "get_attr",
                "value": "admin_password"
              }
            ],
            [
              {
                "type": "get_attr",
                "value": "custom_data"
              }
            ]
          ],
          "private": "eyJlMmJmYjczMC1lY2FhLTExZTYtOGY4OC0zNDM2M2JjN2M0YzAiOnsiY3JlYXRlIjoyNzAwMDAwMDAwMDAwLCJkZWxldGUiOjI3MDAwMDAwMDAwMDAsInJlYWQiOjMwMDAwMDAwMDAwMCwidXBkYXRlIjoyNzAwMDAwMDAwMDAwfX0=",
          "dependencies": [
            "azurerm_resource_group.wiz_exercise",
            "module.mongodb.azurerm_network_interface.mongodb_nic",
            "module.mongodb.azurerm_public_ip.mongodb_pip",
            "module.network.azurerm_subnet.database_subnet",
            "module.network.azurerm_virtual_network.wiz_vnet"
          ]
        }
      ]
    },
    {
      "module": "module.mongodb",
      "mode": "managed",
      "type": "azurerm_network_interface",
      "name": "mongodb_nic",
      "provider": "provider[\"registry.terraform.io/hashicorp/azurerm\"]",
      "instances": [
        {
          "schema_version": 0,
          "attributes": {
            "accelerated_networking_enabled": false,
            "applied_dns_servers": [],
            "auxiliary_mode": "",
            "auxiliary_sku": "",
            "dns_servers": [],
            "edge_zone": "",
            "enable_accelerated_networking": false,
            "enable_ip_forwarding": false,
            "id": "/subscriptions/bf3ff429-d86d-43a1-9326-f625a1e8bb50/resourceGroups/wiz-exercise-rg/providers/Microsoft.Network/networkInterfaces/mongodb-nic",
            "internal_dns_name_label": "",
            "internal_domain_name_suffix": "4qtfkgbplg1exe2afgq50o4nzf.cx.internal.cloudapp.net",
            "ip_configuration": [
              {
                "gateway_load_balancer_frontend_ip_configuration_id": "",
                "name": "internal",
                "primary": true,
                "private_ip_address": "10.0.1.4",
                "private_ip_address_allocation": "Dynamic",
                "private_ip_address_version": "IPv4",
                "public_ip_address_id": "/subscriptions/bf3ff429-d86d-43a1-9326-f625a1e8bb50/resourceGroups/wiz-exercise-rg/providers/Microsoft.Network/publicIPAddresses/mongodb-pip",
                "subnet_id": "/subscriptions/bf3ff429-d86d-43a1-9326-f625a1e8bb50/resourceGroups/wiz-exercise-rg/providers/Microsoft.Network/virtualNetworks/wiz-vnet/subnets/database-subnet"
              }
            ],
            "ip_forwarding_enabled": false,
            "location": "eastus2",
            "mac_address": "7C-1E-52-C8-A1-3C",
            "name": "mongodb-nic",
            "private_ip_address": "10.0.1.4",
            "private_ip_addresses": [
              "10.0.1.4"
            ],
            "resource_group_name": "wiz-exercise-rg",
            "tags": {},
            "timeouts": null,
            "virtual_machine_id": "/subscriptions/bf3ff429-d86d-43a1-9326-f625a1e8bb50/resourceGroups/wiz-exercise-rg/providers/Microsoft.Compute/virtualMachines/mongodb-vm"
          },
          "sensitive_attributes": [],
          "private": "eyJlMmJmYjczMC1lY2FhLTExZTYtOGY4OC0zNDM2M2JjN2M0YzAiOnsiY3JlYXRlIjoxODAwMDAwMDAwMDAwLCJkZWxldGUiOjE4MDAwMDAwMDAwMDAsInJlYWQiOjMwMDAwMDAwMDAwMCwidXBkYXRlIjoxODAwMDAwMDAwMDAwfX0=",
          "dependencies": [
            "azurerm_resource_group.wiz_exercise",
            "module.mongodb.azurerm_public_ip.mongodb_pip",
            "module.network.azurerm_subnet.database_subnet",
            "module.network.azurerm_virtual_network.wiz_vnet"
          ]
        }
      ]
    },
    {
      "module": "module.mongodb",
      "mode": "managed",
      "type": "azurerm_network_interface_security_group_association",
      "name": "mongodb_nsg_association",
      "provider": "provider[\"registry.terraform.io/hashicorp/azurerm\"]",
      "instances": [
        {
          "schema_version": 0,
          "attributes": {
            "id": "/subscriptions/bf3ff429-d86d-43a1-9326-f625a1e8bb50/resourceGroups/wiz-exercise-rg/providers/Microsoft.Network/networkInterfaces/mongodb-nic|/subscriptions/bf3ff429-d86d-43a1-9326-f625a1e8bb50/resourceGroups/wiz-exercise-rg/providers/Microsoft.Network/networkSecurityGroups/mongodb-nsg",
            "network_interface_id": "/subscriptions/bf3ff429-d86d-43a1-9326-f625a1e8bb50/resourceGroups/wiz-exercise-rg/providers/Microsoft.Network/networkInterfaces/mongodb-nic",
            "network_security_group_id": "/subscriptions/bf3ff429-d86d-43a1-9326-f625a1e8bb50/resourceGroups/wiz-exercise-rg/providers/Microsoft.Network/networkSecurityGroups/mongodb-nsg",
            "timeouts": null
          },
          "sensitive_attributes": [],
          "private": "eyJlMmJmYjczMC1lY2FhLTExZTYtOGY4OC0zNDM2M2JjN2M0YzAiOnsiY3JlYXRlIjoxODAwMDAwMDAwMDAwLCJkZWxldGUiOjE4MDAwMDAwMDAwMDAsInJlYWQiOjMwMDAwMDAwMDAwMH19",
          "dependencies": [
            "azurerm_resource_group.wiz_exercise",
            "module.mongodb.azurerm_network_interface.mongodb_nic",
            "module.mongodb.azurerm_network_security_group.mongodb_nsg",
            "module.mongodb.azurerm_public_ip.mongodb_pip",
            "module.network.azurerm_subnet.database_subnet",
            "module.network.azurerm_virtual_network.wiz_vnet"
          ]
        }
      ]
    },
    {
      "module": "module.mongodb",
      "mode": "managed",
      "type": "azurerm_network_security_group",
      "name": "mongodb_nsg",
      "provider": "provider[\"registry.terraform.io/hashicorp/azurerm\"]",
      "instances": [
        {
          "schema_version": 0,
          "attributes": {
            "id": "/subscriptions/bf3ff429-d86d-43a1-9326-f625a1e8bb50/resourceGroups/wiz-exercise-rg/providers/Microsoft.Network/networkSecurityGroups/mongodb-nsg",
            "location": "eastus2",
            "name": "mongodb-nsg",
            "resource_group_name": "wiz-exercise-rg",
            "security_rule": [
              {
                "access": "Allow",
                "description": "",
                "destination_address_prefix": "*",
                "destination_address_prefixes": [],
                "destination_application_security_group_ids": [],
                "destination_port_range": "22",
                "destination_port_ranges": [],
                "direction": "Inbound",
                "name": "allow-ssh-from-anywhere",
                "priority": 1000,
                "protocol": "Tcp",
                "source_address_prefix": "0.0.0.0/0",
                "source_address_prefixes": [],
                "source_application_security_group_ids": [],
                "source_port_range": "*",
                "source_port_ranges": []
              }
            ],
            "tags": {},
            "timeouts": null
          },
          "sensitive_attributes": [],
          "private": "eyJlMmJmYjczMC1lY2FhLTExZTYtOGY4OC0zNDM2M2JjN2M0YzAiOnsiY3JlYXRlIjoxODAwMDAwMDAwMDAwLCJkZWxldGUiOjE4MDAwMDAwMDAwMDAsInJlYWQiOjMwMDAwMDAwMDAwMCwidXBkYXRlIjoxODAwMDAwMDAwMDAwfX0=",
          "dependencies": [
            "azurerm_resource_group.wiz_exercise"
          ]
        }
      ]
    },
    {
      "module": "module.mongodb",
      "mode": "managed",
      "type": "azurerm_network_security_rule",
      "name": "mongodb_port",
      "provider": "provider[\"registry.terraform.io/hashicorp/azurerm\"]",
      "instances": [
        {
          "schema_version": 0,
          "attributes": {
            "access": "Allow",
            "description": "",
            "destination_address_prefix": "*",
            "destination_address_prefixes": null,
            "destination_application_security_group_ids": null,
            "destination_port_range": "27017",
            "destination_port_ranges": null,
            "direction": "Inbound",
            "id": "/subscriptions/bf3ff429-d86d-43a1-9326-f625a1e8bb50/resourceGroups/wiz-exercise-rg/providers/Microsoft.Network/networkSecurityGroups/mongodb-nsg/securityRules/allow-mongodb",
            "name": "allow-mongodb",
            "network_security_group_name": "mongodb-nsg",
            "priority": 110,
            "protocol": "Tcp",
            "resource_group_name": "wiz-exercise-rg",
            "source_address_prefix": "*",
            "source_address_prefixes": null,
            "source_application_security_group_ids": null,
            "source_port_range": "*",
            "source_port_ranges": null,
            "timeouts": null
          },
          "sensitive_attributes": [],
          "private": "eyJlMmJmYjczMC1lY2FhLTExZTYtOGY4OC0zNDM2M2JjN2M0YzAiOnsiY3JlYXRlIjoxODAwMDAwMDAwMDAwLCJkZWxldGUiOjE4MDAwMDAwMDAwMDAsInJlYWQiOjMwMDAwMDAwMDAwMCwidXBkYXRlIjoxODAwMDAwMDAwMDAwfX0=",
          "dependencies": [
            "azurerm_resource_group.wiz_exercise",
            "module.mongodb.azurerm_network_security_group.mongodb_nsg"
          ]
        }
      ]
    },
    {
      "module": "module.mongodb",
      "mode": "managed",
      "type": "azurerm_network_security_rule",
      "name": "mongodb_ssh",
      "provider": "provider[\"registry.terraform.io/hashicorp/azurerm\"]",
      "instances": [
        {
          "schema_version": 0,
          "attributes": {
            "access": "Allow",
            "description": "",
            "destination_address_prefix": "*",
            "destination_address_prefixes": null,
            "destination_application_security_group_ids": null,
            "destination_port_range": "22",
            "destination_port_ranges": null,
            "direction": "Inbound",
            "id": "/subscriptions/bf3ff429-d86d-43a1-9326-f625a1e8bb50/resourceGroups/wiz-exercise-rg/providers/Microsoft.Network/networkSecurityGroups/mongodb-nsg/securityRules/allow-ssh",
            "name": "allow-ssh",
            "network_security_group_name": "mongodb-nsg",
            "priority": 100,
            "protocol": "Tcp",
            "resource_group_name": "wiz-exercise-rg",
            "source_address_prefix": "*",
            "source_address_prefixes": null,
            "source_application_security_group_ids": null,
            "source_port_range": "*",
            "source_port_ranges": null,
            "timeouts": null
          },
          "sensitive_attributes": [],
          "private": "eyJlMmJmYjczMC1lY2FhLTExZTYtOGY4OC0zNDM2M2JjN2M0YzAiOnsiY3JlYXRlIjoxODAwMDAwMDAwMDAwLCJkZWxldGUiOjE4MDAwMDAwMDAwMDAsInJlYWQiOjMwMDAwMDAwMDAwMCwidXBkYXRlIjoxODAwMDAwMDAwMDAwfX0=",
          "dependencies": [
            "azurerm_resource_group.wiz_exercise",
            "module.mongodb.azurerm_network_security_group.mongodb_nsg"
          ]
        }
      ]
    },
    {
      "module": "module.mongodb",
      "mode": "managed",
      "type": "azurerm_public_ip",
      "name": "mongodb_pip",
      "provider": "provider[\"registry.terraform.io/hashicorp/azurerm\"]",
      "instances": [
        {
          "schema_version": 0,
          "attributes": {
            "allocation_method": "Static",
            "ddos_protection_mode": "VirtualNetworkInherited",
            "ddos_protection_plan_id": null,
            "domain_name_label": null,
            "edge_zone": "",
            "fqdn": null,
            "id": "/subscriptions/bf3ff429-d86d-43a1-9326-f625a1e8bb50/resourceGroups/wiz-exercise-rg/providers/Microsoft.Network/publicIPAddresses/mongodb-pip",
            "idle_timeout_in_minutes": 4,
            "ip_address": "172.203.26.211",
            "ip_tags": {},
            "ip_version": "IPv4",
            "location": "eastus2",
            "name": "mongodb-pip",
            "public_ip_prefix_id": null,
            "resource_group_name": "wiz-exercise-rg",
            "reverse_fqdn": null,
            "sku": "Standard",
            "sku_tier": "Regional",
            "tags": {},
            "timeouts": null,
            "zones": []
          },
          "sensitive_attributes": [],
          "private": "eyJlMmJmYjczMC1lY2FhLTExZTYtOGY4OC0zNDM2M2JjN2M0YzAiOnsiY3JlYXRlIjoxODAwMDAwMDAwMDAwLCJkZWxldGUiOjE4MDAwMDAwMDAwMDAsInJlYWQiOjMwMDAwMDAwMDAwMCwidXBkYXRlIjoxODAwMDAwMDAwMDAwfX0=",
          "dependencies": [
            "azurerm_resource_group.wiz_exercise"
          ]
        }
      ]
    },
    {
      "module": "module.mongodb",
      "mode": "managed",
      "type": "azurerm_role_assignment",
      "name": "vm_owner",
      "provider": "provider[\"registry.terraform.io/hashicorp/azurerm\"]",
      "instances": [
        {
          "schema_version": 0,
          "attributes": {
            "condition": "",
            "condition_version": "",
            "delegated_managed_identity_resource_id": "",
            "description": "",
            "id": "/subscriptions/bf3ff429-d86d-43a1-9326-f625a1e8bb50/providers/Microsoft.Authorization/roleAssignments/d6057a66-b027-8deb-c943-f5f89b4d25a0",
            "name": "d6057a66-b027-8deb-c943-f5f89b4d25a0",
            "principal_id": "2b7ce592-79f5-4150-aeef-46c5d6d52c7d",
            "principal_type": "ServicePrincipal",
            "role_definition_id": "/subscriptions/bf3ff429-d86d-43a1-9326-f625a1e8bb50/providers/Microsoft.Authorization/roleDefinitions/8e3af657-a8ff-443c-a75c-2fe8c4bcb635",
            "role_definition_name": "Owner",
            "scope": "/subscriptions/bf3ff429-d86d-43a1-9326-f625a1e8bb50",
            "skip_service_principal_aad_check": null,
            "timeouts": null
          },
          "sensitive_attributes": [],
          "private": "eyJlMmJmYjczMC1lY2FhLTExZTYtOGY4OC0zNDM2M2JjN2M0YzAiOnsiY3JlYXRlIjoxODAwMDAwMDAwMDAwLCJkZWxldGUiOjE4MDAwMDAwMDAwMDAsInJlYWQiOjMwMDAwMDAwMDAwMH19",
          "dependencies": [
            "azurerm_resource_group.wiz_exercise",
            "module.mongodb.azurerm_linux_virtual_machine.mongodb_vm",
            "module.mongodb.azurerm_network_interface.mongodb_nic",
            "module.mongodb.azurerm_public_ip.mongodb_pip",
            "module.mongodb.data.azurerm_client_config.current",
            "module.network.azurerm_subnet.database_subnet",
            "module.network.azurerm_virtual_network.wiz_vnet"
          ]
        }
      ]
    },
    {
      "module": "module.network",
      "mode": "managed",
      "type": "azurerm_subnet",
      "name": "database_subnet",
      "provider": "provider[\"registry.terraform.io/hashicorp/azurerm\"]",
      "instances": [
        {
          "schema_version": 0,
          "attributes": {
            "address_prefixes": [
              "10.0.1.0/24"
            ],
            "default_outbound_access_enabled": true,
            "delegation": [],
            "enforce_private_link_endpoint_network_policies": false,
            "enforce_private_link_service_network_policies": false,
            "id": "/subscriptions/bf3ff429-d86d-43a1-9326-f625a1e8bb50/resourceGroups/wiz-exercise-rg/providers/Microsoft.Network/virtualNetworks/wiz-vnet/subnets/database-subnet",
            "name": "database-subnet",
            "private_endpoint_network_policies": "Enabled",
            "private_endpoint_network_policies_enabled": true,
            "private_link_service_network_policies_enabled": true,
            "resource_group_name": "wiz-exercise-rg",
            "service_endpoint_policy_ids": [],
            "service_endpoints": [],
            "timeouts": null,
            "virtual_network_name": "wiz-vnet"
          },
          "sensitive_attributes": [],
          "private": "eyJlMmJmYjczMC1lY2FhLTExZTYtOGY4OC0zNDM2M2JjN2M0YzAiOnsiY3JlYXRlIjoxODAwMDAwMDAwMDAwLCJkZWxldGUiOjE4MDAwMDAwMDAwMDAsInJlYWQiOjMwMDAwMDAwMDAwMCwidXBkYXRlIjoxODAwMDAwMDAwMDAwfX0=",
          "dependencies": [
            "azurerm_resource_group.wiz_exercise",
            "module.network.azurerm_virtual_network.wiz_vnet"
          ]
        }
      ]
    },
    {
      "module": "module.network",
      "mode": "managed",
      "type": "azurerm_subnet",
      "name": "kubernetes_subnet",
      "provider": "provider[\"registry.terraform.io/hashicorp/azurerm\"]",
      "instances": [
        {
          "schema_version": 0,
          "attributes": {
            "address_prefixes": [
              "10.0.2.0/24"
            ],
            "default_outbound_access_enabled": true,
            "delegation": [],
            "enforce_private_link_endpoint_network_policies": false,
            "enforce_private_link_service_network_policies": false,
            "id": "/subscriptions/bf3ff429-d86d-43a1-9326-f625a1e8bb50/resourceGroups/wiz-exercise-rg/providers/Microsoft.Network/virtualNetworks/wiz-vnet/subnets/kubernetes-subnet",
            "name": "kubernetes-subnet",
            "private_endpoint_network_policies": "Enabled",
            "private_endpoint_network_policies_enabled": true,
            "private_link_service_network_policies_enabled": true,
            "resource_group_name": "wiz-exercise-rg",
            "service_endpoint_policy_ids": [],
            "service_endpoints": [],
            "timeouts": null,
            "virtual_network_name": "wiz-vnet"
          },
          "sensitive_attributes": [],
          "private": "eyJlMmJmYjczMC1lY2FhLTExZTYtOGY4OC0zNDM2M2JjN2M0YzAiOnsiY3JlYXRlIjoxODAwMDAwMDAwMDAwLCJkZWxldGUiOjE4MDAwMDAwMDAwMDAsInJlYWQiOjMwMDAwMDAwMDAwMCwidXBkYXRlIjoxODAwMDAwMDAwMDAwfX0=",
          "dependencies": [
            "azurerm_resource_group.wiz_exercise",
            "module.network.azurerm_virtual_network.wiz_vnet"
          ]
        }
      ]
    },
    {
      "module": "module.network",
      "mode": "managed",
      "type": "azurerm_virtual_network",
      "name": "wiz_vnet",
      "provider": "provider[\"registry.terraform.io/hashicorp/azurerm\"]",
      "instances": [
        {
          "schema_version": 0,
          "attributes": {
            "address_space": [
              "10.0.0.0/16"
            ],
            "bgp_community": "",
            "ddos_protection_plan": [],
            "dns_servers": [],
            "edge_zone": "",
            "encryption": [],
            "flow_timeout_in_minutes": 0,
            "guid": "185526f4-592f-4bb6-9380-29a1fd3bcdcd",
            "id": "/subscriptions/bf3ff429-d86d-43a1-9326-f625a1e8bb50/resourceGroups/wiz-exercise-rg/providers/Microsoft.Network/virtualNetworks/wiz-vnet",
            "location": "eastus2",
            "name": "wiz-vnet",
            "resource_group_name": "wiz-exercise-rg",
            "subnet": [
              {
                "address_prefix": "10.0.1.0/24",
                "id": "/subscriptions/bf3ff429-d86d-43a1-9326-f625a1e8bb50/resourceGroups/wiz-exercise-rg/providers/Microsoft.Network/virtualNetworks/wiz-vnet/subnets/database-subnet",
                "name": "database-subnet",
                "security_group": ""
              },
              {
                "address_prefix": "10.0.2.0/24",
                "id": "/subscriptions/bf3ff429-d86d-43a1-9326-f625a1e8bb50/resourceGroups/wiz-exercise-rg/providers/Microsoft.Network/virtualNetworks/wiz-vnet/subnets/kubernetes-subnet",
                "name": "kubernetes-subnet",
                "security_group": ""
              }
            ],
            "tags": {},
            "timeouts": null
          },
          "sensitive_attributes": [],
          "private": "eyJlMmJmYjczMC1lY2FhLTExZTYtOGY4OC0zNDM2M2JjN2M0YzAiOnsiY3JlYXRlIjoxODAwMDAwMDAwMDAwLCJkZWxldGUiOjE4MDAwMDAwMDAwMDAsInJlYWQiOjMwMDAwMDAwMDAwMCwidXBkYXRlIjoxODAwMDAwMDAwMDAwfX0=",
          "dependencies": [
            "azurerm_resource_group.wiz_exercise"
          ]
        }
      ]
    },
    {
      "module": "module.storage",
      "mode": "managed",
      "type": "azurerm_storage_account",
      "name": "wiz_storage",
      "provider": "provider[\"registry.terraform.io/hashicorp/azurerm\"]",
      "instances": [
        {
          "schema_version": 4,
          "attributes": {
            "access_tier": "Hot",
            "account_kind": "StorageV2",
            "account_replication_type": "LRS",
            "account_tier": "Standard",
            "allow_nested_items_to_be_public": true,
            "allowed_copy_scope": "",
            "azure_files_authentication": [],
            "blob_properties": [
              {
                "change_feed_enabled": false,
                "change_feed_retention_in_days": 0,
                "container_delete_retention_policy": [],
                "cors_rule": [],
                "default_service_version": "",
                "delete_retention_policy": [],
                "last_access_time_enabled": false,
                "restore_policy": [],
                "versioning_enabled": false
              }
            ],
            "cross_tenant_replication_enabled": true,
            "custom_domain": [],
            "customer_managed_key": [],
            "default_to_oauth_authentication": false,
            "dns_endpoint_type": "Standard",
            "edge_zone": "",
            "enable_https_traffic_only": true,
            "https_traffic_only_enabled": true,
            "id": "/subscriptions/bf3ff429-d86d-43a1-9326-f625a1e8bb50/resourceGroups/wiz-exercise-rg/providers/Microsoft.Storage/storageAccounts/wizexbsga02rk",
            "identity": [],
            "immutability_policy": [],
            "infrastructure_encryption_enabled": false,
            "is_hns_enabled": false,
            "large_file_share_enabled": false,
            "local_user_enabled": true,
            "location": "eastus2",
            "min_tls_version": "TLS1_2",
            "name": "wizexbsga02rk",
            "network_rules": [],
            "nfsv3_enabled": false,
            "primary_access_key": "Iuy67j9qPQoeCq+dThDvglV47AAO1StEUyn2STZ0kSK8cL8vEtTFpck287j00mg8zM3CbkucMMSZ+AStHmqN0A==",
            "primary_blob_connection_string": "DefaultEndpointsProtocol=https;BlobEndpoint=https://wizexbsga02rk.blob.core.windows.net/;AccountName=wizexbsga02rk;AccountKey=Iuy67j9qPQoeCq+dThDvglV47AAO1StEUyn2STZ0kSK8cL8vEtTFpck287j00mg8zM3CbkucMMSZ+AStHmqN0A==",
            "primary_blob_endpoint": "https://wizexbsga02rk.blob.core.windows.net/",
            "primary_blob_host": "wizexbsga02rk.blob.core.windows.net",
            "primary_blob_internet_endpoint": "",
            "primary_blob_internet_host": "",
            "primary_blob_microsoft_endpoint": "",
            "primary_blob_microsoft_host": "",
            "primary_connection_string": "DefaultEndpointsProtocol=https;AccountName=wizexbsga02rk;AccountKey=Iuy67j9qPQoeCq+dThDvglV47AAO1StEUyn2STZ0kSK8cL8vEtTFpck287j00mg8zM3CbkucMMSZ+AStHmqN0A==;EndpointSuffix=core.windows.net",
            "primary_dfs_endpoint": "https://wizexbsga02rk.dfs.core.windows.net/",
            "primary_dfs_host": "wizexbsga02rk.dfs.core.windows.net",
            "primary_dfs_internet_endpoint": "",
            "primary_dfs_internet_host": "",
            "primary_dfs_microsoft_endpoint": "",
            "primary_dfs_microsoft_host": "",
            "primary_file_endpoint": "https://wizexbsga02rk.file.core.windows.net/",
            "primary_file_host": "wizexbsga02rk.file.core.windows.net",
            "primary_file_internet_endpoint": "",
            "primary_file_internet_host": "",
            "primary_file_microsoft_endpoint": "",
            "primary_file_microsoft_host": "",
            "primary_location": "eastus2",
            "primary_queue_endpoint": "https://wizexbsga02rk.queue.core.windows.net/",
            "primary_queue_host": "wizexbsga02rk.queue.core.windows.net",
            "primary_queue_microsoft_endpoint": "",
            "primary_queue_microsoft_host": "",
            "primary_table_endpoint": "https://wizexbsga02rk.table.core.windows.net/",
            "primary_table_host": "wizexbsga02rk.table.core.windows.net",
            "primary_table_microsoft_endpoint": "",
            "primary_table_microsoft_host": "",
            "primary_web_endpoint": "https://wizexbsga02rk.z20.web.core.windows.net/",
            "primary_web_host": "wizexbsga02rk.z20.web.core.windows.net",
            "primary_web_internet_endpoint": "",
            "primary_web_internet_host": "",
            "primary_web_microsoft_endpoint": "",
            "primary_web_microsoft_host": "",
            "public_network_access_enabled": true,
            "queue_encryption_key_type": "Service",
            "queue_properties": [
              {
                "cors_rule": [],
                "hour_metrics": [
                  {
                    "enabled": false,
                    "include_apis": false,
                    "retention_policy_days": 0,
                    "version": "1.0"
                  }
                ],
                "logging": [
                  {
                    "delete": false,
                    "read": false,
                    "retention_policy_days": 0,
                    "version": "1.0",
                    "write": false
                  }
                ],
                "minute_metrics": [
                  {
                    "enabled": false,
                    "include_apis": false,
                    "retention_policy_days": 0,
                    "version": "1.0"
                  }
                ]
              }
            ],
            "resource_group_name": "wiz-exercise-rg",
            "routing": [],
            "sas_policy": [],
            "secondary_access_key": "Z4TmSibRJSlJXEbwORSqmML1ReSDtUOOL6q11kvAJyeOrVb89EgAKL/coD7WRuGdCjQMpD4mw8PP+ASt6WJvNQ==",
            "secondary_blob_connection_string": "",
            "secondary_blob_endpoint": "",
            "secondary_blob_host": "",
            "secondary_blob_internet_endpoint": "",
            "secondary_blob_internet_host": "",
            "secondary_blob_microsoft_endpoint": "",
            "secondary_blob_microsoft_host": "",
            "secondary_connection_string": "DefaultEndpointsProtocol=https;AccountName=wizexbsga02rk;AccountKey=Z4TmSibRJSlJXEbwORSqmML1ReSDtUOOL6q11kvAJyeOrVb89EgAKL/coD7WRuGdCjQMpD4mw8PP+ASt6WJvNQ==;EndpointSuffix=core.windows.net",
            "secondary_dfs_endpoint": "",
            "secondary_dfs_host": "",
            "secondary_dfs_internet_endpoint": "",
            "secondary_dfs_internet_host": "",
            "secondary_dfs_microsoft_endpoint": "",
            "secondary_dfs_microsoft_host": "",
            "secondary_file_endpoint": "",
            "secondary_file_host": "",
            "secondary_file_internet_endpoint": "",
            "secondary_file_internet_host": "",
            "secondary_file_microsoft_endpoint": "",
            "secondary_file_microsoft_host": "",
            "secondary_location": "",
            "secondary_queue_endpoint": "",
            "secondary_queue_host": "",
            "secondary_queue_microsoft_endpoint": "",
            "secondary_queue_microsoft_host": "",
            "secondary_table_endpoint": "",
            "secondary_table_host": "",
            "secondary_table_microsoft_endpoint": "",
            "secondary_table_microsoft_host": "",
            "secondary_web_endpoint": "",
            "secondary_web_host": "",
            "secondary_web_internet_endpoint": "",
            "secondary_web_internet_host": "",
            "secondary_web_microsoft_endpoint": "",
            "secondary_web_microsoft_host": "",
            "sftp_enabled": false,
            "share_properties": [
              {
                "cors_rule": [],
                "retention_policy": [
                  {
                    "days": 7
                  }
                ],
                "smb": []
              }
            ],
            "shared_access_key_enabled": true,
            "static_website": [],
            "table_encryption_key_type": "Service",
            "tags": {},
            "timeouts": null
          },
          "sensitive_attributes": [
            [
              {
                "type": "get_attr",
                "value": "secondary_connection_string"
              }
            ],
            [
              {
                "type": "get_attr",
                "value": "secondary_access_key"
              }
            ],
            [
              {
                "type": "get_attr",
                "value": "primary_access_key"
              }
            ],
            [
              {
                "type": "get_attr",
                "value": "secondary_blob_connection_string"
              }
            ],
            [
              {
                "type": "get_attr",
                "value": "primary_connection_string"
              }
            ],
            [
              {
                "type": "get_attr",
                "value": "primary_blob_connection_string"
              }
            ]
          ],
          "private": "eyJlMmJmYjczMC1lY2FhLTExZTYtOGY4OC0zNDM2M2JjN2M0YzAiOnsiY3JlYXRlIjozNjAwMDAwMDAwMDAwLCJkZWxldGUiOjM2MDAwMDAwMDAwMDAsInJlYWQiOjMwMDAwMDAwMDAwMCwidXBkYXRlIjozNjAwMDAwMDAwMDAwfSwic2NoZW1hX3ZlcnNpb24iOiI0In0=",
          "dependencies": [
            "azurerm_resource_group.wiz_exercise",
            "module.storage.random_string.suffix"
          ]
        }
      ]
    },
    {
      "module": "module.storage",
      "mode": "managed",
      "type": "azurerm_storage_account_network_rules",
      "name": "public_access",
      "provider": "provider[\"registry.terraform.io/hashicorp/azurerm\"]",
      "instances": [
        {
          "schema_version": 0,
          "attributes": {
            "bypass": [
              "AzureServices"
            ],
            "default_action": "Allow",
            "id": "/subscriptions/bf3ff429-d86d-43a1-9326-f625a1e8bb50/resourceGroups/wiz-exercise-rg/providers/Microsoft.Storage/storageAccounts/wizexbsga02rk",
            "ip_rules": [],
            "private_link_access": [],
            "storage_account_id": "/subscriptions/bf3ff429-d86d-43a1-9326-f625a1e8bb50/resourceGroups/wiz-exercise-rg/providers/Microsoft.Storage/storageAccounts/wizexbsga02rk",
            "timeouts": null,
            "virtual_network_subnet_ids": []
          },
          "sensitive_attributes": [],
          "private": "eyJlMmJmYjczMC1lY2FhLTExZTYtOGY4OC0zNDM2M2JjN2M0YzAiOnsiY3JlYXRlIjozNjAwMDAwMDAwMDAwLCJkZWxldGUiOjM2MDAwMDAwMDAwMDAsInJlYWQiOjMwMDAwMDAwMDAwMCwidXBkYXRlIjozNjAwMDAwMDAwMDAwfX0=",
          "dependencies": [
            "azurerm_resource_group.wiz_exercise",
            "module.storage.azurerm_storage_account.wiz_storage",
            "module.storage.random_string.suffix"
          ]
        }
      ]
    },
    {
      "module": "module.storage",
      "mode": "managed",
      "type": "azurerm_storage_container",
      "name": "mongodb_backups",
      "provider": "provider[\"registry.terraform.io/hashicorp/azurerm\"]",
      "instances": [
        {
          "schema_version": 1,
          "attributes": {
            "container_access_type": "blob",
            "default_encryption_scope": "$account-encryption-key",
            "encryption_scope_override_enabled": true,
            "has_immutability_policy": false,
            "has_legal_hold": false,
            "id": "https://wizexbsga02rk.blob.core.windows.net/mongodb-backups",
            "metadata": {},
            "name": "mongodb-backups",
            "resource_manager_id": "/subscriptions/bf3ff429-d86d-43a1-9326-f625a1e8bb50/resourceGroups/wiz-exercise-rg/providers/Microsoft.Storage/storageAccounts/wizexbsga02rk/blobServices/default/containers/mongodb-backups",
            "storage_account_name": "wizexbsga02rk",
            "timeouts": null
          },
          "sensitive_attributes": [],
          "private": "eyJlMmJmYjczMC1lY2FhLTExZTYtOGY4OC0zNDM2M2JjN2M0YzAiOnsiY3JlYXRlIjoxODAwMDAwMDAwMDAwLCJkZWxldGUiOjE4MDAwMDAwMDAwMDAsInJlYWQiOjMwMDAwMDAwMDAwMCwidXBkYXRlIjoxODAwMDAwMDAwMDAwfSwic2NoZW1hX3ZlcnNpb24iOiIxIn0=",
          "dependencies": [
            "azurerm_resource_group.wiz_exercise",
            "module.storage.azurerm_storage_account.wiz_storage",
            "module.storage.random_string.suffix"
          ]
        }
      ]
    },
    {
      "module": "module.storage",
      "mode": "managed",
      "type": "random_string",
      "name": "suffix",
      "provider": "provider[\"registry.terraform.io/hashicorp/random\"]",
      "instances": [
        {
          "schema_version": 2,
          "attributes": {
            "id": "bsga02rk",
            "keepers": null,
            "length": 8,
            "lower": true,
            "min_lower": 0,
            "min_numeric": 0,
            "min_special": 0,
            "min_upper": 0,
            "number": true,
            "numeric": true,
            "override_special": null,
            "result": "bsga02rk",
            "special": false,
            "upper": false
          },
          "sensitive_attributes": []
        }
      ]
    }
  ],
  "check_results": null
}
