{
  "version": 4,
  "terraform_version": "1.11.4",
  "serial": 108,
  "lineage": "a84f7a1d-19a9-fbbf-dfd1-6a978511eae0",
  "outputs": {
    "acr_admin_username": {
      "value": "wizexerciseacrwtjk9oc1",
      "type": "string"
    },
    "acr_login_server": {
      "value": "wizexerciseacrwtjk9oc1.azurecr.io",
      "type": "string"
    },
    "acr_name": {
      "value": "wizexerciseacrwtjk9oc1",
      "type": "string"
    },
    "aks_cluster_name": {
      "value": "wiz-aks-cluster",
      "type": "string"
    },
    "backup_container_url": {
      "value": "https://backupsqkjhjnda.blob.core.windows.net/mongodb-backups",
      "type": "string"
    },
    "backup_security_warning": {
      "value": "WARNING: Backup storage is publicly accessible! This is intentional for security testing.",
      "type": "string"
    },
    "backup_storage_account_name": {
      "value": "backupsqkjhjnda",
      "type": "string"
    },
    "mongodb_admin_password": {
      "value": "Azure_123456",
      "type": "string",
      "sensitive": true
    },
    "mongodb_admin_username": {
      "value": "azureuser",
      "type": "string"
    },
    "mongodb_backup_info": {
      "value": {
        "container_name": "mongodb-backups",
        "public_url": "https://backupsqkjhjnda.blob.core.windows.net/mongodb-backups",
        "retention": "30 days",
        "schedule": "Daily at 2:00 AM UTC",
        "security_risk": "CRITICAL - Publicly accessible backups",
        "storage_account": "backupsqkjhjnda"
      },
      "type": [
        "object",
        {
          "container_name": "string",
          "public_url": "string",
          "retention": "string",
          "schedule": "string",
          "security_risk": "string",
          "storage_account": "string"
        }
      ]
    },
    "mongodb_vm_public_ip": {
      "value": "20.57.76.234",
      "type": "string"
    },
    "storage_account_name": {
      "value": "wizexqkjhjnda",
      "type": "string"
    }
  },
  "resources": [
    {
      "mode": "managed",
      "type": "azurerm_resource_group",
      "name": "wiz_exercise",
      "provider": "provider[\"registry.terraform.io/hashicorp/azurerm\"]",
      "instances": [
        {
          "schema_version": 0,
          "attributes": {
            "id": "/subscriptions/bedc16a0-d4ca-4f6c-900d-98ff912d9d19/resourceGroups/wiz-exercise-rg",
            "location": "eastus2",
            "managed_by": "",
            "name": "wiz-exercise-rg",
            "tags": {},
            "timeouts": null
          },
          "sensitive_attributes": [],
          "private": "eyJlMmJmYjczMC1lY2FhLTExZTYtOGY4OC0zNDM2M2JjN2M0YzAiOnsiY3JlYXRlIjo1NDAwMDAwMDAwMDAwLCJkZWxldGUiOjU0MDAwMDAwMDAwMDAsInJlYWQiOjMwMDAwMDAwMDAwMCwidXBkYXRlIjo1NDAwMDAwMDAwMDAwfX0="
        }
      ]
    },
    {
      "mode": "managed",
      "type": "azurerm_role_assignment",
      "name": "aks_acr_pull",
      "provider": "provider[\"registry.terraform.io/hashicorp/azurerm\"]",
      "instances": [
        {
          "schema_version": 0,
          "attributes": {
            "condition": "",
            "condition_version": "",
            "delegated_managed_identity_resource_id": "",
            "description": "",
            "id": "/subscriptions/bedc16a0-d4ca-4f6c-900d-98ff912d9d19/resourceGroups/wiz-exercise-rg/providers/Microsoft.ContainerRegistry/registries/wizexerciseacrwtjk9oc1/providers/Microsoft.Authorization/roleAssignments/54add657-5cb0-d77b-0918-759e620505fb",
            "name": "54add657-5cb0-d77b-0918-759e620505fb",
            "principal_id": "c3aaa082-0031-412f-87c2-e6100328553b",
            "principal_type": "ServicePrincipal",
            "role_definition_id": "/subscriptions/bedc16a0-d4ca-4f6c-900d-98ff912d9d19/providers/Microsoft.Authorization/roleDefinitions/7f951dda-4ed3-4680-a7ca-43fe172d538d",
            "role_definition_name": "AcrPull",
            "scope": "/subscriptions/bedc16a0-d4ca-4f6c-900d-98ff912d9d19/resourceGroups/wiz-exercise-rg/providers/Microsoft.ContainerRegistry/registries/wizexerciseacrwtjk9oc1",
            "skip_service_principal_aad_check": true,
            "timeouts": null
          },
          "sensitive_attributes": [],
          "private": "eyJlMmJmYjczMC1lY2FhLTExZTYtOGY4OC0zNDM2M2JjN2M0YzAiOnsiY3JlYXRlIjoxODAwMDAwMDAwMDAwLCJkZWxldGUiOjE4MDAwMDAwMDAwMDAsInJlYWQiOjMwMDAwMDAwMDAwMH19",
          "dependencies": [
            "azurerm_resource_group.wiz_exercise",
            "module.acr.azurerm_container_registry.wiz_acr",
            "module.acr.random_string.acr_suffix",
            "module.aks.azurerm_user_assigned_identity.aks_kubelet"
          ]
        }
      ]
    },
    {
      "module": "module.acr",
      "mode": "managed",
      "type": "azurerm_container_registry",
      "name": "wiz_acr",
      "provider": "provider[\"registry.terraform.io/hashicorp/azurerm\"]",
      "instances": [
        {
          "schema_version": 2,
          "attributes": {
            "admin_enabled": true,
            "admin_password": "bKW490mpIHXomOQ9jKRj3edd6bZ4xzua8Mu8Q+MnqW+ACRAOf6sZ",
            "admin_username": "wizexerciseacrwtjk9oc1",
            "anonymous_pull_enabled": false,
            "data_endpoint_enabled": false,
            "encryption": [
              {
                "enabled": false,
                "identity_client_id": "",
                "key_vault_key_id": ""
              }
            ],
            "export_policy_enabled": true,
            "georeplications": [],
            "id": "/subscriptions/bedc16a0-d4ca-4f6c-900d-98ff912d9d19/resourceGroups/wiz-exercise-rg/providers/Microsoft.ContainerRegistry/registries/wizexerciseacrwtjk9oc1",
            "identity": [],
            "location": "eastus2",
            "login_server": "wizexerciseacrwtjk9oc1.azurecr.io",
            "name": "wizexerciseacrwtjk9oc1",
            "network_rule_bypass_option": "AzureServices",
            "network_rule_set": [],
            "public_network_access_enabled": true,
            "quarantine_policy_enabled": false,
            "resource_group_name": "wiz-exercise-rg",
            "retention_policy": [
              {
                "days": 7,
                "enabled": false
              }
            ],
            "sku": "Basic",
            "tags": {},
            "timeouts": null,
            "trust_policy": [
              {
                "enabled": false
              }
            ],
            "zone_redundancy_enabled": false
          },
          "sensitive_attributes": [
            [
              {
                "type": "get_attr",
                "value": "admin_password"
              }
            ]
          ],
          "private": "eyJlMmJmYjczMC1lY2FhLTExZTYtOGY4OC0zNDM2M2JjN2M0YzAiOnsiY3JlYXRlIjoxODAwMDAwMDAwMDAwLCJkZWxldGUiOjE4MDAwMDAwMDAwMDAsInJlYWQiOjMwMDAwMDAwMDAwMCwidXBkYXRlIjoxODAwMDAwMDAwMDAwfSwic2NoZW1hX3ZlcnNpb24iOiIyIn0=",
          "dependencies": [
            "azurerm_resource_group.wiz_exercise",
            "module.acr.random_string.acr_suffix"
          ]
        }
      ]
    },
    {
      "module": "module.acr",
      "mode": "managed",
      "type": "random_string",
      "name": "acr_suffix",
      "provider": "provider[\"registry.terraform.io/hashicorp/random\"]",
      "instances": [
        {
          "schema_version": 2,
          "attributes": {
            "id": "wtjk9oc1",
            "keepers": null,
            "length": 8,
            "lower": true,
            "min_lower": 0,
            "min_numeric": 0,
            "min_special": 0,
            "min_upper": 0,
            "number": true,
            "numeric": true,
            "override_special": null,
            "result": "wtjk9oc1",
            "special": false,
            "upper": false
          },
          "sensitive_attributes": []
        }
      ]
    },
    {
      "module": "module.aks",
      "mode": "data",
      "type": "kubernetes_namespace",
      "name": "wiz_app",
      "provider": "module.aks.provider[\"registry.terraform.io/hashicorp/kubernetes\"]",
      "instances": [
        {
          "schema_version": 0,
          "attributes": {
            "id": "wiz-app",
            "metadata": [
              {
                "annotations": {},
                "generation": 0,
                "labels": {
                  "kubernetes.io/metadata.name": "wiz-app"
                },
                "name": "wiz-app",
                "resource_version": "1429",
                "uid": "b5c0615f-b3ff-4238-ab97-2bd683ffd0ae"
              }
            ],
            "spec": [
              {
                "finalizers": [
                  "kubernetes"
                ]
              }
            ]
          },
          "sensitive_attributes": []
        }
      ]
    },
    {
      "module": "module.aks",
      "mode": "managed",
      "type": "azurerm_kubernetes_cluster",
      "name": "wiz_aks",
      "provider": "provider[\"registry.terraform.io/hashicorp/azurerm\"]",
      "instances": [
        {
          "schema_version": 2,
          "attributes": {
            "aci_connector_linux": [],
            "api_server_access_profile": [],
            "api_server_authorized_ip_ranges": [],
            "auto_scaler_profile": [],
            "automatic_channel_upgrade": "",
            "azure_active_directory_role_based_access_control": [],
            "azure_policy_enabled": null,
            "confidential_computing": [],
            "cost_analysis_enabled": false,
            "current_kubernetes_version": "1.31.8",
            "custom_ca_trust_certificates_base64": [],
            "default_node_pool": [
              {
                "capacity_reservation_group_id": "",
                "custom_ca_trust_enabled": false,
                "enable_auto_scaling": false,
                "enable_host_encryption": false,
                "enable_node_public_ip": false,
                "fips_enabled": false,
                "gpu_instance": "",
                "host_group_id": "",
                "kubelet_config": [],
                "kubelet_disk_type": "OS",
                "linux_os_config": [],
                "max_count": 0,
                "max_pods": 30,
                "message_of_the_day": "",
                "min_count": 0,
                "name": "default",
                "node_count": 2,
                "node_labels": {},
                "node_network_profile": [],
                "node_public_ip_prefix_id": "",
                "node_taints": [],
                "only_critical_addons_enabled": false,
                "orchestrator_version": "1.31",
                "os_disk_size_gb": 128,
                "os_disk_type": "Managed",
                "os_sku": "Ubuntu",
                "pod_subnet_id": "",
                "proximity_placement_group_id": "",
                "scale_down_mode": "Delete",
                "snapshot_id": "",
                "tags": {},
                "temporary_name_for_rotation": "",
                "type": "VirtualMachineScaleSets",
                "ultra_ssd_enabled": false,
                "upgrade_settings": [
                  {
                    "drain_timeout_in_minutes": 0,
                    "max_surge": "10%",
                    "node_soak_duration_in_minutes": 0
                  }
                ],
                "vm_size": "Standard_D2s_v3",
                "vnet_subnet_id": "/subscriptions/bedc16a0-d4ca-4f6c-900d-98ff912d9d19/resourceGroups/wiz-exercise-rg/providers/Microsoft.Network/virtualNetworks/wiz-vnet/subnets/kubernetes-subnet",
                "workload_runtime": "",
                "zones": []
              }
            ],
            "disk_encryption_set_id": "",
            "dns_prefix": "wizaks",
            "dns_prefix_private_cluster": "",
            "edge_zone": "",
            "enable_pod_security_policy": false,
            "fqdn": "wizaks-72y4yp0p.hcp.eastus2.azmk8s.io",
            "http_application_routing_enabled": null,
            "http_application_routing_zone_name": null,
            "http_proxy_config": [],
            "id": "/subscriptions/bedc16a0-d4ca-4f6c-900d-98ff912d9d19/resourceGroups/wiz-exercise-rg/providers/Microsoft.ContainerService/managedClusters/wiz-aks-cluster",
            "identity": [
              {
                "identity_ids": [
                  "/subscriptions/bedc16a0-d4ca-4f6c-900d-98ff912d9d19/resourceGroups/wiz-exercise-rg/providers/Microsoft.ManagedIdentity/userAssignedIdentities/aks-control-plane-identity"
                ],
                "principal_id": "",
                "tenant_id": "",
                "type": "UserAssigned"
              }
            ],
            "image_cleaner_enabled": false,
            "image_cleaner_interval_hours": 48,
            "ingress_application_gateway": [],
            "key_management_service": [],
            "key_vault_secrets_provider": [],
            "kube_admin_config": [],
            "kube_admin_config_raw": "",
            "kube_config": [
              {
                "client_certificate": "LS0tLS1CRUdJTiBDRVJUSUZJQ0FURS0tLS0tCk1JSUZIVENDQXdXZ0F3SUJBZ0lRUWt2WVBIUW9ZTFR1RFc2eDVpckNMekFOQmdrcWhraUc5dzBCQVFzRkFEQU4KTVFzd0NRWURWUVFERXdKallUQWVGdzB5TlRBMk1UY3dNelEzTkRCYUZ3MHlOekEyTVRjd016VTNOREJhTURBeApGekFWQmdOVkJBb1REbk41YzNSbGJUcHRZWE4wWlhKek1SVXdFd1lEVlFRREV3eHRZWE4wWlhKamJHbGxiblF3CmdnSWlNQTBHQ1NxR1NJYjNEUUVCQVFVQUE0SUNEd0F3Z2dJS0FvSUNBUURLT3hEN3gyeTJmeUhxY1F1dUNTVkkKd2U0WUFLaVlaMTNValFvOHNwZGJQOWp4ZnRjM2xaOUc4MUpKc01ROFlJcGtqUkhsRGpuTnJ4K29ZZVhQV2UrRQpWNlV1MllHZndCZHE1MFhoam8xSFJsUGhsNlozTE44eTB2a3ZxblBaK0VnWHA2ZlJENEt2RXRwWlo0S3lraEdHCm5Rc1JUNU53Y0ZnYW1vVXorNVlXSWlMT1dtM1l4ZUZkcDBzcE5EVitmZThDUWdqUHJmdUxIeTh4NDJDQzNVaXIKNDREWUxjV3dVUzRpTFdMVk5CVWtKcGZJWGlUYkRQS1ZlVFRna0tJUXU5cGo5bk8rZkl3V3dHOEhVWE84NGNDLwpxODVXdlBCV3MyTWQ1RG5hZ2NKSVkwSFYva3ZxMlkwQXR0bWdUNUdsZzR5YlJOdW9mbWxweXUyTjEreDIzTmxiCm1wK0FFa2poajdnYTI5ZHpUemlSUEEyeTVkVVBsb0cxbWpkb1hEVEM3anZOcS9HY3FrY1ZtR2VMN24vNkU2c2wKbnl3THkrdThJQmVPcGpSanpFU2x5bUlsZ2VLdTNaWGJNSngvaytCb0xkbXdrdnlWTEpKRmgram9YQ2ZwS3RZbApxZ3pYcjNpRzZQZElVV0lydUZCT0MyWUE1dkdOUytiaHFnb1VBRjRRTkc2V0h0STVPc2JyakoxRUNQNnZCUlNRCmtIRW1uak8yWjAzUWd5OEFLRGNob25iTTlxUlNxS1VNbHJyQ2dsejd0WVZ5R3hqVUdUNW50aWk5a2FJaHZORVgKRTdTanIxd3RJS1hvQVhDYnBQVk1YVW1hbG9JSzRPQjBoMG50WEszNkZhdXdjZWoxeWxkQjJRZzRSbHpySGIxcwpWSUw0cWF3L0FSWStXRG5GNXptZVh3SURBUUFCbzFZd1ZEQU9CZ05WSFE4QkFmOEVCQU1DQmFBd0V3WURWUjBsCkJBd3dDZ1lJS3dZQkJRVUhBd0l3REFZRFZSMFRBUUgvQkFJd0FEQWZCZ05WSFNNRUdEQVdnQlJNVU1zSnpndFkKSmFmV2NrUzk1Z05ZL1R1S0dqQU5CZ2txaGtpRzl3MEJBUXNGQUFPQ0FnRUF2Q0IycGVxUGl5NDNlNCtDZzBwTAoyY1NnazJyVmluQmtlU1Z4NXhwbE5kc05WbmZnc2I3UWxCK3VMQk1oSnBZWFA5ZTNsWUp1a3M2S2M3ZEF2R25vCmJ0L1QyRm52SlV6VndCaUh4bEhMSktqaDJLODVVam5mR0Jjb252MFJTY00xVkZzd0pDTXlJSWJXRzROVzdsblgKeUJlRnVmclgyU3c2UDcrU3pLL3ZLVjBDUndnRWtmdGRlVXZkSUhGeVN4c2ZSeWlGc3BPWlBNbjg2dHpmaGZJbQpqWGFsRE9nTWpEVWVyOW04eG9HRWIwZVVRaHJRS0JublJHV1c3d0QrSy9zOFNXVy9NaWpmVUU0WU55alVHaFVTCkJOM3NwbGw2RjNKb3BIeGZEVjAxbDVLSGNXOThwMVNvcWZrZG1xTTZOOERGUGdjOU9KRFo4SDIxRzdqYjR5WVYKVDVYbWlhRjdhekkyV08xcFR6QzlIcDNZWmh4cTBqWG45TlEwUDExRG81WGdBazJ6K3RWRS9ZMTRsU0JKTGJjMwpKbFlGdGpTK2VSMG9vSlhCRXB2cFBPRys2RHBjamhOMEx0MUFyUmdneXVRdmw0YUdyZ09ManA1Vm5sZldhTWJ1CkVmR1BjRHdsMEFJdS9NU2o2TThRaU9iTFJMQWR4Z1dNTTJUOXNTeXBVY1FOWkFZVnN4dmVJNnNjNHhTZHc5UksKdGh6NS9aM21TYzZxZElvV1pYNHl3OVhmdFJHNHRuempTWGUvZDQvSDJlZmdXblVlbksvNHJSUXZueWVPVUhScwpiOXNmNUxXQ3hKSHMwRlBVeENFL25LRnpyWFkrUTBqZmoyOVV1Y0dmM1h3NFkraHpTY25uYjVvODAxOGF2ekw5CnFaMC9ybXJOMTZibkw0cjN0U2ZVVmM0PQotLS0tLUVORCBDRVJUSUZJQ0FURS0tLS0tCg==",
                "client_key": "LS0tLS1CRUdJTiBSU0EgUFJJVkFURSBLRVktLS0tLQpNSUlKS0FJQkFBS0NBZ0VBeWpzUSs4ZHN0bjhoNm5FTHJna2xTTUh1R0FDb21HZGQxSTBLUExLWFd6L1k4WDdYCk41V2ZSdk5TU2JERVBHQ0taSTBSNVE0NXphOGZxR0hsejFudmhGZWxMdG1CbjhBWGF1ZEY0WTZOUjBaVDRaZW0KZHl6Zk10TDVMNnB6MmZoSUY2ZW4wUStDcnhMYVdXZUNzcElSaHAwTEVVK1RjSEJZR3BxRk0vdVdGaUlpemxwdAoyTVhoWGFkTEtUUTFmbjN2QWtJSXo2MzdpeDh2TWVOZ2d0MUlxK09BMkMzRnNGRXVJaTFpMVRRVkpDYVh5RjRrCjJ3enlsWGswNEpDaUVMdmFZL1p6dm55TUZzQnZCMUZ6dk9IQXY2dk9Wcnp3VnJOakhlUTUyb0hDU0dOQjFmNUwKNnRtTkFMYlpvRStScFlPTW0wVGJxSDVwYWNydGpkZnNkdHpaVzVxZmdCSkk0WSs0R3R2WGMwODRrVHdOc3VYVgpENWFCdFpvM2FGdzB3dTQ3emF2eG5LcEhGWmhuaSs1LytoT3JKWjhzQzh2cnZDQVhqcVkwWTh4RXBjcGlKWUhpCnJ0MlYyekNjZjVQZ2FDM1pzSkw4bFN5U1JZZm82RnduNlNyV0phb00xNjk0aHVqM1NGRmlLN2hRVGd0bUFPYngKalV2bTRhb0tGQUJlRURSdWxoN1NPVHJHNjR5ZFJBaityd1VVa0pCeEpwNHp0bWROMElNdkFDZzNJYUoyelBhawpVcWlsREphNndvSmMrN1dGY2hzWTFCaytaN1lvdlpHaUlielJGeE8wbzY5Y0xTQ2w2QUZ3bTZUMVRGMUptcGFDCkN1RGdkSWRKN1Z5dCtoV3JzSEhvOWNwWFFka0lPRVpjNngyOWJGU0MrS21zUHdFV1BsZzV4ZWM1bmw4Q0F3RUEKQVFLQ0FnQUlEMXFaN2xUUzRUWkUxY1NWWngvcFNuRm0yMy9jc3lIMk9yalJ1bngxMHBHZTdtTTlmK1VkT3Mxbwp5bmJId1VGQ3lLeVI2SU05UTJHTG9IczhUR1ZUYlByVVp5N1hZeHlMMGpQaXpYK3IrNDJVVENzQ1RQT0lYd2czCmNoK3o3RVZUVEFkUU9jSUhvRVM3azNpT0RXeE5aU3p2djdBc3B3MmI0ZFMxUWEyMXJCNmZBdE9sOUIwTFVvT1kKWE5CVS9rZnNXeDFteVpSZzh4azZiOG1FN2JUYnhQRjVyRGxZMGFONUVUNERLVlErWUp0a0RQeUREbjBNb0F3UApkelErWG41UnhaelBWcjl1bUxUVUlkYnZERUJXWTA2Ui9tM0Z4dGlJZEhRcDFVb2RBSGU3UTZ0YTdOakYwb1BSCjg5bm1NdHdEeERiTS9GelBMcHRSTCszb3Z0eWF5OTBPUjhqM2hmZjlaL0ROVTBJKzVkL0lQWiswaTAvck9FbGsKNE5WMnNlMnVaelh3Vk9TRHNPbVh5TFljRWYrb0t5SjZQUGVQcXNkNVJRbStIV2YyczlyN05QaU9qWE9LRE1GbwoxQmNZNkJJVUdzZStKeTZ5TGZHdkxyN3A2SzJFMldTMkF4RGE0UHNjSDh4MTJkeFdIdER4NXkySUJxTk12azJBCmpBWDl1UWt1c3lxTUgrRHc4K09Tb1lETnBVdEFmWFJ6d0lLYXlvSHE0Tm56RjVBczFJRXBXdFRQZjdvdnp2Wk4KaVlFNmhCOUJYSTVBalc5TEhHSURlbXdyTVJpeEpVNGVMcldNWWs1MmtEWGlNSVlGS0VoaHdrWVl4ZmFZU2RPNQpZOFk2ZXZ0NjlXa2JsNVdWTzNOT01mZVIxT1FqOEw5ZjdrQ3EwaU9NR0NaallpNzFBUUtDQVFFQTg0TkY1MnpjCnBGaFI0T0NTZm5idnZZNEEzOEtTUFNvUzllSks3SGowMkhFL094UUNsUklYSUl2RkNFY0pxSnFVMjFhRHNYbG8KaVJ1VFhVRDg5UEtMR200RmhSSUR2d0JOZlh4U2tVSDNNdDR2V0tQb3JLdnE1V2JNNVNwN1pOMDBLeUhLdzdZMgoxYlhRZnlOOFZ3VUJnSmRrVEIwL0NXMzRoUEVBK01sUmV1S3IvSE5XakZ2amlYVEtiVUQwR2lVK2Y3Y28xN3N4CnpJVTNXcmZReHUwYUpXdkFKaXcrcXJ3bC9UY1BBUEhsOWpoM3ZtOFd4dEF1SVhqQ2hSTWxVT2NWOUtlUFFZZHoKcnZ1R1lHVnpQd0xsZThTcGpuWm83VzY5alFrUUI1MWJhczljL1dXSU1PcHJWUm9qSytlVE1HR3hPYUJsNks1TApuMTNtZUpCSjZnSXhQd0tDQVFFQTFKbmNZMkx5bVJnYWgrR1ZpZGI3UWtFbmZ6ZUZTVGt6U0lra1JsY1pCaEtvCm5yTk9pTVpoNTlyc3MzYk42SXNQZ3VPQ3ExTG14Q2NaMEV6ZWZ1aWl2ZWJqT2Y3NXVOZDI3c1N0RHl2ZWNMRmsKaG1xZHRTSXp3cXNwSk5sTUdTUHE4QkJhTEk1Zms2WWMrY2lGTkdNM0VERHhSZEFTUXU0d3V3Y25SQmtWRVhoVwpzYnZlSVpLTHA4TVZKRG15ZXJsdnluV29tK1piVk81OWNiSC9BdUZSSCs5czNUR3MxVjFobGl2V0JndzF3d3dsCmdTa0srZGhwMVVObWJLUmp5NVVhek11bzdnMm9tY1FycUhMUDlEeFZBM25EcjludjlkdThiTG9VcUpzdUNNSGUKaW5ZQUp6b3ZhQXJ1anh6RFROSnZ2emN2elJZbTJ3VDJyYUZNR3NncTRRS0NBUUFaUVZzbHBsKzMxOFVlS294bQorMVRmOXZOV1FhckRGek1DTjJjSDRYK2JWeHQwdUIyUWNtRGRxa0ZVRzNILy81QkNzMVZUT2NGQ3Z3NW9sSTNuCnBhUVJxS2wvNUo5bzF0SXltb3RCcjNMQTN0UlFRQ2VvaU9nQ3hNZXBXTitWVlcvTXJXT0hLc1hESW1rdVZuTFYKMzVvSlNTcEl6cHUwRWFpOXVQVWQyRnRRQUdSUCtYSlhla3c5L0ZQbVF0OU9PdUNoaEZDREYxSVI0UnNkbUlUWgpyTXVTWi90MHVoQUJ5eU94Z0YxWS9yMlg3TUZXaWRUMTU2OXhIMElsWlJmd3JSYlUyZS84bnR5N29EQ09uTmI0CkNRZmQ3MGFhbE9OTEJMbzUvMStmT28yNXBTb0N5ZDMzSE1qbStaLytOTFZLUmtlSUwzK0NRMWxxZk9XalNXdXgKRG1zbkFvSUJBUUM2czNmQWEvZWlESEhZSEhubk43MGxYUFJqbXcxWTFYdTgybnJacnNsUjlQYlJqNk9MSjdSNQpHVisrNXJsQzIwUSs3SzhtNTBHeXhxZTdycFhDRzJnM250aXphTUJDM0MwYzEra21wcDdNbG13eVF0VEdhZ2ZNCmorVXM4QXNORk9iUDlYeExIcWkra0NWb0Vma3duV1NRdW5wWGxiZER3Y3RYbzV1UENQdmdnSzZabk9NZzFvSUEKVEtoM1RKZjVnSG0wOFlpbGlERnlyNUhJVThrZjdXRUJ5NC90M0I3c3JQbnpHQUgzQTZmKzV0N1V3NGRaQy8wOQpCTmlnMWVpeHN2cDdHT3I4UzFCaDRNMTZPNEYxK2JtcXVMYnA2bGo1cndPVTlBRUtaR1NUMmpVbG9TVFhUaGl0CnBOUUZKL3cycmFMbTZINzQrdGdhaFF4Z1JJTUNEZ0RoQW9JQkFDRGwxYlA4WVZzUTVScjBLMHFIcXVHZkhKUzEKMThIQ3hKNFFvR2g3RWo3L0NJbTJpMTZTQUV1SGY1UkFjTUd4TjlLTUpmbGFIZXA2c3Bua3M1b3dYVGMrZmdTNgpDZFd2NXp1N29sNHdzdnFFOGdxVFNhYnhmcGhNdWlqNmFSeE1nRS9TOXJ1RytsT3NxRUhkWG1Fb3FVeS9YZVNvCllMamNleXljem5oQlFMenp3SEY0aE9PS09XeUdvb3JmeVpjVWJSYzlVR2tHVnBwM0hpR3JRNGZVekd3RE1HWU8KV05relZramdJcFgzZ1lZT3NITTdUUTRjQktMVXJqTlprVjlFcDNHbTYzd3JFVjhXSG45OVRjVHpTQm93UzVybQptNTU2UHJBTGR3UWsxVkV2a0lCdWlrRzNpajNHdGxpdWs4ckhLUTlEWkY4TU05RDFzZG82aDlQeW81RT0KLS0tLS1FTkQgUlNBIFBSSVZBVEUgS0VZLS0tLS0K",
                "cluster_ca_certificate": "LS0tLS1CRUdJTiBDRVJUSUZJQ0FURS0tLS0tCk1JSUU2VENDQXRHZ0F3SUJBZ0lSQUlEUEg1TTMwL2UvU1gvQXQvZUdhdDB3RFFZSktvWklodmNOQVFFTEJRQXcKRFRFTE1Ba0dBMVVFQXhNQ1kyRXdJQmNOTWpVd05qRTNNRE0wTnpRd1doZ1BNakExTlRBMk1UY3dNelUzTkRCYQpNQTB4Q3pBSkJnTlZCQU1UQW1OaE1JSUNJakFOQmdrcWhraUc5dzBCQVFFRkFBT0NBZzhBTUlJQ0NnS0NBZ0VBCnpQcUFhTzFuZXNXSmJMemhhSW5JTmhDNW40d3ZqTUE5MVdadi8vcHBzQ2FITWxjbDhoWHZQb1RQRDZrdm00ZUoKZHIxdmRieWNmTU8xYnhzcnB5dHRoRVN4SGYwK0lxci9WOWVFRnppMXhuUHZGeHByVXdkTEVkYXpJc25CMGp0RQp1VTBPZWIrOVNnaGh3U3VkRnBKYUd2cUx2cCtLNmhrM3U1RTZXS2Q5VEpNMjA5L1cyRVduYm0ycGw5ckphcEpSClpod3laSG5nZzYzcmVrWUJCS1lQL2w3bXZiUlBLdTB5ZHB5b3B2TTZhTU5obStpbUFNbjBhb1pHV0NMM29sWkEKR2ZIeFJ6SDc0c1dKSnFBclBzS2Y2NFFQcXl3YjEwUFpSZjlGN3Fjc0lJTEM5aUw4dzg3OEdrWXh5ZXp2RUV0KworZGd1OXp6TWJUZTBtYTVpblVweklOUHJhUFJtdHAyRjliWkx3ejhTWEQ1aW5hcVM3V050TldIVkFmUWZGRFpECnY3MVFDN2pvNytWSytETndWSHgyc2N0S1RxODU5N3BDaVNNa2pKNnNLbks5dTRGYXhtRkV6Y3hZanZ0UkRmUDIKN3VrR1ExWVRwZXpzaE9IYzR0NEdYNTR1WDFJZUJJMFN2SUNGenkzNE5rNUwvalJ1MjJRZnJiUHYrMWdHaW91agpHQ3J3Ulg1YkMyR1NlOXFhako5ZDRDV29zR253dytKQjFtYXhpWWlaVjVsNjR0MFR5dFNpcXJVUFhyNlVNbk5oClBLSmhYSFJrd2NqaUQ0Qjl3WmdPOGQ5R3hBeGdmdmNCSXZuampYZDlJVElvVU5ic0NGaU56enBKaUxBQTduOWkKUEtONXFtMmlETExTZUxTNVVaVldGdnhubFdSQWRrOWkxQ0paVXpmZ1BUOENBd0VBQWFOQ01FQXdEZ1lEVlIwUApBUUgvQkFRREFnS2tNQThHQTFVZEV3RUIvd1FGTUFNQkFmOHdIUVlEVlIwT0JCWUVGRXhReXduT0MxZ2xwOVp5ClJMM21BMWo5TzRvYU1BMEdDU3FHU0liM0RRRUJDd1VBQTRJQ0FRQmZ2ZGMvcjc0WERabDIrUnNmQnBOa0ZjY3cKbVcxV0Q0VElwaFJDYWFRKzMxTklHcTNXMVAvTHBDejd5TmV5TitYVjBkMHhmN3RKYThMcXFMUEZyenErYTBLagpTcmptRU9uc2JBR2RVM2VCYmVScUMzTHdWdUZ6dDlzekVWUVdKeGdOdzE5V3Zvc3hnWktGMlZsNGhJQ1Yxdk5wCno2cWlrbmVOSkpXMWNmV2VDVk9DVVArTG41RnNBYlh3KzdwVGkwWndNM3pQWk9PS1ZvZmdoQVdiY2VWTXg2cmoKTHdFSHdWMlU3VDJGTWhoajZwMmZRRGlKUnhPZWMxMnBZVmdPcXFuUXM0ai9FMXAwVVdGOFdUR2EwWGtyTEUySQpuVGQwRzNRTkdYTmZnT0Zab2tibGxDVGpRRFgzbStCMHFNYmk2b1BtekVOQ3F1cksxdWd6T00vczdYdFZyTlpMCmVabUU2TkNSeUk5K05DelFQMmd5aFBDQjFWZEZvQ0k3RWdWT3I3cEtyVlppVHpyV0ZsaWUxTzhydEd4Ni9oVU4KU2t4d1pKVm40WWNSenAxcGVzY3BudHFVZk9mc3BOTGMyYzBubHFENy9pdFlYWDA4NWtkbmZobVZkRGFRMXJ2cApxdjlsejM0eWNMcmhkK3B4ZEhhQzZMeTJBT0Uvc1lPOTREWStkR1kzU09GSmp3UFJ2dlZHTDFCUnFURkhrYmRDCklyR0FrRXZ4eWNqWHFvMnVPU2lYMGR6NndUMUFBSjhJRjdsUk5jSk1tWnVLUFQxTVNGUTBpaTZOZ3hBQnZ5Zm8KUWwyUDdpUHdpUHk5RjRBeVFkL29UT0NPVnJXazZqTkZZL25sWjBFTllLcnZ2SFh1S1labk82VGYvYS9qU0hyQwpPZkppaC9mdXgyZWQ4RGJsWlE9PQotLS0tLUVORCBDRVJUSUZJQ0FURS0tLS0tCg==",
                "host": "https://wizaks-72y4yp0p.hcp.eastus2.azmk8s.io:443",
                "password": "ofh6mjyruaj7l3i3v0go5nyglzh9l4mqrlgfibpdlyq6ns7g6nt9w46v51l5hixiqf1kaerybsz2oi9et1nhc5myvsddq960be4spsht001ssk1ufe2alyx9o483ml66",
                "username": "clusterUser_wiz-exercise-rg_wiz-aks-cluster"
              }
            ],
            "kube_config_raw": "apiVersion: v1\nclusters:\n- cluster:\n    certificate-authority-data: LS0tLS1CRUdJTiBDRVJUSUZJQ0FURS0tLS0tCk1JSUU2VENDQXRHZ0F3SUJBZ0lSQUlEUEg1TTMwL2UvU1gvQXQvZUdhdDB3RFFZSktvWklodmNOQVFFTEJRQXcKRFRFTE1Ba0dBMVVFQXhNQ1kyRXdJQmNOTWpVd05qRTNNRE0wTnpRd1doZ1BNakExTlRBMk1UY3dNelUzTkRCYQpNQTB4Q3pBSkJnTlZCQU1UQW1OaE1JSUNJakFOQmdrcWhraUc5dzBCQVFFRkFBT0NBZzhBTUlJQ0NnS0NBZ0VBCnpQcUFhTzFuZXNXSmJMemhhSW5JTmhDNW40d3ZqTUE5MVdadi8vcHBzQ2FITWxjbDhoWHZQb1RQRDZrdm00ZUoKZHIxdmRieWNmTU8xYnhzcnB5dHRoRVN4SGYwK0lxci9WOWVFRnppMXhuUHZGeHByVXdkTEVkYXpJc25CMGp0RQp1VTBPZWIrOVNnaGh3U3VkRnBKYUd2cUx2cCtLNmhrM3U1RTZXS2Q5VEpNMjA5L1cyRVduYm0ycGw5ckphcEpSClpod3laSG5nZzYzcmVrWUJCS1lQL2w3bXZiUlBLdTB5ZHB5b3B2TTZhTU5obStpbUFNbjBhb1pHV0NMM29sWkEKR2ZIeFJ6SDc0c1dKSnFBclBzS2Y2NFFQcXl3YjEwUFpSZjlGN3Fjc0lJTEM5aUw4dzg3OEdrWXh5ZXp2RUV0KworZGd1OXp6TWJUZTBtYTVpblVweklOUHJhUFJtdHAyRjliWkx3ejhTWEQ1aW5hcVM3V050TldIVkFmUWZGRFpECnY3MVFDN2pvNytWSytETndWSHgyc2N0S1RxODU5N3BDaVNNa2pKNnNLbks5dTRGYXhtRkV6Y3hZanZ0UkRmUDIKN3VrR1ExWVRwZXpzaE9IYzR0NEdYNTR1WDFJZUJJMFN2SUNGenkzNE5rNUwvalJ1MjJRZnJiUHYrMWdHaW91agpHQ3J3Ulg1YkMyR1NlOXFhako5ZDRDV29zR253dytKQjFtYXhpWWlaVjVsNjR0MFR5dFNpcXJVUFhyNlVNbk5oClBLSmhYSFJrd2NqaUQ0Qjl3WmdPOGQ5R3hBeGdmdmNCSXZuampYZDlJVElvVU5ic0NGaU56enBKaUxBQTduOWkKUEtONXFtMmlETExTZUxTNVVaVldGdnhubFdSQWRrOWkxQ0paVXpmZ1BUOENBd0VBQWFOQ01FQXdEZ1lEVlIwUApBUUgvQkFRREFnS2tNQThHQTFVZEV3RUIvd1FGTUFNQkFmOHdIUVlEVlIwT0JCWUVGRXhReXduT0MxZ2xwOVp5ClJMM21BMWo5TzRvYU1BMEdDU3FHU0liM0RRRUJDd1VBQTRJQ0FRQmZ2ZGMvcjc0WERabDIrUnNmQnBOa0ZjY3cKbVcxV0Q0VElwaFJDYWFRKzMxTklHcTNXMVAvTHBDejd5TmV5TitYVjBkMHhmN3RKYThMcXFMUEZyenErYTBLagpTcmptRU9uc2JBR2RVM2VCYmVScUMzTHdWdUZ6dDlzekVWUVdKeGdOdzE5V3Zvc3hnWktGMlZsNGhJQ1Yxdk5wCno2cWlrbmVOSkpXMWNmV2VDVk9DVVArTG41RnNBYlh3KzdwVGkwWndNM3pQWk9PS1ZvZmdoQVdiY2VWTXg2cmoKTHdFSHdWMlU3VDJGTWhoajZwMmZRRGlKUnhPZWMxMnBZVmdPcXFuUXM0ai9FMXAwVVdGOFdUR2EwWGtyTEUySQpuVGQwRzNRTkdYTmZnT0Zab2tibGxDVGpRRFgzbStCMHFNYmk2b1BtekVOQ3F1cksxdWd6T00vczdYdFZyTlpMCmVabUU2TkNSeUk5K05DelFQMmd5aFBDQjFWZEZvQ0k3RWdWT3I3cEtyVlppVHpyV0ZsaWUxTzhydEd4Ni9oVU4KU2t4d1pKVm40WWNSenAxcGVzY3BudHFVZk9mc3BOTGMyYzBubHFENy9pdFlYWDA4NWtkbmZobVZkRGFRMXJ2cApxdjlsejM0eWNMcmhkK3B4ZEhhQzZMeTJBT0Uvc1lPOTREWStkR1kzU09GSmp3UFJ2dlZHTDFCUnFURkhrYmRDCklyR0FrRXZ4eWNqWHFvMnVPU2lYMGR6NndUMUFBSjhJRjdsUk5jSk1tWnVLUFQxTVNGUTBpaTZOZ3hBQnZ5Zm8KUWwyUDdpUHdpUHk5RjRBeVFkL29UT0NPVnJXazZqTkZZL25sWjBFTllLcnZ2SFh1S1labk82VGYvYS9qU0hyQwpPZkppaC9mdXgyZWQ4RGJsWlE9PQotLS0tLUVORCBDRVJUSUZJQ0FURS0tLS0tCg==\n    server: https://wizaks-72y4yp0p.hcp.eastus2.azmk8s.io:443\n  name: wiz-aks-cluster\ncontexts:\n- context:\n    cluster: wiz-aks-cluster\n    user: clusterUser_wiz-exercise-rg_wiz-aks-cluster\n  name: wiz-aks-cluster\ncurrent-context: wiz-aks-cluster\nkind: Config\npreferences: {}\nusers:\n- name: clusterUser_wiz-exercise-rg_wiz-aks-cluster\n  user:\n    client-certificate-data: LS0tLS1CRUdJTiBDRVJUSUZJQ0FURS0tLS0tCk1JSUZIVENDQXdXZ0F3SUJBZ0lRUWt2WVBIUW9ZTFR1RFc2eDVpckNMekFOQmdrcWhraUc5dzBCQVFzRkFEQU4KTVFzd0NRWURWUVFERXdKallUQWVGdzB5TlRBMk1UY3dNelEzTkRCYUZ3MHlOekEyTVRjd016VTNOREJhTURBeApGekFWQmdOVkJBb1REbk41YzNSbGJUcHRZWE4wWlhKek1SVXdFd1lEVlFRREV3eHRZWE4wWlhKamJHbGxiblF3CmdnSWlNQTBHQ1NxR1NJYjNEUUVCQVFVQUE0SUNEd0F3Z2dJS0FvSUNBUURLT3hEN3gyeTJmeUhxY1F1dUNTVkkKd2U0WUFLaVlaMTNValFvOHNwZGJQOWp4ZnRjM2xaOUc4MUpKc01ROFlJcGtqUkhsRGpuTnJ4K29ZZVhQV2UrRQpWNlV1MllHZndCZHE1MFhoam8xSFJsUGhsNlozTE44eTB2a3ZxblBaK0VnWHA2ZlJENEt2RXRwWlo0S3lraEdHCm5Rc1JUNU53Y0ZnYW1vVXorNVlXSWlMT1dtM1l4ZUZkcDBzcE5EVitmZThDUWdqUHJmdUxIeTh4NDJDQzNVaXIKNDREWUxjV3dVUzRpTFdMVk5CVWtKcGZJWGlUYkRQS1ZlVFRna0tJUXU5cGo5bk8rZkl3V3dHOEhVWE84NGNDLwpxODVXdlBCV3MyTWQ1RG5hZ2NKSVkwSFYva3ZxMlkwQXR0bWdUNUdsZzR5YlJOdW9mbWxweXUyTjEreDIzTmxiCm1wK0FFa2poajdnYTI5ZHpUemlSUEEyeTVkVVBsb0cxbWpkb1hEVEM3anZOcS9HY3FrY1ZtR2VMN24vNkU2c2wKbnl3THkrdThJQmVPcGpSanpFU2x5bUlsZ2VLdTNaWGJNSngvaytCb0xkbXdrdnlWTEpKRmgram9YQ2ZwS3RZbApxZ3pYcjNpRzZQZElVV0lydUZCT0MyWUE1dkdOUytiaHFnb1VBRjRRTkc2V0h0STVPc2JyakoxRUNQNnZCUlNRCmtIRW1uak8yWjAzUWd5OEFLRGNob25iTTlxUlNxS1VNbHJyQ2dsejd0WVZ5R3hqVUdUNW50aWk5a2FJaHZORVgKRTdTanIxd3RJS1hvQVhDYnBQVk1YVW1hbG9JSzRPQjBoMG50WEszNkZhdXdjZWoxeWxkQjJRZzRSbHpySGIxcwpWSUw0cWF3L0FSWStXRG5GNXptZVh3SURBUUFCbzFZd1ZEQU9CZ05WSFE4QkFmOEVCQU1DQmFBd0V3WURWUjBsCkJBd3dDZ1lJS3dZQkJRVUhBd0l3REFZRFZSMFRBUUgvQkFJd0FEQWZCZ05WSFNNRUdEQVdnQlJNVU1zSnpndFkKSmFmV2NrUzk1Z05ZL1R1S0dqQU5CZ2txaGtpRzl3MEJBUXNGQUFPQ0FnRUF2Q0IycGVxUGl5NDNlNCtDZzBwTAoyY1NnazJyVmluQmtlU1Z4NXhwbE5kc05WbmZnc2I3UWxCK3VMQk1oSnBZWFA5ZTNsWUp1a3M2S2M3ZEF2R25vCmJ0L1QyRm52SlV6VndCaUh4bEhMSktqaDJLODVVam5mR0Jjb252MFJTY00xVkZzd0pDTXlJSWJXRzROVzdsblgKeUJlRnVmclgyU3c2UDcrU3pLL3ZLVjBDUndnRWtmdGRlVXZkSUhGeVN4c2ZSeWlGc3BPWlBNbjg2dHpmaGZJbQpqWGFsRE9nTWpEVWVyOW04eG9HRWIwZVVRaHJRS0JublJHV1c3d0QrSy9zOFNXVy9NaWpmVUU0WU55alVHaFVTCkJOM3NwbGw2RjNKb3BIeGZEVjAxbDVLSGNXOThwMVNvcWZrZG1xTTZOOERGUGdjOU9KRFo4SDIxRzdqYjR5WVYKVDVYbWlhRjdhekkyV08xcFR6QzlIcDNZWmh4cTBqWG45TlEwUDExRG81WGdBazJ6K3RWRS9ZMTRsU0JKTGJjMwpKbFlGdGpTK2VSMG9vSlhCRXB2cFBPRys2RHBjamhOMEx0MUFyUmdneXVRdmw0YUdyZ09ManA1Vm5sZldhTWJ1CkVmR1BjRHdsMEFJdS9NU2o2TThRaU9iTFJMQWR4Z1dNTTJUOXNTeXBVY1FOWkFZVnN4dmVJNnNjNHhTZHc5UksKdGh6NS9aM21TYzZxZElvV1pYNHl3OVhmdFJHNHRuempTWGUvZDQvSDJlZmdXblVlbksvNHJSUXZueWVPVUhScwpiOXNmNUxXQ3hKSHMwRlBVeENFL25LRnpyWFkrUTBqZmoyOVV1Y0dmM1h3NFkraHpTY25uYjVvODAxOGF2ekw5CnFaMC9ybXJOMTZibkw0cjN0U2ZVVmM0PQotLS0tLUVORCBDRVJUSUZJQ0FURS0tLS0tCg==\n    client-key-data: LS0tLS1CRUdJTiBSU0EgUFJJVkFURSBLRVktLS0tLQpNSUlKS0FJQkFBS0NBZ0VBeWpzUSs4ZHN0bjhoNm5FTHJna2xTTUh1R0FDb21HZGQxSTBLUExLWFd6L1k4WDdYCk41V2ZSdk5TU2JERVBHQ0taSTBSNVE0NXphOGZxR0hsejFudmhGZWxMdG1CbjhBWGF1ZEY0WTZOUjBaVDRaZW0KZHl6Zk10TDVMNnB6MmZoSUY2ZW4wUStDcnhMYVdXZUNzcElSaHAwTEVVK1RjSEJZR3BxRk0vdVdGaUlpemxwdAoyTVhoWGFkTEtUUTFmbjN2QWtJSXo2MzdpeDh2TWVOZ2d0MUlxK09BMkMzRnNGRXVJaTFpMVRRVkpDYVh5RjRrCjJ3enlsWGswNEpDaUVMdmFZL1p6dm55TUZzQnZCMUZ6dk9IQXY2dk9Wcnp3VnJOakhlUTUyb0hDU0dOQjFmNUwKNnRtTkFMYlpvRStScFlPTW0wVGJxSDVwYWNydGpkZnNkdHpaVzVxZmdCSkk0WSs0R3R2WGMwODRrVHdOc3VYVgpENWFCdFpvM2FGdzB3dTQ3emF2eG5LcEhGWmhuaSs1LytoT3JKWjhzQzh2cnZDQVhqcVkwWTh4RXBjcGlKWUhpCnJ0MlYyekNjZjVQZ2FDM1pzSkw4bFN5U1JZZm82RnduNlNyV0phb00xNjk0aHVqM1NGRmlLN2hRVGd0bUFPYngKalV2bTRhb0tGQUJlRURSdWxoN1NPVHJHNjR5ZFJBaityd1VVa0pCeEpwNHp0bWROMElNdkFDZzNJYUoyelBhawpVcWlsREphNndvSmMrN1dGY2hzWTFCaytaN1lvdlpHaUlielJGeE8wbzY5Y0xTQ2w2QUZ3bTZUMVRGMUptcGFDCkN1RGdkSWRKN1Z5dCtoV3JzSEhvOWNwWFFka0lPRVpjNngyOWJGU0MrS21zUHdFV1BsZzV4ZWM1bmw4Q0F3RUEKQVFLQ0FnQUlEMXFaN2xUUzRUWkUxY1NWWngvcFNuRm0yMy9jc3lIMk9yalJ1bngxMHBHZTdtTTlmK1VkT3Mxbwp5bmJId1VGQ3lLeVI2SU05UTJHTG9IczhUR1ZUYlByVVp5N1hZeHlMMGpQaXpYK3IrNDJVVENzQ1RQT0lYd2czCmNoK3o3RVZUVEFkUU9jSUhvRVM3azNpT0RXeE5aU3p2djdBc3B3MmI0ZFMxUWEyMXJCNmZBdE9sOUIwTFVvT1kKWE5CVS9rZnNXeDFteVpSZzh4azZiOG1FN2JUYnhQRjVyRGxZMGFONUVUNERLVlErWUp0a0RQeUREbjBNb0F3UApkelErWG41UnhaelBWcjl1bUxUVUlkYnZERUJXWTA2Ui9tM0Z4dGlJZEhRcDFVb2RBSGU3UTZ0YTdOakYwb1BSCjg5bm1NdHdEeERiTS9GelBMcHRSTCszb3Z0eWF5OTBPUjhqM2hmZjlaL0ROVTBJKzVkL0lQWiswaTAvck9FbGsKNE5WMnNlMnVaelh3Vk9TRHNPbVh5TFljRWYrb0t5SjZQUGVQcXNkNVJRbStIV2YyczlyN05QaU9qWE9LRE1GbwoxQmNZNkJJVUdzZStKeTZ5TGZHdkxyN3A2SzJFMldTMkF4RGE0UHNjSDh4MTJkeFdIdER4NXkySUJxTk12azJBCmpBWDl1UWt1c3lxTUgrRHc4K09Tb1lETnBVdEFmWFJ6d0lLYXlvSHE0Tm56RjVBczFJRXBXdFRQZjdvdnp2Wk4KaVlFNmhCOUJYSTVBalc5TEhHSURlbXdyTVJpeEpVNGVMcldNWWs1MmtEWGlNSVlGS0VoaHdrWVl4ZmFZU2RPNQpZOFk2ZXZ0NjlXa2JsNVdWTzNOT01mZVIxT1FqOEw5ZjdrQ3EwaU9NR0NaallpNzFBUUtDQVFFQTg0TkY1MnpjCnBGaFI0T0NTZm5idnZZNEEzOEtTUFNvUzllSks3SGowMkhFL094UUNsUklYSUl2RkNFY0pxSnFVMjFhRHNYbG8KaVJ1VFhVRDg5UEtMR200RmhSSUR2d0JOZlh4U2tVSDNNdDR2V0tQb3JLdnE1V2JNNVNwN1pOMDBLeUhLdzdZMgoxYlhRZnlOOFZ3VUJnSmRrVEIwL0NXMzRoUEVBK01sUmV1S3IvSE5XakZ2amlYVEtiVUQwR2lVK2Y3Y28xN3N4CnpJVTNXcmZReHUwYUpXdkFKaXcrcXJ3bC9UY1BBUEhsOWpoM3ZtOFd4dEF1SVhqQ2hSTWxVT2NWOUtlUFFZZHoKcnZ1R1lHVnpQd0xsZThTcGpuWm83VzY5alFrUUI1MWJhczljL1dXSU1PcHJWUm9qSytlVE1HR3hPYUJsNks1TApuMTNtZUpCSjZnSXhQd0tDQVFFQTFKbmNZMkx5bVJnYWgrR1ZpZGI3UWtFbmZ6ZUZTVGt6U0lra1JsY1pCaEtvCm5yTk9pTVpoNTlyc3MzYk42SXNQZ3VPQ3ExTG14Q2NaMEV6ZWZ1aWl2ZWJqT2Y3NXVOZDI3c1N0RHl2ZWNMRmsKaG1xZHRTSXp3cXNwSk5sTUdTUHE4QkJhTEk1Zms2WWMrY2lGTkdNM0VERHhSZEFTUXU0d3V3Y25SQmtWRVhoVwpzYnZlSVpLTHA4TVZKRG15ZXJsdnluV29tK1piVk81OWNiSC9BdUZSSCs5czNUR3MxVjFobGl2V0JndzF3d3dsCmdTa0srZGhwMVVObWJLUmp5NVVhek11bzdnMm9tY1FycUhMUDlEeFZBM25EcjludjlkdThiTG9VcUpzdUNNSGUKaW5ZQUp6b3ZhQXJ1anh6RFROSnZ2emN2elJZbTJ3VDJyYUZNR3NncTRRS0NBUUFaUVZzbHBsKzMxOFVlS294bQorMVRmOXZOV1FhckRGek1DTjJjSDRYK2JWeHQwdUIyUWNtRGRxa0ZVRzNILy81QkNzMVZUT2NGQ3Z3NW9sSTNuCnBhUVJxS2wvNUo5bzF0SXltb3RCcjNMQTN0UlFRQ2VvaU9nQ3hNZXBXTitWVlcvTXJXT0hLc1hESW1rdVZuTFYKMzVvSlNTcEl6cHUwRWFpOXVQVWQyRnRRQUdSUCtYSlhla3c5L0ZQbVF0OU9PdUNoaEZDREYxSVI0UnNkbUlUWgpyTXVTWi90MHVoQUJ5eU94Z0YxWS9yMlg3TUZXaWRUMTU2OXhIMElsWlJmd3JSYlUyZS84bnR5N29EQ09uTmI0CkNRZmQ3MGFhbE9OTEJMbzUvMStmT28yNXBTb0N5ZDMzSE1qbStaLytOTFZLUmtlSUwzK0NRMWxxZk9XalNXdXgKRG1zbkFvSUJBUUM2czNmQWEvZWlESEhZSEhubk43MGxYUFJqbXcxWTFYdTgybnJacnNsUjlQYlJqNk9MSjdSNQpHVisrNXJsQzIwUSs3SzhtNTBHeXhxZTdycFhDRzJnM250aXphTUJDM0MwYzEra21wcDdNbG13eVF0VEdhZ2ZNCmorVXM4QXNORk9iUDlYeExIcWkra0NWb0Vma3duV1NRdW5wWGxiZER3Y3RYbzV1UENQdmdnSzZabk9NZzFvSUEKVEtoM1RKZjVnSG0wOFlpbGlERnlyNUhJVThrZjdXRUJ5NC90M0I3c3JQbnpHQUgzQTZmKzV0N1V3NGRaQy8wOQpCTmlnMWVpeHN2cDdHT3I4UzFCaDRNMTZPNEYxK2JtcXVMYnA2bGo1cndPVTlBRUtaR1NUMmpVbG9TVFhUaGl0CnBOUUZKL3cycmFMbTZINzQrdGdhaFF4Z1JJTUNEZ0RoQW9JQkFDRGwxYlA4WVZzUTVScjBLMHFIcXVHZkhKUzEKMThIQ3hKNFFvR2g3RWo3L0NJbTJpMTZTQUV1SGY1UkFjTUd4TjlLTUpmbGFIZXA2c3Bua3M1b3dYVGMrZmdTNgpDZFd2NXp1N29sNHdzdnFFOGdxVFNhYnhmcGhNdWlqNmFSeE1nRS9TOXJ1RytsT3NxRUhkWG1Fb3FVeS9YZVNvCllMamNleXljem5oQlFMenp3SEY0aE9PS09XeUdvb3JmeVpjVWJSYzlVR2tHVnBwM0hpR3JRNGZVekd3RE1HWU8KV05relZramdJcFgzZ1lZT3NITTdUUTRjQktMVXJqTlprVjlFcDNHbTYzd3JFVjhXSG45OVRjVHpTQm93UzVybQptNTU2UHJBTGR3UWsxVkV2a0lCdWlrRzNpajNHdGxpdWs4ckhLUTlEWkY4TU05RDFzZG82aDlQeW81RT0KLS0tLS1FTkQgUlNBIFBSSVZBVEUgS0VZLS0tLS0K\n    token: ofh6mjyruaj7l3i3v0go5nyglzh9l4mqrlgfibpdlyq6ns7g6nt9w46v51l5hixiqf1kaerybsz2oi9et1nhc5myvsddq960be4spsht001ssk1ufe2alyx9o483ml66\n",
            "kubelet_identity": [
              {
                "client_id": "d83b444b-768a-435c-b640-bc707349cf07",
                "object_id": "c3aaa082-0031-412f-87c2-e6100328553b",
                "user_assigned_identity_id": "/subscriptions/bedc16a0-d4ca-4f6c-900d-98ff912d9d19/resourceGroups/wiz-exercise-rg/providers/Microsoft.ManagedIdentity/userAssignedIdentities/aks-kubelet-identity"
              }
            ],
            "kubernetes_version": "1.31",
            "linux_profile": [],
            "local_account_disabled": false,
            "location": "eastus2",
            "maintenance_window": [],
            "maintenance_window_auto_upgrade": [],
            "maintenance_window_node_os": [],
            "microsoft_defender": [],
            "monitor_metrics": [],
            "name": "wiz-aks-cluster",
            "network_profile": [
              {
                "dns_service_ip": "10.0.3.10",
                "docker_bridge_cidr": "",
                "ebpf_data_plane": "",
                "ip_versions": [
                  "IPv4"
                ],
                "load_balancer_profile": [
                  {
                    "effective_outbound_ips": [
                      "/subscriptions/bedc16a0-d4ca-4f6c-900d-98ff912d9d19/resourceGroups/MC_wiz-exercise-rg_wiz-aks-cluster_eastus2/providers/Microsoft.Network/publicIPAddresses/5eb474fb-73a0-413c-8810-7ded05e4aff5"
                    ],
                    "idle_timeout_in_minutes": 0,
                    "managed_outbound_ip_count": 1,
                    "managed_outbound_ipv6_count": 0,
                    "outbound_ip_address_ids": [],
                    "outbound_ip_prefix_ids": [],
                    "outbound_ports_allocated": 0
                  }
                ],
                "load_balancer_sku": "standard",
                "nat_gateway_profile": [],
                "network_data_plane": "azure",
                "network_mode": "",
                "network_plugin": "azure",
                "network_plugin_mode": "",
                "network_policy": "azure",
                "outbound_ip_address_ids": [],
                "outbound_ip_prefix_ids": [],
                "outbound_type": "loadBalancer",
                "pod_cidr": "",
                "pod_cidrs": [],
                "service_cidr": "10.0.3.0/24",
                "service_cidrs": [
                  "10.0.3.0/24"
                ]
              }
            ],
            "node_os_channel_upgrade": null,
            "node_resource_group": "MC_wiz-exercise-rg_wiz-aks-cluster_eastus2",
            "node_resource_group_id": "/subscriptions/bedc16a0-d4ca-4f6c-900d-98ff912d9d19/resourceGroups/MC_wiz-exercise-rg_wiz-aks-cluster_eastus2",
            "oidc_issuer_enabled": false,
            "oidc_issuer_url": "",
            "oms_agent": [],
            "open_service_mesh_enabled": null,
            "portal_fqdn": "wizaks-72y4yp0p.portal.hcp.eastus2.azmk8s.io",
            "private_cluster_enabled": false,
            "private_cluster_public_fqdn_enabled": false,
            "private_dns_zone_id": "",
            "private_fqdn": "",
            "public_network_access_enabled": true,
            "resource_group_name": "wiz-exercise-rg",
            "role_based_access_control_enabled": true,
            "run_command_enabled": true,
            "service_mesh_profile": [],
            "service_principal": [],
            "sku_tier": "Free",
            "storage_profile": [],
            "support_plan": "KubernetesOfficial",
            "tags": {},
            "timeouts": null,
            "web_app_routing": [],
            "windows_profile": [
              {
                "admin_password": "",
                "admin_username": "azureuser",
                "gmsa": [],
                "license": ""
              }
            ],
            "workload_autoscaler_profile": [],
            "workload_identity_enabled": false
          },
          "sensitive_attributes": [
            [
              {
                "type": "get_attr",
                "value": "kube_config_raw"
              }
            ],
            [
              {
                "type": "get_attr",
                "value": "kube_admin_config_raw"
              }
            ],
            [
              {
                "type": "get_attr",
                "value": "kube_config"
              }
            ],
            [
              {
                "type": "get_attr",
                "value": "kube_admin_config"
              }
            ],
            [
              {
                "type": "get_attr",
                "value": "windows_profile"
              },
              {
                "type": "index",
                "value": {
                  "value": 0,
                  "type": "number"
                }
              },
              {
                "type": "get_attr",
                "value": "admin_password"
              }
            ]
          ],
          "private": "eyJlMmJmYjczMC1lY2FhLTExZTYtOGY4OC0zNDM2M2JjN2M0YzAiOnsiY3JlYXRlIjo1NDAwMDAwMDAwMDAwLCJkZWxldGUiOjU0MDAwMDAwMDAwMDAsInJlYWQiOjMwMDAwMDAwMDAwMCwidXBkYXRlIjo1NDAwMDAwMDAwMDAwfSwic2NoZW1hX3ZlcnNpb24iOiIyIn0=",
          "dependencies": [
            "azurerm_resource_group.wiz_exercise",
            "module.aks.azurerm_role_assignment.control_plane_managed_identity_operator",
            "module.aks.azurerm_user_assigned_identity.aks_control_plane",
            "module.aks.azurerm_user_assigned_identity.aks_kubelet",
            "module.network.azurerm_subnet.kubernetes_subnet",
            "module.network.azurerm_virtual_network.wiz_vnet"
          ]
        }
      ]
    },
    {
      "module": "module.aks",
      "mode": "managed",
      "type": "azurerm_role_assignment",
      "name": "control_plane_managed_identity_operator",
      "provider": "provider[\"registry.terraform.io/hashicorp/azurerm\"]",
      "instances": [
        {
          "schema_version": 0,
          "attributes": {
            "condition": "",
            "condition_version": "",
            "delegated_managed_identity_resource_id": "",
            "description": "",
            "id": "/subscriptions/bedc16a0-d4ca-4f6c-900d-98ff912d9d19/resourceGroups/wiz-exercise-rg/providers/Microsoft.ManagedIdentity/userAssignedIdentities/aks-kubelet-identity/providers/Microsoft.Authorization/roleAssignments/d7c72c3c-a33c-8041-8896-646c1aa18578",
            "name": "d7c72c3c-a33c-8041-8896-646c1aa18578",
            "principal_id": "0d5ba4aa-2fe7-4b25-99c2-746343d9e16c",
            "principal_type": "ServicePrincipal",
            "role_definition_id": "/subscriptions/bedc16a0-d4ca-4f6c-900d-98ff912d9d19/providers/Microsoft.Authorization/roleDefinitions/f1a07417-d97a-45cb-824c-7a7467783830",
            "role_definition_name": "Managed Identity Operator",
            "scope": "/subscriptions/bedc16a0-d4ca-4f6c-900d-98ff912d9d19/resourceGroups/wiz-exercise-rg/providers/Microsoft.ManagedIdentity/userAssignedIdentities/aks-kubelet-identity",
            "skip_service_principal_aad_check": null,
            "timeouts": null
          },
          "sensitive_attributes": [],
          "private": "eyJlMmJmYjczMC1lY2FhLTExZTYtOGY4OC0zNDM2M2JjN2M0YzAiOnsiY3JlYXRlIjoxODAwMDAwMDAwMDAwLCJkZWxldGUiOjE4MDAwMDAwMDAwMDAsInJlYWQiOjMwMDAwMDAwMDAwMH19",
          "dependencies": [
            "azurerm_resource_group.wiz_exercise",
            "module.aks.azurerm_user_assigned_identity.aks_control_plane",
            "module.aks.azurerm_user_assigned_identity.aks_kubelet"
          ]
        }
      ]
    },
    {
      "module": "module.aks",
      "mode": "managed",
      "type": "azurerm_user_assigned_identity",
      "name": "aks_control_plane",
      "provider": "provider[\"registry.terraform.io/hashicorp/azurerm\"]",
      "instances": [
        {
          "schema_version": 1,
          "attributes": {
            "client_id": "c2275299-ea64-4b33-8cf7-a7f8aa128ac6",
            "id": "/subscriptions/bedc16a0-d4ca-4f6c-900d-98ff912d9d19/resourceGroups/wiz-exercise-rg/providers/Microsoft.ManagedIdentity/userAssignedIdentities/aks-control-plane-identity",
            "location": "eastus2",
            "name": "aks-control-plane-identity",
            "principal_id": "0d5ba4aa-2fe7-4b25-99c2-746343d9e16c",
            "resource_group_name": "wiz-exercise-rg",
            "tags": {},
            "tenant_id": "a816de9e-88b2-4fd8-9afc-84d67d5b0d45",
            "timeouts": null
          },
          "sensitive_attributes": [],
          "private": "eyJlMmJmYjczMC1lY2FhLTExZTYtOGY4OC0zNDM2M2JjN2M0YzAiOnsiY3JlYXRlIjoxODAwMDAwMDAwMDAwLCJkZWxldGUiOjE4MDAwMDAwMDAwMDAsInJlYWQiOjMwMDAwMDAwMDAwMCwidXBkYXRlIjoxODAwMDAwMDAwMDAwfSwic2NoZW1hX3ZlcnNpb24iOiIxIn0=",
          "dependencies": [
            "azurerm_resource_group.wiz_exercise"
          ]
        }
      ]
    },
    {
      "module": "module.aks",
      "mode": "managed",
      "type": "azurerm_user_assigned_identity",
      "name": "aks_kubelet",
      "provider": "provider[\"registry.terraform.io/hashicorp/azurerm\"]",
      "instances": [
        {
          "schema_version": 1,
          "attributes": {
            "client_id": "d83b444b-768a-435c-b640-bc707349cf07",
            "id": "/subscriptions/bedc16a0-d4ca-4f6c-900d-98ff912d9d19/resourceGroups/wiz-exercise-rg/providers/Microsoft.ManagedIdentity/userAssignedIdentities/aks-kubelet-identity",
            "location": "eastus2",
            "name": "aks-kubelet-identity",
            "principal_id": "c3aaa082-0031-412f-87c2-e6100328553b",
            "resource_group_name": "wiz-exercise-rg",
            "tags": {},
            "tenant_id": "a816de9e-88b2-4fd8-9afc-84d67d5b0d45",
            "timeouts": null
          },
          "sensitive_attributes": [],
          "private": "eyJlMmJmYjczMC1lY2FhLTExZTYtOGY4OC0zNDM2M2JjN2M0YzAiOnsiY3JlYXRlIjoxODAwMDAwMDAwMDAwLCJkZWxldGUiOjE4MDAwMDAwMDAwMDAsInJlYWQiOjMwMDAwMDAwMDAwMCwidXBkYXRlIjoxODAwMDAwMDAwMDAwfSwic2NoZW1hX3ZlcnNpb24iOiIxIn0=",
          "dependencies": [
            "azurerm_resource_group.wiz_exercise"
          ]
        }
      ]
    },
    {
      "module": "module.aks",
      "mode": "managed",
      "type": "kubernetes_secret",
      "name": "app_secrets",
      "provider": "module.aks.provider[\"registry.terraform.io/hashicorp/kubernetes\"]",
      "instances": [
        {
          "schema_version": 0,
          "attributes": {
            "binary_data": null,
            "binary_data_wo": null,
            "binary_data_wo_revision": null,
            "data": {
              "SECRET_KEY": "Wm_uv$Pl6n8raE4N?bKw\u003ckZ?p(y?\u0026D$I"
            },
            "data_wo": null,
            "data_wo_revision": null,
            "id": "wiz-app/app-secrets",
            "immutable": false,
            "metadata": [
              {
                "annotations": {},
                "generate_name": "",
                "generation": 0,
                "labels": {},
                "name": "app-secrets",
                "namespace": "wiz-app",
                "resource_version": "1434",
                "uid": "7de95ee3-d6e4-407f-90c1-dff64bcefdc9"
              }
            ],
            "timeouts": null,
            "type": "Opaque",
            "wait_for_service_account_token": true
          },
          "sensitive_attributes": [
            [
              {
                "type": "get_attr",
                "value": "data"
              }
            ],
            [
              {
                "type": "get_attr",
                "value": "data"
              },
              {
                "type": "index",
                "value": {
                  "value": "SECRET_KEY",
                  "type": "string"
                }
              }
            ],
            [
              {
                "type": "get_attr",
                "value": "binary_data"
              }
            ]
          ],
          "private": "eyJlMmJmYjczMC1lY2FhLTExZTYtOGY4OC0zNDM2M2JjN2M0YzAiOnsiY3JlYXRlIjo2MDAwMDAwMDAwMH19",
          "dependencies": [
            "azurerm_resource_group.wiz_exercise",
            "module.aks.azurerm_kubernetes_cluster.wiz_aks",
            "module.aks.azurerm_role_assignment.control_plane_managed_identity_operator",
            "module.aks.azurerm_user_assigned_identity.aks_control_plane",
            "module.aks.azurerm_user_assigned_identity.aks_kubelet",
            "module.aks.data.kubernetes_namespace.wiz_app",
            "module.aks.local_file.kubeconfig",
            "module.aks.null_resource.namespace_check",
            "module.aks.random_password.app_secret_key",
            "module.network.azurerm_subnet.kubernetes_subnet",
            "module.network.azurerm_virtual_network.wiz_vnet"
          ]
        }
      ]
    },
    {
      "module": "module.aks",
      "mode": "managed",
      "type": "kubernetes_secret",
      "name": "mongodb_connection",
      "provider": "module.aks.provider[\"registry.terraform.io/hashicorp/kubernetes\"]",
      "instances": [
        {
          "schema_version": 0,
          "attributes": {
            "binary_data": null,
            "binary_data_wo": null,
            "binary_data_wo_revision": null,
            "data": {
              "connection-string": "mongodb://azureuser:Azure_123456@10.0.1.4:27017/todoapp?authSource=admin"
            },
            "data_wo": null,
            "data_wo_revision": null,
            "id": "wiz-app/mongodb-connection",
            "immutable": false,
            "metadata": [
              {
                "annotations": {},
                "generate_name": "",
                "generation": 0,
                "labels": {},
                "name": "mongodb-connection",
                "namespace": "wiz-app",
                "resource_version": "1435",
                "uid": "359f712e-fb47-41bb-8cd5-16eb9cce387a"
              }
            ],
            "timeouts": null,
            "type": "Opaque",
            "wait_for_service_account_token": true
          },
          "sensitive_attributes": [
            [
              {
                "type": "get_attr",
                "value": "binary_data"
              }
            ],
            [
              {
                "type": "get_attr",
                "value": "data"
              }
            ],
            [
              {
                "type": "get_attr",
                "value": "data"
              },
              {
                "type": "index",
                "value": {
                  "value": "connection-string",
                  "type": "string"
                }
              }
            ]
          ],
          "private": "eyJlMmJmYjczMC1lY2FhLTExZTYtOGY4OC0zNDM2M2JjN2M0YzAiOnsiY3JlYXRlIjo2MDAwMDAwMDAwMH19",
          "dependencies": [
            "azurerm_resource_group.wiz_exercise",
            "module.aks.azurerm_kubernetes_cluster.wiz_aks",
            "module.aks.azurerm_role_assignment.control_plane_managed_identity_operator",
            "module.aks.azurerm_user_assigned_identity.aks_control_plane",
            "module.aks.azurerm_user_assigned_identity.aks_kubelet",
            "module.aks.data.kubernetes_namespace.wiz_app",
            "module.aks.local_file.kubeconfig",
            "module.aks.null_resource.namespace_check",
            "module.mongodb.azurerm_network_interface.mongodb_nic",
            "module.mongodb.azurerm_public_ip.mongodb_pip",
            "module.network.azurerm_subnet.database_subnet",
            "module.network.azurerm_subnet.kubernetes_subnet",
            "module.network.azurerm_virtual_network.wiz_vnet"
          ]
        }
      ]
    },
    {
      "module": "module.aks",
      "mode": "managed",
      "type": "local_file",
      "name": "kubeconfig",
      "provider": "provider[\"registry.terraform.io/hashicorp/local\"]",
      "instances": [
        {
          "schema_version": 0,
          "attributes": {
            "content": "apiVersion: v1\nclusters:\n- cluster:\n    certificate-authority-data: LS0tLS1CRUdJTiBDRVJUSUZJQ0FURS0tLS0tCk1JSUU2VENDQXRHZ0F3SUJBZ0lSQUlEUEg1TTMwL2UvU1gvQXQvZUdhdDB3RFFZSktvWklodmNOQVFFTEJRQXcKRFRFTE1Ba0dBMVVFQXhNQ1kyRXdJQmNOTWpVd05qRTNNRE0wTnpRd1doZ1BNakExTlRBMk1UY3dNelUzTkRCYQpNQTB4Q3pBSkJnTlZCQU1UQW1OaE1JSUNJakFOQmdrcWhraUc5dzBCQVFFRkFBT0NBZzhBTUlJQ0NnS0NBZ0VBCnpQcUFhTzFuZXNXSmJMemhhSW5JTmhDNW40d3ZqTUE5MVdadi8vcHBzQ2FITWxjbDhoWHZQb1RQRDZrdm00ZUoKZHIxdmRieWNmTU8xYnhzcnB5dHRoRVN4SGYwK0lxci9WOWVFRnppMXhuUHZGeHByVXdkTEVkYXpJc25CMGp0RQp1VTBPZWIrOVNnaGh3U3VkRnBKYUd2cUx2cCtLNmhrM3U1RTZXS2Q5VEpNMjA5L1cyRVduYm0ycGw5ckphcEpSClpod3laSG5nZzYzcmVrWUJCS1lQL2w3bXZiUlBLdTB5ZHB5b3B2TTZhTU5obStpbUFNbjBhb1pHV0NMM29sWkEKR2ZIeFJ6SDc0c1dKSnFBclBzS2Y2NFFQcXl3YjEwUFpSZjlGN3Fjc0lJTEM5aUw4dzg3OEdrWXh5ZXp2RUV0KworZGd1OXp6TWJUZTBtYTVpblVweklOUHJhUFJtdHAyRjliWkx3ejhTWEQ1aW5hcVM3V050TldIVkFmUWZGRFpECnY3MVFDN2pvNytWSytETndWSHgyc2N0S1RxODU5N3BDaVNNa2pKNnNLbks5dTRGYXhtRkV6Y3hZanZ0UkRmUDIKN3VrR1ExWVRwZXpzaE9IYzR0NEdYNTR1WDFJZUJJMFN2SUNGenkzNE5rNUwvalJ1MjJRZnJiUHYrMWdHaW91agpHQ3J3Ulg1YkMyR1NlOXFhako5ZDRDV29zR253dytKQjFtYXhpWWlaVjVsNjR0MFR5dFNpcXJVUFhyNlVNbk5oClBLSmhYSFJrd2NqaUQ0Qjl3WmdPOGQ5R3hBeGdmdmNCSXZuampYZDlJVElvVU5ic0NGaU56enBKaUxBQTduOWkKUEtONXFtMmlETExTZUxTNVVaVldGdnhubFdSQWRrOWkxQ0paVXpmZ1BUOENBd0VBQWFOQ01FQXdEZ1lEVlIwUApBUUgvQkFRREFnS2tNQThHQTFVZEV3RUIvd1FGTUFNQkFmOHdIUVlEVlIwT0JCWUVGRXhReXduT0MxZ2xwOVp5ClJMM21BMWo5TzRvYU1BMEdDU3FHU0liM0RRRUJDd1VBQTRJQ0FRQmZ2ZGMvcjc0WERabDIrUnNmQnBOa0ZjY3cKbVcxV0Q0VElwaFJDYWFRKzMxTklHcTNXMVAvTHBDejd5TmV5TitYVjBkMHhmN3RKYThMcXFMUEZyenErYTBLagpTcmptRU9uc2JBR2RVM2VCYmVScUMzTHdWdUZ6dDlzekVWUVdKeGdOdzE5V3Zvc3hnWktGMlZsNGhJQ1Yxdk5wCno2cWlrbmVOSkpXMWNmV2VDVk9DVVArTG41RnNBYlh3KzdwVGkwWndNM3pQWk9PS1ZvZmdoQVdiY2VWTXg2cmoKTHdFSHdWMlU3VDJGTWhoajZwMmZRRGlKUnhPZWMxMnBZVmdPcXFuUXM0ai9FMXAwVVdGOFdUR2EwWGtyTEUySQpuVGQwRzNRTkdYTmZnT0Zab2tibGxDVGpRRFgzbStCMHFNYmk2b1BtekVOQ3F1cksxdWd6T00vczdYdFZyTlpMCmVabUU2TkNSeUk5K05DelFQMmd5aFBDQjFWZEZvQ0k3RWdWT3I3cEtyVlppVHpyV0ZsaWUxTzhydEd4Ni9oVU4KU2t4d1pKVm40WWNSenAxcGVzY3BudHFVZk9mc3BOTGMyYzBubHFENy9pdFlYWDA4NWtkbmZobVZkRGFRMXJ2cApxdjlsejM0eWNMcmhkK3B4ZEhhQzZMeTJBT0Uvc1lPOTREWStkR1kzU09GSmp3UFJ2dlZHTDFCUnFURkhrYmRDCklyR0FrRXZ4eWNqWHFvMnVPU2lYMGR6NndUMUFBSjhJRjdsUk5jSk1tWnVLUFQxTVNGUTBpaTZOZ3hBQnZ5Zm8KUWwyUDdpUHdpUHk5RjRBeVFkL29UT0NPVnJXazZqTkZZL25sWjBFTllLcnZ2SFh1S1labk82VGYvYS9qU0hyQwpPZkppaC9mdXgyZWQ4RGJsWlE9PQotLS0tLUVORCBDRVJUSUZJQ0FURS0tLS0tCg==\n    server: https://wizaks-72y4yp0p.hcp.eastus2.azmk8s.io:443\n  name: wiz-aks-cluster\ncontexts:\n- context:\n    cluster: wiz-aks-cluster\n    user: clusterUser_wiz-exercise-rg_wiz-aks-cluster\n  name: wiz-aks-cluster\ncurrent-context: wiz-aks-cluster\nkind: Config\npreferences: {}\nusers:\n- name: clusterUser_wiz-exercise-rg_wiz-aks-cluster\n  user:\n    client-certificate-data: LS0tLS1CRUdJTiBDRVJUSUZJQ0FURS0tLS0tCk1JSUZIVENDQXdXZ0F3SUJBZ0lRUWt2WVBIUW9ZTFR1RFc2eDVpckNMekFOQmdrcWhraUc5dzBCQVFzRkFEQU4KTVFzd0NRWURWUVFERXdKallUQWVGdzB5TlRBMk1UY3dNelEzTkRCYUZ3MHlOekEyTVRjd016VTNOREJhTURBeApGekFWQmdOVkJBb1REbk41YzNSbGJUcHRZWE4wWlhKek1SVXdFd1lEVlFRREV3eHRZWE4wWlhKamJHbGxiblF3CmdnSWlNQTBHQ1NxR1NJYjNEUUVCQVFVQUE0SUNEd0F3Z2dJS0FvSUNBUURLT3hEN3gyeTJmeUhxY1F1dUNTVkkKd2U0WUFLaVlaMTNValFvOHNwZGJQOWp4ZnRjM2xaOUc4MUpKc01ROFlJcGtqUkhsRGpuTnJ4K29ZZVhQV2UrRQpWNlV1MllHZndCZHE1MFhoam8xSFJsUGhsNlozTE44eTB2a3ZxblBaK0VnWHA2ZlJENEt2RXRwWlo0S3lraEdHCm5Rc1JUNU53Y0ZnYW1vVXorNVlXSWlMT1dtM1l4ZUZkcDBzcE5EVitmZThDUWdqUHJmdUxIeTh4NDJDQzNVaXIKNDREWUxjV3dVUzRpTFdMVk5CVWtKcGZJWGlUYkRQS1ZlVFRna0tJUXU5cGo5bk8rZkl3V3dHOEhVWE84NGNDLwpxODVXdlBCV3MyTWQ1RG5hZ2NKSVkwSFYva3ZxMlkwQXR0bWdUNUdsZzR5YlJOdW9mbWxweXUyTjEreDIzTmxiCm1wK0FFa2poajdnYTI5ZHpUemlSUEEyeTVkVVBsb0cxbWpkb1hEVEM3anZOcS9HY3FrY1ZtR2VMN24vNkU2c2wKbnl3THkrdThJQmVPcGpSanpFU2x5bUlsZ2VLdTNaWGJNSngvaytCb0xkbXdrdnlWTEpKRmgram9YQ2ZwS3RZbApxZ3pYcjNpRzZQZElVV0lydUZCT0MyWUE1dkdOUytiaHFnb1VBRjRRTkc2V0h0STVPc2JyakoxRUNQNnZCUlNRCmtIRW1uak8yWjAzUWd5OEFLRGNob25iTTlxUlNxS1VNbHJyQ2dsejd0WVZ5R3hqVUdUNW50aWk5a2FJaHZORVgKRTdTanIxd3RJS1hvQVhDYnBQVk1YVW1hbG9JSzRPQjBoMG50WEszNkZhdXdjZWoxeWxkQjJRZzRSbHpySGIxcwpWSUw0cWF3L0FSWStXRG5GNXptZVh3SURBUUFCbzFZd1ZEQU9CZ05WSFE4QkFmOEVCQU1DQmFBd0V3WURWUjBsCkJBd3dDZ1lJS3dZQkJRVUhBd0l3REFZRFZSMFRBUUgvQkFJd0FEQWZCZ05WSFNNRUdEQVdnQlJNVU1zSnpndFkKSmFmV2NrUzk1Z05ZL1R1S0dqQU5CZ2txaGtpRzl3MEJBUXNGQUFPQ0FnRUF2Q0IycGVxUGl5NDNlNCtDZzBwTAoyY1NnazJyVmluQmtlU1Z4NXhwbE5kc05WbmZnc2I3UWxCK3VMQk1oSnBZWFA5ZTNsWUp1a3M2S2M3ZEF2R25vCmJ0L1QyRm52SlV6VndCaUh4bEhMSktqaDJLODVVam5mR0Jjb252MFJTY00xVkZzd0pDTXlJSWJXRzROVzdsblgKeUJlRnVmclgyU3c2UDcrU3pLL3ZLVjBDUndnRWtmdGRlVXZkSUhGeVN4c2ZSeWlGc3BPWlBNbjg2dHpmaGZJbQpqWGFsRE9nTWpEVWVyOW04eG9HRWIwZVVRaHJRS0JublJHV1c3d0QrSy9zOFNXVy9NaWpmVUU0WU55alVHaFVTCkJOM3NwbGw2RjNKb3BIeGZEVjAxbDVLSGNXOThwMVNvcWZrZG1xTTZOOERGUGdjOU9KRFo4SDIxRzdqYjR5WVYKVDVYbWlhRjdhekkyV08xcFR6QzlIcDNZWmh4cTBqWG45TlEwUDExRG81WGdBazJ6K3RWRS9ZMTRsU0JKTGJjMwpKbFlGdGpTK2VSMG9vSlhCRXB2cFBPRys2RHBjamhOMEx0MUFyUmdneXVRdmw0YUdyZ09ManA1Vm5sZldhTWJ1CkVmR1BjRHdsMEFJdS9NU2o2TThRaU9iTFJMQWR4Z1dNTTJUOXNTeXBVY1FOWkFZVnN4dmVJNnNjNHhTZHc5UksKdGh6NS9aM21TYzZxZElvV1pYNHl3OVhmdFJHNHRuempTWGUvZDQvSDJlZmdXblVlbksvNHJSUXZueWVPVUhScwpiOXNmNUxXQ3hKSHMwRlBVeENFL25LRnpyWFkrUTBqZmoyOVV1Y0dmM1h3NFkraHpTY25uYjVvODAxOGF2ekw5CnFaMC9ybXJOMTZibkw0cjN0U2ZVVmM0PQotLS0tLUVORCBDRVJUSUZJQ0FURS0tLS0tCg==\n    client-key-data: LS0tLS1CRUdJTiBSU0EgUFJJVkFURSBLRVktLS0tLQpNSUlKS0FJQkFBS0NBZ0VBeWpzUSs4ZHN0bjhoNm5FTHJna2xTTUh1R0FDb21HZGQxSTBLUExLWFd6L1k4WDdYCk41V2ZSdk5TU2JERVBHQ0taSTBSNVE0NXphOGZxR0hsejFudmhGZWxMdG1CbjhBWGF1ZEY0WTZOUjBaVDRaZW0KZHl6Zk10TDVMNnB6MmZoSUY2ZW4wUStDcnhMYVdXZUNzcElSaHAwTEVVK1RjSEJZR3BxRk0vdVdGaUlpemxwdAoyTVhoWGFkTEtUUTFmbjN2QWtJSXo2MzdpeDh2TWVOZ2d0MUlxK09BMkMzRnNGRXVJaTFpMVRRVkpDYVh5RjRrCjJ3enlsWGswNEpDaUVMdmFZL1p6dm55TUZzQnZCMUZ6dk9IQXY2dk9Wcnp3VnJOakhlUTUyb0hDU0dOQjFmNUwKNnRtTkFMYlpvRStScFlPTW0wVGJxSDVwYWNydGpkZnNkdHpaVzVxZmdCSkk0WSs0R3R2WGMwODRrVHdOc3VYVgpENWFCdFpvM2FGdzB3dTQ3emF2eG5LcEhGWmhuaSs1LytoT3JKWjhzQzh2cnZDQVhqcVkwWTh4RXBjcGlKWUhpCnJ0MlYyekNjZjVQZ2FDM1pzSkw4bFN5U1JZZm82RnduNlNyV0phb00xNjk0aHVqM1NGRmlLN2hRVGd0bUFPYngKalV2bTRhb0tGQUJlRURSdWxoN1NPVHJHNjR5ZFJBaityd1VVa0pCeEpwNHp0bWROMElNdkFDZzNJYUoyelBhawpVcWlsREphNndvSmMrN1dGY2hzWTFCaytaN1lvdlpHaUlielJGeE8wbzY5Y0xTQ2w2QUZ3bTZUMVRGMUptcGFDCkN1RGdkSWRKN1Z5dCtoV3JzSEhvOWNwWFFka0lPRVpjNngyOWJGU0MrS21zUHdFV1BsZzV4ZWM1bmw4Q0F3RUEKQVFLQ0FnQUlEMXFaN2xUUzRUWkUxY1NWWngvcFNuRm0yMy9jc3lIMk9yalJ1bngxMHBHZTdtTTlmK1VkT3Mxbwp5bmJId1VGQ3lLeVI2SU05UTJHTG9IczhUR1ZUYlByVVp5N1hZeHlMMGpQaXpYK3IrNDJVVENzQ1RQT0lYd2czCmNoK3o3RVZUVEFkUU9jSUhvRVM3azNpT0RXeE5aU3p2djdBc3B3MmI0ZFMxUWEyMXJCNmZBdE9sOUIwTFVvT1kKWE5CVS9rZnNXeDFteVpSZzh4azZiOG1FN2JUYnhQRjVyRGxZMGFONUVUNERLVlErWUp0a0RQeUREbjBNb0F3UApkelErWG41UnhaelBWcjl1bUxUVUlkYnZERUJXWTA2Ui9tM0Z4dGlJZEhRcDFVb2RBSGU3UTZ0YTdOakYwb1BSCjg5bm1NdHdEeERiTS9GelBMcHRSTCszb3Z0eWF5OTBPUjhqM2hmZjlaL0ROVTBJKzVkL0lQWiswaTAvck9FbGsKNE5WMnNlMnVaelh3Vk9TRHNPbVh5TFljRWYrb0t5SjZQUGVQcXNkNVJRbStIV2YyczlyN05QaU9qWE9LRE1GbwoxQmNZNkJJVUdzZStKeTZ5TGZHdkxyN3A2SzJFMldTMkF4RGE0UHNjSDh4MTJkeFdIdER4NXkySUJxTk12azJBCmpBWDl1UWt1c3lxTUgrRHc4K09Tb1lETnBVdEFmWFJ6d0lLYXlvSHE0Tm56RjVBczFJRXBXdFRQZjdvdnp2Wk4KaVlFNmhCOUJYSTVBalc5TEhHSURlbXdyTVJpeEpVNGVMcldNWWs1MmtEWGlNSVlGS0VoaHdrWVl4ZmFZU2RPNQpZOFk2ZXZ0NjlXa2JsNVdWTzNOT01mZVIxT1FqOEw5ZjdrQ3EwaU9NR0NaallpNzFBUUtDQVFFQTg0TkY1MnpjCnBGaFI0T0NTZm5idnZZNEEzOEtTUFNvUzllSks3SGowMkhFL094UUNsUklYSUl2RkNFY0pxSnFVMjFhRHNYbG8KaVJ1VFhVRDg5UEtMR200RmhSSUR2d0JOZlh4U2tVSDNNdDR2V0tQb3JLdnE1V2JNNVNwN1pOMDBLeUhLdzdZMgoxYlhRZnlOOFZ3VUJnSmRrVEIwL0NXMzRoUEVBK01sUmV1S3IvSE5XakZ2amlYVEtiVUQwR2lVK2Y3Y28xN3N4CnpJVTNXcmZReHUwYUpXdkFKaXcrcXJ3bC9UY1BBUEhsOWpoM3ZtOFd4dEF1SVhqQ2hSTWxVT2NWOUtlUFFZZHoKcnZ1R1lHVnpQd0xsZThTcGpuWm83VzY5alFrUUI1MWJhczljL1dXSU1PcHJWUm9qSytlVE1HR3hPYUJsNks1TApuMTNtZUpCSjZnSXhQd0tDQVFFQTFKbmNZMkx5bVJnYWgrR1ZpZGI3UWtFbmZ6ZUZTVGt6U0lra1JsY1pCaEtvCm5yTk9pTVpoNTlyc3MzYk42SXNQZ3VPQ3ExTG14Q2NaMEV6ZWZ1aWl2ZWJqT2Y3NXVOZDI3c1N0RHl2ZWNMRmsKaG1xZHRTSXp3cXNwSk5sTUdTUHE4QkJhTEk1Zms2WWMrY2lGTkdNM0VERHhSZEFTUXU0d3V3Y25SQmtWRVhoVwpzYnZlSVpLTHA4TVZKRG15ZXJsdnluV29tK1piVk81OWNiSC9BdUZSSCs5czNUR3MxVjFobGl2V0JndzF3d3dsCmdTa0srZGhwMVVObWJLUmp5NVVhek11bzdnMm9tY1FycUhMUDlEeFZBM25EcjludjlkdThiTG9VcUpzdUNNSGUKaW5ZQUp6b3ZhQXJ1anh6RFROSnZ2emN2elJZbTJ3VDJyYUZNR3NncTRRS0NBUUFaUVZzbHBsKzMxOFVlS294bQorMVRmOXZOV1FhckRGek1DTjJjSDRYK2JWeHQwdUIyUWNtRGRxa0ZVRzNILy81QkNzMVZUT2NGQ3Z3NW9sSTNuCnBhUVJxS2wvNUo5bzF0SXltb3RCcjNMQTN0UlFRQ2VvaU9nQ3hNZXBXTitWVlcvTXJXT0hLc1hESW1rdVZuTFYKMzVvSlNTcEl6cHUwRWFpOXVQVWQyRnRRQUdSUCtYSlhla3c5L0ZQbVF0OU9PdUNoaEZDREYxSVI0UnNkbUlUWgpyTXVTWi90MHVoQUJ5eU94Z0YxWS9yMlg3TUZXaWRUMTU2OXhIMElsWlJmd3JSYlUyZS84bnR5N29EQ09uTmI0CkNRZmQ3MGFhbE9OTEJMbzUvMStmT28yNXBTb0N5ZDMzSE1qbStaLytOTFZLUmtlSUwzK0NRMWxxZk9XalNXdXgKRG1zbkFvSUJBUUM2czNmQWEvZWlESEhZSEhubk43MGxYUFJqbXcxWTFYdTgybnJacnNsUjlQYlJqNk9MSjdSNQpHVisrNXJsQzIwUSs3SzhtNTBHeXhxZTdycFhDRzJnM250aXphTUJDM0MwYzEra21wcDdNbG13eVF0VEdhZ2ZNCmorVXM4QXNORk9iUDlYeExIcWkra0NWb0Vma3duV1NRdW5wWGxiZER3Y3RYbzV1UENQdmdnSzZabk9NZzFvSUEKVEtoM1RKZjVnSG0wOFlpbGlERnlyNUhJVThrZjdXRUJ5NC90M0I3c3JQbnpHQUgzQTZmKzV0N1V3NGRaQy8wOQpCTmlnMWVpeHN2cDdHT3I4UzFCaDRNMTZPNEYxK2JtcXVMYnA2bGo1cndPVTlBRUtaR1NUMmpVbG9TVFhUaGl0CnBOUUZKL3cycmFMbTZINzQrdGdhaFF4Z1JJTUNEZ0RoQW9JQkFDRGwxYlA4WVZzUTVScjBLMHFIcXVHZkhKUzEKMThIQ3hKNFFvR2g3RWo3L0NJbTJpMTZTQUV1SGY1UkFjTUd4TjlLTUpmbGFIZXA2c3Bua3M1b3dYVGMrZmdTNgpDZFd2NXp1N29sNHdzdnFFOGdxVFNhYnhmcGhNdWlqNmFSeE1nRS9TOXJ1RytsT3NxRUhkWG1Fb3FVeS9YZVNvCllMamNleXljem5oQlFMenp3SEY0aE9PS09XeUdvb3JmeVpjVWJSYzlVR2tHVnBwM0hpR3JRNGZVekd3RE1HWU8KV05relZramdJcFgzZ1lZT3NITTdUUTRjQktMVXJqTlprVjlFcDNHbTYzd3JFVjhXSG45OVRjVHpTQm93UzVybQptNTU2UHJBTGR3UWsxVkV2a0lCdWlrRzNpajNHdGxpdWs4ckhLUTlEWkY4TU05RDFzZG82aDlQeW81RT0KLS0tLS1FTkQgUlNBIFBSSVZBVEUgS0VZLS0tLS0K\n    token: ofh6mjyruaj7l3i3v0go5nyglzh9l4mqrlgfibpdlyq6ns7g6nt9w46v51l5hixiqf1kaerybsz2oi9et1nhc5myvsddq960be4spsht001ssk1ufe2alyx9o483ml66\n",
            "content_base64": null,
            "content_base64sha256": "UyLtd5WwIfpJ/kZfud69BdiZSHvM8nVJL7NM9/KMmVo=",
            "content_base64sha512": "enwO8z0WyBOhvL9AIb7kxZ42dPFf/iySqBl+KWWDHUpa+2xgr5RavDe9vR03GoLbVXg1W+zJgFq99kPVVSh8pg==",
            "content_md5": "374f0bf5aa13528ee21eeb3c0bb20564",
            "content_sha1": "54ffe4c16f776371b52330184f6815c9cc5ed438",
            "content_sha256": "5322ed7795b021fa49fe465fb9debd05d899487bccf275492fb34cf7f28c995a",
            "content_sha512": "7a7c0ef33d16c813a1bcbf4021bee4c59e3674f15ffe2c92a8197e2965831d4a5afb6c60af945abc37bdbd1d371a82db5578355becc9805abdf643d555287ca6",
            "directory_permission": "0777",
            "file_permission": "0777",
            "filename": "modules/aks/kubeconfig",
            "id": "54ffe4c16f776371b52330184f6815c9cc5ed438",
            "sensitive_content": null,
            "source": null
          },
          "sensitive_attributes": [
            [
              {
                "type": "get_attr",
                "value": "content"
              }
            ],
            [
              {
                "type": "get_attr",
                "value": "sensitive_content"
              }
            ]
          ],
          "dependencies": [
            "azurerm_resource_group.wiz_exercise",
            "module.aks.azurerm_kubernetes_cluster.wiz_aks",
            "module.aks.azurerm_role_assignment.control_plane_managed_identity_operator",
            "module.aks.azurerm_user_assigned_identity.aks_control_plane",
            "module.aks.azurerm_user_assigned_identity.aks_kubelet",
            "module.network.azurerm_subnet.kubernetes_subnet",
            "module.network.azurerm_virtual_network.wiz_vnet"
          ]
        }
      ]
    },
    {
      "module": "module.aks",
      "mode": "managed",
      "type": "null_resource",
      "name": "namespace_check",
      "provider": "provider[\"registry.terraform.io/hashicorp/null\"]",
      "instances": [
        {
          "schema_version": 0,
          "attributes": {
            "id": "4668043495134169858",
            "triggers": {
              "cluster_id": "/subscriptions/bedc16a0-d4ca-4f6c-900d-98ff912d9d19/resourceGroups/wiz-exercise-rg/providers/Microsoft.ContainerService/managedClusters/wiz-aks-cluster"
            }
          },
          "sensitive_attributes": [],
          "dependencies": [
            "azurerm_resource_group.wiz_exercise",
            "module.aks.azurerm_kubernetes_cluster.wiz_aks",
            "module.aks.azurerm_role_assignment.control_plane_managed_identity_operator",
            "module.aks.azurerm_user_assigned_identity.aks_control_plane",
            "module.aks.azurerm_user_assigned_identity.aks_kubelet",
            "module.aks.local_file.kubeconfig",
            "module.network.azurerm_subnet.kubernetes_subnet",
            "module.network.azurerm_virtual_network.wiz_vnet"
          ]
        }
      ]
    },
    {
      "module": "module.aks",
      "mode": "managed",
      "type": "random_password",
      "name": "app_secret_key",
      "provider": "provider[\"registry.terraform.io/hashicorp/random\"]",
      "instances": [
        {
          "schema_version": 3,
          "attributes": {
            "bcrypt_hash": "$2a$10$ml8pGvI9VOYzMNDNI1arvePihbZIIG2KrfIfmFtymU1dzg3AeFiIe",
            "id": "none",
            "keepers": null,
            "length": 32,
            "lower": true,
            "min_lower": 0,
            "min_numeric": 0,
            "min_special": 0,
            "min_upper": 0,
            "number": true,
            "numeric": true,
            "override_special": null,
            "result": "Wm_uv$Pl6n8raE4N?bKw\u003ckZ?p(y?\u0026D$I",
            "special": true,
            "upper": true
          },
          "sensitive_attributes": [
            [
              {
                "type": "get_attr",
                "value": "result"
              }
            ],
            [
              {
                "type": "get_attr",
                "value": "bcrypt_hash"
              }
            ]
          ]
        }
      ]
    },
    {
      "module": "module.mongodb",
      "mode": "data",
      "type": "azurerm_client_config",
      "name": "current",
      "provider": "provider[\"registry.terraform.io/hashicorp/azurerm\"]",
      "instances": [
        {
          "schema_version": 0,
          "attributes": {
            "client_id": "04b07795-8ddb-461a-bbee-02f9e1bf7b46",
            "id": "Y2xpZW50Q29uZmlncy9jbGllbnRJZD0wNGIwNzc5NS04ZGRiLTQ2MWEtYmJlZS0wMmY5ZTFiZjdiNDY7b2JqZWN0SWQ9ZmMwODQ3ODItNTc0YS00MmZmLWExNzktOWQ0YWUzYWQ1OGE5O3N1YnNjcmlwdGlvbklkPWJlZGMxNmEwLWQ0Y2EtNGY2Yy05MDBkLTk4ZmY5MTJkOWQxOTt0ZW5hbnRJZD1hODE2ZGU5ZS04OGIyLTRmZDgtOWFmYy04NGQ2N2Q1YjBkNDU=",
            "object_id": "fc084782-574a-42ff-a179-9d4ae3ad58a9",
            "subscription_id": "bedc16a0-d4ca-4f6c-900d-98ff912d9d19",
            "tenant_id": "a816de9e-88b2-4fd8-9afc-84d67d5b0d45",
            "timeouts": null
          },
          "sensitive_attributes": []
        }
      ]
    },
    {
      "module": "module.mongodb",
      "mode": "managed",
      "type": "azurerm_linux_virtual_machine",
      "name": "mongodb_vm",
      "provider": "provider[\"registry.terraform.io/hashicorp/azurerm\"]",
      "instances": [
        {
          "schema_version": 0,
          "attributes": {
            "additional_capabilities": [],
            "admin_password": "Azure_123456",
            "admin_ssh_key": [],
            "admin_username": "azureuser",
            "allow_extension_operations": true,
            "availability_set_id": "",
            "boot_diagnostics": [],
            "bypass_platform_safety_checks_on_user_schedule_enabled": false,
            "capacity_reservation_group_id": "",
            "computer_name": "mongodb-vm",
            "custom_data": null,
            "dedicated_host_group_id": "",
            "dedicated_host_id": "",
            "disable_password_authentication": false,
            "disk_controller_type": "SCSI",
            "edge_zone": "",
            "encryption_at_host_enabled": false,
            "eviction_policy": "",
            "extensions_time_budget": "PT1H30M",
            "gallery_application": [],
            "id": "/subscriptions/bedc16a0-d4ca-4f6c-900d-98ff912d9d19/resourceGroups/wiz-exercise-rg/providers/Microsoft.Compute/virtualMachines/mongodb-vm",
            "identity": [
              {
                "identity_ids": [],
                "principal_id": "3369ab97-db53-4bc0-a912-5b0d1b510d9e",
                "tenant_id": "a816de9e-88b2-4fd8-9afc-84d67d5b0d45",
                "type": "SystemAssigned"
              }
            ],
            "license_type": "",
            "location": "eastus2",
            "max_bid_price": -1,
            "name": "mongodb-vm",
            "network_interface_ids": [
              "/subscriptions/bedc16a0-d4ca-4f6c-900d-98ff912d9d19/resourceGroups/wiz-exercise-rg/providers/Microsoft.Network/networkInterfaces/mongodb-nic"
            ],
            "os_disk": [
              {
                "caching": "ReadWrite",
                "diff_disk_settings": [],
                "disk_encryption_set_id": "",
                "disk_size_gb": 30,
                "name": "mongodb-vm_OsDisk_1_a95ad40e5b904a8eae278277bd3c5134",
                "secure_vm_disk_encryption_set_id": "",
                "security_encryption_type": "",
                "storage_account_type": "Standard_LRS",
                "write_accelerator_enabled": false
              }
            ],
            "os_image_notification": [],
            "patch_assessment_mode": "ImageDefault",
            "patch_mode": "ImageDefault",
            "plan": [],
            "platform_fault_domain": -1,
            "priority": "Regular",
            "private_ip_address": "10.0.1.4",
            "private_ip_addresses": [
              "10.0.1.4"
            ],
            "provision_vm_agent": true,
            "proximity_placement_group_id": "",
            "public_ip_address": "20.57.76.234",
            "public_ip_addresses": [
              "20.57.76.234"
            ],
            "reboot_setting": "",
            "resource_group_name": "wiz-exercise-rg",
            "secret": [],
            "secure_boot_enabled": false,
            "size": "Standard_B2s",
            "source_image_id": "",
            "source_image_reference": [
              {
                "offer": "0001-com-ubuntu-server-focal",
                "publisher": "Canonical",
                "sku": "20_04-lts-gen2",
                "version": "latest"
              }
            ],
            "tags": {},
            "termination_notification": [],
            "timeouts": null,
            "user_data": "",
            "virtual_machine_id": "da8c0dc7-c670-4d87-b866-07389787ea07",
            "virtual_machine_scale_set_id": "",
            "vm_agent_platform_updates_enabled": false,
            "vtpm_enabled": false,
            "zone": ""
          },
          "sensitive_attributes": [
            [
              {
                "type": "get_attr",
                "value": "custom_data"
              }
            ],
            [
              {
                "type": "get_attr",
                "value": "admin_password"
              }
            ]
          ],
          "private": "eyJlMmJmYjczMC1lY2FhLTExZTYtOGY4OC0zNDM2M2JjN2M0YzAiOnsiY3JlYXRlIjoyNzAwMDAwMDAwMDAwLCJkZWxldGUiOjI3MDAwMDAwMDAwMDAsInJlYWQiOjMwMDAwMDAwMDAwMCwidXBkYXRlIjoyNzAwMDAwMDAwMDAwfX0=",
          "dependencies": [
            "azurerm_resource_group.wiz_exercise",
            "module.mongodb.azurerm_network_interface.mongodb_nic",
            "module.mongodb.azurerm_public_ip.mongodb_pip",
            "module.network.azurerm_subnet.database_subnet",
            "module.network.azurerm_virtual_network.wiz_vnet",
            "module.storage.azurerm_storage_account.backup_storage",
            "module.storage.random_string.suffix"
          ]
        }
      ]
    },
    {
      "module": "module.mongodb",
      "mode": "managed",
      "type": "azurerm_network_interface",
      "name": "mongodb_nic",
      "provider": "provider[\"registry.terraform.io/hashicorp/azurerm\"]",
      "instances": [
        {
          "schema_version": 0,
          "attributes": {
            "accelerated_networking_enabled": false,
            "applied_dns_servers": [],
            "auxiliary_mode": "",
            "auxiliary_sku": "",
            "dns_servers": [],
            "edge_zone": "",
            "enable_accelerated_networking": false,
            "enable_ip_forwarding": false,
            "id": "/subscriptions/bedc16a0-d4ca-4f6c-900d-98ff912d9d19/resourceGroups/wiz-exercise-rg/providers/Microsoft.Network/networkInterfaces/mongodb-nic",
            "internal_dns_name_label": "",
            "internal_domain_name_suffix": "ktq5vmgw2pee5poendcb5hp20e.cx.internal.cloudapp.net",
            "ip_configuration": [
              {
                "gateway_load_balancer_frontend_ip_configuration_id": "",
                "name": "internal",
                "primary": true,
                "private_ip_address": "10.0.1.4",
                "private_ip_address_allocation": "Dynamic",
                "private_ip_address_version": "IPv4",
                "public_ip_address_id": "/subscriptions/bedc16a0-d4ca-4f6c-900d-98ff912d9d19/resourceGroups/wiz-exercise-rg/providers/Microsoft.Network/publicIPAddresses/mongodb-pip",
                "subnet_id": "/subscriptions/bedc16a0-d4ca-4f6c-900d-98ff912d9d19/resourceGroups/wiz-exercise-rg/providers/Microsoft.Network/virtualNetworks/wiz-vnet/subnets/database-subnet"
              }
            ],
            "ip_forwarding_enabled": false,
            "location": "eastus2",
            "mac_address": "60-45-BD-BD-E7-26",
            "name": "mongodb-nic",
            "private_ip_address": "10.0.1.4",
            "private_ip_addresses": [
              "10.0.1.4"
            ],
            "resource_group_name": "wiz-exercise-rg",
            "tags": {},
            "timeouts": null,
            "virtual_machine_id": "/subscriptions/bedc16a0-d4ca-4f6c-900d-98ff912d9d19/resourceGroups/wiz-exercise-rg/providers/Microsoft.Compute/virtualMachines/mongodb-vm"
          },
          "sensitive_attributes": [],
          "private": "eyJlMmJmYjczMC1lY2FhLTExZTYtOGY4OC0zNDM2M2JjN2M0YzAiOnsiY3JlYXRlIjoxODAwMDAwMDAwMDAwLCJkZWxldGUiOjE4MDAwMDAwMDAwMDAsInJlYWQiOjMwMDAwMDAwMDAwMCwidXBkYXRlIjoxODAwMDAwMDAwMDAwfX0=",
          "dependencies": [
            "azurerm_resource_group.wiz_exercise",
            "module.mongodb.azurerm_public_ip.mongodb_pip",
            "module.network.azurerm_subnet.database_subnet",
            "module.network.azurerm_virtual_network.wiz_vnet"
          ]
        }
      ]
    },
    {
      "module": "module.mongodb",
      "mode": "managed",
      "type": "azurerm_network_interface_security_group_association",
      "name": "mongodb_nsg_association",
      "provider": "provider[\"registry.terraform.io/hashicorp/azurerm\"]",
      "instances": [
        {
          "schema_version": 0,
          "attributes": {
            "id": "/subscriptions/bedc16a0-d4ca-4f6c-900d-98ff912d9d19/resourceGroups/wiz-exercise-rg/providers/Microsoft.Network/networkInterfaces/mongodb-nic|/subscriptions/bedc16a0-d4ca-4f6c-900d-98ff912d9d19/resourceGroups/wiz-exercise-rg/providers/Microsoft.Network/networkSecurityGroups/mongodb-nsg",
            "network_interface_id": "/subscriptions/bedc16a0-d4ca-4f6c-900d-98ff912d9d19/resourceGroups/wiz-exercise-rg/providers/Microsoft.Network/networkInterfaces/mongodb-nic",
            "network_security_group_id": "/subscriptions/bedc16a0-d4ca-4f6c-900d-98ff912d9d19/resourceGroups/wiz-exercise-rg/providers/Microsoft.Network/networkSecurityGroups/mongodb-nsg",
            "timeouts": null
          },
          "sensitive_attributes": [],
          "private": "eyJlMmJmYjczMC1lY2FhLTExZTYtOGY4OC0zNDM2M2JjN2M0YzAiOnsiY3JlYXRlIjoxODAwMDAwMDAwMDAwLCJkZWxldGUiOjE4MDAwMDAwMDAwMDAsInJlYWQiOjMwMDAwMDAwMDAwMH19",
          "dependencies": [
            "azurerm_resource_group.wiz_exercise",
            "module.mongodb.azurerm_network_interface.mongodb_nic",
            "module.mongodb.azurerm_network_security_group.mongodb_nsg",
            "module.mongodb.azurerm_public_ip.mongodb_pip",
            "module.network.azurerm_subnet.database_subnet",
            "module.network.azurerm_virtual_network.wiz_vnet"
          ]
        }
      ]
    },
    {
      "module": "module.mongodb",
      "mode": "managed",
      "type": "azurerm_network_security_group",
      "name": "mongodb_nsg",
      "provider": "provider[\"registry.terraform.io/hashicorp/azurerm\"]",
      "instances": [
        {
          "schema_version": 0,
          "attributes": {
            "id": "/subscriptions/bedc16a0-d4ca-4f6c-900d-98ff912d9d19/resourceGroups/wiz-exercise-rg/providers/Microsoft.Network/networkSecurityGroups/mongodb-nsg",
            "location": "eastus2",
            "name": "mongodb-nsg",
            "resource_group_name": "wiz-exercise-rg",
            "security_rule": [
              {
                "access": "Allow",
                "description": "",
                "destination_address_prefix": "*",
                "destination_address_prefixes": [],
                "destination_application_security_group_ids": [],
                "destination_port_range": "22",
                "destination_port_ranges": [],
                "direction": "Inbound",
                "name": "allow-ssh-from-anywhere",
                "priority": 1000,
                "protocol": "Tcp",
                "source_address_prefix": "0.0.0.0/0",
                "source_address_prefixes": [],
                "source_application_security_group_ids": [],
                "source_port_range": "*",
                "source_port_ranges": []
              }
            ],
            "tags": {},
            "timeouts": null
          },
          "sensitive_attributes": [],
          "private": "eyJlMmJmYjczMC1lY2FhLTExZTYtOGY4OC0zNDM2M2JjN2M0YzAiOnsiY3JlYXRlIjoxODAwMDAwMDAwMDAwLCJkZWxldGUiOjE4MDAwMDAwMDAwMDAsInJlYWQiOjMwMDAwMDAwMDAwMCwidXBkYXRlIjoxODAwMDAwMDAwMDAwfX0=",
          "dependencies": [
            "azurerm_resource_group.wiz_exercise"
          ]
        }
      ]
    },
    {
      "module": "module.mongodb",
      "mode": "managed",
      "type": "azurerm_network_security_rule",
      "name": "mongodb_port",
      "provider": "provider[\"registry.terraform.io/hashicorp/azurerm\"]",
      "instances": [
        {
          "schema_version": 0,
          "attributes": {
            "access": "Allow",
            "description": "",
            "destination_address_prefix": "*",
            "destination_address_prefixes": null,
            "destination_application_security_group_ids": null,
            "destination_port_range": "27017",
            "destination_port_ranges": null,
            "direction": "Inbound",
            "id": "/subscriptions/bedc16a0-d4ca-4f6c-900d-98ff912d9d19/resourceGroups/wiz-exercise-rg/providers/Microsoft.Network/networkSecurityGroups/mongodb-nsg/securityRules/allow-mongodb",
            "name": "allow-mongodb",
            "network_security_group_name": "mongodb-nsg",
            "priority": 110,
            "protocol": "Tcp",
            "resource_group_name": "wiz-exercise-rg",
            "source_address_prefix": "*",
            "source_address_prefixes": null,
            "source_application_security_group_ids": null,
            "source_port_range": "*",
            "source_port_ranges": null,
            "timeouts": null
          },
          "sensitive_attributes": [],
          "private": "eyJlMmJmYjczMC1lY2FhLTExZTYtOGY4OC0zNDM2M2JjN2M0YzAiOnsiY3JlYXRlIjoxODAwMDAwMDAwMDAwLCJkZWxldGUiOjE4MDAwMDAwMDAwMDAsInJlYWQiOjMwMDAwMDAwMDAwMCwidXBkYXRlIjoxODAwMDAwMDAwMDAwfX0=",
          "dependencies": [
            "azurerm_resource_group.wiz_exercise",
            "module.mongodb.azurerm_network_security_group.mongodb_nsg"
          ]
        }
      ]
    },
    {
      "module": "module.mongodb",
      "mode": "managed",
      "type": "azurerm_network_security_rule",
      "name": "mongodb_ssh",
      "provider": "provider[\"registry.terraform.io/hashicorp/azurerm\"]",
      "instances": [
        {
          "schema_version": 0,
          "attributes": {
            "access": "Allow",
            "description": "",
            "destination_address_prefix": "*",
            "destination_address_prefixes": null,
            "destination_application_security_group_ids": null,
            "destination_port_range": "22",
            "destination_port_ranges": null,
            "direction": "Inbound",
            "id": "/subscriptions/bedc16a0-d4ca-4f6c-900d-98ff912d9d19/resourceGroups/wiz-exercise-rg/providers/Microsoft.Network/networkSecurityGroups/mongodb-nsg/securityRules/allow-ssh",
            "name": "allow-ssh",
            "network_security_group_name": "mongodb-nsg",
            "priority": 100,
            "protocol": "Tcp",
            "resource_group_name": "wiz-exercise-rg",
            "source_address_prefix": "*",
            "source_address_prefixes": null,
            "source_application_security_group_ids": null,
            "source_port_range": "*",
            "source_port_ranges": null,
            "timeouts": null
          },
          "sensitive_attributes": [],
          "private": "eyJlMmJmYjczMC1lY2FhLTExZTYtOGY4OC0zNDM2M2JjN2M0YzAiOnsiY3JlYXRlIjoxODAwMDAwMDAwMDAwLCJkZWxldGUiOjE4MDAwMDAwMDAwMDAsInJlYWQiOjMwMDAwMDAwMDAwMCwidXBkYXRlIjoxODAwMDAwMDAwMDAwfX0=",
          "dependencies": [
            "azurerm_resource_group.wiz_exercise",
            "module.mongodb.azurerm_network_security_group.mongodb_nsg"
          ]
        }
      ]
    },
    {
      "module": "module.mongodb",
      "mode": "managed",
      "type": "azurerm_public_ip",
      "name": "mongodb_pip",
      "provider": "provider[\"registry.terraform.io/hashicorp/azurerm\"]",
      "instances": [
        {
          "schema_version": 0,
          "attributes": {
            "allocation_method": "Static",
            "ddos_protection_mode": "VirtualNetworkInherited",
            "ddos_protection_plan_id": null,
            "domain_name_label": null,
            "edge_zone": "",
            "fqdn": null,
            "id": "/subscriptions/bedc16a0-d4ca-4f6c-900d-98ff912d9d19/resourceGroups/wiz-exercise-rg/providers/Microsoft.Network/publicIPAddresses/mongodb-pip",
            "idle_timeout_in_minutes": 4,
            "ip_address": "20.57.76.234",
            "ip_tags": {},
            "ip_version": "IPv4",
            "location": "eastus2",
            "name": "mongodb-pip",
            "public_ip_prefix_id": null,
            "resource_group_name": "wiz-exercise-rg",
            "reverse_fqdn": null,
            "sku": "Standard",
            "sku_tier": "Regional",
            "tags": {},
            "timeouts": null,
            "zones": []
          },
          "sensitive_attributes": [],
          "private": "eyJlMmJmYjczMC1lY2FhLTExZTYtOGY4OC0zNDM2M2JjN2M0YzAiOnsiY3JlYXRlIjoxODAwMDAwMDAwMDAwLCJkZWxldGUiOjE4MDAwMDAwMDAwMDAsInJlYWQiOjMwMDAwMDAwMDAwMCwidXBkYXRlIjoxODAwMDAwMDAwMDAwfX0=",
          "dependencies": [
            "azurerm_resource_group.wiz_exercise"
          ]
        }
      ]
    },
    {
      "module": "module.mongodb",
      "mode": "managed",
      "type": "azurerm_role_assignment",
      "name": "vm_owner",
      "provider": "provider[\"registry.terraform.io/hashicorp/azurerm\"]",
      "instances": [
        {
          "schema_version": 0,
          "attributes": {
            "condition": "",
            "condition_version": "",
            "delegated_managed_identity_resource_id": "",
            "description": "",
            "id": "/subscriptions/bedc16a0-d4ca-4f6c-900d-98ff912d9d19/providers/Microsoft.Authorization/roleAssignments/f493a3d7-9ea6-4bbc-16f2-bd15531c772e",
            "name": "f493a3d7-9ea6-4bbc-16f2-bd15531c772e",
            "principal_id": "3369ab97-db53-4bc0-a912-5b0d1b510d9e",
            "principal_type": "ServicePrincipal",
            "role_definition_id": "/subscriptions/bedc16a0-d4ca-4f6c-900d-98ff912d9d19/providers/Microsoft.Authorization/roleDefinitions/8e3af657-a8ff-443c-a75c-2fe8c4bcb635",
            "role_definition_name": "Owner",
            "scope": "/subscriptions/bedc16a0-d4ca-4f6c-900d-98ff912d9d19",
            "skip_service_principal_aad_check": null,
            "timeouts": null
          },
          "sensitive_attributes": [],
          "private": "eyJlMmJmYjczMC1lY2FhLTExZTYtOGY4OC0zNDM2M2JjN2M0YzAiOnsiY3JlYXRlIjoxODAwMDAwMDAwMDAwLCJkZWxldGUiOjE4MDAwMDAwMDAwMDAsInJlYWQiOjMwMDAwMDAwMDAwMH19",
          "dependencies": [
            "azurerm_resource_group.wiz_exercise",
            "module.mongodb.azurerm_linux_virtual_machine.mongodb_vm",
            "module.mongodb.azurerm_network_interface.mongodb_nic",
            "module.mongodb.azurerm_public_ip.mongodb_pip",
            "module.mongodb.data.azurerm_client_config.current",
            "module.network.azurerm_subnet.database_subnet",
            "module.network.azurerm_virtual_network.wiz_vnet",
            "module.storage.azurerm_storage_account.backup_storage",
            "module.storage.random_string.suffix"
          ]
        }
      ]
    },
    {
      "module": "module.mongodb",
      "mode": "managed",
      "type": "azurerm_role_assignment",
      "name": "vm_storage_contributor",
      "provider": "provider[\"registry.terraform.io/hashicorp/azurerm\"]",
      "instances": [
        {
          "schema_version": 0,
          "attributes": {
            "condition": "",
            "condition_version": "",
            "delegated_managed_identity_resource_id": "",
            "description": "",
            "id": "/subscriptions/bedc16a0-d4ca-4f6c-900d-98ff912d9d19/providers/Microsoft.Authorization/roleAssignments/7e2d93a7-50c4-40b5-5451-3e49266916f8",
            "name": "7e2d93a7-50c4-40b5-5451-3e49266916f8",
            "principal_id": "3369ab97-db53-4bc0-a912-5b0d1b510d9e",
            "principal_type": "ServicePrincipal",
            "role_definition_id": "/subscriptions/bedc16a0-d4ca-4f6c-900d-98ff912d9d19/providers/Microsoft.Authorization/roleDefinitions/ba92f5b4-2d11-453d-a403-e96b0029c9fe",
            "role_definition_name": "Storage Blob Data Contributor",
            "scope": "/subscriptions/bedc16a0-d4ca-4f6c-900d-98ff912d9d19",
            "skip_service_principal_aad_check": null,
            "timeouts": null
          },
          "sensitive_attributes": [],
          "private": "eyJlMmJmYjczMC1lY2FhLTExZTYtOGY4OC0zNDM2M2JjN2M0YzAiOnsiY3JlYXRlIjoxODAwMDAwMDAwMDAwLCJkZWxldGUiOjE4MDAwMDAwMDAwMDAsInJlYWQiOjMwMDAwMDAwMDAwMH19",
          "dependencies": [
            "azurerm_resource_group.wiz_exercise",
            "module.mongodb.azurerm_linux_virtual_machine.mongodb_vm",
            "module.mongodb.azurerm_network_interface.mongodb_nic",
            "module.mongodb.azurerm_public_ip.mongodb_pip",
            "module.mongodb.data.azurerm_client_config.current",
            "module.network.azurerm_subnet.database_subnet",
            "module.network.azurerm_virtual_network.wiz_vnet",
            "module.storage.azurerm_storage_account.backup_storage",
            "module.storage.random_string.suffix"
          ]
        }
      ]
    },
    {
      "module": "module.mongodb",
      "mode": "managed",
      "type": "null_resource",
      "name": "backup_test",
      "provider": "provider[\"registry.terraform.io/hashicorp/null\"]",
      "instances": [
        {
          "schema_version": 0,
          "attributes": {
            "id": "3203865384158636055",
            "triggers": null
          },
          "sensitive_attributes": [],
          "dependencies": [
            "azurerm_resource_group.wiz_exercise",
            "module.mongodb.azurerm_linux_virtual_machine.mongodb_vm",
            "module.mongodb.azurerm_network_interface.mongodb_nic",
            "module.mongodb.azurerm_public_ip.mongodb_pip",
            "module.mongodb.azurerm_role_assignment.vm_owner",
            "module.mongodb.azurerm_role_assignment.vm_storage_contributor",
            "module.mongodb.data.azurerm_client_config.current",
            "module.network.azurerm_subnet.database_subnet",
            "module.network.azurerm_virtual_network.wiz_vnet",
            "module.storage.azurerm_storage_account.backup_storage",
            "module.storage.random_string.suffix"
          ]
        }
      ]
    },
    {
      "module": "module.network",
      "mode": "managed",
      "type": "azurerm_subnet",
      "name": "database_subnet",
      "provider": "provider[\"registry.terraform.io/hashicorp/azurerm\"]",
      "instances": [
        {
          "schema_version": 0,
          "attributes": {
            "address_prefixes": [
              "10.0.1.0/24"
            ],
            "default_outbound_access_enabled": true,
            "delegation": [],
            "enforce_private_link_endpoint_network_policies": false,
            "enforce_private_link_service_network_policies": false,
            "id": "/subscriptions/bedc16a0-d4ca-4f6c-900d-98ff912d9d19/resourceGroups/wiz-exercise-rg/providers/Microsoft.Network/virtualNetworks/wiz-vnet/subnets/database-subnet",
            "name": "database-subnet",
            "private_endpoint_network_policies": "Enabled",
            "private_endpoint_network_policies_enabled": true,
            "private_link_service_network_policies_enabled": true,
            "resource_group_name": "wiz-exercise-rg",
            "service_endpoint_policy_ids": [],
            "service_endpoints": [],
            "timeouts": null,
            "virtual_network_name": "wiz-vnet"
          },
          "sensitive_attributes": [],
          "private": "eyJlMmJmYjczMC1lY2FhLTExZTYtOGY4OC0zNDM2M2JjN2M0YzAiOnsiY3JlYXRlIjoxODAwMDAwMDAwMDAwLCJkZWxldGUiOjE4MDAwMDAwMDAwMDAsInJlYWQiOjMwMDAwMDAwMDAwMCwidXBkYXRlIjoxODAwMDAwMDAwMDAwfX0=",
          "dependencies": [
            "azurerm_resource_group.wiz_exercise",
            "module.network.azurerm_virtual_network.wiz_vnet"
          ]
        }
      ]
    },
    {
      "module": "module.network",
      "mode": "managed",
      "type": "azurerm_subnet",
      "name": "kubernetes_subnet",
      "provider": "provider[\"registry.terraform.io/hashicorp/azurerm\"]",
      "instances": [
        {
          "schema_version": 0,
          "attributes": {
            "address_prefixes": [
              "10.0.2.0/24"
            ],
            "default_outbound_access_enabled": true,
            "delegation": [],
            "enforce_private_link_endpoint_network_policies": false,
            "enforce_private_link_service_network_policies": false,
            "id": "/subscriptions/bedc16a0-d4ca-4f6c-900d-98ff912d9d19/resourceGroups/wiz-exercise-rg/providers/Microsoft.Network/virtualNetworks/wiz-vnet/subnets/kubernetes-subnet",
            "name": "kubernetes-subnet",
            "private_endpoint_network_policies": "Enabled",
            "private_endpoint_network_policies_enabled": true,
            "private_link_service_network_policies_enabled": true,
            "resource_group_name": "wiz-exercise-rg",
            "service_endpoint_policy_ids": [],
            "service_endpoints": [],
            "timeouts": null,
            "virtual_network_name": "wiz-vnet"
          },
          "sensitive_attributes": [],
          "private": "eyJlMmJmYjczMC1lY2FhLTExZTYtOGY4OC0zNDM2M2JjN2M0YzAiOnsiY3JlYXRlIjoxODAwMDAwMDAwMDAwLCJkZWxldGUiOjE4MDAwMDAwMDAwMDAsInJlYWQiOjMwMDAwMDAwMDAwMCwidXBkYXRlIjoxODAwMDAwMDAwMDAwfX0=",
          "dependencies": [
            "azurerm_resource_group.wiz_exercise",
            "module.network.azurerm_virtual_network.wiz_vnet"
          ]
        }
      ]
    },
    {
      "module": "module.network",
      "mode": "managed",
      "type": "azurerm_virtual_network",
      "name": "wiz_vnet",
      "provider": "provider[\"registry.terraform.io/hashicorp/azurerm\"]",
      "instances": [
        {
          "schema_version": 0,
          "attributes": {
            "address_space": [
              "10.0.0.0/16"
            ],
            "bgp_community": "",
            "ddos_protection_plan": [],
            "dns_servers": [],
            "edge_zone": "",
            "encryption": [],
            "flow_timeout_in_minutes": 0,
            "guid": "b0fae154-e3d6-4fc8-bdc4-68c41f9dfcd4",
            "id": "/subscriptions/bedc16a0-d4ca-4f6c-900d-98ff912d9d19/resourceGroups/wiz-exercise-rg/providers/Microsoft.Network/virtualNetworks/wiz-vnet",
            "location": "eastus2",
            "name": "wiz-vnet",
            "resource_group_name": "wiz-exercise-rg",
            "subnet": [
              {
                "address_prefix": "10.0.1.0/24",
                "id": "/subscriptions/bedc16a0-d4ca-4f6c-900d-98ff912d9d19/resourceGroups/wiz-exercise-rg/providers/Microsoft.Network/virtualNetworks/wiz-vnet/subnets/database-subnet",
                "name": "database-subnet",
                "security_group": ""
              },
              {
                "address_prefix": "10.0.2.0/24",
                "id": "/subscriptions/bedc16a0-d4ca-4f6c-900d-98ff912d9d19/resourceGroups/wiz-exercise-rg/providers/Microsoft.Network/virtualNetworks/wiz-vnet/subnets/kubernetes-subnet",
                "name": "kubernetes-subnet",
                "security_group": ""
              }
            ],
            "tags": {},
            "timeouts": null
          },
          "sensitive_attributes": [],
          "private": "eyJlMmJmYjczMC1lY2FhLTExZTYtOGY4OC0zNDM2M2JjN2M0YzAiOnsiY3JlYXRlIjoxODAwMDAwMDAwMDAwLCJkZWxldGUiOjE4MDAwMDAwMDAwMDAsInJlYWQiOjMwMDAwMDAwMDAwMCwidXBkYXRlIjoxODAwMDAwMDAwMDAwfX0=",
          "dependencies": [
            "azurerm_resource_group.wiz_exercise"
          ]
        }
      ]
    },
    {
      "module": "module.storage",
      "mode": "managed",
      "type": "azurerm_storage_account",
      "name": "backup_storage",
      "provider": "provider[\"registry.terraform.io/hashicorp/azurerm\"]",
      "instances": [
        {
          "schema_version": 4,
          "attributes": {
            "access_tier": "Hot",
            "account_kind": "StorageV2",
            "account_replication_type": "LRS",
            "account_tier": "Standard",
            "allow_nested_items_to_be_public": true,
            "allowed_copy_scope": "",
            "azure_files_authentication": [],
            "blob_properties": [
              {
                "change_feed_enabled": false,
                "change_feed_retention_in_days": 0,
                "container_delete_retention_policy": [
                  {
                    "days": 1
                  }
                ],
                "cors_rule": [],
                "default_service_version": "",
                "delete_retention_policy": [
                  {
                    "days": 1,
                    "permanent_delete_enabled": false
                  }
                ],
                "last_access_time_enabled": false,
                "restore_policy": [],
                "versioning_enabled": false
              }
            ],
            "cross_tenant_replication_enabled": true,
            "custom_domain": [],
            "customer_managed_key": [],
            "default_to_oauth_authentication": false,
            "dns_endpoint_type": "Standard",
            "edge_zone": "",
            "enable_https_traffic_only": true,
            "https_traffic_only_enabled": true,
            "id": "/subscriptions/bedc16a0-d4ca-4f6c-900d-98ff912d9d19/resourceGroups/wiz-exercise-rg/providers/Microsoft.Storage/storageAccounts/backupsqkjhjnda",
            "identity": [],
            "immutability_policy": [],
            "infrastructure_encryption_enabled": false,
            "is_hns_enabled": false,
            "large_file_share_enabled": false,
            "local_user_enabled": true,
            "location": "eastus2",
            "min_tls_version": "TLS1_0",
            "name": "backupsqkjhjnda",
            "network_rules": [
              {
                "bypass": [
                  "AzureServices",
                  "Logging",
                  "Metrics"
                ],
                "default_action": "Allow",
                "ip_rules": [],
                "private_link_access": [],
                "virtual_network_subnet_ids": []
              }
            ],
            "nfsv3_enabled": false,
            "primary_access_key": "haSeJMXcBTyQG0Vk5xbwq7jCrz4eRI2t9+J3mIpecmE8t90UjlFg4ZAWIPsN7Jg3BITbTgftGM5c+ASts47aag==",
            "primary_blob_connection_string": "DefaultEndpointsProtocol=https;BlobEndpoint=https://backupsqkjhjnda.blob.core.windows.net/;AccountName=backupsqkjhjnda;AccountKey=haSeJMXcBTyQG0Vk5xbwq7jCrz4eRI2t9+J3mIpecmE8t90UjlFg4ZAWIPsN7Jg3BITbTgftGM5c+ASts47aag==",
            "primary_blob_endpoint": "https://backupsqkjhjnda.blob.core.windows.net/",
            "primary_blob_host": "backupsqkjhjnda.blob.core.windows.net",
            "primary_blob_internet_endpoint": "",
            "primary_blob_internet_host": "",
            "primary_blob_microsoft_endpoint": "",
            "primary_blob_microsoft_host": "",
            "primary_connection_string": "DefaultEndpointsProtocol=https;AccountName=backupsqkjhjnda;AccountKey=haSeJMXcBTyQG0Vk5xbwq7jCrz4eRI2t9+J3mIpecmE8t90UjlFg4ZAWIPsN7Jg3BITbTgftGM5c+ASts47aag==;EndpointSuffix=core.windows.net",
            "primary_dfs_endpoint": "https://backupsqkjhjnda.dfs.core.windows.net/",
            "primary_dfs_host": "backupsqkjhjnda.dfs.core.windows.net",
            "primary_dfs_internet_endpoint": "",
            "primary_dfs_internet_host": "",
            "primary_dfs_microsoft_endpoint": "",
            "primary_dfs_microsoft_host": "",
            "primary_file_endpoint": "https://backupsqkjhjnda.file.core.windows.net/",
            "primary_file_host": "backupsqkjhjnda.file.core.windows.net",
            "primary_file_internet_endpoint": "",
            "primary_file_internet_host": "",
            "primary_file_microsoft_endpoint": "",
            "primary_file_microsoft_host": "",
            "primary_location": "eastus2",
            "primary_queue_endpoint": "https://backupsqkjhjnda.queue.core.windows.net/",
            "primary_queue_host": "backupsqkjhjnda.queue.core.windows.net",
            "primary_queue_microsoft_endpoint": "",
            "primary_queue_microsoft_host": "",
            "primary_table_endpoint": "https://backupsqkjhjnda.table.core.windows.net/",
            "primary_table_host": "backupsqkjhjnda.table.core.windows.net",
            "primary_table_microsoft_endpoint": "",
            "primary_table_microsoft_host": "",
            "primary_web_endpoint": "https://backupsqkjhjnda.z20.web.core.windows.net/",
            "primary_web_host": "backupsqkjhjnda.z20.web.core.windows.net",
            "primary_web_internet_endpoint": "",
            "primary_web_internet_host": "",
            "primary_web_microsoft_endpoint": "",
            "primary_web_microsoft_host": "",
            "public_network_access_enabled": true,
            "queue_encryption_key_type": "Service",
            "queue_properties": [
              {
                "cors_rule": [],
                "hour_metrics": [
                  {
                    "enabled": false,
                    "include_apis": false,
                    "retention_policy_days": 0,
                    "version": "1.0"
                  }
                ],
                "logging": [
                  {
                    "delete": false,
                    "read": false,
                    "retention_policy_days": 0,
                    "version": "1.0",
                    "write": false
                  }
                ],
                "minute_metrics": [
                  {
                    "enabled": false,
                    "include_apis": false,
                    "retention_policy_days": 0,
                    "version": "1.0"
                  }
                ]
              }
            ],
            "resource_group_name": "wiz-exercise-rg",
            "routing": [],
            "sas_policy": [],
            "secondary_access_key": "Sn0zN00VtS9E/1NzCjKQu9NMPKeU+2gS0yqzEwe45wq5+bHeb6ukQWk3rn51gBdB5GVnFB0jHdkY+AStp+8JhA==",
            "secondary_blob_connection_string": "",
            "secondary_blob_endpoint": "",
            "secondary_blob_host": "",
            "secondary_blob_internet_endpoint": "",
            "secondary_blob_internet_host": "",
            "secondary_blob_microsoft_endpoint": "",
            "secondary_blob_microsoft_host": "",
            "secondary_connection_string": "DefaultEndpointsProtocol=https;AccountName=backupsqkjhjnda;AccountKey=Sn0zN00VtS9E/1NzCjKQu9NMPKeU+2gS0yqzEwe45wq5+bHeb6ukQWk3rn51gBdB5GVnFB0jHdkY+AStp+8JhA==;EndpointSuffix=core.windows.net",
            "secondary_dfs_endpoint": "",
            "secondary_dfs_host": "",
            "secondary_dfs_internet_endpoint": "",
            "secondary_dfs_internet_host": "",
            "secondary_dfs_microsoft_endpoint": "",
            "secondary_dfs_microsoft_host": "",
            "secondary_file_endpoint": "",
            "secondary_file_host": "",
            "secondary_file_internet_endpoint": "",
            "secondary_file_internet_host": "",
            "secondary_file_microsoft_endpoint": "",
            "secondary_file_microsoft_host": "",
            "secondary_location": "",
            "secondary_queue_endpoint": "",
            "secondary_queue_host": "",
            "secondary_queue_microsoft_endpoint": "",
            "secondary_queue_microsoft_host": "",
            "secondary_table_endpoint": "",
            "secondary_table_host": "",
            "secondary_table_microsoft_endpoint": "",
            "secondary_table_microsoft_host": "",
            "secondary_web_endpoint": "",
            "secondary_web_host": "",
            "secondary_web_internet_endpoint": "",
            "secondary_web_internet_host": "",
            "secondary_web_microsoft_endpoint": "",
            "secondary_web_microsoft_host": "",
            "sftp_enabled": false,
            "share_properties": [
              {
                "cors_rule": [],
                "retention_policy": [
                  {
                    "days": 7
                  }
                ],
                "smb": []
              }
            ],
            "shared_access_key_enabled": true,
            "static_website": [],
            "table_encryption_key_type": "Service",
            "tags": {
              "Environment": "SecurityTesting",
              "Purpose": "PublicBackupStorage",
              "Risk": "CRITICAL",
              "Warning": "PubliclyAccessible"
            },
            "timeouts": null
          },
          "sensitive_attributes": [
            [
              {
                "type": "get_attr",
                "value": "primary_blob_connection_string"
              }
            ],
            [
              {
                "type": "get_attr",
                "value": "secondary_connection_string"
              }
            ],
            [
              {
                "type": "get_attr",
                "value": "secondary_blob_connection_string"
              }
            ],
            [
              {
                "type": "get_attr",
                "value": "primary_connection_string"
              }
            ],
            [
              {
                "type": "get_attr",
                "value": "primary_access_key"
              }
            ],
            [
              {
                "type": "get_attr",
                "value": "secondary_access_key"
              }
            ]
          ],
          "private": "eyJlMmJmYjczMC1lY2FhLTExZTYtOGY4OC0zNDM2M2JjN2M0YzAiOnsiY3JlYXRlIjozNjAwMDAwMDAwMDAwLCJkZWxldGUiOjM2MDAwMDAwMDAwMDAsInJlYWQiOjMwMDAwMDAwMDAwMCwidXBkYXRlIjozNjAwMDAwMDAwMDAwfSwic2NoZW1hX3ZlcnNpb24iOiI0In0=",
          "dependencies": [
            "azurerm_resource_group.wiz_exercise",
            "module.storage.random_string.suffix"
          ]
        }
      ]
    },
    {
      "module": "module.storage",
      "mode": "managed",
      "type": "azurerm_storage_account",
      "name": "wiz_storage",
      "provider": "provider[\"registry.terraform.io/hashicorp/azurerm\"]",
      "instances": [
        {
          "schema_version": 4,
          "attributes": {
            "access_tier": "Hot",
            "account_kind": "StorageV2",
            "account_replication_type": "LRS",
            "account_tier": "Standard",
            "allow_nested_items_to_be_public": true,
            "allowed_copy_scope": "",
            "azure_files_authentication": [],
            "blob_properties": [
              {
                "change_feed_enabled": false,
                "change_feed_retention_in_days": 0,
                "container_delete_retention_policy": [],
                "cors_rule": [],
                "default_service_version": "",
                "delete_retention_policy": [
                  {
                    "days": 1,
                    "permanent_delete_enabled": false
                  }
                ],
                "last_access_time_enabled": false,
                "restore_policy": [],
                "versioning_enabled": false
              }
            ],
            "cross_tenant_replication_enabled": true,
            "custom_domain": [],
            "customer_managed_key": [],
            "default_to_oauth_authentication": false,
            "dns_endpoint_type": "Standard",
            "edge_zone": "",
            "enable_https_traffic_only": true,
            "https_traffic_only_enabled": true,
            "id": "/subscriptions/bedc16a0-d4ca-4f6c-900d-98ff912d9d19/resourceGroups/wiz-exercise-rg/providers/Microsoft.Storage/storageAccounts/wizexqkjhjnda",
            "identity": [],
            "immutability_policy": [],
            "infrastructure_encryption_enabled": false,
            "is_hns_enabled": false,
            "large_file_share_enabled": false,
            "local_user_enabled": true,
            "location": "eastus2",
            "min_tls_version": "TLS1_2",
            "name": "wizexqkjhjnda",
            "network_rules": [],
            "nfsv3_enabled": false,
            "primary_access_key": "u0uz0id8505IkxIvtU+koWxzAkT0qTQsmFcUuJdqx9V9++k7wSVsaDlhDwidkom936TdWJGZU0+x+AStjvIsqA==",
            "primary_blob_connection_string": "DefaultEndpointsProtocol=https;BlobEndpoint=https://wizexqkjhjnda.blob.core.windows.net/;AccountName=wizexqkjhjnda;AccountKey=u0uz0id8505IkxIvtU+koWxzAkT0qTQsmFcUuJdqx9V9++k7wSVsaDlhDwidkom936TdWJGZU0+x+AStjvIsqA==",
            "primary_blob_endpoint": "https://wizexqkjhjnda.blob.core.windows.net/",
            "primary_blob_host": "wizexqkjhjnda.blob.core.windows.net",
            "primary_blob_internet_endpoint": "",
            "primary_blob_internet_host": "",
            "primary_blob_microsoft_endpoint": "",
            "primary_blob_microsoft_host": "",
            "primary_connection_string": "DefaultEndpointsProtocol=https;AccountName=wizexqkjhjnda;AccountKey=u0uz0id8505IkxIvtU+koWxzAkT0qTQsmFcUuJdqx9V9++k7wSVsaDlhDwidkom936TdWJGZU0+x+AStjvIsqA==;EndpointSuffix=core.windows.net",
            "primary_dfs_endpoint": "https://wizexqkjhjnda.dfs.core.windows.net/",
            "primary_dfs_host": "wizexqkjhjnda.dfs.core.windows.net",
            "primary_dfs_internet_endpoint": "",
            "primary_dfs_internet_host": "",
            "primary_dfs_microsoft_endpoint": "",
            "primary_dfs_microsoft_host": "",
            "primary_file_endpoint": "https://wizexqkjhjnda.file.core.windows.net/",
            "primary_file_host": "wizexqkjhjnda.file.core.windows.net",
            "primary_file_internet_endpoint": "",
            "primary_file_internet_host": "",
            "primary_file_microsoft_endpoint": "",
            "primary_file_microsoft_host": "",
            "primary_location": "eastus2",
            "primary_queue_endpoint": "https://wizexqkjhjnda.queue.core.windows.net/",
            "primary_queue_host": "wizexqkjhjnda.queue.core.windows.net",
            "primary_queue_microsoft_endpoint": "",
            "primary_queue_microsoft_host": "",
            "primary_table_endpoint": "https://wizexqkjhjnda.table.core.windows.net/",
            "primary_table_host": "wizexqkjhjnda.table.core.windows.net",
            "primary_table_microsoft_endpoint": "",
            "primary_table_microsoft_host": "",
            "primary_web_endpoint": "https://wizexqkjhjnda.z20.web.core.windows.net/",
            "primary_web_host": "wizexqkjhjnda.z20.web.core.windows.net",
            "primary_web_internet_endpoint": "",
            "primary_web_internet_host": "",
            "primary_web_microsoft_endpoint": "",
            "primary_web_microsoft_host": "",
            "public_network_access_enabled": true,
            "queue_encryption_key_type": "Service",
            "queue_properties": [
              {
                "cors_rule": [],
                "hour_metrics": [
                  {
                    "enabled": false,
                    "include_apis": false,
                    "retention_policy_days": 0,
                    "version": "1.0"
                  }
                ],
                "logging": [
                  {
                    "delete": false,
                    "read": false,
                    "retention_policy_days": 0,
                    "version": "1.0",
                    "write": false
                  }
                ],
                "minute_metrics": [
                  {
                    "enabled": false,
                    "include_apis": false,
                    "retention_policy_days": 0,
                    "version": "1.0"
                  }
                ]
              }
            ],
            "resource_group_name": "wiz-exercise-rg",
            "routing": [],
            "sas_policy": [],
            "secondary_access_key": "2ljgu6iaM4Err6GQHwuZSww0w7+K0yVNr0Z4mZHCedvQ/o1a0oWDXnCcDpbcx5sAZ/mrBkRPe7Fn+ASt+kpMQg==",
            "secondary_blob_connection_string": "",
            "secondary_blob_endpoint": "",
            "secondary_blob_host": "",
            "secondary_blob_internet_endpoint": "",
            "secondary_blob_internet_host": "",
            "secondary_blob_microsoft_endpoint": "",
            "secondary_blob_microsoft_host": "",
            "secondary_connection_string": "DefaultEndpointsProtocol=https;AccountName=wizexqkjhjnda;AccountKey=2ljgu6iaM4Err6GQHwuZSww0w7+K0yVNr0Z4mZHCedvQ/o1a0oWDXnCcDpbcx5sAZ/mrBkRPe7Fn+ASt+kpMQg==;EndpointSuffix=core.windows.net",
            "secondary_dfs_endpoint": "",
            "secondary_dfs_host": "",
            "secondary_dfs_internet_endpoint": "",
            "secondary_dfs_internet_host": "",
            "secondary_dfs_microsoft_endpoint": "",
            "secondary_dfs_microsoft_host": "",
            "secondary_file_endpoint": "",
            "secondary_file_host": "",
            "secondary_file_internet_endpoint": "",
            "secondary_file_internet_host": "",
            "secondary_file_microsoft_endpoint": "",
            "secondary_file_microsoft_host": "",
            "secondary_location": "",
            "secondary_queue_endpoint": "",
            "secondary_queue_host": "",
            "secondary_queue_microsoft_endpoint": "",
            "secondary_queue_microsoft_host": "",
            "secondary_table_endpoint": "",
            "secondary_table_host": "",
            "secondary_table_microsoft_endpoint": "",
            "secondary_table_microsoft_host": "",
            "secondary_web_endpoint": "",
            "secondary_web_host": "",
            "secondary_web_internet_endpoint": "",
            "secondary_web_internet_host": "",
            "secondary_web_microsoft_endpoint": "",
            "secondary_web_microsoft_host": "",
            "sftp_enabled": false,
            "share_properties": [
              {
                "cors_rule": [],
                "retention_policy": [
                  {
                    "days": 7
                  }
                ],
                "smb": []
              }
            ],
            "shared_access_key_enabled": true,
            "static_website": [],
            "table_encryption_key_type": "Service",
            "tags": {
              "Environment": "SecurityTesting",
              "Purpose": "VulnerableStorage",
              "Risk": "HIGH"
            },
            "timeouts": null
          },
          "sensitive_attributes": [
            [
              {
                "type": "get_attr",
                "value": "secondary_connection_string"
              }
            ],
            [
              {
                "type": "get_attr",
                "value": "primary_blob_connection_string"
              }
            ],
            [
              {
                "type": "get_attr",
                "value": "secondary_blob_connection_string"
              }
            ],
            [
              {
                "type": "get_attr",
                "value": "primary_access_key"
              }
            ],
            [
              {
                "type": "get_attr",
                "value": "secondary_access_key"
              }
            ],
            [
              {
                "type": "get_attr",
                "value": "primary_connection_string"
              }
            ]
          ],
          "private": "eyJlMmJmYjczMC1lY2FhLTExZTYtOGY4OC0zNDM2M2JjN2M0YzAiOnsiY3JlYXRlIjozNjAwMDAwMDAwMDAwLCJkZWxldGUiOjM2MDAwMDAwMDAwMDAsInJlYWQiOjMwMDAwMDAwMDAwMCwidXBkYXRlIjozNjAwMDAwMDAwMDAwfSwic2NoZW1hX3ZlcnNpb24iOiI0In0=",
          "dependencies": [
            "azurerm_resource_group.wiz_exercise",
            "module.storage.random_string.suffix"
          ]
        }
      ]
    },
    {
      "module": "module.storage",
      "mode": "managed",
      "type": "azurerm_storage_account_network_rules",
      "name": "backup_public_access",
      "provider": "provider[\"registry.terraform.io/hashicorp/azurerm\"]",
      "instances": [
        {
          "schema_version": 0,
          "attributes": {
            "bypass": [
              "AzureServices",
              "Logging",
              "Metrics"
            ],
            "default_action": "Allow",
            "id": "/subscriptions/bedc16a0-d4ca-4f6c-900d-98ff912d9d19/resourceGroups/wiz-exercise-rg/providers/Microsoft.Storage/storageAccounts/backupsqkjhjnda",
            "ip_rules": [],
            "private_link_access": [],
            "storage_account_id": "/subscriptions/bedc16a0-d4ca-4f6c-900d-98ff912d9d19/resourceGroups/wiz-exercise-rg/providers/Microsoft.Storage/storageAccounts/backupsqkjhjnda",
            "timeouts": null,
            "virtual_network_subnet_ids": []
          },
          "sensitive_attributes": [],
          "private": "eyJlMmJmYjczMC1lY2FhLTExZTYtOGY4OC0zNDM2M2JjN2M0YzAiOnsiY3JlYXRlIjozNjAwMDAwMDAwMDAwLCJkZWxldGUiOjM2MDAwMDAwMDAwMDAsInJlYWQiOjMwMDAwMDAwMDAwMCwidXBkYXRlIjozNjAwMDAwMDAwMDAwfX0=",
          "dependencies": [
            "azurerm_resource_group.wiz_exercise",
            "module.storage.azurerm_storage_account.backup_storage",
            "module.storage.random_string.suffix"
          ]
        }
      ]
    },
    {
      "module": "module.storage",
      "mode": "managed",
      "type": "azurerm_storage_container",
      "name": "mongodb_backups",
      "provider": "provider[\"registry.terraform.io/hashicorp/azurerm\"]",
      "instances": [
        {
          "schema_version": 1,
          "attributes": {
            "container_access_type": "blob",
            "default_encryption_scope": "$account-encryption-key",
            "encryption_scope_override_enabled": true,
            "has_immutability_policy": false,
            "has_legal_hold": false,
            "id": "https://wizexqkjhjnda.blob.core.windows.net/mongodb-backups",
            "metadata": {},
            "name": "mongodb-backups",
            "resource_manager_id": "/subscriptions/bedc16a0-d4ca-4f6c-900d-98ff912d9d19/resourceGroups/wiz-exercise-rg/providers/Microsoft.Storage/storageAccounts/wizexqkjhjnda/blobServices/default/containers/mongodb-backups",
            "storage_account_name": "wizexqkjhjnda",
            "timeouts": null
          },
          "sensitive_attributes": [],
          "private": "eyJlMmJmYjczMC1lY2FhLTExZTYtOGY4OC0zNDM2M2JjN2M0YzAiOnsiY3JlYXRlIjoxODAwMDAwMDAwMDAwLCJkZWxldGUiOjE4MDAwMDAwMDAwMDAsInJlYWQiOjMwMDAwMDAwMDAwMCwidXBkYXRlIjoxODAwMDAwMDAwMDAwfSwic2NoZW1hX3ZlcnNpb24iOiIxIn0=",
          "dependencies": [
            "azurerm_resource_group.wiz_exercise",
            "module.storage.azurerm_storage_account.wiz_storage",
            "module.storage.random_string.suffix"
          ]
        }
      ]
    },
    {
      "module": "module.storage",
      "mode": "managed",
      "type": "azurerm_storage_container",
      "name": "public_backups",
      "provider": "provider[\"registry.terraform.io/hashicorp/azurerm\"]",
      "instances": [
        {
          "schema_version": 1,
          "attributes": {
            "container_access_type": "blob",
            "default_encryption_scope": "$account-encryption-key",
            "encryption_scope_override_enabled": true,
            "has_immutability_policy": false,
            "has_legal_hold": false,
            "id": "https://backupsqkjhjnda.blob.core.windows.net/mongodb-backups",
            "metadata": {},
            "name": "mongodb-backups",
            "resource_manager_id": "/subscriptions/bedc16a0-d4ca-4f6c-900d-98ff912d9d19/resourceGroups/wiz-exercise-rg/providers/Microsoft.Storage/storageAccounts/backupsqkjhjnda/blobServices/default/containers/mongodb-backups",
            "storage_account_name": "backupsqkjhjnda",
            "timeouts": null
          },
          "sensitive_attributes": [],
          "private": "eyJlMmJmYjczMC1lY2FhLTExZTYtOGY4OC0zNDM2M2JjN2M0YzAiOnsiY3JlYXRlIjoxODAwMDAwMDAwMDAwLCJkZWxldGUiOjE4MDAwMDAwMDAwMDAsInJlYWQiOjMwMDAwMDAwMDAwMCwidXBkYXRlIjoxODAwMDAwMDAwMDAwfSwic2NoZW1hX3ZlcnNpb24iOiIxIn0=",
          "dependencies": [
            "azurerm_resource_group.wiz_exercise",
            "module.storage.azurerm_storage_account.backup_storage",
            "module.storage.random_string.suffix"
          ]
        }
      ]
    },
    {
      "module": "module.storage",
      "mode": "managed",
      "type": "random_string",
      "name": "suffix",
      "provider": "provider[\"registry.terraform.io/hashicorp/random\"]",
      "instances": [
        {
          "schema_version": 2,
          "attributes": {
            "id": "qkjhjnda",
            "keepers": null,
            "length": 8,
            "lower": true,
            "min_lower": 0,
            "min_numeric": 0,
            "min_special": 0,
            "min_upper": 0,
            "number": true,
            "numeric": true,
            "override_special": null,
            "result": "qkjhjnda",
            "special": false,
            "upper": false
          },
          "sensitive_attributes": []
        }
      ]
    }
  ],
  "check_results": null
}
