{
  "version": 4,
  "terraform_version": "1.11.4",
  "serial": 65,
  "lineage": "4f52c6f5-1f23-739b-85a2-bce59d221354",
  "outputs": {
    "acr_admin_username": {
      "value": "wizexerciseacrt1j4s2qz",
      "type": "string"
    },
    "acr_login_server": {
      "value": "wizexerciseacrt1j4s2qz.azurecr.io",
      "type": "string"
    },
    "aks_cluster_name": {
      "value": "wiz-aks-cluster",
      "type": "string"
    },
    "mongodb_admin_password": {
      "value": "Azure_123456",
      "type": "string",
      "sensitive": true
    },
    "mongodb_admin_username": {
      "value": "azureuser",
      "type": "string"
    },
    "mongodb_vm_public_ip": {
      "value": "20.57.75.15",
      "type": "string"
    },
    "storage_account_name": {
      "value": "wizexvv7dw4vr",
      "type": "string"
    }
  },
  "resources": [
    {
      "mode": "managed",
      "type": "azurerm_resource_group",
      "name": "wiz_exercise",
      "provider": "provider[\"registry.terraform.io/hashicorp/azurerm\"]",
      "instances": [
        {
          "schema_version": 0,
          "attributes": {
            "id": "/subscriptions/bf3ff429-d86d-43a1-9326-f625a1e8bb50/resourceGroups/wiz-exercise-rg",
            "location": "eastus2",
            "managed_by": "",
            "name": "wiz-exercise-rg",
            "tags": {},
            "timeouts": null
          },
          "sensitive_attributes": [],
          "private": "eyJlMmJmYjczMC1lY2FhLTExZTYtOGY4OC0zNDM2M2JjN2M0YzAiOnsiY3JlYXRlIjo1NDAwMDAwMDAwMDAwLCJkZWxldGUiOjU0MDAwMDAwMDAwMDAsInJlYWQiOjMwMDAwMDAwMDAwMCwidXBkYXRlIjo1NDAwMDAwMDAwMDAwfX0="
        }
      ]
    },
    {
      "module": "module.acr",
      "mode": "managed",
      "type": "azurerm_container_registry",
      "name": "wiz_acr",
      "provider": "provider[\"registry.terraform.io/hashicorp/azurerm\"]",
      "instances": [
        {
          "schema_version": 2,
          "attributes": {
            "admin_enabled": true,
            "admin_password": "suialdK86JAybWsB6t0nB81N0GnLShJ49dLjL+R2ck+ACRC/+RZu",
            "admin_username": "wizexerciseacrt1j4s2qz",
            "anonymous_pull_enabled": false,
            "data_endpoint_enabled": false,
            "encryption": [
              {
                "enabled": false,
                "identity_client_id": "",
                "key_vault_key_id": ""
              }
            ],
            "export_policy_enabled": true,
            "georeplications": [],
            "id": "/subscriptions/bf3ff429-d86d-43a1-9326-f625a1e8bb50/resourceGroups/wiz-exercise-rg/providers/Microsoft.ContainerRegistry/registries/wizexerciseacrt1j4s2qz",
            "identity": [],
            "location": "eastus2",
            "login_server": "wizexerciseacrt1j4s2qz.azurecr.io",
            "name": "wizexerciseacrt1j4s2qz",
            "network_rule_bypass_option": "AzureServices",
            "network_rule_set": [],
            "public_network_access_enabled": true,
            "quarantine_policy_enabled": false,
            "resource_group_name": "wiz-exercise-rg",
            "retention_policy": [
              {
                "days": 7,
                "enabled": false
              }
            ],
            "sku": "Basic",
            "tags": {},
            "timeouts": null,
            "trust_policy": [
              {
                "enabled": false
              }
            ],
            "zone_redundancy_enabled": false
          },
          "sensitive_attributes": [
            [
              {
                "type": "get_attr",
                "value": "admin_password"
              }
            ]
          ],
          "private": "eyJlMmJmYjczMC1lY2FhLTExZTYtOGY4OC0zNDM2M2JjN2M0YzAiOnsiY3JlYXRlIjoxODAwMDAwMDAwMDAwLCJkZWxldGUiOjE4MDAwMDAwMDAwMDAsInJlYWQiOjMwMDAwMDAwMDAwMCwidXBkYXRlIjoxODAwMDAwMDAwMDAwfSwic2NoZW1hX3ZlcnNpb24iOiIyIn0=",
          "dependencies": [
            "azurerm_resource_group.wiz_exercise",
            "module.acr.random_string.suffix"
          ]
        }
      ]
    },
    {
      "module": "module.acr",
      "mode": "managed",
      "type": "random_string",
      "name": "suffix",
      "provider": "provider[\"registry.terraform.io/hashicorp/random\"]",
      "instances": [
        {
          "schema_version": 2,
          "attributes": {
            "id": "t1j4s2qz",
            "keepers": null,
            "length": 8,
            "lower": true,
            "min_lower": 0,
            "min_numeric": 0,
            "min_special": 0,
            "min_upper": 0,
            "number": true,
            "numeric": true,
            "override_special": null,
            "result": "t1j4s2qz",
            "special": false,
            "upper": false
          },
          "sensitive_attributes": []
        }
      ]
    },
    {
      "module": "module.aks",
      "mode": "managed",
      "type": "azurerm_kubernetes_cluster",
      "name": "wiz_aks",
      "provider": "provider[\"registry.terraform.io/hashicorp/azurerm\"]",
      "instances": [
        {
          "schema_version": 2,
          "attributes": {
            "aci_connector_linux": [],
            "api_server_access_profile": [],
            "api_server_authorized_ip_ranges": [],
            "auto_scaler_profile": [],
            "automatic_channel_upgrade": "",
            "azure_active_directory_role_based_access_control": [],
            "azure_policy_enabled": null,
            "confidential_computing": [],
            "cost_analysis_enabled": false,
            "current_kubernetes_version": "1.31.8",
            "custom_ca_trust_certificates_base64": [],
            "default_node_pool": [
              {
                "capacity_reservation_group_id": "",
                "custom_ca_trust_enabled": false,
                "enable_auto_scaling": false,
                "enable_host_encryption": false,
                "enable_node_public_ip": false,
                "fips_enabled": false,
                "gpu_instance": "",
                "host_group_id": "",
                "kubelet_config": [],
                "kubelet_disk_type": "OS",
                "linux_os_config": [],
                "max_count": 0,
                "max_pods": 30,
                "message_of_the_day": "",
                "min_count": 0,
                "name": "default",
                "node_count": 2,
                "node_labels": {},
                "node_network_profile": [],
                "node_public_ip_prefix_id": "",
                "node_taints": [],
                "only_critical_addons_enabled": false,
                "orchestrator_version": "1.31",
                "os_disk_size_gb": 128,
                "os_disk_type": "Managed",
                "os_sku": "Ubuntu",
                "pod_subnet_id": "",
                "proximity_placement_group_id": "",
                "scale_down_mode": "Delete",
                "snapshot_id": "",
                "tags": {},
                "temporary_name_for_rotation": "",
                "type": "VirtualMachineScaleSets",
                "ultra_ssd_enabled": false,
                "upgrade_settings": [
                  {
                    "drain_timeout_in_minutes": 0,
                    "max_surge": "10%",
                    "node_soak_duration_in_minutes": 0
                  }
                ],
                "vm_size": "Standard_D2s_v3",
                "vnet_subnet_id": "/subscriptions/bf3ff429-d86d-43a1-9326-f625a1e8bb50/resourceGroups/wiz-exercise-rg/providers/Microsoft.Network/virtualNetworks/wiz-vnet/subnets/kubernetes-subnet",
                "workload_runtime": "",
                "zones": []
              }
            ],
            "disk_encryption_set_id": "",
            "dns_prefix": "wizaks",
            "dns_prefix_private_cluster": "",
            "edge_zone": "",
            "enable_pod_security_policy": false,
            "fqdn": "wizaks-p5rcumt1.hcp.eastus2.azmk8s.io",
            "http_application_routing_enabled": null,
            "http_application_routing_zone_name": null,
            "http_proxy_config": [],
            "id": "/subscriptions/bf3ff429-d86d-43a1-9326-f625a1e8bb50/resourceGroups/wiz-exercise-rg/providers/Microsoft.ContainerService/managedClusters/wiz-aks-cluster",
            "identity": [
              {
                "identity_ids": [],
                "principal_id": "cc86ca88-668a-4cca-a46e-81d189713523",
                "tenant_id": "16852526-72f4-4f4a-8f0a-aac51573a97b",
                "type": "SystemAssigned"
              }
            ],
            "image_cleaner_enabled": false,
            "image_cleaner_interval_hours": 48,
            "ingress_application_gateway": [],
            "key_management_service": [],
            "key_vault_secrets_provider": [],
            "kube_admin_config": [],
            "kube_admin_config_raw": "",
            "kube_config": [
              {
                "client_certificate": "LS0tLS1CRUdJTiBDRVJUSUZJQ0FURS0tLS0tCk1JSUZIakNDQXdhZ0F3SUJBZ0lSQUtRa1BLRVRWQnNtN2lPc0dyNnpwRlF3RFFZSktvWklodmNOQVFFTEJRQXcKRFRFTE1Ba0dBMVVFQXhNQ1kyRXdIaGNOTWpVd05qRXdNVGd6TlRVNVdoY05NamN3TmpFd01UZzBOVFU1V2pBdwpNUmN3RlFZRFZRUUtFdzV6ZVhOMFpXMDZiV0Z6ZEdWeWN6RVZNQk1HQTFVRUF4TU1iV0Z6ZEdWeVkyeHBaVzUwCk1JSUNJakFOQmdrcWhraUc5dzBCQVFFRkFBT0NBZzhBTUlJQ0NnS0NBZ0VBNmhBSjRNbG02eDhaTTZpemUvMWwKaWhVblZUd3FOTkF5M3E3S0FxeTMzemFhQkJXTnlRRTdHWUNpMVRzSWFiZU5pZllrOWIxdm9abnhkQzlNS0htWgowV1RWblFoUHpSZlFvbjhsYS9SZldDV0I3S2NWSnZ2RStYUjYvSG8wcGtLbmRVVHpXNCtkNUgvYi9zZVVlUloxCmZyVWRzblAwcDBnSUlsQ1NweFhCUXMxRFBPVGJCazJiZmozQzRjcDVlUTE4UDhmbzhDQ2lmTHVQZ0hreUp5OC8KbjJaejREYmlybVB4ZXdMM1ZDSHhsSlg5WWxsQVVocCsrT1hwUlhMNzA1QnJJMkEvSkxPKzdvZ2QrYmNVSlMyQQpYa2lwK3RTMzZOU2E0dFd3aEJaaFRwem1PUVdDa0ZSQW9CTTdlTGZ4T2NFZnZmRkVoNG1teTJlNjZJMVk2S1N2ClRzVXE4eU5zL3dhWTIvTEg4UXE4Z0hQd0NrNHdxa0RoUjB4SjFURmdUOXczYkQwSmpRakJrRVIvWktGNEFCWTEKMEhrMzdzUTlCbWhtbEpLSTEvMnFOWmFuSE5iZk9ON09JZ0VlN0xxSmFmY2xkRENzWjdZSkxyMkZkbjZ6Z3FRaQpqNzNPdlM2blBxWWdFYWxLd3phRkkvQzhvM1pDVzRpZTFLTGNTekJwQWJGcW5LREJNd0lvTGFaU1pxMlFudElwCjNvUW1xdjAwRVY4ekIyejJwVzVPZG5iM2RlaTU1QSsvelJBY2tLekw3TDI1T0VnMXQ2L1J0MnN1OXIxNXVUTmEKNzJKV0hjdGV6Mm1tbzFxUllSMHNDcVdpa1FjalNQbldqVUNYMU1MZC9JM05HcGFHNUsvZnAzeGVEaVpYY2FEcAorZXkzVlNGUDVxN0Z2SkxqMkdNTXdVTUNBd0VBQWFOV01GUXdEZ1lEVlIwUEFRSC9CQVFEQWdXZ01CTUdBMVVkCkpRUU1NQW9HQ0NzR0FRVUZCd01DTUF3R0ExVWRFd0VCL3dRQ01BQXdId1lEVlIwakJCZ3dGb0FVelhXZkVwZ04KU1dGUzJ1YVBWNzhpVkZBTm4ra3dEUVlKS29aSWh2Y05BUUVMQlFBRGdnSUJBQVFnUkVzV0NtUm9DcTd0cS9McQp6YXhad1BBdGM1RzI1K2RKdHBWd1pRbDZFTmVIaU1uY2trWWMwMy9KQlZtYUVsYVpsNllydHFCWHNuejlGWUZPClhiL2FSWklKVW1PL0xZWTgrOTE4b3hZaDNuTjRyWDRqWFRSLzdFVnphVmNKR3lWTm9kd0w3SGpRMlN4bVA1YTYKYnpqVVp2RElHcTdSbzFlbDlXNTZ2dTVpWkRqR1M4ekNmc3A1NEc4cVgvaTFkN0k4eFpnZzNXRDE0NCtaY2FUcQpnV3lPY28xR1JjSlNnc3l4VHA3TkVEcjJBbXBqeXYxVHJUOGo1Mnd1UWpIS2dGdkU0Vnp6ZnJlWi9McFRlbzlwClpJdjFoa2dMejZLbGdKNTdFWGd0Z2dTTElvdmN3S0ljWjk2RlpEeHhNZWw4TjJjQTYvdXZGczJJVVNTdXp3dTAKenpSNVYvc2F5K3BoN29id3VGdndNelBZWmZ6Y0NCOGY0M0lNYTB2MDY1ZHlDc3VTOWxUK2NmbHBRcDNKWU8zMQp1OTIvTDB4NTc5bW5QRzRtd2tjTEttWnRhQUw4SzduZG8zV0lWZVNVZGkzQ0xHRnVzS05QVlRob2RzaDZqMVdHCmFwb3V6WUJxZWFVSUFFRnZkWlZ4eEQ4ODdTQy9WWDEvMUVpeThrZkhxdVVFWEkzWWd3QUp6a0g4SFkvOUpaRFAKa0p6TnJRQWE4VHFWV0g3MEJPVkZ2ZlNkVUZaTko4TGt6cWlmQUUwczd4VWtiZGRjVmRZRm9XT25ieWk5dkwvaApLVVZEcmcyQ2g4dFhJQ2w1MXpiR1J2aDJRVWNrZk45cnVLem1yOGVsMmxNVk51MmN4UThZU2ZnWkRMdDdnc0JECm1TTHhZZE42YmVOb1BUSjVqaUpPZ3BEegotLS0tLUVORCBDRVJUSUZJQ0FURS0tLS0tCg==",
                "client_key": "LS0tLS1CRUdJTiBSU0EgUFJJVkFURSBLRVktLS0tLQpNSUlKSndJQkFBS0NBZ0VBNmhBSjRNbG02eDhaTTZpemUvMWxpaFVuVlR3cU5OQXkzcTdLQXF5MzN6YWFCQldOCnlRRTdHWUNpMVRzSWFiZU5pZllrOWIxdm9abnhkQzlNS0htWjBXVFZuUWhQelJmUW9uOGxhL1JmV0NXQjdLY1YKSnZ2RStYUjYvSG8wcGtLbmRVVHpXNCtkNUgvYi9zZVVlUloxZnJVZHNuUDBwMGdJSWxDU3B4WEJRczFEUE9UYgpCazJiZmozQzRjcDVlUTE4UDhmbzhDQ2lmTHVQZ0hreUp5OC9uMlp6NERiaXJtUHhld0wzVkNIeGxKWDlZbGxBClVocCsrT1hwUlhMNzA1QnJJMkEvSkxPKzdvZ2QrYmNVSlMyQVhraXArdFMzNk5TYTR0V3doQlpoVHB6bU9RV0MKa0ZSQW9CTTdlTGZ4T2NFZnZmRkVoNG1teTJlNjZJMVk2S1N2VHNVcTh5TnMvd2FZMi9MSDhRcThnSFB3Q2s0dwpxa0RoUjB4SjFURmdUOXczYkQwSmpRakJrRVIvWktGNEFCWTEwSGszN3NROUJtaG1sSktJMS8ycU5aYW5ITmJmCk9ON09JZ0VlN0xxSmFmY2xkRENzWjdZSkxyMkZkbjZ6Z3FRaWo3M092UzZuUHFZZ0VhbEt3emFGSS9DOG8zWkMKVzRpZTFLTGNTekJwQWJGcW5LREJNd0lvTGFaU1pxMlFudElwM29RbXF2MDBFVjh6QjJ6MnBXNU9kbmIzZGVpNQo1QSsvelJBY2tLekw3TDI1T0VnMXQ2L1J0MnN1OXIxNXVUTmE3MkpXSGN0ZXoybW1vMXFSWVIwc0NxV2lrUWNqClNQbldqVUNYMU1MZC9JM05HcGFHNUsvZnAzeGVEaVpYY2FEcCtleTNWU0ZQNXE3RnZKTGoyR01Nd1VNQ0F3RUEKQVFLQ0FnQXBwMmNLb096MjVOYm9VWnAzYzFYeHArZ1REQno2dng1K2NKNjBzU1liekN6R2swdGpQUnZXWXdVWAphMlVJNDBpR0I4NzJDSnRvSit4SFgrOXV1STArTFhLeWVuc3hKWTdVakVvTmx6U3NqQ2crQkZJSVdQL3A0T2ZPCkxMVlg3VDY5Nk9KaUpnSFVXMGk4WTZveGptU2tndmpnL0MvSzRVL0pRNHVGdnFKaEVBUnFQdFFYb0JJTytsREgKTy9BNE1jVXQySmJFdlJvTmxwZG9KcWxkUGRSVnVyYmViUVlVUU9jRm5EYUZ1M0N4bjZ1ekorMEJiNE92S2NORQp2N3kvSHRGaVAwdWRiWHVLR2FFMEFuZk1VZmVwVDhjb1ExampUNHFzMlppTE9TeGlBQndjZzdXRGwrclVVZmZnCmVPT3VBb2R5bHhBNkNxNHJQcStObVRIOFhPcHhoQmI3Wk9kTE1SejFCdUdkeTNmN09zUjB6U283ci9PNFM1TXUKZVFpdXp5R0lyUXNZaFZGQWUvSFBzalBCRTJ2Y3l6emhOZWNydVZZc0xCRW1yay9ZKytadWpuV0xnQ3JwMlc4bgpNbVNUT2YrOEdNNldXcHBPZ1AwZU1ldm5USzFOTWtMdmNSN013dHgvcWVhT3JHdlkvbW41QzhqZGd4T245NVlECkROWjYzTzIvY3MrYWs0Q3RacFVvMTNBejhIRnlXOHdYYzhob0FMOXdjdThmVVVhb0E0YXpkbkU2Qk1vTTRWWUEKV0k1RjExV3FraWFIclZrem1mVk9NdXUxVW9OQ1FYLytjSlFVa3NEVy9mM0lVQnVnN05FaUY5U3J4RHowMWtCcApKVGlrYVZ5SkdXMC9TQTVyZlZ3K1RMdzBTT1JYNDBnRzgyUVk2c29GbFhFdUtHOG0yUUtDQVFFQTlLT2IzMnpDCm0xNTd6SHUyMDB2amdqWC9majhJS3JiUUNoRVkvTDBKLzArME9GU0xzRk5HYlo2TnN0S1RXYU0rVnJ5bTh3TkQKYlRLRmNUYlNYRCtoRm5xY1kxNFJ1aWMvSkJhWmF1WU1XZE9rL0pFTTVGSXY3dUQrRFBrRzJjSllLZStnYmE4eAphU3NjN3VScWFHUHB5MjlLNC9oSHdxb3hmTGFaWXJnQUYyUUp1UEdlVG5seDk2UDMvWTJ1eEIxa1lmSTBIcFNXCmhvNnUwUGlCVGJTaHVjbTAvYnl4L2VuQ1Zjc2xPNjUrRC9lM0p6cTdwblRJNXR1NXVzc0x2akc0WnJCcnpnSVIKb0lBQ0crN3ZFMXNvNXBRbWNWQmhiRHFGWm9hZGllTDA4UWhvMkRVRExTQldVekcyanIwbmFVWjZ4SnJaRXdOUgp5NmlaWkJETWhhcHVqUUtDQVFFQTlPNnhFSWtjMHdEUi9BMWtjaTZ1d0VKRm1oOVFWM1VjamtuOGxGdDA3V0hECmdlUTZqek5RVlFuN053RXd5YmpIMS9LR0VsSDYvR1FTOGJSTDdPbHhjOVExdHZReFJMQi84ejdnOE4wMkxoOTUKKzVJN0tkbTlUWG40d3Z2NkRnTUZicGtUd005Y0JmSHY5TTJoUFdkVFZwb2R1cjZsV0dhVDJEOStWYWlWaUxkQwoxNjA0azVDQ3JGSUpXcmE0U2M4NFBDNytUV2dQdW1Ld3FkL1lUZHlqdzl1UzdoYzlaVGpCMkp4K3JmZlMzYlIzCjVGcGNLRCs5V0k4em5HdWpQd1VvQ2w2N3FDK1F2NTJhWm1tV3d6K3U5M3prTmFyS0NHRnNWVTlINlpmTmppRUcKM1l2M1kxSmo3c1ZSUldsb1NWRCtEblF3MHlwYTY1d1dMYkF0VFg4akR3S0NBUUE5akF2akloR3oxUW1BWUgrVwptVGtid1VvT0VQMlZBWGxGanhlaVBrME5scGZZdEN5UXArTElJV08wNFpXQXI3azNTUzhYWkhMS1BqT2tVQTZNCmR0V29PaUN1UHpSbWlRa3hveDNsN3dxY2JzckxZQkxHUG9jZ3FpcEFTVWFYOG5VTDErV2NzcjdUbnEwZ3pRYVkKVE1xOUM3cmpyOHNlQm9OOHhOUENLbGliaWVlSVNBRno3TW5uYTdFd2NUek95alkvRGhoZXVUTkZseEFVTXZFVgpBNlRNZ1JxdjI1Rk1PRXRVR2srN3ZDS3JFYjlhZDBST2xJTVcwYURnaGNUbWpNdS95aExWT1dBRjZTNmVxSFl0CmdIbkJ5UFFDL2g0RWhKU2JQckxUeGUycDFsdktTVXdMUmw5eGZzaFhFTytoWk1IdVJLYm9TYVdDZjJCWDlJSC8KL3VqaEFvSUJBSE5DUDZDQVpVZ0dBc3FSb3NyNG5OTnNYRVNDcDlRQUVFZ0ZHUTdYV3RhNlFyNUZJQ2x6QkVLQQpSKzlDYUNzRkFVWGxvcUhNWWtlUzhEYzltTjBMblkvY05NcTdidFBjR3Rua3BRV3prMk53L0g0ZCtpbGZoVzJJCkVEL3hRMktFbVhIS0p6bDhXdG1SV0ZIaTBoV0xJZlNHNGFhWFFFZXhQYkZ0YjQzdm55Nk96cTJmbmhnUzBPczIKVDZDWWkzQndTdzVITHZST0c5aWh5SENvSGFuR1FtcFFVWHdwQTRNMmlrSGNvdUJLMXJmdHpOMXdpQjJJb1JtagppYTM2R1AvMjlUaXNDN0xCYjJROFRnUVRmQmExU1NpOVpNYThjQVl4a2tFeTVheE8relArNXJRcXdXZkR4YkwrCnQ1ZnFXbURsOUNmcEZYREpaYStwNitYa0dlMTEvcEVDZ2dFQVRDSkdUbVM0eUJRRHIvaTkycFk0ME9KNFZLeHkKSnBsWmtUVEdzMjBKTFNETEgyR0lPc3BkaEJSbWFZYkhLWFhVQWlzUWxLQ1oyakllaEVNTEVIUmZ0UndsVytWTQo1OVpLRzRYSStWNUVCMlBXdVcya1pVOXQ4WjljMlpBaFdhYnIyb0puaGhnNkk2QWMyTE1LcmpmR3VLVkVwSG1ICk9Qc0VkUUVJRGthL2s5RTNvTFlVYzJsbndHMCtVWU1acTFRaXRFWGVZRGNFNW5ZMVZETHJuUkFsM2JNLzhaWmkKeHNadWE2RmxtR3E3WkF1MVNHeFVHYm9SMUxxTUhyZldrcUdtSnlVbGkxRVJYYVhLMGlhdlAya1d6c3N3NXp0dQpiU3prUVZVbzE1UFVLeGtGUEpzbmZWSTVrK0xpUUkzalEyb0puVmpwUVJYZXdBVnBLTitNZjdCZFRRPT0KLS0tLS1FTkQgUlNBIFBSSVZBVEUgS0VZLS0tLS0K",
                "cluster_ca_certificate": "LS0tLS1CRUdJTiBDRVJUSUZJQ0FURS0tLS0tCk1JSUU2RENDQXRDZ0F3SUJBZ0lRVzVselAyc3ltNHRQV1JySFNxK0xJakFOQmdrcWhraUc5dzBCQVFzRkFEQU4KTVFzd0NRWURWUVFERXdKallUQWdGdzB5TlRBMk1UQXhPRE0xTlRsYUdBOHlNRFUxTURZeE1ERTRORFUxT1ZvdwpEVEVMTUFrR0ExVUVBeE1DWTJFd2dnSWlNQTBHQ1NxR1NJYjNEUUVCQVFVQUE0SUNEd0F3Z2dJS0FvSUNBUURLCmtQeEtLNHdudy9nSFYwYThpZEY4MC95d2QxTEtrMjN2T09sa0kzK0dueEJsTjlHZXYzRWpoZ2FpTm40ZFRDSUYKcHlmVTl3VGd4cTFLdUtBeEc4VFhBSXFyMlpxY3RYdVo0OUtOREdQRmpsZlJ1NlpVWGI5eUxWelhwVFNCdCtTQgpSd1BPMDJlSytERU9VQmVKODhjOUJ0bi9qYnZNZXFxQ2p3UFpLRHEvMlNKdVZ1dWs4dU13VFVzS2U3OUFyUHhQCjJXNWsycUFvZjRmTUZvNjREdjhrMjJidmM0Uk5ZNWJnQ01tRXBwZDNpd1lXMFQxTDR0VGlBUlU0R1ZyMkRaVGwKYkdnUzE4YTVNYStXRlN0MXA4QjJ6WjJoNjNWOEdwS3lJQk1CK294ZzdEeUQ0OGpDc0dZMDJHWnhYN001M29DagorcG9pZG5VSE5HSFc0L0ZzS1ZvL0ZidmtTdVAwNmZ3UGhUbE9wdFVhWmhibC9aZ2hmZC9OMVVXM3JGcGtzcnBQCk9XM2p4R1FDbGpjVGtHVjcwdnZRbkpBTkhtUit3QVQ4eEdsUG1lR0dQMkJBZ2xZTEFEbi9MbkRNVjlWM0ZRb3UKeGQrbGptdjdYbUhqOGprTmtNcm9JcGVjRjd1eXB0RWZPSlB1Um9IZVJHQTJ6aVp6b00xUkxPb0tXZnIrQmdlbgpSSkdZNjMrUFJabjNJQTVzajJxMjk0RXc5WW9PNVpyWXdCd3AvOTV6ZEIzbC9mRERzTGFVU3RHcndRQWtlK1daCnB1ZHVzc08rRldxR0RFSGxVTW1kMEhXZlc1OHBQUlFReTJxcnp0UjhpTjI1Q0JvR3VybnNGcUFlYmlMWVpkY1cKclYveUVndmwySUFqMDdpNCtQMEdnVUlvNzUwbk5qYjhIeHY1Ky9qcjB3SURBUUFCbzBJd1FEQU9CZ05WSFE4QgpBZjhFQkFNQ0FxUXdEd1lEVlIwVEFRSC9CQVV3QXdFQi96QWRCZ05WSFE0RUZnUVV6WFdmRXBnTlNXRlMydWFQClY3OGlWRkFObitrd0RRWUpLb1pJaHZjTkFRRUxCUUFEZ2dJQkFHZlRNRkNQaDNyd3lyc0dCMXBFbkdJeXlHL1YKWjhGL3dOdHhzTUsvUjRDTGRQWWI0aVh4aENVVWwrQ3BQUnZYTS9ZT2EvK1dnVlIxbXhMR0tBdGVLMkJTaWI4NwpxNDRseEJFZHEwOUZRQ2gwWTkvTEo0UmZHOW5jLyszZGtOcUJ6ZG03QzJGaVlpM3l2MG1WTnVaeS94aXhidWZtCkg3T1VTQmJZdzNyVjFVK3BPVGRXZ05SUWw3YTc2blBDbnRzZHNYbThwZzZMamd5UGw2REdmSDEwWlVaS3M5UXYKdmllNVcvR1JnRFp1Q05qcFVhUU80aDQ5MnA3djdMaTlUVTFEUWNZSWdTVlFabFl4WkRVTExGcStrTFBkd3UzdQpMMkJwQUxPd0U3KzJkV3RVT1hrTy9IK0NoMVJteEdmMWZzbDIrTTRyV1ZNNWx5UGVPL0kxOGVabm82eHBEdlp1Clg3VHFOazZhaCt1NUFvcDViNlhUcTVWR0ZSM3VkYkpPb0lWS2t5V2xDQmU0TjJEMSswd1llSlhiSU03blk1ZUkKTURIcEFKdHA4K1NwUkVZZzB1dmMzRCs5MU9mWXprS2xQamZZSEFhdXpkcDIrZzErVVVrTlpobm04eDQvV1FxeApFR0tQQjQrbzlGc3NGcXFXS29CbGVTZHpWbHprYnZ1ZlRIYUJKYlVIRytYdTdTOExXWnJFamdzOERRdlJ4Y2lrClFxNkhiYStsc0xHdHh4NWdaOXJHbVJ6MVNDK2NJcGVyUGYrSHUzWUEzMm1aazd5QjZkSFBKK01TRHVBUHhOSlUKaVJLTkFxNXRFb3ZXZEYyaUtGajQ4UUN3bWtzMHZEQkxoN3l3cGsyeCtrb3ppWXVFN2xxWk9IZjcyLzlsTWxFOQppcnhnd0U3c1NEWEJGWFBMCi0tLS0tRU5EIENFUlRJRklDQVRFLS0tLS0K",
                "host": "https://wizaks-p5rcumt1.hcp.eastus2.azmk8s.io:443",
                "password": "62drc9prr9qiktt8zgpxx7n8b4y565zle1ztomtwq1qpgmpz00xdlhnk2mtmi8munea1r4ripht4t0x2owue957ci6lv4jit9r1t0fg64i394owu51a9n6w8biwc8t1l",
                "username": "clusterUser_wiz-exercise-rg_wiz-aks-cluster"
              }
            ],
            "kube_config_raw": "apiVersion: v1\nclusters:\n- cluster:\n    certificate-authority-data: LS0tLS1CRUdJTiBDRVJUSUZJQ0FURS0tLS0tCk1JSUU2RENDQXRDZ0F3SUJBZ0lRVzVselAyc3ltNHRQV1JySFNxK0xJakFOQmdrcWhraUc5dzBCQVFzRkFEQU4KTVFzd0NRWURWUVFERXdKallUQWdGdzB5TlRBMk1UQXhPRE0xTlRsYUdBOHlNRFUxTURZeE1ERTRORFUxT1ZvdwpEVEVMTUFrR0ExVUVBeE1DWTJFd2dnSWlNQTBHQ1NxR1NJYjNEUUVCQVFVQUE0SUNEd0F3Z2dJS0FvSUNBUURLCmtQeEtLNHdudy9nSFYwYThpZEY4MC95d2QxTEtrMjN2T09sa0kzK0dueEJsTjlHZXYzRWpoZ2FpTm40ZFRDSUYKcHlmVTl3VGd4cTFLdUtBeEc4VFhBSXFyMlpxY3RYdVo0OUtOREdQRmpsZlJ1NlpVWGI5eUxWelhwVFNCdCtTQgpSd1BPMDJlSytERU9VQmVKODhjOUJ0bi9qYnZNZXFxQ2p3UFpLRHEvMlNKdVZ1dWs4dU13VFVzS2U3OUFyUHhQCjJXNWsycUFvZjRmTUZvNjREdjhrMjJidmM0Uk5ZNWJnQ01tRXBwZDNpd1lXMFQxTDR0VGlBUlU0R1ZyMkRaVGwKYkdnUzE4YTVNYStXRlN0MXA4QjJ6WjJoNjNWOEdwS3lJQk1CK294ZzdEeUQ0OGpDc0dZMDJHWnhYN001M29DagorcG9pZG5VSE5HSFc0L0ZzS1ZvL0ZidmtTdVAwNmZ3UGhUbE9wdFVhWmhibC9aZ2hmZC9OMVVXM3JGcGtzcnBQCk9XM2p4R1FDbGpjVGtHVjcwdnZRbkpBTkhtUit3QVQ4eEdsUG1lR0dQMkJBZ2xZTEFEbi9MbkRNVjlWM0ZRb3UKeGQrbGptdjdYbUhqOGprTmtNcm9JcGVjRjd1eXB0RWZPSlB1Um9IZVJHQTJ6aVp6b00xUkxPb0tXZnIrQmdlbgpSSkdZNjMrUFJabjNJQTVzajJxMjk0RXc5WW9PNVpyWXdCd3AvOTV6ZEIzbC9mRERzTGFVU3RHcndRQWtlK1daCnB1ZHVzc08rRldxR0RFSGxVTW1kMEhXZlc1OHBQUlFReTJxcnp0UjhpTjI1Q0JvR3VybnNGcUFlYmlMWVpkY1cKclYveUVndmwySUFqMDdpNCtQMEdnVUlvNzUwbk5qYjhIeHY1Ky9qcjB3SURBUUFCbzBJd1FEQU9CZ05WSFE4QgpBZjhFQkFNQ0FxUXdEd1lEVlIwVEFRSC9CQVV3QXdFQi96QWRCZ05WSFE0RUZnUVV6WFdmRXBnTlNXRlMydWFQClY3OGlWRkFObitrd0RRWUpLb1pJaHZjTkFRRUxCUUFEZ2dJQkFHZlRNRkNQaDNyd3lyc0dCMXBFbkdJeXlHL1YKWjhGL3dOdHhzTUsvUjRDTGRQWWI0aVh4aENVVWwrQ3BQUnZYTS9ZT2EvK1dnVlIxbXhMR0tBdGVLMkJTaWI4NwpxNDRseEJFZHEwOUZRQ2gwWTkvTEo0UmZHOW5jLyszZGtOcUJ6ZG03QzJGaVlpM3l2MG1WTnVaeS94aXhidWZtCkg3T1VTQmJZdzNyVjFVK3BPVGRXZ05SUWw3YTc2blBDbnRzZHNYbThwZzZMamd5UGw2REdmSDEwWlVaS3M5UXYKdmllNVcvR1JnRFp1Q05qcFVhUU80aDQ5MnA3djdMaTlUVTFEUWNZSWdTVlFabFl4WkRVTExGcStrTFBkd3UzdQpMMkJwQUxPd0U3KzJkV3RVT1hrTy9IK0NoMVJteEdmMWZzbDIrTTRyV1ZNNWx5UGVPL0kxOGVabm82eHBEdlp1Clg3VHFOazZhaCt1NUFvcDViNlhUcTVWR0ZSM3VkYkpPb0lWS2t5V2xDQmU0TjJEMSswd1llSlhiSU03blk1ZUkKTURIcEFKdHA4K1NwUkVZZzB1dmMzRCs5MU9mWXprS2xQamZZSEFhdXpkcDIrZzErVVVrTlpobm04eDQvV1FxeApFR0tQQjQrbzlGc3NGcXFXS29CbGVTZHpWbHprYnZ1ZlRIYUJKYlVIRytYdTdTOExXWnJFamdzOERRdlJ4Y2lrClFxNkhiYStsc0xHdHh4NWdaOXJHbVJ6MVNDK2NJcGVyUGYrSHUzWUEzMm1aazd5QjZkSFBKK01TRHVBUHhOSlUKaVJLTkFxNXRFb3ZXZEYyaUtGajQ4UUN3bWtzMHZEQkxoN3l3cGsyeCtrb3ppWXVFN2xxWk9IZjcyLzlsTWxFOQppcnhnd0U3c1NEWEJGWFBMCi0tLS0tRU5EIENFUlRJRklDQVRFLS0tLS0K\n    server: https://wizaks-p5rcumt1.hcp.eastus2.azmk8s.io:443\n  name: wiz-aks-cluster\ncontexts:\n- context:\n    cluster: wiz-aks-cluster\n    user: clusterUser_wiz-exercise-rg_wiz-aks-cluster\n  name: wiz-aks-cluster\ncurrent-context: wiz-aks-cluster\nkind: Config\npreferences: {}\nusers:\n- name: clusterUser_wiz-exercise-rg_wiz-aks-cluster\n  user:\n    client-certificate-data: LS0tLS1CRUdJTiBDRVJUSUZJQ0FURS0tLS0tCk1JSUZIakNDQXdhZ0F3SUJBZ0lSQUtRa1BLRVRWQnNtN2lPc0dyNnpwRlF3RFFZSktvWklodmNOQVFFTEJRQXcKRFRFTE1Ba0dBMVVFQXhNQ1kyRXdIaGNOTWpVd05qRXdNVGd6TlRVNVdoY05NamN3TmpFd01UZzBOVFU1V2pBdwpNUmN3RlFZRFZRUUtFdzV6ZVhOMFpXMDZiV0Z6ZEdWeWN6RVZNQk1HQTFVRUF4TU1iV0Z6ZEdWeVkyeHBaVzUwCk1JSUNJakFOQmdrcWhraUc5dzBCQVFFRkFBT0NBZzhBTUlJQ0NnS0NBZ0VBNmhBSjRNbG02eDhaTTZpemUvMWwKaWhVblZUd3FOTkF5M3E3S0FxeTMzemFhQkJXTnlRRTdHWUNpMVRzSWFiZU5pZllrOWIxdm9abnhkQzlNS0htWgowV1RWblFoUHpSZlFvbjhsYS9SZldDV0I3S2NWSnZ2RStYUjYvSG8wcGtLbmRVVHpXNCtkNUgvYi9zZVVlUloxCmZyVWRzblAwcDBnSUlsQ1NweFhCUXMxRFBPVGJCazJiZmozQzRjcDVlUTE4UDhmbzhDQ2lmTHVQZ0hreUp5OC8KbjJaejREYmlybVB4ZXdMM1ZDSHhsSlg5WWxsQVVocCsrT1hwUlhMNzA1QnJJMkEvSkxPKzdvZ2QrYmNVSlMyQQpYa2lwK3RTMzZOU2E0dFd3aEJaaFRwem1PUVdDa0ZSQW9CTTdlTGZ4T2NFZnZmRkVoNG1teTJlNjZJMVk2S1N2ClRzVXE4eU5zL3dhWTIvTEg4UXE4Z0hQd0NrNHdxa0RoUjB4SjFURmdUOXczYkQwSmpRakJrRVIvWktGNEFCWTEKMEhrMzdzUTlCbWhtbEpLSTEvMnFOWmFuSE5iZk9ON09JZ0VlN0xxSmFmY2xkRENzWjdZSkxyMkZkbjZ6Z3FRaQpqNzNPdlM2blBxWWdFYWxLd3phRkkvQzhvM1pDVzRpZTFLTGNTekJwQWJGcW5LREJNd0lvTGFaU1pxMlFudElwCjNvUW1xdjAwRVY4ekIyejJwVzVPZG5iM2RlaTU1QSsvelJBY2tLekw3TDI1T0VnMXQ2L1J0MnN1OXIxNXVUTmEKNzJKV0hjdGV6Mm1tbzFxUllSMHNDcVdpa1FjalNQbldqVUNYMU1MZC9JM05HcGFHNUsvZnAzeGVEaVpYY2FEcAorZXkzVlNGUDVxN0Z2SkxqMkdNTXdVTUNBd0VBQWFOV01GUXdEZ1lEVlIwUEFRSC9CQVFEQWdXZ01CTUdBMVVkCkpRUU1NQW9HQ0NzR0FRVUZCd01DTUF3R0ExVWRFd0VCL3dRQ01BQXdId1lEVlIwakJCZ3dGb0FVelhXZkVwZ04KU1dGUzJ1YVBWNzhpVkZBTm4ra3dEUVlKS29aSWh2Y05BUUVMQlFBRGdnSUJBQVFnUkVzV0NtUm9DcTd0cS9McQp6YXhad1BBdGM1RzI1K2RKdHBWd1pRbDZFTmVIaU1uY2trWWMwMy9KQlZtYUVsYVpsNllydHFCWHNuejlGWUZPClhiL2FSWklKVW1PL0xZWTgrOTE4b3hZaDNuTjRyWDRqWFRSLzdFVnphVmNKR3lWTm9kd0w3SGpRMlN4bVA1YTYKYnpqVVp2RElHcTdSbzFlbDlXNTZ2dTVpWkRqR1M4ekNmc3A1NEc4cVgvaTFkN0k4eFpnZzNXRDE0NCtaY2FUcQpnV3lPY28xR1JjSlNnc3l4VHA3TkVEcjJBbXBqeXYxVHJUOGo1Mnd1UWpIS2dGdkU0Vnp6ZnJlWi9McFRlbzlwClpJdjFoa2dMejZLbGdKNTdFWGd0Z2dTTElvdmN3S0ljWjk2RlpEeHhNZWw4TjJjQTYvdXZGczJJVVNTdXp3dTAKenpSNVYvc2F5K3BoN29id3VGdndNelBZWmZ6Y0NCOGY0M0lNYTB2MDY1ZHlDc3VTOWxUK2NmbHBRcDNKWU8zMQp1OTIvTDB4NTc5bW5QRzRtd2tjTEttWnRhQUw4SzduZG8zV0lWZVNVZGkzQ0xHRnVzS05QVlRob2RzaDZqMVdHCmFwb3V6WUJxZWFVSUFFRnZkWlZ4eEQ4ODdTQy9WWDEvMUVpeThrZkhxdVVFWEkzWWd3QUp6a0g4SFkvOUpaRFAKa0p6TnJRQWE4VHFWV0g3MEJPVkZ2ZlNkVUZaTko4TGt6cWlmQUUwczd4VWtiZGRjVmRZRm9XT25ieWk5dkwvaApLVVZEcmcyQ2g4dFhJQ2w1MXpiR1J2aDJRVWNrZk45cnVLem1yOGVsMmxNVk51MmN4UThZU2ZnWkRMdDdnc0JECm1TTHhZZE42YmVOb1BUSjVqaUpPZ3BEegotLS0tLUVORCBDRVJUSUZJQ0FURS0tLS0tCg==\n    client-key-data: LS0tLS1CRUdJTiBSU0EgUFJJVkFURSBLRVktLS0tLQpNSUlKSndJQkFBS0NBZ0VBNmhBSjRNbG02eDhaTTZpemUvMWxpaFVuVlR3cU5OQXkzcTdLQXF5MzN6YWFCQldOCnlRRTdHWUNpMVRzSWFiZU5pZllrOWIxdm9abnhkQzlNS0htWjBXVFZuUWhQelJmUW9uOGxhL1JmV0NXQjdLY1YKSnZ2RStYUjYvSG8wcGtLbmRVVHpXNCtkNUgvYi9zZVVlUloxZnJVZHNuUDBwMGdJSWxDU3B4WEJRczFEUE9UYgpCazJiZmozQzRjcDVlUTE4UDhmbzhDQ2lmTHVQZ0hreUp5OC9uMlp6NERiaXJtUHhld0wzVkNIeGxKWDlZbGxBClVocCsrT1hwUlhMNzA1QnJJMkEvSkxPKzdvZ2QrYmNVSlMyQVhraXArdFMzNk5TYTR0V3doQlpoVHB6bU9RV0MKa0ZSQW9CTTdlTGZ4T2NFZnZmRkVoNG1teTJlNjZJMVk2S1N2VHNVcTh5TnMvd2FZMi9MSDhRcThnSFB3Q2s0dwpxa0RoUjB4SjFURmdUOXczYkQwSmpRakJrRVIvWktGNEFCWTEwSGszN3NROUJtaG1sSktJMS8ycU5aYW5ITmJmCk9ON09JZ0VlN0xxSmFmY2xkRENzWjdZSkxyMkZkbjZ6Z3FRaWo3M092UzZuUHFZZ0VhbEt3emFGSS9DOG8zWkMKVzRpZTFLTGNTekJwQWJGcW5LREJNd0lvTGFaU1pxMlFudElwM29RbXF2MDBFVjh6QjJ6MnBXNU9kbmIzZGVpNQo1QSsvelJBY2tLekw3TDI1T0VnMXQ2L1J0MnN1OXIxNXVUTmE3MkpXSGN0ZXoybW1vMXFSWVIwc0NxV2lrUWNqClNQbldqVUNYMU1MZC9JM05HcGFHNUsvZnAzeGVEaVpYY2FEcCtleTNWU0ZQNXE3RnZKTGoyR01Nd1VNQ0F3RUEKQVFLQ0FnQXBwMmNLb096MjVOYm9VWnAzYzFYeHArZ1REQno2dng1K2NKNjBzU1liekN6R2swdGpQUnZXWXdVWAphMlVJNDBpR0I4NzJDSnRvSit4SFgrOXV1STArTFhLeWVuc3hKWTdVakVvTmx6U3NqQ2crQkZJSVdQL3A0T2ZPCkxMVlg3VDY5Nk9KaUpnSFVXMGk4WTZveGptU2tndmpnL0MvSzRVL0pRNHVGdnFKaEVBUnFQdFFYb0JJTytsREgKTy9BNE1jVXQySmJFdlJvTmxwZG9KcWxkUGRSVnVyYmViUVlVUU9jRm5EYUZ1M0N4bjZ1ekorMEJiNE92S2NORQp2N3kvSHRGaVAwdWRiWHVLR2FFMEFuZk1VZmVwVDhjb1ExampUNHFzMlppTE9TeGlBQndjZzdXRGwrclVVZmZnCmVPT3VBb2R5bHhBNkNxNHJQcStObVRIOFhPcHhoQmI3Wk9kTE1SejFCdUdkeTNmN09zUjB6U283ci9PNFM1TXUKZVFpdXp5R0lyUXNZaFZGQWUvSFBzalBCRTJ2Y3l6emhOZWNydVZZc0xCRW1yay9ZKytadWpuV0xnQ3JwMlc4bgpNbVNUT2YrOEdNNldXcHBPZ1AwZU1ldm5USzFOTWtMdmNSN013dHgvcWVhT3JHdlkvbW41QzhqZGd4T245NVlECkROWjYzTzIvY3MrYWs0Q3RacFVvMTNBejhIRnlXOHdYYzhob0FMOXdjdThmVVVhb0E0YXpkbkU2Qk1vTTRWWUEKV0k1RjExV3FraWFIclZrem1mVk9NdXUxVW9OQ1FYLytjSlFVa3NEVy9mM0lVQnVnN05FaUY5U3J4RHowMWtCcApKVGlrYVZ5SkdXMC9TQTVyZlZ3K1RMdzBTT1JYNDBnRzgyUVk2c29GbFhFdUtHOG0yUUtDQVFFQTlLT2IzMnpDCm0xNTd6SHUyMDB2amdqWC9majhJS3JiUUNoRVkvTDBKLzArME9GU0xzRk5HYlo2TnN0S1RXYU0rVnJ5bTh3TkQKYlRLRmNUYlNYRCtoRm5xY1kxNFJ1aWMvSkJhWmF1WU1XZE9rL0pFTTVGSXY3dUQrRFBrRzJjSllLZStnYmE4eAphU3NjN3VScWFHUHB5MjlLNC9oSHdxb3hmTGFaWXJnQUYyUUp1UEdlVG5seDk2UDMvWTJ1eEIxa1lmSTBIcFNXCmhvNnUwUGlCVGJTaHVjbTAvYnl4L2VuQ1Zjc2xPNjUrRC9lM0p6cTdwblRJNXR1NXVzc0x2akc0WnJCcnpnSVIKb0lBQ0crN3ZFMXNvNXBRbWNWQmhiRHFGWm9hZGllTDA4UWhvMkRVRExTQldVekcyanIwbmFVWjZ4SnJaRXdOUgp5NmlaWkJETWhhcHVqUUtDQVFFQTlPNnhFSWtjMHdEUi9BMWtjaTZ1d0VKRm1oOVFWM1VjamtuOGxGdDA3V0hECmdlUTZqek5RVlFuN053RXd5YmpIMS9LR0VsSDYvR1FTOGJSTDdPbHhjOVExdHZReFJMQi84ejdnOE4wMkxoOTUKKzVJN0tkbTlUWG40d3Z2NkRnTUZicGtUd005Y0JmSHY5TTJoUFdkVFZwb2R1cjZsV0dhVDJEOStWYWlWaUxkQwoxNjA0azVDQ3JGSUpXcmE0U2M4NFBDNytUV2dQdW1Ld3FkL1lUZHlqdzl1UzdoYzlaVGpCMkp4K3JmZlMzYlIzCjVGcGNLRCs5V0k4em5HdWpQd1VvQ2w2N3FDK1F2NTJhWm1tV3d6K3U5M3prTmFyS0NHRnNWVTlINlpmTmppRUcKM1l2M1kxSmo3c1ZSUldsb1NWRCtEblF3MHlwYTY1d1dMYkF0VFg4akR3S0NBUUE5akF2akloR3oxUW1BWUgrVwptVGtid1VvT0VQMlZBWGxGanhlaVBrME5scGZZdEN5UXArTElJV08wNFpXQXI3azNTUzhYWkhMS1BqT2tVQTZNCmR0V29PaUN1UHpSbWlRa3hveDNsN3dxY2JzckxZQkxHUG9jZ3FpcEFTVWFYOG5VTDErV2NzcjdUbnEwZ3pRYVkKVE1xOUM3cmpyOHNlQm9OOHhOUENLbGliaWVlSVNBRno3TW5uYTdFd2NUek95alkvRGhoZXVUTkZseEFVTXZFVgpBNlRNZ1JxdjI1Rk1PRXRVR2srN3ZDS3JFYjlhZDBST2xJTVcwYURnaGNUbWpNdS95aExWT1dBRjZTNmVxSFl0CmdIbkJ5UFFDL2g0RWhKU2JQckxUeGUycDFsdktTVXdMUmw5eGZzaFhFTytoWk1IdVJLYm9TYVdDZjJCWDlJSC8KL3VqaEFvSUJBSE5DUDZDQVpVZ0dBc3FSb3NyNG5OTnNYRVNDcDlRQUVFZ0ZHUTdYV3RhNlFyNUZJQ2x6QkVLQQpSKzlDYUNzRkFVWGxvcUhNWWtlUzhEYzltTjBMblkvY05NcTdidFBjR3Rua3BRV3prMk53L0g0ZCtpbGZoVzJJCkVEL3hRMktFbVhIS0p6bDhXdG1SV0ZIaTBoV0xJZlNHNGFhWFFFZXhQYkZ0YjQzdm55Nk96cTJmbmhnUzBPczIKVDZDWWkzQndTdzVITHZST0c5aWh5SENvSGFuR1FtcFFVWHdwQTRNMmlrSGNvdUJLMXJmdHpOMXdpQjJJb1JtagppYTM2R1AvMjlUaXNDN0xCYjJROFRnUVRmQmExU1NpOVpNYThjQVl4a2tFeTVheE8relArNXJRcXdXZkR4YkwrCnQ1ZnFXbURsOUNmcEZYREpaYStwNitYa0dlMTEvcEVDZ2dFQVRDSkdUbVM0eUJRRHIvaTkycFk0ME9KNFZLeHkKSnBsWmtUVEdzMjBKTFNETEgyR0lPc3BkaEJSbWFZYkhLWFhVQWlzUWxLQ1oyakllaEVNTEVIUmZ0UndsVytWTQo1OVpLRzRYSStWNUVCMlBXdVcya1pVOXQ4WjljMlpBaFdhYnIyb0puaGhnNkk2QWMyTE1LcmpmR3VLVkVwSG1ICk9Qc0VkUUVJRGthL2s5RTNvTFlVYzJsbndHMCtVWU1acTFRaXRFWGVZRGNFNW5ZMVZETHJuUkFsM2JNLzhaWmkKeHNadWE2RmxtR3E3WkF1MVNHeFVHYm9SMUxxTUhyZldrcUdtSnlVbGkxRVJYYVhLMGlhdlAya1d6c3N3NXp0dQpiU3prUVZVbzE1UFVLeGtGUEpzbmZWSTVrK0xpUUkzalEyb0puVmpwUVJYZXdBVnBLTitNZjdCZFRRPT0KLS0tLS1FTkQgUlNBIFBSSVZBVEUgS0VZLS0tLS0K\n    token: 62drc9prr9qiktt8zgpxx7n8b4y565zle1ztomtwq1qpgmpz00xdlhnk2mtmi8munea1r4ripht4t0x2owue957ci6lv4jit9r1t0fg64i394owu51a9n6w8biwc8t1l\n",
            "kubelet_identity": [
              {
                "client_id": "f757386e-f2b5-4449-929a-dd4afcdf1b36",
                "object_id": "ea04f403-707a-4a49-bf6c-2d695f3e615f",
                "user_assigned_identity_id": "/subscriptions/bf3ff429-d86d-43a1-9326-f625a1e8bb50/resourceGroups/MC_wiz-exercise-rg_wiz-aks-cluster_eastus2/providers/Microsoft.ManagedIdentity/userAssignedIdentities/wiz-aks-cluster-agentpool"
              }
            ],
            "kubernetes_version": "1.31",
            "linux_profile": [],
            "local_account_disabled": false,
            "location": "eastus2",
            "maintenance_window": [],
            "maintenance_window_auto_upgrade": [],
            "maintenance_window_node_os": [],
            "microsoft_defender": [],
            "monitor_metrics": [],
            "name": "wiz-aks-cluster",
            "network_profile": [
              {
                "dns_service_ip": "10.0.3.10",
                "docker_bridge_cidr": "",
                "ebpf_data_plane": "",
                "ip_versions": [
                  "IPv4"
                ],
                "load_balancer_profile": [
                  {
                    "effective_outbound_ips": [
                      "/subscriptions/bf3ff429-d86d-43a1-9326-f625a1e8bb50/resourceGroups/MC_wiz-exercise-rg_wiz-aks-cluster_eastus2/providers/Microsoft.Network/publicIPAddresses/d68d2748-8c8a-4cb5-a93a-7820594bc890"
                    ],
                    "idle_timeout_in_minutes": 0,
                    "managed_outbound_ip_count": 1,
                    "managed_outbound_ipv6_count": 0,
                    "outbound_ip_address_ids": [],
                    "outbound_ip_prefix_ids": [],
                    "outbound_ports_allocated": 0
                  }
                ],
                "load_balancer_sku": "standard",
                "nat_gateway_profile": [],
                "network_data_plane": "azure",
                "network_mode": "",
                "network_plugin": "azure",
                "network_plugin_mode": "",
                "network_policy": "azure",
                "outbound_ip_address_ids": [],
                "outbound_ip_prefix_ids": [],
                "outbound_type": "loadBalancer",
                "pod_cidr": "",
                "pod_cidrs": [],
                "service_cidr": "10.0.3.0/24",
                "service_cidrs": [
                  "10.0.3.0/24"
                ]
              }
            ],
            "node_os_channel_upgrade": null,
            "node_resource_group": "MC_wiz-exercise-rg_wiz-aks-cluster_eastus2",
            "node_resource_group_id": "/subscriptions/bf3ff429-d86d-43a1-9326-f625a1e8bb50/resourceGroups/MC_wiz-exercise-rg_wiz-aks-cluster_eastus2",
            "oidc_issuer_enabled": false,
            "oidc_issuer_url": "",
            "oms_agent": [],
            "open_service_mesh_enabled": null,
            "portal_fqdn": "wizaks-p5rcumt1.portal.hcp.eastus2.azmk8s.io",
            "private_cluster_enabled": false,
            "private_cluster_public_fqdn_enabled": false,
            "private_dns_zone_id": "",
            "private_fqdn": "",
            "public_network_access_enabled": true,
            "resource_group_name": "wiz-exercise-rg",
            "role_based_access_control_enabled": true,
            "run_command_enabled": true,
            "service_mesh_profile": [],
            "service_principal": [],
            "sku_tier": "Free",
            "storage_profile": [],
            "support_plan": "KubernetesOfficial",
            "tags": {},
            "timeouts": null,
            "web_app_routing": [],
            "windows_profile": [
              {
                "admin_password": "",
                "admin_username": "azureuser",
                "gmsa": [],
                "license": ""
              }
            ],
            "workload_autoscaler_profile": [],
            "workload_identity_enabled": false
          },
          "sensitive_attributes": [
            [
              {
                "type": "get_attr",
                "value": "kube_config_raw"
              }
            ],
            [
              {
                "type": "get_attr",
                "value": "windows_profile"
              },
              {
                "type": "index",
                "value": {
                  "value": 0,
                  "type": "number"
                }
              },
              {
                "type": "get_attr",
                "value": "admin_password"
              }
            ],
            [
              {
                "type": "get_attr",
                "value": "kube_admin_config_raw"
              }
            ],
            [
              {
                "type": "get_attr",
                "value": "kube_config"
              }
            ],
            [
              {
                "type": "get_attr",
                "value": "kube_admin_config"
              }
            ]
          ],
          "private": "eyJlMmJmYjczMC1lY2FhLTExZTYtOGY4OC0zNDM2M2JjN2M0YzAiOnsiY3JlYXRlIjo1NDAwMDAwMDAwMDAwLCJkZWxldGUiOjU0MDAwMDAwMDAwMDAsInJlYWQiOjMwMDAwMDAwMDAwMCwidXBkYXRlIjo1NDAwMDAwMDAwMDAwfSwic2NoZW1hX3ZlcnNpb24iOiIyIn0=",
          "dependencies": [
            "azurerm_resource_group.wiz_exercise",
            "module.network.azurerm_subnet.kubernetes_subnet",
            "module.network.azurerm_virtual_network.wiz_vnet"
          ]
        }
      ]
    },
    {
      "module": "module.aks",
      "mode": "managed",
      "type": "local_file",
      "name": "kubeconfig",
      "provider": "provider[\"registry.terraform.io/hashicorp/local\"]",
      "instances": [
        {
          "schema_version": 0,
          "attributes": {
            "content": "apiVersion: v1\nclusters:\n- cluster:\n    certificate-authority-data: LS0tLS1CRUdJTiBDRVJUSUZJQ0FURS0tLS0tCk1JSUU2RENDQXRDZ0F3SUJBZ0lRVzVselAyc3ltNHRQV1JySFNxK0xJakFOQmdrcWhraUc5dzBCQVFzRkFEQU4KTVFzd0NRWURWUVFERXdKallUQWdGdzB5TlRBMk1UQXhPRE0xTlRsYUdBOHlNRFUxTURZeE1ERTRORFUxT1ZvdwpEVEVMTUFrR0ExVUVBeE1DWTJFd2dnSWlNQTBHQ1NxR1NJYjNEUUVCQVFVQUE0SUNEd0F3Z2dJS0FvSUNBUURLCmtQeEtLNHdudy9nSFYwYThpZEY4MC95d2QxTEtrMjN2T09sa0kzK0dueEJsTjlHZXYzRWpoZ2FpTm40ZFRDSUYKcHlmVTl3VGd4cTFLdUtBeEc4VFhBSXFyMlpxY3RYdVo0OUtOREdQRmpsZlJ1NlpVWGI5eUxWelhwVFNCdCtTQgpSd1BPMDJlSytERU9VQmVKODhjOUJ0bi9qYnZNZXFxQ2p3UFpLRHEvMlNKdVZ1dWs4dU13VFVzS2U3OUFyUHhQCjJXNWsycUFvZjRmTUZvNjREdjhrMjJidmM0Uk5ZNWJnQ01tRXBwZDNpd1lXMFQxTDR0VGlBUlU0R1ZyMkRaVGwKYkdnUzE4YTVNYStXRlN0MXA4QjJ6WjJoNjNWOEdwS3lJQk1CK294ZzdEeUQ0OGpDc0dZMDJHWnhYN001M29DagorcG9pZG5VSE5HSFc0L0ZzS1ZvL0ZidmtTdVAwNmZ3UGhUbE9wdFVhWmhibC9aZ2hmZC9OMVVXM3JGcGtzcnBQCk9XM2p4R1FDbGpjVGtHVjcwdnZRbkpBTkhtUit3QVQ4eEdsUG1lR0dQMkJBZ2xZTEFEbi9MbkRNVjlWM0ZRb3UKeGQrbGptdjdYbUhqOGprTmtNcm9JcGVjRjd1eXB0RWZPSlB1Um9IZVJHQTJ6aVp6b00xUkxPb0tXZnIrQmdlbgpSSkdZNjMrUFJabjNJQTVzajJxMjk0RXc5WW9PNVpyWXdCd3AvOTV6ZEIzbC9mRERzTGFVU3RHcndRQWtlK1daCnB1ZHVzc08rRldxR0RFSGxVTW1kMEhXZlc1OHBQUlFReTJxcnp0UjhpTjI1Q0JvR3VybnNGcUFlYmlMWVpkY1cKclYveUVndmwySUFqMDdpNCtQMEdnVUlvNzUwbk5qYjhIeHY1Ky9qcjB3SURBUUFCbzBJd1FEQU9CZ05WSFE4QgpBZjhFQkFNQ0FxUXdEd1lEVlIwVEFRSC9CQVV3QXdFQi96QWRCZ05WSFE0RUZnUVV6WFdmRXBnTlNXRlMydWFQClY3OGlWRkFObitrd0RRWUpLb1pJaHZjTkFRRUxCUUFEZ2dJQkFHZlRNRkNQaDNyd3lyc0dCMXBFbkdJeXlHL1YKWjhGL3dOdHhzTUsvUjRDTGRQWWI0aVh4aENVVWwrQ3BQUnZYTS9ZT2EvK1dnVlIxbXhMR0tBdGVLMkJTaWI4NwpxNDRseEJFZHEwOUZRQ2gwWTkvTEo0UmZHOW5jLyszZGtOcUJ6ZG03QzJGaVlpM3l2MG1WTnVaeS94aXhidWZtCkg3T1VTQmJZdzNyVjFVK3BPVGRXZ05SUWw3YTc2blBDbnRzZHNYbThwZzZMamd5UGw2REdmSDEwWlVaS3M5UXYKdmllNVcvR1JnRFp1Q05qcFVhUU80aDQ5MnA3djdMaTlUVTFEUWNZSWdTVlFabFl4WkRVTExGcStrTFBkd3UzdQpMMkJwQUxPd0U3KzJkV3RVT1hrTy9IK0NoMVJteEdmMWZzbDIrTTRyV1ZNNWx5UGVPL0kxOGVabm82eHBEdlp1Clg3VHFOazZhaCt1NUFvcDViNlhUcTVWR0ZSM3VkYkpPb0lWS2t5V2xDQmU0TjJEMSswd1llSlhiSU03blk1ZUkKTURIcEFKdHA4K1NwUkVZZzB1dmMzRCs5MU9mWXprS2xQamZZSEFhdXpkcDIrZzErVVVrTlpobm04eDQvV1FxeApFR0tQQjQrbzlGc3NGcXFXS29CbGVTZHpWbHprYnZ1ZlRIYUJKYlVIRytYdTdTOExXWnJFamdzOERRdlJ4Y2lrClFxNkhiYStsc0xHdHh4NWdaOXJHbVJ6MVNDK2NJcGVyUGYrSHUzWUEzMm1aazd5QjZkSFBKK01TRHVBUHhOSlUKaVJLTkFxNXRFb3ZXZEYyaUtGajQ4UUN3bWtzMHZEQkxoN3l3cGsyeCtrb3ppWXVFN2xxWk9IZjcyLzlsTWxFOQppcnhnd0U3c1NEWEJGWFBMCi0tLS0tRU5EIENFUlRJRklDQVRFLS0tLS0K\n    server: https://wizaks-p5rcumt1.hcp.eastus2.azmk8s.io:443\n  name: wiz-aks-cluster\ncontexts:\n- context:\n    cluster: wiz-aks-cluster\n    user: clusterUser_wiz-exercise-rg_wiz-aks-cluster\n  name: wiz-aks-cluster\ncurrent-context: wiz-aks-cluster\nkind: Config\npreferences: {}\nusers:\n- name: clusterUser_wiz-exercise-rg_wiz-aks-cluster\n  user:\n    client-certificate-data: LS0tLS1CRUdJTiBDRVJUSUZJQ0FURS0tLS0tCk1JSUZIakNDQXdhZ0F3SUJBZ0lSQUtRa1BLRVRWQnNtN2lPc0dyNnpwRlF3RFFZSktvWklodmNOQVFFTEJRQXcKRFRFTE1Ba0dBMVVFQXhNQ1kyRXdIaGNOTWpVd05qRXdNVGd6TlRVNVdoY05NamN3TmpFd01UZzBOVFU1V2pBdwpNUmN3RlFZRFZRUUtFdzV6ZVhOMFpXMDZiV0Z6ZEdWeWN6RVZNQk1HQTFVRUF4TU1iV0Z6ZEdWeVkyeHBaVzUwCk1JSUNJakFOQmdrcWhraUc5dzBCQVFFRkFBT0NBZzhBTUlJQ0NnS0NBZ0VBNmhBSjRNbG02eDhaTTZpemUvMWwKaWhVblZUd3FOTkF5M3E3S0FxeTMzemFhQkJXTnlRRTdHWUNpMVRzSWFiZU5pZllrOWIxdm9abnhkQzlNS0htWgowV1RWblFoUHpSZlFvbjhsYS9SZldDV0I3S2NWSnZ2RStYUjYvSG8wcGtLbmRVVHpXNCtkNUgvYi9zZVVlUloxCmZyVWRzblAwcDBnSUlsQ1NweFhCUXMxRFBPVGJCazJiZmozQzRjcDVlUTE4UDhmbzhDQ2lmTHVQZ0hreUp5OC8KbjJaejREYmlybVB4ZXdMM1ZDSHhsSlg5WWxsQVVocCsrT1hwUlhMNzA1QnJJMkEvSkxPKzdvZ2QrYmNVSlMyQQpYa2lwK3RTMzZOU2E0dFd3aEJaaFRwem1PUVdDa0ZSQW9CTTdlTGZ4T2NFZnZmRkVoNG1teTJlNjZJMVk2S1N2ClRzVXE4eU5zL3dhWTIvTEg4UXE4Z0hQd0NrNHdxa0RoUjB4SjFURmdUOXczYkQwSmpRakJrRVIvWktGNEFCWTEKMEhrMzdzUTlCbWhtbEpLSTEvMnFOWmFuSE5iZk9ON09JZ0VlN0xxSmFmY2xkRENzWjdZSkxyMkZkbjZ6Z3FRaQpqNzNPdlM2blBxWWdFYWxLd3phRkkvQzhvM1pDVzRpZTFLTGNTekJwQWJGcW5LREJNd0lvTGFaU1pxMlFudElwCjNvUW1xdjAwRVY4ekIyejJwVzVPZG5iM2RlaTU1QSsvelJBY2tLekw3TDI1T0VnMXQ2L1J0MnN1OXIxNXVUTmEKNzJKV0hjdGV6Mm1tbzFxUllSMHNDcVdpa1FjalNQbldqVUNYMU1MZC9JM05HcGFHNUsvZnAzeGVEaVpYY2FEcAorZXkzVlNGUDVxN0Z2SkxqMkdNTXdVTUNBd0VBQWFOV01GUXdEZ1lEVlIwUEFRSC9CQVFEQWdXZ01CTUdBMVVkCkpRUU1NQW9HQ0NzR0FRVUZCd01DTUF3R0ExVWRFd0VCL3dRQ01BQXdId1lEVlIwakJCZ3dGb0FVelhXZkVwZ04KU1dGUzJ1YVBWNzhpVkZBTm4ra3dEUVlKS29aSWh2Y05BUUVMQlFBRGdnSUJBQVFnUkVzV0NtUm9DcTd0cS9McQp6YXhad1BBdGM1RzI1K2RKdHBWd1pRbDZFTmVIaU1uY2trWWMwMy9KQlZtYUVsYVpsNllydHFCWHNuejlGWUZPClhiL2FSWklKVW1PL0xZWTgrOTE4b3hZaDNuTjRyWDRqWFRSLzdFVnphVmNKR3lWTm9kd0w3SGpRMlN4bVA1YTYKYnpqVVp2RElHcTdSbzFlbDlXNTZ2dTVpWkRqR1M4ekNmc3A1NEc4cVgvaTFkN0k4eFpnZzNXRDE0NCtaY2FUcQpnV3lPY28xR1JjSlNnc3l4VHA3TkVEcjJBbXBqeXYxVHJUOGo1Mnd1UWpIS2dGdkU0Vnp6ZnJlWi9McFRlbzlwClpJdjFoa2dMejZLbGdKNTdFWGd0Z2dTTElvdmN3S0ljWjk2RlpEeHhNZWw4TjJjQTYvdXZGczJJVVNTdXp3dTAKenpSNVYvc2F5K3BoN29id3VGdndNelBZWmZ6Y0NCOGY0M0lNYTB2MDY1ZHlDc3VTOWxUK2NmbHBRcDNKWU8zMQp1OTIvTDB4NTc5bW5QRzRtd2tjTEttWnRhQUw4SzduZG8zV0lWZVNVZGkzQ0xHRnVzS05QVlRob2RzaDZqMVdHCmFwb3V6WUJxZWFVSUFFRnZkWlZ4eEQ4ODdTQy9WWDEvMUVpeThrZkhxdVVFWEkzWWd3QUp6a0g4SFkvOUpaRFAKa0p6TnJRQWE4VHFWV0g3MEJPVkZ2ZlNkVUZaTko4TGt6cWlmQUUwczd4VWtiZGRjVmRZRm9XT25ieWk5dkwvaApLVVZEcmcyQ2g4dFhJQ2w1MXpiR1J2aDJRVWNrZk45cnVLem1yOGVsMmxNVk51MmN4UThZU2ZnWkRMdDdnc0JECm1TTHhZZE42YmVOb1BUSjVqaUpPZ3BEegotLS0tLUVORCBDRVJUSUZJQ0FURS0tLS0tCg==\n    client-key-data: LS0tLS1CRUdJTiBSU0EgUFJJVkFURSBLRVktLS0tLQpNSUlKSndJQkFBS0NBZ0VBNmhBSjRNbG02eDhaTTZpemUvMWxpaFVuVlR3cU5OQXkzcTdLQXF5MzN6YWFCQldOCnlRRTdHWUNpMVRzSWFiZU5pZllrOWIxdm9abnhkQzlNS0htWjBXVFZuUWhQelJmUW9uOGxhL1JmV0NXQjdLY1YKSnZ2RStYUjYvSG8wcGtLbmRVVHpXNCtkNUgvYi9zZVVlUloxZnJVZHNuUDBwMGdJSWxDU3B4WEJRczFEUE9UYgpCazJiZmozQzRjcDVlUTE4UDhmbzhDQ2lmTHVQZ0hreUp5OC9uMlp6NERiaXJtUHhld0wzVkNIeGxKWDlZbGxBClVocCsrT1hwUlhMNzA1QnJJMkEvSkxPKzdvZ2QrYmNVSlMyQVhraXArdFMzNk5TYTR0V3doQlpoVHB6bU9RV0MKa0ZSQW9CTTdlTGZ4T2NFZnZmRkVoNG1teTJlNjZJMVk2S1N2VHNVcTh5TnMvd2FZMi9MSDhRcThnSFB3Q2s0dwpxa0RoUjB4SjFURmdUOXczYkQwSmpRakJrRVIvWktGNEFCWTEwSGszN3NROUJtaG1sSktJMS8ycU5aYW5ITmJmCk9ON09JZ0VlN0xxSmFmY2xkRENzWjdZSkxyMkZkbjZ6Z3FRaWo3M092UzZuUHFZZ0VhbEt3emFGSS9DOG8zWkMKVzRpZTFLTGNTekJwQWJGcW5LREJNd0lvTGFaU1pxMlFudElwM29RbXF2MDBFVjh6QjJ6MnBXNU9kbmIzZGVpNQo1QSsvelJBY2tLekw3TDI1T0VnMXQ2L1J0MnN1OXIxNXVUTmE3MkpXSGN0ZXoybW1vMXFSWVIwc0NxV2lrUWNqClNQbldqVUNYMU1MZC9JM05HcGFHNUsvZnAzeGVEaVpYY2FEcCtleTNWU0ZQNXE3RnZKTGoyR01Nd1VNQ0F3RUEKQVFLQ0FnQXBwMmNLb096MjVOYm9VWnAzYzFYeHArZ1REQno2dng1K2NKNjBzU1liekN6R2swdGpQUnZXWXdVWAphMlVJNDBpR0I4NzJDSnRvSit4SFgrOXV1STArTFhLeWVuc3hKWTdVakVvTmx6U3NqQ2crQkZJSVdQL3A0T2ZPCkxMVlg3VDY5Nk9KaUpnSFVXMGk4WTZveGptU2tndmpnL0MvSzRVL0pRNHVGdnFKaEVBUnFQdFFYb0JJTytsREgKTy9BNE1jVXQySmJFdlJvTmxwZG9KcWxkUGRSVnVyYmViUVlVUU9jRm5EYUZ1M0N4bjZ1ekorMEJiNE92S2NORQp2N3kvSHRGaVAwdWRiWHVLR2FFMEFuZk1VZmVwVDhjb1ExampUNHFzMlppTE9TeGlBQndjZzdXRGwrclVVZmZnCmVPT3VBb2R5bHhBNkNxNHJQcStObVRIOFhPcHhoQmI3Wk9kTE1SejFCdUdkeTNmN09zUjB6U283ci9PNFM1TXUKZVFpdXp5R0lyUXNZaFZGQWUvSFBzalBCRTJ2Y3l6emhOZWNydVZZc0xCRW1yay9ZKytadWpuV0xnQ3JwMlc4bgpNbVNUT2YrOEdNNldXcHBPZ1AwZU1ldm5USzFOTWtMdmNSN013dHgvcWVhT3JHdlkvbW41QzhqZGd4T245NVlECkROWjYzTzIvY3MrYWs0Q3RacFVvMTNBejhIRnlXOHdYYzhob0FMOXdjdThmVVVhb0E0YXpkbkU2Qk1vTTRWWUEKV0k1RjExV3FraWFIclZrem1mVk9NdXUxVW9OQ1FYLytjSlFVa3NEVy9mM0lVQnVnN05FaUY5U3J4RHowMWtCcApKVGlrYVZ5SkdXMC9TQTVyZlZ3K1RMdzBTT1JYNDBnRzgyUVk2c29GbFhFdUtHOG0yUUtDQVFFQTlLT2IzMnpDCm0xNTd6SHUyMDB2amdqWC9majhJS3JiUUNoRVkvTDBKLzArME9GU0xzRk5HYlo2TnN0S1RXYU0rVnJ5bTh3TkQKYlRLRmNUYlNYRCtoRm5xY1kxNFJ1aWMvSkJhWmF1WU1XZE9rL0pFTTVGSXY3dUQrRFBrRzJjSllLZStnYmE4eAphU3NjN3VScWFHUHB5MjlLNC9oSHdxb3hmTGFaWXJnQUYyUUp1UEdlVG5seDk2UDMvWTJ1eEIxa1lmSTBIcFNXCmhvNnUwUGlCVGJTaHVjbTAvYnl4L2VuQ1Zjc2xPNjUrRC9lM0p6cTdwblRJNXR1NXVzc0x2akc0WnJCcnpnSVIKb0lBQ0crN3ZFMXNvNXBRbWNWQmhiRHFGWm9hZGllTDA4UWhvMkRVRExTQldVekcyanIwbmFVWjZ4SnJaRXdOUgp5NmlaWkJETWhhcHVqUUtDQVFFQTlPNnhFSWtjMHdEUi9BMWtjaTZ1d0VKRm1oOVFWM1VjamtuOGxGdDA3V0hECmdlUTZqek5RVlFuN053RXd5YmpIMS9LR0VsSDYvR1FTOGJSTDdPbHhjOVExdHZReFJMQi84ejdnOE4wMkxoOTUKKzVJN0tkbTlUWG40d3Z2NkRnTUZicGtUd005Y0JmSHY5TTJoUFdkVFZwb2R1cjZsV0dhVDJEOStWYWlWaUxkQwoxNjA0azVDQ3JGSUpXcmE0U2M4NFBDNytUV2dQdW1Ld3FkL1lUZHlqdzl1UzdoYzlaVGpCMkp4K3JmZlMzYlIzCjVGcGNLRCs5V0k4em5HdWpQd1VvQ2w2N3FDK1F2NTJhWm1tV3d6K3U5M3prTmFyS0NHRnNWVTlINlpmTmppRUcKM1l2M1kxSmo3c1ZSUldsb1NWRCtEblF3MHlwYTY1d1dMYkF0VFg4akR3S0NBUUE5akF2akloR3oxUW1BWUgrVwptVGtid1VvT0VQMlZBWGxGanhlaVBrME5scGZZdEN5UXArTElJV08wNFpXQXI3azNTUzhYWkhMS1BqT2tVQTZNCmR0V29PaUN1UHpSbWlRa3hveDNsN3dxY2JzckxZQkxHUG9jZ3FpcEFTVWFYOG5VTDErV2NzcjdUbnEwZ3pRYVkKVE1xOUM3cmpyOHNlQm9OOHhOUENLbGliaWVlSVNBRno3TW5uYTdFd2NUek95alkvRGhoZXVUTkZseEFVTXZFVgpBNlRNZ1JxdjI1Rk1PRXRVR2srN3ZDS3JFYjlhZDBST2xJTVcwYURnaGNUbWpNdS95aExWT1dBRjZTNmVxSFl0CmdIbkJ5UFFDL2g0RWhKU2JQckxUeGUycDFsdktTVXdMUmw5eGZzaFhFTytoWk1IdVJLYm9TYVdDZjJCWDlJSC8KL3VqaEFvSUJBSE5DUDZDQVpVZ0dBc3FSb3NyNG5OTnNYRVNDcDlRQUVFZ0ZHUTdYV3RhNlFyNUZJQ2x6QkVLQQpSKzlDYUNzRkFVWGxvcUhNWWtlUzhEYzltTjBMblkvY05NcTdidFBjR3Rua3BRV3prMk53L0g0ZCtpbGZoVzJJCkVEL3hRMktFbVhIS0p6bDhXdG1SV0ZIaTBoV0xJZlNHNGFhWFFFZXhQYkZ0YjQzdm55Nk96cTJmbmhnUzBPczIKVDZDWWkzQndTdzVITHZST0c5aWh5SENvSGFuR1FtcFFVWHdwQTRNMmlrSGNvdUJLMXJmdHpOMXdpQjJJb1JtagppYTM2R1AvMjlUaXNDN0xCYjJROFRnUVRmQmExU1NpOVpNYThjQVl4a2tFeTVheE8relArNXJRcXdXZkR4YkwrCnQ1ZnFXbURsOUNmcEZYREpaYStwNitYa0dlMTEvcEVDZ2dFQVRDSkdUbVM0eUJRRHIvaTkycFk0ME9KNFZLeHkKSnBsWmtUVEdzMjBKTFNETEgyR0lPc3BkaEJSbWFZYkhLWFhVQWlzUWxLQ1oyakllaEVNTEVIUmZ0UndsVytWTQo1OVpLRzRYSStWNUVCMlBXdVcya1pVOXQ4WjljMlpBaFdhYnIyb0puaGhnNkk2QWMyTE1LcmpmR3VLVkVwSG1ICk9Qc0VkUUVJRGthL2s5RTNvTFlVYzJsbndHMCtVWU1acTFRaXRFWGVZRGNFNW5ZMVZETHJuUkFsM2JNLzhaWmkKeHNadWE2RmxtR3E3WkF1MVNHeFVHYm9SMUxxTUhyZldrcUdtSnlVbGkxRVJYYVhLMGlhdlAya1d6c3N3NXp0dQpiU3prUVZVbzE1UFVLeGtGUEpzbmZWSTVrK0xpUUkzalEyb0puVmpwUVJYZXdBVnBLTitNZjdCZFRRPT0KLS0tLS1FTkQgUlNBIFBSSVZBVEUgS0VZLS0tLS0K\n    token: 62drc9prr9qiktt8zgpxx7n8b4y565zle1ztomtwq1qpgmpz00xdlhnk2mtmi8munea1r4ripht4t0x2owue957ci6lv4jit9r1t0fg64i394owu51a9n6w8biwc8t1l\n",
            "content_base64": null,
            "content_base64sha256": "rOPDCRYnFKB+FXHOgevHhJHSBeTGYXXqRH+hqYwwpdA=",
            "content_base64sha512": "JjqFHI0w3bXVcHrOVdO6DXjyqLJ9IzOGNBrxzDG3XmSOpzTQXcViW7/8KLCObNc7t86g51XXdz83sm865bx9EA==",
            "content_md5": "55e7f73a7bb01ecb3fc7c057cf8540d1",
            "content_sha1": "e36177b083bb3cc949739477dfb5fb50c6144f2d",
            "content_sha256": "ace3c309162714a07e1571ce81ebc78491d205e4c66175ea447fa1a98c30a5d0",
            "content_sha512": "263a851c8d30ddb5d5707ace55d3ba0d78f2a8b27d233386341af1cc31b75e648ea734d05dc5625bbffc28b08e6cd73bb7cea0e755d7773f37b26f3ae5bc7d10",
            "directory_permission": "0777",
            "file_permission": "0777",
            "filename": "modules/aks/kubeconfig",
            "id": "e36177b083bb3cc949739477dfb5fb50c6144f2d",
            "sensitive_content": null,
            "source": null
          },
          "sensitive_attributes": [
            [
              {
                "type": "get_attr",
                "value": "content"
              }
            ],
            [
              {
                "type": "get_attr",
                "value": "sensitive_content"
              }
            ]
          ],
          "dependencies": [
            "azurerm_resource_group.wiz_exercise",
            "module.aks.azurerm_kubernetes_cluster.wiz_aks",
            "module.network.azurerm_subnet.kubernetes_subnet",
            "module.network.azurerm_virtual_network.wiz_vnet"
          ]
        }
      ]
    },
    {
      "module": "module.mongodb",
      "mode": "data",
      "type": "azurerm_client_config",
      "name": "current",
      "provider": "provider[\"registry.terraform.io/hashicorp/azurerm\"]",
      "instances": [
        {
          "schema_version": 0,
          "attributes": {
            "client_id": "04b07795-8ddb-461a-bbee-02f9e1bf7b46",
            "id": "Y2xpZW50Q29uZmlncy9jbGllbnRJZD0wNGIwNzc5NS04ZGRiLTQ2MWEtYmJlZS0wMmY5ZTFiZjdiNDY7b2JqZWN0SWQ9ODVjNTg2OGMtNmRmYi00NDI0LTk5N2ItNjE5ZTBjMDkyZWNmO3N1YnNjcmlwdGlvbklkPWJmM2ZmNDI5LWQ4NmQtNDNhMS05MzI2LWY2MjVhMWU4YmI1MDt0ZW5hbnRJZD0xNjg1MjUyNi03MmY0LTRmNGEtOGYwYS1hYWM1MTU3M2E5N2I=",
            "object_id": "85c5868c-6dfb-4424-997b-619e0c092ecf",
            "subscription_id": "bf3ff429-d86d-43a1-9326-f625a1e8bb50",
            "tenant_id": "16852526-72f4-4f4a-8f0a-aac51573a97b",
            "timeouts": null
          },
          "sensitive_attributes": []
        }
      ]
    },
    {
      "module": "module.mongodb",
      "mode": "managed",
      "type": "azurerm_linux_virtual_machine",
      "name": "mongodb_vm",
      "provider": "provider[\"registry.terraform.io/hashicorp/azurerm\"]",
      "instances": [
        {
          "schema_version": 0,
          "attributes": {
            "additional_capabilities": [],
            "admin_password": "Azure_123456",
            "admin_ssh_key": [],
            "admin_username": "azureuser",
            "allow_extension_operations": true,
            "availability_set_id": "",
            "boot_diagnostics": [],
            "bypass_platform_safety_checks_on_user_schedule_enabled": false,
            "capacity_reservation_group_id": "",
            "computer_name": "mongodb-vm",
            "custom_data": null,
            "dedicated_host_group_id": "",
            "dedicated_host_id": "",
            "disable_password_authentication": false,
            "disk_controller_type": "SCSI",
            "edge_zone": "",
            "encryption_at_host_enabled": false,
            "eviction_policy": "",
            "extensions_time_budget": "PT1H30M",
            "gallery_application": [],
            "id": "/subscriptions/bf3ff429-d86d-43a1-9326-f625a1e8bb50/resourceGroups/wiz-exercise-rg/providers/Microsoft.Compute/virtualMachines/mongodb-vm",
            "identity": [
              {
                "identity_ids": [],
                "principal_id": "84f200ca-4f77-4a7a-b66e-f338c9ada8d8",
                "tenant_id": "16852526-72f4-4f4a-8f0a-aac51573a97b",
                "type": "SystemAssigned"
              }
            ],
            "license_type": "",
            "location": "eastus2",
            "max_bid_price": -1,
            "name": "mongodb-vm",
            "network_interface_ids": [
              "/subscriptions/bf3ff429-d86d-43a1-9326-f625a1e8bb50/resourceGroups/wiz-exercise-rg/providers/Microsoft.Network/networkInterfaces/mongodb-nic"
            ],
            "os_disk": [
              {
                "caching": "ReadWrite",
                "diff_disk_settings": [],
                "disk_encryption_set_id": "",
                "disk_size_gb": 30,
                "name": "mongodb-vm_OsDisk_1_501900f2b5c949a3a5c68bfc74a7c7c5",
                "secure_vm_disk_encryption_set_id": "",
                "security_encryption_type": "",
                "storage_account_type": "Standard_LRS",
                "write_accelerator_enabled": false
              }
            ],
            "os_image_notification": [],
            "patch_assessment_mode": "ImageDefault",
            "patch_mode": "ImageDefault",
            "plan": [],
            "platform_fault_domain": -1,
            "priority": "Regular",
            "private_ip_address": "10.0.1.4",
            "private_ip_addresses": [
              "10.0.1.4"
            ],
            "provision_vm_agent": true,
            "proximity_placement_group_id": "",
            "public_ip_address": "20.57.75.15",
            "public_ip_addresses": [
              "20.57.75.15"
            ],
            "reboot_setting": "",
            "resource_group_name": "wiz-exercise-rg",
            "secret": [],
            "secure_boot_enabled": false,
            "size": "Standard_B2s",
            "source_image_id": "",
            "source_image_reference": [
              {
                "offer": "0001-com-ubuntu-server-focal",
                "publisher": "Canonical",
                "sku": "20_04-lts-gen2",
                "version": "latest"
              }
            ],
            "tags": {},
            "termination_notification": [],
            "timeouts": null,
            "user_data": "",
            "virtual_machine_id": "4a398193-0129-44ac-ba20-fe992de18f85",
            "virtual_machine_scale_set_id": "",
            "vm_agent_platform_updates_enabled": false,
            "vtpm_enabled": false,
            "zone": ""
          },
          "sensitive_attributes": [
            [
              {
                "type": "get_attr",
                "value": "custom_data"
              }
            ],
            [
              {
                "type": "get_attr",
                "value": "admin_password"
              }
            ]
          ],
          "private": "eyJlMmJmYjczMC1lY2FhLTExZTYtOGY4OC0zNDM2M2JjN2M0YzAiOnsiY3JlYXRlIjoyNzAwMDAwMDAwMDAwLCJkZWxldGUiOjI3MDAwMDAwMDAwMDAsInJlYWQiOjMwMDAwMDAwMDAwMCwidXBkYXRlIjoyNzAwMDAwMDAwMDAwfX0=",
          "dependencies": [
            "azurerm_resource_group.wiz_exercise",
            "module.mongodb.azurerm_network_interface.mongodb_nic",
            "module.mongodb.azurerm_public_ip.mongodb_pip",
            "module.network.azurerm_subnet.database_subnet",
            "module.network.azurerm_virtual_network.wiz_vnet"
          ]
        }
      ]
    },
    {
      "module": "module.mongodb",
      "mode": "managed",
      "type": "azurerm_network_interface",
      "name": "mongodb_nic",
      "provider": "provider[\"registry.terraform.io/hashicorp/azurerm\"]",
      "instances": [
        {
          "schema_version": 0,
          "attributes": {
            "accelerated_networking_enabled": false,
            "applied_dns_servers": [],
            "auxiliary_mode": "",
            "auxiliary_sku": "",
            "dns_servers": [],
            "edge_zone": "",
            "enable_accelerated_networking": false,
            "enable_ip_forwarding": false,
            "id": "/subscriptions/bf3ff429-d86d-43a1-9326-f625a1e8bb50/resourceGroups/wiz-exercise-rg/providers/Microsoft.Network/networkInterfaces/mongodb-nic",
            "internal_dns_name_label": "",
            "internal_domain_name_suffix": "13khrcpgrwruhos2olidq2h50f.cx.internal.cloudapp.net",
            "ip_configuration": [
              {
                "gateway_load_balancer_frontend_ip_configuration_id": "",
                "name": "internal",
                "primary": true,
                "private_ip_address": "10.0.1.4",
                "private_ip_address_allocation": "Dynamic",
                "private_ip_address_version": "IPv4",
                "public_ip_address_id": "/subscriptions/bf3ff429-d86d-43a1-9326-f625a1e8bb50/resourceGroups/wiz-exercise-rg/providers/Microsoft.Network/publicIPAddresses/mongodb-pip",
                "subnet_id": "/subscriptions/bf3ff429-d86d-43a1-9326-f625a1e8bb50/resourceGroups/wiz-exercise-rg/providers/Microsoft.Network/virtualNetworks/wiz-vnet/subnets/database-subnet"
              }
            ],
            "ip_forwarding_enabled": false,
            "location": "eastus2",
            "mac_address": "60-45-BD-7D-2C-91",
            "name": "mongodb-nic",
            "private_ip_address": "10.0.1.4",
            "private_ip_addresses": [
              "10.0.1.4"
            ],
            "resource_group_name": "wiz-exercise-rg",
            "tags": {},
            "timeouts": null,
            "virtual_machine_id": "/subscriptions/bf3ff429-d86d-43a1-9326-f625a1e8bb50/resourceGroups/wiz-exercise-rg/providers/Microsoft.Compute/virtualMachines/mongodb-vm"
          },
          "sensitive_attributes": [],
          "private": "eyJlMmJmYjczMC1lY2FhLTExZTYtOGY4OC0zNDM2M2JjN2M0YzAiOnsiY3JlYXRlIjoxODAwMDAwMDAwMDAwLCJkZWxldGUiOjE4MDAwMDAwMDAwMDAsInJlYWQiOjMwMDAwMDAwMDAwMCwidXBkYXRlIjoxODAwMDAwMDAwMDAwfX0=",
          "dependencies": [
            "azurerm_resource_group.wiz_exercise",
            "module.mongodb.azurerm_public_ip.mongodb_pip",
            "module.network.azurerm_subnet.database_subnet",
            "module.network.azurerm_virtual_network.wiz_vnet"
          ]
        }
      ]
    },
    {
      "module": "module.mongodb",
      "mode": "managed",
      "type": "azurerm_network_interface_security_group_association",
      "name": "mongodb_nsg_association",
      "provider": "provider[\"registry.terraform.io/hashicorp/azurerm\"]",
      "instances": [
        {
          "schema_version": 0,
          "attributes": {
            "id": "/subscriptions/bf3ff429-d86d-43a1-9326-f625a1e8bb50/resourceGroups/wiz-exercise-rg/providers/Microsoft.Network/networkInterfaces/mongodb-nic|/subscriptions/bf3ff429-d86d-43a1-9326-f625a1e8bb50/resourceGroups/wiz-exercise-rg/providers/Microsoft.Network/networkSecurityGroups/mongodb-nsg",
            "network_interface_id": "/subscriptions/bf3ff429-d86d-43a1-9326-f625a1e8bb50/resourceGroups/wiz-exercise-rg/providers/Microsoft.Network/networkInterfaces/mongodb-nic",
            "network_security_group_id": "/subscriptions/bf3ff429-d86d-43a1-9326-f625a1e8bb50/resourceGroups/wiz-exercise-rg/providers/Microsoft.Network/networkSecurityGroups/mongodb-nsg",
            "timeouts": null
          },
          "sensitive_attributes": [],
          "private": "eyJlMmJmYjczMC1lY2FhLTExZTYtOGY4OC0zNDM2M2JjN2M0YzAiOnsiY3JlYXRlIjoxODAwMDAwMDAwMDAwLCJkZWxldGUiOjE4MDAwMDAwMDAwMDAsInJlYWQiOjMwMDAwMDAwMDAwMH19",
          "dependencies": [
            "azurerm_resource_group.wiz_exercise",
            "module.mongodb.azurerm_network_interface.mongodb_nic",
            "module.mongodb.azurerm_network_security_group.mongodb_nsg",
            "module.mongodb.azurerm_public_ip.mongodb_pip",
            "module.network.azurerm_subnet.database_subnet",
            "module.network.azurerm_virtual_network.wiz_vnet"
          ]
        }
      ]
    },
    {
      "module": "module.mongodb",
      "mode": "managed",
      "type": "azurerm_network_security_group",
      "name": "mongodb_nsg",
      "provider": "provider[\"registry.terraform.io/hashicorp/azurerm\"]",
      "instances": [
        {
          "schema_version": 0,
          "attributes": {
            "id": "/subscriptions/bf3ff429-d86d-43a1-9326-f625a1e8bb50/resourceGroups/wiz-exercise-rg/providers/Microsoft.Network/networkSecurityGroups/mongodb-nsg",
            "location": "eastus2",
            "name": "mongodb-nsg",
            "resource_group_name": "wiz-exercise-rg",
            "security_rule": [
              {
                "access": "Allow",
                "description": null,
                "destination_address_prefix": "*",
                "destination_address_prefixes": [],
                "destination_application_security_group_ids": [],
                "destination_port_range": "22",
                "destination_port_ranges": [],
                "direction": "Inbound",
                "name": "allow-ssh-from-anywhere",
                "priority": 1000,
                "protocol": "Tcp",
                "source_address_prefix": "0.0.0.0/0",
                "source_address_prefixes": [],
                "source_application_security_group_ids": [],
                "source_port_range": "*",
                "source_port_ranges": []
              }
            ],
            "tags": {},
            "timeouts": null
          },
          "sensitive_attributes": [],
          "private": "eyJlMmJmYjczMC1lY2FhLTExZTYtOGY4OC0zNDM2M2JjN2M0YzAiOnsiY3JlYXRlIjoxODAwMDAwMDAwMDAwLCJkZWxldGUiOjE4MDAwMDAwMDAwMDAsInJlYWQiOjMwMDAwMDAwMDAwMCwidXBkYXRlIjoxODAwMDAwMDAwMDAwfX0=",
          "dependencies": [
            "azurerm_resource_group.wiz_exercise"
          ]
        }
      ]
    },
    {
      "module": "module.mongodb",
      "mode": "managed",
      "type": "azurerm_network_security_rule",
      "name": "mongodb_port",
      "provider": "provider[\"registry.terraform.io/hashicorp/azurerm\"]",
      "instances": [
        {
          "schema_version": 0,
          "attributes": {
            "access": "Allow",
            "description": "",
            "destination_address_prefix": "*",
            "destination_address_prefixes": [],
            "destination_application_security_group_ids": [],
            "destination_port_range": "27017",
            "destination_port_ranges": [],
            "direction": "Inbound",
            "id": "/subscriptions/bf3ff429-d86d-43a1-9326-f625a1e8bb50/resourceGroups/wiz-exercise-rg/providers/Microsoft.Network/networkSecurityGroups/mongodb-nsg/securityRules/allow-mongodb",
            "name": "allow-mongodb",
            "network_security_group_name": "mongodb-nsg",
            "priority": 110,
            "protocol": "Tcp",
            "resource_group_name": "wiz-exercise-rg",
            "source_address_prefix": "*",
            "source_address_prefixes": [],
            "source_application_security_group_ids": [],
            "source_port_range": "*",
            "source_port_ranges": [],
            "timeouts": null
          },
          "sensitive_attributes": [],
          "private": "eyJlMmJmYjczMC1lY2FhLTExZTYtOGY4OC0zNDM2M2JjN2M0YzAiOnsiY3JlYXRlIjoxODAwMDAwMDAwMDAwLCJkZWxldGUiOjE4MDAwMDAwMDAwMDAsInJlYWQiOjMwMDAwMDAwMDAwMCwidXBkYXRlIjoxODAwMDAwMDAwMDAwfX0=",
          "dependencies": [
            "azurerm_resource_group.wiz_exercise",
            "module.mongodb.azurerm_network_security_group.mongodb_nsg"
          ]
        }
      ]
    },
    {
      "module": "module.mongodb",
      "mode": "managed",
      "type": "azurerm_network_security_rule",
      "name": "mongodb_ssh",
      "provider": "provider[\"registry.terraform.io/hashicorp/azurerm\"]",
      "instances": [
        {
          "schema_version": 0,
          "attributes": {
            "access": "Allow",
            "description": "",
            "destination_address_prefix": "*",
            "destination_address_prefixes": [],
            "destination_application_security_group_ids": [],
            "destination_port_range": "22",
            "destination_port_ranges": [],
            "direction": "Inbound",
            "id": "/subscriptions/bf3ff429-d86d-43a1-9326-f625a1e8bb50/resourceGroups/wiz-exercise-rg/providers/Microsoft.Network/networkSecurityGroups/mongodb-nsg/securityRules/allow-ssh",
            "name": "allow-ssh",
            "network_security_group_name": "mongodb-nsg",
            "priority": 100,
            "protocol": "Tcp",
            "resource_group_name": "wiz-exercise-rg",
            "source_address_prefix": "*",
            "source_address_prefixes": [],
            "source_application_security_group_ids": [],
            "source_port_range": "*",
            "source_port_ranges": [],
            "timeouts": null
          },
          "sensitive_attributes": [],
          "private": "eyJlMmJmYjczMC1lY2FhLTExZTYtOGY4OC0zNDM2M2JjN2M0YzAiOnsiY3JlYXRlIjoxODAwMDAwMDAwMDAwLCJkZWxldGUiOjE4MDAwMDAwMDAwMDAsInJlYWQiOjMwMDAwMDAwMDAwMCwidXBkYXRlIjoxODAwMDAwMDAwMDAwfX0=",
          "dependencies": [
            "azurerm_resource_group.wiz_exercise",
            "module.mongodb.azurerm_network_security_group.mongodb_nsg"
          ]
        }
      ]
    },
    {
      "module": "module.mongodb",
      "mode": "managed",
      "type": "azurerm_public_ip",
      "name": "mongodb_pip",
      "provider": "provider[\"registry.terraform.io/hashicorp/azurerm\"]",
      "instances": [
        {
          "schema_version": 0,
          "attributes": {
            "allocation_method": "Static",
            "ddos_protection_mode": "VirtualNetworkInherited",
            "ddos_protection_plan_id": null,
            "domain_name_label": null,
            "edge_zone": "",
            "fqdn": null,
            "id": "/subscriptions/bf3ff429-d86d-43a1-9326-f625a1e8bb50/resourceGroups/wiz-exercise-rg/providers/Microsoft.Network/publicIPAddresses/mongodb-pip",
            "idle_timeout_in_minutes": 4,
            "ip_address": "20.57.75.15",
            "ip_tags": {},
            "ip_version": "IPv4",
            "location": "eastus2",
            "name": "mongodb-pip",
            "public_ip_prefix_id": null,
            "resource_group_name": "wiz-exercise-rg",
            "reverse_fqdn": null,
            "sku": "Standard",
            "sku_tier": "Regional",
            "tags": {},
            "timeouts": null,
            "zones": []
          },
          "sensitive_attributes": [],
          "private": "eyJlMmJmYjczMC1lY2FhLTExZTYtOGY4OC0zNDM2M2JjN2M0YzAiOnsiY3JlYXRlIjoxODAwMDAwMDAwMDAwLCJkZWxldGUiOjE4MDAwMDAwMDAwMDAsInJlYWQiOjMwMDAwMDAwMDAwMCwidXBkYXRlIjoxODAwMDAwMDAwMDAwfX0=",
          "dependencies": [
            "azurerm_resource_group.wiz_exercise"
          ]
        }
      ]
    },
    {
      "module": "module.mongodb",
      "mode": "managed",
      "type": "azurerm_role_assignment",
      "name": "vm_contributor",
      "provider": "provider[\"registry.terraform.io/hashicorp/azurerm\"]",
      "instances": [
        {
          "schema_version": 0,
          "attributes": {
            "condition": "",
            "condition_version": "",
            "delegated_managed_identity_resource_id": "",
            "description": "",
            "id": "/subscriptions/bf3ff429-d86d-43a1-9326-f625a1e8bb50/providers/Microsoft.Authorization/roleAssignments/e6c29524-1425-6bb4-3b7c-1cb6c5fa2270",
            "name": "e6c29524-1425-6bb4-3b7c-1cb6c5fa2270",
            "principal_id": "84f200ca-4f77-4a7a-b66e-f338c9ada8d8",
            "principal_type": "ServicePrincipal",
            "role_definition_id": "/subscriptions/bf3ff429-d86d-43a1-9326-f625a1e8bb50/providers/Microsoft.Authorization/roleDefinitions/b24988ac-6180-42a0-ab88-20f7382dd24c",
            "role_definition_name": "Contributor",
            "scope": "/subscriptions/bf3ff429-d86d-43a1-9326-f625a1e8bb50",
            "skip_service_principal_aad_check": null,
            "timeouts": null
          },
          "sensitive_attributes": [],
          "private": "eyJlMmJmYjczMC1lY2FhLTExZTYtOGY4OC0zNDM2M2JjN2M0YzAiOnsiY3JlYXRlIjoxODAwMDAwMDAwMDAwLCJkZWxldGUiOjE4MDAwMDAwMDAwMDAsInJlYWQiOjMwMDAwMDAwMDAwMH19",
          "dependencies": [
            "azurerm_resource_group.wiz_exercise",
            "module.mongodb.azurerm_linux_virtual_machine.mongodb_vm",
            "module.mongodb.azurerm_network_interface.mongodb_nic",
            "module.mongodb.azurerm_public_ip.mongodb_pip",
            "module.mongodb.data.azurerm_client_config.current",
            "module.network.azurerm_subnet.database_subnet",
            "module.network.azurerm_virtual_network.wiz_vnet"
          ]
        }
      ]
    },
    {
      "module": "module.network",
      "mode": "managed",
      "type": "azurerm_subnet",
      "name": "database_subnet",
      "provider": "provider[\"registry.terraform.io/hashicorp/azurerm\"]",
      "instances": [
        {
          "schema_version": 0,
          "attributes": {
            "address_prefixes": [
              "10.0.1.0/24"
            ],
            "default_outbound_access_enabled": true,
            "delegation": [],
            "enforce_private_link_endpoint_network_policies": false,
            "enforce_private_link_service_network_policies": false,
            "id": "/subscriptions/bf3ff429-d86d-43a1-9326-f625a1e8bb50/resourceGroups/wiz-exercise-rg/providers/Microsoft.Network/virtualNetworks/wiz-vnet/subnets/database-subnet",
            "name": "database-subnet",
            "private_endpoint_network_policies": "Enabled",
            "private_endpoint_network_policies_enabled": true,
            "private_link_service_network_policies_enabled": true,
            "resource_group_name": "wiz-exercise-rg",
            "service_endpoint_policy_ids": [],
            "service_endpoints": [],
            "timeouts": null,
            "virtual_network_name": "wiz-vnet"
          },
          "sensitive_attributes": [],
          "private": "eyJlMmJmYjczMC1lY2FhLTExZTYtOGY4OC0zNDM2M2JjN2M0YzAiOnsiY3JlYXRlIjoxODAwMDAwMDAwMDAwLCJkZWxldGUiOjE4MDAwMDAwMDAwMDAsInJlYWQiOjMwMDAwMDAwMDAwMCwidXBkYXRlIjoxODAwMDAwMDAwMDAwfX0=",
          "dependencies": [
            "azurerm_resource_group.wiz_exercise",
            "module.network.azurerm_virtual_network.wiz_vnet"
          ]
        }
      ]
    },
    {
      "module": "module.network",
      "mode": "managed",
      "type": "azurerm_subnet",
      "name": "kubernetes_subnet",
      "provider": "provider[\"registry.terraform.io/hashicorp/azurerm\"]",
      "instances": [
        {
          "schema_version": 0,
          "attributes": {
            "address_prefixes": [
              "10.0.2.0/24"
            ],
            "default_outbound_access_enabled": true,
            "delegation": [],
            "enforce_private_link_endpoint_network_policies": false,
            "enforce_private_link_service_network_policies": false,
            "id": "/subscriptions/bf3ff429-d86d-43a1-9326-f625a1e8bb50/resourceGroups/wiz-exercise-rg/providers/Microsoft.Network/virtualNetworks/wiz-vnet/subnets/kubernetes-subnet",
            "name": "kubernetes-subnet",
            "private_endpoint_network_policies": "Enabled",
            "private_endpoint_network_policies_enabled": true,
            "private_link_service_network_policies_enabled": true,
            "resource_group_name": "wiz-exercise-rg",
            "service_endpoint_policy_ids": [],
            "service_endpoints": [],
            "timeouts": null,
            "virtual_network_name": "wiz-vnet"
          },
          "sensitive_attributes": [],
          "private": "eyJlMmJmYjczMC1lY2FhLTExZTYtOGY4OC0zNDM2M2JjN2M0YzAiOnsiY3JlYXRlIjoxODAwMDAwMDAwMDAwLCJkZWxldGUiOjE4MDAwMDAwMDAwMDAsInJlYWQiOjMwMDAwMDAwMDAwMCwidXBkYXRlIjoxODAwMDAwMDAwMDAwfX0=",
          "dependencies": [
            "azurerm_resource_group.wiz_exercise",
            "module.network.azurerm_virtual_network.wiz_vnet"
          ]
        }
      ]
    },
    {
      "module": "module.network",
      "mode": "managed",
      "type": "azurerm_virtual_network",
      "name": "wiz_vnet",
      "provider": "provider[\"registry.terraform.io/hashicorp/azurerm\"]",
      "instances": [
        {
          "schema_version": 0,
          "attributes": {
            "address_space": [
              "10.0.0.0/16"
            ],
            "bgp_community": "",
            "ddos_protection_plan": [],
            "dns_servers": [],
            "edge_zone": "",
            "encryption": [],
            "flow_timeout_in_minutes": 0,
            "guid": "897854df-8de6-43a3-ba5c-72d03870ffd5",
            "id": "/subscriptions/bf3ff429-d86d-43a1-9326-f625a1e8bb50/resourceGroups/wiz-exercise-rg/providers/Microsoft.Network/virtualNetworks/wiz-vnet",
            "location": "eastus2",
            "name": "wiz-vnet",
            "resource_group_name": "wiz-exercise-rg",
            "subnet": [
              {
                "address_prefix": "10.0.1.0/24",
                "id": "/subscriptions/bf3ff429-d86d-43a1-9326-f625a1e8bb50/resourceGroups/wiz-exercise-rg/providers/Microsoft.Network/virtualNetworks/wiz-vnet/subnets/database-subnet",
                "name": "database-subnet",
                "security_group": ""
              },
              {
                "address_prefix": "10.0.2.0/24",
                "id": "/subscriptions/bf3ff429-d86d-43a1-9326-f625a1e8bb50/resourceGroups/wiz-exercise-rg/providers/Microsoft.Network/virtualNetworks/wiz-vnet/subnets/kubernetes-subnet",
                "name": "kubernetes-subnet",
                "security_group": ""
              }
            ],
            "tags": {},
            "timeouts": null
          },
          "sensitive_attributes": [],
          "private": "eyJlMmJmYjczMC1lY2FhLTExZTYtOGY4OC0zNDM2M2JjN2M0YzAiOnsiY3JlYXRlIjoxODAwMDAwMDAwMDAwLCJkZWxldGUiOjE4MDAwMDAwMDAwMDAsInJlYWQiOjMwMDAwMDAwMDAwMCwidXBkYXRlIjoxODAwMDAwMDAwMDAwfX0=",
          "dependencies": [
            "azurerm_resource_group.wiz_exercise"
          ]
        }
      ]
    },
    {
      "module": "module.storage",
      "mode": "managed",
      "type": "azurerm_storage_account",
      "name": "wiz_storage",
      "provider": "provider[\"registry.terraform.io/hashicorp/azurerm\"]",
      "instances": [
        {
          "schema_version": 4,
          "attributes": {
            "access_tier": "Hot",
            "account_kind": "StorageV2",
            "account_replication_type": "LRS",
            "account_tier": "Standard",
            "allow_nested_items_to_be_public": true,
            "allowed_copy_scope": "",
            "azure_files_authentication": [],
            "blob_properties": [
              {
                "change_feed_enabled": false,
                "change_feed_retention_in_days": 0,
                "container_delete_retention_policy": [],
                "cors_rule": [],
                "default_service_version": "",
                "delete_retention_policy": [],
                "last_access_time_enabled": false,
                "restore_policy": [],
                "versioning_enabled": false
              }
            ],
            "cross_tenant_replication_enabled": true,
            "custom_domain": [],
            "customer_managed_key": [],
            "default_to_oauth_authentication": false,
            "dns_endpoint_type": "Standard",
            "edge_zone": "",
            "enable_https_traffic_only": true,
            "https_traffic_only_enabled": true,
            "id": "/subscriptions/bf3ff429-d86d-43a1-9326-f625a1e8bb50/resourceGroups/wiz-exercise-rg/providers/Microsoft.Storage/storageAccounts/wizexvv7dw4vr",
            "identity": [],
            "immutability_policy": [],
            "infrastructure_encryption_enabled": false,
            "is_hns_enabled": false,
            "large_file_share_enabled": false,
            "local_user_enabled": true,
            "location": "eastus2",
            "min_tls_version": "TLS1_2",
            "name": "wizexvv7dw4vr",
            "network_rules": [],
            "nfsv3_enabled": false,
            "primary_access_key": "y+MUEKP/T/7L7gsu2FY2BTymC1YFWQGlLzvTvtHIg7nrw4oiyVdfO+5gvC6kerheDTrtRxv98zAD+AStbGBamg==",
            "primary_blob_connection_string": "DefaultEndpointsProtocol=https;BlobEndpoint=https://wizexvv7dw4vr.blob.core.windows.net/;AccountName=wizexvv7dw4vr;AccountKey=y+MUEKP/T/7L7gsu2FY2BTymC1YFWQGlLzvTvtHIg7nrw4oiyVdfO+5gvC6kerheDTrtRxv98zAD+AStbGBamg==",
            "primary_blob_endpoint": "https://wizexvv7dw4vr.blob.core.windows.net/",
            "primary_blob_host": "wizexvv7dw4vr.blob.core.windows.net",
            "primary_blob_internet_endpoint": "",
            "primary_blob_internet_host": "",
            "primary_blob_microsoft_endpoint": "",
            "primary_blob_microsoft_host": "",
            "primary_connection_string": "DefaultEndpointsProtocol=https;AccountName=wizexvv7dw4vr;AccountKey=y+MUEKP/T/7L7gsu2FY2BTymC1YFWQGlLzvTvtHIg7nrw4oiyVdfO+5gvC6kerheDTrtRxv98zAD+AStbGBamg==;EndpointSuffix=core.windows.net",
            "primary_dfs_endpoint": "https://wizexvv7dw4vr.dfs.core.windows.net/",
            "primary_dfs_host": "wizexvv7dw4vr.dfs.core.windows.net",
            "primary_dfs_internet_endpoint": "",
            "primary_dfs_internet_host": "",
            "primary_dfs_microsoft_endpoint": "",
            "primary_dfs_microsoft_host": "",
            "primary_file_endpoint": "https://wizexvv7dw4vr.file.core.windows.net/",
            "primary_file_host": "wizexvv7dw4vr.file.core.windows.net",
            "primary_file_internet_endpoint": "",
            "primary_file_internet_host": "",
            "primary_file_microsoft_endpoint": "",
            "primary_file_microsoft_host": "",
            "primary_location": "eastus2",
            "primary_queue_endpoint": "https://wizexvv7dw4vr.queue.core.windows.net/",
            "primary_queue_host": "wizexvv7dw4vr.queue.core.windows.net",
            "primary_queue_microsoft_endpoint": "",
            "primary_queue_microsoft_host": "",
            "primary_table_endpoint": "https://wizexvv7dw4vr.table.core.windows.net/",
            "primary_table_host": "wizexvv7dw4vr.table.core.windows.net",
            "primary_table_microsoft_endpoint": "",
            "primary_table_microsoft_host": "",
            "primary_web_endpoint": "https://wizexvv7dw4vr.z20.web.core.windows.net/",
            "primary_web_host": "wizexvv7dw4vr.z20.web.core.windows.net",
            "primary_web_internet_endpoint": "",
            "primary_web_internet_host": "",
            "primary_web_microsoft_endpoint": "",
            "primary_web_microsoft_host": "",
            "public_network_access_enabled": true,
            "queue_encryption_key_type": "Service",
            "queue_properties": [
              {
                "cors_rule": [],
                "hour_metrics": [
                  {
                    "enabled": false,
                    "include_apis": false,
                    "retention_policy_days": 0,
                    "version": "1.0"
                  }
                ],
                "logging": [
                  {
                    "delete": false,
                    "read": false,
                    "retention_policy_days": 0,
                    "version": "1.0",
                    "write": false
                  }
                ],
                "minute_metrics": [
                  {
                    "enabled": false,
                    "include_apis": false,
                    "retention_policy_days": 0,
                    "version": "1.0"
                  }
                ]
              }
            ],
            "resource_group_name": "wiz-exercise-rg",
            "routing": [],
            "sas_policy": [],
            "secondary_access_key": "WHa1FPXXcDJcpxqmSF/gRufYowJb9MMJmgNo8DDsoWDgy/qiKK9aVj5FSD+qEengbyO5G8GQmC0f+AStHDTINg==",
            "secondary_blob_connection_string": "",
            "secondary_blob_endpoint": "",
            "secondary_blob_host": "",
            "secondary_blob_internet_endpoint": "",
            "secondary_blob_internet_host": "",
            "secondary_blob_microsoft_endpoint": "",
            "secondary_blob_microsoft_host": "",
            "secondary_connection_string": "DefaultEndpointsProtocol=https;AccountName=wizexvv7dw4vr;AccountKey=WHa1FPXXcDJcpxqmSF/gRufYowJb9MMJmgNo8DDsoWDgy/qiKK9aVj5FSD+qEengbyO5G8GQmC0f+AStHDTINg==;EndpointSuffix=core.windows.net",
            "secondary_dfs_endpoint": "",
            "secondary_dfs_host": "",
            "secondary_dfs_internet_endpoint": "",
            "secondary_dfs_internet_host": "",
            "secondary_dfs_microsoft_endpoint": "",
            "secondary_dfs_microsoft_host": "",
            "secondary_file_endpoint": "",
            "secondary_file_host": "",
            "secondary_file_internet_endpoint": "",
            "secondary_file_internet_host": "",
            "secondary_file_microsoft_endpoint": "",
            "secondary_file_microsoft_host": "",
            "secondary_location": "",
            "secondary_queue_endpoint": "",
            "secondary_queue_host": "",
            "secondary_queue_microsoft_endpoint": "",
            "secondary_queue_microsoft_host": "",
            "secondary_table_endpoint": "",
            "secondary_table_host": "",
            "secondary_table_microsoft_endpoint": "",
            "secondary_table_microsoft_host": "",
            "secondary_web_endpoint": "",
            "secondary_web_host": "",
            "secondary_web_internet_endpoint": "",
            "secondary_web_internet_host": "",
            "secondary_web_microsoft_endpoint": "",
            "secondary_web_microsoft_host": "",
            "sftp_enabled": false,
            "share_properties": [
              {
                "cors_rule": [],
                "retention_policy": [
                  {
                    "days": 7
                  }
                ],
                "smb": []
              }
            ],
            "shared_access_key_enabled": true,
            "static_website": [],
            "table_encryption_key_type": "Service",
            "tags": {},
            "timeouts": null
          },
          "sensitive_attributes": [
            [
              {
                "type": "get_attr",
                "value": "secondary_blob_connection_string"
              }
            ],
            [
              {
                "type": "get_attr",
                "value": "primary_connection_string"
              }
            ],
            [
              {
                "type": "get_attr",
                "value": "primary_blob_connection_string"
              }
            ],
            [
              {
                "type": "get_attr",
                "value": "secondary_access_key"
              }
            ],
            [
              {
                "type": "get_attr",
                "value": "secondary_connection_string"
              }
            ],
            [
              {
                "type": "get_attr",
                "value": "primary_access_key"
              }
            ]
          ],
          "private": "eyJlMmJmYjczMC1lY2FhLTExZTYtOGY4OC0zNDM2M2JjN2M0YzAiOnsiY3JlYXRlIjozNjAwMDAwMDAwMDAwLCJkZWxldGUiOjM2MDAwMDAwMDAwMDAsInJlYWQiOjMwMDAwMDAwMDAwMCwidXBkYXRlIjozNjAwMDAwMDAwMDAwfSwic2NoZW1hX3ZlcnNpb24iOiI0In0=",
          "dependencies": [
            "azurerm_resource_group.wiz_exercise",
            "module.storage.random_string.suffix"
          ]
        }
      ]
    },
    {
      "module": "module.storage",
      "mode": "managed",
      "type": "azurerm_storage_account_network_rules",
      "name": "public_access",
      "provider": "provider[\"registry.terraform.io/hashicorp/azurerm\"]",
      "instances": [
        {
          "schema_version": 0,
          "attributes": {
            "bypass": [
              "AzureServices"
            ],
            "default_action": "Allow",
            "id": "/subscriptions/bf3ff429-d86d-43a1-9326-f625a1e8bb50/resourceGroups/wiz-exercise-rg/providers/Microsoft.Storage/storageAccounts/wizexvv7dw4vr",
            "ip_rules": [],
            "private_link_access": [],
            "storage_account_id": "/subscriptions/bf3ff429-d86d-43a1-9326-f625a1e8bb50/resourceGroups/wiz-exercise-rg/providers/Microsoft.Storage/storageAccounts/wizexvv7dw4vr",
            "timeouts": null,
            "virtual_network_subnet_ids": []
          },
          "sensitive_attributes": [],
          "private": "eyJlMmJmYjczMC1lY2FhLTExZTYtOGY4OC0zNDM2M2JjN2M0YzAiOnsiY3JlYXRlIjozNjAwMDAwMDAwMDAwLCJkZWxldGUiOjM2MDAwMDAwMDAwMDAsInJlYWQiOjMwMDAwMDAwMDAwMCwidXBkYXRlIjozNjAwMDAwMDAwMDAwfX0=",
          "dependencies": [
            "azurerm_resource_group.wiz_exercise",
            "module.storage.azurerm_storage_account.wiz_storage",
            "module.storage.random_string.suffix"
          ]
        }
      ]
    },
    {
      "module": "module.storage",
      "mode": "managed",
      "type": "azurerm_storage_container",
      "name": "mongodb_backups",
      "provider": "provider[\"registry.terraform.io/hashicorp/azurerm\"]",
      "instances": [
        {
          "schema_version": 1,
          "attributes": {
            "container_access_type": "blob",
            "default_encryption_scope": "$account-encryption-key",
            "encryption_scope_override_enabled": true,
            "has_immutability_policy": false,
            "has_legal_hold": false,
            "id": "https://wizexvv7dw4vr.blob.core.windows.net/mongodb-backups",
            "metadata": {},
            "name": "mongodb-backups",
            "resource_manager_id": "/subscriptions/bf3ff429-d86d-43a1-9326-f625a1e8bb50/resourceGroups/wiz-exercise-rg/providers/Microsoft.Storage/storageAccounts/wizexvv7dw4vr/blobServices/default/containers/mongodb-backups",
            "storage_account_name": "wizexvv7dw4vr",
            "timeouts": null
          },
          "sensitive_attributes": [],
          "private": "eyJlMmJmYjczMC1lY2FhLTExZTYtOGY4OC0zNDM2M2JjN2M0YzAiOnsiY3JlYXRlIjoxODAwMDAwMDAwMDAwLCJkZWxldGUiOjE4MDAwMDAwMDAwMDAsInJlYWQiOjMwMDAwMDAwMDAwMCwidXBkYXRlIjoxODAwMDAwMDAwMDAwfSwic2NoZW1hX3ZlcnNpb24iOiIxIn0=",
          "dependencies": [
            "azurerm_resource_group.wiz_exercise",
            "module.storage.azurerm_storage_account.wiz_storage",
            "module.storage.random_string.suffix"
          ]
        }
      ]
    },
    {
      "module": "module.storage",
      "mode": "managed",
      "type": "random_string",
      "name": "suffix",
      "provider": "provider[\"registry.terraform.io/hashicorp/random\"]",
      "instances": [
        {
          "schema_version": 2,
          "attributes": {
            "id": "vv7dw4vr",
            "keepers": null,
            "length": 8,
            "lower": true,
            "min_lower": 0,
            "min_numeric": 0,
            "min_special": 0,
            "min_upper": 0,
            "number": true,
            "numeric": true,
            "override_special": null,
            "result": "vv7dw4vr",
            "special": false,
            "upper": false
          },
          "sensitive_attributes": []
        }
      ]
    }
  ],
  "check_results": null
}
