{
  "version": 4,
  "terraform_version": "1.11.4",
  "serial": 35,
  "lineage": "bfec5d94-bef1-de3f-dab6-081ebefc01bb",
  "outputs": {
    "acr_admin_username": {
      "value": "wizexerciseacrhyiathfoo",
      "type": "string"
    },
    "acr_login_server": {
      "value": "wizexerciseacrhyiathfoo.azurecr.io",
      "type": "string"
    },
    "aks_cluster_name": {
      "value": "wiz-aks-cluster",
      "type": "string"
    },
    "mongodb_admin_password": {
      "value": "Azure_123456",
      "type": "string",
      "sensitive": true
    },
    "mongodb_admin_username": {
      "value": "azureuser",
      "type": "string"
    },
    "mongodb_vm_public_ip": {
      "value": "135.119.129.176",
      "type": "string"
    },
    "storage_account_name": {
      "value": "wizexl8cdjlkf",
      "type": "string"
    }
  },
  "resources": [
    {
      "mode": "managed",
      "type": "azurerm_resource_group",
      "name": "wiz_exercise",
      "provider": "provider[\"registry.terraform.io/hashicorp/azurerm\"]",
      "instances": [
        {
          "schema_version": 0,
          "attributes": {
            "id": "/subscriptions/bf3ff429-d86d-43a1-9326-f625a1e8bb50/resourceGroups/wiz-exercise-rg",
            "location": "eastus2",
            "managed_by": "",
            "name": "wiz-exercise-rg",
            "tags": {},
            "timeouts": null
          },
          "sensitive_attributes": [],
          "private": "eyJlMmJmYjczMC1lY2FhLTExZTYtOGY4OC0zNDM2M2JjN2M0YzAiOnsiY3JlYXRlIjo1NDAwMDAwMDAwMDAwLCJkZWxldGUiOjU0MDAwMDAwMDAwMDAsInJlYWQiOjMwMDAwMDAwMDAwMCwidXBkYXRlIjo1NDAwMDAwMDAwMDAwfX0="
        }
      ]
    },
    {
      "mode": "managed",
      "type": "azurerm_role_assignment",
      "name": "aks_acr_pull",
      "provider": "provider[\"registry.terraform.io/hashicorp/azurerm\"]",
      "instances": [
        {
          "schema_version": 0,
          "attributes": {
            "condition": "",
            "condition_version": "",
            "delegated_managed_identity_resource_id": "",
            "description": "",
            "id": "/subscriptions/bf3ff429-d86d-43a1-9326-f625a1e8bb50/resourceGroups/wiz-exercise-rg/providers/Microsoft.ContainerRegistry/registries/wizexerciseacrhyiathfoo/providers/Microsoft.Authorization/roleAssignments/26a570c2-6273-7ad7-8e58-fde280c68052",
            "name": "26a570c2-6273-7ad7-8e58-fde280c68052",
            "principal_id": "565f5660-749e-41e2-908f-0586e9424c25",
            "principal_type": "ServicePrincipal",
            "role_definition_id": "/subscriptions/bf3ff429-d86d-43a1-9326-f625a1e8bb50/providers/Microsoft.Authorization/roleDefinitions/7f951dda-4ed3-4680-a7ca-43fe172d538d",
            "role_definition_name": "AcrPull",
            "scope": "/subscriptions/bf3ff429-d86d-43a1-9326-f625a1e8bb50/resourceGroups/wiz-exercise-rg/providers/Microsoft.ContainerRegistry/registries/wizexerciseacrhyiathfoo",
            "skip_service_principal_aad_check": true,
            "timeouts": null
          },
          "sensitive_attributes": [],
          "private": "eyJlMmJmYjczMC1lY2FhLTExZTYtOGY4OC0zNDM2M2JjN2M0YzAiOnsiY3JlYXRlIjoxODAwMDAwMDAwMDAwLCJkZWxldGUiOjE4MDAwMDAwMDAwMDAsInJlYWQiOjMwMDAwMDAwMDAwMH19",
          "dependencies": [
            "azurerm_resource_group.wiz_exercise",
            "module.acr.azurerm_container_registry.wiz_acr",
            "module.aks.azurerm_user_assigned_identity.aks_kubelet"
          ]
        }
      ]
    },
    {
      "module": "module.acr",
      "mode": "managed",
      "type": "azurerm_container_registry",
      "name": "wiz_acr",
      "provider": "provider[\"registry.terraform.io/hashicorp/azurerm\"]",
      "instances": [
        {
          "schema_version": 2,
          "attributes": {
            "admin_enabled": true,
            "admin_password": "1hg9PLL3coNZ3pX0oJag3hhh4NZQub2kcPxkIeFt2f+ACRClsp/c",
            "admin_username": "wizexerciseacrhyiathfoo",
            "anonymous_pull_enabled": false,
            "data_endpoint_enabled": false,
            "encryption": [
              {
                "enabled": false,
                "identity_client_id": "",
                "key_vault_key_id": ""
              }
            ],
            "export_policy_enabled": true,
            "georeplications": [],
            "id": "/subscriptions/bf3ff429-d86d-43a1-9326-f625a1e8bb50/resourceGroups/wiz-exercise-rg/providers/Microsoft.ContainerRegistry/registries/wizexerciseacrhyiathfoo",
            "identity": [],
            "location": "eastus2",
            "login_server": "wizexerciseacrhyiathfoo.azurecr.io",
            "name": "wizexerciseacrhyiathfoo",
            "network_rule_bypass_option": "AzureServices",
            "network_rule_set": [],
            "public_network_access_enabled": true,
            "quarantine_policy_enabled": false,
            "resource_group_name": "wiz-exercise-rg",
            "retention_policy": [
              {
                "days": 7,
                "enabled": false
              }
            ],
            "sku": "Basic",
            "tags": null,
            "timeouts": null,
            "trust_policy": [
              {
                "enabled": false
              }
            ],
            "zone_redundancy_enabled": false
          },
          "sensitive_attributes": [
            [
              {
                "type": "get_attr",
                "value": "admin_password"
              }
            ]
          ],
          "private": "eyJlMmJmYjczMC1lY2FhLTExZTYtOGY4OC0zNDM2M2JjN2M0YzAiOnsiY3JlYXRlIjoxODAwMDAwMDAwMDAwLCJkZWxldGUiOjE4MDAwMDAwMDAwMDAsInJlYWQiOjMwMDAwMDAwMDAwMCwidXBkYXRlIjoxODAwMDAwMDAwMDAwfSwic2NoZW1hX3ZlcnNpb24iOiIyIn0=",
          "dependencies": [
            "azurerm_resource_group.wiz_exercise"
          ]
        }
      ]
    },
    {
      "module": "module.aks",
      "mode": "data",
      "type": "kubernetes_namespace",
      "name": "wiz_app",
      "provider": "module.aks.provider[\"registry.terraform.io/hashicorp/kubernetes\"]",
      "instances": [
        {
          "schema_version": 0,
          "attributes": {
            "id": "wiz-app",
            "metadata": [
              {
                "annotations": {},
                "generation": 0,
                "labels": {
                  "kubernetes.io/metadata.name": "wiz-app"
                },
                "name": "wiz-app",
                "resource_version": "1379",
                "uid": "9b444994-e297-49e2-9e54-38d3b74fcf7a"
              }
            ],
            "spec": [
              {
                "finalizers": [
                  "kubernetes"
                ]
              }
            ]
          },
          "sensitive_attributes": []
        }
      ]
    },
    {
      "module": "module.aks",
      "mode": "managed",
      "type": "azurerm_kubernetes_cluster",
      "name": "wiz_aks",
      "provider": "provider[\"registry.terraform.io/hashicorp/azurerm\"]",
      "instances": [
        {
          "schema_version": 2,
          "attributes": {
            "aci_connector_linux": [],
            "api_server_access_profile": [],
            "api_server_authorized_ip_ranges": [],
            "auto_scaler_profile": [],
            "automatic_channel_upgrade": "",
            "azure_active_directory_role_based_access_control": [],
            "azure_policy_enabled": null,
            "confidential_computing": [],
            "cost_analysis_enabled": false,
            "current_kubernetes_version": "1.31.8",
            "custom_ca_trust_certificates_base64": [],
            "default_node_pool": [
              {
                "capacity_reservation_group_id": "",
                "custom_ca_trust_enabled": false,
                "enable_auto_scaling": false,
                "enable_host_encryption": false,
                "enable_node_public_ip": false,
                "fips_enabled": false,
                "gpu_instance": "",
                "host_group_id": "",
                "kubelet_config": [],
                "kubelet_disk_type": "OS",
                "linux_os_config": [],
                "max_count": 0,
                "max_pods": 30,
                "message_of_the_day": "",
                "min_count": 0,
                "name": "default",
                "node_count": 2,
                "node_labels": {},
                "node_network_profile": [],
                "node_public_ip_prefix_id": "",
                "node_taints": [],
                "only_critical_addons_enabled": false,
                "orchestrator_version": "1.31",
                "os_disk_size_gb": 128,
                "os_disk_type": "Managed",
                "os_sku": "Ubuntu",
                "pod_subnet_id": "",
                "proximity_placement_group_id": "",
                "scale_down_mode": "Delete",
                "snapshot_id": "",
                "tags": {},
                "temporary_name_for_rotation": "",
                "type": "VirtualMachineScaleSets",
                "ultra_ssd_enabled": false,
                "upgrade_settings": [
                  {
                    "drain_timeout_in_minutes": 0,
                    "max_surge": "10%",
                    "node_soak_duration_in_minutes": 0
                  }
                ],
                "vm_size": "Standard_D2s_v3",
                "vnet_subnet_id": "/subscriptions/bf3ff429-d86d-43a1-9326-f625a1e8bb50/resourceGroups/wiz-exercise-rg/providers/Microsoft.Network/virtualNetworks/wiz-vnet/subnets/kubernetes-subnet",
                "workload_runtime": "",
                "zones": []
              }
            ],
            "disk_encryption_set_id": "",
            "dns_prefix": "wizaks",
            "dns_prefix_private_cluster": "",
            "edge_zone": "",
            "enable_pod_security_policy": false,
            "fqdn": "wizaks-3q8vvrxu.hcp.eastus2.azmk8s.io",
            "http_application_routing_enabled": null,
            "http_application_routing_zone_name": null,
            "http_proxy_config": [],
            "id": "/subscriptions/bf3ff429-d86d-43a1-9326-f625a1e8bb50/resourceGroups/wiz-exercise-rg/providers/Microsoft.ContainerService/managedClusters/wiz-aks-cluster",
            "identity": [
              {
                "identity_ids": [
                  "/subscriptions/bf3ff429-d86d-43a1-9326-f625a1e8bb50/resourceGroups/wiz-exercise-rg/providers/Microsoft.ManagedIdentity/userAssignedIdentities/aks-control-plane-identity"
                ],
                "principal_id": "",
                "tenant_id": "",
                "type": "UserAssigned"
              }
            ],
            "image_cleaner_enabled": false,
            "image_cleaner_interval_hours": 48,
            "ingress_application_gateway": [],
            "key_management_service": [],
            "key_vault_secrets_provider": [],
            "kube_admin_config": [],
            "kube_admin_config_raw": "",
            "kube_config": [
              {
                "client_certificate": "LS0tLS1CRUdJTiBDRVJUSUZJQ0FURS0tLS0tCk1JSUZIakNDQXdhZ0F3SUJBZ0lSQU1aWGR1M2YyazJnWVJBelBVMVBrMmt3RFFZSktvWklodmNOQVFFTEJRQXcKRFRFTE1Ba0dBMVVFQXhNQ1kyRXdIaGNOTWpVd05qRXpNVEF4TURFMFdoY05NamN3TmpFek1UQXlNREUwV2pBdwpNUmN3RlFZRFZRUUtFdzV6ZVhOMFpXMDZiV0Z6ZEdWeWN6RVZNQk1HQTFVRUF4TU1iV0Z6ZEdWeVkyeHBaVzUwCk1JSUNJakFOQmdrcWhraUc5dzBCQVFFRkFBT0NBZzhBTUlJQ0NnS0NBZ0VBMWsrL0ZVUXVjL0MxeW5IT0w4c3MKWFlzY3VWa2s0dmx2SmhKQUV4S1VIekFFWUtGSk5rMXRnY3J2UVZWTUs1L1FYQTU0NnFlSE52SGRJbitCalJxQQpKVDBLQjFBRFVjRVc4OUU5THEyS2Q2aHV5RG5ZM0tzWFZrVmtGbDBJNXJXcVptRitmSm1KeEFQcUtYQjlpSm13Ci91Y1orMmNiOXpUaW5oeE5icHBwc2tocjlqczNTQmR0NjNGcU52a2ZrMWpMTXdyVVZQdGUrOEVrRUtCdzJ4ZXQKY1BpZXkraTJuVStVazUzWkJFNVFEcjBmSkFCS0NOdENXSStxbTByOCtpRnVqYkVDTnF1Sm5qc0sxVG93QlF3Ygozai9TQmdyRWtlTjhIeTJKZVhBY3BpYmFXVUVicmFxL0tBbGZJbXZRTW1zNnRlSnRCYVp3RDdXM1FiVlFXU2dFCm9wQnJSZWVJWFMwT0s3NmxjbFBJK1BrdHppSlhxdUwzRnl5UURMamoySjBmcWN2OTZMSlVpR3FGZmtjeU05LzQKdXlxVDFHSTg2aE9RUWhEakg4ZGV5Q2pRNWhpMm5qMXV0R3p2VndrSU5nVjdjdmwwby9oSFBENGppUUR3alRtaQpvczYrTE44S3RwRldvYytUaTVBNnhoandLZ0UrZWNiU2tSdzYzc1ZxaG1ZeUxHMmJIM3EzNGxxSUxGN1NvZm9rCm96Tlprb1Vnb0JQTjhQdEViTE1DNnVWdnEwSEt5UGtyWnRPMWtGZ2NjSFJjVkNWYmlKZklxQm5DMFhLUlhnbmYKWTZkSHo0aWRVK29lTnFGYlFUcm81cWQzdkdYSkhxeXhBT0U0anJ0bVo4NXY3NHBOeVNYQks4cDc2V05GMEpVWQpnSW1pVTFCNVRhTWM1R0VyS0pucjJuY0NBd0VBQWFOV01GUXdEZ1lEVlIwUEFRSC9CQVFEQWdXZ01CTUdBMVVkCkpRUU1NQW9HQ0NzR0FRVUZCd01DTUF3R0ExVWRFd0VCL3dRQ01BQXdId1lEVlIwakJCZ3dGb0FVdGlla0FhdG8KbVRoUkhES0VTOE12aE5MM3hlSXdEUVlKS29aSWh2Y05BUUVMQlFBRGdnSUJBSTlOSERVNnZoRDdTWWZtYy9NOApCVGhGcW5XdnBYaTB5bERNNkRIdWR2U290R3gySFpSTUNtVFFhNlpRZG85VWdZMEN1SWtjZGU4ZlM0NkYyWUFoCkRKajE1SjhlMWxZYzJGdUdacEpLUUFobVZSU3F0SmZ2cHVSZlpSZDJkRGNjMUpVdFU0OUlqMEJ1KzRFb0k3R0sKdG1adnl3aU1NWUkzQmhUdmVoYWwrWWsvSVQ3Tm55azByQnlBM00yL0drd2I2SzlmMU5ja0tSUEFCM3ZMNlhFeQoxd0ZaclY1eUNlVUphQnN5OEpodWVlY3l5ckpVMFNJOVEzSWZIZG5MT3o0eVA0N3lhd1VBQ00zSjAzSXEzV3RMCitFOGJrUDU4VkNpWFZvZlVUb1daTmQvdlNlWWd0T21aMkwvdFVZQzE3d2hDUitVaVBtZHo3WjF3d0Vxd1djQXgKK3ZmQXlpNElrU1AzSDY1dmk1RDl0ZG96d1VaYXcyVGhnYWZDRVB5MndITUNwMzNMcEhaVlYyeVdHVm1KazF3dQo3SFhUNnB4YjFtSjl6cFVFbGlIMnBBb0dyZjlxay9qZERGUkg5R3czNTU1WFdMLzhjQTdhYytXUHAvYlJCZ1FvCms2bnJWaWtSTG4yMGtxdkl1WmtadXVpeDY5NzJKMGlUL3JTNDZkbXNWRFEyMlVrdDY3azRwRDF1cHJNV0s0bTAKdDBHRzhnUGlGckl4S0hpZ2lxZk8remdWVStOUGdTTkpvRUFBNXJmYXZHYTR3b1NJOWNwaFlYWG5YRk5rcnFpUQp0ajB0V2pUSllsaTZlMlRLKzkzNStLaHV0cDd5ZWFTZHNPTUtGeFZ6ZThnUWpQNkM5Q0drcjZFYW5ST2dLcHh2CktaY1pSSVFqa2gwSDlaUzVpQzJxcFdLTgotLS0tLUVORCBDRVJUSUZJQ0FURS0tLS0tCg==",
                "client_key": "LS0tLS1CRUdJTiBSU0EgUFJJVkFURSBLRVktLS0tLQpNSUlKS0FJQkFBS0NBZ0VBMWsrL0ZVUXVjL0MxeW5IT0w4c3NYWXNjdVZrazR2bHZKaEpBRXhLVUh6QUVZS0ZKCk5rMXRnY3J2UVZWTUs1L1FYQTU0NnFlSE52SGRJbitCalJxQUpUMEtCMUFEVWNFVzg5RTlMcTJLZDZodXlEblkKM0tzWFZrVmtGbDBJNXJXcVptRitmSm1KeEFQcUtYQjlpSm13L3VjWisyY2I5elRpbmh4TmJwcHBza2hyOWpzMwpTQmR0NjNGcU52a2ZrMWpMTXdyVVZQdGUrOEVrRUtCdzJ4ZXRjUGlleStpMm5VK1VrNTNaQkU1UURyMGZKQUJLCkNOdENXSStxbTByOCtpRnVqYkVDTnF1Sm5qc0sxVG93QlF3YjNqL1NCZ3JFa2VOOEh5MkplWEFjcGliYVdVRWIKcmFxL0tBbGZJbXZRTW1zNnRlSnRCYVp3RDdXM1FiVlFXU2dFb3BCclJlZUlYUzBPSzc2bGNsUEkrUGt0emlKWApxdUwzRnl5UURMamoySjBmcWN2OTZMSlVpR3FGZmtjeU05LzR1eXFUMUdJODZoT1FRaERqSDhkZXlDalE1aGkyCm5qMXV0R3p2VndrSU5nVjdjdmwwby9oSFBENGppUUR3alRtaW9zNitMTjhLdHBGV29jK1RpNUE2eGhqd0tnRSsKZWNiU2tSdzYzc1ZxaG1ZeUxHMmJIM3EzNGxxSUxGN1NvZm9rb3pOWmtvVWdvQlBOOFB0RWJMTUM2dVZ2cTBISwp5UGtyWnRPMWtGZ2NjSFJjVkNWYmlKZklxQm5DMFhLUlhnbmZZNmRIejRpZFUrb2VOcUZiUVRybzVxZDN2R1hKCkhxeXhBT0U0anJ0bVo4NXY3NHBOeVNYQks4cDc2V05GMEpVWWdJbWlVMUI1VGFNYzVHRXJLSm5yMm5jQ0F3RUEKQVFLQ0FnQU43V0xLbkFLMDBDalFQak1iRWdZUkVqQk1yMGxoWXJwaGJBQXovUm9aS01Ld0VPczBGellOb0VXSwpKbVByMWRmeGs1TXlGSzhKMkEvNTVQVmpXUnlJenYydTJmbE5QOUloQ0RFRXJveDRHRDhTemdlVTE1Mk5vcmJOCmFVQmgxZDU4QnN2MGh2blgvalVpZWtmK0w1YThDZ0s3UHNrbmVJMWRueE05STlYSW0wSkEzenBKZWhSUG43QTYKWUZnMytDWkVhK2krbVJOa0l2b1lCb1V2Qjh2aXNwV0hSTmxSUWRHekFpZ1BTcE9UVWFFTGN1VmN5L3IwekdsVwo3RG1pZTdlMmg1RlFRamVRUzkvNVdXMnpka1Q5WFlKbG1CK01KNDl5YTBBcTN5bE5kdXJyci9wL2Y4QXFkdWx5CjBEVFlnZlZ2eW9ZeFBzNjdocUNoS1lwT01QYVVCNENWbUFmZ0MrZXV2amVuVWZBT2ZuOTVwdEFnRGxNUzd5dG8KWGM5UmVxZmxrVEtSbkxhQ1R0Z1psSXNqZkVNY2ZDczc2QmR5V2VNZnZjVmhHZjhaUTNJdGk1QUNDbXY5OGNxUwp3Nm5weGlpK3FXb2RYQjVPRlVsR1d1QXRWQ0NZUmlHM1pMZmJqSFZsM3RVZC9HbWlMQVhOTFBDRTlBcVd5T0MyCld6eTE3V0NtbG9yRWNtb01HQlNlSHZqT2VJRnV0T3NWVy9xOVh1UE1tWGQySzdyeE9NMFQxZnEwSW9qUENYVzkKdnlMVWhLSGFpekN5dHJJOTQvdSs3LzNpZ3EyMVI0RW1JaVZMTGVuLzZaSURNKzQvTkorQjhPcWZua0xuV25rbApyUCt5OHBvUmJuZVp2bnpoRUNmalZIRUlIRllJRkJwMkxZSE82bk9jUTYveElCNzA4UUtDQVFFQTVIdm00eFc5CkRyZGgwOURlZDRvNXd0NkJBeEg1aXdUYzZGV1JNUDRyb2xMMG9CNEEvUUZtbjhkdVBtRU9kVWhpWDRKMkJaTFkKVExCN01pT0wwQm5vQnNHWlRDWGRmS3djbElwOUR5N1QvUndrYkpHYlR2UWRhL1JKMnNxTGhSdGU5QWdFR2xlbgo3VE5zT2tlQjdmL1ZucHljZDVjWmdlQ2hFcUhpd3k0UHA4VHVoL1Qvdkd6NUk4N2tOT3lCbU1aR2hFdk1Fb2pBCkNIQ1lVb29yb082RnJsTU5oWFhiS05mY0ZFVFE5QXN0dXArRjJMaUV5MkIyTEFoTUVmTlkzdjRvVnhRSjFNOG4KZ1lOeFR0QTlzYUJPSDEvOGFxeE02Z1B5RlM0SHhmTmNCY3lLWmhIa0p4Q1pHWFdrR0Q5bU5qR1NJY0E5VWRGZgp4N1paR0loeEQrL0htUUtDQVFFQThCN3BLekJ4SUpSTTVnN1puRFVhaXdENHRwUFhUZ1ZFSzNHQ1hyMzhyemlsCjlWazI2ZWwxKzJmSU9nLzFFTm9FVXh2eGJUdWYyaVBteXpTOGRNTTArUW9obU5iYzI1RDdaYTAvaTFSMU0rdGUKaDR6NUJQTU9RWHVxWDJZLzlYTWEwU2VyOVVCcVNYQVJVdittdVdVS09ZZ1RTeWpxVGIrVDNTWGREbCs4dzY1MgpCcjgvODBjMnZ0TmJUWHk3QlAwSXorS3BPenBUZVZvaGxZeW5iRXVFYlVCSU10VVNob1JnSFhaeUNnMFM2WERnCi9ZVWxuWlhtNW5vMXoyZ3hma3Z0Q2pYMU91Y0o1T1d0QVNsS3RTS28xQ1dLZFpRcFo2UWY5eHZFNjk2a2dBYmYKTUZCUmkyemJ1SHNYYVMxejJIMzFNSnlHS0gzeXhUQm5ZYURPQS8rOGp3S0NBUUJ1V0pSNmlZNGo1RmJmdUZrbwp2RjRIQ2ZTZXFmaXR0aXlHSElVaGR5OVZsdUREejVuRWx2K2NIUEhXT0lPR0N1NVBtQzh0byt6SXBOYnFzUllkCjY5VU9Ka1BGN2VlWkJYcE1GdEl0R2YyUm1SelNQa1FXam5rRElSam1ETG56RC9QOHdUNVNCcEY0VWtScnBRdFEKQ1NWL0U3M1JWKzBldDRDekFmSUZOMktpTU03T1pIbDU0OXN5K3dGbHVlOGcvR2trRFlOQ1ZEOENGSGJNTGlUQgo5VkFrajhIUStjbGRZVnJOZ3lxeklnNzB1WVFuMVgxMHgySnJBNXJSZElnd01la0RuUTdlY3lsdU9DL3AwMUpvClRiWk5Hc3RLTFdwNy9tblU1c1VrU2RMZ2poY3RFbWp3b09oL3pqdnc1ZldVS0w2ZGhEMVpIVmczbUk1UTlkdzgKeVIzSkFvSUJBUUN6QU5naDhrTGpYcXJVOWswVFBpTkRiTDM4bmNucng5RkI4YVNXckZzcTVMZ1RaeWFneWdIQwpJV1FLcE1xMGZWS3NBakRBbGFwZEhGWjVOaDhuakQ1NVNTd3luRHFaRkVQVlVJb0dmRGZETkx1TG9YUWlWRzlVCk1iU1kyY2prV2FLc09UN2YzZDFlVWNVWWNxei9tR3MrNkVvNXhZNmwxeU9Md1NaQ0NPelhrNzg0MkduOEdpS2QKcjBKcFNZckI5VUFVZVl4Zk11UDNtMUZlQXpUc2JuK1NVbEdBVTRjejhJc1dhNjRvQUFjUkw2MEtVYS94QWtiWAptbE56QXVHaW5VZGdUVWs3Vi9Ed1NxZm1MYm9idm5MTmRBNzhDQysxcTR5STBwTENvMzlPVWRFZ1d6L3ZDSC9qCnp4OXNzUTJqWG9MaWNrMHc4bk9Bdk16VTR1T3g1M3ZSQW9JQkFFUzJ5dHRIRThVNVkxcDFqRUFYbkNTNS9tNysKUjFuc1prQVVnWXUzakloRGpoTU5DSFJwVUF4Nm5XbTIxZTlqTVJuL0UrRVA5dUIwTjJwQXlLclBMRDV1MzFsNwoyMUtPa3pJOWlNR2hSS0hlaTdlMm1OcnlLcDZtak5JVnlnMFdkN2pBbEpnK3pjQVM2R0NIYmsvREpxMGR6MGNhClBJT3NyUDNiclFvSVBTK2NQemlaMTVkN1kyLzI0aW1XM0tSbFNvQjFXSUM3clhsbTYyNDBqOEJFbHdlM3k5THcKUHlPWjZ0YWx2cnc0RVV6SHh6bVBETHhyK3J0eUxYeTZGOUJPWVdrQnY0RUx0aGhCeFlkNGZNNEh5bHU0TDVNeQpsR3VtNi96cm10eXRYa0FQTFhuNXlHbzFaK2VCRTlORVZCQlBZOHVEMXd0VEZ0d3plZ1ZzZXYyeDZyUT0KLS0tLS1FTkQgUlNBIFBSSVZBVEUgS0VZLS0tLS0K",
                "cluster_ca_certificate": "LS0tLS1CRUdJTiBDRVJUSUZJQ0FURS0tLS0tCk1JSUU2RENDQXRDZ0F3SUJBZ0lRUC9NVkUwaGpDUjYvenVTejFPek9RakFOQmdrcWhraUc5dzBCQVFzRkFEQU4KTVFzd0NRWURWUVFERXdKallUQWdGdzB5TlRBMk1UTXhNREV3TVRSYUdBOHlNRFUxTURZeE16RXdNakF4TkZvdwpEVEVMTUFrR0ExVUVBeE1DWTJFd2dnSWlNQTBHQ1NxR1NJYjNEUUVCQVFVQUE0SUNEd0F3Z2dJS0FvSUNBUURQCi82N2tlb3dLNWlmVFJKck15NEI0dDVKc0NUMUpnR2tXbVRNNy9LU2lPdmRHWnJ1Uzh1WnNFMlFFdm13aUl3MzIKYzlVblphNTYxdFlUbVZDMEF1bXUwa1RaN2tOeVpFdXpxYVJVanBsY2hOVldTeGNLM2FuekpoSTQ1dVpiSW1RMgpDdDhvNG9JUzNYRFd5NWY5enZBb0V0bEZHdG45S2RQblNwWkRQMTkvZzlXeWQ2c1VqVkJmRlc3Uko2cWNOZG9SCjJRZHU2MWsvL1AyUXFRZVNJT0xBaCsrbk8yL0dBTVlpRlFrNXIweHZlclpKU250a2dkRFMydGpldW0rcWdlUjAKYzJpL2haOXJONHZjYmw3VmlLM1dCVjloZ3BBTVFvRXVZZHZpQmRZdHlqRnMrVUx0ZXZrdnhUdzdWbFkyZy9vUAp6QjF0dWFNZVdCWlNZdGF2NVViNmZhSldCSldSejlGZHliZHViekFHeTh6bmNxTWNYanNlc1Q4N1BONFJESmtvCmZPUDFHZTdTY00rSXBob3ZNMUdiZWR1RkVOemFkVzNLVEFDWkVDQUJ6K2V4S0RvbzlpMFJxb1NDSUxPbDUxSXMKTGFweXNYYjZhWXVKK09pQmhCcUFNZnVVWnU5Z09FdlBuam1kbGwvRE1kVlVaTUdITmFjbW5sSGR2VFZKMXFEWQpUY3Bpb1BDSmo3VndzdG0rTkMzc09WWTRBWFRsNytLTmFJQmE0L0VSaGVzWGxVL1BFUjNRNnFSRTFwaUpMVWVICjU3ZzE2ZXhHWW41eVhnczdES0l1ZzBMQ1NDbDdEeHFyUmpaS1VQbGlUckJVUVpyeXdRT3hSMEd1SE1YRkhlbUsKTHFidHZkT1JjU3pmR3F0eTY1RE0vSmNhZGV2KytZU3JsZmQ3NU5rczV3SURBUUFCbzBJd1FEQU9CZ05WSFE4QgpBZjhFQkFNQ0FxUXdEd1lEVlIwVEFRSC9CQVV3QXdFQi96QWRCZ05WSFE0RUZnUVV0aWVrQWF0b21UaFJIREtFClM4TXZoTkwzeGVJd0RRWUpLb1pJaHZjTkFRRUxCUUFEZ2dJQkFCbHhIcjN5SFVoOG1YVEZCeXQ4ODQvREhYelcKbDdTczFxc090Sjh5Szl5dHBackU1c0UrUnV3VjZxanNmNzhlMlAyTU1BRmNGY25zMDRUWXZVV0EzMzJvekllNgpZQmZ1TXFlenYyY1RTdFA1MmUyYzNkRFNmdkhZTEZSR1d1KzNGR0E0VzlncUpLYmlGclYrM0QxZktuT0N3SXkrCmRkVGhBa3FZK3BSWW90eThFOHMrU252dlAzdzBNN284eWhsMkdxMmxxR09WK0RwM2FmRk1RQUpDZmg4R25CQmoKZGdCQjRBZzJ1cTl5YzRidVNwOHB1czVZRlJKRmY2bVAxRWFPekt2WE4rZDV1OXJERXpMc1hSMHl3ei95ckdOUQo0c2syV2hVd25mSjZCYlZWWnczK2tueGYyTnNzVU5KYXJYR0xQRGJvMFpzRVcwS0N5RmtzZVAycjA4QWhLakhOCkhJRWh5dmE5VUh4d2tIMUJmT3lkNndzUFFYK1drTVA3d3V1dlkyMG1zeGRHWnlrY0RUWTRrQ2xxK3NhRXNIMjcKRE9RZEhxVVFIUlFrTXYwVWJ6ODhDQ0RYaDNQVUVlbnJBYzM4cFhhQUxXL3pQWk45RzZRd2NxS2NJNmVrMzNFcgpmZm9qYlJVTWpDTDdDNnhUUDJ3U1pRWGZPRVJmYjZOVDl1MmgvaVZZeVNBcnRWNzNvZEFtaW9VaWZzMDYrVXg0CjJhNjkvSkRYN2x2TEtxcHpSN1VIajdqS096NTY1S1BLblk0M0NtdUJaVmNETXg5Ny9lemcwQzZFM1R4OVJES2MKVkhBQ3p2VXdDUlUzVjl5ZVhhSllYOUw0QzVaMW9EcFlXY2VWazJMa3JaemVNdlRKZkVKdmVNQTJ4RnpqYkhwMQp3S1QrZG0xZTJUTkFLTjg5Ci0tLS0tRU5EIENFUlRJRklDQVRFLS0tLS0K",
                "host": "https://wizaks-3q8vvrxu.hcp.eastus2.azmk8s.io:443",
                "password": "u7bhgp9lpt95xnuwcbxzmgf2btnoe56tslpji6yaeu24xwfov2wc07huh1q0ku929ckctb6r2z4gk0khk1amtqfpx3r9fb3lypoaiw93jprmaxbjfc7xj31a4lokf68f",
                "username": "clusterUser_wiz-exercise-rg_wiz-aks-cluster"
              }
            ],
            "kube_config_raw": "apiVersion: v1\nclusters:\n- cluster:\n    certificate-authority-data: LS0tLS1CRUdJTiBDRVJUSUZJQ0FURS0tLS0tCk1JSUU2RENDQXRDZ0F3SUJBZ0lRUC9NVkUwaGpDUjYvenVTejFPek9RakFOQmdrcWhraUc5dzBCQVFzRkFEQU4KTVFzd0NRWURWUVFERXdKallUQWdGdzB5TlRBMk1UTXhNREV3TVRSYUdBOHlNRFUxTURZeE16RXdNakF4TkZvdwpEVEVMTUFrR0ExVUVBeE1DWTJFd2dnSWlNQTBHQ1NxR1NJYjNEUUVCQVFVQUE0SUNEd0F3Z2dJS0FvSUNBUURQCi82N2tlb3dLNWlmVFJKck15NEI0dDVKc0NUMUpnR2tXbVRNNy9LU2lPdmRHWnJ1Uzh1WnNFMlFFdm13aUl3MzIKYzlVblphNTYxdFlUbVZDMEF1bXUwa1RaN2tOeVpFdXpxYVJVanBsY2hOVldTeGNLM2FuekpoSTQ1dVpiSW1RMgpDdDhvNG9JUzNYRFd5NWY5enZBb0V0bEZHdG45S2RQblNwWkRQMTkvZzlXeWQ2c1VqVkJmRlc3Uko2cWNOZG9SCjJRZHU2MWsvL1AyUXFRZVNJT0xBaCsrbk8yL0dBTVlpRlFrNXIweHZlclpKU250a2dkRFMydGpldW0rcWdlUjAKYzJpL2haOXJONHZjYmw3VmlLM1dCVjloZ3BBTVFvRXVZZHZpQmRZdHlqRnMrVUx0ZXZrdnhUdzdWbFkyZy9vUAp6QjF0dWFNZVdCWlNZdGF2NVViNmZhSldCSldSejlGZHliZHViekFHeTh6bmNxTWNYanNlc1Q4N1BONFJESmtvCmZPUDFHZTdTY00rSXBob3ZNMUdiZWR1RkVOemFkVzNLVEFDWkVDQUJ6K2V4S0RvbzlpMFJxb1NDSUxPbDUxSXMKTGFweXNYYjZhWXVKK09pQmhCcUFNZnVVWnU5Z09FdlBuam1kbGwvRE1kVlVaTUdITmFjbW5sSGR2VFZKMXFEWQpUY3Bpb1BDSmo3VndzdG0rTkMzc09WWTRBWFRsNytLTmFJQmE0L0VSaGVzWGxVL1BFUjNRNnFSRTFwaUpMVWVICjU3ZzE2ZXhHWW41eVhnczdES0l1ZzBMQ1NDbDdEeHFyUmpaS1VQbGlUckJVUVpyeXdRT3hSMEd1SE1YRkhlbUsKTHFidHZkT1JjU3pmR3F0eTY1RE0vSmNhZGV2KytZU3JsZmQ3NU5rczV3SURBUUFCbzBJd1FEQU9CZ05WSFE4QgpBZjhFQkFNQ0FxUXdEd1lEVlIwVEFRSC9CQVV3QXdFQi96QWRCZ05WSFE0RUZnUVV0aWVrQWF0b21UaFJIREtFClM4TXZoTkwzeGVJd0RRWUpLb1pJaHZjTkFRRUxCUUFEZ2dJQkFCbHhIcjN5SFVoOG1YVEZCeXQ4ODQvREhYelcKbDdTczFxc090Sjh5Szl5dHBackU1c0UrUnV3VjZxanNmNzhlMlAyTU1BRmNGY25zMDRUWXZVV0EzMzJvekllNgpZQmZ1TXFlenYyY1RTdFA1MmUyYzNkRFNmdkhZTEZSR1d1KzNGR0E0VzlncUpLYmlGclYrM0QxZktuT0N3SXkrCmRkVGhBa3FZK3BSWW90eThFOHMrU252dlAzdzBNN284eWhsMkdxMmxxR09WK0RwM2FmRk1RQUpDZmg4R25CQmoKZGdCQjRBZzJ1cTl5YzRidVNwOHB1czVZRlJKRmY2bVAxRWFPekt2WE4rZDV1OXJERXpMc1hSMHl3ei95ckdOUQo0c2syV2hVd25mSjZCYlZWWnczK2tueGYyTnNzVU5KYXJYR0xQRGJvMFpzRVcwS0N5RmtzZVAycjA4QWhLakhOCkhJRWh5dmE5VUh4d2tIMUJmT3lkNndzUFFYK1drTVA3d3V1dlkyMG1zeGRHWnlrY0RUWTRrQ2xxK3NhRXNIMjcKRE9RZEhxVVFIUlFrTXYwVWJ6ODhDQ0RYaDNQVUVlbnJBYzM4cFhhQUxXL3pQWk45RzZRd2NxS2NJNmVrMzNFcgpmZm9qYlJVTWpDTDdDNnhUUDJ3U1pRWGZPRVJmYjZOVDl1MmgvaVZZeVNBcnRWNzNvZEFtaW9VaWZzMDYrVXg0CjJhNjkvSkRYN2x2TEtxcHpSN1VIajdqS096NTY1S1BLblk0M0NtdUJaVmNETXg5Ny9lemcwQzZFM1R4OVJES2MKVkhBQ3p2VXdDUlUzVjl5ZVhhSllYOUw0QzVaMW9EcFlXY2VWazJMa3JaemVNdlRKZkVKdmVNQTJ4RnpqYkhwMQp3S1QrZG0xZTJUTkFLTjg5Ci0tLS0tRU5EIENFUlRJRklDQVRFLS0tLS0K\n    server: https://wizaks-3q8vvrxu.hcp.eastus2.azmk8s.io:443\n  name: wiz-aks-cluster\ncontexts:\n- context:\n    cluster: wiz-aks-cluster\n    user: clusterUser_wiz-exercise-rg_wiz-aks-cluster\n  name: wiz-aks-cluster\ncurrent-context: wiz-aks-cluster\nkind: Config\npreferences: {}\nusers:\n- name: clusterUser_wiz-exercise-rg_wiz-aks-cluster\n  user:\n    client-certificate-data: LS0tLS1CRUdJTiBDRVJUSUZJQ0FURS0tLS0tCk1JSUZIakNDQXdhZ0F3SUJBZ0lSQU1aWGR1M2YyazJnWVJBelBVMVBrMmt3RFFZSktvWklodmNOQVFFTEJRQXcKRFRFTE1Ba0dBMVVFQXhNQ1kyRXdIaGNOTWpVd05qRXpNVEF4TURFMFdoY05NamN3TmpFek1UQXlNREUwV2pBdwpNUmN3RlFZRFZRUUtFdzV6ZVhOMFpXMDZiV0Z6ZEdWeWN6RVZNQk1HQTFVRUF4TU1iV0Z6ZEdWeVkyeHBaVzUwCk1JSUNJakFOQmdrcWhraUc5dzBCQVFFRkFBT0NBZzhBTUlJQ0NnS0NBZ0VBMWsrL0ZVUXVjL0MxeW5IT0w4c3MKWFlzY3VWa2s0dmx2SmhKQUV4S1VIekFFWUtGSk5rMXRnY3J2UVZWTUs1L1FYQTU0NnFlSE52SGRJbitCalJxQQpKVDBLQjFBRFVjRVc4OUU5THEyS2Q2aHV5RG5ZM0tzWFZrVmtGbDBJNXJXcVptRitmSm1KeEFQcUtYQjlpSm13Ci91Y1orMmNiOXpUaW5oeE5icHBwc2tocjlqczNTQmR0NjNGcU52a2ZrMWpMTXdyVVZQdGUrOEVrRUtCdzJ4ZXQKY1BpZXkraTJuVStVazUzWkJFNVFEcjBmSkFCS0NOdENXSStxbTByOCtpRnVqYkVDTnF1Sm5qc0sxVG93QlF3Ygozai9TQmdyRWtlTjhIeTJKZVhBY3BpYmFXVUVicmFxL0tBbGZJbXZRTW1zNnRlSnRCYVp3RDdXM1FiVlFXU2dFCm9wQnJSZWVJWFMwT0s3NmxjbFBJK1BrdHppSlhxdUwzRnl5UURMamoySjBmcWN2OTZMSlVpR3FGZmtjeU05LzQKdXlxVDFHSTg2aE9RUWhEakg4ZGV5Q2pRNWhpMm5qMXV0R3p2VndrSU5nVjdjdmwwby9oSFBENGppUUR3alRtaQpvczYrTE44S3RwRldvYytUaTVBNnhoandLZ0UrZWNiU2tSdzYzc1ZxaG1ZeUxHMmJIM3EzNGxxSUxGN1NvZm9rCm96Tlprb1Vnb0JQTjhQdEViTE1DNnVWdnEwSEt5UGtyWnRPMWtGZ2NjSFJjVkNWYmlKZklxQm5DMFhLUlhnbmYKWTZkSHo0aWRVK29lTnFGYlFUcm81cWQzdkdYSkhxeXhBT0U0anJ0bVo4NXY3NHBOeVNYQks4cDc2V05GMEpVWQpnSW1pVTFCNVRhTWM1R0VyS0pucjJuY0NBd0VBQWFOV01GUXdEZ1lEVlIwUEFRSC9CQVFEQWdXZ01CTUdBMVVkCkpRUU1NQW9HQ0NzR0FRVUZCd01DTUF3R0ExVWRFd0VCL3dRQ01BQXdId1lEVlIwakJCZ3dGb0FVdGlla0FhdG8KbVRoUkhES0VTOE12aE5MM3hlSXdEUVlKS29aSWh2Y05BUUVMQlFBRGdnSUJBSTlOSERVNnZoRDdTWWZtYy9NOApCVGhGcW5XdnBYaTB5bERNNkRIdWR2U290R3gySFpSTUNtVFFhNlpRZG85VWdZMEN1SWtjZGU4ZlM0NkYyWUFoCkRKajE1SjhlMWxZYzJGdUdacEpLUUFobVZSU3F0SmZ2cHVSZlpSZDJkRGNjMUpVdFU0OUlqMEJ1KzRFb0k3R0sKdG1adnl3aU1NWUkzQmhUdmVoYWwrWWsvSVQ3Tm55azByQnlBM00yL0drd2I2SzlmMU5ja0tSUEFCM3ZMNlhFeQoxd0ZaclY1eUNlVUphQnN5OEpodWVlY3l5ckpVMFNJOVEzSWZIZG5MT3o0eVA0N3lhd1VBQ00zSjAzSXEzV3RMCitFOGJrUDU4VkNpWFZvZlVUb1daTmQvdlNlWWd0T21aMkwvdFVZQzE3d2hDUitVaVBtZHo3WjF3d0Vxd1djQXgKK3ZmQXlpNElrU1AzSDY1dmk1RDl0ZG96d1VaYXcyVGhnYWZDRVB5MndITUNwMzNMcEhaVlYyeVdHVm1KazF3dQo3SFhUNnB4YjFtSjl6cFVFbGlIMnBBb0dyZjlxay9qZERGUkg5R3czNTU1WFdMLzhjQTdhYytXUHAvYlJCZ1FvCms2bnJWaWtSTG4yMGtxdkl1WmtadXVpeDY5NzJKMGlUL3JTNDZkbXNWRFEyMlVrdDY3azRwRDF1cHJNV0s0bTAKdDBHRzhnUGlGckl4S0hpZ2lxZk8remdWVStOUGdTTkpvRUFBNXJmYXZHYTR3b1NJOWNwaFlYWG5YRk5rcnFpUQp0ajB0V2pUSllsaTZlMlRLKzkzNStLaHV0cDd5ZWFTZHNPTUtGeFZ6ZThnUWpQNkM5Q0drcjZFYW5ST2dLcHh2CktaY1pSSVFqa2gwSDlaUzVpQzJxcFdLTgotLS0tLUVORCBDRVJUSUZJQ0FURS0tLS0tCg==\n    client-key-data: LS0tLS1CRUdJTiBSU0EgUFJJVkFURSBLRVktLS0tLQpNSUlKS0FJQkFBS0NBZ0VBMWsrL0ZVUXVjL0MxeW5IT0w4c3NYWXNjdVZrazR2bHZKaEpBRXhLVUh6QUVZS0ZKCk5rMXRnY3J2UVZWTUs1L1FYQTU0NnFlSE52SGRJbitCalJxQUpUMEtCMUFEVWNFVzg5RTlMcTJLZDZodXlEblkKM0tzWFZrVmtGbDBJNXJXcVptRitmSm1KeEFQcUtYQjlpSm13L3VjWisyY2I5elRpbmh4TmJwcHBza2hyOWpzMwpTQmR0NjNGcU52a2ZrMWpMTXdyVVZQdGUrOEVrRUtCdzJ4ZXRjUGlleStpMm5VK1VrNTNaQkU1UURyMGZKQUJLCkNOdENXSStxbTByOCtpRnVqYkVDTnF1Sm5qc0sxVG93QlF3YjNqL1NCZ3JFa2VOOEh5MkplWEFjcGliYVdVRWIKcmFxL0tBbGZJbXZRTW1zNnRlSnRCYVp3RDdXM1FiVlFXU2dFb3BCclJlZUlYUzBPSzc2bGNsUEkrUGt0emlKWApxdUwzRnl5UURMamoySjBmcWN2OTZMSlVpR3FGZmtjeU05LzR1eXFUMUdJODZoT1FRaERqSDhkZXlDalE1aGkyCm5qMXV0R3p2VndrSU5nVjdjdmwwby9oSFBENGppUUR3alRtaW9zNitMTjhLdHBGV29jK1RpNUE2eGhqd0tnRSsKZWNiU2tSdzYzc1ZxaG1ZeUxHMmJIM3EzNGxxSUxGN1NvZm9rb3pOWmtvVWdvQlBOOFB0RWJMTUM2dVZ2cTBISwp5UGtyWnRPMWtGZ2NjSFJjVkNWYmlKZklxQm5DMFhLUlhnbmZZNmRIejRpZFUrb2VOcUZiUVRybzVxZDN2R1hKCkhxeXhBT0U0anJ0bVo4NXY3NHBOeVNYQks4cDc2V05GMEpVWWdJbWlVMUI1VGFNYzVHRXJLSm5yMm5jQ0F3RUEKQVFLQ0FnQU43V0xLbkFLMDBDalFQak1iRWdZUkVqQk1yMGxoWXJwaGJBQXovUm9aS01Ld0VPczBGellOb0VXSwpKbVByMWRmeGs1TXlGSzhKMkEvNTVQVmpXUnlJenYydTJmbE5QOUloQ0RFRXJveDRHRDhTemdlVTE1Mk5vcmJOCmFVQmgxZDU4QnN2MGh2blgvalVpZWtmK0w1YThDZ0s3UHNrbmVJMWRueE05STlYSW0wSkEzenBKZWhSUG43QTYKWUZnMytDWkVhK2krbVJOa0l2b1lCb1V2Qjh2aXNwV0hSTmxSUWRHekFpZ1BTcE9UVWFFTGN1VmN5L3IwekdsVwo3RG1pZTdlMmg1RlFRamVRUzkvNVdXMnpka1Q5WFlKbG1CK01KNDl5YTBBcTN5bE5kdXJyci9wL2Y4QXFkdWx5CjBEVFlnZlZ2eW9ZeFBzNjdocUNoS1lwT01QYVVCNENWbUFmZ0MrZXV2amVuVWZBT2ZuOTVwdEFnRGxNUzd5dG8KWGM5UmVxZmxrVEtSbkxhQ1R0Z1psSXNqZkVNY2ZDczc2QmR5V2VNZnZjVmhHZjhaUTNJdGk1QUNDbXY5OGNxUwp3Nm5weGlpK3FXb2RYQjVPRlVsR1d1QXRWQ0NZUmlHM1pMZmJqSFZsM3RVZC9HbWlMQVhOTFBDRTlBcVd5T0MyCld6eTE3V0NtbG9yRWNtb01HQlNlSHZqT2VJRnV0T3NWVy9xOVh1UE1tWGQySzdyeE9NMFQxZnEwSW9qUENYVzkKdnlMVWhLSGFpekN5dHJJOTQvdSs3LzNpZ3EyMVI0RW1JaVZMTGVuLzZaSURNKzQvTkorQjhPcWZua0xuV25rbApyUCt5OHBvUmJuZVp2bnpoRUNmalZIRUlIRllJRkJwMkxZSE82bk9jUTYveElCNzA4UUtDQVFFQTVIdm00eFc5CkRyZGgwOURlZDRvNXd0NkJBeEg1aXdUYzZGV1JNUDRyb2xMMG9CNEEvUUZtbjhkdVBtRU9kVWhpWDRKMkJaTFkKVExCN01pT0wwQm5vQnNHWlRDWGRmS3djbElwOUR5N1QvUndrYkpHYlR2UWRhL1JKMnNxTGhSdGU5QWdFR2xlbgo3VE5zT2tlQjdmL1ZucHljZDVjWmdlQ2hFcUhpd3k0UHA4VHVoL1Qvdkd6NUk4N2tOT3lCbU1aR2hFdk1Fb2pBCkNIQ1lVb29yb082RnJsTU5oWFhiS05mY0ZFVFE5QXN0dXArRjJMaUV5MkIyTEFoTUVmTlkzdjRvVnhRSjFNOG4KZ1lOeFR0QTlzYUJPSDEvOGFxeE02Z1B5RlM0SHhmTmNCY3lLWmhIa0p4Q1pHWFdrR0Q5bU5qR1NJY0E5VWRGZgp4N1paR0loeEQrL0htUUtDQVFFQThCN3BLekJ4SUpSTTVnN1puRFVhaXdENHRwUFhUZ1ZFSzNHQ1hyMzhyemlsCjlWazI2ZWwxKzJmSU9nLzFFTm9FVXh2eGJUdWYyaVBteXpTOGRNTTArUW9obU5iYzI1RDdaYTAvaTFSMU0rdGUKaDR6NUJQTU9RWHVxWDJZLzlYTWEwU2VyOVVCcVNYQVJVdittdVdVS09ZZ1RTeWpxVGIrVDNTWGREbCs4dzY1MgpCcjgvODBjMnZ0TmJUWHk3QlAwSXorS3BPenBUZVZvaGxZeW5iRXVFYlVCSU10VVNob1JnSFhaeUNnMFM2WERnCi9ZVWxuWlhtNW5vMXoyZ3hma3Z0Q2pYMU91Y0o1T1d0QVNsS3RTS28xQ1dLZFpRcFo2UWY5eHZFNjk2a2dBYmYKTUZCUmkyemJ1SHNYYVMxejJIMzFNSnlHS0gzeXhUQm5ZYURPQS8rOGp3S0NBUUJ1V0pSNmlZNGo1RmJmdUZrbwp2RjRIQ2ZTZXFmaXR0aXlHSElVaGR5OVZsdUREejVuRWx2K2NIUEhXT0lPR0N1NVBtQzh0byt6SXBOYnFzUllkCjY5VU9Ka1BGN2VlWkJYcE1GdEl0R2YyUm1SelNQa1FXam5rRElSam1ETG56RC9QOHdUNVNCcEY0VWtScnBRdFEKQ1NWL0U3M1JWKzBldDRDekFmSUZOMktpTU03T1pIbDU0OXN5K3dGbHVlOGcvR2trRFlOQ1ZEOENGSGJNTGlUQgo5VkFrajhIUStjbGRZVnJOZ3lxeklnNzB1WVFuMVgxMHgySnJBNXJSZElnd01la0RuUTdlY3lsdU9DL3AwMUpvClRiWk5Hc3RLTFdwNy9tblU1c1VrU2RMZ2poY3RFbWp3b09oL3pqdnc1ZldVS0w2ZGhEMVpIVmczbUk1UTlkdzgKeVIzSkFvSUJBUUN6QU5naDhrTGpYcXJVOWswVFBpTkRiTDM4bmNucng5RkI4YVNXckZzcTVMZ1RaeWFneWdIQwpJV1FLcE1xMGZWS3NBakRBbGFwZEhGWjVOaDhuakQ1NVNTd3luRHFaRkVQVlVJb0dmRGZETkx1TG9YUWlWRzlVCk1iU1kyY2prV2FLc09UN2YzZDFlVWNVWWNxei9tR3MrNkVvNXhZNmwxeU9Md1NaQ0NPelhrNzg0MkduOEdpS2QKcjBKcFNZckI5VUFVZVl4Zk11UDNtMUZlQXpUc2JuK1NVbEdBVTRjejhJc1dhNjRvQUFjUkw2MEtVYS94QWtiWAptbE56QXVHaW5VZGdUVWs3Vi9Ed1NxZm1MYm9idm5MTmRBNzhDQysxcTR5STBwTENvMzlPVWRFZ1d6L3ZDSC9qCnp4OXNzUTJqWG9MaWNrMHc4bk9Bdk16VTR1T3g1M3ZSQW9JQkFFUzJ5dHRIRThVNVkxcDFqRUFYbkNTNS9tNysKUjFuc1prQVVnWXUzakloRGpoTU5DSFJwVUF4Nm5XbTIxZTlqTVJuL0UrRVA5dUIwTjJwQXlLclBMRDV1MzFsNwoyMUtPa3pJOWlNR2hSS0hlaTdlMm1OcnlLcDZtak5JVnlnMFdkN2pBbEpnK3pjQVM2R0NIYmsvREpxMGR6MGNhClBJT3NyUDNiclFvSVBTK2NQemlaMTVkN1kyLzI0aW1XM0tSbFNvQjFXSUM3clhsbTYyNDBqOEJFbHdlM3k5THcKUHlPWjZ0YWx2cnc0RVV6SHh6bVBETHhyK3J0eUxYeTZGOUJPWVdrQnY0RUx0aGhCeFlkNGZNNEh5bHU0TDVNeQpsR3VtNi96cm10eXRYa0FQTFhuNXlHbzFaK2VCRTlORVZCQlBZOHVEMXd0VEZ0d3plZ1ZzZXYyeDZyUT0KLS0tLS1FTkQgUlNBIFBSSVZBVEUgS0VZLS0tLS0K\n    token: u7bhgp9lpt95xnuwcbxzmgf2btnoe56tslpji6yaeu24xwfov2wc07huh1q0ku929ckctb6r2z4gk0khk1amtqfpx3r9fb3lypoaiw93jprmaxbjfc7xj31a4lokf68f\n",
            "kubelet_identity": [
              {
                "client_id": "f3c389a5-6f74-4654-99a4-3e64fcfc2011",
                "object_id": "565f5660-749e-41e2-908f-0586e9424c25",
                "user_assigned_identity_id": "/subscriptions/bf3ff429-d86d-43a1-9326-f625a1e8bb50/resourceGroups/wiz-exercise-rg/providers/Microsoft.ManagedIdentity/userAssignedIdentities/aks-kubelet-identity"
              }
            ],
            "kubernetes_version": "1.31",
            "linux_profile": [],
            "local_account_disabled": false,
            "location": "eastus2",
            "maintenance_window": [],
            "maintenance_window_auto_upgrade": [],
            "maintenance_window_node_os": [],
            "microsoft_defender": [],
            "monitor_metrics": [],
            "name": "wiz-aks-cluster",
            "network_profile": [
              {
                "dns_service_ip": "10.0.3.10",
                "docker_bridge_cidr": "",
                "ebpf_data_plane": "",
                "ip_versions": [
                  "IPv4"
                ],
                "load_balancer_profile": [
                  {
                    "effective_outbound_ips": [
                      "/subscriptions/bf3ff429-d86d-43a1-9326-f625a1e8bb50/resourceGroups/MC_wiz-exercise-rg_wiz-aks-cluster_eastus2/providers/Microsoft.Network/publicIPAddresses/47fdfd1d-a571-436c-9fd8-d33e62b87d38"
                    ],
                    "idle_timeout_in_minutes": 0,
                    "managed_outbound_ip_count": 1,
                    "managed_outbound_ipv6_count": 0,
                    "outbound_ip_address_ids": [],
                    "outbound_ip_prefix_ids": [],
                    "outbound_ports_allocated": 0
                  }
                ],
                "load_balancer_sku": "standard",
                "nat_gateway_profile": [],
                "network_data_plane": "azure",
                "network_mode": "",
                "network_plugin": "azure",
                "network_plugin_mode": "",
                "network_policy": "azure",
                "outbound_ip_address_ids": [],
                "outbound_ip_prefix_ids": [],
                "outbound_type": "loadBalancer",
                "pod_cidr": "",
                "pod_cidrs": [],
                "service_cidr": "10.0.3.0/24",
                "service_cidrs": [
                  "10.0.3.0/24"
                ]
              }
            ],
            "node_os_channel_upgrade": null,
            "node_resource_group": "MC_wiz-exercise-rg_wiz-aks-cluster_eastus2",
            "node_resource_group_id": "/subscriptions/bf3ff429-d86d-43a1-9326-f625a1e8bb50/resourceGroups/MC_wiz-exercise-rg_wiz-aks-cluster_eastus2",
            "oidc_issuer_enabled": false,
            "oidc_issuer_url": "",
            "oms_agent": [],
            "open_service_mesh_enabled": null,
            "portal_fqdn": "wizaks-3q8vvrxu.portal.hcp.eastus2.azmk8s.io",
            "private_cluster_enabled": false,
            "private_cluster_public_fqdn_enabled": false,
            "private_dns_zone_id": "",
            "private_fqdn": "",
            "public_network_access_enabled": true,
            "resource_group_name": "wiz-exercise-rg",
            "role_based_access_control_enabled": true,
            "run_command_enabled": true,
            "service_mesh_profile": [],
            "service_principal": [],
            "sku_tier": "Free",
            "storage_profile": [],
            "support_plan": "KubernetesOfficial",
            "tags": {},
            "timeouts": null,
            "web_app_routing": [],
            "windows_profile": [
              {
                "admin_password": "",
                "admin_username": "azureuser",
                "gmsa": [],
                "license": ""
              }
            ],
            "workload_autoscaler_profile": [],
            "workload_identity_enabled": false
          },
          "sensitive_attributes": [
            [
              {
                "type": "get_attr",
                "value": "kube_admin_config_raw"
              }
            ],
            [
              {
                "type": "get_attr",
                "value": "kube_admin_config"
              }
            ],
            [
              {
                "type": "get_attr",
                "value": "windows_profile"
              },
              {
                "type": "index",
                "value": {
                  "value": 0,
                  "type": "number"
                }
              },
              {
                "type": "get_attr",
                "value": "admin_password"
              }
            ],
            [
              {
                "type": "get_attr",
                "value": "kube_config"
              }
            ],
            [
              {
                "type": "get_attr",
                "value": "kube_config_raw"
              }
            ]
          ],
          "private": "eyJlMmJmYjczMC1lY2FhLTExZTYtOGY4OC0zNDM2M2JjN2M0YzAiOnsiY3JlYXRlIjo1NDAwMDAwMDAwMDAwLCJkZWxldGUiOjU0MDAwMDAwMDAwMDAsInJlYWQiOjMwMDAwMDAwMDAwMCwidXBkYXRlIjo1NDAwMDAwMDAwMDAwfSwic2NoZW1hX3ZlcnNpb24iOiIyIn0=",
          "dependencies": [
            "azurerm_resource_group.wiz_exercise",
            "module.aks.azurerm_role_assignment.control_plane_managed_identity_operator",
            "module.aks.azurerm_user_assigned_identity.aks_control_plane",
            "module.aks.azurerm_user_assigned_identity.aks_kubelet",
            "module.network.azurerm_subnet.kubernetes_subnet",
            "module.network.azurerm_virtual_network.wiz_vnet"
          ]
        }
      ]
    },
    {
      "module": "module.aks",
      "mode": "managed",
      "type": "azurerm_role_assignment",
      "name": "control_plane_managed_identity_operator",
      "provider": "provider[\"registry.terraform.io/hashicorp/azurerm\"]",
      "instances": [
        {
          "schema_version": 0,
          "attributes": {
            "condition": "",
            "condition_version": "",
            "delegated_managed_identity_resource_id": "",
            "description": "",
            "id": "/subscriptions/bf3ff429-d86d-43a1-9326-f625a1e8bb50/resourceGroups/wiz-exercise-rg/providers/Microsoft.ManagedIdentity/userAssignedIdentities/aks-kubelet-identity/providers/Microsoft.Authorization/roleAssignments/ea05f8fe-2c04-f1f5-8737-0b7a930e9834",
            "name": "ea05f8fe-2c04-f1f5-8737-0b7a930e9834",
            "principal_id": "4d91914d-9803-4c89-9aed-7879c5c4d815",
            "principal_type": "ServicePrincipal",
            "role_definition_id": "/subscriptions/bf3ff429-d86d-43a1-9326-f625a1e8bb50/providers/Microsoft.Authorization/roleDefinitions/f1a07417-d97a-45cb-824c-7a7467783830",
            "role_definition_name": "Managed Identity Operator",
            "scope": "/subscriptions/bf3ff429-d86d-43a1-9326-f625a1e8bb50/resourceGroups/wiz-exercise-rg/providers/Microsoft.ManagedIdentity/userAssignedIdentities/aks-kubelet-identity",
            "skip_service_principal_aad_check": null,
            "timeouts": null
          },
          "sensitive_attributes": [],
          "private": "eyJlMmJmYjczMC1lY2FhLTExZTYtOGY4OC0zNDM2M2JjN2M0YzAiOnsiY3JlYXRlIjoxODAwMDAwMDAwMDAwLCJkZWxldGUiOjE4MDAwMDAwMDAwMDAsInJlYWQiOjMwMDAwMDAwMDAwMH19",
          "dependencies": [
            "azurerm_resource_group.wiz_exercise",
            "module.aks.azurerm_user_assigned_identity.aks_control_plane",
            "module.aks.azurerm_user_assigned_identity.aks_kubelet"
          ]
        }
      ]
    },
    {
      "module": "module.aks",
      "mode": "managed",
      "type": "azurerm_user_assigned_identity",
      "name": "aks_control_plane",
      "provider": "provider[\"registry.terraform.io/hashicorp/azurerm\"]",
      "instances": [
        {
          "schema_version": 1,
          "attributes": {
            "client_id": "0fb4b281-7223-43db-8d08-b71beaa0d0e4",
            "id": "/subscriptions/bf3ff429-d86d-43a1-9326-f625a1e8bb50/resourceGroups/wiz-exercise-rg/providers/Microsoft.ManagedIdentity/userAssignedIdentities/aks-control-plane-identity",
            "location": "eastus2",
            "name": "aks-control-plane-identity",
            "principal_id": "4d91914d-9803-4c89-9aed-7879c5c4d815",
            "resource_group_name": "wiz-exercise-rg",
            "tags": {},
            "tenant_id": "16852526-72f4-4f4a-8f0a-aac51573a97b",
            "timeouts": null
          },
          "sensitive_attributes": [],
          "private": "eyJlMmJmYjczMC1lY2FhLTExZTYtOGY4OC0zNDM2M2JjN2M0YzAiOnsiY3JlYXRlIjoxODAwMDAwMDAwMDAwLCJkZWxldGUiOjE4MDAwMDAwMDAwMDAsInJlYWQiOjMwMDAwMDAwMDAwMCwidXBkYXRlIjoxODAwMDAwMDAwMDAwfSwic2NoZW1hX3ZlcnNpb24iOiIxIn0=",
          "dependencies": [
            "azurerm_resource_group.wiz_exercise"
          ]
        }
      ]
    },
    {
      "module": "module.aks",
      "mode": "managed",
      "type": "azurerm_user_assigned_identity",
      "name": "aks_kubelet",
      "provider": "provider[\"registry.terraform.io/hashicorp/azurerm\"]",
      "instances": [
        {
          "schema_version": 1,
          "attributes": {
            "client_id": "f3c389a5-6f74-4654-99a4-3e64fcfc2011",
            "id": "/subscriptions/bf3ff429-d86d-43a1-9326-f625a1e8bb50/resourceGroups/wiz-exercise-rg/providers/Microsoft.ManagedIdentity/userAssignedIdentities/aks-kubelet-identity",
            "location": "eastus2",
            "name": "aks-kubelet-identity",
            "principal_id": "565f5660-749e-41e2-908f-0586e9424c25",
            "resource_group_name": "wiz-exercise-rg",
            "tags": {},
            "tenant_id": "16852526-72f4-4f4a-8f0a-aac51573a97b",
            "timeouts": null
          },
          "sensitive_attributes": [],
          "private": "eyJlMmJmYjczMC1lY2FhLTExZTYtOGY4OC0zNDM2M2JjN2M0YzAiOnsiY3JlYXRlIjoxODAwMDAwMDAwMDAwLCJkZWxldGUiOjE4MDAwMDAwMDAwMDAsInJlYWQiOjMwMDAwMDAwMDAwMCwidXBkYXRlIjoxODAwMDAwMDAwMDAwfSwic2NoZW1hX3ZlcnNpb24iOiIxIn0=",
          "dependencies": [
            "azurerm_resource_group.wiz_exercise"
          ]
        }
      ]
    },
    {
      "module": "module.aks",
      "mode": "managed",
      "type": "kubernetes_secret",
      "name": "app_secrets",
      "provider": "module.aks.provider[\"registry.terraform.io/hashicorp/kubernetes\"]",
      "instances": [
        {
          "schema_version": 0,
          "attributes": {
            "binary_data": null,
            "binary_data_wo": null,
            "binary_data_wo_revision": null,
            "data": {
              "SECRET_KEY": "sIMTW9wsh28$wxtS@GpjyNa\u003e9Qe\u003cS4=j"
            },
            "data_wo": null,
            "data_wo_revision": null,
            "id": "wiz-app/app-secrets",
            "immutable": false,
            "metadata": [
              {
                "annotations": {},
                "generate_name": "",
                "generation": 0,
                "labels": {},
                "name": "app-secrets",
                "namespace": "wiz-app",
                "resource_version": "1385",
                "uid": "da296cd2-9937-4288-b644-8385f7252072"
              }
            ],
            "timeouts": null,
            "type": "Opaque",
            "wait_for_service_account_token": true
          },
          "sensitive_attributes": [
            [
              {
                "type": "get_attr",
                "value": "data"
              }
            ],
            [
              {
                "type": "get_attr",
                "value": "data"
              },
              {
                "type": "index",
                "value": {
                  "value": "SECRET_KEY",
                  "type": "string"
                }
              }
            ],
            [
              {
                "type": "get_attr",
                "value": "binary_data"
              }
            ]
          ],
          "private": "eyJlMmJmYjczMC1lY2FhLTExZTYtOGY4OC0zNDM2M2JjN2M0YzAiOnsiY3JlYXRlIjo2MDAwMDAwMDAwMH19",
          "dependencies": [
            "azurerm_resource_group.wiz_exercise",
            "module.aks.azurerm_kubernetes_cluster.wiz_aks",
            "module.aks.azurerm_role_assignment.control_plane_managed_identity_operator",
            "module.aks.azurerm_user_assigned_identity.aks_control_plane",
            "module.aks.azurerm_user_assigned_identity.aks_kubelet",
            "module.aks.data.kubernetes_namespace.wiz_app",
            "module.aks.local_file.kubeconfig",
            "module.aks.null_resource.namespace_check",
            "module.aks.random_password.app_secret_key",
            "module.network.azurerm_subnet.kubernetes_subnet",
            "module.network.azurerm_virtual_network.wiz_vnet"
          ]
        }
      ]
    },
    {
      "module": "module.aks",
      "mode": "managed",
      "type": "kubernetes_secret",
      "name": "mongodb_connection",
      "provider": "module.aks.provider[\"registry.terraform.io/hashicorp/kubernetes\"]",
      "instances": [
        {
          "schema_version": 0,
          "attributes": {
            "binary_data": null,
            "binary_data_wo": null,
            "binary_data_wo_revision": null,
            "data": {
              "connection-string": "mongodb://azureuser:Azure_123456@10.0.1.4:27017/todoapp?authSource=admin"
            },
            "data_wo": null,
            "data_wo_revision": null,
            "id": "wiz-app/mongodb-connection",
            "immutable": false,
            "metadata": [
              {
                "annotations": {},
                "generate_name": "",
                "generation": 0,
                "labels": {},
                "name": "mongodb-connection",
                "namespace": "wiz-app",
                "resource_version": "1386",
                "uid": "33e576a2-ca5c-4ca1-b1d6-124ccea58712"
              }
            ],
            "timeouts": null,
            "type": "Opaque",
            "wait_for_service_account_token": true
          },
          "sensitive_attributes": [
            [
              {
                "type": "get_attr",
                "value": "binary_data"
              }
            ],
            [
              {
                "type": "get_attr",
                "value": "data"
              }
            ],
            [
              {
                "type": "get_attr",
                "value": "data"
              },
              {
                "type": "index",
                "value": {
                  "value": "connection-string",
                  "type": "string"
                }
              }
            ]
          ],
          "private": "eyJlMmJmYjczMC1lY2FhLTExZTYtOGY4OC0zNDM2M2JjN2M0YzAiOnsiY3JlYXRlIjo2MDAwMDAwMDAwMH19",
          "dependencies": [
            "azurerm_resource_group.wiz_exercise",
            "module.aks.azurerm_kubernetes_cluster.wiz_aks",
            "module.aks.azurerm_role_assignment.control_plane_managed_identity_operator",
            "module.aks.azurerm_user_assigned_identity.aks_control_plane",
            "module.aks.azurerm_user_assigned_identity.aks_kubelet",
            "module.aks.data.kubernetes_namespace.wiz_app",
            "module.aks.local_file.kubeconfig",
            "module.aks.null_resource.namespace_check",
            "module.mongodb.azurerm_network_interface.mongodb_nic",
            "module.mongodb.azurerm_public_ip.mongodb_pip",
            "module.network.azurerm_subnet.database_subnet",
            "module.network.azurerm_subnet.kubernetes_subnet",
            "module.network.azurerm_virtual_network.wiz_vnet"
          ]
        }
      ]
    },
    {
      "module": "module.aks",
      "mode": "managed",
      "type": "local_file",
      "name": "kubeconfig",
      "provider": "provider[\"registry.terraform.io/hashicorp/local\"]",
      "instances": [
        {
          "schema_version": 0,
          "attributes": {
            "content": "apiVersion: v1\nclusters:\n- cluster:\n    certificate-authority-data: LS0tLS1CRUdJTiBDRVJUSUZJQ0FURS0tLS0tCk1JSUU2RENDQXRDZ0F3SUJBZ0lRUC9NVkUwaGpDUjYvenVTejFPek9RakFOQmdrcWhraUc5dzBCQVFzRkFEQU4KTVFzd0NRWURWUVFERXdKallUQWdGdzB5TlRBMk1UTXhNREV3TVRSYUdBOHlNRFUxTURZeE16RXdNakF4TkZvdwpEVEVMTUFrR0ExVUVBeE1DWTJFd2dnSWlNQTBHQ1NxR1NJYjNEUUVCQVFVQUE0SUNEd0F3Z2dJS0FvSUNBUURQCi82N2tlb3dLNWlmVFJKck15NEI0dDVKc0NUMUpnR2tXbVRNNy9LU2lPdmRHWnJ1Uzh1WnNFMlFFdm13aUl3MzIKYzlVblphNTYxdFlUbVZDMEF1bXUwa1RaN2tOeVpFdXpxYVJVanBsY2hOVldTeGNLM2FuekpoSTQ1dVpiSW1RMgpDdDhvNG9JUzNYRFd5NWY5enZBb0V0bEZHdG45S2RQblNwWkRQMTkvZzlXeWQ2c1VqVkJmRlc3Uko2cWNOZG9SCjJRZHU2MWsvL1AyUXFRZVNJT0xBaCsrbk8yL0dBTVlpRlFrNXIweHZlclpKU250a2dkRFMydGpldW0rcWdlUjAKYzJpL2haOXJONHZjYmw3VmlLM1dCVjloZ3BBTVFvRXVZZHZpQmRZdHlqRnMrVUx0ZXZrdnhUdzdWbFkyZy9vUAp6QjF0dWFNZVdCWlNZdGF2NVViNmZhSldCSldSejlGZHliZHViekFHeTh6bmNxTWNYanNlc1Q4N1BONFJESmtvCmZPUDFHZTdTY00rSXBob3ZNMUdiZWR1RkVOemFkVzNLVEFDWkVDQUJ6K2V4S0RvbzlpMFJxb1NDSUxPbDUxSXMKTGFweXNYYjZhWXVKK09pQmhCcUFNZnVVWnU5Z09FdlBuam1kbGwvRE1kVlVaTUdITmFjbW5sSGR2VFZKMXFEWQpUY3Bpb1BDSmo3VndzdG0rTkMzc09WWTRBWFRsNytLTmFJQmE0L0VSaGVzWGxVL1BFUjNRNnFSRTFwaUpMVWVICjU3ZzE2ZXhHWW41eVhnczdES0l1ZzBMQ1NDbDdEeHFyUmpaS1VQbGlUckJVUVpyeXdRT3hSMEd1SE1YRkhlbUsKTHFidHZkT1JjU3pmR3F0eTY1RE0vSmNhZGV2KytZU3JsZmQ3NU5rczV3SURBUUFCbzBJd1FEQU9CZ05WSFE4QgpBZjhFQkFNQ0FxUXdEd1lEVlIwVEFRSC9CQVV3QXdFQi96QWRCZ05WSFE0RUZnUVV0aWVrQWF0b21UaFJIREtFClM4TXZoTkwzeGVJd0RRWUpLb1pJaHZjTkFRRUxCUUFEZ2dJQkFCbHhIcjN5SFVoOG1YVEZCeXQ4ODQvREhYelcKbDdTczFxc090Sjh5Szl5dHBackU1c0UrUnV3VjZxanNmNzhlMlAyTU1BRmNGY25zMDRUWXZVV0EzMzJvekllNgpZQmZ1TXFlenYyY1RTdFA1MmUyYzNkRFNmdkhZTEZSR1d1KzNGR0E0VzlncUpLYmlGclYrM0QxZktuT0N3SXkrCmRkVGhBa3FZK3BSWW90eThFOHMrU252dlAzdzBNN284eWhsMkdxMmxxR09WK0RwM2FmRk1RQUpDZmg4R25CQmoKZGdCQjRBZzJ1cTl5YzRidVNwOHB1czVZRlJKRmY2bVAxRWFPekt2WE4rZDV1OXJERXpMc1hSMHl3ei95ckdOUQo0c2syV2hVd25mSjZCYlZWWnczK2tueGYyTnNzVU5KYXJYR0xQRGJvMFpzRVcwS0N5RmtzZVAycjA4QWhLakhOCkhJRWh5dmE5VUh4d2tIMUJmT3lkNndzUFFYK1drTVA3d3V1dlkyMG1zeGRHWnlrY0RUWTRrQ2xxK3NhRXNIMjcKRE9RZEhxVVFIUlFrTXYwVWJ6ODhDQ0RYaDNQVUVlbnJBYzM4cFhhQUxXL3pQWk45RzZRd2NxS2NJNmVrMzNFcgpmZm9qYlJVTWpDTDdDNnhUUDJ3U1pRWGZPRVJmYjZOVDl1MmgvaVZZeVNBcnRWNzNvZEFtaW9VaWZzMDYrVXg0CjJhNjkvSkRYN2x2TEtxcHpSN1VIajdqS096NTY1S1BLblk0M0NtdUJaVmNETXg5Ny9lemcwQzZFM1R4OVJES2MKVkhBQ3p2VXdDUlUzVjl5ZVhhSllYOUw0QzVaMW9EcFlXY2VWazJMa3JaemVNdlRKZkVKdmVNQTJ4RnpqYkhwMQp3S1QrZG0xZTJUTkFLTjg5Ci0tLS0tRU5EIENFUlRJRklDQVRFLS0tLS0K\n    server: https://wizaks-3q8vvrxu.hcp.eastus2.azmk8s.io:443\n  name: wiz-aks-cluster\ncontexts:\n- context:\n    cluster: wiz-aks-cluster\n    user: clusterUser_wiz-exercise-rg_wiz-aks-cluster\n  name: wiz-aks-cluster\ncurrent-context: wiz-aks-cluster\nkind: Config\npreferences: {}\nusers:\n- name: clusterUser_wiz-exercise-rg_wiz-aks-cluster\n  user:\n    client-certificate-data: LS0tLS1CRUdJTiBDRVJUSUZJQ0FURS0tLS0tCk1JSUZIakNDQXdhZ0F3SUJBZ0lSQU1aWGR1M2YyazJnWVJBelBVMVBrMmt3RFFZSktvWklodmNOQVFFTEJRQXcKRFRFTE1Ba0dBMVVFQXhNQ1kyRXdIaGNOTWpVd05qRXpNVEF4TURFMFdoY05NamN3TmpFek1UQXlNREUwV2pBdwpNUmN3RlFZRFZRUUtFdzV6ZVhOMFpXMDZiV0Z6ZEdWeWN6RVZNQk1HQTFVRUF4TU1iV0Z6ZEdWeVkyeHBaVzUwCk1JSUNJakFOQmdrcWhraUc5dzBCQVFFRkFBT0NBZzhBTUlJQ0NnS0NBZ0VBMWsrL0ZVUXVjL0MxeW5IT0w4c3MKWFlzY3VWa2s0dmx2SmhKQUV4S1VIekFFWUtGSk5rMXRnY3J2UVZWTUs1L1FYQTU0NnFlSE52SGRJbitCalJxQQpKVDBLQjFBRFVjRVc4OUU5THEyS2Q2aHV5RG5ZM0tzWFZrVmtGbDBJNXJXcVptRitmSm1KeEFQcUtYQjlpSm13Ci91Y1orMmNiOXpUaW5oeE5icHBwc2tocjlqczNTQmR0NjNGcU52a2ZrMWpMTXdyVVZQdGUrOEVrRUtCdzJ4ZXQKY1BpZXkraTJuVStVazUzWkJFNVFEcjBmSkFCS0NOdENXSStxbTByOCtpRnVqYkVDTnF1Sm5qc0sxVG93QlF3Ygozai9TQmdyRWtlTjhIeTJKZVhBY3BpYmFXVUVicmFxL0tBbGZJbXZRTW1zNnRlSnRCYVp3RDdXM1FiVlFXU2dFCm9wQnJSZWVJWFMwT0s3NmxjbFBJK1BrdHppSlhxdUwzRnl5UURMamoySjBmcWN2OTZMSlVpR3FGZmtjeU05LzQKdXlxVDFHSTg2aE9RUWhEakg4ZGV5Q2pRNWhpMm5qMXV0R3p2VndrSU5nVjdjdmwwby9oSFBENGppUUR3alRtaQpvczYrTE44S3RwRldvYytUaTVBNnhoandLZ0UrZWNiU2tSdzYzc1ZxaG1ZeUxHMmJIM3EzNGxxSUxGN1NvZm9rCm96Tlprb1Vnb0JQTjhQdEViTE1DNnVWdnEwSEt5UGtyWnRPMWtGZ2NjSFJjVkNWYmlKZklxQm5DMFhLUlhnbmYKWTZkSHo0aWRVK29lTnFGYlFUcm81cWQzdkdYSkhxeXhBT0U0anJ0bVo4NXY3NHBOeVNYQks4cDc2V05GMEpVWQpnSW1pVTFCNVRhTWM1R0VyS0pucjJuY0NBd0VBQWFOV01GUXdEZ1lEVlIwUEFRSC9CQVFEQWdXZ01CTUdBMVVkCkpRUU1NQW9HQ0NzR0FRVUZCd01DTUF3R0ExVWRFd0VCL3dRQ01BQXdId1lEVlIwakJCZ3dGb0FVdGlla0FhdG8KbVRoUkhES0VTOE12aE5MM3hlSXdEUVlKS29aSWh2Y05BUUVMQlFBRGdnSUJBSTlOSERVNnZoRDdTWWZtYy9NOApCVGhGcW5XdnBYaTB5bERNNkRIdWR2U290R3gySFpSTUNtVFFhNlpRZG85VWdZMEN1SWtjZGU4ZlM0NkYyWUFoCkRKajE1SjhlMWxZYzJGdUdacEpLUUFobVZSU3F0SmZ2cHVSZlpSZDJkRGNjMUpVdFU0OUlqMEJ1KzRFb0k3R0sKdG1adnl3aU1NWUkzQmhUdmVoYWwrWWsvSVQ3Tm55azByQnlBM00yL0drd2I2SzlmMU5ja0tSUEFCM3ZMNlhFeQoxd0ZaclY1eUNlVUphQnN5OEpodWVlY3l5ckpVMFNJOVEzSWZIZG5MT3o0eVA0N3lhd1VBQ00zSjAzSXEzV3RMCitFOGJrUDU4VkNpWFZvZlVUb1daTmQvdlNlWWd0T21aMkwvdFVZQzE3d2hDUitVaVBtZHo3WjF3d0Vxd1djQXgKK3ZmQXlpNElrU1AzSDY1dmk1RDl0ZG96d1VaYXcyVGhnYWZDRVB5MndITUNwMzNMcEhaVlYyeVdHVm1KazF3dQo3SFhUNnB4YjFtSjl6cFVFbGlIMnBBb0dyZjlxay9qZERGUkg5R3czNTU1WFdMLzhjQTdhYytXUHAvYlJCZ1FvCms2bnJWaWtSTG4yMGtxdkl1WmtadXVpeDY5NzJKMGlUL3JTNDZkbXNWRFEyMlVrdDY3azRwRDF1cHJNV0s0bTAKdDBHRzhnUGlGckl4S0hpZ2lxZk8remdWVStOUGdTTkpvRUFBNXJmYXZHYTR3b1NJOWNwaFlYWG5YRk5rcnFpUQp0ajB0V2pUSllsaTZlMlRLKzkzNStLaHV0cDd5ZWFTZHNPTUtGeFZ6ZThnUWpQNkM5Q0drcjZFYW5ST2dLcHh2CktaY1pSSVFqa2gwSDlaUzVpQzJxcFdLTgotLS0tLUVORCBDRVJUSUZJQ0FURS0tLS0tCg==\n    client-key-data: LS0tLS1CRUdJTiBSU0EgUFJJVkFURSBLRVktLS0tLQpNSUlKS0FJQkFBS0NBZ0VBMWsrL0ZVUXVjL0MxeW5IT0w4c3NYWXNjdVZrazR2bHZKaEpBRXhLVUh6QUVZS0ZKCk5rMXRnY3J2UVZWTUs1L1FYQTU0NnFlSE52SGRJbitCalJxQUpUMEtCMUFEVWNFVzg5RTlMcTJLZDZodXlEblkKM0tzWFZrVmtGbDBJNXJXcVptRitmSm1KeEFQcUtYQjlpSm13L3VjWisyY2I5elRpbmh4TmJwcHBza2hyOWpzMwpTQmR0NjNGcU52a2ZrMWpMTXdyVVZQdGUrOEVrRUtCdzJ4ZXRjUGlleStpMm5VK1VrNTNaQkU1UURyMGZKQUJLCkNOdENXSStxbTByOCtpRnVqYkVDTnF1Sm5qc0sxVG93QlF3YjNqL1NCZ3JFa2VOOEh5MkplWEFjcGliYVdVRWIKcmFxL0tBbGZJbXZRTW1zNnRlSnRCYVp3RDdXM1FiVlFXU2dFb3BCclJlZUlYUzBPSzc2bGNsUEkrUGt0emlKWApxdUwzRnl5UURMamoySjBmcWN2OTZMSlVpR3FGZmtjeU05LzR1eXFUMUdJODZoT1FRaERqSDhkZXlDalE1aGkyCm5qMXV0R3p2VndrSU5nVjdjdmwwby9oSFBENGppUUR3alRtaW9zNitMTjhLdHBGV29jK1RpNUE2eGhqd0tnRSsKZWNiU2tSdzYzc1ZxaG1ZeUxHMmJIM3EzNGxxSUxGN1NvZm9rb3pOWmtvVWdvQlBOOFB0RWJMTUM2dVZ2cTBISwp5UGtyWnRPMWtGZ2NjSFJjVkNWYmlKZklxQm5DMFhLUlhnbmZZNmRIejRpZFUrb2VOcUZiUVRybzVxZDN2R1hKCkhxeXhBT0U0anJ0bVo4NXY3NHBOeVNYQks4cDc2V05GMEpVWWdJbWlVMUI1VGFNYzVHRXJLSm5yMm5jQ0F3RUEKQVFLQ0FnQU43V0xLbkFLMDBDalFQak1iRWdZUkVqQk1yMGxoWXJwaGJBQXovUm9aS01Ld0VPczBGellOb0VXSwpKbVByMWRmeGs1TXlGSzhKMkEvNTVQVmpXUnlJenYydTJmbE5QOUloQ0RFRXJveDRHRDhTemdlVTE1Mk5vcmJOCmFVQmgxZDU4QnN2MGh2blgvalVpZWtmK0w1YThDZ0s3UHNrbmVJMWRueE05STlYSW0wSkEzenBKZWhSUG43QTYKWUZnMytDWkVhK2krbVJOa0l2b1lCb1V2Qjh2aXNwV0hSTmxSUWRHekFpZ1BTcE9UVWFFTGN1VmN5L3IwekdsVwo3RG1pZTdlMmg1RlFRamVRUzkvNVdXMnpka1Q5WFlKbG1CK01KNDl5YTBBcTN5bE5kdXJyci9wL2Y4QXFkdWx5CjBEVFlnZlZ2eW9ZeFBzNjdocUNoS1lwT01QYVVCNENWbUFmZ0MrZXV2amVuVWZBT2ZuOTVwdEFnRGxNUzd5dG8KWGM5UmVxZmxrVEtSbkxhQ1R0Z1psSXNqZkVNY2ZDczc2QmR5V2VNZnZjVmhHZjhaUTNJdGk1QUNDbXY5OGNxUwp3Nm5weGlpK3FXb2RYQjVPRlVsR1d1QXRWQ0NZUmlHM1pMZmJqSFZsM3RVZC9HbWlMQVhOTFBDRTlBcVd5T0MyCld6eTE3V0NtbG9yRWNtb01HQlNlSHZqT2VJRnV0T3NWVy9xOVh1UE1tWGQySzdyeE9NMFQxZnEwSW9qUENYVzkKdnlMVWhLSGFpekN5dHJJOTQvdSs3LzNpZ3EyMVI0RW1JaVZMTGVuLzZaSURNKzQvTkorQjhPcWZua0xuV25rbApyUCt5OHBvUmJuZVp2bnpoRUNmalZIRUlIRllJRkJwMkxZSE82bk9jUTYveElCNzA4UUtDQVFFQTVIdm00eFc5CkRyZGgwOURlZDRvNXd0NkJBeEg1aXdUYzZGV1JNUDRyb2xMMG9CNEEvUUZtbjhkdVBtRU9kVWhpWDRKMkJaTFkKVExCN01pT0wwQm5vQnNHWlRDWGRmS3djbElwOUR5N1QvUndrYkpHYlR2UWRhL1JKMnNxTGhSdGU5QWdFR2xlbgo3VE5zT2tlQjdmL1ZucHljZDVjWmdlQ2hFcUhpd3k0UHA4VHVoL1Qvdkd6NUk4N2tOT3lCbU1aR2hFdk1Fb2pBCkNIQ1lVb29yb082RnJsTU5oWFhiS05mY0ZFVFE5QXN0dXArRjJMaUV5MkIyTEFoTUVmTlkzdjRvVnhRSjFNOG4KZ1lOeFR0QTlzYUJPSDEvOGFxeE02Z1B5RlM0SHhmTmNCY3lLWmhIa0p4Q1pHWFdrR0Q5bU5qR1NJY0E5VWRGZgp4N1paR0loeEQrL0htUUtDQVFFQThCN3BLekJ4SUpSTTVnN1puRFVhaXdENHRwUFhUZ1ZFSzNHQ1hyMzhyemlsCjlWazI2ZWwxKzJmSU9nLzFFTm9FVXh2eGJUdWYyaVBteXpTOGRNTTArUW9obU5iYzI1RDdaYTAvaTFSMU0rdGUKaDR6NUJQTU9RWHVxWDJZLzlYTWEwU2VyOVVCcVNYQVJVdittdVdVS09ZZ1RTeWpxVGIrVDNTWGREbCs4dzY1MgpCcjgvODBjMnZ0TmJUWHk3QlAwSXorS3BPenBUZVZvaGxZeW5iRXVFYlVCSU10VVNob1JnSFhaeUNnMFM2WERnCi9ZVWxuWlhtNW5vMXoyZ3hma3Z0Q2pYMU91Y0o1T1d0QVNsS3RTS28xQ1dLZFpRcFo2UWY5eHZFNjk2a2dBYmYKTUZCUmkyemJ1SHNYYVMxejJIMzFNSnlHS0gzeXhUQm5ZYURPQS8rOGp3S0NBUUJ1V0pSNmlZNGo1RmJmdUZrbwp2RjRIQ2ZTZXFmaXR0aXlHSElVaGR5OVZsdUREejVuRWx2K2NIUEhXT0lPR0N1NVBtQzh0byt6SXBOYnFzUllkCjY5VU9Ka1BGN2VlWkJYcE1GdEl0R2YyUm1SelNQa1FXam5rRElSam1ETG56RC9QOHdUNVNCcEY0VWtScnBRdFEKQ1NWL0U3M1JWKzBldDRDekFmSUZOMktpTU03T1pIbDU0OXN5K3dGbHVlOGcvR2trRFlOQ1ZEOENGSGJNTGlUQgo5VkFrajhIUStjbGRZVnJOZ3lxeklnNzB1WVFuMVgxMHgySnJBNXJSZElnd01la0RuUTdlY3lsdU9DL3AwMUpvClRiWk5Hc3RLTFdwNy9tblU1c1VrU2RMZ2poY3RFbWp3b09oL3pqdnc1ZldVS0w2ZGhEMVpIVmczbUk1UTlkdzgKeVIzSkFvSUJBUUN6QU5naDhrTGpYcXJVOWswVFBpTkRiTDM4bmNucng5RkI4YVNXckZzcTVMZ1RaeWFneWdIQwpJV1FLcE1xMGZWS3NBakRBbGFwZEhGWjVOaDhuakQ1NVNTd3luRHFaRkVQVlVJb0dmRGZETkx1TG9YUWlWRzlVCk1iU1kyY2prV2FLc09UN2YzZDFlVWNVWWNxei9tR3MrNkVvNXhZNmwxeU9Md1NaQ0NPelhrNzg0MkduOEdpS2QKcjBKcFNZckI5VUFVZVl4Zk11UDNtMUZlQXpUc2JuK1NVbEdBVTRjejhJc1dhNjRvQUFjUkw2MEtVYS94QWtiWAptbE56QXVHaW5VZGdUVWs3Vi9Ed1NxZm1MYm9idm5MTmRBNzhDQysxcTR5STBwTENvMzlPVWRFZ1d6L3ZDSC9qCnp4OXNzUTJqWG9MaWNrMHc4bk9Bdk16VTR1T3g1M3ZSQW9JQkFFUzJ5dHRIRThVNVkxcDFqRUFYbkNTNS9tNysKUjFuc1prQVVnWXUzakloRGpoTU5DSFJwVUF4Nm5XbTIxZTlqTVJuL0UrRVA5dUIwTjJwQXlLclBMRDV1MzFsNwoyMUtPa3pJOWlNR2hSS0hlaTdlMm1OcnlLcDZtak5JVnlnMFdkN2pBbEpnK3pjQVM2R0NIYmsvREpxMGR6MGNhClBJT3NyUDNiclFvSVBTK2NQemlaMTVkN1kyLzI0aW1XM0tSbFNvQjFXSUM3clhsbTYyNDBqOEJFbHdlM3k5THcKUHlPWjZ0YWx2cnc0RVV6SHh6bVBETHhyK3J0eUxYeTZGOUJPWVdrQnY0RUx0aGhCeFlkNGZNNEh5bHU0TDVNeQpsR3VtNi96cm10eXRYa0FQTFhuNXlHbzFaK2VCRTlORVZCQlBZOHVEMXd0VEZ0d3plZ1ZzZXYyeDZyUT0KLS0tLS1FTkQgUlNBIFBSSVZBVEUgS0VZLS0tLS0K\n    token: u7bhgp9lpt95xnuwcbxzmgf2btnoe56tslpji6yaeu24xwfov2wc07huh1q0ku929ckctb6r2z4gk0khk1amtqfpx3r9fb3lypoaiw93jprmaxbjfc7xj31a4lokf68f\n",
            "content_base64": null,
            "content_base64sha256": "M34w7Ize1eeXR+ppd+Xb7jrgS+zVNlObO0H3z1v4lVE=",
            "content_base64sha512": "3OZyo7aOa5DZgZ2XqzLyZvsQNHQh/u7ng+6FYw1ni7dqkuzEqDBiHVOQWHQNrpjRiXZ4Yfjm9yesnYdQN1sz7w==",
            "content_md5": "94f0d1a6b4396e08a177d0e6ca4e526c",
            "content_sha1": "d04b37abd977fc978b06f8e08b43a6dd8ba61860",
            "content_sha256": "337e30ec8cded5e79747ea6977e5dbee3ae04becd536539b3b41f7cf5bf89551",
            "content_sha512": "dce672a3b68e6b90d9819d97ab32f266fb10347421feeee783ee85630d678bb76a92ecc4a830621d539058740dae98d189767861f8e6f727ac9d8750375b33ef",
            "directory_permission": "0777",
            "file_permission": "0777",
            "filename": "modules/aks/kubeconfig",
            "id": "d04b37abd977fc978b06f8e08b43a6dd8ba61860",
            "sensitive_content": null,
            "source": null
          },
          "sensitive_attributes": [
            [
              {
                "type": "get_attr",
                "value": "content"
              }
            ],
            [
              {
                "type": "get_attr",
                "value": "sensitive_content"
              }
            ]
          ],
          "dependencies": [
            "azurerm_resource_group.wiz_exercise",
            "module.aks.azurerm_kubernetes_cluster.wiz_aks",
            "module.aks.azurerm_role_assignment.control_plane_managed_identity_operator",
            "module.aks.azurerm_user_assigned_identity.aks_control_plane",
            "module.aks.azurerm_user_assigned_identity.aks_kubelet",
            "module.network.azurerm_subnet.kubernetes_subnet",
            "module.network.azurerm_virtual_network.wiz_vnet"
          ]
        }
      ]
    },
    {
      "module": "module.aks",
      "mode": "managed",
      "type": "null_resource",
      "name": "namespace_check",
      "provider": "provider[\"registry.terraform.io/hashicorp/null\"]",
      "instances": [
        {
          "schema_version": 0,
          "attributes": {
            "id": "564790914898809482",
            "triggers": {
              "cluster_id": "/subscriptions/bf3ff429-d86d-43a1-9326-f625a1e8bb50/resourceGroups/wiz-exercise-rg/providers/Microsoft.ContainerService/managedClusters/wiz-aks-cluster"
            }
          },
          "sensitive_attributes": [],
          "dependencies": [
            "azurerm_resource_group.wiz_exercise",
            "module.aks.azurerm_kubernetes_cluster.wiz_aks",
            "module.aks.azurerm_role_assignment.control_plane_managed_identity_operator",
            "module.aks.azurerm_user_assigned_identity.aks_control_plane",
            "module.aks.azurerm_user_assigned_identity.aks_kubelet",
            "module.aks.local_file.kubeconfig",
            "module.network.azurerm_subnet.kubernetes_subnet",
            "module.network.azurerm_virtual_network.wiz_vnet"
          ]
        }
      ]
    },
    {
      "module": "module.aks",
      "mode": "managed",
      "type": "random_password",
      "name": "app_secret_key",
      "provider": "provider[\"registry.terraform.io/hashicorp/random\"]",
      "instances": [
        {
          "schema_version": 3,
          "attributes": {
            "bcrypt_hash": "$2a$10$U//7D18aZenCUFOpeE4xi.VmN6EYVJYh1yUCj.HZd41hNb4Ku6ZzC",
            "id": "none",
            "keepers": null,
            "length": 32,
            "lower": true,
            "min_lower": 0,
            "min_numeric": 0,
            "min_special": 0,
            "min_upper": 0,
            "number": true,
            "numeric": true,
            "override_special": null,
            "result": "sIMTW9wsh28$wxtS@GpjyNa\u003e9Qe\u003cS4=j",
            "special": true,
            "upper": true
          },
          "sensitive_attributes": [
            [
              {
                "type": "get_attr",
                "value": "bcrypt_hash"
              }
            ],
            [
              {
                "type": "get_attr",
                "value": "result"
              }
            ]
          ]
        }
      ]
    },
    {
      "module": "module.mongodb",
      "mode": "data",
      "type": "azurerm_client_config",
      "name": "current",
      "provider": "provider[\"registry.terraform.io/hashicorp/azurerm\"]",
      "instances": [
        {
          "schema_version": 0,
          "attributes": {
            "client_id": "04b07795-8ddb-461a-bbee-02f9e1bf7b46",
            "id": "Y2xpZW50Q29uZmlncy9jbGllbnRJZD0wNGIwNzc5NS04ZGRiLTQ2MWEtYmJlZS0wMmY5ZTFiZjdiNDY7b2JqZWN0SWQ9ODVjNTg2OGMtNmRmYi00NDI0LTk5N2ItNjE5ZTBjMDkyZWNmO3N1YnNjcmlwdGlvbklkPWJmM2ZmNDI5LWQ4NmQtNDNhMS05MzI2LWY2MjVhMWU4YmI1MDt0ZW5hbnRJZD0xNjg1MjUyNi03MmY0LTRmNGEtOGYwYS1hYWM1MTU3M2E5N2I=",
            "object_id": "85c5868c-6dfb-4424-997b-619e0c092ecf",
            "subscription_id": "bf3ff429-d86d-43a1-9326-f625a1e8bb50",
            "tenant_id": "16852526-72f4-4f4a-8f0a-aac51573a97b",
            "timeouts": null
          },
          "sensitive_attributes": []
        }
      ]
    },
    {
      "module": "module.mongodb",
      "mode": "managed",
      "type": "azurerm_linux_virtual_machine",
      "name": "mongodb_vm",
      "provider": "provider[\"registry.terraform.io/hashicorp/azurerm\"]",
      "instances": [
        {
          "schema_version": 0,
          "attributes": {
            "additional_capabilities": [],
            "admin_password": "Azure_123456",
            "admin_ssh_key": [],
            "admin_username": "azureuser",
            "allow_extension_operations": true,
            "availability_set_id": "",
            "boot_diagnostics": [],
            "bypass_platform_safety_checks_on_user_schedule_enabled": false,
            "capacity_reservation_group_id": "",
            "computer_name": "mongodb-vm",
            "custom_data": null,
            "dedicated_host_group_id": "",
            "dedicated_host_id": "",
            "disable_password_authentication": false,
            "disk_controller_type": "SCSI",
            "edge_zone": "",
            "encryption_at_host_enabled": false,
            "eviction_policy": "",
            "extensions_time_budget": "PT1H30M",
            "gallery_application": [],
            "id": "/subscriptions/bf3ff429-d86d-43a1-9326-f625a1e8bb50/resourceGroups/wiz-exercise-rg/providers/Microsoft.Compute/virtualMachines/mongodb-vm",
            "identity": [
              {
                "identity_ids": [],
                "principal_id": "b68a35ad-0a70-43a9-8d7f-de7d3abd9e54",
                "tenant_id": "16852526-72f4-4f4a-8f0a-aac51573a97b",
                "type": "SystemAssigned"
              }
            ],
            "license_type": "",
            "location": "eastus2",
            "max_bid_price": -1,
            "name": "mongodb-vm",
            "network_interface_ids": [
              "/subscriptions/bf3ff429-d86d-43a1-9326-f625a1e8bb50/resourceGroups/wiz-exercise-rg/providers/Microsoft.Network/networkInterfaces/mongodb-nic"
            ],
            "os_disk": [
              {
                "caching": "ReadWrite",
                "diff_disk_settings": [],
                "disk_encryption_set_id": "",
                "disk_size_gb": 30,
                "name": "mongodb-vm_OsDisk_1_51520ec22f594281a2a43bae6ec28640",
                "secure_vm_disk_encryption_set_id": "",
                "security_encryption_type": "",
                "storage_account_type": "Standard_LRS",
                "write_accelerator_enabled": false
              }
            ],
            "os_image_notification": [],
            "patch_assessment_mode": "ImageDefault",
            "patch_mode": "ImageDefault",
            "plan": [],
            "platform_fault_domain": -1,
            "priority": "Regular",
            "private_ip_address": "10.0.1.4",
            "private_ip_addresses": [
              "10.0.1.4"
            ],
            "provision_vm_agent": true,
            "proximity_placement_group_id": "",
            "public_ip_address": "135.119.129.176",
            "public_ip_addresses": [
              "135.119.129.176"
            ],
            "reboot_setting": "",
            "resource_group_name": "wiz-exercise-rg",
            "secret": [],
            "secure_boot_enabled": false,
            "size": "Standard_B2s",
            "source_image_id": "",
            "source_image_reference": [
              {
                "offer": "0001-com-ubuntu-server-focal",
                "publisher": "Canonical",
                "sku": "20_04-lts-gen2",
                "version": "latest"
              }
            ],
            "tags": {},
            "termination_notification": [],
            "timeouts": null,
            "user_data": "",
            "virtual_machine_id": "918f1a2b-7e35-4e45-bb08-165218825a74",
            "virtual_machine_scale_set_id": "",
            "vm_agent_platform_updates_enabled": false,
            "vtpm_enabled": false,
            "zone": ""
          },
          "sensitive_attributes": [
            [
              {
                "type": "get_attr",
                "value": "custom_data"
              }
            ],
            [
              {
                "type": "get_attr",
                "value": "admin_password"
              }
            ]
          ],
          "private": "eyJlMmJmYjczMC1lY2FhLTExZTYtOGY4OC0zNDM2M2JjN2M0YzAiOnsiY3JlYXRlIjoyNzAwMDAwMDAwMDAwLCJkZWxldGUiOjI3MDAwMDAwMDAwMDAsInJlYWQiOjMwMDAwMDAwMDAwMCwidXBkYXRlIjoyNzAwMDAwMDAwMDAwfX0=",
          "dependencies": [
            "azurerm_resource_group.wiz_exercise",
            "module.mongodb.azurerm_network_interface.mongodb_nic",
            "module.mongodb.azurerm_public_ip.mongodb_pip",
            "module.network.azurerm_subnet.database_subnet",
            "module.network.azurerm_virtual_network.wiz_vnet"
          ]
        }
      ]
    },
    {
      "module": "module.mongodb",
      "mode": "managed",
      "type": "azurerm_network_interface",
      "name": "mongodb_nic",
      "provider": "provider[\"registry.terraform.io/hashicorp/azurerm\"]",
      "instances": [
        {
          "schema_version": 0,
          "attributes": {
            "accelerated_networking_enabled": false,
            "applied_dns_servers": [],
            "auxiliary_mode": "",
            "auxiliary_sku": "",
            "dns_servers": [],
            "edge_zone": "",
            "enable_accelerated_networking": false,
            "enable_ip_forwarding": false,
            "id": "/subscriptions/bf3ff429-d86d-43a1-9326-f625a1e8bb50/resourceGroups/wiz-exercise-rg/providers/Microsoft.Network/networkInterfaces/mongodb-nic",
            "internal_dns_name_label": "",
            "internal_domain_name_suffix": "cqmmy1kztqke1ou2vcvbrpb5uf.cx.internal.cloudapp.net",
            "ip_configuration": [
              {
                "gateway_load_balancer_frontend_ip_configuration_id": "",
                "name": "internal",
                "primary": true,
                "private_ip_address": "10.0.1.4",
                "private_ip_address_allocation": "Dynamic",
                "private_ip_address_version": "IPv4",
                "public_ip_address_id": "/subscriptions/bf3ff429-d86d-43a1-9326-f625a1e8bb50/resourceGroups/wiz-exercise-rg/providers/Microsoft.Network/publicIPAddresses/mongodb-pip",
                "subnet_id": "/subscriptions/bf3ff429-d86d-43a1-9326-f625a1e8bb50/resourceGroups/wiz-exercise-rg/providers/Microsoft.Network/virtualNetworks/wiz-vnet/subnets/database-subnet"
              }
            ],
            "ip_forwarding_enabled": false,
            "location": "eastus2",
            "mac_address": "7C-1E-52-9D-D0-07",
            "name": "mongodb-nic",
            "private_ip_address": "10.0.1.4",
            "private_ip_addresses": [
              "10.0.1.4"
            ],
            "resource_group_name": "wiz-exercise-rg",
            "tags": {},
            "timeouts": null,
            "virtual_machine_id": "/subscriptions/bf3ff429-d86d-43a1-9326-f625a1e8bb50/resourceGroups/wiz-exercise-rg/providers/Microsoft.Compute/virtualMachines/mongodb-vm"
          },
          "sensitive_attributes": [],
          "private": "eyJlMmJmYjczMC1lY2FhLTExZTYtOGY4OC0zNDM2M2JjN2M0YzAiOnsiY3JlYXRlIjoxODAwMDAwMDAwMDAwLCJkZWxldGUiOjE4MDAwMDAwMDAwMDAsInJlYWQiOjMwMDAwMDAwMDAwMCwidXBkYXRlIjoxODAwMDAwMDAwMDAwfX0=",
          "dependencies": [
            "azurerm_resource_group.wiz_exercise",
            "module.mongodb.azurerm_public_ip.mongodb_pip",
            "module.network.azurerm_subnet.database_subnet",
            "module.network.azurerm_virtual_network.wiz_vnet"
          ]
        }
      ]
    },
    {
      "module": "module.mongodb",
      "mode": "managed",
      "type": "azurerm_network_interface_security_group_association",
      "name": "mongodb_nsg_association",
      "provider": "provider[\"registry.terraform.io/hashicorp/azurerm\"]",
      "instances": [
        {
          "schema_version": 0,
          "attributes": {
            "id": "/subscriptions/bf3ff429-d86d-43a1-9326-f625a1e8bb50/resourceGroups/wiz-exercise-rg/providers/Microsoft.Network/networkInterfaces/mongodb-nic|/subscriptions/bf3ff429-d86d-43a1-9326-f625a1e8bb50/resourceGroups/wiz-exercise-rg/providers/Microsoft.Network/networkSecurityGroups/mongodb-nsg",
            "network_interface_id": "/subscriptions/bf3ff429-d86d-43a1-9326-f625a1e8bb50/resourceGroups/wiz-exercise-rg/providers/Microsoft.Network/networkInterfaces/mongodb-nic",
            "network_security_group_id": "/subscriptions/bf3ff429-d86d-43a1-9326-f625a1e8bb50/resourceGroups/wiz-exercise-rg/providers/Microsoft.Network/networkSecurityGroups/mongodb-nsg",
            "timeouts": null
          },
          "sensitive_attributes": [],
          "private": "eyJlMmJmYjczMC1lY2FhLTExZTYtOGY4OC0zNDM2M2JjN2M0YzAiOnsiY3JlYXRlIjoxODAwMDAwMDAwMDAwLCJkZWxldGUiOjE4MDAwMDAwMDAwMDAsInJlYWQiOjMwMDAwMDAwMDAwMH19",
          "dependencies": [
            "azurerm_resource_group.wiz_exercise",
            "module.mongodb.azurerm_network_interface.mongodb_nic",
            "module.mongodb.azurerm_network_security_group.mongodb_nsg",
            "module.mongodb.azurerm_public_ip.mongodb_pip",
            "module.network.azurerm_subnet.database_subnet",
            "module.network.azurerm_virtual_network.wiz_vnet"
          ]
        }
      ]
    },
    {
      "module": "module.mongodb",
      "mode": "managed",
      "type": "azurerm_network_security_group",
      "name": "mongodb_nsg",
      "provider": "provider[\"registry.terraform.io/hashicorp/azurerm\"]",
      "instances": [
        {
          "schema_version": 0,
          "attributes": {
            "id": "/subscriptions/bf3ff429-d86d-43a1-9326-f625a1e8bb50/resourceGroups/wiz-exercise-rg/providers/Microsoft.Network/networkSecurityGroups/mongodb-nsg",
            "location": "eastus2",
            "name": "mongodb-nsg",
            "resource_group_name": "wiz-exercise-rg",
            "security_rule": [
              {
                "access": "Allow",
                "description": null,
                "destination_address_prefix": "*",
                "destination_address_prefixes": [],
                "destination_application_security_group_ids": [],
                "destination_port_range": "22",
                "destination_port_ranges": [],
                "direction": "Inbound",
                "name": "allow-ssh-from-anywhere",
                "priority": 1000,
                "protocol": "Tcp",
                "source_address_prefix": "0.0.0.0/0",
                "source_address_prefixes": [],
                "source_application_security_group_ids": [],
                "source_port_range": "*",
                "source_port_ranges": []
              }
            ],
            "tags": {},
            "timeouts": null
          },
          "sensitive_attributes": [],
          "private": "eyJlMmJmYjczMC1lY2FhLTExZTYtOGY4OC0zNDM2M2JjN2M0YzAiOnsiY3JlYXRlIjoxODAwMDAwMDAwMDAwLCJkZWxldGUiOjE4MDAwMDAwMDAwMDAsInJlYWQiOjMwMDAwMDAwMDAwMCwidXBkYXRlIjoxODAwMDAwMDAwMDAwfX0=",
          "dependencies": [
            "azurerm_resource_group.wiz_exercise"
          ]
        }
      ]
    },
    {
      "module": "module.mongodb",
      "mode": "managed",
      "type": "azurerm_network_security_rule",
      "name": "mongodb_port",
      "provider": "provider[\"registry.terraform.io/hashicorp/azurerm\"]",
      "instances": [
        {
          "schema_version": 0,
          "attributes": {
            "access": "Allow",
            "description": "",
            "destination_address_prefix": "*",
            "destination_address_prefixes": [],
            "destination_application_security_group_ids": [],
            "destination_port_range": "27017",
            "destination_port_ranges": [],
            "direction": "Inbound",
            "id": "/subscriptions/bf3ff429-d86d-43a1-9326-f625a1e8bb50/resourceGroups/wiz-exercise-rg/providers/Microsoft.Network/networkSecurityGroups/mongodb-nsg/securityRules/allow-mongodb",
            "name": "allow-mongodb",
            "network_security_group_name": "mongodb-nsg",
            "priority": 110,
            "protocol": "Tcp",
            "resource_group_name": "wiz-exercise-rg",
            "source_address_prefix": "*",
            "source_address_prefixes": [],
            "source_application_security_group_ids": [],
            "source_port_range": "*",
            "source_port_ranges": [],
            "timeouts": null
          },
          "sensitive_attributes": [],
          "private": "eyJlMmJmYjczMC1lY2FhLTExZTYtOGY4OC0zNDM2M2JjN2M0YzAiOnsiY3JlYXRlIjoxODAwMDAwMDAwMDAwLCJkZWxldGUiOjE4MDAwMDAwMDAwMDAsInJlYWQiOjMwMDAwMDAwMDAwMCwidXBkYXRlIjoxODAwMDAwMDAwMDAwfX0=",
          "dependencies": [
            "azurerm_resource_group.wiz_exercise",
            "module.mongodb.azurerm_network_security_group.mongodb_nsg"
          ]
        }
      ]
    },
    {
      "module": "module.mongodb",
      "mode": "managed",
      "type": "azurerm_network_security_rule",
      "name": "mongodb_ssh",
      "provider": "provider[\"registry.terraform.io/hashicorp/azurerm\"]",
      "instances": [
        {
          "schema_version": 0,
          "attributes": {
            "access": "Allow",
            "description": "",
            "destination_address_prefix": "*",
            "destination_address_prefixes": [],
            "destination_application_security_group_ids": [],
            "destination_port_range": "22",
            "destination_port_ranges": [],
            "direction": "Inbound",
            "id": "/subscriptions/bf3ff429-d86d-43a1-9326-f625a1e8bb50/resourceGroups/wiz-exercise-rg/providers/Microsoft.Network/networkSecurityGroups/mongodb-nsg/securityRules/allow-ssh",
            "name": "allow-ssh",
            "network_security_group_name": "mongodb-nsg",
            "priority": 100,
            "protocol": "Tcp",
            "resource_group_name": "wiz-exercise-rg",
            "source_address_prefix": "*",
            "source_address_prefixes": [],
            "source_application_security_group_ids": [],
            "source_port_range": "*",
            "source_port_ranges": [],
            "timeouts": null
          },
          "sensitive_attributes": [],
          "private": "eyJlMmJmYjczMC1lY2FhLTExZTYtOGY4OC0zNDM2M2JjN2M0YzAiOnsiY3JlYXRlIjoxODAwMDAwMDAwMDAwLCJkZWxldGUiOjE4MDAwMDAwMDAwMDAsInJlYWQiOjMwMDAwMDAwMDAwMCwidXBkYXRlIjoxODAwMDAwMDAwMDAwfX0=",
          "dependencies": [
            "azurerm_resource_group.wiz_exercise",
            "module.mongodb.azurerm_network_security_group.mongodb_nsg"
          ]
        }
      ]
    },
    {
      "module": "module.mongodb",
      "mode": "managed",
      "type": "azurerm_public_ip",
      "name": "mongodb_pip",
      "provider": "provider[\"registry.terraform.io/hashicorp/azurerm\"]",
      "instances": [
        {
          "schema_version": 0,
          "attributes": {
            "allocation_method": "Static",
            "ddos_protection_mode": "VirtualNetworkInherited",
            "ddos_protection_plan_id": null,
            "domain_name_label": null,
            "edge_zone": "",
            "fqdn": null,
            "id": "/subscriptions/bf3ff429-d86d-43a1-9326-f625a1e8bb50/resourceGroups/wiz-exercise-rg/providers/Microsoft.Network/publicIPAddresses/mongodb-pip",
            "idle_timeout_in_minutes": 4,
            "ip_address": "135.119.129.176",
            "ip_tags": {},
            "ip_version": "IPv4",
            "location": "eastus2",
            "name": "mongodb-pip",
            "public_ip_prefix_id": null,
            "resource_group_name": "wiz-exercise-rg",
            "reverse_fqdn": null,
            "sku": "Standard",
            "sku_tier": "Regional",
            "tags": {},
            "timeouts": null,
            "zones": []
          },
          "sensitive_attributes": [],
          "private": "eyJlMmJmYjczMC1lY2FhLTExZTYtOGY4OC0zNDM2M2JjN2M0YzAiOnsiY3JlYXRlIjoxODAwMDAwMDAwMDAwLCJkZWxldGUiOjE4MDAwMDAwMDAwMDAsInJlYWQiOjMwMDAwMDAwMDAwMCwidXBkYXRlIjoxODAwMDAwMDAwMDAwfX0=",
          "dependencies": [
            "azurerm_resource_group.wiz_exercise"
          ]
        }
      ]
    },
    {
      "module": "module.mongodb",
      "mode": "managed",
      "type": "azurerm_role_assignment",
      "name": "vm_contributor",
      "provider": "provider[\"registry.terraform.io/hashicorp/azurerm\"]",
      "instances": [
        {
          "schema_version": 0,
          "attributes": {
            "condition": "",
            "condition_version": "",
            "delegated_managed_identity_resource_id": "",
            "description": "",
            "id": "/subscriptions/bf3ff429-d86d-43a1-9326-f625a1e8bb50/providers/Microsoft.Authorization/roleAssignments/8caf098e-c0c5-b595-034f-dc699ab7a716",
            "name": "8caf098e-c0c5-b595-034f-dc699ab7a716",
            "principal_id": "b68a35ad-0a70-43a9-8d7f-de7d3abd9e54",
            "principal_type": "ServicePrincipal",
            "role_definition_id": "/subscriptions/bf3ff429-d86d-43a1-9326-f625a1e8bb50/providers/Microsoft.Authorization/roleDefinitions/b24988ac-6180-42a0-ab88-20f7382dd24c",
            "role_definition_name": "Contributor",
            "scope": "/subscriptions/bf3ff429-d86d-43a1-9326-f625a1e8bb50",
            "skip_service_principal_aad_check": null,
            "timeouts": null
          },
          "sensitive_attributes": [],
          "private": "eyJlMmJmYjczMC1lY2FhLTExZTYtOGY4OC0zNDM2M2JjN2M0YzAiOnsiY3JlYXRlIjoxODAwMDAwMDAwMDAwLCJkZWxldGUiOjE4MDAwMDAwMDAwMDAsInJlYWQiOjMwMDAwMDAwMDAwMH19",
          "dependencies": [
            "azurerm_resource_group.wiz_exercise",
            "module.mongodb.azurerm_linux_virtual_machine.mongodb_vm",
            "module.mongodb.azurerm_network_interface.mongodb_nic",
            "module.mongodb.azurerm_public_ip.mongodb_pip",
            "module.mongodb.data.azurerm_client_config.current",
            "module.network.azurerm_subnet.database_subnet",
            "module.network.azurerm_virtual_network.wiz_vnet"
          ]
        }
      ]
    },
    {
      "module": "module.network",
      "mode": "managed",
      "type": "azurerm_subnet",
      "name": "database_subnet",
      "provider": "provider[\"registry.terraform.io/hashicorp/azurerm\"]",
      "instances": [
        {
          "schema_version": 0,
          "attributes": {
            "address_prefixes": [
              "10.0.1.0/24"
            ],
            "default_outbound_access_enabled": true,
            "delegation": [],
            "enforce_private_link_endpoint_network_policies": false,
            "enforce_private_link_service_network_policies": false,
            "id": "/subscriptions/bf3ff429-d86d-43a1-9326-f625a1e8bb50/resourceGroups/wiz-exercise-rg/providers/Microsoft.Network/virtualNetworks/wiz-vnet/subnets/database-subnet",
            "name": "database-subnet",
            "private_endpoint_network_policies": "Enabled",
            "private_endpoint_network_policies_enabled": true,
            "private_link_service_network_policies_enabled": true,
            "resource_group_name": "wiz-exercise-rg",
            "service_endpoint_policy_ids": [],
            "service_endpoints": [],
            "timeouts": null,
            "virtual_network_name": "wiz-vnet"
          },
          "sensitive_attributes": [],
          "private": "eyJlMmJmYjczMC1lY2FhLTExZTYtOGY4OC0zNDM2M2JjN2M0YzAiOnsiY3JlYXRlIjoxODAwMDAwMDAwMDAwLCJkZWxldGUiOjE4MDAwMDAwMDAwMDAsInJlYWQiOjMwMDAwMDAwMDAwMCwidXBkYXRlIjoxODAwMDAwMDAwMDAwfX0=",
          "dependencies": [
            "azurerm_resource_group.wiz_exercise",
            "module.network.azurerm_virtual_network.wiz_vnet"
          ]
        }
      ]
    },
    {
      "module": "module.network",
      "mode": "managed",
      "type": "azurerm_subnet",
      "name": "kubernetes_subnet",
      "provider": "provider[\"registry.terraform.io/hashicorp/azurerm\"]",
      "instances": [
        {
          "schema_version": 0,
          "attributes": {
            "address_prefixes": [
              "10.0.2.0/24"
            ],
            "default_outbound_access_enabled": true,
            "delegation": [],
            "enforce_private_link_endpoint_network_policies": false,
            "enforce_private_link_service_network_policies": false,
            "id": "/subscriptions/bf3ff429-d86d-43a1-9326-f625a1e8bb50/resourceGroups/wiz-exercise-rg/providers/Microsoft.Network/virtualNetworks/wiz-vnet/subnets/kubernetes-subnet",
            "name": "kubernetes-subnet",
            "private_endpoint_network_policies": "Enabled",
            "private_endpoint_network_policies_enabled": true,
            "private_link_service_network_policies_enabled": true,
            "resource_group_name": "wiz-exercise-rg",
            "service_endpoint_policy_ids": [],
            "service_endpoints": [],
            "timeouts": null,
            "virtual_network_name": "wiz-vnet"
          },
          "sensitive_attributes": [],
          "private": "eyJlMmJmYjczMC1lY2FhLTExZTYtOGY4OC0zNDM2M2JjN2M0YzAiOnsiY3JlYXRlIjoxODAwMDAwMDAwMDAwLCJkZWxldGUiOjE4MDAwMDAwMDAwMDAsInJlYWQiOjMwMDAwMDAwMDAwMCwidXBkYXRlIjoxODAwMDAwMDAwMDAwfX0=",
          "dependencies": [
            "azurerm_resource_group.wiz_exercise",
            "module.network.azurerm_virtual_network.wiz_vnet"
          ]
        }
      ]
    },
    {
      "module": "module.network",
      "mode": "managed",
      "type": "azurerm_virtual_network",
      "name": "wiz_vnet",
      "provider": "provider[\"registry.terraform.io/hashicorp/azurerm\"]",
      "instances": [
        {
          "schema_version": 0,
          "attributes": {
            "address_space": [
              "10.0.0.0/16"
            ],
            "bgp_community": "",
            "ddos_protection_plan": [],
            "dns_servers": [],
            "edge_zone": "",
            "encryption": [],
            "flow_timeout_in_minutes": 0,
            "guid": "6dcc1814-9c59-4d14-ba9c-a8aa18bc3fa5",
            "id": "/subscriptions/bf3ff429-d86d-43a1-9326-f625a1e8bb50/resourceGroups/wiz-exercise-rg/providers/Microsoft.Network/virtualNetworks/wiz-vnet",
            "location": "eastus2",
            "name": "wiz-vnet",
            "resource_group_name": "wiz-exercise-rg",
            "subnet": [
              {
                "address_prefix": "10.0.1.0/24",
                "id": "/subscriptions/bf3ff429-d86d-43a1-9326-f625a1e8bb50/resourceGroups/wiz-exercise-rg/providers/Microsoft.Network/virtualNetworks/wiz-vnet/subnets/database-subnet",
                "name": "database-subnet",
                "security_group": ""
              },
              {
                "address_prefix": "10.0.2.0/24",
                "id": "/subscriptions/bf3ff429-d86d-43a1-9326-f625a1e8bb50/resourceGroups/wiz-exercise-rg/providers/Microsoft.Network/virtualNetworks/wiz-vnet/subnets/kubernetes-subnet",
                "name": "kubernetes-subnet",
                "security_group": ""
              }
            ],
            "tags": {},
            "timeouts": null
          },
          "sensitive_attributes": [],
          "private": "eyJlMmJmYjczMC1lY2FhLTExZTYtOGY4OC0zNDM2M2JjN2M0YzAiOnsiY3JlYXRlIjoxODAwMDAwMDAwMDAwLCJkZWxldGUiOjE4MDAwMDAwMDAwMDAsInJlYWQiOjMwMDAwMDAwMDAwMCwidXBkYXRlIjoxODAwMDAwMDAwMDAwfX0=",
          "dependencies": [
            "azurerm_resource_group.wiz_exercise"
          ]
        }
      ]
    },
    {
      "module": "module.storage",
      "mode": "managed",
      "type": "azurerm_storage_account",
      "name": "wiz_storage",
      "provider": "provider[\"registry.terraform.io/hashicorp/azurerm\"]",
      "instances": [
        {
          "schema_version": 4,
          "attributes": {
            "access_tier": "Hot",
            "account_kind": "StorageV2",
            "account_replication_type": "LRS",
            "account_tier": "Standard",
            "allow_nested_items_to_be_public": true,
            "allowed_copy_scope": "",
            "azure_files_authentication": [],
            "blob_properties": [
              {
                "change_feed_enabled": false,
                "change_feed_retention_in_days": 0,
                "container_delete_retention_policy": [],
                "cors_rule": [],
                "default_service_version": "",
                "delete_retention_policy": [],
                "last_access_time_enabled": false,
                "restore_policy": [],
                "versioning_enabled": false
              }
            ],
            "cross_tenant_replication_enabled": true,
            "custom_domain": [],
            "customer_managed_key": [],
            "default_to_oauth_authentication": false,
            "dns_endpoint_type": "Standard",
            "edge_zone": "",
            "enable_https_traffic_only": true,
            "https_traffic_only_enabled": true,
            "id": "/subscriptions/bf3ff429-d86d-43a1-9326-f625a1e8bb50/resourceGroups/wiz-exercise-rg/providers/Microsoft.Storage/storageAccounts/wizexl8cdjlkf",
            "identity": [],
            "immutability_policy": [],
            "infrastructure_encryption_enabled": false,
            "is_hns_enabled": false,
            "large_file_share_enabled": false,
            "local_user_enabled": true,
            "location": "eastus2",
            "min_tls_version": "TLS1_2",
            "name": "wizexl8cdjlkf",
            "network_rules": [],
            "nfsv3_enabled": false,
            "primary_access_key": "dKKMmFPy933o+901TTToJlMh26omXFN0XKeQpAjusrj/Sh8aOEePmnzgKydQCTRH+lYwBy4hBAbj+ASt8c/IrA==",
            "primary_blob_connection_string": "DefaultEndpointsProtocol=https;BlobEndpoint=https://wizexl8cdjlkf.blob.core.windows.net/;AccountName=wizexl8cdjlkf;AccountKey=dKKMmFPy933o+901TTToJlMh26omXFN0XKeQpAjusrj/Sh8aOEePmnzgKydQCTRH+lYwBy4hBAbj+ASt8c/IrA==",
            "primary_blob_endpoint": "https://wizexl8cdjlkf.blob.core.windows.net/",
            "primary_blob_host": "wizexl8cdjlkf.blob.core.windows.net",
            "primary_blob_internet_endpoint": "",
            "primary_blob_internet_host": "",
            "primary_blob_microsoft_endpoint": "",
            "primary_blob_microsoft_host": "",
            "primary_connection_string": "DefaultEndpointsProtocol=https;AccountName=wizexl8cdjlkf;AccountKey=dKKMmFPy933o+901TTToJlMh26omXFN0XKeQpAjusrj/Sh8aOEePmnzgKydQCTRH+lYwBy4hBAbj+ASt8c/IrA==;EndpointSuffix=core.windows.net",
            "primary_dfs_endpoint": "https://wizexl8cdjlkf.dfs.core.windows.net/",
            "primary_dfs_host": "wizexl8cdjlkf.dfs.core.windows.net",
            "primary_dfs_internet_endpoint": "",
            "primary_dfs_internet_host": "",
            "primary_dfs_microsoft_endpoint": "",
            "primary_dfs_microsoft_host": "",
            "primary_file_endpoint": "https://wizexl8cdjlkf.file.core.windows.net/",
            "primary_file_host": "wizexl8cdjlkf.file.core.windows.net",
            "primary_file_internet_endpoint": "",
            "primary_file_internet_host": "",
            "primary_file_microsoft_endpoint": "",
            "primary_file_microsoft_host": "",
            "primary_location": "eastus2",
            "primary_queue_endpoint": "https://wizexl8cdjlkf.queue.core.windows.net/",
            "primary_queue_host": "wizexl8cdjlkf.queue.core.windows.net",
            "primary_queue_microsoft_endpoint": "",
            "primary_queue_microsoft_host": "",
            "primary_table_endpoint": "https://wizexl8cdjlkf.table.core.windows.net/",
            "primary_table_host": "wizexl8cdjlkf.table.core.windows.net",
            "primary_table_microsoft_endpoint": "",
            "primary_table_microsoft_host": "",
            "primary_web_endpoint": "https://wizexl8cdjlkf.z20.web.core.windows.net/",
            "primary_web_host": "wizexl8cdjlkf.z20.web.core.windows.net",
            "primary_web_internet_endpoint": "",
            "primary_web_internet_host": "",
            "primary_web_microsoft_endpoint": "",
            "primary_web_microsoft_host": "",
            "public_network_access_enabled": true,
            "queue_encryption_key_type": "Service",
            "queue_properties": [
              {
                "cors_rule": [],
                "hour_metrics": [
                  {
                    "enabled": false,
                    "include_apis": false,
                    "retention_policy_days": 0,
                    "version": "1.0"
                  }
                ],
                "logging": [
                  {
                    "delete": false,
                    "read": false,
                    "retention_policy_days": 0,
                    "version": "1.0",
                    "write": false
                  }
                ],
                "minute_metrics": [
                  {
                    "enabled": false,
                    "include_apis": false,
                    "retention_policy_days": 0,
                    "version": "1.0"
                  }
                ]
              }
            ],
            "resource_group_name": "wiz-exercise-rg",
            "routing": [],
            "sas_policy": [],
            "secondary_access_key": "OF9VX+1J0GYmRfBYqwoHObAR2rScpXgT4hZHuJb2awGARHBEY1v05dY+Itc0zfytCXgt3aV16V5H+AStnw5Q7w==",
            "secondary_blob_connection_string": "",
            "secondary_blob_endpoint": "",
            "secondary_blob_host": "",
            "secondary_blob_internet_endpoint": "",
            "secondary_blob_internet_host": "",
            "secondary_blob_microsoft_endpoint": "",
            "secondary_blob_microsoft_host": "",
            "secondary_connection_string": "DefaultEndpointsProtocol=https;AccountName=wizexl8cdjlkf;AccountKey=OF9VX+1J0GYmRfBYqwoHObAR2rScpXgT4hZHuJb2awGARHBEY1v05dY+Itc0zfytCXgt3aV16V5H+AStnw5Q7w==;EndpointSuffix=core.windows.net",
            "secondary_dfs_endpoint": "",
            "secondary_dfs_host": "",
            "secondary_dfs_internet_endpoint": "",
            "secondary_dfs_internet_host": "",
            "secondary_dfs_microsoft_endpoint": "",
            "secondary_dfs_microsoft_host": "",
            "secondary_file_endpoint": "",
            "secondary_file_host": "",
            "secondary_file_internet_endpoint": "",
            "secondary_file_internet_host": "",
            "secondary_file_microsoft_endpoint": "",
            "secondary_file_microsoft_host": "",
            "secondary_location": "",
            "secondary_queue_endpoint": "",
            "secondary_queue_host": "",
            "secondary_queue_microsoft_endpoint": "",
            "secondary_queue_microsoft_host": "",
            "secondary_table_endpoint": "",
            "secondary_table_host": "",
            "secondary_table_microsoft_endpoint": "",
            "secondary_table_microsoft_host": "",
            "secondary_web_endpoint": "",
            "secondary_web_host": "",
            "secondary_web_internet_endpoint": "",
            "secondary_web_internet_host": "",
            "secondary_web_microsoft_endpoint": "",
            "secondary_web_microsoft_host": "",
            "sftp_enabled": false,
            "share_properties": [
              {
                "cors_rule": [],
                "retention_policy": [
                  {
                    "days": 7
                  }
                ],
                "smb": []
              }
            ],
            "shared_access_key_enabled": true,
            "static_website": [],
            "table_encryption_key_type": "Service",
            "tags": {},
            "timeouts": null
          },
          "sensitive_attributes": [
            [
              {
                "type": "get_attr",
                "value": "secondary_access_key"
              }
            ],
            [
              {
                "type": "get_attr",
                "value": "primary_connection_string"
              }
            ],
            [
              {
                "type": "get_attr",
                "value": "secondary_connection_string"
              }
            ],
            [
              {
                "type": "get_attr",
                "value": "primary_access_key"
              }
            ],
            [
              {
                "type": "get_attr",
                "value": "primary_blob_connection_string"
              }
            ],
            [
              {
                "type": "get_attr",
                "value": "secondary_blob_connection_string"
              }
            ]
          ],
          "private": "eyJlMmJmYjczMC1lY2FhLTExZTYtOGY4OC0zNDM2M2JjN2M0YzAiOnsiY3JlYXRlIjozNjAwMDAwMDAwMDAwLCJkZWxldGUiOjM2MDAwMDAwMDAwMDAsInJlYWQiOjMwMDAwMDAwMDAwMCwidXBkYXRlIjozNjAwMDAwMDAwMDAwfSwic2NoZW1hX3ZlcnNpb24iOiI0In0=",
          "dependencies": [
            "azurerm_resource_group.wiz_exercise",
            "module.storage.random_string.suffix"
          ]
        }
      ]
    },
    {
      "module": "module.storage",
      "mode": "managed",
      "type": "azurerm_storage_account_network_rules",
      "name": "public_access",
      "provider": "provider[\"registry.terraform.io/hashicorp/azurerm\"]",
      "instances": [
        {
          "schema_version": 0,
          "attributes": {
            "bypass": [
              "AzureServices"
            ],
            "default_action": "Allow",
            "id": "/subscriptions/bf3ff429-d86d-43a1-9326-f625a1e8bb50/resourceGroups/wiz-exercise-rg/providers/Microsoft.Storage/storageAccounts/wizexl8cdjlkf",
            "ip_rules": [],
            "private_link_access": [],
            "storage_account_id": "/subscriptions/bf3ff429-d86d-43a1-9326-f625a1e8bb50/resourceGroups/wiz-exercise-rg/providers/Microsoft.Storage/storageAccounts/wizexl8cdjlkf",
            "timeouts": null,
            "virtual_network_subnet_ids": []
          },
          "sensitive_attributes": [],
          "private": "eyJlMmJmYjczMC1lY2FhLTExZTYtOGY4OC0zNDM2M2JjN2M0YzAiOnsiY3JlYXRlIjozNjAwMDAwMDAwMDAwLCJkZWxldGUiOjM2MDAwMDAwMDAwMDAsInJlYWQiOjMwMDAwMDAwMDAwMCwidXBkYXRlIjozNjAwMDAwMDAwMDAwfX0=",
          "dependencies": [
            "azurerm_resource_group.wiz_exercise",
            "module.storage.azurerm_storage_account.wiz_storage",
            "module.storage.random_string.suffix"
          ]
        }
      ]
    },
    {
      "module": "module.storage",
      "mode": "managed",
      "type": "azurerm_storage_container",
      "name": "mongodb_backups",
      "provider": "provider[\"registry.terraform.io/hashicorp/azurerm\"]",
      "instances": [
        {
          "schema_version": 1,
          "attributes": {
            "container_access_type": "blob",
            "default_encryption_scope": "$account-encryption-key",
            "encryption_scope_override_enabled": true,
            "has_immutability_policy": false,
            "has_legal_hold": false,
            "id": "https://wizexl8cdjlkf.blob.core.windows.net/mongodb-backups",
            "metadata": {},
            "name": "mongodb-backups",
            "resource_manager_id": "/subscriptions/bf3ff429-d86d-43a1-9326-f625a1e8bb50/resourceGroups/wiz-exercise-rg/providers/Microsoft.Storage/storageAccounts/wizexl8cdjlkf/blobServices/default/containers/mongodb-backups",
            "storage_account_name": "wizexl8cdjlkf",
            "timeouts": null
          },
          "sensitive_attributes": [],
          "private": "eyJlMmJmYjczMC1lY2FhLTExZTYtOGY4OC0zNDM2M2JjN2M0YzAiOnsiY3JlYXRlIjoxODAwMDAwMDAwMDAwLCJkZWxldGUiOjE4MDAwMDAwMDAwMDAsInJlYWQiOjMwMDAwMDAwMDAwMCwidXBkYXRlIjoxODAwMDAwMDAwMDAwfSwic2NoZW1hX3ZlcnNpb24iOiIxIn0=",
          "dependencies": [
            "azurerm_resource_group.wiz_exercise",
            "module.storage.azurerm_storage_account.wiz_storage",
            "module.storage.random_string.suffix"
          ]
        }
      ]
    },
    {
      "module": "module.storage",
      "mode": "managed",
      "type": "random_string",
      "name": "suffix",
      "provider": "provider[\"registry.terraform.io/hashicorp/random\"]",
      "instances": [
        {
          "schema_version": 2,
          "attributes": {
            "id": "l8cdjlkf",
            "keepers": null,
            "length": 8,
            "lower": true,
            "min_lower": 0,
            "min_numeric": 0,
            "min_special": 0,
            "min_upper": 0,
            "number": true,
            "numeric": true,
            "override_special": null,
            "result": "l8cdjlkf",
            "special": false,
            "upper": false
          },
          "sensitive_attributes": []
        }
      ]
    }
  ],
  "check_results": null
}
