{
  "version": 4,
  "terraform_version": "1.11.4",
  "serial": 21,
  "lineage": "ec90d39f-2fdf-20a5-e0b9-f12233b92d2d",
  "outputs": {
    "acr_admin_username": {
      "value": "wizexerciseacrhyiathfo",
      "type": "string"
    },
    "acr_login_server": {
      "value": "wizexerciseacrhyiathfo.azurecr.io",
      "type": "string"
    },
    "aks_cluster_name": {
      "value": "wiz-aks-cluster",
      "type": "string"
    },
    "mongodb_admin_password": {
      "value": "Azure_123456",
      "type": "string",
      "sensitive": true
    },
    "mongodb_admin_username": {
      "value": "azureuser",
      "type": "string"
    },
    "mongodb_vm_public_ip": {
      "value": "172.200.232.188",
      "type": "string"
    },
    "storage_account_name": {
      "value": "wizexgm55ul29",
      "type": "string"
    }
  },
  "resources": [
    {
      "mode": "managed",
      "type": "azurerm_resource_group",
      "name": "wiz_exercise",
      "provider": "provider[\"registry.terraform.io/hashicorp/azurerm\"]",
      "instances": [
        {
          "schema_version": 0,
          "attributes": {
            "id": "/subscriptions/bedc16a0-d4ca-4f6c-900d-98ff912d9d19/resourceGroups/wiz-exercise-rg",
            "location": "eastus2",
            "managed_by": "",
            "name": "wiz-exercise-rg",
            "tags": null,
            "timeouts": null
          },
          "sensitive_attributes": [],
          "private": "eyJlMmJmYjczMC1lY2FhLTExZTYtOGY4OC0zNDM2M2JjN2M0YzAiOnsiY3JlYXRlIjo1NDAwMDAwMDAwMDAwLCJkZWxldGUiOjU0MDAwMDAwMDAwMDAsInJlYWQiOjMwMDAwMDAwMDAwMCwidXBkYXRlIjo1NDAwMDAwMDAwMDAwfX0="
        }
      ]
    },
    {
      "module": "module.acr",
      "mode": "managed",
      "type": "azurerm_container_registry",
      "name": "wiz_acr",
      "provider": "provider[\"registry.terraform.io/hashicorp/azurerm\"]",
      "instances": [
        {
          "schema_version": 2,
          "attributes": {
            "admin_enabled": true,
            "admin_password": "o++YDEJ7Ef4EwFhtdwrDWixJrHcSoQYfDB/VL9uivk+ACRAPp7kw",
            "admin_username": "wizexerciseacrhyiathfo",
            "anonymous_pull_enabled": false,
            "data_endpoint_enabled": false,
            "encryption": [
              {
                "enabled": false,
                "identity_client_id": "",
                "key_vault_key_id": ""
              }
            ],
            "export_policy_enabled": true,
            "georeplications": [],
            "id": "/subscriptions/bedc16a0-d4ca-4f6c-900d-98ff912d9d19/resourceGroups/wiz-exercise-rg/providers/Microsoft.ContainerRegistry/registries/wizexerciseacrhyiathfo",
            "identity": [],
            "location": "eastus2",
            "login_server": "wizexerciseacrhyiathfo.azurecr.io",
            "name": "wizexerciseacrhyiathfo",
            "network_rule_bypass_option": "AzureServices",
            "network_rule_set": [],
            "public_network_access_enabled": true,
            "quarantine_policy_enabled": false,
            "resource_group_name": "wiz-exercise-rg",
            "retention_policy": [
              {
                "days": 7,
                "enabled": false
              }
            ],
            "sku": "Basic",
            "tags": null,
            "timeouts": null,
            "trust_policy": [
              {
                "enabled": false
              }
            ],
            "zone_redundancy_enabled": false
          },
          "sensitive_attributes": [
            [
              {
                "type": "get_attr",
                "value": "admin_password"
              }
            ]
          ],
          "private": "eyJlMmJmYjczMC1lY2FhLTExZTYtOGY4OC0zNDM2M2JjN2M0YzAiOnsiY3JlYXRlIjoxODAwMDAwMDAwMDAwLCJkZWxldGUiOjE4MDAwMDAwMDAwMDAsInJlYWQiOjMwMDAwMDAwMDAwMCwidXBkYXRlIjoxODAwMDAwMDAwMDAwfSwic2NoZW1hX3ZlcnNpb24iOiIyIn0=",
          "dependencies": [
            "azurerm_resource_group.wiz_exercise",
            "module.acr.random_string.suffix"
          ]
        }
      ]
    },
    {
      "module": "module.acr",
      "mode": "managed",
      "type": "random_string",
      "name": "suffix",
      "provider": "provider[\"registry.terraform.io/hashicorp/random\"]",
      "instances": [
        {
          "schema_version": 2,
          "attributes": {
            "id": "hyiathfo",
            "keepers": null,
            "length": 8,
            "lower": true,
            "min_lower": 0,
            "min_numeric": 0,
            "min_special": 0,
            "min_upper": 0,
            "number": true,
            "numeric": true,
            "override_special": null,
            "result": "hyiathfo",
            "special": false,
            "upper": false
          },
          "sensitive_attributes": []
        }
      ]
    },
    {
      "module": "module.aks",
      "mode": "managed",
      "type": "azurerm_kubernetes_cluster",
      "name": "wiz_aks",
      "provider": "provider[\"registry.terraform.io/hashicorp/azurerm\"]",
      "instances": [
        {
          "schema_version": 2,
          "attributes": {
            "aci_connector_linux": [],
            "api_server_access_profile": [],
            "api_server_authorized_ip_ranges": [],
            "auto_scaler_profile": [],
            "automatic_channel_upgrade": "",
            "azure_active_directory_role_based_access_control": [],
            "azure_policy_enabled": null,
            "confidential_computing": [],
            "cost_analysis_enabled": false,
            "current_kubernetes_version": "1.31.8",
            "custom_ca_trust_certificates_base64": null,
            "default_node_pool": [
              {
                "capacity_reservation_group_id": "",
                "custom_ca_trust_enabled": false,
                "enable_auto_scaling": false,
                "enable_host_encryption": false,
                "enable_node_public_ip": false,
                "fips_enabled": false,
                "gpu_instance": "",
                "host_group_id": "",
                "kubelet_config": [],
                "kubelet_disk_type": "OS",
                "linux_os_config": [],
                "max_count": 0,
                "max_pods": 30,
                "message_of_the_day": "",
                "min_count": 0,
                "name": "default",
                "node_count": 2,
                "node_labels": {},
                "node_network_profile": [],
                "node_public_ip_prefix_id": "",
                "node_taints": null,
                "only_critical_addons_enabled": false,
                "orchestrator_version": "1.31",
                "os_disk_size_gb": 128,
                "os_disk_type": "Managed",
                "os_sku": "Ubuntu",
                "pod_subnet_id": "",
                "proximity_placement_group_id": "",
                "scale_down_mode": "Delete",
                "snapshot_id": "",
                "tags": null,
                "temporary_name_for_rotation": "",
                "type": "VirtualMachineScaleSets",
                "ultra_ssd_enabled": false,
                "upgrade_settings": [
                  {
                    "drain_timeout_in_minutes": 0,
                    "max_surge": "10%",
                    "node_soak_duration_in_minutes": 0
                  }
                ],
                "vm_size": "Standard_D2s_v3",
                "vnet_subnet_id": "/subscriptions/bedc16a0-d4ca-4f6c-900d-98ff912d9d19/resourceGroups/wiz-exercise-rg/providers/Microsoft.Network/virtualNetworks/wiz-vnet/subnets/kubernetes-subnet",
                "workload_runtime": "",
                "zones": null
              }
            ],
            "disk_encryption_set_id": "",
            "dns_prefix": "wizaks",
            "dns_prefix_private_cluster": "",
            "edge_zone": "",
            "enable_pod_security_policy": false,
            "fqdn": "wizaks-80lm2dco.hcp.eastus2.azmk8s.io",
            "http_application_routing_enabled": null,
            "http_application_routing_zone_name": null,
            "http_proxy_config": [],
            "id": "/subscriptions/bedc16a0-d4ca-4f6c-900d-98ff912d9d19/resourceGroups/wiz-exercise-rg/providers/Microsoft.ContainerService/managedClusters/wiz-aks-cluster",
            "identity": [
              {
                "identity_ids": null,
                "principal_id": "75f8072b-9cf5-4fa1-91ef-71acd5c0db9c",
                "tenant_id": "a816de9e-88b2-4fd8-9afc-84d67d5b0d45",
                "type": "SystemAssigned"
              }
            ],
            "image_cleaner_enabled": false,
            "image_cleaner_interval_hours": 48,
            "ingress_application_gateway": [],
            "key_management_service": [],
            "key_vault_secrets_provider": [],
            "kube_admin_config": [],
            "kube_admin_config_raw": "",
            "kube_config": [
              {
                "client_certificate": "LS0tLS1CRUdJTiBDRVJUSUZJQ0FURS0tLS0tCk1JSUZIVENDQXdXZ0F3SUJBZ0lRV0tDR3ZGb3ZONldlbVk5K1BheDBsVEFOQmdrcWhraUc5dzBCQVFzRkFEQU4KTVFzd0NRWURWUVFERXdKallUQWVGdzB5TlRBMk1UTXdOVEEyTVRaYUZ3MHlOekEyTVRNd05URTJNVFphTURBeApGekFWQmdOVkJBb1REbk41YzNSbGJUcHRZWE4wWlhKek1SVXdFd1lEVlFRREV3eHRZWE4wWlhKamJHbGxiblF3CmdnSWlNQTBHQ1NxR1NJYjNEUUVCQVFVQUE0SUNEd0F3Z2dJS0FvSUNBUUMvQnNnWnNUUER4VDFNNVFUYkFFNHgKOEg3SW9vRHFESmcwdWtaKzN1eVBLQUs3WG9YaGFlT3A2dTR6TjVzcHZDRU5wSHVTN0pibXBoNVIxUTlLN3Y2SApUdjhzTHpMSjJiRmV0VVlWRkVrcmVQMHVJUVFvTWl3WkUxWlN2WkpBK3JHbUVCd09EUXJQWHFxRnZQT3gwT216CkdrMHhoK1lqeUYwRjEvV3I1TVBtL1diSGJJVEJrYk56SHRqN21OeThLbEhLU1g3eGQ3LzFQOERWN1Q1Z2Rkc1gKTWZOYUJiNTNTY3ovWXYyYXhSdkU3NE95MEFZU2NodlhZSGhLdUlWYU5DL2JTMkhvVjNua3g2cGJySktublh5WAo5cnNZSGorRHlVK1pNRGNOTnVWenFkZ1NMRFpNbWUrb04xNEFYZlFvNEZNZDhGbFVnZ0pOL2UyQy82QUJSMEplCkRCc1hSVWRNQ2tzcG16NGFWL0MrZ2U3cmNYNVhXNENnSERNaEFIUzZXVGlJanNBeTdNOTVWWng3TlRrcDh6WmUKcUl1QmdDa3BUTEpGbXdkd1NwckNvWERVZm9VK1lKd2JxckY4YWhYZGFkblFtMEtWOTVPSHdiaTJhV2V1MjRpcQpxQ1lKamcwWGw5RThzY2FIRXdHRW9EQ25YdTh0ZytzdzVlS0d0a0hDejkvWVRwQjA1TGl6bVRSdFpIaVN3WndNCkIzVitadkUrZitTQTlRRElIbUo0QXRPNnN0L3FsRVRxaHViOERmZU83UDRzS2dHVjk0L1E4dTlrdXJmNGg1UTcKamlOUlVlbnlSMEhzUDBWaFV1TUN0NDRIWjI1TVMrSEg2STNQcnBBMDdWcnpJR0oxRTFvUnBJRTJTUmx5bmRhVwppT2t0dzZQYmVFTXVlOVpteXc4WFFRSURBUUFCbzFZd1ZEQU9CZ05WSFE4QkFmOEVCQU1DQmFBd0V3WURWUjBsCkJBd3dDZ1lJS3dZQkJRVUhBd0l3REFZRFZSMFRBUUgvQkFJd0FEQWZCZ05WSFNNRUdEQVdnQlRwOG1VdnUvUHYKOU0ySFQvNmU3Q2daZElNTkJ6QU5CZ2txaGtpRzl3MEJBUXNGQUFPQ0FnRUFidkNSUUdxU3pyNmNvY1hqMlMxcAp1VkJwTGZ0Mm5uOUNnZDNCd0NncmR1T2pWREVXY080RzJQc0cwdHlVZHhBWkNZaXpWTFoya0tDYnJKbXJnQUJzCmF5KzFCTGRLdUZMSVV3NHEzQ2xhb2RDVXBKN3VPME9HdG1rWnh1dDN3N3gxV0RwYUU1ZUtjbWxNaTJxaFU3bWIKTElQQWNCcDVEWk1YdDYvd0F6TWN3TEFGVXF1U3FnN0JWR1VLQTE1UkJXRmJYTnYzcWNHMEhyZmpWQktVRCtGUwp3dEtVN0VBblVZakt2UDdXNE1hL0UvNm41WXFPNUtKbmdVSTljNmRxRDhwa3dOeVExV0JIaGh0M3pwZTVsb1crClNCaWN2QVIvVHkxS1drUzl0V1pSVjRvVk5PWDI2dkNmZW4yVlBWd2pDYlR6VTNqTEtTNEdaNzNsUE1EVmpZcksKTEhwQnRVdFJpNU5yM242NmNSLzY4TnQ3VmV3MVFEZ3BrT3d2SnRQZzI0OEQ0OGRiMko4Wmo0OTN2ZW0ySERFWgpBc1JnQXFOSXdOR285dlB4R3JIVE12dkxEL3FaZ0xkRGZidXpKdjFQUWxqWTVES0x1b3dzdXMzTVZuOEV0aVlFCnFDVWcrK3Q4UU1JeEZkMjVpNjRtQ0N4TmZzNllBeUNKRVFrZDdleG85Qm5UdURER3RGT3Vkb3NucXBMUEhqYkMKZXJMUStQZTBwT2FObVU5clF4c0piVHZXKzUrbllnQ2hkb1FFZkRIZTAvZDlxeWdhNnAvcHkxcmVLUjhicnBCWgpOR096VGxleWIwT2o0YXI1aVEzaHdIZDJWMGQ5bnBqQWVTNjU3UHRjMnZZV2ZKUitBUlF6bVAyZTRtbDlGU0QyCmxOMDFYUFMxM25BOTlQRlhydWJ4c2Y4PQotLS0tLUVORCBDRVJUSUZJQ0FURS0tLS0tCg==",
                "client_key": "LS0tLS1CRUdJTiBSU0EgUFJJVkFURSBLRVktLS0tLQpNSUlKS1FJQkFBS0NBZ0VBdndiSUdiRXp3OFU5VE9VRTJ3Qk9NZkIreUtLQTZneVlOTHBHZnQ3c2p5Z0N1MTZGCjRXbmpxZXJ1TXplYktid2hEYVI3a3V5VzVxWWVVZFVQU3U3K2gwNy9MQzh5eWRteFhyVkdGUlJKSzNqOUxpRUUKS0RJc0dSTldVcjJTUVBxeHBoQWNEZzBLejE2cWhienpzZERwc3hwTk1ZZm1JOGhkQmRmMXErVEQ1djFteDJ5RQp3Wkd6Y3g3WSs1amN2Q3BSeWtsKzhYZS85VC9BMWUwK1lIWGJGekh6V2dXK2Qwbk0vMkw5bXNVYnhPK0RzdEFHCkVuSWIxMkI0U3JpRldqUXYyMHRoNkZkNTVNZXFXNnlTcDUxOGwvYTdHQjQvZzhsUG1UQTNEVGJsYzZuWUVpdzIKVEpudnFEZGVBRjMwS09CVEhmQlpWSUlDVGYzdGd2K2dBVWRDWGd3YkYwVkhUQXBMS1pzK0dsZnd2b0h1NjNGKwpWMXVBb0J3eklRQjB1bGs0aUk3QU11elBlVldjZXpVNUtmTTJYcWlMZ1lBcEtVeXlSWnNIY0VxYXdxRncxSDZGClBtQ2NHNnF4ZkdvVjNXblowSnRDbGZlVGg4RzR0bWxucnR1SXFxZ21DWTRORjVmUlBMSEdoeE1CaEtBd3AxN3YKTFlQck1PWGloclpCd3MvZjJFNlFkT1M0czVrMGJXUjRrc0djREFkMWZtYnhQbi9rZ1BVQXlCNWllQUxUdXJMZgo2cFJFNm9ibS9BMzNqdXorTENvQmxmZVAwUEx2WkxxMytJZVVPNDRqVVZIcDhrZEI3RDlGWVZMakFyZU9CMmR1ClRFdmh4K2lOejY2UU5PMWE4eUJpZFJOYUVhU0JOa2taY3AzV2xvanBMY09qMjNoRExudldac3NQRjBFQ0F3RUEKQVFLQ0FnRUF1dmFaUEVRcVJPNjBHNkYvQ2hXWGN0dE9TM0o1T0JuUmtySEtNM3hlRFpMOGNZU0hCbU5NRnM5QQpDZExmdzQ1RXo0UndDaElUYzNXYzhUelZ0ZUtLTGNhTWl5TTYwMEtFamd4ZnBsdnZiV1FDY0hhU0NnRnBGYlhPClpEYjBnVEtjVXNzcm1qajducENwMXpGalZtTUJpSEV5b2txL1hjQktBMkVtS3ZKQkpzQlhLdEkwY1B2NHBiREkKY0I5aDA2eWIxcC91WmNsdGtFeXdvUENOZjMxNlRJNXYvbWptelB2bmJ3SGs4dWorVDlhWWtKZDNpZkF5L2E2RwpyYU5CcVZLd2tES01oZ212M05IckU4U28yUEtUc213akcrem0vMFkxNk5tKzEra2wwL21rNTh4cjdMY3hUL080CnhpVXV4aDhnV29vVjlGYzJpRDBDakpkQ2RGM1pQbDJrT3BKR05FTzJTRjhMNTZSTmQyY3R6OXduLzhZTkQzcU0KTUpQa2c2aE5heUdoMmRLQmdzeWNlWXpHS2lBWW40LzdxVGtoenVmRExKQitYS1BLRTBZajYvUkxqZEUxL1hvVgpvY0xKNzRnaGt6WTdLTyt2N3Erek1vZHFuN3AyWFh4VEhTSGlITnZvWXdZSFRJWWg4d0tmUVNYUndYSHRUa2FnCkc5WmY4VDFFbzFRNzZCS3hXVzNabEh2RkVEa2d2ZWpjc1pEMVBvd09yZkQ0ay9tMEtlT0tOdm9JUHBJUTNBMlAKREN1a3dIRUFzUENWSStWMjlyYU52RVhLanN0dWNlYTh2Z2M0U1dqYXo3bE80MnFyV1Q1ZVFpTXF5TE9zYkZmSwpFRkRuWndHL2E3WUtBaVZTTG9SVktlTW1HakNxaE1pNDJLR0p1Q0VxemtSTGxPWDMxMjBDZ2dFQkFQYTBBNmt3CmlJZDUzb2V3Uy9ybGJaeWg2ZFMyZXoyb3VOYUx4RkFYTTI4ODVNdGZHRC9XSE5RckJQbE9ReGxteVkxdElFMkoKYzJPMmhEbU0vekM5QTZjdEdEdHlMSXpUNm4za1k2YUNjR3l6R3J4ZHBLZGlTQSsxTklzMUh2a0JYbnlnWTRnTApJSmFGVEJoVUJhV213S1ZrcjZzRGFJRWZSa1R4Vm5NT0dmb1l1dUhldDNoSS9EQ1d4OVZHODZQTWVEcHlMRjQ2CmREUTBsanRqaHpwclpMZVVTdlVTMFlRMmxuMENuZldNM1YwbndzV2oveVhOcHR5TStNamtxTEQvU21MZHdzMGkKakorNWZGcHQrSTQ1RnNNcmpvNDlvb1EyZ3hCclNnOVlYaE9MdXBxNlpkSmtJMlFDeFVMZkxTVGJoVW11dWplTQpaRFQ2VElpL0pta05ZVXNDZ2dFQkFNWTVwUys2V2g5eEFBWFQxc0I3U1hnL1kzbFJCby9BNXBOQThrZENnMTdpCnJZQlJOYnZaKzNRNVFUbzlEUFRtTzdNRHJyaXJFYTNEYjVqS2ZwRDhOS2hsRFhXdjkzU0VBRytFQWpkM1ZkRCsKVXNQUU5sZjNzQndTdklHbzM0VEMrdnNNU0NsRWxjVXVsZkM0RUY2N3UzanZFT3NOM2txdFM4N05XTVVpNkErYQo1anQvMEhOZkIzd2s1akNGN3VXOWduTDkzL2xxdmZ0aHR6T2FoeHpLSkRLRnl4QjZ3M0hkSEJvWmRVQzhLTU8yCmpocmNpeWFwUzVZbU1XT3MvTFpFNENtTWlmODJTbkZTT2xkUnQ1SGw2NFJJL2JDYjdJK1lCQkJ0YlJuU1FTMDQKcTl6UGxTRWFRQXNKNDVoWFdGWGFOZ01LVUVHdE1WSE8raTNWQ2VYOEhpTUNnZ0VBU2l3bFRhRUI2M21BcGxzaQovUFF0MklIMXc3WjVwemdyR3BZN0Y3bGlCWGZSY2pQTkhxUkpWcUQ0aGR3NTRGRS9GLzVQVUFDYmFNZGZTYzVTCmkxekkxR0tDZnB6OU4vb2U3bXJVYXlPY21aSGYzL0pucHN1dHpzczBXUVpIb2FYL3VvaWVaREMwUTQwZ0s5QlgKUWs2NGJRR3dyMEgvRVpOTmxUemFPUTFzVWYxTmNzdDdiZmJEbS9nNWJLNUFZbWIvWHRNazg4K3ZVR0xmS0V2cwpSR3cxZzl4YURRVHphVVRnU2dXWGFGUkoyZEF5aHltZmRNWTMvT2VGaFNENmR2ekthSjgwQ21qd3pyVDk1bEphCkFLaTVaMFNaUDdyWU9kZ0ozODNpSG1yN0hmVk16V2h0Wkt3bTE5TGRiQldkaFE5Yks2UVU2TTZVOGppdStnNCsKaGljM3NRS0NBUUVBajh6THg4Y0JrQ09TcDZlWStBTzROYktPZ0RqR2NNeTR1SVI1L2pZRFJYZGQ5R04xZnJSUQoxV3lmcEJjYjZpR0hsNE1KWWxBL3YvV3laSDRwdVJZdFFTZ2x6b1Y4RjV1WEVVOExxSjg2c3lWOGR5NzU3WER5CjRqcTVZN3BWaEdOS1hZcjRZbSt0MHVETHgxaFFEOWxTMUJWaUNaTUMrdHVpemdCcjhIODFKL1R3SnFPL1hhTEgKdEVpMGNPa0llTU8wK2FTd3NhaTg3N3RnZ3VBTU9sZHVVUFI4YnBVUWFlN0VieTZldi9wLy9CTFlIaVoyRC9McQpzWjg5WHhqa0wzbmh3R0tDelpEZUNqMWpzMnJGcCtMS3F5bWtXRldWRkVwc1VGcUJ0aVN3UVpVR0lHYTZ3Y3ZnClArSEpxUDljUnRQSk1RVnZXV1hDREo0QklmU1ZmTEVjVHdLQ0FRQTdpYWF1Zm92WGFNczRSdjFnTWw5Ujh2TGUKQlRXMUNuTE0valZFSVY3aVNkYmhJc0p5Q3FnZnpsSzU0MlhMMVNQNHREVCsyVFVjM0NtM3lFRm1IS1FIRUlycwo5SWg5c0dST3JKTml0Y1RQUzJTRmhRYkdwYnBoTGlmV083STBPQ3c2cG5wWVBZb1VXbTR4WFF4bXJBSHlGZTZNCjRvM2VybTcyZEZYZlB5Skp2NnVjZ3dBQ29kemFSR3cwaWUzUUIzNGZtaWpmYnExRzIwUTFQcTJFRlV1VnRLZTUKb3YvSFRYR2ZCb1FBRlBVVkJRMzFhcFozSFlvWW5HdkpySUpQL2hWdUgrdThCb3RkdFJtOVFkTitobUZBU3pseAp3ZGl2djJsSHBxUklTNEdrWlhNTlFPbitCODZVZENUdW56VDVrSzhnUG5hTS9vdVlwWGpjWGVoRlh2UmsKLS0tLS1FTkQgUlNBIFBSSVZBVEUgS0VZLS0tLS0K",
                "cluster_ca_certificate": "LS0tLS1CRUdJTiBDRVJUSUZJQ0FURS0tLS0tCk1JSUU2VENDQXRHZ0F3SUJBZ0lSQUthZjdoWU54VWpzcWo4WDN4TjBYOVF3RFFZSktvWklodmNOQVFFTEJRQXcKRFRFTE1Ba0dBMVVFQXhNQ1kyRXdJQmNOTWpVd05qRXpNRFV3TmpFMldoZ1BNakExTlRBMk1UTXdOVEUyTVRaYQpNQTB4Q3pBSkJnTlZCQU1UQW1OaE1JSUNJakFOQmdrcWhraUc5dzBCQVFFRkFBT0NBZzhBTUlJQ0NnS0NBZ0VBCm9lQ2QrR1VKOFkvb3RKSDlOeG55YmJMa1g0Z2JBdE14Qi9RaWdTUmFBU3crZ3BST1R5TXBSUVNaU21CT3Yrc1oKUng0MC9VMXNnOG1NMGhIQ0ZuN1htVWV3UzJQOWc1WUluUnM5Rm5xMzdyd2F2c0RLd2pHNnlod0JVN3RVWEEzaApsSU9SOHRsa2RCSms1YVcvN2RxQTRBUWIya3d1YkRTT1ZzTmt2NkhZWC9iYVJLM2o0STNMRHRXQys1YURhS3FGCklHT2VLOGpGKzFUNnpXMC9oR3FUdG8ycExHTEpiaWJwU1dRQTJ3ODZkNXF2L1B3SE5XclNXcURKQjhZWktiRW0KWmpHbmpxcVdDWnE5eDU2cGQ2Rnp1dFVQbGJWM1g4azhCWHBiNEt1RTBoTVM5YlVzNVBYV2RyUFFqV0RQcU11YgpoRDZBRUhiL205dnBoZ0RFUU1XUUhkSmVNbEM1WEVQKzFCa29CZVdONFVaTHFUWm1vWGRDYU1wQkZiakQvaG9YCnozRUxwb2JrMW9UbVJJZ0ZxSGl1R2t5NkRXbU9RcUNtMnE1eGtiR3R2d2ZHbXRXdjJuYm9wOGR2QWVCbFRTRDQKZmpvTUNXZlQwYVJaL2VIMjB1M1J0RTh4d1JIWFh6Vmx0ck5jTHUvbHdhaG1HQUV2dXgra3gwUDRmandJc050VQo2YWI2WWJCS0ZpYzRBZDFaTGZzOXdmaDNleUJrZVZibHZTeXRGUE1xbXMzK1Z5SFNBeExqSkpjYmYwK29DcW9iCmM4NmFQMDQrRkdidStoOURsc3ViUEtaSndIYmx6dldwUWs0MldVdUFzK0IwTXRWbXBOWGtGSzdray92aG13WXoKbUtKT1ltdWJHUEk2TUlnTGpmeFUyVmZRTThsMnI0aDhaVGVCNE5hTEx0a0NBd0VBQWFOQ01FQXdEZ1lEVlIwUApBUUgvQkFRREFnS2tNQThHQTFVZEV3RUIvd1FGTUFNQkFmOHdIUVlEVlIwT0JCWUVGT255WlMrNzgrLzB6WWRQCi9wN3NLQmwwZ3cwSE1BMEdDU3FHU0liM0RRRUJDd1VBQTRJQ0FRQlhDMHNkeDVqbkxrdnVDaWoyUjNFQnVrZjUKMDN0bmhxNjNBSTdtSE5qNmhCVTFWam5ZZVVQMGFpQkE5ajRzUGhCODhsNlVmTE5raThSN1ZBbEdRZWlOVnhGTwoyTVE3a3p5bmlpMFZtUVhjR09VSE12aHNtMnpmSE4wNUYrQnNBdW9FbFlGU1BreCtJTzNab1dhQ1VPblJDUFBmClB6OU9HcmxSRm4rTE40ZFlDWlBCME9vSHUrd1FmTW9HeU5XZWp1QTVxVGpvdnZ5WnFsVlBQWTZta3lOR1lDajQKSDdvSjJ5bHgwWTZLZXNOTkVibEhpSDZwWDUyakhheVIvZWdJT3JmVDJUdHY3NGZBS2tBc1RVeFA1cFVMN205ZQp6TDJlcG1CcHZ3bzdDMk1zcUtmUEE4Z3FuT2U5Zlo2TWloVHdGUzAyL0dOa0lrS3FqSkRLcmxVejQ3aHlvYm5kCnQrN002OXViaC9XdTZYS1FHMG9YYlpsQkFURytsUzZaTC9OeGlza2cvY2RVaGVvKzY2bDU5MlhzQkM3K25FZWUKVmJsSy9lWmlEZytWSElydWNweUJPK3NudGVGU2xsZGl2STlET05NckRVVzZ5bUkrNWd6a2MyVk92RmcrNDNhRQp6NCtBcW1ERUNTdExMMXg2Q1NzeDRSTCtuVENKVXA0Q3hJTVdGNE1EajZuM1ZaOHI3c1A0WWhab1dkWjVNZW1kCmpQcWJEenNNZ1I2MGtwMGxOcXA1RFU0bTVtbFRrVklaRHNuOEFGK2VNVFptVkVkQlVmU3dtM28rMnZhMG5VVlIKNU5BS1V3RGNObFlYemd4cmNDVGQ2SVBaMDlJSDlxWWFYMEJSYUlBT2N3N2M1NTVvcVQ1eFRrMTZrNVArT2dTdgovY2I5cWJaL2VlYlpqV1RmQWc9PQotLS0tLUVORCBDRVJUSUZJQ0FURS0tLS0tCg==",
                "host": "https://wizaks-80lm2dco.hcp.eastus2.azmk8s.io:443",
                "password": "1ze5dt3ixyrw07b7wy7t50zguh8bs5src5cumg6ksmf5v3va01oneeg7p6lj8z1fvexl3eg0vutsgbhz2y5jfze2eai98azpgcus5nxdmolq09dvsurlzer4rfpq1iby",
                "username": "clusterUser_wiz-exercise-rg_wiz-aks-cluster"
              }
            ],
            "kube_config_raw": "apiVersion: v1\nclusters:\n- cluster:\n    certificate-authority-data: LS0tLS1CRUdJTiBDRVJUSUZJQ0FURS0tLS0tCk1JSUU2VENDQXRHZ0F3SUJBZ0lSQUthZjdoWU54VWpzcWo4WDN4TjBYOVF3RFFZSktvWklodmNOQVFFTEJRQXcKRFRFTE1Ba0dBMVVFQXhNQ1kyRXdJQmNOTWpVd05qRXpNRFV3TmpFMldoZ1BNakExTlRBMk1UTXdOVEUyTVRaYQpNQTB4Q3pBSkJnTlZCQU1UQW1OaE1JSUNJakFOQmdrcWhraUc5dzBCQVFFRkFBT0NBZzhBTUlJQ0NnS0NBZ0VBCm9lQ2QrR1VKOFkvb3RKSDlOeG55YmJMa1g0Z2JBdE14Qi9RaWdTUmFBU3crZ3BST1R5TXBSUVNaU21CT3Yrc1oKUng0MC9VMXNnOG1NMGhIQ0ZuN1htVWV3UzJQOWc1WUluUnM5Rm5xMzdyd2F2c0RLd2pHNnlod0JVN3RVWEEzaApsSU9SOHRsa2RCSms1YVcvN2RxQTRBUWIya3d1YkRTT1ZzTmt2NkhZWC9iYVJLM2o0STNMRHRXQys1YURhS3FGCklHT2VLOGpGKzFUNnpXMC9oR3FUdG8ycExHTEpiaWJwU1dRQTJ3ODZkNXF2L1B3SE5XclNXcURKQjhZWktiRW0KWmpHbmpxcVdDWnE5eDU2cGQ2Rnp1dFVQbGJWM1g4azhCWHBiNEt1RTBoTVM5YlVzNVBYV2RyUFFqV0RQcU11YgpoRDZBRUhiL205dnBoZ0RFUU1XUUhkSmVNbEM1WEVQKzFCa29CZVdONFVaTHFUWm1vWGRDYU1wQkZiakQvaG9YCnozRUxwb2JrMW9UbVJJZ0ZxSGl1R2t5NkRXbU9RcUNtMnE1eGtiR3R2d2ZHbXRXdjJuYm9wOGR2QWVCbFRTRDQKZmpvTUNXZlQwYVJaL2VIMjB1M1J0RTh4d1JIWFh6Vmx0ck5jTHUvbHdhaG1HQUV2dXgra3gwUDRmandJc050VQo2YWI2WWJCS0ZpYzRBZDFaTGZzOXdmaDNleUJrZVZibHZTeXRGUE1xbXMzK1Z5SFNBeExqSkpjYmYwK29DcW9iCmM4NmFQMDQrRkdidStoOURsc3ViUEtaSndIYmx6dldwUWs0MldVdUFzK0IwTXRWbXBOWGtGSzdray92aG13WXoKbUtKT1ltdWJHUEk2TUlnTGpmeFUyVmZRTThsMnI0aDhaVGVCNE5hTEx0a0NBd0VBQWFOQ01FQXdEZ1lEVlIwUApBUUgvQkFRREFnS2tNQThHQTFVZEV3RUIvd1FGTUFNQkFmOHdIUVlEVlIwT0JCWUVGT255WlMrNzgrLzB6WWRQCi9wN3NLQmwwZ3cwSE1BMEdDU3FHU0liM0RRRUJDd1VBQTRJQ0FRQlhDMHNkeDVqbkxrdnVDaWoyUjNFQnVrZjUKMDN0bmhxNjNBSTdtSE5qNmhCVTFWam5ZZVVQMGFpQkE5ajRzUGhCODhsNlVmTE5raThSN1ZBbEdRZWlOVnhGTwoyTVE3a3p5bmlpMFZtUVhjR09VSE12aHNtMnpmSE4wNUYrQnNBdW9FbFlGU1BreCtJTzNab1dhQ1VPblJDUFBmClB6OU9HcmxSRm4rTE40ZFlDWlBCME9vSHUrd1FmTW9HeU5XZWp1QTVxVGpvdnZ5WnFsVlBQWTZta3lOR1lDajQKSDdvSjJ5bHgwWTZLZXNOTkVibEhpSDZwWDUyakhheVIvZWdJT3JmVDJUdHY3NGZBS2tBc1RVeFA1cFVMN205ZQp6TDJlcG1CcHZ3bzdDMk1zcUtmUEE4Z3FuT2U5Zlo2TWloVHdGUzAyL0dOa0lrS3FqSkRLcmxVejQ3aHlvYm5kCnQrN002OXViaC9XdTZYS1FHMG9YYlpsQkFURytsUzZaTC9OeGlza2cvY2RVaGVvKzY2bDU5MlhzQkM3K25FZWUKVmJsSy9lWmlEZytWSElydWNweUJPK3NudGVGU2xsZGl2STlET05NckRVVzZ5bUkrNWd6a2MyVk92RmcrNDNhRQp6NCtBcW1ERUNTdExMMXg2Q1NzeDRSTCtuVENKVXA0Q3hJTVdGNE1EajZuM1ZaOHI3c1A0WWhab1dkWjVNZW1kCmpQcWJEenNNZ1I2MGtwMGxOcXA1RFU0bTVtbFRrVklaRHNuOEFGK2VNVFptVkVkQlVmU3dtM28rMnZhMG5VVlIKNU5BS1V3RGNObFlYemd4cmNDVGQ2SVBaMDlJSDlxWWFYMEJSYUlBT2N3N2M1NTVvcVQ1eFRrMTZrNVArT2dTdgovY2I5cWJaL2VlYlpqV1RmQWc9PQotLS0tLUVORCBDRVJUSUZJQ0FURS0tLS0tCg==\n    server: https://wizaks-80lm2dco.hcp.eastus2.azmk8s.io:443\n  name: wiz-aks-cluster\ncontexts:\n- context:\n    cluster: wiz-aks-cluster\n    user: clusterUser_wiz-exercise-rg_wiz-aks-cluster\n  name: wiz-aks-cluster\ncurrent-context: wiz-aks-cluster\nkind: Config\npreferences: {}\nusers:\n- name: clusterUser_wiz-exercise-rg_wiz-aks-cluster\n  user:\n    client-certificate-data: LS0tLS1CRUdJTiBDRVJUSUZJQ0FURS0tLS0tCk1JSUZIVENDQXdXZ0F3SUJBZ0lRV0tDR3ZGb3ZONldlbVk5K1BheDBsVEFOQmdrcWhraUc5dzBCQVFzRkFEQU4KTVFzd0NRWURWUVFERXdKallUQWVGdzB5TlRBMk1UTXdOVEEyTVRaYUZ3MHlOekEyTVRNd05URTJNVFphTURBeApGekFWQmdOVkJBb1REbk41YzNSbGJUcHRZWE4wWlhKek1SVXdFd1lEVlFRREV3eHRZWE4wWlhKamJHbGxiblF3CmdnSWlNQTBHQ1NxR1NJYjNEUUVCQVFVQUE0SUNEd0F3Z2dJS0FvSUNBUUMvQnNnWnNUUER4VDFNNVFUYkFFNHgKOEg3SW9vRHFESmcwdWtaKzN1eVBLQUs3WG9YaGFlT3A2dTR6TjVzcHZDRU5wSHVTN0pibXBoNVIxUTlLN3Y2SApUdjhzTHpMSjJiRmV0VVlWRkVrcmVQMHVJUVFvTWl3WkUxWlN2WkpBK3JHbUVCd09EUXJQWHFxRnZQT3gwT216CkdrMHhoK1lqeUYwRjEvV3I1TVBtL1diSGJJVEJrYk56SHRqN21OeThLbEhLU1g3eGQ3LzFQOERWN1Q1Z2Rkc1gKTWZOYUJiNTNTY3ovWXYyYXhSdkU3NE95MEFZU2NodlhZSGhLdUlWYU5DL2JTMkhvVjNua3g2cGJySktublh5WAo5cnNZSGorRHlVK1pNRGNOTnVWenFkZ1NMRFpNbWUrb04xNEFYZlFvNEZNZDhGbFVnZ0pOL2UyQy82QUJSMEplCkRCc1hSVWRNQ2tzcG16NGFWL0MrZ2U3cmNYNVhXNENnSERNaEFIUzZXVGlJanNBeTdNOTVWWng3TlRrcDh6WmUKcUl1QmdDa3BUTEpGbXdkd1NwckNvWERVZm9VK1lKd2JxckY4YWhYZGFkblFtMEtWOTVPSHdiaTJhV2V1MjRpcQpxQ1lKamcwWGw5RThzY2FIRXdHRW9EQ25YdTh0ZytzdzVlS0d0a0hDejkvWVRwQjA1TGl6bVRSdFpIaVN3WndNCkIzVitadkUrZitTQTlRRElIbUo0QXRPNnN0L3FsRVRxaHViOERmZU83UDRzS2dHVjk0L1E4dTlrdXJmNGg1UTcKamlOUlVlbnlSMEhzUDBWaFV1TUN0NDRIWjI1TVMrSEg2STNQcnBBMDdWcnpJR0oxRTFvUnBJRTJTUmx5bmRhVwppT2t0dzZQYmVFTXVlOVpteXc4WFFRSURBUUFCbzFZd1ZEQU9CZ05WSFE4QkFmOEVCQU1DQmFBd0V3WURWUjBsCkJBd3dDZ1lJS3dZQkJRVUhBd0l3REFZRFZSMFRBUUgvQkFJd0FEQWZCZ05WSFNNRUdEQVdnQlRwOG1VdnUvUHYKOU0ySFQvNmU3Q2daZElNTkJ6QU5CZ2txaGtpRzl3MEJBUXNGQUFPQ0FnRUFidkNSUUdxU3pyNmNvY1hqMlMxcAp1VkJwTGZ0Mm5uOUNnZDNCd0NncmR1T2pWREVXY080RzJQc0cwdHlVZHhBWkNZaXpWTFoya0tDYnJKbXJnQUJzCmF5KzFCTGRLdUZMSVV3NHEzQ2xhb2RDVXBKN3VPME9HdG1rWnh1dDN3N3gxV0RwYUU1ZUtjbWxNaTJxaFU3bWIKTElQQWNCcDVEWk1YdDYvd0F6TWN3TEFGVXF1U3FnN0JWR1VLQTE1UkJXRmJYTnYzcWNHMEhyZmpWQktVRCtGUwp3dEtVN0VBblVZakt2UDdXNE1hL0UvNm41WXFPNUtKbmdVSTljNmRxRDhwa3dOeVExV0JIaGh0M3pwZTVsb1crClNCaWN2QVIvVHkxS1drUzl0V1pSVjRvVk5PWDI2dkNmZW4yVlBWd2pDYlR6VTNqTEtTNEdaNzNsUE1EVmpZcksKTEhwQnRVdFJpNU5yM242NmNSLzY4TnQ3VmV3MVFEZ3BrT3d2SnRQZzI0OEQ0OGRiMko4Wmo0OTN2ZW0ySERFWgpBc1JnQXFOSXdOR285dlB4R3JIVE12dkxEL3FaZ0xkRGZidXpKdjFQUWxqWTVES0x1b3dzdXMzTVZuOEV0aVlFCnFDVWcrK3Q4UU1JeEZkMjVpNjRtQ0N4TmZzNllBeUNKRVFrZDdleG85Qm5UdURER3RGT3Vkb3NucXBMUEhqYkMKZXJMUStQZTBwT2FObVU5clF4c0piVHZXKzUrbllnQ2hkb1FFZkRIZTAvZDlxeWdhNnAvcHkxcmVLUjhicnBCWgpOR096VGxleWIwT2o0YXI1aVEzaHdIZDJWMGQ5bnBqQWVTNjU3UHRjMnZZV2ZKUitBUlF6bVAyZTRtbDlGU0QyCmxOMDFYUFMxM25BOTlQRlhydWJ4c2Y4PQotLS0tLUVORCBDRVJUSUZJQ0FURS0tLS0tCg==\n    client-key-data: LS0tLS1CRUdJTiBSU0EgUFJJVkFURSBLRVktLS0tLQpNSUlKS1FJQkFBS0NBZ0VBdndiSUdiRXp3OFU5VE9VRTJ3Qk9NZkIreUtLQTZneVlOTHBHZnQ3c2p5Z0N1MTZGCjRXbmpxZXJ1TXplYktid2hEYVI3a3V5VzVxWWVVZFVQU3U3K2gwNy9MQzh5eWRteFhyVkdGUlJKSzNqOUxpRUUKS0RJc0dSTldVcjJTUVBxeHBoQWNEZzBLejE2cWhienpzZERwc3hwTk1ZZm1JOGhkQmRmMXErVEQ1djFteDJ5RQp3Wkd6Y3g3WSs1amN2Q3BSeWtsKzhYZS85VC9BMWUwK1lIWGJGekh6V2dXK2Qwbk0vMkw5bXNVYnhPK0RzdEFHCkVuSWIxMkI0U3JpRldqUXYyMHRoNkZkNTVNZXFXNnlTcDUxOGwvYTdHQjQvZzhsUG1UQTNEVGJsYzZuWUVpdzIKVEpudnFEZGVBRjMwS09CVEhmQlpWSUlDVGYzdGd2K2dBVWRDWGd3YkYwVkhUQXBMS1pzK0dsZnd2b0h1NjNGKwpWMXVBb0J3eklRQjB1bGs0aUk3QU11elBlVldjZXpVNUtmTTJYcWlMZ1lBcEtVeXlSWnNIY0VxYXdxRncxSDZGClBtQ2NHNnF4ZkdvVjNXblowSnRDbGZlVGg4RzR0bWxucnR1SXFxZ21DWTRORjVmUlBMSEdoeE1CaEtBd3AxN3YKTFlQck1PWGloclpCd3MvZjJFNlFkT1M0czVrMGJXUjRrc0djREFkMWZtYnhQbi9rZ1BVQXlCNWllQUxUdXJMZgo2cFJFNm9ibS9BMzNqdXorTENvQmxmZVAwUEx2WkxxMytJZVVPNDRqVVZIcDhrZEI3RDlGWVZMakFyZU9CMmR1ClRFdmh4K2lOejY2UU5PMWE4eUJpZFJOYUVhU0JOa2taY3AzV2xvanBMY09qMjNoRExudldac3NQRjBFQ0F3RUEKQVFLQ0FnRUF1dmFaUEVRcVJPNjBHNkYvQ2hXWGN0dE9TM0o1T0JuUmtySEtNM3hlRFpMOGNZU0hCbU5NRnM5QQpDZExmdzQ1RXo0UndDaElUYzNXYzhUelZ0ZUtLTGNhTWl5TTYwMEtFamd4ZnBsdnZiV1FDY0hhU0NnRnBGYlhPClpEYjBnVEtjVXNzcm1qajducENwMXpGalZtTUJpSEV5b2txL1hjQktBMkVtS3ZKQkpzQlhLdEkwY1B2NHBiREkKY0I5aDA2eWIxcC91WmNsdGtFeXdvUENOZjMxNlRJNXYvbWptelB2bmJ3SGs4dWorVDlhWWtKZDNpZkF5L2E2RwpyYU5CcVZLd2tES01oZ212M05IckU4U28yUEtUc213akcrem0vMFkxNk5tKzEra2wwL21rNTh4cjdMY3hUL080CnhpVXV4aDhnV29vVjlGYzJpRDBDakpkQ2RGM1pQbDJrT3BKR05FTzJTRjhMNTZSTmQyY3R6OXduLzhZTkQzcU0KTUpQa2c2aE5heUdoMmRLQmdzeWNlWXpHS2lBWW40LzdxVGtoenVmRExKQitYS1BLRTBZajYvUkxqZEUxL1hvVgpvY0xKNzRnaGt6WTdLTyt2N3Erek1vZHFuN3AyWFh4VEhTSGlITnZvWXdZSFRJWWg4d0tmUVNYUndYSHRUa2FnCkc5WmY4VDFFbzFRNzZCS3hXVzNabEh2RkVEa2d2ZWpjc1pEMVBvd09yZkQ0ay9tMEtlT0tOdm9JUHBJUTNBMlAKREN1a3dIRUFzUENWSStWMjlyYU52RVhLanN0dWNlYTh2Z2M0U1dqYXo3bE80MnFyV1Q1ZVFpTXF5TE9zYkZmSwpFRkRuWndHL2E3WUtBaVZTTG9SVktlTW1HakNxaE1pNDJLR0p1Q0VxemtSTGxPWDMxMjBDZ2dFQkFQYTBBNmt3CmlJZDUzb2V3Uy9ybGJaeWg2ZFMyZXoyb3VOYUx4RkFYTTI4ODVNdGZHRC9XSE5RckJQbE9ReGxteVkxdElFMkoKYzJPMmhEbU0vekM5QTZjdEdEdHlMSXpUNm4za1k2YUNjR3l6R3J4ZHBLZGlTQSsxTklzMUh2a0JYbnlnWTRnTApJSmFGVEJoVUJhV213S1ZrcjZzRGFJRWZSa1R4Vm5NT0dmb1l1dUhldDNoSS9EQ1d4OVZHODZQTWVEcHlMRjQ2CmREUTBsanRqaHpwclpMZVVTdlVTMFlRMmxuMENuZldNM1YwbndzV2oveVhOcHR5TStNamtxTEQvU21MZHdzMGkKakorNWZGcHQrSTQ1RnNNcmpvNDlvb1EyZ3hCclNnOVlYaE9MdXBxNlpkSmtJMlFDeFVMZkxTVGJoVW11dWplTQpaRFQ2VElpL0pta05ZVXNDZ2dFQkFNWTVwUys2V2g5eEFBWFQxc0I3U1hnL1kzbFJCby9BNXBOQThrZENnMTdpCnJZQlJOYnZaKzNRNVFUbzlEUFRtTzdNRHJyaXJFYTNEYjVqS2ZwRDhOS2hsRFhXdjkzU0VBRytFQWpkM1ZkRCsKVXNQUU5sZjNzQndTdklHbzM0VEMrdnNNU0NsRWxjVXVsZkM0RUY2N3UzanZFT3NOM2txdFM4N05XTVVpNkErYQo1anQvMEhOZkIzd2s1akNGN3VXOWduTDkzL2xxdmZ0aHR6T2FoeHpLSkRLRnl4QjZ3M0hkSEJvWmRVQzhLTU8yCmpocmNpeWFwUzVZbU1XT3MvTFpFNENtTWlmODJTbkZTT2xkUnQ1SGw2NFJJL2JDYjdJK1lCQkJ0YlJuU1FTMDQKcTl6UGxTRWFRQXNKNDVoWFdGWGFOZ01LVUVHdE1WSE8raTNWQ2VYOEhpTUNnZ0VBU2l3bFRhRUI2M21BcGxzaQovUFF0MklIMXc3WjVwemdyR3BZN0Y3bGlCWGZSY2pQTkhxUkpWcUQ0aGR3NTRGRS9GLzVQVUFDYmFNZGZTYzVTCmkxekkxR0tDZnB6OU4vb2U3bXJVYXlPY21aSGYzL0pucHN1dHpzczBXUVpIb2FYL3VvaWVaREMwUTQwZ0s5QlgKUWs2NGJRR3dyMEgvRVpOTmxUemFPUTFzVWYxTmNzdDdiZmJEbS9nNWJLNUFZbWIvWHRNazg4K3ZVR0xmS0V2cwpSR3cxZzl4YURRVHphVVRnU2dXWGFGUkoyZEF5aHltZmRNWTMvT2VGaFNENmR2ekthSjgwQ21qd3pyVDk1bEphCkFLaTVaMFNaUDdyWU9kZ0ozODNpSG1yN0hmVk16V2h0Wkt3bTE5TGRiQldkaFE5Yks2UVU2TTZVOGppdStnNCsKaGljM3NRS0NBUUVBajh6THg4Y0JrQ09TcDZlWStBTzROYktPZ0RqR2NNeTR1SVI1L2pZRFJYZGQ5R04xZnJSUQoxV3lmcEJjYjZpR0hsNE1KWWxBL3YvV3laSDRwdVJZdFFTZ2x6b1Y4RjV1WEVVOExxSjg2c3lWOGR5NzU3WER5CjRqcTVZN3BWaEdOS1hZcjRZbSt0MHVETHgxaFFEOWxTMUJWaUNaTUMrdHVpemdCcjhIODFKL1R3SnFPL1hhTEgKdEVpMGNPa0llTU8wK2FTd3NhaTg3N3RnZ3VBTU9sZHVVUFI4YnBVUWFlN0VieTZldi9wLy9CTFlIaVoyRC9McQpzWjg5WHhqa0wzbmh3R0tDelpEZUNqMWpzMnJGcCtMS3F5bWtXRldWRkVwc1VGcUJ0aVN3UVpVR0lHYTZ3Y3ZnClArSEpxUDljUnRQSk1RVnZXV1hDREo0QklmU1ZmTEVjVHdLQ0FRQTdpYWF1Zm92WGFNczRSdjFnTWw5Ujh2TGUKQlRXMUNuTE0valZFSVY3aVNkYmhJc0p5Q3FnZnpsSzU0MlhMMVNQNHREVCsyVFVjM0NtM3lFRm1IS1FIRUlycwo5SWg5c0dST3JKTml0Y1RQUzJTRmhRYkdwYnBoTGlmV083STBPQ3c2cG5wWVBZb1VXbTR4WFF4bXJBSHlGZTZNCjRvM2VybTcyZEZYZlB5Skp2NnVjZ3dBQ29kemFSR3cwaWUzUUIzNGZtaWpmYnExRzIwUTFQcTJFRlV1VnRLZTUKb3YvSFRYR2ZCb1FBRlBVVkJRMzFhcFozSFlvWW5HdkpySUpQL2hWdUgrdThCb3RkdFJtOVFkTitobUZBU3pseAp3ZGl2djJsSHBxUklTNEdrWlhNTlFPbitCODZVZENUdW56VDVrSzhnUG5hTS9vdVlwWGpjWGVoRlh2UmsKLS0tLS1FTkQgUlNBIFBSSVZBVEUgS0VZLS0tLS0K\n    token: 1ze5dt3ixyrw07b7wy7t50zguh8bs5src5cumg6ksmf5v3va01oneeg7p6lj8z1fvexl3eg0vutsgbhz2y5jfze2eai98azpgcus5nxdmolq09dvsurlzer4rfpq1iby\n",
            "kubelet_identity": [
              {
                "client_id": "36852894-2a25-407b-bbda-a5a84dd51a11",
                "object_id": "aab74915-5d3b-4032-981e-b327de22f737",
                "user_assigned_identity_id": "/subscriptions/bedc16a0-d4ca-4f6c-900d-98ff912d9d19/resourceGroups/MC_wiz-exercise-rg_wiz-aks-cluster_eastus2/providers/Microsoft.ManagedIdentity/userAssignedIdentities/wiz-aks-cluster-agentpool"
              }
            ],
            "kubernetes_version": "1.31",
            "linux_profile": [],
            "local_account_disabled": false,
            "location": "eastus2",
            "maintenance_window": [],
            "maintenance_window_auto_upgrade": [],
            "maintenance_window_node_os": [],
            "microsoft_defender": [],
            "monitor_metrics": [],
            "name": "wiz-aks-cluster",
            "network_profile": [
              {
                "dns_service_ip": "10.0.3.10",
                "docker_bridge_cidr": "",
                "ebpf_data_plane": "",
                "ip_versions": [
                  "IPv4"
                ],
                "load_balancer_profile": [
                  {
                    "effective_outbound_ips": [
                      "/subscriptions/bedc16a0-d4ca-4f6c-900d-98ff912d9d19/resourceGroups/MC_wiz-exercise-rg_wiz-aks-cluster_eastus2/providers/Microsoft.Network/publicIPAddresses/abc0e1b0-84c2-46d8-84e5-d080dd151a58"
                    ],
                    "idle_timeout_in_minutes": 0,
                    "managed_outbound_ip_count": 1,
                    "managed_outbound_ipv6_count": 0,
                    "outbound_ip_address_ids": [],
                    "outbound_ip_prefix_ids": [],
                    "outbound_ports_allocated": 0
                  }
                ],
                "load_balancer_sku": "standard",
                "nat_gateway_profile": [],
                "network_data_plane": "azure",
                "network_mode": "",
                "network_plugin": "azure",
                "network_plugin_mode": "",
                "network_policy": "azure",
                "outbound_ip_address_ids": [],
                "outbound_ip_prefix_ids": [],
                "outbound_type": "loadBalancer",
                "pod_cidr": "",
                "pod_cidrs": [],
                "service_cidr": "10.0.3.0/24",
                "service_cidrs": [
                  "10.0.3.0/24"
                ]
              }
            ],
            "node_os_channel_upgrade": null,
            "node_resource_group": "MC_wiz-exercise-rg_wiz-aks-cluster_eastus2",
            "node_resource_group_id": "/subscriptions/bedc16a0-d4ca-4f6c-900d-98ff912d9d19/resourceGroups/MC_wiz-exercise-rg_wiz-aks-cluster_eastus2",
            "oidc_issuer_enabled": false,
            "oidc_issuer_url": "",
            "oms_agent": [],
            "open_service_mesh_enabled": null,
            "portal_fqdn": "wizaks-80lm2dco.portal.hcp.eastus2.azmk8s.io",
            "private_cluster_enabled": false,
            "private_cluster_public_fqdn_enabled": false,
            "private_dns_zone_id": "",
            "private_fqdn": "",
            "public_network_access_enabled": true,
            "resource_group_name": "wiz-exercise-rg",
            "role_based_access_control_enabled": true,
            "run_command_enabled": true,
            "service_mesh_profile": [],
            "service_principal": [],
            "sku_tier": "Free",
            "storage_profile": [],
            "support_plan": "KubernetesOfficial",
            "tags": null,
            "timeouts": null,
            "web_app_routing": [],
            "windows_profile": [
              {
                "admin_password": "",
                "admin_username": "azureuser",
                "gmsa": [],
                "license": ""
              }
            ],
            "workload_autoscaler_profile": [],
            "workload_identity_enabled": false
          },
          "sensitive_attributes": [
            [
              {
                "type": "get_attr",
                "value": "kube_config"
              }
            ],
            [
              {
                "type": "get_attr",
                "value": "kube_admin_config_raw"
              }
            ],
            [
              {
                "type": "get_attr",
                "value": "windows_profile"
              },
              {
                "type": "index",
                "value": {
                  "value": 0,
                  "type": "number"
                }
              },
              {
                "type": "get_attr",
                "value": "admin_password"
              }
            ],
            [
              {
                "type": "get_attr",
                "value": "kube_admin_config"
              }
            ],
            [
              {
                "type": "get_attr",
                "value": "kube_config_raw"
              }
            ]
          ],
          "private": "eyJlMmJmYjczMC1lY2FhLTExZTYtOGY4OC0zNDM2M2JjN2M0YzAiOnsiY3JlYXRlIjo1NDAwMDAwMDAwMDAwLCJkZWxldGUiOjU0MDAwMDAwMDAwMDAsInJlYWQiOjMwMDAwMDAwMDAwMCwidXBkYXRlIjo1NDAwMDAwMDAwMDAwfSwic2NoZW1hX3ZlcnNpb24iOiIyIn0=",
          "dependencies": [
            "azurerm_resource_group.wiz_exercise",
            "module.network.azurerm_subnet.kubernetes_subnet",
            "module.network.azurerm_virtual_network.wiz_vnet"
          ]
        }
      ]
    },
    {
      "module": "module.aks",
      "mode": "managed",
      "type": "local_file",
      "name": "kubeconfig",
      "provider": "provider[\"registry.terraform.io/hashicorp/local\"]",
      "instances": [
        {
          "schema_version": 0,
          "attributes": {
            "content": "apiVersion: v1\nclusters:\n- cluster:\n    certificate-authority-data: LS0tLS1CRUdJTiBDRVJUSUZJQ0FURS0tLS0tCk1JSUU2VENDQXRHZ0F3SUJBZ0lSQUthZjdoWU54VWpzcWo4WDN4TjBYOVF3RFFZSktvWklodmNOQVFFTEJRQXcKRFRFTE1Ba0dBMVVFQXhNQ1kyRXdJQmNOTWpVd05qRXpNRFV3TmpFMldoZ1BNakExTlRBMk1UTXdOVEUyTVRaYQpNQTB4Q3pBSkJnTlZCQU1UQW1OaE1JSUNJakFOQmdrcWhraUc5dzBCQVFFRkFBT0NBZzhBTUlJQ0NnS0NBZ0VBCm9lQ2QrR1VKOFkvb3RKSDlOeG55YmJMa1g0Z2JBdE14Qi9RaWdTUmFBU3crZ3BST1R5TXBSUVNaU21CT3Yrc1oKUng0MC9VMXNnOG1NMGhIQ0ZuN1htVWV3UzJQOWc1WUluUnM5Rm5xMzdyd2F2c0RLd2pHNnlod0JVN3RVWEEzaApsSU9SOHRsa2RCSms1YVcvN2RxQTRBUWIya3d1YkRTT1ZzTmt2NkhZWC9iYVJLM2o0STNMRHRXQys1YURhS3FGCklHT2VLOGpGKzFUNnpXMC9oR3FUdG8ycExHTEpiaWJwU1dRQTJ3ODZkNXF2L1B3SE5XclNXcURKQjhZWktiRW0KWmpHbmpxcVdDWnE5eDU2cGQ2Rnp1dFVQbGJWM1g4azhCWHBiNEt1RTBoTVM5YlVzNVBYV2RyUFFqV0RQcU11YgpoRDZBRUhiL205dnBoZ0RFUU1XUUhkSmVNbEM1WEVQKzFCa29CZVdONFVaTHFUWm1vWGRDYU1wQkZiakQvaG9YCnozRUxwb2JrMW9UbVJJZ0ZxSGl1R2t5NkRXbU9RcUNtMnE1eGtiR3R2d2ZHbXRXdjJuYm9wOGR2QWVCbFRTRDQKZmpvTUNXZlQwYVJaL2VIMjB1M1J0RTh4d1JIWFh6Vmx0ck5jTHUvbHdhaG1HQUV2dXgra3gwUDRmandJc050VQo2YWI2WWJCS0ZpYzRBZDFaTGZzOXdmaDNleUJrZVZibHZTeXRGUE1xbXMzK1Z5SFNBeExqSkpjYmYwK29DcW9iCmM4NmFQMDQrRkdidStoOURsc3ViUEtaSndIYmx6dldwUWs0MldVdUFzK0IwTXRWbXBOWGtGSzdray92aG13WXoKbUtKT1ltdWJHUEk2TUlnTGpmeFUyVmZRTThsMnI0aDhaVGVCNE5hTEx0a0NBd0VBQWFOQ01FQXdEZ1lEVlIwUApBUUgvQkFRREFnS2tNQThHQTFVZEV3RUIvd1FGTUFNQkFmOHdIUVlEVlIwT0JCWUVGT255WlMrNzgrLzB6WWRQCi9wN3NLQmwwZ3cwSE1BMEdDU3FHU0liM0RRRUJDd1VBQTRJQ0FRQlhDMHNkeDVqbkxrdnVDaWoyUjNFQnVrZjUKMDN0bmhxNjNBSTdtSE5qNmhCVTFWam5ZZVVQMGFpQkE5ajRzUGhCODhsNlVmTE5raThSN1ZBbEdRZWlOVnhGTwoyTVE3a3p5bmlpMFZtUVhjR09VSE12aHNtMnpmSE4wNUYrQnNBdW9FbFlGU1BreCtJTzNab1dhQ1VPblJDUFBmClB6OU9HcmxSRm4rTE40ZFlDWlBCME9vSHUrd1FmTW9HeU5XZWp1QTVxVGpvdnZ5WnFsVlBQWTZta3lOR1lDajQKSDdvSjJ5bHgwWTZLZXNOTkVibEhpSDZwWDUyakhheVIvZWdJT3JmVDJUdHY3NGZBS2tBc1RVeFA1cFVMN205ZQp6TDJlcG1CcHZ3bzdDMk1zcUtmUEE4Z3FuT2U5Zlo2TWloVHdGUzAyL0dOa0lrS3FqSkRLcmxVejQ3aHlvYm5kCnQrN002OXViaC9XdTZYS1FHMG9YYlpsQkFURytsUzZaTC9OeGlza2cvY2RVaGVvKzY2bDU5MlhzQkM3K25FZWUKVmJsSy9lWmlEZytWSElydWNweUJPK3NudGVGU2xsZGl2STlET05NckRVVzZ5bUkrNWd6a2MyVk92RmcrNDNhRQp6NCtBcW1ERUNTdExMMXg2Q1NzeDRSTCtuVENKVXA0Q3hJTVdGNE1EajZuM1ZaOHI3c1A0WWhab1dkWjVNZW1kCmpQcWJEenNNZ1I2MGtwMGxOcXA1RFU0bTVtbFRrVklaRHNuOEFGK2VNVFptVkVkQlVmU3dtM28rMnZhMG5VVlIKNU5BS1V3RGNObFlYemd4cmNDVGQ2SVBaMDlJSDlxWWFYMEJSYUlBT2N3N2M1NTVvcVQ1eFRrMTZrNVArT2dTdgovY2I5cWJaL2VlYlpqV1RmQWc9PQotLS0tLUVORCBDRVJUSUZJQ0FURS0tLS0tCg==\n    server: https://wizaks-80lm2dco.hcp.eastus2.azmk8s.io:443\n  name: wiz-aks-cluster\ncontexts:\n- context:\n    cluster: wiz-aks-cluster\n    user: clusterUser_wiz-exercise-rg_wiz-aks-cluster\n  name: wiz-aks-cluster\ncurrent-context: wiz-aks-cluster\nkind: Config\npreferences: {}\nusers:\n- name: clusterUser_wiz-exercise-rg_wiz-aks-cluster\n  user:\n    client-certificate-data: LS0tLS1CRUdJTiBDRVJUSUZJQ0FURS0tLS0tCk1JSUZIVENDQXdXZ0F3SUJBZ0lRV0tDR3ZGb3ZONldlbVk5K1BheDBsVEFOQmdrcWhraUc5dzBCQVFzRkFEQU4KTVFzd0NRWURWUVFERXdKallUQWVGdzB5TlRBMk1UTXdOVEEyTVRaYUZ3MHlOekEyTVRNd05URTJNVFphTURBeApGekFWQmdOVkJBb1REbk41YzNSbGJUcHRZWE4wWlhKek1SVXdFd1lEVlFRREV3eHRZWE4wWlhKamJHbGxiblF3CmdnSWlNQTBHQ1NxR1NJYjNEUUVCQVFVQUE0SUNEd0F3Z2dJS0FvSUNBUUMvQnNnWnNUUER4VDFNNVFUYkFFNHgKOEg3SW9vRHFESmcwdWtaKzN1eVBLQUs3WG9YaGFlT3A2dTR6TjVzcHZDRU5wSHVTN0pibXBoNVIxUTlLN3Y2SApUdjhzTHpMSjJiRmV0VVlWRkVrcmVQMHVJUVFvTWl3WkUxWlN2WkpBK3JHbUVCd09EUXJQWHFxRnZQT3gwT216CkdrMHhoK1lqeUYwRjEvV3I1TVBtL1diSGJJVEJrYk56SHRqN21OeThLbEhLU1g3eGQ3LzFQOERWN1Q1Z2Rkc1gKTWZOYUJiNTNTY3ovWXYyYXhSdkU3NE95MEFZU2NodlhZSGhLdUlWYU5DL2JTMkhvVjNua3g2cGJySktublh5WAo5cnNZSGorRHlVK1pNRGNOTnVWenFkZ1NMRFpNbWUrb04xNEFYZlFvNEZNZDhGbFVnZ0pOL2UyQy82QUJSMEplCkRCc1hSVWRNQ2tzcG16NGFWL0MrZ2U3cmNYNVhXNENnSERNaEFIUzZXVGlJanNBeTdNOTVWWng3TlRrcDh6WmUKcUl1QmdDa3BUTEpGbXdkd1NwckNvWERVZm9VK1lKd2JxckY4YWhYZGFkblFtMEtWOTVPSHdiaTJhV2V1MjRpcQpxQ1lKamcwWGw5RThzY2FIRXdHRW9EQ25YdTh0ZytzdzVlS0d0a0hDejkvWVRwQjA1TGl6bVRSdFpIaVN3WndNCkIzVitadkUrZitTQTlRRElIbUo0QXRPNnN0L3FsRVRxaHViOERmZU83UDRzS2dHVjk0L1E4dTlrdXJmNGg1UTcKamlOUlVlbnlSMEhzUDBWaFV1TUN0NDRIWjI1TVMrSEg2STNQcnBBMDdWcnpJR0oxRTFvUnBJRTJTUmx5bmRhVwppT2t0dzZQYmVFTXVlOVpteXc4WFFRSURBUUFCbzFZd1ZEQU9CZ05WSFE4QkFmOEVCQU1DQmFBd0V3WURWUjBsCkJBd3dDZ1lJS3dZQkJRVUhBd0l3REFZRFZSMFRBUUgvQkFJd0FEQWZCZ05WSFNNRUdEQVdnQlRwOG1VdnUvUHYKOU0ySFQvNmU3Q2daZElNTkJ6QU5CZ2txaGtpRzl3MEJBUXNGQUFPQ0FnRUFidkNSUUdxU3pyNmNvY1hqMlMxcAp1VkJwTGZ0Mm5uOUNnZDNCd0NncmR1T2pWREVXY080RzJQc0cwdHlVZHhBWkNZaXpWTFoya0tDYnJKbXJnQUJzCmF5KzFCTGRLdUZMSVV3NHEzQ2xhb2RDVXBKN3VPME9HdG1rWnh1dDN3N3gxV0RwYUU1ZUtjbWxNaTJxaFU3bWIKTElQQWNCcDVEWk1YdDYvd0F6TWN3TEFGVXF1U3FnN0JWR1VLQTE1UkJXRmJYTnYzcWNHMEhyZmpWQktVRCtGUwp3dEtVN0VBblVZakt2UDdXNE1hL0UvNm41WXFPNUtKbmdVSTljNmRxRDhwa3dOeVExV0JIaGh0M3pwZTVsb1crClNCaWN2QVIvVHkxS1drUzl0V1pSVjRvVk5PWDI2dkNmZW4yVlBWd2pDYlR6VTNqTEtTNEdaNzNsUE1EVmpZcksKTEhwQnRVdFJpNU5yM242NmNSLzY4TnQ3VmV3MVFEZ3BrT3d2SnRQZzI0OEQ0OGRiMko4Wmo0OTN2ZW0ySERFWgpBc1JnQXFOSXdOR285dlB4R3JIVE12dkxEL3FaZ0xkRGZidXpKdjFQUWxqWTVES0x1b3dzdXMzTVZuOEV0aVlFCnFDVWcrK3Q4UU1JeEZkMjVpNjRtQ0N4TmZzNllBeUNKRVFrZDdleG85Qm5UdURER3RGT3Vkb3NucXBMUEhqYkMKZXJMUStQZTBwT2FObVU5clF4c0piVHZXKzUrbllnQ2hkb1FFZkRIZTAvZDlxeWdhNnAvcHkxcmVLUjhicnBCWgpOR096VGxleWIwT2o0YXI1aVEzaHdIZDJWMGQ5bnBqQWVTNjU3UHRjMnZZV2ZKUitBUlF6bVAyZTRtbDlGU0QyCmxOMDFYUFMxM25BOTlQRlhydWJ4c2Y4PQotLS0tLUVORCBDRVJUSUZJQ0FURS0tLS0tCg==\n    client-key-data: LS0tLS1CRUdJTiBSU0EgUFJJVkFURSBLRVktLS0tLQpNSUlKS1FJQkFBS0NBZ0VBdndiSUdiRXp3OFU5VE9VRTJ3Qk9NZkIreUtLQTZneVlOTHBHZnQ3c2p5Z0N1MTZGCjRXbmpxZXJ1TXplYktid2hEYVI3a3V5VzVxWWVVZFVQU3U3K2gwNy9MQzh5eWRteFhyVkdGUlJKSzNqOUxpRUUKS0RJc0dSTldVcjJTUVBxeHBoQWNEZzBLejE2cWhienpzZERwc3hwTk1ZZm1JOGhkQmRmMXErVEQ1djFteDJ5RQp3Wkd6Y3g3WSs1amN2Q3BSeWtsKzhYZS85VC9BMWUwK1lIWGJGekh6V2dXK2Qwbk0vMkw5bXNVYnhPK0RzdEFHCkVuSWIxMkI0U3JpRldqUXYyMHRoNkZkNTVNZXFXNnlTcDUxOGwvYTdHQjQvZzhsUG1UQTNEVGJsYzZuWUVpdzIKVEpudnFEZGVBRjMwS09CVEhmQlpWSUlDVGYzdGd2K2dBVWRDWGd3YkYwVkhUQXBMS1pzK0dsZnd2b0h1NjNGKwpWMXVBb0J3eklRQjB1bGs0aUk3QU11elBlVldjZXpVNUtmTTJYcWlMZ1lBcEtVeXlSWnNIY0VxYXdxRncxSDZGClBtQ2NHNnF4ZkdvVjNXblowSnRDbGZlVGg4RzR0bWxucnR1SXFxZ21DWTRORjVmUlBMSEdoeE1CaEtBd3AxN3YKTFlQck1PWGloclpCd3MvZjJFNlFkT1M0czVrMGJXUjRrc0djREFkMWZtYnhQbi9rZ1BVQXlCNWllQUxUdXJMZgo2cFJFNm9ibS9BMzNqdXorTENvQmxmZVAwUEx2WkxxMytJZVVPNDRqVVZIcDhrZEI3RDlGWVZMakFyZU9CMmR1ClRFdmh4K2lOejY2UU5PMWE4eUJpZFJOYUVhU0JOa2taY3AzV2xvanBMY09qMjNoRExudldac3NQRjBFQ0F3RUEKQVFLQ0FnRUF1dmFaUEVRcVJPNjBHNkYvQ2hXWGN0dE9TM0o1T0JuUmtySEtNM3hlRFpMOGNZU0hCbU5NRnM5QQpDZExmdzQ1RXo0UndDaElUYzNXYzhUelZ0ZUtLTGNhTWl5TTYwMEtFamd4ZnBsdnZiV1FDY0hhU0NnRnBGYlhPClpEYjBnVEtjVXNzcm1qajducENwMXpGalZtTUJpSEV5b2txL1hjQktBMkVtS3ZKQkpzQlhLdEkwY1B2NHBiREkKY0I5aDA2eWIxcC91WmNsdGtFeXdvUENOZjMxNlRJNXYvbWptelB2bmJ3SGs4dWorVDlhWWtKZDNpZkF5L2E2RwpyYU5CcVZLd2tES01oZ212M05IckU4U28yUEtUc213akcrem0vMFkxNk5tKzEra2wwL21rNTh4cjdMY3hUL080CnhpVXV4aDhnV29vVjlGYzJpRDBDakpkQ2RGM1pQbDJrT3BKR05FTzJTRjhMNTZSTmQyY3R6OXduLzhZTkQzcU0KTUpQa2c2aE5heUdoMmRLQmdzeWNlWXpHS2lBWW40LzdxVGtoenVmRExKQitYS1BLRTBZajYvUkxqZEUxL1hvVgpvY0xKNzRnaGt6WTdLTyt2N3Erek1vZHFuN3AyWFh4VEhTSGlITnZvWXdZSFRJWWg4d0tmUVNYUndYSHRUa2FnCkc5WmY4VDFFbzFRNzZCS3hXVzNabEh2RkVEa2d2ZWpjc1pEMVBvd09yZkQ0ay9tMEtlT0tOdm9JUHBJUTNBMlAKREN1a3dIRUFzUENWSStWMjlyYU52RVhLanN0dWNlYTh2Z2M0U1dqYXo3bE80MnFyV1Q1ZVFpTXF5TE9zYkZmSwpFRkRuWndHL2E3WUtBaVZTTG9SVktlTW1HakNxaE1pNDJLR0p1Q0VxemtSTGxPWDMxMjBDZ2dFQkFQYTBBNmt3CmlJZDUzb2V3Uy9ybGJaeWg2ZFMyZXoyb3VOYUx4RkFYTTI4ODVNdGZHRC9XSE5RckJQbE9ReGxteVkxdElFMkoKYzJPMmhEbU0vekM5QTZjdEdEdHlMSXpUNm4za1k2YUNjR3l6R3J4ZHBLZGlTQSsxTklzMUh2a0JYbnlnWTRnTApJSmFGVEJoVUJhV213S1ZrcjZzRGFJRWZSa1R4Vm5NT0dmb1l1dUhldDNoSS9EQ1d4OVZHODZQTWVEcHlMRjQ2CmREUTBsanRqaHpwclpMZVVTdlVTMFlRMmxuMENuZldNM1YwbndzV2oveVhOcHR5TStNamtxTEQvU21MZHdzMGkKakorNWZGcHQrSTQ1RnNNcmpvNDlvb1EyZ3hCclNnOVlYaE9MdXBxNlpkSmtJMlFDeFVMZkxTVGJoVW11dWplTQpaRFQ2VElpL0pta05ZVXNDZ2dFQkFNWTVwUys2V2g5eEFBWFQxc0I3U1hnL1kzbFJCby9BNXBOQThrZENnMTdpCnJZQlJOYnZaKzNRNVFUbzlEUFRtTzdNRHJyaXJFYTNEYjVqS2ZwRDhOS2hsRFhXdjkzU0VBRytFQWpkM1ZkRCsKVXNQUU5sZjNzQndTdklHbzM0VEMrdnNNU0NsRWxjVXVsZkM0RUY2N3UzanZFT3NOM2txdFM4N05XTVVpNkErYQo1anQvMEhOZkIzd2s1akNGN3VXOWduTDkzL2xxdmZ0aHR6T2FoeHpLSkRLRnl4QjZ3M0hkSEJvWmRVQzhLTU8yCmpocmNpeWFwUzVZbU1XT3MvTFpFNENtTWlmODJTbkZTT2xkUnQ1SGw2NFJJL2JDYjdJK1lCQkJ0YlJuU1FTMDQKcTl6UGxTRWFRQXNKNDVoWFdGWGFOZ01LVUVHdE1WSE8raTNWQ2VYOEhpTUNnZ0VBU2l3bFRhRUI2M21BcGxzaQovUFF0MklIMXc3WjVwemdyR3BZN0Y3bGlCWGZSY2pQTkhxUkpWcUQ0aGR3NTRGRS9GLzVQVUFDYmFNZGZTYzVTCmkxekkxR0tDZnB6OU4vb2U3bXJVYXlPY21aSGYzL0pucHN1dHpzczBXUVpIb2FYL3VvaWVaREMwUTQwZ0s5QlgKUWs2NGJRR3dyMEgvRVpOTmxUemFPUTFzVWYxTmNzdDdiZmJEbS9nNWJLNUFZbWIvWHRNazg4K3ZVR0xmS0V2cwpSR3cxZzl4YURRVHphVVRnU2dXWGFGUkoyZEF5aHltZmRNWTMvT2VGaFNENmR2ekthSjgwQ21qd3pyVDk1bEphCkFLaTVaMFNaUDdyWU9kZ0ozODNpSG1yN0hmVk16V2h0Wkt3bTE5TGRiQldkaFE5Yks2UVU2TTZVOGppdStnNCsKaGljM3NRS0NBUUVBajh6THg4Y0JrQ09TcDZlWStBTzROYktPZ0RqR2NNeTR1SVI1L2pZRFJYZGQ5R04xZnJSUQoxV3lmcEJjYjZpR0hsNE1KWWxBL3YvV3laSDRwdVJZdFFTZ2x6b1Y4RjV1WEVVOExxSjg2c3lWOGR5NzU3WER5CjRqcTVZN3BWaEdOS1hZcjRZbSt0MHVETHgxaFFEOWxTMUJWaUNaTUMrdHVpemdCcjhIODFKL1R3SnFPL1hhTEgKdEVpMGNPa0llTU8wK2FTd3NhaTg3N3RnZ3VBTU9sZHVVUFI4YnBVUWFlN0VieTZldi9wLy9CTFlIaVoyRC9McQpzWjg5WHhqa0wzbmh3R0tDelpEZUNqMWpzMnJGcCtMS3F5bWtXRldWRkVwc1VGcUJ0aVN3UVpVR0lHYTZ3Y3ZnClArSEpxUDljUnRQSk1RVnZXV1hDREo0QklmU1ZmTEVjVHdLQ0FRQTdpYWF1Zm92WGFNczRSdjFnTWw5Ujh2TGUKQlRXMUNuTE0valZFSVY3aVNkYmhJc0p5Q3FnZnpsSzU0MlhMMVNQNHREVCsyVFVjM0NtM3lFRm1IS1FIRUlycwo5SWg5c0dST3JKTml0Y1RQUzJTRmhRYkdwYnBoTGlmV083STBPQ3c2cG5wWVBZb1VXbTR4WFF4bXJBSHlGZTZNCjRvM2VybTcyZEZYZlB5Skp2NnVjZ3dBQ29kemFSR3cwaWUzUUIzNGZtaWpmYnExRzIwUTFQcTJFRlV1VnRLZTUKb3YvSFRYR2ZCb1FBRlBVVkJRMzFhcFozSFlvWW5HdkpySUpQL2hWdUgrdThCb3RkdFJtOVFkTitobUZBU3pseAp3ZGl2djJsSHBxUklTNEdrWlhNTlFPbitCODZVZENUdW56VDVrSzhnUG5hTS9vdVlwWGpjWGVoRlh2UmsKLS0tLS1FTkQgUlNBIFBSSVZBVEUgS0VZLS0tLS0K\n    token: 1ze5dt3ixyrw07b7wy7t50zguh8bs5src5cumg6ksmf5v3va01oneeg7p6lj8z1fvexl3eg0vutsgbhz2y5jfze2eai98azpgcus5nxdmolq09dvsurlzer4rfpq1iby\n",
            "content_base64": null,
            "content_base64sha256": "+lm2oO0RODvVDZRTwGL8DKH/1GR/C56LELBxJefxZqA=",
            "content_base64sha512": "aUDHyjtsNoy6t3WGt5Js6PGQBosPK5FOoCInC/+Nt2ciHSBISFiuvzvjWDduv0xt+z/eeFDkNNf9uALdHc6FFQ==",
            "content_md5": "a50f7bda0efacadca7b6d4f75cf4903b",
            "content_sha1": "416f16e84d9a787a8cb6072262c27578df659821",
            "content_sha256": "fa59b6a0ed11383bd50d9453c062fc0ca1ffd4647f0b9e8b10b07125e7f166a0",
            "content_sha512": "6940c7ca3b6c368cbab77586b7926ce8f190068b0f2b914ea022270bff8db767221d20484858aebf3be358376ebf4c6dfb3fde7850e434d7fdb802dd1dce8515",
            "directory_permission": "0777",
            "file_permission": "0777",
            "filename": "modules/aks/kubeconfig",
            "id": "416f16e84d9a787a8cb6072262c27578df659821",
            "sensitive_content": null,
            "source": null
          },
          "sensitive_attributes": [
            [
              {
                "type": "get_attr",
                "value": "sensitive_content"
              }
            ],
            [
              {
                "type": "get_attr",
                "value": "content"
              }
            ]
          ],
          "dependencies": [
            "azurerm_resource_group.wiz_exercise",
            "module.aks.azurerm_kubernetes_cluster.wiz_aks",
            "module.network.azurerm_subnet.kubernetes_subnet",
            "module.network.azurerm_virtual_network.wiz_vnet"
          ]
        }
      ]
    },
    {
      "module": "module.mongodb",
      "mode": "data",
      "type": "azurerm_client_config",
      "name": "current",
      "provider": "provider[\"registry.terraform.io/hashicorp/azurerm\"]",
      "instances": [
        {
          "schema_version": 0,
          "attributes": {
            "client_id": "04b07795-8ddb-461a-bbee-02f9e1bf7b46",
            "id": "Y2xpZW50Q29uZmlncy9jbGllbnRJZD0wNGIwNzc5NS04ZGRiLTQ2MWEtYmJlZS0wMmY5ZTFiZjdiNDY7b2JqZWN0SWQ9ZmMwODQ3ODItNTc0YS00MmZmLWExNzktOWQ0YWUzYWQ1OGE5O3N1YnNjcmlwdGlvbklkPWJlZGMxNmEwLWQ0Y2EtNGY2Yy05MDBkLTk4ZmY5MTJkOWQxOTt0ZW5hbnRJZD1hODE2ZGU5ZS04OGIyLTRmZDgtOWFmYy04NGQ2N2Q1YjBkNDU=",
            "object_id": "fc084782-574a-42ff-a179-9d4ae3ad58a9",
            "subscription_id": "bedc16a0-d4ca-4f6c-900d-98ff912d9d19",
            "tenant_id": "a816de9e-88b2-4fd8-9afc-84d67d5b0d45",
            "timeouts": null
          },
          "sensitive_attributes": []
        }
      ]
    },
    {
      "module": "module.mongodb",
      "mode": "managed",
      "type": "azurerm_linux_virtual_machine",
      "name": "mongodb_vm",
      "provider": "provider[\"registry.terraform.io/hashicorp/azurerm\"]",
      "instances": [
        {
          "schema_version": 0,
          "attributes": {
            "additional_capabilities": [],
            "admin_password": "Azure_123456",
            "admin_ssh_key": [],
            "admin_username": "azureuser",
            "allow_extension_operations": true,
            "availability_set_id": "",
            "boot_diagnostics": [],
            "bypass_platform_safety_checks_on_user_schedule_enabled": false,
            "capacity_reservation_group_id": "",
            "computer_name": "mongodb-vm",
            "custom_data": null,
            "dedicated_host_group_id": "",
            "dedicated_host_id": "",
            "disable_password_authentication": false,
            "disk_controller_type": "SCSI",
            "edge_zone": "",
            "encryption_at_host_enabled": false,
            "eviction_policy": "",
            "extensions_time_budget": "PT1H30M",
            "gallery_application": [],
            "id": "/subscriptions/bedc16a0-d4ca-4f6c-900d-98ff912d9d19/resourceGroups/wiz-exercise-rg/providers/Microsoft.Compute/virtualMachines/mongodb-vm",
            "identity": [
              {
                "identity_ids": null,
                "principal_id": "b9a60829-0e07-49c3-a971-f36543258c70",
                "tenant_id": "a816de9e-88b2-4fd8-9afc-84d67d5b0d45",
                "type": "SystemAssigned"
              }
            ],
            "license_type": "",
            "location": "eastus2",
            "max_bid_price": -1,
            "name": "mongodb-vm",
            "network_interface_ids": [
              "/subscriptions/bedc16a0-d4ca-4f6c-900d-98ff912d9d19/resourceGroups/wiz-exercise-rg/providers/Microsoft.Network/networkInterfaces/mongodb-nic"
            ],
            "os_disk": [
              {
                "caching": "ReadWrite",
                "diff_disk_settings": [],
                "disk_encryption_set_id": "",
                "disk_size_gb": 30,
                "name": "mongodb-vm_OsDisk_1_02812f4e95424b72a25fc29ec5e32e85",
                "secure_vm_disk_encryption_set_id": "",
                "security_encryption_type": "",
                "storage_account_type": "Standard_LRS",
                "write_accelerator_enabled": false
              }
            ],
            "os_image_notification": [],
            "patch_assessment_mode": "ImageDefault",
            "patch_mode": "ImageDefault",
            "plan": [],
            "platform_fault_domain": -1,
            "priority": "Regular",
            "private_ip_address": "10.0.1.4",
            "private_ip_addresses": [
              "10.0.1.4"
            ],
            "provision_vm_agent": true,
            "proximity_placement_group_id": "",
            "public_ip_address": "172.200.232.188",
            "public_ip_addresses": [
              "172.200.232.188"
            ],
            "reboot_setting": "",
            "resource_group_name": "wiz-exercise-rg",
            "secret": [],
            "secure_boot_enabled": false,
            "size": "Standard_B2s",
            "source_image_id": "",
            "source_image_reference": [
              {
                "offer": "0001-com-ubuntu-server-focal",
                "publisher": "Canonical",
                "sku": "20_04-lts-gen2",
                "version": "latest"
              }
            ],
            "tags": null,
            "termination_notification": null,
            "timeouts": null,
            "user_data": "",
            "virtual_machine_id": "d9c81429-49a7-4192-ae1e-e7e56ccf3636",
            "virtual_machine_scale_set_id": "",
            "vm_agent_platform_updates_enabled": false,
            "vtpm_enabled": false,
            "zone": ""
          },
          "sensitive_attributes": [
            [
              {
                "type": "get_attr",
                "value": "custom_data"
              }
            ],
            [
              {
                "type": "get_attr",
                "value": "admin_password"
              }
            ]
          ],
          "private": "eyJlMmJmYjczMC1lY2FhLTExZTYtOGY4OC0zNDM2M2JjN2M0YzAiOnsiY3JlYXRlIjoyNzAwMDAwMDAwMDAwLCJkZWxldGUiOjI3MDAwMDAwMDAwMDAsInJlYWQiOjMwMDAwMDAwMDAwMCwidXBkYXRlIjoyNzAwMDAwMDAwMDAwfX0=",
          "dependencies": [
            "azurerm_resource_group.wiz_exercise",
            "module.mongodb.azurerm_network_interface.mongodb_nic",
            "module.mongodb.azurerm_public_ip.mongodb_pip",
            "module.network.azurerm_subnet.database_subnet",
            "module.network.azurerm_virtual_network.wiz_vnet"
          ]
        }
      ]
    },
    {
      "module": "module.mongodb",
      "mode": "managed",
      "type": "azurerm_network_interface",
      "name": "mongodb_nic",
      "provider": "provider[\"registry.terraform.io/hashicorp/azurerm\"]",
      "instances": [
        {
          "schema_version": 0,
          "attributes": {
            "accelerated_networking_enabled": false,
            "applied_dns_servers": [],
            "auxiliary_mode": "",
            "auxiliary_sku": "",
            "dns_servers": [],
            "edge_zone": "",
            "enable_accelerated_networking": false,
            "enable_ip_forwarding": false,
            "id": "/subscriptions/bedc16a0-d4ca-4f6c-900d-98ff912d9d19/resourceGroups/wiz-exercise-rg/providers/Microsoft.Network/networkInterfaces/mongodb-nic",
            "internal_dns_name_label": "",
            "internal_domain_name_suffix": "sftfauofnynubj3bpvv15hbjee.cx.internal.cloudapp.net",
            "ip_configuration": [
              {
                "gateway_load_balancer_frontend_ip_configuration_id": "",
                "name": "internal",
                "primary": true,
                "private_ip_address": "10.0.1.4",
                "private_ip_address_allocation": "Dynamic",
                "private_ip_address_version": "IPv4",
                "public_ip_address_id": "/subscriptions/bedc16a0-d4ca-4f6c-900d-98ff912d9d19/resourceGroups/wiz-exercise-rg/providers/Microsoft.Network/publicIPAddresses/mongodb-pip",
                "subnet_id": "/subscriptions/bedc16a0-d4ca-4f6c-900d-98ff912d9d19/resourceGroups/wiz-exercise-rg/providers/Microsoft.Network/virtualNetworks/wiz-vnet/subnets/database-subnet"
              }
            ],
            "ip_forwarding_enabled": false,
            "location": "eastus2",
            "mac_address": "",
            "name": "mongodb-nic",
            "private_ip_address": "10.0.1.4",
            "private_ip_addresses": [
              "10.0.1.4"
            ],
            "resource_group_name": "wiz-exercise-rg",
            "tags": null,
            "timeouts": null,
            "virtual_machine_id": ""
          },
          "sensitive_attributes": [],
          "private": "eyJlMmJmYjczMC1lY2FhLTExZTYtOGY4OC0zNDM2M2JjN2M0YzAiOnsiY3JlYXRlIjoxODAwMDAwMDAwMDAwLCJkZWxldGUiOjE4MDAwMDAwMDAwMDAsInJlYWQiOjMwMDAwMDAwMDAwMCwidXBkYXRlIjoxODAwMDAwMDAwMDAwfX0=",
          "dependencies": [
            "azurerm_resource_group.wiz_exercise",
            "module.mongodb.azurerm_public_ip.mongodb_pip",
            "module.network.azurerm_subnet.database_subnet",
            "module.network.azurerm_virtual_network.wiz_vnet"
          ]
        }
      ]
    },
    {
      "module": "module.mongodb",
      "mode": "managed",
      "type": "azurerm_network_interface_security_group_association",
      "name": "mongodb_nsg_association",
      "provider": "provider[\"registry.terraform.io/hashicorp/azurerm\"]",
      "instances": [
        {
          "schema_version": 0,
          "attributes": {
            "id": "/subscriptions/bedc16a0-d4ca-4f6c-900d-98ff912d9d19/resourceGroups/wiz-exercise-rg/providers/Microsoft.Network/networkInterfaces/mongodb-nic|/subscriptions/bedc16a0-d4ca-4f6c-900d-98ff912d9d19/resourceGroups/wiz-exercise-rg/providers/Microsoft.Network/networkSecurityGroups/mongodb-nsg",
            "network_interface_id": "/subscriptions/bedc16a0-d4ca-4f6c-900d-98ff912d9d19/resourceGroups/wiz-exercise-rg/providers/Microsoft.Network/networkInterfaces/mongodb-nic",
            "network_security_group_id": "/subscriptions/bedc16a0-d4ca-4f6c-900d-98ff912d9d19/resourceGroups/wiz-exercise-rg/providers/Microsoft.Network/networkSecurityGroups/mongodb-nsg",
            "timeouts": null
          },
          "sensitive_attributes": [],
          "private": "eyJlMmJmYjczMC1lY2FhLTExZTYtOGY4OC0zNDM2M2JjN2M0YzAiOnsiY3JlYXRlIjoxODAwMDAwMDAwMDAwLCJkZWxldGUiOjE4MDAwMDAwMDAwMDAsInJlYWQiOjMwMDAwMDAwMDAwMH19",
          "dependencies": [
            "azurerm_resource_group.wiz_exercise",
            "module.mongodb.azurerm_network_interface.mongodb_nic",
            "module.mongodb.azurerm_network_security_group.mongodb_nsg",
            "module.mongodb.azurerm_public_ip.mongodb_pip",
            "module.network.azurerm_subnet.database_subnet",
            "module.network.azurerm_virtual_network.wiz_vnet"
          ]
        }
      ]
    },
    {
      "module": "module.mongodb",
      "mode": "managed",
      "type": "azurerm_network_security_group",
      "name": "mongodb_nsg",
      "provider": "provider[\"registry.terraform.io/hashicorp/azurerm\"]",
      "instances": [
        {
          "schema_version": 0,
          "attributes": {
            "id": "/subscriptions/bedc16a0-d4ca-4f6c-900d-98ff912d9d19/resourceGroups/wiz-exercise-rg/providers/Microsoft.Network/networkSecurityGroups/mongodb-nsg",
            "location": "eastus2",
            "name": "mongodb-nsg",
            "resource_group_name": "wiz-exercise-rg",
            "security_rule": [
              {
                "access": "Allow",
                "description": "",
                "destination_address_prefix": "*",
                "destination_address_prefixes": [],
                "destination_application_security_group_ids": [],
                "destination_port_range": "22",
                "destination_port_ranges": [],
                "direction": "Inbound",
                "name": "allow-ssh-from-anywhere",
                "priority": 1000,
                "protocol": "Tcp",
                "source_address_prefix": "0.0.0.0/0",
                "source_address_prefixes": [],
                "source_application_security_group_ids": [],
                "source_port_range": "*",
                "source_port_ranges": []
              }
            ],
            "tags": null,
            "timeouts": null
          },
          "sensitive_attributes": [],
          "private": "eyJlMmJmYjczMC1lY2FhLTExZTYtOGY4OC0zNDM2M2JjN2M0YzAiOnsiY3JlYXRlIjoxODAwMDAwMDAwMDAwLCJkZWxldGUiOjE4MDAwMDAwMDAwMDAsInJlYWQiOjMwMDAwMDAwMDAwMCwidXBkYXRlIjoxODAwMDAwMDAwMDAwfX0=",
          "dependencies": [
            "azurerm_resource_group.wiz_exercise"
          ]
        }
      ]
    },
    {
      "module": "module.mongodb",
      "mode": "managed",
      "type": "azurerm_network_security_rule",
      "name": "mongodb_port",
      "provider": "provider[\"registry.terraform.io/hashicorp/azurerm\"]",
      "instances": [
        {
          "schema_version": 0,
          "attributes": {
            "access": "Allow",
            "description": "",
            "destination_address_prefix": "*",
            "destination_address_prefixes": null,
            "destination_application_security_group_ids": null,
            "destination_port_range": "27017",
            "destination_port_ranges": null,
            "direction": "Inbound",
            "id": "/subscriptions/bedc16a0-d4ca-4f6c-900d-98ff912d9d19/resourceGroups/wiz-exercise-rg/providers/Microsoft.Network/networkSecurityGroups/mongodb-nsg/securityRules/allow-mongodb",
            "name": "allow-mongodb",
            "network_security_group_name": "mongodb-nsg",
            "priority": 110,
            "protocol": "Tcp",
            "resource_group_name": "wiz-exercise-rg",
            "source_address_prefix": "*",
            "source_address_prefixes": null,
            "source_application_security_group_ids": null,
            "source_port_range": "*",
            "source_port_ranges": null,
            "timeouts": null
          },
          "sensitive_attributes": [],
          "private": "eyJlMmJmYjczMC1lY2FhLTExZTYtOGY4OC0zNDM2M2JjN2M0YzAiOnsiY3JlYXRlIjoxODAwMDAwMDAwMDAwLCJkZWxldGUiOjE4MDAwMDAwMDAwMDAsInJlYWQiOjMwMDAwMDAwMDAwMCwidXBkYXRlIjoxODAwMDAwMDAwMDAwfX0=",
          "dependencies": [
            "azurerm_resource_group.wiz_exercise",
            "module.mongodb.azurerm_network_security_group.mongodb_nsg"
          ]
        }
      ]
    },
    {
      "module": "module.mongodb",
      "mode": "managed",
      "type": "azurerm_network_security_rule",
      "name": "mongodb_ssh",
      "provider": "provider[\"registry.terraform.io/hashicorp/azurerm\"]",
      "instances": [
        {
          "schema_version": 0,
          "attributes": {
            "access": "Allow",
            "description": "",
            "destination_address_prefix": "*",
            "destination_address_prefixes": null,
            "destination_application_security_group_ids": null,
            "destination_port_range": "22",
            "destination_port_ranges": null,
            "direction": "Inbound",
            "id": "/subscriptions/bedc16a0-d4ca-4f6c-900d-98ff912d9d19/resourceGroups/wiz-exercise-rg/providers/Microsoft.Network/networkSecurityGroups/mongodb-nsg/securityRules/allow-ssh",
            "name": "allow-ssh",
            "network_security_group_name": "mongodb-nsg",
            "priority": 100,
            "protocol": "Tcp",
            "resource_group_name": "wiz-exercise-rg",
            "source_address_prefix": "*",
            "source_address_prefixes": null,
            "source_application_security_group_ids": null,
            "source_port_range": "*",
            "source_port_ranges": null,
            "timeouts": null
          },
          "sensitive_attributes": [],
          "private": "eyJlMmJmYjczMC1lY2FhLTExZTYtOGY4OC0zNDM2M2JjN2M0YzAiOnsiY3JlYXRlIjoxODAwMDAwMDAwMDAwLCJkZWxldGUiOjE4MDAwMDAwMDAwMDAsInJlYWQiOjMwMDAwMDAwMDAwMCwidXBkYXRlIjoxODAwMDAwMDAwMDAwfX0=",
          "dependencies": [
            "azurerm_resource_group.wiz_exercise",
            "module.mongodb.azurerm_network_security_group.mongodb_nsg"
          ]
        }
      ]
    },
    {
      "module": "module.mongodb",
      "mode": "managed",
      "type": "azurerm_public_ip",
      "name": "mongodb_pip",
      "provider": "provider[\"registry.terraform.io/hashicorp/azurerm\"]",
      "instances": [
        {
          "schema_version": 0,
          "attributes": {
            "allocation_method": "Static",
            "ddos_protection_mode": "VirtualNetworkInherited",
            "ddos_protection_plan_id": null,
            "domain_name_label": null,
            "edge_zone": "",
            "fqdn": null,
            "id": "/subscriptions/bedc16a0-d4ca-4f6c-900d-98ff912d9d19/resourceGroups/wiz-exercise-rg/providers/Microsoft.Network/publicIPAddresses/mongodb-pip",
            "idle_timeout_in_minutes": 4,
            "ip_address": "172.200.232.188",
            "ip_tags": null,
            "ip_version": "IPv4",
            "location": "eastus2",
            "name": "mongodb-pip",
            "public_ip_prefix_id": null,
            "resource_group_name": "wiz-exercise-rg",
            "reverse_fqdn": null,
            "sku": "Standard",
            "sku_tier": "Regional",
            "tags": null,
            "timeouts": null,
            "zones": null
          },
          "sensitive_attributes": [],
          "private": "eyJlMmJmYjczMC1lY2FhLTExZTYtOGY4OC0zNDM2M2JjN2M0YzAiOnsiY3JlYXRlIjoxODAwMDAwMDAwMDAwLCJkZWxldGUiOjE4MDAwMDAwMDAwMDAsInJlYWQiOjMwMDAwMDAwMDAwMCwidXBkYXRlIjoxODAwMDAwMDAwMDAwfX0=",
          "dependencies": [
            "azurerm_resource_group.wiz_exercise"
          ]
        }
      ]
    },
    {
      "module": "module.mongodb",
      "mode": "managed",
      "type": "azurerm_role_assignment",
      "name": "vm_contributor",
      "provider": "provider[\"registry.terraform.io/hashicorp/azurerm\"]",
      "instances": [
        {
          "schema_version": 0,
          "attributes": {
            "condition": "",
            "condition_version": "",
            "delegated_managed_identity_resource_id": "",
            "description": "",
            "id": "/subscriptions/bedc16a0-d4ca-4f6c-900d-98ff912d9d19/providers/Microsoft.Authorization/roleAssignments/a1cfd4d4-6126-0ab6-f764-0af7c94c0872",
            "name": "a1cfd4d4-6126-0ab6-f764-0af7c94c0872",
            "principal_id": "b9a60829-0e07-49c3-a971-f36543258c70",
            "principal_type": "ServicePrincipal",
            "role_definition_id": "/subscriptions/bedc16a0-d4ca-4f6c-900d-98ff912d9d19/providers/Microsoft.Authorization/roleDefinitions/b24988ac-6180-42a0-ab88-20f7382dd24c",
            "role_definition_name": "Contributor",
            "scope": "/subscriptions/bedc16a0-d4ca-4f6c-900d-98ff912d9d19",
            "skip_service_principal_aad_check": null,
            "timeouts": null
          },
          "sensitive_attributes": [],
          "private": "eyJlMmJmYjczMC1lY2FhLTExZTYtOGY4OC0zNDM2M2JjN2M0YzAiOnsiY3JlYXRlIjoxODAwMDAwMDAwMDAwLCJkZWxldGUiOjE4MDAwMDAwMDAwMDAsInJlYWQiOjMwMDAwMDAwMDAwMH19",
          "dependencies": [
            "azurerm_resource_group.wiz_exercise",
            "module.mongodb.azurerm_linux_virtual_machine.mongodb_vm",
            "module.mongodb.azurerm_network_interface.mongodb_nic",
            "module.mongodb.azurerm_public_ip.mongodb_pip",
            "module.mongodb.data.azurerm_client_config.current",
            "module.network.azurerm_subnet.database_subnet",
            "module.network.azurerm_virtual_network.wiz_vnet"
          ]
        }
      ]
    },
    {
      "module": "module.network",
      "mode": "managed",
      "type": "azurerm_subnet",
      "name": "database_subnet",
      "provider": "provider[\"registry.terraform.io/hashicorp/azurerm\"]",
      "instances": [
        {
          "schema_version": 0,
          "attributes": {
            "address_prefixes": [
              "10.0.1.0/24"
            ],
            "default_outbound_access_enabled": true,
            "delegation": [],
            "enforce_private_link_endpoint_network_policies": false,
            "enforce_private_link_service_network_policies": false,
            "id": "/subscriptions/bedc16a0-d4ca-4f6c-900d-98ff912d9d19/resourceGroups/wiz-exercise-rg/providers/Microsoft.Network/virtualNetworks/wiz-vnet/subnets/database-subnet",
            "name": "database-subnet",
            "private_endpoint_network_policies": "Enabled",
            "private_endpoint_network_policies_enabled": true,
            "private_link_service_network_policies_enabled": true,
            "resource_group_name": "wiz-exercise-rg",
            "service_endpoint_policy_ids": null,
            "service_endpoints": null,
            "timeouts": null,
            "virtual_network_name": "wiz-vnet"
          },
          "sensitive_attributes": [],
          "private": "eyJlMmJmYjczMC1lY2FhLTExZTYtOGY4OC0zNDM2M2JjN2M0YzAiOnsiY3JlYXRlIjoxODAwMDAwMDAwMDAwLCJkZWxldGUiOjE4MDAwMDAwMDAwMDAsInJlYWQiOjMwMDAwMDAwMDAwMCwidXBkYXRlIjoxODAwMDAwMDAwMDAwfX0=",
          "dependencies": [
            "azurerm_resource_group.wiz_exercise",
            "module.network.azurerm_virtual_network.wiz_vnet"
          ]
        }
      ]
    },
    {
      "module": "module.network",
      "mode": "managed",
      "type": "azurerm_subnet",
      "name": "kubernetes_subnet",
      "provider": "provider[\"registry.terraform.io/hashicorp/azurerm\"]",
      "instances": [
        {
          "schema_version": 0,
          "attributes": {
            "address_prefixes": [
              "10.0.2.0/24"
            ],
            "default_outbound_access_enabled": true,
            "delegation": [],
            "enforce_private_link_endpoint_network_policies": false,
            "enforce_private_link_service_network_policies": false,
            "id": "/subscriptions/bedc16a0-d4ca-4f6c-900d-98ff912d9d19/resourceGroups/wiz-exercise-rg/providers/Microsoft.Network/virtualNetworks/wiz-vnet/subnets/kubernetes-subnet",
            "name": "kubernetes-subnet",
            "private_endpoint_network_policies": "Enabled",
            "private_endpoint_network_policies_enabled": true,
            "private_link_service_network_policies_enabled": true,
            "resource_group_name": "wiz-exercise-rg",
            "service_endpoint_policy_ids": null,
            "service_endpoints": null,
            "timeouts": null,
            "virtual_network_name": "wiz-vnet"
          },
          "sensitive_attributes": [],
          "private": "eyJlMmJmYjczMC1lY2FhLTExZTYtOGY4OC0zNDM2M2JjN2M0YzAiOnsiY3JlYXRlIjoxODAwMDAwMDAwMDAwLCJkZWxldGUiOjE4MDAwMDAwMDAwMDAsInJlYWQiOjMwMDAwMDAwMDAwMCwidXBkYXRlIjoxODAwMDAwMDAwMDAwfX0=",
          "dependencies": [
            "azurerm_resource_group.wiz_exercise",
            "module.network.azurerm_virtual_network.wiz_vnet"
          ]
        }
      ]
    },
    {
      "module": "module.network",
      "mode": "managed",
      "type": "azurerm_virtual_network",
      "name": "wiz_vnet",
      "provider": "provider[\"registry.terraform.io/hashicorp/azurerm\"]",
      "instances": [
        {
          "schema_version": 0,
          "attributes": {
            "address_space": [
              "10.0.0.0/16"
            ],
            "bgp_community": "",
            "ddos_protection_plan": [],
            "dns_servers": [],
            "edge_zone": "",
            "encryption": [],
            "flow_timeout_in_minutes": 0,
            "guid": "51506691-6ec5-401b-a7a1-7d6bbf9c2924",
            "id": "/subscriptions/bedc16a0-d4ca-4f6c-900d-98ff912d9d19/resourceGroups/wiz-exercise-rg/providers/Microsoft.Network/virtualNetworks/wiz-vnet",
            "location": "eastus2",
            "name": "wiz-vnet",
            "resource_group_name": "wiz-exercise-rg",
            "subnet": [],
            "tags": null,
            "timeouts": null
          },
          "sensitive_attributes": [],
          "private": "eyJlMmJmYjczMC1lY2FhLTExZTYtOGY4OC0zNDM2M2JjN2M0YzAiOnsiY3JlYXRlIjoxODAwMDAwMDAwMDAwLCJkZWxldGUiOjE4MDAwMDAwMDAwMDAsInJlYWQiOjMwMDAwMDAwMDAwMCwidXBkYXRlIjoxODAwMDAwMDAwMDAwfX0=",
          "dependencies": [
            "azurerm_resource_group.wiz_exercise"
          ]
        }
      ]
    },
    {
      "module": "module.storage",
      "mode": "managed",
      "type": "azurerm_storage_account",
      "name": "wiz_storage",
      "provider": "provider[\"registry.terraform.io/hashicorp/azurerm\"]",
      "instances": [
        {
          "schema_version": 4,
          "attributes": {
            "access_tier": "Hot",
            "account_kind": "StorageV2",
            "account_replication_type": "LRS",
            "account_tier": "Standard",
            "allow_nested_items_to_be_public": true,
            "allowed_copy_scope": "",
            "azure_files_authentication": [],
            "blob_properties": [
              {
                "change_feed_enabled": false,
                "change_feed_retention_in_days": 0,
                "container_delete_retention_policy": [],
                "cors_rule": [],
                "default_service_version": "",
                "delete_retention_policy": [],
                "last_access_time_enabled": false,
                "restore_policy": [],
                "versioning_enabled": false
              }
            ],
            "cross_tenant_replication_enabled": true,
            "custom_domain": [],
            "customer_managed_key": [],
            "default_to_oauth_authentication": false,
            "dns_endpoint_type": "Standard",
            "edge_zone": "",
            "enable_https_traffic_only": true,
            "https_traffic_only_enabled": true,
            "id": "/subscriptions/bedc16a0-d4ca-4f6c-900d-98ff912d9d19/resourceGroups/wiz-exercise-rg/providers/Microsoft.Storage/storageAccounts/wizexgm55ul29",
            "identity": [],
            "immutability_policy": [],
            "infrastructure_encryption_enabled": false,
            "is_hns_enabled": false,
            "large_file_share_enabled": false,
            "local_user_enabled": true,
            "location": "eastus2",
            "min_tls_version": "TLS1_2",
            "name": "wizexgm55ul29",
            "network_rules": [],
            "nfsv3_enabled": false,
            "primary_access_key": "qnHJM+tKHgiiQadwD0G3wo22ekNLgIrR0I/uFkRUmPyrvKZ6prNPH/Su9UNvMrXdBqIdCTGjCEjr+AStF3tDQQ==",
            "primary_blob_connection_string": "DefaultEndpointsProtocol=https;BlobEndpoint=https://wizexgm55ul29.blob.core.windows.net/;AccountName=wizexgm55ul29;AccountKey=qnHJM+tKHgiiQadwD0G3wo22ekNLgIrR0I/uFkRUmPyrvKZ6prNPH/Su9UNvMrXdBqIdCTGjCEjr+AStF3tDQQ==",
            "primary_blob_endpoint": "https://wizexgm55ul29.blob.core.windows.net/",
            "primary_blob_host": "wizexgm55ul29.blob.core.windows.net",
            "primary_blob_internet_endpoint": "",
            "primary_blob_internet_host": "",
            "primary_blob_microsoft_endpoint": "",
            "primary_blob_microsoft_host": "",
            "primary_connection_string": "DefaultEndpointsProtocol=https;AccountName=wizexgm55ul29;AccountKey=qnHJM+tKHgiiQadwD0G3wo22ekNLgIrR0I/uFkRUmPyrvKZ6prNPH/Su9UNvMrXdBqIdCTGjCEjr+AStF3tDQQ==;EndpointSuffix=core.windows.net",
            "primary_dfs_endpoint": "https://wizexgm55ul29.dfs.core.windows.net/",
            "primary_dfs_host": "wizexgm55ul29.dfs.core.windows.net",
            "primary_dfs_internet_endpoint": "",
            "primary_dfs_internet_host": "",
            "primary_dfs_microsoft_endpoint": "",
            "primary_dfs_microsoft_host": "",
            "primary_file_endpoint": "https://wizexgm55ul29.file.core.windows.net/",
            "primary_file_host": "wizexgm55ul29.file.core.windows.net",
            "primary_file_internet_endpoint": "",
            "primary_file_internet_host": "",
            "primary_file_microsoft_endpoint": "",
            "primary_file_microsoft_host": "",
            "primary_location": "eastus2",
            "primary_queue_endpoint": "https://wizexgm55ul29.queue.core.windows.net/",
            "primary_queue_host": "wizexgm55ul29.queue.core.windows.net",
            "primary_queue_microsoft_endpoint": "",
            "primary_queue_microsoft_host": "",
            "primary_table_endpoint": "https://wizexgm55ul29.table.core.windows.net/",
            "primary_table_host": "wizexgm55ul29.table.core.windows.net",
            "primary_table_microsoft_endpoint": "",
            "primary_table_microsoft_host": "",
            "primary_web_endpoint": "https://wizexgm55ul29.z20.web.core.windows.net/",
            "primary_web_host": "wizexgm55ul29.z20.web.core.windows.net",
            "primary_web_internet_endpoint": "",
            "primary_web_internet_host": "",
            "primary_web_microsoft_endpoint": "",
            "primary_web_microsoft_host": "",
            "public_network_access_enabled": true,
            "queue_encryption_key_type": "Service",
            "queue_properties": [
              {
                "cors_rule": [],
                "hour_metrics": [
                  {
                    "enabled": false,
                    "include_apis": false,
                    "retention_policy_days": 0,
                    "version": "1.0"
                  }
                ],
                "logging": [
                  {
                    "delete": false,
                    "read": false,
                    "retention_policy_days": 0,
                    "version": "1.0",
                    "write": false
                  }
                ],
                "minute_metrics": [
                  {
                    "enabled": false,
                    "include_apis": false,
                    "retention_policy_days": 0,
                    "version": "1.0"
                  }
                ]
              }
            ],
            "resource_group_name": "wiz-exercise-rg",
            "routing": [],
            "sas_policy": [],
            "secondary_access_key": "MJg6rr+w/kV9jOny6HsL25bPs3mEvrlU2B+njF1u1hTlJMVwagl2ERh9k52/Hx5B0pAMi8Y67KUd+ASt9pCtUg==",
            "secondary_blob_connection_string": "",
            "secondary_blob_endpoint": "",
            "secondary_blob_host": "",
            "secondary_blob_internet_endpoint": "",
            "secondary_blob_internet_host": "",
            "secondary_blob_microsoft_endpoint": "",
            "secondary_blob_microsoft_host": "",
            "secondary_connection_string": "DefaultEndpointsProtocol=https;AccountName=wizexgm55ul29;AccountKey=MJg6rr+w/kV9jOny6HsL25bPs3mEvrlU2B+njF1u1hTlJMVwagl2ERh9k52/Hx5B0pAMi8Y67KUd+ASt9pCtUg==;EndpointSuffix=core.windows.net",
            "secondary_dfs_endpoint": "",
            "secondary_dfs_host": "",
            "secondary_dfs_internet_endpoint": "",
            "secondary_dfs_internet_host": "",
            "secondary_dfs_microsoft_endpoint": "",
            "secondary_dfs_microsoft_host": "",
            "secondary_file_endpoint": "",
            "secondary_file_host": "",
            "secondary_file_internet_endpoint": "",
            "secondary_file_internet_host": "",
            "secondary_file_microsoft_endpoint": "",
            "secondary_file_microsoft_host": "",
            "secondary_location": "",
            "secondary_queue_endpoint": "",
            "secondary_queue_host": "",
            "secondary_queue_microsoft_endpoint": "",
            "secondary_queue_microsoft_host": "",
            "secondary_table_endpoint": "",
            "secondary_table_host": "",
            "secondary_table_microsoft_endpoint": "",
            "secondary_table_microsoft_host": "",
            "secondary_web_endpoint": "",
            "secondary_web_host": "",
            "secondary_web_internet_endpoint": "",
            "secondary_web_internet_host": "",
            "secondary_web_microsoft_endpoint": "",
            "secondary_web_microsoft_host": "",
            "sftp_enabled": false,
            "share_properties": [
              {
                "cors_rule": [],
                "retention_policy": [
                  {
                    "days": 7
                  }
                ],
                "smb": []
              }
            ],
            "shared_access_key_enabled": true,
            "static_website": [],
            "table_encryption_key_type": "Service",
            "tags": null,
            "timeouts": null
          },
          "sensitive_attributes": [
            [
              {
                "type": "get_attr",
                "value": "secondary_blob_connection_string"
              }
            ],
            [
              {
                "type": "get_attr",
                "value": "primary_blob_connection_string"
              }
            ],
            [
              {
                "type": "get_attr",
                "value": "secondary_access_key"
              }
            ],
            [
              {
                "type": "get_attr",
                "value": "primary_connection_string"
              }
            ],
            [
              {
                "type": "get_attr",
                "value": "secondary_connection_string"
              }
            ],
            [
              {
                "type": "get_attr",
                "value": "primary_access_key"
              }
            ]
          ],
          "private": "eyJlMmJmYjczMC1lY2FhLTExZTYtOGY4OC0zNDM2M2JjN2M0YzAiOnsiY3JlYXRlIjozNjAwMDAwMDAwMDAwLCJkZWxldGUiOjM2MDAwMDAwMDAwMDAsInJlYWQiOjMwMDAwMDAwMDAwMCwidXBkYXRlIjozNjAwMDAwMDAwMDAwfSwic2NoZW1hX3ZlcnNpb24iOiI0In0=",
          "dependencies": [
            "azurerm_resource_group.wiz_exercise",
            "module.storage.random_string.suffix"
          ]
        }
      ]
    },
    {
      "module": "module.storage",
      "mode": "managed",
      "type": "azurerm_storage_account_network_rules",
      "name": "public_access",
      "provider": "provider[\"registry.terraform.io/hashicorp/azurerm\"]",
      "instances": [
        {
          "schema_version": 0,
          "attributes": {
            "bypass": [
              "AzureServices"
            ],
            "default_action": "Allow",
            "id": "/subscriptions/bedc16a0-d4ca-4f6c-900d-98ff912d9d19/resourceGroups/wiz-exercise-rg/providers/Microsoft.Storage/storageAccounts/wizexgm55ul29",
            "ip_rules": null,
            "private_link_access": [],
            "storage_account_id": "/subscriptions/bedc16a0-d4ca-4f6c-900d-98ff912d9d19/resourceGroups/wiz-exercise-rg/providers/Microsoft.Storage/storageAccounts/wizexgm55ul29",
            "timeouts": null,
            "virtual_network_subnet_ids": null
          },
          "sensitive_attributes": [],
          "private": "eyJlMmJmYjczMC1lY2FhLTExZTYtOGY4OC0zNDM2M2JjN2M0YzAiOnsiY3JlYXRlIjozNjAwMDAwMDAwMDAwLCJkZWxldGUiOjM2MDAwMDAwMDAwMDAsInJlYWQiOjMwMDAwMDAwMDAwMCwidXBkYXRlIjozNjAwMDAwMDAwMDAwfX0=",
          "dependencies": [
            "azurerm_resource_group.wiz_exercise",
            "module.storage.azurerm_storage_account.wiz_storage",
            "module.storage.random_string.suffix"
          ]
        }
      ]
    },
    {
      "module": "module.storage",
      "mode": "managed",
      "type": "azurerm_storage_container",
      "name": "mongodb_backups",
      "provider": "provider[\"registry.terraform.io/hashicorp/azurerm\"]",
      "instances": [
        {
          "schema_version": 1,
          "attributes": {
            "container_access_type": "blob",
            "default_encryption_scope": "$account-encryption-key",
            "encryption_scope_override_enabled": true,
            "has_immutability_policy": false,
            "has_legal_hold": false,
            "id": "https://wizexgm55ul29.blob.core.windows.net/mongodb-backups",
            "metadata": {},
            "name": "mongodb-backups",
            "resource_manager_id": "/subscriptions/bedc16a0-d4ca-4f6c-900d-98ff912d9d19/resourceGroups/wiz-exercise-rg/providers/Microsoft.Storage/storageAccounts/wizexgm55ul29/blobServices/default/containers/mongodb-backups",
            "storage_account_name": "wizexgm55ul29",
            "timeouts": null
          },
          "sensitive_attributes": [],
          "private": "eyJlMmJmYjczMC1lY2FhLTExZTYtOGY4OC0zNDM2M2JjN2M0YzAiOnsiY3JlYXRlIjoxODAwMDAwMDAwMDAwLCJkZWxldGUiOjE4MDAwMDAwMDAwMDAsInJlYWQiOjMwMDAwMDAwMDAwMCwidXBkYXRlIjoxODAwMDAwMDAwMDAwfSwic2NoZW1hX3ZlcnNpb24iOiIxIn0=",
          "dependencies": [
            "azurerm_resource_group.wiz_exercise",
            "module.storage.azurerm_storage_account.wiz_storage",
            "module.storage.random_string.suffix"
          ]
        }
      ]
    },
    {
      "module": "module.storage",
      "mode": "managed",
      "type": "random_string",
      "name": "suffix",
      "provider": "provider[\"registry.terraform.io/hashicorp/random\"]",
      "instances": [
        {
          "schema_version": 2,
          "attributes": {
            "id": "gm55ul29",
            "keepers": null,
            "length": 8,
            "lower": true,
            "min_lower": 0,
            "min_numeric": 0,
            "min_special": 0,
            "min_upper": 0,
            "number": true,
            "numeric": true,
            "override_special": null,
            "result": "gm55ul29",
            "special": false,
            "upper": false
          },
          "sensitive_attributes": []
        }
      ]
    }
  ],
  "check_results": null
}
