{
  "version": 4,
  "terraform_version": "1.11.4",
  "serial": 280,
  "lineage": "f0b8e358-8c84-1f13-9605-d13fcfe175e7",
  "outputs": {
    "acr_admin_username": {
      "value": "wizexerciseacrhyiathfooo",
      "type": "string"
    },
    "acr_login_server": {
      "value": "wizexerciseacrhyiathfooo.azurecr.io",
      "type": "string"
    },
    "aks_cluster_name": {
      "value": "wiz-aks-cluster",
      "type": "string"
    },
    "backup_container_url": {
      "value": "https://backupsnhyf144n.blob.core.windows.net/mongodb-backups",
      "type": "string"
    },
    "backup_security_warning": {
      "value": "WARNING: Backup storage is publicly accessible! This is intentional for security testing.",
      "type": "string"
    },
    "backup_storage_account_name": {
      "value": "backupsnhyf144n",
      "type": "string"
    },
    "mongodb_admin_password": {
      "value": "Azure_123456",
      "type": "string",
      "sensitive": true
    },
    "mongodb_admin_username": {
      "value": "azureuser",
      "type": "string"
    },
    "mongodb_backup_info": {
      "value": {
        "container_name": "mongodb-backups",
        "public_url": "https://backupsnhyf144n.blob.core.windows.net/mongodb-backups",
        "retention": "30 days",
        "schedule": "Daily at 2:00 AM UTC",
        "security_risk": "CRITICAL - Publicly accessible backups",
        "storage_account": "backupsnhyf144n"
      },
      "type": [
        "object",
        {
          "container_name": "string",
          "public_url": "string",
          "retention": "string",
          "schedule": "string",
          "security_risk": "string",
          "storage_account": "string"
        }
      ]
    },
    "mongodb_vm_public_ip": {
      "value": "172.203.31.16",
      "type": "string"
    },
    "storage_account_name": {
      "value": "wizexnhyf144n",
      "type": "string"
    }
  },
  "resources": [
    {
      "mode": "managed",
      "type": "azurerm_resource_group",
      "name": "wiz_exercise",
      "provider": "provider[\"registry.terraform.io/hashicorp/azurerm\"]",
      "instances": [
        {
          "schema_version": 0,
          "attributes": {
            "id": "/subscriptions/bf3ff429-d86d-43a1-9326-f625a1e8bb50/resourceGroups/wiz-exercise-rg",
            "location": "eastus2",
            "managed_by": "",
            "name": "wiz-exercise-rg",
            "tags": null,
            "timeouts": null
          },
          "sensitive_attributes": [],
          "private": "eyJlMmJmYjczMC1lY2FhLTExZTYtOGY4OC0zNDM2M2JjN2M0YzAiOnsiY3JlYXRlIjo1NDAwMDAwMDAwMDAwLCJkZWxldGUiOjU0MDAwMDAwMDAwMDAsInJlYWQiOjMwMDAwMDAwMDAwMCwidXBkYXRlIjo1NDAwMDAwMDAwMDAwfX0="
        }
      ]
    },
    {
      "mode": "managed",
      "type": "azurerm_role_assignment",
      "name": "aks_acr_pull",
      "provider": "provider[\"registry.terraform.io/hashicorp/azurerm\"]",
      "instances": [
        {
          "schema_version": 0,
          "attributes": {
            "condition": "",
            "condition_version": "",
            "delegated_managed_identity_resource_id": "",
            "description": "",
            "id": "/subscriptions/bf3ff429-d86d-43a1-9326-f625a1e8bb50/resourceGroups/wiz-exercise-rg/providers/Microsoft.ContainerRegistry/registries/wizexerciseacrhyiathfooo/providers/Microsoft.Authorization/roleAssignments/c3f5766b-ebb2-cb95-cf64-11e44108204f",
            "name": "c3f5766b-ebb2-cb95-cf64-11e44108204f",
            "principal_id": "a798fcba-2ca8-4bbd-9406-eee217208573",
            "principal_type": "ServicePrincipal",
            "role_definition_id": "/subscriptions/bf3ff429-d86d-43a1-9326-f625a1e8bb50/providers/Microsoft.Authorization/roleDefinitions/7f951dda-4ed3-4680-a7ca-43fe172d538d",
            "role_definition_name": "AcrPull",
            "scope": "/subscriptions/bf3ff429-d86d-43a1-9326-f625a1e8bb50/resourceGroups/wiz-exercise-rg/providers/Microsoft.ContainerRegistry/registries/wizexerciseacrhyiathfooo",
            "skip_service_principal_aad_check": true,
            "timeouts": null
          },
          "sensitive_attributes": [],
          "private": "eyJlMmJmYjczMC1lY2FhLTExZTYtOGY4OC0zNDM2M2JjN2M0YzAiOnsiY3JlYXRlIjoxODAwMDAwMDAwMDAwLCJkZWxldGUiOjE4MDAwMDAwMDAwMDAsInJlYWQiOjMwMDAwMDAwMDAwMH19",
          "dependencies": [
            "azurerm_resource_group.wiz_exercise",
            "module.acr.azurerm_container_registry.wiz_acr",
            "module.aks.azurerm_user_assigned_identity.aks_kubelet"
          ]
        }
      ]
    },
    {
      "module": "module.acr",
      "mode": "managed",
      "type": "azurerm_container_registry",
      "name": "wiz_acr",
      "provider": "provider[\"registry.terraform.io/hashicorp/azurerm\"]",
      "instances": [
        {
          "schema_version": 2,
          "attributes": {
            "admin_enabled": true,
            "admin_password": "rDnklDIsxKnFkCxgRwmEJJzixSWJAEoXtgxXYdKuIC+ACRDFjRpu",
            "admin_username": "wizexerciseacrhyiathfooo",
            "anonymous_pull_enabled": false,
            "data_endpoint_enabled": false,
            "encryption": [
              {
                "enabled": false,
                "identity_client_id": "",
                "key_vault_key_id": ""
              }
            ],
            "export_policy_enabled": true,
            "georeplications": [],
            "id": "/subscriptions/bf3ff429-d86d-43a1-9326-f625a1e8bb50/resourceGroups/wiz-exercise-rg/providers/Microsoft.ContainerRegistry/registries/wizexerciseacrhyiathfooo",
            "identity": [],
            "location": "eastus2",
            "login_server": "wizexerciseacrhyiathfooo.azurecr.io",
            "name": "wizexerciseacrhyiathfooo",
            "network_rule_bypass_option": "AzureServices",
            "network_rule_set": [],
            "public_network_access_enabled": true,
            "quarantine_policy_enabled": false,
            "resource_group_name": "wiz-exercise-rg",
            "retention_policy": [
              {
                "days": 7,
                "enabled": false
              }
            ],
            "sku": "Basic",
            "tags": null,
            "timeouts": null,
            "trust_policy": [
              {
                "enabled": false
              }
            ],
            "zone_redundancy_enabled": false
          },
          "sensitive_attributes": [
            [
              {
                "type": "get_attr",
                "value": "admin_password"
              }
            ]
          ],
          "private": "eyJlMmJmYjczMC1lY2FhLTExZTYtOGY4OC0zNDM2M2JjN2M0YzAiOnsiY3JlYXRlIjoxODAwMDAwMDAwMDAwLCJkZWxldGUiOjE4MDAwMDAwMDAwMDAsInJlYWQiOjMwMDAwMDAwMDAwMCwidXBkYXRlIjoxODAwMDAwMDAwMDAwfSwic2NoZW1hX3ZlcnNpb24iOiIyIn0=",
          "dependencies": [
            "azurerm_resource_group.wiz_exercise"
          ]
        }
      ]
    },
    {
      "module": "module.aks",
      "mode": "data",
      "type": "kubernetes_namespace",
      "name": "wiz_app",
      "provider": "module.aks.provider[\"registry.terraform.io/hashicorp/kubernetes\"]",
      "instances": [
        {
          "schema_version": 0,
          "attributes": {
            "id": "wiz-app",
            "metadata": [
              {
                "annotations": {},
                "generation": 0,
                "labels": {
                  "kubernetes.io/metadata.name": "wiz-app"
                },
                "name": "wiz-app",
                "resource_version": "1505",
                "uid": "2d32dc25-4e5c-46c7-8235-5d29ed8b96e3"
              }
            ],
            "spec": [
              {
                "finalizers": [
                  "kubernetes"
                ]
              }
            ]
          },
          "sensitive_attributes": []
        }
      ]
    },
    {
      "module": "module.aks",
      "mode": "managed",
      "type": "azurerm_kubernetes_cluster",
      "name": "wiz_aks",
      "provider": "provider[\"registry.terraform.io/hashicorp/azurerm\"]",
      "instances": [
        {
          "schema_version": 2,
          "attributes": {
            "aci_connector_linux": [],
            "api_server_access_profile": [],
            "api_server_authorized_ip_ranges": [],
            "auto_scaler_profile": [],
            "automatic_channel_upgrade": "",
            "azure_active_directory_role_based_access_control": [],
            "azure_policy_enabled": null,
            "confidential_computing": [],
            "cost_analysis_enabled": false,
            "current_kubernetes_version": "1.31.8",
            "custom_ca_trust_certificates_base64": null,
            "default_node_pool": [
              {
                "capacity_reservation_group_id": "",
                "custom_ca_trust_enabled": false,
                "enable_auto_scaling": false,
                "enable_host_encryption": false,
                "enable_node_public_ip": false,
                "fips_enabled": false,
                "gpu_instance": "",
                "host_group_id": "",
                "kubelet_config": [],
                "kubelet_disk_type": "OS",
                "linux_os_config": [],
                "max_count": 0,
                "max_pods": 30,
                "message_of_the_day": "",
                "min_count": 0,
                "name": "default",
                "node_count": 2,
                "node_labels": {},
                "node_network_profile": [],
                "node_public_ip_prefix_id": "",
                "node_taints": null,
                "only_critical_addons_enabled": false,
                "orchestrator_version": "1.31",
                "os_disk_size_gb": 128,
                "os_disk_type": "Managed",
                "os_sku": "Ubuntu",
                "pod_subnet_id": "",
                "proximity_placement_group_id": "",
                "scale_down_mode": "Delete",
                "snapshot_id": "",
                "tags": null,
                "temporary_name_for_rotation": "",
                "type": "VirtualMachineScaleSets",
                "ultra_ssd_enabled": false,
                "upgrade_settings": [
                  {
                    "drain_timeout_in_minutes": 0,
                    "max_surge": "10%",
                    "node_soak_duration_in_minutes": 0
                  }
                ],
                "vm_size": "Standard_D2s_v3",
                "vnet_subnet_id": "/subscriptions/bf3ff429-d86d-43a1-9326-f625a1e8bb50/resourceGroups/wiz-exercise-rg/providers/Microsoft.Network/virtualNetworks/wiz-vnet/subnets/kubernetes-subnet",
                "workload_runtime": "",
                "zones": null
              }
            ],
            "disk_encryption_set_id": "",
            "dns_prefix": "wizaks",
            "dns_prefix_private_cluster": "",
            "edge_zone": "",
            "enable_pod_security_policy": false,
            "fqdn": "wizaks-z4cca4dw.hcp.eastus2.azmk8s.io",
            "http_application_routing_enabled": null,
            "http_application_routing_zone_name": null,
            "http_proxy_config": [],
            "id": "/subscriptions/bf3ff429-d86d-43a1-9326-f625a1e8bb50/resourceGroups/wiz-exercise-rg/providers/Microsoft.ContainerService/managedClusters/wiz-aks-cluster",
            "identity": [
              {
                "identity_ids": [
                  "/subscriptions/bf3ff429-d86d-43a1-9326-f625a1e8bb50/resourceGroups/wiz-exercise-rg/providers/Microsoft.ManagedIdentity/userAssignedIdentities/aks-control-plane-identity"
                ],
                "principal_id": "",
                "tenant_id": "",
                "type": "UserAssigned"
              }
            ],
            "image_cleaner_enabled": false,
            "image_cleaner_interval_hours": 48,
            "ingress_application_gateway": [],
            "key_management_service": [],
            "key_vault_secrets_provider": [],
            "kube_admin_config": [],
            "kube_admin_config_raw": "",
            "kube_config": [
              {
                "client_certificate": "LS0tLS1CRUdJTiBDRVJUSUZJQ0FURS0tLS0tCk1JSUZIVENDQXdXZ0F3SUJBZ0lRVE5jcnp3VjNENm84SkRCZXRuc280VEFOQmdrcWhraUc5dzBCQVFzRkFEQU4KTVFzd0NRWURWUVFERXdKallUQWVGdzB5TlRBMk1UWXhOelV6TlRSYUZ3MHlOekEyTVRZeE9EQXpOVFJhTURBeApGekFWQmdOVkJBb1REbk41YzNSbGJUcHRZWE4wWlhKek1SVXdFd1lEVlFRREV3eHRZWE4wWlhKamJHbGxiblF3CmdnSWlNQTBHQ1NxR1NJYjNEUUVCQVFVQUE0SUNEd0F3Z2dJS0FvSUNBUUM5TitiMHV6VVNGTktJRm1WYkYvQVYKZmZCUjNPdngvZVFxUDlaUDBqYnd1MVBBbkFFWFgrdS9pdlJpa0RIL213L2I4VGtkRkYyd1hWb2E4cTE2TDBENApLejhwUG5oTm84RGhSb0xqbFBoaWhrZWxFdjlEVWhhQkswVnRIMXFTN3pSTC9MbXRqUlBldGhHTjJ5NEZtVXVsCjEvcTVLWWNPWEwrREdyL1pIVVVHLzVUR2J5MkJNbGpSRTFTWHlwbTlhUFJpdGhUQWxkVS9iaEhsbkwxRW0xZWcKRHhMem01bWlXQWgrMmdFTnpqRXAyWjZQektDcjY4b0tJaEJJaHNoaHBMY1ZRSk9KbUlzYUdUMEhmL0VHK1Z4dQpmemErTFZkTDJFQmhTZ3lIK1VtMm8zM2psNExQbnVDWkpncnZFSmFhQnZET1Fibzh1QnVsS0Z6U3Jwell4WlIxCnlzanBrSHJqaUhYZVJDaHdyZWN0MnowK2NSUGN6VG1tOW9VRGxRK0VxTHdUNDdLSDVqZnNUTTJlaWJNdSt2WkEKM0xwVEpmZkhucWpDeTQxUkRpamM1TjdHaktvQWY3dldWdXdiUVlsS3dXZGw2WjZQVzNxa21OSEkrNEdtbXVzWApFNzAxT085bXI1RFhCNW5MV2VIcDlEZDF3OUJORUY5M3JPV280cHk5SVUrcDBUMk5aT0Ftak5tQzZ0bkhmWGZxCnlkdjZGTWx6S0hSekx1a1VJbHRZdDJmaU8yOGkrbTBkbzBCOXI0Z3p4QmlTMlhNQ0l4VmNDcDlVeU5FUVViMU8KVk1DRFBYTTdtTEthbHlmUlZWTmF0ZzRLUjFqWEVUSEdTV3VSdWUyQzVsUk5vMjZrMm5zempibHRoRDRZbWpPdApTZld5UXlXbnFqQXdDYVB6YndEWlB3SURBUUFCbzFZd1ZEQU9CZ05WSFE4QkFmOEVCQU1DQmFBd0V3WURWUjBsCkJBd3dDZ1lJS3dZQkJRVUhBd0l3REFZRFZSMFRBUUgvQkFJd0FEQWZCZ05WSFNNRUdEQVdnQlNIOTYrYVBQUEoKbnd5c1IzR1VPRjNuNnY1dHZUQU5CZ2txaGtpRzl3MEJBUXNGQUFPQ0FnRUFvZW41OEhOK1V5d2p4c0dSR3EzRQovdFlINGZxL0h2N1ZybVZqejlxd0dESnFzYnR5bjlQSmpXYW8ySDRCRnpOaFh3YnUvNk9tQWVWMUNvektKRm9iCkNHYjRMMHRQcGtVcXFHV2l2WkRkK1VDRVdyUjdWMGF1WFhNeHFqY0JHUHlLb2JIRmw3Z2Z3T1RzMkhRaEZDVVUKeXh5RVM1Y0o1a1lYWlg1TjIzOWl4ZEw3NTFvUElzUDZmVnVRRlg4cEo3YTFPZTZUcDlXYk9GcU1JNkRseEJUUApaWitKWlZoUC83N1ZISnVBS2ZtVmUyVW9FL3NhUUdRWXJ1NkN2dmdxbnhUV3B0dG1NZTRlb0NBQ0YveG4yV1ZsCnZicGMyTWl4a0J5dXQrdjZNUHZFZm5GMzdrTlhhdytwNW5BQnJiRXMzeXNHYnBNdUJRWWZGa0ZycThyYm9vRXgKQnRMTVM1ZGhyeGQ5eXhFdzZibXRtWmxrTEszSmFxZHJWTmU2QkpRcFVrM0lUaS83NTU1a0JhdFh1a3NIbi95SgowVjNNcE9yelhGaXgxZEZ6UUZLWFNkNGFIbFllclBIU2RkM3ZIMzlmN2xhRFJHb0JyUzhpTW5UdTlFTUIvcFJZCkJCYnJGUjlTYjJXMThMRC8rU1ZONGVvdTdCQWlnVW5oam9Tc1RmUnhiV3FBcHlSU045WCtXVXRFR0E1bGIyZzkKdzR5eXFBRWVYT2dWdks0ZGVXclVwelorOUJKSlVDSVozajhBUWhuOUM4N2Z2M3pOUElod2FESUZ0QVYzVHRuQQpENk0yZVFoRGx6L3JQdEhSRlo2UFlQbzFFaFRkVkRxejNmeHJrU0RsZDlQaEl0ZWtlN1krNkl1R0J6dzdFM21lCkk2U0ZLQmZwbU9XK2hkUFRwTDRhdUdJPQotLS0tLUVORCBDRVJUSUZJQ0FURS0tLS0tCg==",
                "client_key": "LS0tLS1CRUdJTiBSU0EgUFJJVkFURSBLRVktLS0tLQpNSUlKS1FJQkFBS0NBZ0VBdlRmbTlMczFFaFRTaUJabFd4ZndGWDN3VWR6cjhmM2tLai9XVDlJMjhMdFR3SndCCkYxL3J2NHIwWXBBeC81c1AyL0U1SFJSZHNGMWFHdkt0ZWk5QStDcy9LVDU0VGFQQTRVYUM0NVQ0WW9aSHBSTC8KUTFJV2dTdEZiUjlha3U4MFMveTVyWTBUM3JZUmpkc3VCWmxMcGRmNnVTbUhEbHkvZ3hxLzJSMUZCditVeG04dApnVEpZMFJOVWw4cVp2V2owWXJZVXdKWFZQMjRSNVp5OVJKdFhvQThTODV1Wm9sZ0lmdG9CRGM0eEtkbWVqOHlnCnErdktDaUlRU0liSVlhUzNGVUNUaVppTEdoazlCMy94QnZsY2JuODJ2aTFYUzloQVlVb01oL2xKdHFOOTQ1ZUMKejU3Z21TWUs3eENXbWdid3prRzZQTGdicFNoYzBxNmMyTVdVZGNySTZaQjY0NGgxM2tRb2NLM25MZHM5UG5FVAozTTA1cHZhRkE1VVBoS2k4RStPeWgrWTM3RXpObm9tekx2cjJRTnk2VXlYM3g1Nm93c3VOVVE0bzNPVGV4b3lxCkFIKzcxbGJzRzBHSlNzRm5aZW1lajF0NnBKalJ5UHVCcHByckZ4TzlOVGp2WnErUTF3ZVp5MW5oNmZRM2RjUFEKVFJCZmQ2emxxT0tjdlNGUHFkRTlqV1RnSm96Wmd1clp4MzEzNnNuYitoVEpjeWgwY3k3cEZDSmJXTGRuNGp0dgpJdnB0SGFOQWZhK0lNOFFZa3RsekFpTVZYQXFmVk1qUkVGRzlUbFRBZ3oxek81aXltcGNuMFZWVFdyWU9Da2RZCjF4RXh4a2xya2JudGd1WlVUYU51cE5wN000MjViWVErR0pvenJVbjFza01scDZvd01BbWo4MjhBMlQ4Q0F3RUEKQVFLQ0FnQndyL2cxeThBQmNyRW5KdDlaN3RtbWt3Z3FXTDJUc3JiTmlwTWhtbm5weUVaS3NSM2RROXpzaDk2ZgpUR3phWXdpQTNobzdmVU9Hb3pIa1ZwNkY0OXAzY1puK0FCdzVjTXFQM3lSWVVRSFQrMUJ6dU9xWXR5eDc1TDlHCkM2UXZXWkgxcHg4VmdxMVF0M0dnMytWNnBCN3ZONzh6d3MyUitoNTcvOVE5Z3piMndnTmlZaGZobDVCWmczK2YKbnFNTXNKTEtydEdSR0NxVnlnR1NrMVFNcGM3N25iNlZvaGRQSGNxQmNXZXJSeDcwWTR3UTY3Yk1iSEk0c3F5cgo1TWsxalprVGFRLzBwQXBEa3NCTDFTQkFIUVcxTU1IelpLRldwQVZEYTR3bTlvbTE0WXc1bktQazdpT29VWVcxCmRsV2FpWU9qOG5UdGNGL1dia0ZKbjMvOWdUMjJHcFYzekQ3V2VlOHc4dXA2UG8xaGkwTmlFT3VZeHd0eDk5TjMKOGJ0dDFNb3l5cS9SdTBMSXBJc2xPdFJYQm5sY3FwVHhIcHBSaGNWUW40L2VnZm1pSlpVWGxiUms1SDQ3RXd3Swo2aDZEWTV3N21SVFZESXBlWDJWdjFaZmxBT2JSUG1vU24zaklJZTJGZTBtMEhYOE1ZSjJzKy80MVVTYm54RElBCnZCOWJDdll3YVVpYTFac25qM1N0aHdTTzZJa05XSFl6em1ScFByQk9VZG9aTThFdTk0QmdFSlVZQXJXVUdPMjEKdTNrbExWS2RGTkJybmkxUlI4VkhWUS9SaU4zd2paZTNBSmRCWTFDSEl0Z1Vhak5EQWY1K0htcGlyYUZWeWU0bgp6UzI1anFOeGpYei9MT1dJaENPbmlCcWpMc0JCdE5EL1JpN20yVEliWEthMEtCRXZFUUtDQVFFQTBxSkZyaW5UCjVKWW1jUXRrN0dFOXpYWGhhMURlMnFjREdSUkdHZ0N5TVRUUUg1S1FFOFByRktpZXRkS2I4eUVhejNQRG4rak8KL0hBbjkxOFJHc1h5OXpqbEczNTE2dFBjYzhFSUw4OGwyMDd4QWdqOEJLei9BU0ZzRVBuWUIrODR6dHhpSTNOMgowNHA1Z1BaOVBLZkI3NUJVUGRrRFBwY1F2a1dTY1pORHFsTW1IWVBreDFJWjdKZE1lUTNsenpIMTlpc0V3QkVxCnA3eEw5eDQ0T1YwTGRENGNxcjV6K3Jtcm5WNUNaMU05b1VtbTBnSGowRjA5NUhuVDM5MHlVV2tYWmphMUsxaUMKdGxibnk5RGZDcVlBNHg3Slg1OWYwOFNsckJtc2ZwdTRxdVNzY2RmV0haaHpINWVhNCtOOXMvMjJpUUNOVi9tbQpjc0gvbjBQQmdyUVBpd0tDQVFFQTVmalhvd3MzTEUzeG0vZjZ5WmZoOWZNL2M4a1lDUWVSZmNZUDEybmRYZHNsCkNhV1plNDR0RUlEREUrdzJCK3dCaTJWUHU3Y2E4emhRU1RSQjZBWnhnbGpISHpWUGR6TUtjbm53Mnl3eVBUY2wKSnFkQ0JpVFM1MjlvTjVubjhIcFRicFhPOFF2QTRQeGNMcjBnSUpkRS81QUxzbXBhRTdhSGVKQlcvclpJN1BuSwpQZG93Mkg2Z3ZSYzMyYU9MT2FkTEpiVnFyb01OWXFmVDRLVmpBN205NXpKR2JtZXFEZm5sd3NKMGhaRlNaSUZUCllKaUpHY1J3Y2VaaWxDTHVXdVplQnQ3aW1UdDl5K2FKbnVNeWMxaHQ3UURvNXlUYlNxenNzcVo3bUkyVDE1TU0KSFFRclAxcVc2ZHh1R3BaZ09kZXErZm80WjRmTWJiaFVQSExsYWNRVG5RS0NBUUFqTXdzQjkrdDVINzU4MWJLZgo3Z0F0L2EwV0NnV3o5SVVJQStOVEpScWlMbms1VFh6V1VMOVFUSDE1VlNES21KV3FaV1lqcXZ3c0kzSUtYTkMyCjhLMlJzdWhXbCtPTXdxcnNqUzJaRDd6NzBVMWxVYXNML1AwQWExMXIyTlRKUHFqM3FNeWRzQVlEZy9pYUhKY0IKTStlczZTbXF6RUZHakdnMzQ5aDlNbWIwWjhETzNlTzFpM3JabHM4b3k3SEQxazJNUGRRbFpMa0VIdXR5K0pIYwp4RGZOelROdE5UYWNoN3F1S2JwZkdnSUttZ3hPdkJJZUYvYm4zNVFRclI1ampIUmttRy9lTm9SaGhGUm9NeGVTCjUvcnQrWThkYzd6SDN1end2Ym1kenRnbGR1RjZoTjg3UXVhNk9OT2hrYnJJQVhZbm52Zi80N0IxTFFaU3p6ZmYKWjhmUkFvSUJBUUNTYmNUWDR1OUpmWU9tdk5ucGZKVDY1dHh6SEFyNnpOL2R4cndWZkNuZ2RnWDZRNEFieE9aNgp5Skh0NEl4eXROb3k2TnBBK3hEazV1bHdBeDhuM3RwdGxadU1Db1REc0RNcHV1MGFrT1NZUjhHWEFBNnhITWRSClo0VmpTZEwrTXRWbTUycHgzdnI4QnBPbml2S203Y3FZTXg3UGhwbytUUTJyUGJTMjBGaFUwNlByaUQ5cnlnME0KK1hpdFVrMzI4c2VOaGhzY2JRT2IycUsxT25sMlNORmJJWTdwQTRhckNZQTdaMWVNS0lEZXo5M0g5cmZ0T1VBagp0ZjcwdGQwdzhkZlM1aDVBVlRuL0Y1WnZIZGpreXR5TGVQWFRINHVsMjcrRzdTeHJjVkkraERuRlMvOUJncXZ1CjBsVWxCclRVZjdjMUhoYkdEUmlra0NiS3FwbmFvMmVkQW9JQkFRQ0UrcW81WWpkcjI0dndxckExM1pnZll3RWYKY3g5aVNZWTcrbk1VandmSTZVZHhiZU5oRkhCaGw1LzBjUWZLUlMwUHdIVGpucDczYVcwK1U0YWhKT09Vak5rWApWZlQ1OW5tVWdTUG9mTUt0QkU2WURJOElOc3VMd1NQdmpwaFJ6RFl4Y0FpWHV6eFVmbHRoTjQ1SmxxeGhjTG1IClZnVHpmNkYvaTlLVHd6cG9YK05PMVBlTjBJSTdpY2I1V1pzbUtRajNOS2hab3k5QmdQSHVZTWtVTG9SSE5pbnMKbkZyUlZTNGN0S2VHcWh2REE0NCtNajNXdjVSNjFhQVN6ZGNlZ05qVXlTOFJsOGFZU2dYeGxSMm9HK1ppK25RZgp5RWtsMjFGZE5iLzJxN0lCVXBnUEZmTUdSZm5hcVdQRkRnbFpzYXgwa0dFK3pYZkhQMno2QmVZSnA0YTIKLS0tLS1FTkQgUlNBIFBSSVZBVEUgS0VZLS0tLS0K",
                "cluster_ca_certificate": "LS0tLS1CRUdJTiBDRVJUSUZJQ0FURS0tLS0tCk1JSUU2VENDQXRHZ0F3SUJBZ0lSQU16QXl4cXhUK0VQV1E1dlF4TnBQL0l3RFFZSktvWklodmNOQVFFTEJRQXcKRFRFTE1Ba0dBMVVFQXhNQ1kyRXdJQmNOTWpVd05qRTJNVGMxTXpVMFdoZ1BNakExTlRBMk1UWXhPREF6TlRSYQpNQTB4Q3pBSkJnTlZCQU1UQW1OaE1JSUNJakFOQmdrcWhraUc5dzBCQVFFRkFBT0NBZzhBTUlJQ0NnS0NBZ0VBCngxVTRRMkR3K1lFZ1pqQ1RpTjAxdnVWMTRNT0dUa0tZVStxV2V3a1pKcFZmNGp3bjJpdVdGS2JGM24vUFFxbkEKdWtoYk50cEhPL0ZDM05qTFVLNWY2NjJzNXlnZnpsK2xLUEJyMEJIbHgzMkdxUjBqdFZvUXIranhuZlNzcGdIdgoycUFsZ1FRNUx1RG5ldW5oNWlYQURuR3A2ZEZnVUNZY1cva3Urakx1NnFOVXVROHFzRERMNlJ1Z09yNkdldnhiCi9yVW1XbTQwY3g0UUxtRUlweTFkYW1TV3NiWTRUanhHSHp2dTBGUDdsYzhtM0lDQjNuZlM1dHlLR0lTY3lxdjQKbVZYQXJnSVNNd1pJL1ZIZC9JWlNDc09oRVh2MFhPYUlRRHJ5a2hjVy9BcStkSVNkVHZjVVcxYXFtRXRWdUpyNApMZmNPYkVsQ1Fac1JjazFGSjNLZ1c4eDhyTHRIa3g4TlRzQ1pidk1iRnZEcjZ4YnpIc3o3aE9Bbkhsd2ZCc0o2CmdVbFFVTHJqK3ZaMzB5Vit2L0d2SXUvRG5PNUMrQmFsdGE3bFkxQngrcHkzTU5xUERwa3dxeWdJbTlKSXN1a2MKNXZzMkFLd2FSNDdDUm9GY0Y4Y2Z0NmhYWUJBTjZuTjMzR2pUVHI5dnFuWG42bkg3UkFJaFFNUUdmaEE0MnA3MQovSjJqZ2l3UjNUNVpnMHVodVRKZWJHMGNsb21BQXFjWExPVjhjYlNEM2Rkek5vS083WmhFN25wSFZoQVlQQTd1CjZIWjhKK0VmZzJVcWdwc29BWHBvSm5ycXM4eEtjK1A0dElVYXJvNEhra2tTM2FrUjQvaVEzdHd5QVM3WjZBc1IKaWVHN01SNjBnWmdTS05xMXVvaHRROEdyRlZTUklMZDRCUVovWENST2RaOENBd0VBQWFOQ01FQXdEZ1lEVlIwUApBUUgvQkFRREFnS2tNQThHQTFVZEV3RUIvd1FGTUFNQkFmOHdIUVlEVlIwT0JCWUVGSWYzcjVvODg4bWZES3hICmNaUTRYZWZxL20yOU1BMEdDU3FHU0liM0RRRUJDd1VBQTRJQ0FRQSs2eitWS2hiNU5Qam5HcEhHVkhiSGxQOXcKbGIrYlIxK2hhenFBR3h5cFJPQjVvRzRRSzBqYktxR0tWSHZJZWFPWlZGMjRHd0ttM0ViTmZiOHpnempNbmFJeAp1NlRyZFBGL01EZVEzdGJ1RnFKRGs0OXhPbktYUzF3dUZhazc0YzNLK1BIblVjT1VUbStmUmoyazRvYnFNMWxYCjR4dVlwcmlhQW0zcXZjTFR1ekpvaThNWU5ONVYxZFBDZUh2a0JhaGlBU0FldUdyUzRLNVg5NGxzWE84eTB6WUkKbmJFaDIwVE92U1JyUGUybnR2YkxQczRkQzNoaFcxWDBXWkJVcko3aytSbllYTnd4TGtnQ3NySWJoanQ4TThmYwpPY1Fhbngrb2p0cUVQa3l3OEtvblhMYUlMOUhpZjA4ZXpXZ1piZDMybkpxNnp4TW1BeVYzTmhLRFJHSUcvUFJVCjYzWkYyRVNsbE9wMHNkNGVlMHR4MmlDUmdUblBjVXMwaVhFUWpvM21GVEo5WmF0TnFxM3NhMU9WSjJVaWxTenEKTFRKTlZpck96ak11RmJ4eVZ6a3JUSThMWmhqVWE2R0t6NzdsYm9IT25RKzBmZUVZK3MvWk9RT3UzNjVyY0dRegpUcWZoeVQvSy9DazdKUFNFOTF2azgrYVBtY25PakFBOXlnSm1MZEdNRTZicE12VnlRelZwLzhMbXZnVVRHSDdoCmxSR0dYQ2lZcjhtYXRMZjh2QjdVQ0pvVVAyZ3RuSzBnT3htSjZMVWlDaWZyMEJiVXQ5Y1RIc0FHd3U3aU45ZEYKamU4WXN2djBQZG1za3F5Q0RBVHdqTGVnRWJ3Y2JTY28xYzQzaHI2aWFRTGFmSHNLV1RQN1hEUFF6czdqU1JIKwpBZFBJWjBDbUE0dTB0Uk9xMkE9PQotLS0tLUVORCBDRVJUSUZJQ0FURS0tLS0tCg==",
                "host": "https://wizaks-z4cca4dw.hcp.eastus2.azmk8s.io:443",
                "password": "mnet2olxpu4dpzqv7tzdbhqq4huuxbw23rrr2a9avw7tlr7t8us9in4z5twasspld3zw3l9xzxus8agj0u50mv66jkhgy6nj5wayz9pmp3ap2vsldbjjz8tkfb7zx5um",
                "username": "clusterUser_wiz-exercise-rg_wiz-aks-cluster"
              }
            ],
            "kube_config_raw": "apiVersion: v1\nclusters:\n- cluster:\n    certificate-authority-data: LS0tLS1CRUdJTiBDRVJUSUZJQ0FURS0tLS0tCk1JSUU2VENDQXRHZ0F3SUJBZ0lSQU16QXl4cXhUK0VQV1E1dlF4TnBQL0l3RFFZSktvWklodmNOQVFFTEJRQXcKRFRFTE1Ba0dBMVVFQXhNQ1kyRXdJQmNOTWpVd05qRTJNVGMxTXpVMFdoZ1BNakExTlRBMk1UWXhPREF6TlRSYQpNQTB4Q3pBSkJnTlZCQU1UQW1OaE1JSUNJakFOQmdrcWhraUc5dzBCQVFFRkFBT0NBZzhBTUlJQ0NnS0NBZ0VBCngxVTRRMkR3K1lFZ1pqQ1RpTjAxdnVWMTRNT0dUa0tZVStxV2V3a1pKcFZmNGp3bjJpdVdGS2JGM24vUFFxbkEKdWtoYk50cEhPL0ZDM05qTFVLNWY2NjJzNXlnZnpsK2xLUEJyMEJIbHgzMkdxUjBqdFZvUXIranhuZlNzcGdIdgoycUFsZ1FRNUx1RG5ldW5oNWlYQURuR3A2ZEZnVUNZY1cva3Urakx1NnFOVXVROHFzRERMNlJ1Z09yNkdldnhiCi9yVW1XbTQwY3g0UUxtRUlweTFkYW1TV3NiWTRUanhHSHp2dTBGUDdsYzhtM0lDQjNuZlM1dHlLR0lTY3lxdjQKbVZYQXJnSVNNd1pJL1ZIZC9JWlNDc09oRVh2MFhPYUlRRHJ5a2hjVy9BcStkSVNkVHZjVVcxYXFtRXRWdUpyNApMZmNPYkVsQ1Fac1JjazFGSjNLZ1c4eDhyTHRIa3g4TlRzQ1pidk1iRnZEcjZ4YnpIc3o3aE9Bbkhsd2ZCc0o2CmdVbFFVTHJqK3ZaMzB5Vit2L0d2SXUvRG5PNUMrQmFsdGE3bFkxQngrcHkzTU5xUERwa3dxeWdJbTlKSXN1a2MKNXZzMkFLd2FSNDdDUm9GY0Y4Y2Z0NmhYWUJBTjZuTjMzR2pUVHI5dnFuWG42bkg3UkFJaFFNUUdmaEE0MnA3MQovSjJqZ2l3UjNUNVpnMHVodVRKZWJHMGNsb21BQXFjWExPVjhjYlNEM2Rkek5vS083WmhFN25wSFZoQVlQQTd1CjZIWjhKK0VmZzJVcWdwc29BWHBvSm5ycXM4eEtjK1A0dElVYXJvNEhra2tTM2FrUjQvaVEzdHd5QVM3WjZBc1IKaWVHN01SNjBnWmdTS05xMXVvaHRROEdyRlZTUklMZDRCUVovWENST2RaOENBd0VBQWFOQ01FQXdEZ1lEVlIwUApBUUgvQkFRREFnS2tNQThHQTFVZEV3RUIvd1FGTUFNQkFmOHdIUVlEVlIwT0JCWUVGSWYzcjVvODg4bWZES3hICmNaUTRYZWZxL20yOU1BMEdDU3FHU0liM0RRRUJDd1VBQTRJQ0FRQSs2eitWS2hiNU5Qam5HcEhHVkhiSGxQOXcKbGIrYlIxK2hhenFBR3h5cFJPQjVvRzRRSzBqYktxR0tWSHZJZWFPWlZGMjRHd0ttM0ViTmZiOHpnempNbmFJeAp1NlRyZFBGL01EZVEzdGJ1RnFKRGs0OXhPbktYUzF3dUZhazc0YzNLK1BIblVjT1VUbStmUmoyazRvYnFNMWxYCjR4dVlwcmlhQW0zcXZjTFR1ekpvaThNWU5ONVYxZFBDZUh2a0JhaGlBU0FldUdyUzRLNVg5NGxzWE84eTB6WUkKbmJFaDIwVE92U1JyUGUybnR2YkxQczRkQzNoaFcxWDBXWkJVcko3aytSbllYTnd4TGtnQ3NySWJoanQ4TThmYwpPY1Fhbngrb2p0cUVQa3l3OEtvblhMYUlMOUhpZjA4ZXpXZ1piZDMybkpxNnp4TW1BeVYzTmhLRFJHSUcvUFJVCjYzWkYyRVNsbE9wMHNkNGVlMHR4MmlDUmdUblBjVXMwaVhFUWpvM21GVEo5WmF0TnFxM3NhMU9WSjJVaWxTenEKTFRKTlZpck96ak11RmJ4eVZ6a3JUSThMWmhqVWE2R0t6NzdsYm9IT25RKzBmZUVZK3MvWk9RT3UzNjVyY0dRegpUcWZoeVQvSy9DazdKUFNFOTF2azgrYVBtY25PakFBOXlnSm1MZEdNRTZicE12VnlRelZwLzhMbXZnVVRHSDdoCmxSR0dYQ2lZcjhtYXRMZjh2QjdVQ0pvVVAyZ3RuSzBnT3htSjZMVWlDaWZyMEJiVXQ5Y1RIc0FHd3U3aU45ZEYKamU4WXN2djBQZG1za3F5Q0RBVHdqTGVnRWJ3Y2JTY28xYzQzaHI2aWFRTGFmSHNLV1RQN1hEUFF6czdqU1JIKwpBZFBJWjBDbUE0dTB0Uk9xMkE9PQotLS0tLUVORCBDRVJUSUZJQ0FURS0tLS0tCg==\n    server: https://wizaks-z4cca4dw.hcp.eastus2.azmk8s.io:443\n  name: wiz-aks-cluster\ncontexts:\n- context:\n    cluster: wiz-aks-cluster\n    user: clusterUser_wiz-exercise-rg_wiz-aks-cluster\n  name: wiz-aks-cluster\ncurrent-context: wiz-aks-cluster\nkind: Config\npreferences: {}\nusers:\n- name: clusterUser_wiz-exercise-rg_wiz-aks-cluster\n  user:\n    client-certificate-data: LS0tLS1CRUdJTiBDRVJUSUZJQ0FURS0tLS0tCk1JSUZIVENDQXdXZ0F3SUJBZ0lRVE5jcnp3VjNENm84SkRCZXRuc280VEFOQmdrcWhraUc5dzBCQVFzRkFEQU4KTVFzd0NRWURWUVFERXdKallUQWVGdzB5TlRBMk1UWXhOelV6TlRSYUZ3MHlOekEyTVRZeE9EQXpOVFJhTURBeApGekFWQmdOVkJBb1REbk41YzNSbGJUcHRZWE4wWlhKek1SVXdFd1lEVlFRREV3eHRZWE4wWlhKamJHbGxiblF3CmdnSWlNQTBHQ1NxR1NJYjNEUUVCQVFVQUE0SUNEd0F3Z2dJS0FvSUNBUUM5TitiMHV6VVNGTktJRm1WYkYvQVYKZmZCUjNPdngvZVFxUDlaUDBqYnd1MVBBbkFFWFgrdS9pdlJpa0RIL213L2I4VGtkRkYyd1hWb2E4cTE2TDBENApLejhwUG5oTm84RGhSb0xqbFBoaWhrZWxFdjlEVWhhQkswVnRIMXFTN3pSTC9MbXRqUlBldGhHTjJ5NEZtVXVsCjEvcTVLWWNPWEwrREdyL1pIVVVHLzVUR2J5MkJNbGpSRTFTWHlwbTlhUFJpdGhUQWxkVS9iaEhsbkwxRW0xZWcKRHhMem01bWlXQWgrMmdFTnpqRXAyWjZQektDcjY4b0tJaEJJaHNoaHBMY1ZRSk9KbUlzYUdUMEhmL0VHK1Z4dQpmemErTFZkTDJFQmhTZ3lIK1VtMm8zM2psNExQbnVDWkpncnZFSmFhQnZET1Fibzh1QnVsS0Z6U3Jwell4WlIxCnlzanBrSHJqaUhYZVJDaHdyZWN0MnowK2NSUGN6VG1tOW9VRGxRK0VxTHdUNDdLSDVqZnNUTTJlaWJNdSt2WkEKM0xwVEpmZkhucWpDeTQxUkRpamM1TjdHaktvQWY3dldWdXdiUVlsS3dXZGw2WjZQVzNxa21OSEkrNEdtbXVzWApFNzAxT085bXI1RFhCNW5MV2VIcDlEZDF3OUJORUY5M3JPV280cHk5SVUrcDBUMk5aT0Ftak5tQzZ0bkhmWGZxCnlkdjZGTWx6S0hSekx1a1VJbHRZdDJmaU8yOGkrbTBkbzBCOXI0Z3p4QmlTMlhNQ0l4VmNDcDlVeU5FUVViMU8KVk1DRFBYTTdtTEthbHlmUlZWTmF0ZzRLUjFqWEVUSEdTV3VSdWUyQzVsUk5vMjZrMm5zempibHRoRDRZbWpPdApTZld5UXlXbnFqQXdDYVB6YndEWlB3SURBUUFCbzFZd1ZEQU9CZ05WSFE4QkFmOEVCQU1DQmFBd0V3WURWUjBsCkJBd3dDZ1lJS3dZQkJRVUhBd0l3REFZRFZSMFRBUUgvQkFJd0FEQWZCZ05WSFNNRUdEQVdnQlNIOTYrYVBQUEoKbnd5c1IzR1VPRjNuNnY1dHZUQU5CZ2txaGtpRzl3MEJBUXNGQUFPQ0FnRUFvZW41OEhOK1V5d2p4c0dSR3EzRQovdFlINGZxL0h2N1ZybVZqejlxd0dESnFzYnR5bjlQSmpXYW8ySDRCRnpOaFh3YnUvNk9tQWVWMUNvektKRm9iCkNHYjRMMHRQcGtVcXFHV2l2WkRkK1VDRVdyUjdWMGF1WFhNeHFqY0JHUHlLb2JIRmw3Z2Z3T1RzMkhRaEZDVVUKeXh5RVM1Y0o1a1lYWlg1TjIzOWl4ZEw3NTFvUElzUDZmVnVRRlg4cEo3YTFPZTZUcDlXYk9GcU1JNkRseEJUUApaWitKWlZoUC83N1ZISnVBS2ZtVmUyVW9FL3NhUUdRWXJ1NkN2dmdxbnhUV3B0dG1NZTRlb0NBQ0YveG4yV1ZsCnZicGMyTWl4a0J5dXQrdjZNUHZFZm5GMzdrTlhhdytwNW5BQnJiRXMzeXNHYnBNdUJRWWZGa0ZycThyYm9vRXgKQnRMTVM1ZGhyeGQ5eXhFdzZibXRtWmxrTEszSmFxZHJWTmU2QkpRcFVrM0lUaS83NTU1a0JhdFh1a3NIbi95SgowVjNNcE9yelhGaXgxZEZ6UUZLWFNkNGFIbFllclBIU2RkM3ZIMzlmN2xhRFJHb0JyUzhpTW5UdTlFTUIvcFJZCkJCYnJGUjlTYjJXMThMRC8rU1ZONGVvdTdCQWlnVW5oam9Tc1RmUnhiV3FBcHlSU045WCtXVXRFR0E1bGIyZzkKdzR5eXFBRWVYT2dWdks0ZGVXclVwelorOUJKSlVDSVozajhBUWhuOUM4N2Z2M3pOUElod2FESUZ0QVYzVHRuQQpENk0yZVFoRGx6L3JQdEhSRlo2UFlQbzFFaFRkVkRxejNmeHJrU0RsZDlQaEl0ZWtlN1krNkl1R0J6dzdFM21lCkk2U0ZLQmZwbU9XK2hkUFRwTDRhdUdJPQotLS0tLUVORCBDRVJUSUZJQ0FURS0tLS0tCg==\n    client-key-data: LS0tLS1CRUdJTiBSU0EgUFJJVkFURSBLRVktLS0tLQpNSUlKS1FJQkFBS0NBZ0VBdlRmbTlMczFFaFRTaUJabFd4ZndGWDN3VWR6cjhmM2tLai9XVDlJMjhMdFR3SndCCkYxL3J2NHIwWXBBeC81c1AyL0U1SFJSZHNGMWFHdkt0ZWk5QStDcy9LVDU0VGFQQTRVYUM0NVQ0WW9aSHBSTC8KUTFJV2dTdEZiUjlha3U4MFMveTVyWTBUM3JZUmpkc3VCWmxMcGRmNnVTbUhEbHkvZ3hxLzJSMUZCditVeG04dApnVEpZMFJOVWw4cVp2V2owWXJZVXdKWFZQMjRSNVp5OVJKdFhvQThTODV1Wm9sZ0lmdG9CRGM0eEtkbWVqOHlnCnErdktDaUlRU0liSVlhUzNGVUNUaVppTEdoazlCMy94QnZsY2JuODJ2aTFYUzloQVlVb01oL2xKdHFOOTQ1ZUMKejU3Z21TWUs3eENXbWdid3prRzZQTGdicFNoYzBxNmMyTVdVZGNySTZaQjY0NGgxM2tRb2NLM25MZHM5UG5FVAozTTA1cHZhRkE1VVBoS2k4RStPeWgrWTM3RXpObm9tekx2cjJRTnk2VXlYM3g1Nm93c3VOVVE0bzNPVGV4b3lxCkFIKzcxbGJzRzBHSlNzRm5aZW1lajF0NnBKalJ5UHVCcHByckZ4TzlOVGp2WnErUTF3ZVp5MW5oNmZRM2RjUFEKVFJCZmQ2emxxT0tjdlNGUHFkRTlqV1RnSm96Wmd1clp4MzEzNnNuYitoVEpjeWgwY3k3cEZDSmJXTGRuNGp0dgpJdnB0SGFOQWZhK0lNOFFZa3RsekFpTVZYQXFmVk1qUkVGRzlUbFRBZ3oxek81aXltcGNuMFZWVFdyWU9Da2RZCjF4RXh4a2xya2JudGd1WlVUYU51cE5wN000MjViWVErR0pvenJVbjFza01scDZvd01BbWo4MjhBMlQ4Q0F3RUEKQVFLQ0FnQndyL2cxeThBQmNyRW5KdDlaN3RtbWt3Z3FXTDJUc3JiTmlwTWhtbm5weUVaS3NSM2RROXpzaDk2ZgpUR3phWXdpQTNobzdmVU9Hb3pIa1ZwNkY0OXAzY1puK0FCdzVjTXFQM3lSWVVRSFQrMUJ6dU9xWXR5eDc1TDlHCkM2UXZXWkgxcHg4VmdxMVF0M0dnMytWNnBCN3ZONzh6d3MyUitoNTcvOVE5Z3piMndnTmlZaGZobDVCWmczK2YKbnFNTXNKTEtydEdSR0NxVnlnR1NrMVFNcGM3N25iNlZvaGRQSGNxQmNXZXJSeDcwWTR3UTY3Yk1iSEk0c3F5cgo1TWsxalprVGFRLzBwQXBEa3NCTDFTQkFIUVcxTU1IelpLRldwQVZEYTR3bTlvbTE0WXc1bktQazdpT29VWVcxCmRsV2FpWU9qOG5UdGNGL1dia0ZKbjMvOWdUMjJHcFYzekQ3V2VlOHc4dXA2UG8xaGkwTmlFT3VZeHd0eDk5TjMKOGJ0dDFNb3l5cS9SdTBMSXBJc2xPdFJYQm5sY3FwVHhIcHBSaGNWUW40L2VnZm1pSlpVWGxiUms1SDQ3RXd3Swo2aDZEWTV3N21SVFZESXBlWDJWdjFaZmxBT2JSUG1vU24zaklJZTJGZTBtMEhYOE1ZSjJzKy80MVVTYm54RElBCnZCOWJDdll3YVVpYTFac25qM1N0aHdTTzZJa05XSFl6em1ScFByQk9VZG9aTThFdTk0QmdFSlVZQXJXVUdPMjEKdTNrbExWS2RGTkJybmkxUlI4VkhWUS9SaU4zd2paZTNBSmRCWTFDSEl0Z1Vhak5EQWY1K0htcGlyYUZWeWU0bgp6UzI1anFOeGpYei9MT1dJaENPbmlCcWpMc0JCdE5EL1JpN20yVEliWEthMEtCRXZFUUtDQVFFQTBxSkZyaW5UCjVKWW1jUXRrN0dFOXpYWGhhMURlMnFjREdSUkdHZ0N5TVRUUUg1S1FFOFByRktpZXRkS2I4eUVhejNQRG4rak8KL0hBbjkxOFJHc1h5OXpqbEczNTE2dFBjYzhFSUw4OGwyMDd4QWdqOEJLei9BU0ZzRVBuWUIrODR6dHhpSTNOMgowNHA1Z1BaOVBLZkI3NUJVUGRrRFBwY1F2a1dTY1pORHFsTW1IWVBreDFJWjdKZE1lUTNsenpIMTlpc0V3QkVxCnA3eEw5eDQ0T1YwTGRENGNxcjV6K3Jtcm5WNUNaMU05b1VtbTBnSGowRjA5NUhuVDM5MHlVV2tYWmphMUsxaUMKdGxibnk5RGZDcVlBNHg3Slg1OWYwOFNsckJtc2ZwdTRxdVNzY2RmV0haaHpINWVhNCtOOXMvMjJpUUNOVi9tbQpjc0gvbjBQQmdyUVBpd0tDQVFFQTVmalhvd3MzTEUzeG0vZjZ5WmZoOWZNL2M4a1lDUWVSZmNZUDEybmRYZHNsCkNhV1plNDR0RUlEREUrdzJCK3dCaTJWUHU3Y2E4emhRU1RSQjZBWnhnbGpISHpWUGR6TUtjbm53Mnl3eVBUY2wKSnFkQ0JpVFM1MjlvTjVubjhIcFRicFhPOFF2QTRQeGNMcjBnSUpkRS81QUxzbXBhRTdhSGVKQlcvclpJN1BuSwpQZG93Mkg2Z3ZSYzMyYU9MT2FkTEpiVnFyb01OWXFmVDRLVmpBN205NXpKR2JtZXFEZm5sd3NKMGhaRlNaSUZUCllKaUpHY1J3Y2VaaWxDTHVXdVplQnQ3aW1UdDl5K2FKbnVNeWMxaHQ3UURvNXlUYlNxenNzcVo3bUkyVDE1TU0KSFFRclAxcVc2ZHh1R3BaZ09kZXErZm80WjRmTWJiaFVQSExsYWNRVG5RS0NBUUFqTXdzQjkrdDVINzU4MWJLZgo3Z0F0L2EwV0NnV3o5SVVJQStOVEpScWlMbms1VFh6V1VMOVFUSDE1VlNES21KV3FaV1lqcXZ3c0kzSUtYTkMyCjhLMlJzdWhXbCtPTXdxcnNqUzJaRDd6NzBVMWxVYXNML1AwQWExMXIyTlRKUHFqM3FNeWRzQVlEZy9pYUhKY0IKTStlczZTbXF6RUZHakdnMzQ5aDlNbWIwWjhETzNlTzFpM3JabHM4b3k3SEQxazJNUGRRbFpMa0VIdXR5K0pIYwp4RGZOelROdE5UYWNoN3F1S2JwZkdnSUttZ3hPdkJJZUYvYm4zNVFRclI1ampIUmttRy9lTm9SaGhGUm9NeGVTCjUvcnQrWThkYzd6SDN1end2Ym1kenRnbGR1RjZoTjg3UXVhNk9OT2hrYnJJQVhZbm52Zi80N0IxTFFaU3p6ZmYKWjhmUkFvSUJBUUNTYmNUWDR1OUpmWU9tdk5ucGZKVDY1dHh6SEFyNnpOL2R4cndWZkNuZ2RnWDZRNEFieE9aNgp5Skh0NEl4eXROb3k2TnBBK3hEazV1bHdBeDhuM3RwdGxadU1Db1REc0RNcHV1MGFrT1NZUjhHWEFBNnhITWRSClo0VmpTZEwrTXRWbTUycHgzdnI4QnBPbml2S203Y3FZTXg3UGhwbytUUTJyUGJTMjBGaFUwNlByaUQ5cnlnME0KK1hpdFVrMzI4c2VOaGhzY2JRT2IycUsxT25sMlNORmJJWTdwQTRhckNZQTdaMWVNS0lEZXo5M0g5cmZ0T1VBagp0ZjcwdGQwdzhkZlM1aDVBVlRuL0Y1WnZIZGpreXR5TGVQWFRINHVsMjcrRzdTeHJjVkkraERuRlMvOUJncXZ1CjBsVWxCclRVZjdjMUhoYkdEUmlra0NiS3FwbmFvMmVkQW9JQkFRQ0UrcW81WWpkcjI0dndxckExM1pnZll3RWYKY3g5aVNZWTcrbk1VandmSTZVZHhiZU5oRkhCaGw1LzBjUWZLUlMwUHdIVGpucDczYVcwK1U0YWhKT09Vak5rWApWZlQ1OW5tVWdTUG9mTUt0QkU2WURJOElOc3VMd1NQdmpwaFJ6RFl4Y0FpWHV6eFVmbHRoTjQ1SmxxeGhjTG1IClZnVHpmNkYvaTlLVHd6cG9YK05PMVBlTjBJSTdpY2I1V1pzbUtRajNOS2hab3k5QmdQSHVZTWtVTG9SSE5pbnMKbkZyUlZTNGN0S2VHcWh2REE0NCtNajNXdjVSNjFhQVN6ZGNlZ05qVXlTOFJsOGFZU2dYeGxSMm9HK1ppK25RZgp5RWtsMjFGZE5iLzJxN0lCVXBnUEZmTUdSZm5hcVdQRkRnbFpzYXgwa0dFK3pYZkhQMno2QmVZSnA0YTIKLS0tLS1FTkQgUlNBIFBSSVZBVEUgS0VZLS0tLS0K\n    token: mnet2olxpu4dpzqv7tzdbhqq4huuxbw23rrr2a9avw7tlr7t8us9in4z5twasspld3zw3l9xzxus8agj0u50mv66jkhgy6nj5wayz9pmp3ap2vsldbjjz8tkfb7zx5um\n",
            "kubelet_identity": [
              {
                "client_id": "dca1038c-ab3f-49de-9816-2a1e24271208",
                "object_id": "a798fcba-2ca8-4bbd-9406-eee217208573",
                "user_assigned_identity_id": "/subscriptions/bf3ff429-d86d-43a1-9326-f625a1e8bb50/resourceGroups/wiz-exercise-rg/providers/Microsoft.ManagedIdentity/userAssignedIdentities/aks-kubelet-identity"
              }
            ],
            "kubernetes_version": "1.31",
            "linux_profile": [],
            "local_account_disabled": false,
            "location": "eastus2",
            "maintenance_window": [],
            "maintenance_window_auto_upgrade": [],
            "maintenance_window_node_os": [],
            "microsoft_defender": [],
            "monitor_metrics": [],
            "name": "wiz-aks-cluster",
            "network_profile": [
              {
                "dns_service_ip": "10.0.3.10",
                "docker_bridge_cidr": "",
                "ebpf_data_plane": "",
                "ip_versions": [
                  "IPv4"
                ],
                "load_balancer_profile": [
                  {
                    "effective_outbound_ips": [
                      "/subscriptions/bf3ff429-d86d-43a1-9326-f625a1e8bb50/resourceGroups/MC_wiz-exercise-rg_wiz-aks-cluster_eastus2/providers/Microsoft.Network/publicIPAddresses/0de24740-8b3f-44f7-85d4-6837e1bd488f"
                    ],
                    "idle_timeout_in_minutes": 0,
                    "managed_outbound_ip_count": 1,
                    "managed_outbound_ipv6_count": 0,
                    "outbound_ip_address_ids": [],
                    "outbound_ip_prefix_ids": [],
                    "outbound_ports_allocated": 0
                  }
                ],
                "load_balancer_sku": "standard",
                "nat_gateway_profile": [],
                "network_data_plane": "azure",
                "network_mode": "",
                "network_plugin": "azure",
                "network_plugin_mode": "",
                "network_policy": "azure",
                "outbound_ip_address_ids": [],
                "outbound_ip_prefix_ids": [],
                "outbound_type": "loadBalancer",
                "pod_cidr": "",
                "pod_cidrs": [],
                "service_cidr": "10.0.3.0/24",
                "service_cidrs": [
                  "10.0.3.0/24"
                ]
              }
            ],
            "node_os_channel_upgrade": null,
            "node_resource_group": "MC_wiz-exercise-rg_wiz-aks-cluster_eastus2",
            "node_resource_group_id": "/subscriptions/bf3ff429-d86d-43a1-9326-f625a1e8bb50/resourceGroups/MC_wiz-exercise-rg_wiz-aks-cluster_eastus2",
            "oidc_issuer_enabled": false,
            "oidc_issuer_url": "",
            "oms_agent": [],
            "open_service_mesh_enabled": null,
            "portal_fqdn": "wizaks-z4cca4dw.portal.hcp.eastus2.azmk8s.io",
            "private_cluster_enabled": false,
            "private_cluster_public_fqdn_enabled": false,
            "private_dns_zone_id": "",
            "private_fqdn": "",
            "public_network_access_enabled": true,
            "resource_group_name": "wiz-exercise-rg",
            "role_based_access_control_enabled": true,
            "run_command_enabled": true,
            "service_mesh_profile": [],
            "service_principal": [],
            "sku_tier": "Free",
            "storage_profile": [],
            "support_plan": "KubernetesOfficial",
            "tags": null,
            "timeouts": null,
            "web_app_routing": [],
            "windows_profile": [
              {
                "admin_password": "",
                "admin_username": "azureuser",
                "gmsa": [],
                "license": ""
              }
            ],
            "workload_autoscaler_profile": [],
            "workload_identity_enabled": false
          },
          "sensitive_attributes": [
            [
              {
                "type": "get_attr",
                "value": "kube_config_raw"
              }
            ],
            [
              {
                "type": "get_attr",
                "value": "kube_admin_config"
              }
            ],
            [
              {
                "type": "get_attr",
                "value": "kube_admin_config_raw"
              }
            ],
            [
              {
                "type": "get_attr",
                "value": "windows_profile"
              },
              {
                "type": "index",
                "value": {
                  "value": 0,
                  "type": "number"
                }
              },
              {
                "type": "get_attr",
                "value": "admin_password"
              }
            ],
            [
              {
                "type": "get_attr",
                "value": "kube_config"
              }
            ]
          ],
          "private": "eyJlMmJmYjczMC1lY2FhLTExZTYtOGY4OC0zNDM2M2JjN2M0YzAiOnsiY3JlYXRlIjo1NDAwMDAwMDAwMDAwLCJkZWxldGUiOjU0MDAwMDAwMDAwMDAsInJlYWQiOjMwMDAwMDAwMDAwMCwidXBkYXRlIjo1NDAwMDAwMDAwMDAwfSwic2NoZW1hX3ZlcnNpb24iOiIyIn0=",
          "dependencies": [
            "azurerm_resource_group.wiz_exercise",
            "module.aks.azurerm_role_assignment.control_plane_managed_identity_operator",
            "module.aks.azurerm_user_assigned_identity.aks_control_plane",
            "module.aks.azurerm_user_assigned_identity.aks_kubelet",
            "module.network.azurerm_subnet.kubernetes_subnet",
            "module.network.azurerm_virtual_network.wiz_vnet"
          ]
        }
      ]
    },
    {
      "module": "module.aks",
      "mode": "managed",
      "type": "azurerm_role_assignment",
      "name": "control_plane_managed_identity_operator",
      "provider": "provider[\"registry.terraform.io/hashicorp/azurerm\"]",
      "instances": [
        {
          "schema_version": 0,
          "attributes": {
            "condition": "",
            "condition_version": "",
            "delegated_managed_identity_resource_id": "",
            "description": "",
            "id": "/subscriptions/bf3ff429-d86d-43a1-9326-f625a1e8bb50/resourceGroups/wiz-exercise-rg/providers/Microsoft.ManagedIdentity/userAssignedIdentities/aks-kubelet-identity/providers/Microsoft.Authorization/roleAssignments/bfe0054d-2b30-9d4c-e7ff-f109e7f5e8b1",
            "name": "bfe0054d-2b30-9d4c-e7ff-f109e7f5e8b1",
            "principal_id": "41795835-9770-4efa-bbfa-326f8d5d8aa0",
            "principal_type": "ServicePrincipal",
            "role_definition_id": "/subscriptions/bf3ff429-d86d-43a1-9326-f625a1e8bb50/providers/Microsoft.Authorization/roleDefinitions/f1a07417-d97a-45cb-824c-7a7467783830",
            "role_definition_name": "Managed Identity Operator",
            "scope": "/subscriptions/bf3ff429-d86d-43a1-9326-f625a1e8bb50/resourceGroups/wiz-exercise-rg/providers/Microsoft.ManagedIdentity/userAssignedIdentities/aks-kubelet-identity",
            "skip_service_principal_aad_check": null,
            "timeouts": null
          },
          "sensitive_attributes": [],
          "private": "eyJlMmJmYjczMC1lY2FhLTExZTYtOGY4OC0zNDM2M2JjN2M0YzAiOnsiY3JlYXRlIjoxODAwMDAwMDAwMDAwLCJkZWxldGUiOjE4MDAwMDAwMDAwMDAsInJlYWQiOjMwMDAwMDAwMDAwMH19",
          "dependencies": [
            "azurerm_resource_group.wiz_exercise",
            "module.aks.azurerm_user_assigned_identity.aks_control_plane",
            "module.aks.azurerm_user_assigned_identity.aks_kubelet"
          ]
        }
      ]
    },
    {
      "module": "module.aks",
      "mode": "managed",
      "type": "azurerm_user_assigned_identity",
      "name": "aks_control_plane",
      "provider": "provider[\"registry.terraform.io/hashicorp/azurerm\"]",
      "instances": [
        {
          "schema_version": 1,
          "attributes": {
            "client_id": "6e248e9f-5e38-4f9f-9198-2f92308099a8",
            "id": "/subscriptions/bf3ff429-d86d-43a1-9326-f625a1e8bb50/resourceGroups/wiz-exercise-rg/providers/Microsoft.ManagedIdentity/userAssignedIdentities/aks-control-plane-identity",
            "location": "eastus2",
            "name": "aks-control-plane-identity",
            "principal_id": "41795835-9770-4efa-bbfa-326f8d5d8aa0",
            "resource_group_name": "wiz-exercise-rg",
            "tags": null,
            "tenant_id": "16852526-72f4-4f4a-8f0a-aac51573a97b",
            "timeouts": null
          },
          "sensitive_attributes": [],
          "private": "eyJlMmJmYjczMC1lY2FhLTExZTYtOGY4OC0zNDM2M2JjN2M0YzAiOnsiY3JlYXRlIjoxODAwMDAwMDAwMDAwLCJkZWxldGUiOjE4MDAwMDAwMDAwMDAsInJlYWQiOjMwMDAwMDAwMDAwMCwidXBkYXRlIjoxODAwMDAwMDAwMDAwfSwic2NoZW1hX3ZlcnNpb24iOiIxIn0=",
          "dependencies": [
            "azurerm_resource_group.wiz_exercise"
          ]
        }
      ]
    },
    {
      "module": "module.aks",
      "mode": "managed",
      "type": "azurerm_user_assigned_identity",
      "name": "aks_kubelet",
      "provider": "provider[\"registry.terraform.io/hashicorp/azurerm\"]",
      "instances": [
        {
          "schema_version": 1,
          "attributes": {
            "client_id": "dca1038c-ab3f-49de-9816-2a1e24271208",
            "id": "/subscriptions/bf3ff429-d86d-43a1-9326-f625a1e8bb50/resourceGroups/wiz-exercise-rg/providers/Microsoft.ManagedIdentity/userAssignedIdentities/aks-kubelet-identity",
            "location": "eastus2",
            "name": "aks-kubelet-identity",
            "principal_id": "a798fcba-2ca8-4bbd-9406-eee217208573",
            "resource_group_name": "wiz-exercise-rg",
            "tags": null,
            "tenant_id": "16852526-72f4-4f4a-8f0a-aac51573a97b",
            "timeouts": null
          },
          "sensitive_attributes": [],
          "private": "eyJlMmJmYjczMC1lY2FhLTExZTYtOGY4OC0zNDM2M2JjN2M0YzAiOnsiY3JlYXRlIjoxODAwMDAwMDAwMDAwLCJkZWxldGUiOjE4MDAwMDAwMDAwMDAsInJlYWQiOjMwMDAwMDAwMDAwMCwidXBkYXRlIjoxODAwMDAwMDAwMDAwfSwic2NoZW1hX3ZlcnNpb24iOiIxIn0=",
          "dependencies": [
            "azurerm_resource_group.wiz_exercise"
          ]
        }
      ]
    },
    {
      "module": "module.aks",
      "mode": "managed",
      "type": "kubernetes_secret",
      "name": "app_secrets",
      "provider": "module.aks.provider[\"registry.terraform.io/hashicorp/kubernetes\"]",
      "instances": [
        {
          "schema_version": 0,
          "attributes": {
            "binary_data": null,
            "binary_data_wo": null,
            "binary_data_wo_revision": null,
            "data": {
              "SECRET_KEY": "g@f=@gjTo[p3+J3priXkO)\u003c+HvTyoRA\u003c"
            },
            "data_wo": null,
            "data_wo_revision": null,
            "id": "wiz-app/app-secrets",
            "immutable": false,
            "metadata": [
              {
                "annotations": null,
                "generate_name": "",
                "generation": 0,
                "labels": null,
                "name": "app-secrets",
                "namespace": "wiz-app",
                "resource_version": "1512",
                "uid": "762cf3e7-b19c-4669-ac9b-f093919d8108"
              }
            ],
            "timeouts": null,
            "type": "Opaque",
            "wait_for_service_account_token": true
          },
          "sensitive_attributes": [
            [
              {
                "type": "get_attr",
                "value": "data"
              }
            ],
            [
              {
                "type": "get_attr",
                "value": "data"
              },
              {
                "type": "index",
                "value": {
                  "value": "SECRET_KEY",
                  "type": "string"
                }
              }
            ],
            [
              {
                "type": "get_attr",
                "value": "binary_data"
              }
            ]
          ],
          "private": "eyJlMmJmYjczMC1lY2FhLTExZTYtOGY4OC0zNDM2M2JjN2M0YzAiOnsiY3JlYXRlIjo2MDAwMDAwMDAwMH19",
          "dependencies": [
            "azurerm_resource_group.wiz_exercise",
            "module.aks.azurerm_kubernetes_cluster.wiz_aks",
            "module.aks.azurerm_role_assignment.control_plane_managed_identity_operator",
            "module.aks.azurerm_user_assigned_identity.aks_control_plane",
            "module.aks.azurerm_user_assigned_identity.aks_kubelet",
            "module.aks.data.kubernetes_namespace.wiz_app",
            "module.aks.local_file.kubeconfig",
            "module.aks.null_resource.namespace_check",
            "module.aks.random_password.app_secret_key",
            "module.network.azurerm_subnet.kubernetes_subnet",
            "module.network.azurerm_virtual_network.wiz_vnet"
          ]
        }
      ]
    },
    {
      "module": "module.aks",
      "mode": "managed",
      "type": "kubernetes_secret",
      "name": "mongodb_connection",
      "provider": "module.aks.provider[\"registry.terraform.io/hashicorp/kubernetes\"]",
      "instances": [
        {
          "schema_version": 0,
          "attributes": {
            "binary_data": null,
            "binary_data_wo": null,
            "binary_data_wo_revision": null,
            "data": {
              "connection-string": "mongodb://azureuser:Azure_123456@10.0.1.4:27017/todoapp?authSource=admin"
            },
            "data_wo": null,
            "data_wo_revision": null,
            "id": "wiz-app/mongodb-connection",
            "immutable": false,
            "metadata": [
              {
                "annotations": null,
                "generate_name": "",
                "generation": 0,
                "labels": null,
                "name": "mongodb-connection",
                "namespace": "wiz-app",
                "resource_version": "1511",
                "uid": "d5f8206e-18af-4064-bc86-e27ea2e89551"
              }
            ],
            "timeouts": null,
            "type": "Opaque",
            "wait_for_service_account_token": true
          },
          "sensitive_attributes": [
            [
              {
                "type": "get_attr",
                "value": "binary_data"
              }
            ],
            [
              {
                "type": "get_attr",
                "value": "data"
              }
            ],
            [
              {
                "type": "get_attr",
                "value": "data"
              },
              {
                "type": "index",
                "value": {
                  "value": "connection-string",
                  "type": "string"
                }
              }
            ]
          ],
          "private": "eyJlMmJmYjczMC1lY2FhLTExZTYtOGY4OC0zNDM2M2JjN2M0YzAiOnsiY3JlYXRlIjo2MDAwMDAwMDAwMH19",
          "dependencies": [
            "azurerm_resource_group.wiz_exercise",
            "module.aks.azurerm_kubernetes_cluster.wiz_aks",
            "module.aks.azurerm_role_assignment.control_plane_managed_identity_operator",
            "module.aks.azurerm_user_assigned_identity.aks_control_plane",
            "module.aks.azurerm_user_assigned_identity.aks_kubelet",
            "module.aks.data.kubernetes_namespace.wiz_app",
            "module.aks.local_file.kubeconfig",
            "module.aks.null_resource.namespace_check",
            "module.mongodb.azurerm_network_interface.mongodb_nic",
            "module.mongodb.azurerm_public_ip.mongodb_pip",
            "module.network.azurerm_subnet.database_subnet",
            "module.network.azurerm_subnet.kubernetes_subnet",
            "module.network.azurerm_virtual_network.wiz_vnet"
          ]
        }
      ]
    },
    {
      "module": "module.aks",
      "mode": "managed",
      "type": "local_file",
      "name": "kubeconfig",
      "provider": "provider[\"registry.terraform.io/hashicorp/local\"]",
      "instances": [
        {
          "schema_version": 0,
          "attributes": {
            "content": "apiVersion: v1\nclusters:\n- cluster:\n    certificate-authority-data: LS0tLS1CRUdJTiBDRVJUSUZJQ0FURS0tLS0tCk1JSUU2VENDQXRHZ0F3SUJBZ0lSQU16QXl4cXhUK0VQV1E1dlF4TnBQL0l3RFFZSktvWklodmNOQVFFTEJRQXcKRFRFTE1Ba0dBMVVFQXhNQ1kyRXdJQmNOTWpVd05qRTJNVGMxTXpVMFdoZ1BNakExTlRBMk1UWXhPREF6TlRSYQpNQTB4Q3pBSkJnTlZCQU1UQW1OaE1JSUNJakFOQmdrcWhraUc5dzBCQVFFRkFBT0NBZzhBTUlJQ0NnS0NBZ0VBCngxVTRRMkR3K1lFZ1pqQ1RpTjAxdnVWMTRNT0dUa0tZVStxV2V3a1pKcFZmNGp3bjJpdVdGS2JGM24vUFFxbkEKdWtoYk50cEhPL0ZDM05qTFVLNWY2NjJzNXlnZnpsK2xLUEJyMEJIbHgzMkdxUjBqdFZvUXIranhuZlNzcGdIdgoycUFsZ1FRNUx1RG5ldW5oNWlYQURuR3A2ZEZnVUNZY1cva3Urakx1NnFOVXVROHFzRERMNlJ1Z09yNkdldnhiCi9yVW1XbTQwY3g0UUxtRUlweTFkYW1TV3NiWTRUanhHSHp2dTBGUDdsYzhtM0lDQjNuZlM1dHlLR0lTY3lxdjQKbVZYQXJnSVNNd1pJL1ZIZC9JWlNDc09oRVh2MFhPYUlRRHJ5a2hjVy9BcStkSVNkVHZjVVcxYXFtRXRWdUpyNApMZmNPYkVsQ1Fac1JjazFGSjNLZ1c4eDhyTHRIa3g4TlRzQ1pidk1iRnZEcjZ4YnpIc3o3aE9Bbkhsd2ZCc0o2CmdVbFFVTHJqK3ZaMzB5Vit2L0d2SXUvRG5PNUMrQmFsdGE3bFkxQngrcHkzTU5xUERwa3dxeWdJbTlKSXN1a2MKNXZzMkFLd2FSNDdDUm9GY0Y4Y2Z0NmhYWUJBTjZuTjMzR2pUVHI5dnFuWG42bkg3UkFJaFFNUUdmaEE0MnA3MQovSjJqZ2l3UjNUNVpnMHVodVRKZWJHMGNsb21BQXFjWExPVjhjYlNEM2Rkek5vS083WmhFN25wSFZoQVlQQTd1CjZIWjhKK0VmZzJVcWdwc29BWHBvSm5ycXM4eEtjK1A0dElVYXJvNEhra2tTM2FrUjQvaVEzdHd5QVM3WjZBc1IKaWVHN01SNjBnWmdTS05xMXVvaHRROEdyRlZTUklMZDRCUVovWENST2RaOENBd0VBQWFOQ01FQXdEZ1lEVlIwUApBUUgvQkFRREFnS2tNQThHQTFVZEV3RUIvd1FGTUFNQkFmOHdIUVlEVlIwT0JCWUVGSWYzcjVvODg4bWZES3hICmNaUTRYZWZxL20yOU1BMEdDU3FHU0liM0RRRUJDd1VBQTRJQ0FRQSs2eitWS2hiNU5Qam5HcEhHVkhiSGxQOXcKbGIrYlIxK2hhenFBR3h5cFJPQjVvRzRRSzBqYktxR0tWSHZJZWFPWlZGMjRHd0ttM0ViTmZiOHpnempNbmFJeAp1NlRyZFBGL01EZVEzdGJ1RnFKRGs0OXhPbktYUzF3dUZhazc0YzNLK1BIblVjT1VUbStmUmoyazRvYnFNMWxYCjR4dVlwcmlhQW0zcXZjTFR1ekpvaThNWU5ONVYxZFBDZUh2a0JhaGlBU0FldUdyUzRLNVg5NGxzWE84eTB6WUkKbmJFaDIwVE92U1JyUGUybnR2YkxQczRkQzNoaFcxWDBXWkJVcko3aytSbllYTnd4TGtnQ3NySWJoanQ4TThmYwpPY1Fhbngrb2p0cUVQa3l3OEtvblhMYUlMOUhpZjA4ZXpXZ1piZDMybkpxNnp4TW1BeVYzTmhLRFJHSUcvUFJVCjYzWkYyRVNsbE9wMHNkNGVlMHR4MmlDUmdUblBjVXMwaVhFUWpvM21GVEo5WmF0TnFxM3NhMU9WSjJVaWxTenEKTFRKTlZpck96ak11RmJ4eVZ6a3JUSThMWmhqVWE2R0t6NzdsYm9IT25RKzBmZUVZK3MvWk9RT3UzNjVyY0dRegpUcWZoeVQvSy9DazdKUFNFOTF2azgrYVBtY25PakFBOXlnSm1MZEdNRTZicE12VnlRelZwLzhMbXZnVVRHSDdoCmxSR0dYQ2lZcjhtYXRMZjh2QjdVQ0pvVVAyZ3RuSzBnT3htSjZMVWlDaWZyMEJiVXQ5Y1RIc0FHd3U3aU45ZEYKamU4WXN2djBQZG1za3F5Q0RBVHdqTGVnRWJ3Y2JTY28xYzQzaHI2aWFRTGFmSHNLV1RQN1hEUFF6czdqU1JIKwpBZFBJWjBDbUE0dTB0Uk9xMkE9PQotLS0tLUVORCBDRVJUSUZJQ0FURS0tLS0tCg==\n    server: https://wizaks-z4cca4dw.hcp.eastus2.azmk8s.io:443\n  name: wiz-aks-cluster\ncontexts:\n- context:\n    cluster: wiz-aks-cluster\n    user: clusterUser_wiz-exercise-rg_wiz-aks-cluster\n  name: wiz-aks-cluster\ncurrent-context: wiz-aks-cluster\nkind: Config\npreferences: {}\nusers:\n- name: clusterUser_wiz-exercise-rg_wiz-aks-cluster\n  user:\n    client-certificate-data: LS0tLS1CRUdJTiBDRVJUSUZJQ0FURS0tLS0tCk1JSUZIVENDQXdXZ0F3SUJBZ0lRVE5jcnp3VjNENm84SkRCZXRuc280VEFOQmdrcWhraUc5dzBCQVFzRkFEQU4KTVFzd0NRWURWUVFERXdKallUQWVGdzB5TlRBMk1UWXhOelV6TlRSYUZ3MHlOekEyTVRZeE9EQXpOVFJhTURBeApGekFWQmdOVkJBb1REbk41YzNSbGJUcHRZWE4wWlhKek1SVXdFd1lEVlFRREV3eHRZWE4wWlhKamJHbGxiblF3CmdnSWlNQTBHQ1NxR1NJYjNEUUVCQVFVQUE0SUNEd0F3Z2dJS0FvSUNBUUM5TitiMHV6VVNGTktJRm1WYkYvQVYKZmZCUjNPdngvZVFxUDlaUDBqYnd1MVBBbkFFWFgrdS9pdlJpa0RIL213L2I4VGtkRkYyd1hWb2E4cTE2TDBENApLejhwUG5oTm84RGhSb0xqbFBoaWhrZWxFdjlEVWhhQkswVnRIMXFTN3pSTC9MbXRqUlBldGhHTjJ5NEZtVXVsCjEvcTVLWWNPWEwrREdyL1pIVVVHLzVUR2J5MkJNbGpSRTFTWHlwbTlhUFJpdGhUQWxkVS9iaEhsbkwxRW0xZWcKRHhMem01bWlXQWgrMmdFTnpqRXAyWjZQektDcjY4b0tJaEJJaHNoaHBMY1ZRSk9KbUlzYUdUMEhmL0VHK1Z4dQpmemErTFZkTDJFQmhTZ3lIK1VtMm8zM2psNExQbnVDWkpncnZFSmFhQnZET1Fibzh1QnVsS0Z6U3Jwell4WlIxCnlzanBrSHJqaUhYZVJDaHdyZWN0MnowK2NSUGN6VG1tOW9VRGxRK0VxTHdUNDdLSDVqZnNUTTJlaWJNdSt2WkEKM0xwVEpmZkhucWpDeTQxUkRpamM1TjdHaktvQWY3dldWdXdiUVlsS3dXZGw2WjZQVzNxa21OSEkrNEdtbXVzWApFNzAxT085bXI1RFhCNW5MV2VIcDlEZDF3OUJORUY5M3JPV280cHk5SVUrcDBUMk5aT0Ftak5tQzZ0bkhmWGZxCnlkdjZGTWx6S0hSekx1a1VJbHRZdDJmaU8yOGkrbTBkbzBCOXI0Z3p4QmlTMlhNQ0l4VmNDcDlVeU5FUVViMU8KVk1DRFBYTTdtTEthbHlmUlZWTmF0ZzRLUjFqWEVUSEdTV3VSdWUyQzVsUk5vMjZrMm5zempibHRoRDRZbWpPdApTZld5UXlXbnFqQXdDYVB6YndEWlB3SURBUUFCbzFZd1ZEQU9CZ05WSFE4QkFmOEVCQU1DQmFBd0V3WURWUjBsCkJBd3dDZ1lJS3dZQkJRVUhBd0l3REFZRFZSMFRBUUgvQkFJd0FEQWZCZ05WSFNNRUdEQVdnQlNIOTYrYVBQUEoKbnd5c1IzR1VPRjNuNnY1dHZUQU5CZ2txaGtpRzl3MEJBUXNGQUFPQ0FnRUFvZW41OEhOK1V5d2p4c0dSR3EzRQovdFlINGZxL0h2N1ZybVZqejlxd0dESnFzYnR5bjlQSmpXYW8ySDRCRnpOaFh3YnUvNk9tQWVWMUNvektKRm9iCkNHYjRMMHRQcGtVcXFHV2l2WkRkK1VDRVdyUjdWMGF1WFhNeHFqY0JHUHlLb2JIRmw3Z2Z3T1RzMkhRaEZDVVUKeXh5RVM1Y0o1a1lYWlg1TjIzOWl4ZEw3NTFvUElzUDZmVnVRRlg4cEo3YTFPZTZUcDlXYk9GcU1JNkRseEJUUApaWitKWlZoUC83N1ZISnVBS2ZtVmUyVW9FL3NhUUdRWXJ1NkN2dmdxbnhUV3B0dG1NZTRlb0NBQ0YveG4yV1ZsCnZicGMyTWl4a0J5dXQrdjZNUHZFZm5GMzdrTlhhdytwNW5BQnJiRXMzeXNHYnBNdUJRWWZGa0ZycThyYm9vRXgKQnRMTVM1ZGhyeGQ5eXhFdzZibXRtWmxrTEszSmFxZHJWTmU2QkpRcFVrM0lUaS83NTU1a0JhdFh1a3NIbi95SgowVjNNcE9yelhGaXgxZEZ6UUZLWFNkNGFIbFllclBIU2RkM3ZIMzlmN2xhRFJHb0JyUzhpTW5UdTlFTUIvcFJZCkJCYnJGUjlTYjJXMThMRC8rU1ZONGVvdTdCQWlnVW5oam9Tc1RmUnhiV3FBcHlSU045WCtXVXRFR0E1bGIyZzkKdzR5eXFBRWVYT2dWdks0ZGVXclVwelorOUJKSlVDSVozajhBUWhuOUM4N2Z2M3pOUElod2FESUZ0QVYzVHRuQQpENk0yZVFoRGx6L3JQdEhSRlo2UFlQbzFFaFRkVkRxejNmeHJrU0RsZDlQaEl0ZWtlN1krNkl1R0J6dzdFM21lCkk2U0ZLQmZwbU9XK2hkUFRwTDRhdUdJPQotLS0tLUVORCBDRVJUSUZJQ0FURS0tLS0tCg==\n    client-key-data: LS0tLS1CRUdJTiBSU0EgUFJJVkFURSBLRVktLS0tLQpNSUlKS1FJQkFBS0NBZ0VBdlRmbTlMczFFaFRTaUJabFd4ZndGWDN3VWR6cjhmM2tLai9XVDlJMjhMdFR3SndCCkYxL3J2NHIwWXBBeC81c1AyL0U1SFJSZHNGMWFHdkt0ZWk5QStDcy9LVDU0VGFQQTRVYUM0NVQ0WW9aSHBSTC8KUTFJV2dTdEZiUjlha3U4MFMveTVyWTBUM3JZUmpkc3VCWmxMcGRmNnVTbUhEbHkvZ3hxLzJSMUZCditVeG04dApnVEpZMFJOVWw4cVp2V2owWXJZVXdKWFZQMjRSNVp5OVJKdFhvQThTODV1Wm9sZ0lmdG9CRGM0eEtkbWVqOHlnCnErdktDaUlRU0liSVlhUzNGVUNUaVppTEdoazlCMy94QnZsY2JuODJ2aTFYUzloQVlVb01oL2xKdHFOOTQ1ZUMKejU3Z21TWUs3eENXbWdid3prRzZQTGdicFNoYzBxNmMyTVdVZGNySTZaQjY0NGgxM2tRb2NLM25MZHM5UG5FVAozTTA1cHZhRkE1VVBoS2k4RStPeWgrWTM3RXpObm9tekx2cjJRTnk2VXlYM3g1Nm93c3VOVVE0bzNPVGV4b3lxCkFIKzcxbGJzRzBHSlNzRm5aZW1lajF0NnBKalJ5UHVCcHByckZ4TzlOVGp2WnErUTF3ZVp5MW5oNmZRM2RjUFEKVFJCZmQ2emxxT0tjdlNGUHFkRTlqV1RnSm96Wmd1clp4MzEzNnNuYitoVEpjeWgwY3k3cEZDSmJXTGRuNGp0dgpJdnB0SGFOQWZhK0lNOFFZa3RsekFpTVZYQXFmVk1qUkVGRzlUbFRBZ3oxek81aXltcGNuMFZWVFdyWU9Da2RZCjF4RXh4a2xya2JudGd1WlVUYU51cE5wN000MjViWVErR0pvenJVbjFza01scDZvd01BbWo4MjhBMlQ4Q0F3RUEKQVFLQ0FnQndyL2cxeThBQmNyRW5KdDlaN3RtbWt3Z3FXTDJUc3JiTmlwTWhtbm5weUVaS3NSM2RROXpzaDk2ZgpUR3phWXdpQTNobzdmVU9Hb3pIa1ZwNkY0OXAzY1puK0FCdzVjTXFQM3lSWVVRSFQrMUJ6dU9xWXR5eDc1TDlHCkM2UXZXWkgxcHg4VmdxMVF0M0dnMytWNnBCN3ZONzh6d3MyUitoNTcvOVE5Z3piMndnTmlZaGZobDVCWmczK2YKbnFNTXNKTEtydEdSR0NxVnlnR1NrMVFNcGM3N25iNlZvaGRQSGNxQmNXZXJSeDcwWTR3UTY3Yk1iSEk0c3F5cgo1TWsxalprVGFRLzBwQXBEa3NCTDFTQkFIUVcxTU1IelpLRldwQVZEYTR3bTlvbTE0WXc1bktQazdpT29VWVcxCmRsV2FpWU9qOG5UdGNGL1dia0ZKbjMvOWdUMjJHcFYzekQ3V2VlOHc4dXA2UG8xaGkwTmlFT3VZeHd0eDk5TjMKOGJ0dDFNb3l5cS9SdTBMSXBJc2xPdFJYQm5sY3FwVHhIcHBSaGNWUW40L2VnZm1pSlpVWGxiUms1SDQ3RXd3Swo2aDZEWTV3N21SVFZESXBlWDJWdjFaZmxBT2JSUG1vU24zaklJZTJGZTBtMEhYOE1ZSjJzKy80MVVTYm54RElBCnZCOWJDdll3YVVpYTFac25qM1N0aHdTTzZJa05XSFl6em1ScFByQk9VZG9aTThFdTk0QmdFSlVZQXJXVUdPMjEKdTNrbExWS2RGTkJybmkxUlI4VkhWUS9SaU4zd2paZTNBSmRCWTFDSEl0Z1Vhak5EQWY1K0htcGlyYUZWeWU0bgp6UzI1anFOeGpYei9MT1dJaENPbmlCcWpMc0JCdE5EL1JpN20yVEliWEthMEtCRXZFUUtDQVFFQTBxSkZyaW5UCjVKWW1jUXRrN0dFOXpYWGhhMURlMnFjREdSUkdHZ0N5TVRUUUg1S1FFOFByRktpZXRkS2I4eUVhejNQRG4rak8KL0hBbjkxOFJHc1h5OXpqbEczNTE2dFBjYzhFSUw4OGwyMDd4QWdqOEJLei9BU0ZzRVBuWUIrODR6dHhpSTNOMgowNHA1Z1BaOVBLZkI3NUJVUGRrRFBwY1F2a1dTY1pORHFsTW1IWVBreDFJWjdKZE1lUTNsenpIMTlpc0V3QkVxCnA3eEw5eDQ0T1YwTGRENGNxcjV6K3Jtcm5WNUNaMU05b1VtbTBnSGowRjA5NUhuVDM5MHlVV2tYWmphMUsxaUMKdGxibnk5RGZDcVlBNHg3Slg1OWYwOFNsckJtc2ZwdTRxdVNzY2RmV0haaHpINWVhNCtOOXMvMjJpUUNOVi9tbQpjc0gvbjBQQmdyUVBpd0tDQVFFQTVmalhvd3MzTEUzeG0vZjZ5WmZoOWZNL2M4a1lDUWVSZmNZUDEybmRYZHNsCkNhV1plNDR0RUlEREUrdzJCK3dCaTJWUHU3Y2E4emhRU1RSQjZBWnhnbGpISHpWUGR6TUtjbm53Mnl3eVBUY2wKSnFkQ0JpVFM1MjlvTjVubjhIcFRicFhPOFF2QTRQeGNMcjBnSUpkRS81QUxzbXBhRTdhSGVKQlcvclpJN1BuSwpQZG93Mkg2Z3ZSYzMyYU9MT2FkTEpiVnFyb01OWXFmVDRLVmpBN205NXpKR2JtZXFEZm5sd3NKMGhaRlNaSUZUCllKaUpHY1J3Y2VaaWxDTHVXdVplQnQ3aW1UdDl5K2FKbnVNeWMxaHQ3UURvNXlUYlNxenNzcVo3bUkyVDE1TU0KSFFRclAxcVc2ZHh1R3BaZ09kZXErZm80WjRmTWJiaFVQSExsYWNRVG5RS0NBUUFqTXdzQjkrdDVINzU4MWJLZgo3Z0F0L2EwV0NnV3o5SVVJQStOVEpScWlMbms1VFh6V1VMOVFUSDE1VlNES21KV3FaV1lqcXZ3c0kzSUtYTkMyCjhLMlJzdWhXbCtPTXdxcnNqUzJaRDd6NzBVMWxVYXNML1AwQWExMXIyTlRKUHFqM3FNeWRzQVlEZy9pYUhKY0IKTStlczZTbXF6RUZHakdnMzQ5aDlNbWIwWjhETzNlTzFpM3JabHM4b3k3SEQxazJNUGRRbFpMa0VIdXR5K0pIYwp4RGZOelROdE5UYWNoN3F1S2JwZkdnSUttZ3hPdkJJZUYvYm4zNVFRclI1ampIUmttRy9lTm9SaGhGUm9NeGVTCjUvcnQrWThkYzd6SDN1end2Ym1kenRnbGR1RjZoTjg3UXVhNk9OT2hrYnJJQVhZbm52Zi80N0IxTFFaU3p6ZmYKWjhmUkFvSUJBUUNTYmNUWDR1OUpmWU9tdk5ucGZKVDY1dHh6SEFyNnpOL2R4cndWZkNuZ2RnWDZRNEFieE9aNgp5Skh0NEl4eXROb3k2TnBBK3hEazV1bHdBeDhuM3RwdGxadU1Db1REc0RNcHV1MGFrT1NZUjhHWEFBNnhITWRSClo0VmpTZEwrTXRWbTUycHgzdnI4QnBPbml2S203Y3FZTXg3UGhwbytUUTJyUGJTMjBGaFUwNlByaUQ5cnlnME0KK1hpdFVrMzI4c2VOaGhzY2JRT2IycUsxT25sMlNORmJJWTdwQTRhckNZQTdaMWVNS0lEZXo5M0g5cmZ0T1VBagp0ZjcwdGQwdzhkZlM1aDVBVlRuL0Y1WnZIZGpreXR5TGVQWFRINHVsMjcrRzdTeHJjVkkraERuRlMvOUJncXZ1CjBsVWxCclRVZjdjMUhoYkdEUmlra0NiS3FwbmFvMmVkQW9JQkFRQ0UrcW81WWpkcjI0dndxckExM1pnZll3RWYKY3g5aVNZWTcrbk1VandmSTZVZHhiZU5oRkhCaGw1LzBjUWZLUlMwUHdIVGpucDczYVcwK1U0YWhKT09Vak5rWApWZlQ1OW5tVWdTUG9mTUt0QkU2WURJOElOc3VMd1NQdmpwaFJ6RFl4Y0FpWHV6eFVmbHRoTjQ1SmxxeGhjTG1IClZnVHpmNkYvaTlLVHd6cG9YK05PMVBlTjBJSTdpY2I1V1pzbUtRajNOS2hab3k5QmdQSHVZTWtVTG9SSE5pbnMKbkZyUlZTNGN0S2VHcWh2REE0NCtNajNXdjVSNjFhQVN6ZGNlZ05qVXlTOFJsOGFZU2dYeGxSMm9HK1ppK25RZgp5RWtsMjFGZE5iLzJxN0lCVXBnUEZmTUdSZm5hcVdQRkRnbFpzYXgwa0dFK3pYZkhQMno2QmVZSnA0YTIKLS0tLS1FTkQgUlNBIFBSSVZBVEUgS0VZLS0tLS0K\n    token: mnet2olxpu4dpzqv7tzdbhqq4huuxbw23rrr2a9avw7tlr7t8us9in4z5twasspld3zw3l9xzxus8agj0u50mv66jkhgy6nj5wayz9pmp3ap2vsldbjjz8tkfb7zx5um\n",
            "content_base64": null,
            "content_base64sha256": "89cELn48OHZ6a2YxV+wQewl5tF64cOWHZItzQTfaaIw=",
            "content_base64sha512": "VQOCeMk1CZuBfUPkxVkLLGyN4zyx7dc+rKR+iOufGZi0cr3ZOXM4qohOjypww6EpqesDRoe6ZeYLzu/pKLtbDg==",
            "content_md5": "77cc381ba1056163e3a03d4236a07229",
            "content_sha1": "a25164c749bda9f9bc943930bfd825fd9497e1f1",
            "content_sha256": "f3d7042e7e3c38767a6b663157ec107b0979b45eb870e587648b734137da688c",
            "content_sha512": "55038278c935099b817d43e4c5590b2c6c8de33cb1edd73eaca47e88eb9f1998b472bdd9397338aa884e8f2a70c3a129a9eb034687ba65e60bceefe928bb5b0e",
            "directory_permission": "0777",
            "file_permission": "0777",
            "filename": "modules/aks/kubeconfig",
            "id": "a25164c749bda9f9bc943930bfd825fd9497e1f1",
            "sensitive_content": null,
            "source": null
          },
          "sensitive_attributes": [
            [
              {
                "type": "get_attr",
                "value": "sensitive_content"
              }
            ],
            [
              {
                "type": "get_attr",
                "value": "content"
              }
            ]
          ],
          "dependencies": [
            "azurerm_resource_group.wiz_exercise",
            "module.aks.azurerm_kubernetes_cluster.wiz_aks",
            "module.aks.azurerm_role_assignment.control_plane_managed_identity_operator",
            "module.aks.azurerm_user_assigned_identity.aks_control_plane",
            "module.aks.azurerm_user_assigned_identity.aks_kubelet",
            "module.network.azurerm_subnet.kubernetes_subnet",
            "module.network.azurerm_virtual_network.wiz_vnet"
          ]
        }
      ]
    },
    {
      "module": "module.aks",
      "mode": "managed",
      "type": "null_resource",
      "name": "namespace_check",
      "provider": "provider[\"registry.terraform.io/hashicorp/null\"]",
      "instances": [
        {
          "schema_version": 0,
          "attributes": {
            "id": "7470133862175652452",
            "triggers": {
              "cluster_id": "/subscriptions/bf3ff429-d86d-43a1-9326-f625a1e8bb50/resourceGroups/wiz-exercise-rg/providers/Microsoft.ContainerService/managedClusters/wiz-aks-cluster"
            }
          },
          "sensitive_attributes": [],
          "dependencies": [
            "azurerm_resource_group.wiz_exercise",
            "module.aks.azurerm_kubernetes_cluster.wiz_aks",
            "module.aks.azurerm_role_assignment.control_plane_managed_identity_operator",
            "module.aks.azurerm_user_assigned_identity.aks_control_plane",
            "module.aks.azurerm_user_assigned_identity.aks_kubelet",
            "module.aks.local_file.kubeconfig",
            "module.network.azurerm_subnet.kubernetes_subnet",
            "module.network.azurerm_virtual_network.wiz_vnet"
          ]
        }
      ]
    },
    {
      "module": "module.aks",
      "mode": "managed",
      "type": "random_password",
      "name": "app_secret_key",
      "provider": "provider[\"registry.terraform.io/hashicorp/random\"]",
      "instances": [
        {
          "schema_version": 3,
          "attributes": {
            "bcrypt_hash": "$2a$10$SJeqrF6Ipg4qlrHQMmndJOugTbnualOl/39JJ7p6QgvEO0D49Cz7W",
            "id": "none",
            "keepers": null,
            "length": 32,
            "lower": true,
            "min_lower": 0,
            "min_numeric": 0,
            "min_special": 0,
            "min_upper": 0,
            "number": true,
            "numeric": true,
            "override_special": null,
            "result": "g@f=@gjTo[p3+J3priXkO)\u003c+HvTyoRA\u003c",
            "special": true,
            "upper": true
          },
          "sensitive_attributes": [
            [
              {
                "type": "get_attr",
                "value": "bcrypt_hash"
              }
            ],
            [
              {
                "type": "get_attr",
                "value": "result"
              }
            ]
          ]
        }
      ]
    },
    {
      "module": "module.mongodb",
      "mode": "data",
      "type": "azurerm_client_config",
      "name": "current",
      "provider": "provider[\"registry.terraform.io/hashicorp/azurerm\"]",
      "instances": [
        {
          "schema_version": 0,
          "attributes": {
            "client_id": "04b07795-8ddb-461a-bbee-02f9e1bf7b46",
            "id": "Y2xpZW50Q29uZmlncy9jbGllbnRJZD0wNGIwNzc5NS04ZGRiLTQ2MWEtYmJlZS0wMmY5ZTFiZjdiNDY7b2JqZWN0SWQ9ODVjNTg2OGMtNmRmYi00NDI0LTk5N2ItNjE5ZTBjMDkyZWNmO3N1YnNjcmlwdGlvbklkPWJmM2ZmNDI5LWQ4NmQtNDNhMS05MzI2LWY2MjVhMWU4YmI1MDt0ZW5hbnRJZD0xNjg1MjUyNi03MmY0LTRmNGEtOGYwYS1hYWM1MTU3M2E5N2I=",
            "object_id": "85c5868c-6dfb-4424-997b-619e0c092ecf",
            "subscription_id": "bf3ff429-d86d-43a1-9326-f625a1e8bb50",
            "tenant_id": "16852526-72f4-4f4a-8f0a-aac51573a97b",
            "timeouts": null
          },
          "sensitive_attributes": []
        }
      ]
    },
    {
      "module": "module.mongodb",
      "mode": "managed",
      "type": "azurerm_linux_virtual_machine",
      "name": "mongodb_vm",
      "provider": "provider[\"registry.terraform.io/hashicorp/azurerm\"]",
      "instances": [
        {
          "schema_version": 0,
          "attributes": {
            "additional_capabilities": [],
            "admin_password": "Azure_123456",
            "admin_ssh_key": [],
            "admin_username": "azureuser",
            "allow_extension_operations": true,
            "availability_set_id": "",
            "boot_diagnostics": [],
            "bypass_platform_safety_checks_on_user_schedule_enabled": false,
            "capacity_reservation_group_id": "",
            "computer_name": "mongodb-vm",
            "custom_data": null,
            "dedicated_host_group_id": "",
            "dedicated_host_id": "",
            "disable_password_authentication": false,
            "disk_controller_type": "SCSI",
            "edge_zone": "",
            "encryption_at_host_enabled": false,
            "eviction_policy": "",
            "extensions_time_budget": "PT1H30M",
            "gallery_application": [],
            "id": "/subscriptions/bf3ff429-d86d-43a1-9326-f625a1e8bb50/resourceGroups/wiz-exercise-rg/providers/Microsoft.Compute/virtualMachines/mongodb-vm",
            "identity": [
              {
                "identity_ids": null,
                "principal_id": "bdd2354b-a30a-4fc8-96f2-7f786cf05631",
                "tenant_id": "16852526-72f4-4f4a-8f0a-aac51573a97b",
                "type": "SystemAssigned"
              }
            ],
            "license_type": "",
            "location": "eastus2",
            "max_bid_price": -1,
            "name": "mongodb-vm",
            "network_interface_ids": [
              "/subscriptions/bf3ff429-d86d-43a1-9326-f625a1e8bb50/resourceGroups/wiz-exercise-rg/providers/Microsoft.Network/networkInterfaces/mongodb-nic"
            ],
            "os_disk": [
              {
                "caching": "ReadWrite",
                "diff_disk_settings": [],
                "disk_encryption_set_id": "",
                "disk_size_gb": 30,
                "name": "mongodb-vm_OsDisk_1_62888496a6924a5bb8f188a8327cc3f1",
                "secure_vm_disk_encryption_set_id": "",
                "security_encryption_type": "",
                "storage_account_type": "Standard_LRS",
                "write_accelerator_enabled": false
              }
            ],
            "os_image_notification": [],
            "patch_assessment_mode": "ImageDefault",
            "patch_mode": "ImageDefault",
            "plan": [],
            "platform_fault_domain": -1,
            "priority": "Regular",
            "private_ip_address": "10.0.1.4",
            "private_ip_addresses": [
              "10.0.1.4"
            ],
            "provision_vm_agent": true,
            "proximity_placement_group_id": "",
            "public_ip_address": "172.203.31.16",
            "public_ip_addresses": [
              "172.203.31.16"
            ],
            "reboot_setting": "",
            "resource_group_name": "wiz-exercise-rg",
            "secret": [],
            "secure_boot_enabled": false,
            "size": "Standard_B2s",
            "source_image_id": "",
            "source_image_reference": [
              {
                "offer": "0001-com-ubuntu-server-focal",
                "publisher": "Canonical",
                "sku": "20_04-lts-gen2",
                "version": "latest"
              }
            ],
            "tags": null,
            "termination_notification": null,
            "timeouts": null,
            "user_data": "",
            "virtual_machine_id": "15af8919-4f1e-4985-b4a7-4f825b8722c6",
            "virtual_machine_scale_set_id": "",
            "vm_agent_platform_updates_enabled": false,
            "vtpm_enabled": false,
            "zone": ""
          },
          "sensitive_attributes": [
            [
              {
                "type": "get_attr",
                "value": "admin_password"
              }
            ],
            [
              {
                "type": "get_attr",
                "value": "custom_data"
              }
            ]
          ],
          "private": "eyJlMmJmYjczMC1lY2FhLTExZTYtOGY4OC0zNDM2M2JjN2M0YzAiOnsiY3JlYXRlIjoyNzAwMDAwMDAwMDAwLCJkZWxldGUiOjI3MDAwMDAwMDAwMDAsInJlYWQiOjMwMDAwMDAwMDAwMCwidXBkYXRlIjoyNzAwMDAwMDAwMDAwfX0=",
          "dependencies": [
            "azurerm_resource_group.wiz_exercise",
            "module.mongodb.azurerm_network_interface.mongodb_nic",
            "module.mongodb.azurerm_public_ip.mongodb_pip",
            "module.network.azurerm_subnet.database_subnet",
            "module.network.azurerm_virtual_network.wiz_vnet",
            "module.storage.azurerm_storage_account.backup_storage",
            "module.storage.random_string.suffix"
          ]
        }
      ]
    },
    {
      "module": "module.mongodb",
      "mode": "managed",
      "type": "azurerm_network_interface",
      "name": "mongodb_nic",
      "provider": "provider[\"registry.terraform.io/hashicorp/azurerm\"]",
      "instances": [
        {
          "schema_version": 0,
          "attributes": {
            "accelerated_networking_enabled": false,
            "applied_dns_servers": [],
            "auxiliary_mode": "",
            "auxiliary_sku": "",
            "dns_servers": [],
            "edge_zone": "",
            "enable_accelerated_networking": false,
            "enable_ip_forwarding": false,
            "id": "/subscriptions/bf3ff429-d86d-43a1-9326-f625a1e8bb50/resourceGroups/wiz-exercise-rg/providers/Microsoft.Network/networkInterfaces/mongodb-nic",
            "internal_dns_name_label": "",
            "internal_domain_name_suffix": "k00mqxgb43ze3f5ndbhiuact5f.cx.internal.cloudapp.net",
            "ip_configuration": [
              {
                "gateway_load_balancer_frontend_ip_configuration_id": "",
                "name": "internal",
                "primary": true,
                "private_ip_address": "10.0.1.4",
                "private_ip_address_allocation": "Dynamic",
                "private_ip_address_version": "IPv4",
                "public_ip_address_id": "/subscriptions/bf3ff429-d86d-43a1-9326-f625a1e8bb50/resourceGroups/wiz-exercise-rg/providers/Microsoft.Network/publicIPAddresses/mongodb-pip",
                "subnet_id": "/subscriptions/bf3ff429-d86d-43a1-9326-f625a1e8bb50/resourceGroups/wiz-exercise-rg/providers/Microsoft.Network/virtualNetworks/wiz-vnet/subnets/database-subnet"
              }
            ],
            "ip_forwarding_enabled": false,
            "location": "eastus2",
            "mac_address": "",
            "name": "mongodb-nic",
            "private_ip_address": "10.0.1.4",
            "private_ip_addresses": [
              "10.0.1.4"
            ],
            "resource_group_name": "wiz-exercise-rg",
            "tags": null,
            "timeouts": null,
            "virtual_machine_id": ""
          },
          "sensitive_attributes": [],
          "private": "eyJlMmJmYjczMC1lY2FhLTExZTYtOGY4OC0zNDM2M2JjN2M0YzAiOnsiY3JlYXRlIjoxODAwMDAwMDAwMDAwLCJkZWxldGUiOjE4MDAwMDAwMDAwMDAsInJlYWQiOjMwMDAwMDAwMDAwMCwidXBkYXRlIjoxODAwMDAwMDAwMDAwfX0=",
          "dependencies": [
            "azurerm_resource_group.wiz_exercise",
            "module.mongodb.azurerm_public_ip.mongodb_pip",
            "module.network.azurerm_subnet.database_subnet",
            "module.network.azurerm_virtual_network.wiz_vnet"
          ]
        }
      ]
    },
    {
      "module": "module.mongodb",
      "mode": "managed",
      "type": "azurerm_network_interface_security_group_association",
      "name": "mongodb_nsg_association",
      "provider": "provider[\"registry.terraform.io/hashicorp/azurerm\"]",
      "instances": [
        {
          "schema_version": 0,
          "attributes": {
            "id": "/subscriptions/bf3ff429-d86d-43a1-9326-f625a1e8bb50/resourceGroups/wiz-exercise-rg/providers/Microsoft.Network/networkInterfaces/mongodb-nic|/subscriptions/bf3ff429-d86d-43a1-9326-f625a1e8bb50/resourceGroups/wiz-exercise-rg/providers/Microsoft.Network/networkSecurityGroups/mongodb-nsg",
            "network_interface_id": "/subscriptions/bf3ff429-d86d-43a1-9326-f625a1e8bb50/resourceGroups/wiz-exercise-rg/providers/Microsoft.Network/networkInterfaces/mongodb-nic",
            "network_security_group_id": "/subscriptions/bf3ff429-d86d-43a1-9326-f625a1e8bb50/resourceGroups/wiz-exercise-rg/providers/Microsoft.Network/networkSecurityGroups/mongodb-nsg",
            "timeouts": null
          },
          "sensitive_attributes": [],
          "private": "eyJlMmJmYjczMC1lY2FhLTExZTYtOGY4OC0zNDM2M2JjN2M0YzAiOnsiY3JlYXRlIjoxODAwMDAwMDAwMDAwLCJkZWxldGUiOjE4MDAwMDAwMDAwMDAsInJlYWQiOjMwMDAwMDAwMDAwMH19",
          "dependencies": [
            "azurerm_resource_group.wiz_exercise",
            "module.mongodb.azurerm_network_interface.mongodb_nic",
            "module.mongodb.azurerm_network_security_group.mongodb_nsg",
            "module.mongodb.azurerm_public_ip.mongodb_pip",
            "module.network.azurerm_subnet.database_subnet",
            "module.network.azurerm_virtual_network.wiz_vnet"
          ]
        }
      ]
    },
    {
      "module": "module.mongodb",
      "mode": "managed",
      "type": "azurerm_network_security_group",
      "name": "mongodb_nsg",
      "provider": "provider[\"registry.terraform.io/hashicorp/azurerm\"]",
      "instances": [
        {
          "schema_version": 0,
          "attributes": {
            "id": "/subscriptions/bf3ff429-d86d-43a1-9326-f625a1e8bb50/resourceGroups/wiz-exercise-rg/providers/Microsoft.Network/networkSecurityGroups/mongodb-nsg",
            "location": "eastus2",
            "name": "mongodb-nsg",
            "resource_group_name": "wiz-exercise-rg",
            "security_rule": [
              {
                "access": "Allow",
                "description": "",
                "destination_address_prefix": "*",
                "destination_address_prefixes": [],
                "destination_application_security_group_ids": [],
                "destination_port_range": "22",
                "destination_port_ranges": [],
                "direction": "Inbound",
                "name": "allow-ssh-from-anywhere",
                "priority": 1000,
                "protocol": "Tcp",
                "source_address_prefix": "0.0.0.0/0",
                "source_address_prefixes": [],
                "source_application_security_group_ids": [],
                "source_port_range": "*",
                "source_port_ranges": []
              }
            ],
            "tags": null,
            "timeouts": null
          },
          "sensitive_attributes": [],
          "private": "eyJlMmJmYjczMC1lY2FhLTExZTYtOGY4OC0zNDM2M2JjN2M0YzAiOnsiY3JlYXRlIjoxODAwMDAwMDAwMDAwLCJkZWxldGUiOjE4MDAwMDAwMDAwMDAsInJlYWQiOjMwMDAwMDAwMDAwMCwidXBkYXRlIjoxODAwMDAwMDAwMDAwfX0=",
          "dependencies": [
            "azurerm_resource_group.wiz_exercise"
          ]
        }
      ]
    },
    {
      "module": "module.mongodb",
      "mode": "managed",
      "type": "azurerm_network_security_rule",
      "name": "mongodb_port",
      "provider": "provider[\"registry.terraform.io/hashicorp/azurerm\"]",
      "instances": [
        {
          "schema_version": 0,
          "attributes": {
            "access": "Allow",
            "description": "",
            "destination_address_prefix": "*",
            "destination_address_prefixes": null,
            "destination_application_security_group_ids": null,
            "destination_port_range": "27017",
            "destination_port_ranges": null,
            "direction": "Inbound",
            "id": "/subscriptions/bf3ff429-d86d-43a1-9326-f625a1e8bb50/resourceGroups/wiz-exercise-rg/providers/Microsoft.Network/networkSecurityGroups/mongodb-nsg/securityRules/allow-mongodb",
            "name": "allow-mongodb",
            "network_security_group_name": "mongodb-nsg",
            "priority": 110,
            "protocol": "Tcp",
            "resource_group_name": "wiz-exercise-rg",
            "source_address_prefix": "*",
            "source_address_prefixes": null,
            "source_application_security_group_ids": null,
            "source_port_range": "*",
            "source_port_ranges": null,
            "timeouts": null
          },
          "sensitive_attributes": [],
          "private": "eyJlMmJmYjczMC1lY2FhLTExZTYtOGY4OC0zNDM2M2JjN2M0YzAiOnsiY3JlYXRlIjoxODAwMDAwMDAwMDAwLCJkZWxldGUiOjE4MDAwMDAwMDAwMDAsInJlYWQiOjMwMDAwMDAwMDAwMCwidXBkYXRlIjoxODAwMDAwMDAwMDAwfX0=",
          "dependencies": [
            "azurerm_resource_group.wiz_exercise",
            "module.mongodb.azurerm_network_security_group.mongodb_nsg"
          ]
        }
      ]
    },
    {
      "module": "module.mongodb",
      "mode": "managed",
      "type": "azurerm_network_security_rule",
      "name": "mongodb_ssh",
      "provider": "provider[\"registry.terraform.io/hashicorp/azurerm\"]",
      "instances": [
        {
          "schema_version": 0,
          "attributes": {
            "access": "Allow",
            "description": "",
            "destination_address_prefix": "*",
            "destination_address_prefixes": null,
            "destination_application_security_group_ids": null,
            "destination_port_range": "22",
            "destination_port_ranges": null,
            "direction": "Inbound",
            "id": "/subscriptions/bf3ff429-d86d-43a1-9326-f625a1e8bb50/resourceGroups/wiz-exercise-rg/providers/Microsoft.Network/networkSecurityGroups/mongodb-nsg/securityRules/allow-ssh",
            "name": "allow-ssh",
            "network_security_group_name": "mongodb-nsg",
            "priority": 100,
            "protocol": "Tcp",
            "resource_group_name": "wiz-exercise-rg",
            "source_address_prefix": "*",
            "source_address_prefixes": null,
            "source_application_security_group_ids": null,
            "source_port_range": "*",
            "source_port_ranges": null,
            "timeouts": null
          },
          "sensitive_attributes": [],
          "private": "eyJlMmJmYjczMC1lY2FhLTExZTYtOGY4OC0zNDM2M2JjN2M0YzAiOnsiY3JlYXRlIjoxODAwMDAwMDAwMDAwLCJkZWxldGUiOjE4MDAwMDAwMDAwMDAsInJlYWQiOjMwMDAwMDAwMDAwMCwidXBkYXRlIjoxODAwMDAwMDAwMDAwfX0=",
          "dependencies": [
            "azurerm_resource_group.wiz_exercise",
            "module.mongodb.azurerm_network_security_group.mongodb_nsg"
          ]
        }
      ]
    },
    {
      "module": "module.mongodb",
      "mode": "managed",
      "type": "azurerm_public_ip",
      "name": "mongodb_pip",
      "provider": "provider[\"registry.terraform.io/hashicorp/azurerm\"]",
      "instances": [
        {
          "schema_version": 0,
          "attributes": {
            "allocation_method": "Static",
            "ddos_protection_mode": "VirtualNetworkInherited",
            "ddos_protection_plan_id": null,
            "domain_name_label": null,
            "edge_zone": "",
            "fqdn": null,
            "id": "/subscriptions/bf3ff429-d86d-43a1-9326-f625a1e8bb50/resourceGroups/wiz-exercise-rg/providers/Microsoft.Network/publicIPAddresses/mongodb-pip",
            "idle_timeout_in_minutes": 4,
            "ip_address": "172.203.31.16",
            "ip_tags": null,
            "ip_version": "IPv4",
            "location": "eastus2",
            "name": "mongodb-pip",
            "public_ip_prefix_id": null,
            "resource_group_name": "wiz-exercise-rg",
            "reverse_fqdn": null,
            "sku": "Standard",
            "sku_tier": "Regional",
            "tags": null,
            "timeouts": null,
            "zones": null
          },
          "sensitive_attributes": [],
          "private": "eyJlMmJmYjczMC1lY2FhLTExZTYtOGY4OC0zNDM2M2JjN2M0YzAiOnsiY3JlYXRlIjoxODAwMDAwMDAwMDAwLCJkZWxldGUiOjE4MDAwMDAwMDAwMDAsInJlYWQiOjMwMDAwMDAwMDAwMCwidXBkYXRlIjoxODAwMDAwMDAwMDAwfX0=",
          "dependencies": [
            "azurerm_resource_group.wiz_exercise"
          ]
        }
      ]
    },
    {
      "module": "module.mongodb",
      "mode": "managed",
      "type": "azurerm_role_assignment",
      "name": "vm_owner",
      "provider": "provider[\"registry.terraform.io/hashicorp/azurerm\"]",
      "instances": [
        {
          "schema_version": 0,
          "attributes": {
            "condition": "",
            "condition_version": "",
            "delegated_managed_identity_resource_id": "",
            "description": "",
            "id": "/subscriptions/bf3ff429-d86d-43a1-9326-f625a1e8bb50/providers/Microsoft.Authorization/roleAssignments/1d39ffc5-8cd4-9ab7-8751-21d5b391e160",
            "name": "1d39ffc5-8cd4-9ab7-8751-21d5b391e160",
            "principal_id": "bdd2354b-a30a-4fc8-96f2-7f786cf05631",
            "principal_type": "ServicePrincipal",
            "role_definition_id": "/subscriptions/bf3ff429-d86d-43a1-9326-f625a1e8bb50/providers/Microsoft.Authorization/roleDefinitions/8e3af657-a8ff-443c-a75c-2fe8c4bcb635",
            "role_definition_name": "Owner",
            "scope": "/subscriptions/bf3ff429-d86d-43a1-9326-f625a1e8bb50",
            "skip_service_principal_aad_check": null,
            "timeouts": null
          },
          "sensitive_attributes": [],
          "private": "eyJlMmJmYjczMC1lY2FhLTExZTYtOGY4OC0zNDM2M2JjN2M0YzAiOnsiY3JlYXRlIjoxODAwMDAwMDAwMDAwLCJkZWxldGUiOjE4MDAwMDAwMDAwMDAsInJlYWQiOjMwMDAwMDAwMDAwMH19",
          "dependencies": [
            "azurerm_resource_group.wiz_exercise",
            "module.mongodb.azurerm_linux_virtual_machine.mongodb_vm",
            "module.mongodb.azurerm_network_interface.mongodb_nic",
            "module.mongodb.azurerm_public_ip.mongodb_pip",
            "module.mongodb.data.azurerm_client_config.current",
            "module.network.azurerm_subnet.database_subnet",
            "module.network.azurerm_virtual_network.wiz_vnet",
            "module.storage.azurerm_storage_account.backup_storage",
            "module.storage.random_string.suffix"
          ]
        }
      ]
    },
    {
      "module": "module.mongodb",
      "mode": "managed",
      "type": "azurerm_role_assignment",
      "name": "vm_storage_contributor",
      "provider": "provider[\"registry.terraform.io/hashicorp/azurerm\"]",
      "instances": [
        {
          "schema_version": 0,
          "attributes": {
            "condition": "",
            "condition_version": "",
            "delegated_managed_identity_resource_id": "",
            "description": "",
            "id": "/subscriptions/bf3ff429-d86d-43a1-9326-f625a1e8bb50/providers/Microsoft.Authorization/roleAssignments/4a24455c-0678-58fc-e07b-3d7d396e7156",
            "name": "4a24455c-0678-58fc-e07b-3d7d396e7156",
            "principal_id": "bdd2354b-a30a-4fc8-96f2-7f786cf05631",
            "principal_type": "ServicePrincipal",
            "role_definition_id": "/subscriptions/bf3ff429-d86d-43a1-9326-f625a1e8bb50/providers/Microsoft.Authorization/roleDefinitions/ba92f5b4-2d11-453d-a403-e96b0029c9fe",
            "role_definition_name": "Storage Blob Data Contributor",
            "scope": "/subscriptions/bf3ff429-d86d-43a1-9326-f625a1e8bb50",
            "skip_service_principal_aad_check": null,
            "timeouts": null
          },
          "sensitive_attributes": [],
          "private": "eyJlMmJmYjczMC1lY2FhLTExZTYtOGY4OC0zNDM2M2JjN2M0YzAiOnsiY3JlYXRlIjoxODAwMDAwMDAwMDAwLCJkZWxldGUiOjE4MDAwMDAwMDAwMDAsInJlYWQiOjMwMDAwMDAwMDAwMH19",
          "dependencies": [
            "azurerm_resource_group.wiz_exercise",
            "module.mongodb.azurerm_linux_virtual_machine.mongodb_vm",
            "module.mongodb.azurerm_network_interface.mongodb_nic",
            "module.mongodb.azurerm_public_ip.mongodb_pip",
            "module.mongodb.data.azurerm_client_config.current",
            "module.network.azurerm_subnet.database_subnet",
            "module.network.azurerm_virtual_network.wiz_vnet",
            "module.storage.azurerm_storage_account.backup_storage",
            "module.storage.random_string.suffix"
          ]
        }
      ]
    },
    {
      "module": "module.mongodb",
      "mode": "managed",
      "type": "null_resource",
      "name": "backup_test",
      "provider": "provider[\"registry.terraform.io/hashicorp/null\"]",
      "instances": [
        {
          "schema_version": 0,
          "attributes": {
            "id": "4292060147477024402",
            "triggers": null
          },
          "sensitive_attributes": [],
          "dependencies": [
            "azurerm_resource_group.wiz_exercise",
            "module.mongodb.azurerm_linux_virtual_machine.mongodb_vm",
            "module.mongodb.azurerm_network_interface.mongodb_nic",
            "module.mongodb.azurerm_public_ip.mongodb_pip",
            "module.mongodb.azurerm_role_assignment.vm_owner",
            "module.mongodb.azurerm_role_assignment.vm_storage_contributor",
            "module.mongodb.data.azurerm_client_config.current",
            "module.network.azurerm_subnet.database_subnet",
            "module.network.azurerm_virtual_network.wiz_vnet",
            "module.storage.azurerm_storage_account.backup_storage",
            "module.storage.random_string.suffix"
          ]
        }
      ]
    },
    {
      "module": "module.network",
      "mode": "managed",
      "type": "azurerm_subnet",
      "name": "database_subnet",
      "provider": "provider[\"registry.terraform.io/hashicorp/azurerm\"]",
      "instances": [
        {
          "schema_version": 0,
          "attributes": {
            "address_prefixes": [
              "10.0.1.0/24"
            ],
            "default_outbound_access_enabled": true,
            "delegation": [],
            "enforce_private_link_endpoint_network_policies": false,
            "enforce_private_link_service_network_policies": false,
            "id": "/subscriptions/bf3ff429-d86d-43a1-9326-f625a1e8bb50/resourceGroups/wiz-exercise-rg/providers/Microsoft.Network/virtualNetworks/wiz-vnet/subnets/database-subnet",
            "name": "database-subnet",
            "private_endpoint_network_policies": "Enabled",
            "private_endpoint_network_policies_enabled": true,
            "private_link_service_network_policies_enabled": true,
            "resource_group_name": "wiz-exercise-rg",
            "service_endpoint_policy_ids": null,
            "service_endpoints": null,
            "timeouts": null,
            "virtual_network_name": "wiz-vnet"
          },
          "sensitive_attributes": [],
          "private": "eyJlMmJmYjczMC1lY2FhLTExZTYtOGY4OC0zNDM2M2JjN2M0YzAiOnsiY3JlYXRlIjoxODAwMDAwMDAwMDAwLCJkZWxldGUiOjE4MDAwMDAwMDAwMDAsInJlYWQiOjMwMDAwMDAwMDAwMCwidXBkYXRlIjoxODAwMDAwMDAwMDAwfX0=",
          "dependencies": [
            "azurerm_resource_group.wiz_exercise",
            "module.network.azurerm_virtual_network.wiz_vnet"
          ]
        }
      ]
    },
    {
      "module": "module.network",
      "mode": "managed",
      "type": "azurerm_subnet",
      "name": "kubernetes_subnet",
      "provider": "provider[\"registry.terraform.io/hashicorp/azurerm\"]",
      "instances": [
        {
          "schema_version": 0,
          "attributes": {
            "address_prefixes": [
              "10.0.2.0/24"
            ],
            "default_outbound_access_enabled": true,
            "delegation": [],
            "enforce_private_link_endpoint_network_policies": false,
            "enforce_private_link_service_network_policies": false,
            "id": "/subscriptions/bf3ff429-d86d-43a1-9326-f625a1e8bb50/resourceGroups/wiz-exercise-rg/providers/Microsoft.Network/virtualNetworks/wiz-vnet/subnets/kubernetes-subnet",
            "name": "kubernetes-subnet",
            "private_endpoint_network_policies": "Enabled",
            "private_endpoint_network_policies_enabled": true,
            "private_link_service_network_policies_enabled": true,
            "resource_group_name": "wiz-exercise-rg",
            "service_endpoint_policy_ids": null,
            "service_endpoints": null,
            "timeouts": null,
            "virtual_network_name": "wiz-vnet"
          },
          "sensitive_attributes": [],
          "private": "eyJlMmJmYjczMC1lY2FhLTExZTYtOGY4OC0zNDM2M2JjN2M0YzAiOnsiY3JlYXRlIjoxODAwMDAwMDAwMDAwLCJkZWxldGUiOjE4MDAwMDAwMDAwMDAsInJlYWQiOjMwMDAwMDAwMDAwMCwidXBkYXRlIjoxODAwMDAwMDAwMDAwfX0=",
          "dependencies": [
            "azurerm_resource_group.wiz_exercise",
            "module.network.azurerm_virtual_network.wiz_vnet"
          ]
        }
      ]
    },
    {
      "module": "module.network",
      "mode": "managed",
      "type": "azurerm_virtual_network",
      "name": "wiz_vnet",
      "provider": "provider[\"registry.terraform.io/hashicorp/azurerm\"]",
      "instances": [
        {
          "schema_version": 0,
          "attributes": {
            "address_space": [
              "10.0.0.0/16"
            ],
            "bgp_community": "",
            "ddos_protection_plan": [],
            "dns_servers": [],
            "edge_zone": "",
            "encryption": [],
            "flow_timeout_in_minutes": 0,
            "guid": "5cc8b456-f7c1-4e72-97ed-184e8a0053fd",
            "id": "/subscriptions/bf3ff429-d86d-43a1-9326-f625a1e8bb50/resourceGroups/wiz-exercise-rg/providers/Microsoft.Network/virtualNetworks/wiz-vnet",
            "location": "eastus2",
            "name": "wiz-vnet",
            "resource_group_name": "wiz-exercise-rg",
            "subnet": [],
            "tags": null,
            "timeouts": null
          },
          "sensitive_attributes": [],
          "private": "eyJlMmJmYjczMC1lY2FhLTExZTYtOGY4OC0zNDM2M2JjN2M0YzAiOnsiY3JlYXRlIjoxODAwMDAwMDAwMDAwLCJkZWxldGUiOjE4MDAwMDAwMDAwMDAsInJlYWQiOjMwMDAwMDAwMDAwMCwidXBkYXRlIjoxODAwMDAwMDAwMDAwfX0=",
          "dependencies": [
            "azurerm_resource_group.wiz_exercise"
          ]
        }
      ]
    },
    {
      "module": "module.storage",
      "mode": "managed",
      "type": "azurerm_storage_account",
      "name": "backup_storage",
      "provider": "provider[\"registry.terraform.io/hashicorp/azurerm\"]",
      "instances": [
        {
          "schema_version": 4,
          "attributes": {
            "access_tier": "Hot",
            "account_kind": "StorageV2",
            "account_replication_type": "LRS",
            "account_tier": "Standard",
            "allow_nested_items_to_be_public": true,
            "allowed_copy_scope": "",
            "azure_files_authentication": [],
            "blob_properties": [
              {
                "change_feed_enabled": false,
                "change_feed_retention_in_days": 0,
                "container_delete_retention_policy": [
                  {
                    "days": 1
                  }
                ],
                "cors_rule": [],
                "default_service_version": "",
                "delete_retention_policy": [
                  {
                    "days": 1,
                    "permanent_delete_enabled": false
                  }
                ],
                "last_access_time_enabled": false,
                "restore_policy": [],
                "versioning_enabled": false
              }
            ],
            "cross_tenant_replication_enabled": true,
            "custom_domain": [],
            "customer_managed_key": [],
            "default_to_oauth_authentication": false,
            "dns_endpoint_type": "Standard",
            "edge_zone": "",
            "enable_https_traffic_only": true,
            "https_traffic_only_enabled": true,
            "id": "/subscriptions/bf3ff429-d86d-43a1-9326-f625a1e8bb50/resourceGroups/wiz-exercise-rg/providers/Microsoft.Storage/storageAccounts/backupsnhyf144n",
            "identity": [],
            "immutability_policy": [],
            "infrastructure_encryption_enabled": false,
            "is_hns_enabled": false,
            "large_file_share_enabled": false,
            "local_user_enabled": true,
            "location": "eastus2",
            "min_tls_version": "TLS1_0",
            "name": "backupsnhyf144n",
            "network_rules": [],
            "nfsv3_enabled": false,
            "primary_access_key": "m5bEQlAU5reEwkW3bFS8/DSGlgwPw9DGqIYDYa1drcnAqQgIf/Xl8h13AJs3XHHg32sU3bx4gkl7+AStfKTiIA==",
            "primary_blob_connection_string": "DefaultEndpointsProtocol=https;BlobEndpoint=https://backupsnhyf144n.blob.core.windows.net/;AccountName=backupsnhyf144n;AccountKey=m5bEQlAU5reEwkW3bFS8/DSGlgwPw9DGqIYDYa1drcnAqQgIf/Xl8h13AJs3XHHg32sU3bx4gkl7+AStfKTiIA==",
            "primary_blob_endpoint": "https://backupsnhyf144n.blob.core.windows.net/",
            "primary_blob_host": "backupsnhyf144n.blob.core.windows.net",
            "primary_blob_internet_endpoint": "",
            "primary_blob_internet_host": "",
            "primary_blob_microsoft_endpoint": "",
            "primary_blob_microsoft_host": "",
            "primary_connection_string": "DefaultEndpointsProtocol=https;AccountName=backupsnhyf144n;AccountKey=m5bEQlAU5reEwkW3bFS8/DSGlgwPw9DGqIYDYa1drcnAqQgIf/Xl8h13AJs3XHHg32sU3bx4gkl7+AStfKTiIA==;EndpointSuffix=core.windows.net",
            "primary_dfs_endpoint": "https://backupsnhyf144n.dfs.core.windows.net/",
            "primary_dfs_host": "backupsnhyf144n.dfs.core.windows.net",
            "primary_dfs_internet_endpoint": "",
            "primary_dfs_internet_host": "",
            "primary_dfs_microsoft_endpoint": "",
            "primary_dfs_microsoft_host": "",
            "primary_file_endpoint": "https://backupsnhyf144n.file.core.windows.net/",
            "primary_file_host": "backupsnhyf144n.file.core.windows.net",
            "primary_file_internet_endpoint": "",
            "primary_file_internet_host": "",
            "primary_file_microsoft_endpoint": "",
            "primary_file_microsoft_host": "",
            "primary_location": "eastus2",
            "primary_queue_endpoint": "https://backupsnhyf144n.queue.core.windows.net/",
            "primary_queue_host": "backupsnhyf144n.queue.core.windows.net",
            "primary_queue_microsoft_endpoint": "",
            "primary_queue_microsoft_host": "",
            "primary_table_endpoint": "https://backupsnhyf144n.table.core.windows.net/",
            "primary_table_host": "backupsnhyf144n.table.core.windows.net",
            "primary_table_microsoft_endpoint": "",
            "primary_table_microsoft_host": "",
            "primary_web_endpoint": "https://backupsnhyf144n.z20.web.core.windows.net/",
            "primary_web_host": "backupsnhyf144n.z20.web.core.windows.net",
            "primary_web_internet_endpoint": "",
            "primary_web_internet_host": "",
            "primary_web_microsoft_endpoint": "",
            "primary_web_microsoft_host": "",
            "public_network_access_enabled": true,
            "queue_encryption_key_type": "Service",
            "queue_properties": [
              {
                "cors_rule": [],
                "hour_metrics": [
                  {
                    "enabled": false,
                    "include_apis": false,
                    "retention_policy_days": 0,
                    "version": "1.0"
                  }
                ],
                "logging": [
                  {
                    "delete": false,
                    "read": false,
                    "retention_policy_days": 0,
                    "version": "1.0",
                    "write": false
                  }
                ],
                "minute_metrics": [
                  {
                    "enabled": false,
                    "include_apis": false,
                    "retention_policy_days": 0,
                    "version": "1.0"
                  }
                ]
              }
            ],
            "resource_group_name": "wiz-exercise-rg",
            "routing": [],
            "sas_policy": [],
            "secondary_access_key": "/vgbu/gnU8e8Fe1sVYR5F/x6jrCSiAL7WQm9VqQR2nDcqOU7vUlJY1/XCADFhSNTwhevJ+wzN1Tn+AStwPyp3g==",
            "secondary_blob_connection_string": "",
            "secondary_blob_endpoint": "",
            "secondary_blob_host": "",
            "secondary_blob_internet_endpoint": "",
            "secondary_blob_internet_host": "",
            "secondary_blob_microsoft_endpoint": "",
            "secondary_blob_microsoft_host": "",
            "secondary_connection_string": "DefaultEndpointsProtocol=https;AccountName=backupsnhyf144n;AccountKey=/vgbu/gnU8e8Fe1sVYR5F/x6jrCSiAL7WQm9VqQR2nDcqOU7vUlJY1/XCADFhSNTwhevJ+wzN1Tn+AStwPyp3g==;EndpointSuffix=core.windows.net",
            "secondary_dfs_endpoint": "",
            "secondary_dfs_host": "",
            "secondary_dfs_internet_endpoint": "",
            "secondary_dfs_internet_host": "",
            "secondary_dfs_microsoft_endpoint": "",
            "secondary_dfs_microsoft_host": "",
            "secondary_file_endpoint": "",
            "secondary_file_host": "",
            "secondary_file_internet_endpoint": "",
            "secondary_file_internet_host": "",
            "secondary_file_microsoft_endpoint": "",
            "secondary_file_microsoft_host": "",
            "secondary_location": "",
            "secondary_queue_endpoint": "",
            "secondary_queue_host": "",
            "secondary_queue_microsoft_endpoint": "",
            "secondary_queue_microsoft_host": "",
            "secondary_table_endpoint": "",
            "secondary_table_host": "",
            "secondary_table_microsoft_endpoint": "",
            "secondary_table_microsoft_host": "",
            "secondary_web_endpoint": "",
            "secondary_web_host": "",
            "secondary_web_internet_endpoint": "",
            "secondary_web_internet_host": "",
            "secondary_web_microsoft_endpoint": "",
            "secondary_web_microsoft_host": "",
            "sftp_enabled": false,
            "share_properties": [
              {
                "cors_rule": [],
                "retention_policy": [
                  {
                    "days": 7
                  }
                ],
                "smb": []
              }
            ],
            "shared_access_key_enabled": true,
            "static_website": [],
            "table_encryption_key_type": "Service",
            "tags": {
              "Environment": "SecurityTesting",
              "Purpose": "PublicBackupStorage",
              "Risk": "CRITICAL",
              "Warning": "PubliclyAccessible"
            },
            "timeouts": null
          },
          "sensitive_attributes": [
            [
              {
                "type": "get_attr",
                "value": "primary_connection_string"
              }
            ],
            [
              {
                "type": "get_attr",
                "value": "primary_blob_connection_string"
              }
            ],
            [
              {
                "type": "get_attr",
                "value": "secondary_blob_connection_string"
              }
            ],
            [
              {
                "type": "get_attr",
                "value": "primary_access_key"
              }
            ],
            [
              {
                "type": "get_attr",
                "value": "secondary_connection_string"
              }
            ],
            [
              {
                "type": "get_attr",
                "value": "secondary_access_key"
              }
            ]
          ],
          "private": "eyJlMmJmYjczMC1lY2FhLTExZTYtOGY4OC0zNDM2M2JjN2M0YzAiOnsiY3JlYXRlIjozNjAwMDAwMDAwMDAwLCJkZWxldGUiOjM2MDAwMDAwMDAwMDAsInJlYWQiOjMwMDAwMDAwMDAwMCwidXBkYXRlIjozNjAwMDAwMDAwMDAwfSwic2NoZW1hX3ZlcnNpb24iOiI0In0=",
          "dependencies": [
            "azurerm_resource_group.wiz_exercise",
            "module.storage.random_string.suffix"
          ]
        }
      ]
    },
    {
      "module": "module.storage",
      "mode": "managed",
      "type": "azurerm_storage_account",
      "name": "wiz_storage",
      "provider": "provider[\"registry.terraform.io/hashicorp/azurerm\"]",
      "instances": [
        {
          "schema_version": 4,
          "attributes": {
            "access_tier": "Hot",
            "account_kind": "StorageV2",
            "account_replication_type": "LRS",
            "account_tier": "Standard",
            "allow_nested_items_to_be_public": true,
            "allowed_copy_scope": "",
            "azure_files_authentication": [],
            "blob_properties": [
              {
                "change_feed_enabled": false,
                "change_feed_retention_in_days": 0,
                "container_delete_retention_policy": [],
                "cors_rule": [],
                "default_service_version": "",
                "delete_retention_policy": [
                  {
                    "days": 1,
                    "permanent_delete_enabled": false
                  }
                ],
                "last_access_time_enabled": false,
                "restore_policy": [],
                "versioning_enabled": false
              }
            ],
            "cross_tenant_replication_enabled": true,
            "custom_domain": [],
            "customer_managed_key": [],
            "default_to_oauth_authentication": false,
            "dns_endpoint_type": "Standard",
            "edge_zone": "",
            "enable_https_traffic_only": true,
            "https_traffic_only_enabled": true,
            "id": "/subscriptions/bf3ff429-d86d-43a1-9326-f625a1e8bb50/resourceGroups/wiz-exercise-rg/providers/Microsoft.Storage/storageAccounts/wizexnhyf144n",
            "identity": [],
            "immutability_policy": [],
            "infrastructure_encryption_enabled": false,
            "is_hns_enabled": false,
            "large_file_share_enabled": false,
            "local_user_enabled": true,
            "location": "eastus2",
            "min_tls_version": "TLS1_2",
            "name": "wizexnhyf144n",
            "network_rules": [],
            "nfsv3_enabled": false,
            "primary_access_key": "u48/sidh+LPrTi1Iln3RsQY7t6LP+1TEVB7O+6j7Rdtj5szjLDQZG0wZQbYj5Z4UOFk+QKZR/x5a+ASttT6XSQ==",
            "primary_blob_connection_string": "DefaultEndpointsProtocol=https;BlobEndpoint=https://wizexnhyf144n.blob.core.windows.net/;AccountName=wizexnhyf144n;AccountKey=u48/sidh+LPrTi1Iln3RsQY7t6LP+1TEVB7O+6j7Rdtj5szjLDQZG0wZQbYj5Z4UOFk+QKZR/x5a+ASttT6XSQ==",
            "primary_blob_endpoint": "https://wizexnhyf144n.blob.core.windows.net/",
            "primary_blob_host": "wizexnhyf144n.blob.core.windows.net",
            "primary_blob_internet_endpoint": "",
            "primary_blob_internet_host": "",
            "primary_blob_microsoft_endpoint": "",
            "primary_blob_microsoft_host": "",
            "primary_connection_string": "DefaultEndpointsProtocol=https;AccountName=wizexnhyf144n;AccountKey=u48/sidh+LPrTi1Iln3RsQY7t6LP+1TEVB7O+6j7Rdtj5szjLDQZG0wZQbYj5Z4UOFk+QKZR/x5a+ASttT6XSQ==;EndpointSuffix=core.windows.net",
            "primary_dfs_endpoint": "https://wizexnhyf144n.dfs.core.windows.net/",
            "primary_dfs_host": "wizexnhyf144n.dfs.core.windows.net",
            "primary_dfs_internet_endpoint": "",
            "primary_dfs_internet_host": "",
            "primary_dfs_microsoft_endpoint": "",
            "primary_dfs_microsoft_host": "",
            "primary_file_endpoint": "https://wizexnhyf144n.file.core.windows.net/",
            "primary_file_host": "wizexnhyf144n.file.core.windows.net",
            "primary_file_internet_endpoint": "",
            "primary_file_internet_host": "",
            "primary_file_microsoft_endpoint": "",
            "primary_file_microsoft_host": "",
            "primary_location": "eastus2",
            "primary_queue_endpoint": "https://wizexnhyf144n.queue.core.windows.net/",
            "primary_queue_host": "wizexnhyf144n.queue.core.windows.net",
            "primary_queue_microsoft_endpoint": "",
            "primary_queue_microsoft_host": "",
            "primary_table_endpoint": "https://wizexnhyf144n.table.core.windows.net/",
            "primary_table_host": "wizexnhyf144n.table.core.windows.net",
            "primary_table_microsoft_endpoint": "",
            "primary_table_microsoft_host": "",
            "primary_web_endpoint": "https://wizexnhyf144n.z20.web.core.windows.net/",
            "primary_web_host": "wizexnhyf144n.z20.web.core.windows.net",
            "primary_web_internet_endpoint": "",
            "primary_web_internet_host": "",
            "primary_web_microsoft_endpoint": "",
            "primary_web_microsoft_host": "",
            "public_network_access_enabled": true,
            "queue_encryption_key_type": "Service",
            "queue_properties": [
              {
                "cors_rule": [],
                "hour_metrics": [
                  {
                    "enabled": false,
                    "include_apis": false,
                    "retention_policy_days": 0,
                    "version": "1.0"
                  }
                ],
                "logging": [
                  {
                    "delete": false,
                    "read": false,
                    "retention_policy_days": 0,
                    "version": "1.0",
                    "write": false
                  }
                ],
                "minute_metrics": [
                  {
                    "enabled": false,
                    "include_apis": false,
                    "retention_policy_days": 0,
                    "version": "1.0"
                  }
                ]
              }
            ],
            "resource_group_name": "wiz-exercise-rg",
            "routing": [],
            "sas_policy": [],
            "secondary_access_key": "stI4cOMZQxWosGFvxKdIjPwpWZbHYsQIkeZUxidInPeRVZYzpUGu4upFRz7v0IxoDCnK2H3gtX6B+AStJdOU9Q==",
            "secondary_blob_connection_string": "",
            "secondary_blob_endpoint": "",
            "secondary_blob_host": "",
            "secondary_blob_internet_endpoint": "",
            "secondary_blob_internet_host": "",
            "secondary_blob_microsoft_endpoint": "",
            "secondary_blob_microsoft_host": "",
            "secondary_connection_string": "DefaultEndpointsProtocol=https;AccountName=wizexnhyf144n;AccountKey=stI4cOMZQxWosGFvxKdIjPwpWZbHYsQIkeZUxidInPeRVZYzpUGu4upFRz7v0IxoDCnK2H3gtX6B+AStJdOU9Q==;EndpointSuffix=core.windows.net",
            "secondary_dfs_endpoint": "",
            "secondary_dfs_host": "",
            "secondary_dfs_internet_endpoint": "",
            "secondary_dfs_internet_host": "",
            "secondary_dfs_microsoft_endpoint": "",
            "secondary_dfs_microsoft_host": "",
            "secondary_file_endpoint": "",
            "secondary_file_host": "",
            "secondary_file_internet_endpoint": "",
            "secondary_file_internet_host": "",
            "secondary_file_microsoft_endpoint": "",
            "secondary_file_microsoft_host": "",
            "secondary_location": "",
            "secondary_queue_endpoint": "",
            "secondary_queue_host": "",
            "secondary_queue_microsoft_endpoint": "",
            "secondary_queue_microsoft_host": "",
            "secondary_table_endpoint": "",
            "secondary_table_host": "",
            "secondary_table_microsoft_endpoint": "",
            "secondary_table_microsoft_host": "",
            "secondary_web_endpoint": "",
            "secondary_web_host": "",
            "secondary_web_internet_endpoint": "",
            "secondary_web_internet_host": "",
            "secondary_web_microsoft_endpoint": "",
            "secondary_web_microsoft_host": "",
            "sftp_enabled": false,
            "share_properties": [
              {
                "cors_rule": [],
                "retention_policy": [
                  {
                    "days": 7
                  }
                ],
                "smb": []
              }
            ],
            "shared_access_key_enabled": true,
            "static_website": [],
            "table_encryption_key_type": "Service",
            "tags": {
              "Environment": "SecurityTesting",
              "Purpose": "VulnerableStorage",
              "Risk": "HIGH"
            },
            "timeouts": null
          },
          "sensitive_attributes": [
            [
              {
                "type": "get_attr",
                "value": "primary_blob_connection_string"
              }
            ],
            [
              {
                "type": "get_attr",
                "value": "secondary_blob_connection_string"
              }
            ],
            [
              {
                "type": "get_attr",
                "value": "primary_connection_string"
              }
            ],
            [
              {
                "type": "get_attr",
                "value": "primary_access_key"
              }
            ],
            [
              {
                "type": "get_attr",
                "value": "secondary_access_key"
              }
            ],
            [
              {
                "type": "get_attr",
                "value": "secondary_connection_string"
              }
            ]
          ],
          "private": "eyJlMmJmYjczMC1lY2FhLTExZTYtOGY4OC0zNDM2M2JjN2M0YzAiOnsiY3JlYXRlIjozNjAwMDAwMDAwMDAwLCJkZWxldGUiOjM2MDAwMDAwMDAwMDAsInJlYWQiOjMwMDAwMDAwMDAwMCwidXBkYXRlIjozNjAwMDAwMDAwMDAwfSwic2NoZW1hX3ZlcnNpb24iOiI0In0=",
          "dependencies": [
            "azurerm_resource_group.wiz_exercise",
            "module.storage.random_string.suffix"
          ]
        }
      ]
    },
    {
      "module": "module.storage",
      "mode": "managed",
      "type": "azurerm_storage_account_network_rules",
      "name": "backup_public_access",
      "provider": "provider[\"registry.terraform.io/hashicorp/azurerm\"]",
      "instances": [
        {
          "schema_version": 0,
          "attributes": {
            "bypass": [
              "AzureServices",
              "Logging",
              "Metrics"
            ],
            "default_action": "Allow",
            "id": "/subscriptions/bf3ff429-d86d-43a1-9326-f625a1e8bb50/resourceGroups/wiz-exercise-rg/providers/Microsoft.Storage/storageAccounts/backupsnhyf144n",
            "ip_rules": null,
            "private_link_access": [],
            "storage_account_id": "/subscriptions/bf3ff429-d86d-43a1-9326-f625a1e8bb50/resourceGroups/wiz-exercise-rg/providers/Microsoft.Storage/storageAccounts/backupsnhyf144n",
            "timeouts": null,
            "virtual_network_subnet_ids": null
          },
          "sensitive_attributes": [],
          "private": "eyJlMmJmYjczMC1lY2FhLTExZTYtOGY4OC0zNDM2M2JjN2M0YzAiOnsiY3JlYXRlIjozNjAwMDAwMDAwMDAwLCJkZWxldGUiOjM2MDAwMDAwMDAwMDAsInJlYWQiOjMwMDAwMDAwMDAwMCwidXBkYXRlIjozNjAwMDAwMDAwMDAwfX0=",
          "dependencies": [
            "azurerm_resource_group.wiz_exercise",
            "module.storage.azurerm_storage_account.backup_storage",
            "module.storage.random_string.suffix"
          ]
        }
      ]
    },
    {
      "module": "module.storage",
      "mode": "managed",
      "type": "azurerm_storage_container",
      "name": "mongodb_backups",
      "provider": "provider[\"registry.terraform.io/hashicorp/azurerm\"]",
      "instances": [
        {
          "schema_version": 1,
          "attributes": {
            "container_access_type": "blob",
            "default_encryption_scope": "$account-encryption-key",
            "encryption_scope_override_enabled": true,
            "has_immutability_policy": false,
            "has_legal_hold": false,
            "id": "https://wizexnhyf144n.blob.core.windows.net/mongodb-backups",
            "metadata": {},
            "name": "mongodb-backups",
            "resource_manager_id": "/subscriptions/bf3ff429-d86d-43a1-9326-f625a1e8bb50/resourceGroups/wiz-exercise-rg/providers/Microsoft.Storage/storageAccounts/wizexnhyf144n/blobServices/default/containers/mongodb-backups",
            "storage_account_name": "wizexnhyf144n",
            "timeouts": null
          },
          "sensitive_attributes": [],
          "private": "eyJlMmJmYjczMC1lY2FhLTExZTYtOGY4OC0zNDM2M2JjN2M0YzAiOnsiY3JlYXRlIjoxODAwMDAwMDAwMDAwLCJkZWxldGUiOjE4MDAwMDAwMDAwMDAsInJlYWQiOjMwMDAwMDAwMDAwMCwidXBkYXRlIjoxODAwMDAwMDAwMDAwfSwic2NoZW1hX3ZlcnNpb24iOiIxIn0=",
          "dependencies": [
            "azurerm_resource_group.wiz_exercise",
            "module.storage.azurerm_storage_account.wiz_storage",
            "module.storage.random_string.suffix"
          ]
        }
      ]
    },
    {
      "module": "module.storage",
      "mode": "managed",
      "type": "azurerm_storage_container",
      "name": "public_backups",
      "provider": "provider[\"registry.terraform.io/hashicorp/azurerm\"]",
      "instances": [
        {
          "schema_version": 1,
          "attributes": {
            "container_access_type": "blob",
            "default_encryption_scope": "$account-encryption-key",
            "encryption_scope_override_enabled": true,
            "has_immutability_policy": false,
            "has_legal_hold": false,
            "id": "https://backupsnhyf144n.blob.core.windows.net/mongodb-backups",
            "metadata": {},
            "name": "mongodb-backups",
            "resource_manager_id": "/subscriptions/bf3ff429-d86d-43a1-9326-f625a1e8bb50/resourceGroups/wiz-exercise-rg/providers/Microsoft.Storage/storageAccounts/backupsnhyf144n/blobServices/default/containers/mongodb-backups",
            "storage_account_name": "backupsnhyf144n",
            "timeouts": null
          },
          "sensitive_attributes": [],
          "private": "eyJlMmJmYjczMC1lY2FhLTExZTYtOGY4OC0zNDM2M2JjN2M0YzAiOnsiY3JlYXRlIjoxODAwMDAwMDAwMDAwLCJkZWxldGUiOjE4MDAwMDAwMDAwMDAsInJlYWQiOjMwMDAwMDAwMDAwMCwidXBkYXRlIjoxODAwMDAwMDAwMDAwfSwic2NoZW1hX3ZlcnNpb24iOiIxIn0=",
          "dependencies": [
            "azurerm_resource_group.wiz_exercise",
            "module.storage.azurerm_storage_account.backup_storage",
            "module.storage.random_string.suffix"
          ]
        }
      ]
    },
    {
      "module": "module.storage",
      "mode": "managed",
      "type": "random_string",
      "name": "suffix",
      "provider": "provider[\"registry.terraform.io/hashicorp/random\"]",
      "instances": [
        {
          "schema_version": 2,
          "attributes": {
            "id": "nhyf144n",
            "keepers": null,
            "length": 8,
            "lower": true,
            "min_lower": 0,
            "min_numeric": 0,
            "min_special": 0,
            "min_upper": 0,
            "number": true,
            "numeric": true,
            "override_special": null,
            "result": "nhyf144n",
            "special": false,
            "upper": false
          },
          "sensitive_attributes": []
        }
      ]
    }
  ],
  "check_results": null
}
