{
  "version": 4,
  "terraform_version": "1.11.4",
  "serial": 33,
  "lineage": "2b7c115f-de37-dca5-8558-acc153b4ac33",
  "outputs": {
    "acr_admin_username": {
      "value": "wizexerciseacrpf9rvkz0",
      "type": "string"
    },
    "acr_login_server": {
      "value": "wizexerciseacrpf9rvkz0.azurecr.io",
      "type": "string"
    },
    "acr_name": {
      "value": "wizexerciseacrpf9rvkz0",
      "type": "string"
    },
    "aks_cluster_name": {
      "value": "wiz-aks-cluster",
      "type": "string"
    },
    "backup_container_url": {
      "value": "https://backupsq68g6i4i.blob.core.windows.net/mongodb-backups",
      "type": "string"
    },
    "backup_security_warning": {
      "value": "WARNING: Backup storage is publicly accessible! This is intentional for security testing.",
      "type": "string"
    },
    "backup_storage_account_name": {
      "value": "backupsq68g6i4i",
      "type": "string"
    },
    "mongodb_admin_password": {
      "value": "Azure_123456",
      "type": "string",
      "sensitive": true
    },
    "mongodb_admin_username": {
      "value": "azureuser",
      "type": "string"
    },
    "mongodb_backup_info": {
      "value": {
        "container_name": "mongodb-backups",
        "public_url": "https://backupsq68g6i4i.blob.core.windows.net/mongodb-backups",
        "retention": "30 days",
        "schedule": "Daily at 2:00 AM UTC",
        "security_risk": "CRITICAL - Publicly accessible backups",
        "storage_account": "backupsq68g6i4i"
      },
      "type": [
        "object",
        {
          "container_name": "string",
          "public_url": "string",
          "retention": "string",
          "schedule": "string",
          "security_risk": "string",
          "storage_account": "string"
        }
      ]
    },
    "mongodb_vm_public_ip": {
      "value": "172.210.204.243",
      "type": "string"
    },
    "storage_account_name": {
      "value": "wizexq68g6i4i",
      "type": "string"
    }
  },
  "resources": [
    {
      "mode": "managed",
      "type": "azurerm_resource_group",
      "name": "wiz_exercise",
      "provider": "provider[\"registry.terraform.io/hashicorp/azurerm\"]",
      "instances": [
        {
          "schema_version": 0,
          "attributes": {
            "id": "/subscriptions/bedc16a0-d4ca-4f6c-900d-98ff912d9d19/resourceGroups/wiz-exercise-rg",
            "location": "eastus2",
            "managed_by": "",
            "name": "wiz-exercise-rg",
            "tags": null,
            "timeouts": null
          },
          "sensitive_attributes": [],
          "private": "eyJlMmJmYjczMC1lY2FhLTExZTYtOGY4OC0zNDM2M2JjN2M0YzAiOnsiY3JlYXRlIjo1NDAwMDAwMDAwMDAwLCJkZWxldGUiOjU0MDAwMDAwMDAwMDAsInJlYWQiOjMwMDAwMDAwMDAwMCwidXBkYXRlIjo1NDAwMDAwMDAwMDAwfX0="
        }
      ]
    },
    {
      "mode": "managed",
      "type": "azurerm_role_assignment",
      "name": "aks_acr_pull",
      "provider": "provider[\"registry.terraform.io/hashicorp/azurerm\"]",
      "instances": [
        {
          "schema_version": 0,
          "attributes": {
            "condition": "",
            "condition_version": "",
            "delegated_managed_identity_resource_id": "",
            "description": "",
            "id": "/subscriptions/bedc16a0-d4ca-4f6c-900d-98ff912d9d19/resourceGroups/wiz-exercise-rg/providers/Microsoft.ContainerRegistry/registries/wizexerciseacrpf9rvkz0/providers/Microsoft.Authorization/roleAssignments/3cd1172e-779a-84f6-3af0-bca583fa77ba",
            "name": "3cd1172e-779a-84f6-3af0-bca583fa77ba",
            "principal_id": "3a272710-20c5-4452-b71d-1ee55a49e01f",
            "principal_type": "ServicePrincipal",
            "role_definition_id": "/subscriptions/bedc16a0-d4ca-4f6c-900d-98ff912d9d19/providers/Microsoft.Authorization/roleDefinitions/7f951dda-4ed3-4680-a7ca-43fe172d538d",
            "role_definition_name": "AcrPull",
            "scope": "/subscriptions/bedc16a0-d4ca-4f6c-900d-98ff912d9d19/resourceGroups/wiz-exercise-rg/providers/Microsoft.ContainerRegistry/registries/wizexerciseacrpf9rvkz0",
            "skip_service_principal_aad_check": true,
            "timeouts": null
          },
          "sensitive_attributes": [],
          "private": "eyJlMmJmYjczMC1lY2FhLTExZTYtOGY4OC0zNDM2M2JjN2M0YzAiOnsiY3JlYXRlIjoxODAwMDAwMDAwMDAwLCJkZWxldGUiOjE4MDAwMDAwMDAwMDAsInJlYWQiOjMwMDAwMDAwMDAwMH19",
          "dependencies": [
            "azurerm_resource_group.wiz_exercise",
            "module.acr.azurerm_container_registry.wiz_acr",
            "module.acr.random_string.acr_suffix",
            "module.aks.azurerm_user_assigned_identity.aks_kubelet"
          ]
        }
      ]
    },
    {
      "module": "module.acr",
      "mode": "managed",
      "type": "azurerm_container_registry",
      "name": "wiz_acr",
      "provider": "provider[\"registry.terraform.io/hashicorp/azurerm\"]",
      "instances": [
        {
          "schema_version": 2,
          "attributes": {
            "admin_enabled": true,
            "admin_password": "HmP5gsV5Psk6HLIyKqoqewWhPuu/OhAAe7plBgvP7Z+ACRBxjwpH",
            "admin_username": "wizexerciseacrpf9rvkz0",
            "anonymous_pull_enabled": false,
            "data_endpoint_enabled": false,
            "encryption": [
              {
                "enabled": false,
                "identity_client_id": "",
                "key_vault_key_id": ""
              }
            ],
            "export_policy_enabled": true,
            "georeplications": [],
            "id": "/subscriptions/bedc16a0-d4ca-4f6c-900d-98ff912d9d19/resourceGroups/wiz-exercise-rg/providers/Microsoft.ContainerRegistry/registries/wizexerciseacrpf9rvkz0",
            "identity": [],
            "location": "eastus2",
            "login_server": "wizexerciseacrpf9rvkz0.azurecr.io",
            "name": "wizexerciseacrpf9rvkz0",
            "network_rule_bypass_option": "AzureServices",
            "network_rule_set": [],
            "public_network_access_enabled": true,
            "quarantine_policy_enabled": false,
            "resource_group_name": "wiz-exercise-rg",
            "retention_policy": [
              {
                "days": 7,
                "enabled": false
              }
            ],
            "sku": "Basic",
            "tags": null,
            "timeouts": null,
            "trust_policy": [
              {
                "enabled": false
              }
            ],
            "zone_redundancy_enabled": false
          },
          "sensitive_attributes": [
            [
              {
                "type": "get_attr",
                "value": "admin_password"
              }
            ]
          ],
          "private": "eyJlMmJmYjczMC1lY2FhLTExZTYtOGY4OC0zNDM2M2JjN2M0YzAiOnsiY3JlYXRlIjoxODAwMDAwMDAwMDAwLCJkZWxldGUiOjE4MDAwMDAwMDAwMDAsInJlYWQiOjMwMDAwMDAwMDAwMCwidXBkYXRlIjoxODAwMDAwMDAwMDAwfSwic2NoZW1hX3ZlcnNpb24iOiIyIn0=",
          "dependencies": [
            "azurerm_resource_group.wiz_exercise",
            "module.acr.random_string.acr_suffix"
          ]
        }
      ]
    },
    {
      "module": "module.acr",
      "mode": "managed",
      "type": "random_string",
      "name": "acr_suffix",
      "provider": "provider[\"registry.terraform.io/hashicorp/random\"]",
      "instances": [
        {
          "schema_version": 2,
          "attributes": {
            "id": "pf9rvkz0",
            "keepers": null,
            "length": 8,
            "lower": true,
            "min_lower": 0,
            "min_numeric": 0,
            "min_special": 0,
            "min_upper": 0,
            "number": true,
            "numeric": true,
            "override_special": null,
            "result": "pf9rvkz0",
            "special": false,
            "upper": false
          },
          "sensitive_attributes": []
        }
      ]
    },
    {
      "module": "module.aks",
      "mode": "data",
      "type": "kubernetes_namespace",
      "name": "wiz_app",
      "provider": "module.aks.provider[\"registry.terraform.io/hashicorp/kubernetes\"]",
      "instances": [
        {
          "schema_version": 0,
          "attributes": {
            "id": "wiz-app",
            "metadata": [
              {
                "annotations": {},
                "generation": 0,
                "labels": {
                  "kubernetes.io/metadata.name": "wiz-app"
                },
                "name": "wiz-app",
                "resource_version": "1440",
                "uid": "4c8376ef-0487-444f-b746-c12b058a0544"
              }
            ],
            "spec": [
              {
                "finalizers": [
                  "kubernetes"
                ]
              }
            ]
          },
          "sensitive_attributes": []
        }
      ]
    },
    {
      "module": "module.aks",
      "mode": "managed",
      "type": "azurerm_kubernetes_cluster",
      "name": "wiz_aks",
      "provider": "provider[\"registry.terraform.io/hashicorp/azurerm\"]",
      "instances": [
        {
          "schema_version": 2,
          "attributes": {
            "aci_connector_linux": [],
            "api_server_access_profile": [],
            "api_server_authorized_ip_ranges": [],
            "auto_scaler_profile": [],
            "automatic_channel_upgrade": "",
            "azure_active_directory_role_based_access_control": [],
            "azure_policy_enabled": null,
            "confidential_computing": [],
            "cost_analysis_enabled": false,
            "current_kubernetes_version": "1.31.8",
            "custom_ca_trust_certificates_base64": null,
            "default_node_pool": [
              {
                "capacity_reservation_group_id": "",
                "custom_ca_trust_enabled": false,
                "enable_auto_scaling": false,
                "enable_host_encryption": false,
                "enable_node_public_ip": false,
                "fips_enabled": false,
                "gpu_instance": "",
                "host_group_id": "",
                "kubelet_config": [],
                "kubelet_disk_type": "OS",
                "linux_os_config": [],
                "max_count": 0,
                "max_pods": 30,
                "message_of_the_day": "",
                "min_count": 0,
                "name": "default",
                "node_count": 2,
                "node_labels": {},
                "node_network_profile": [],
                "node_public_ip_prefix_id": "",
                "node_taints": null,
                "only_critical_addons_enabled": false,
                "orchestrator_version": "1.31",
                "os_disk_size_gb": 128,
                "os_disk_type": "Managed",
                "os_sku": "Ubuntu",
                "pod_subnet_id": "",
                "proximity_placement_group_id": "",
                "scale_down_mode": "Delete",
                "snapshot_id": "",
                "tags": null,
                "temporary_name_for_rotation": "",
                "type": "VirtualMachineScaleSets",
                "ultra_ssd_enabled": false,
                "upgrade_settings": [
                  {
                    "drain_timeout_in_minutes": 0,
                    "max_surge": "10%",
                    "node_soak_duration_in_minutes": 0
                  }
                ],
                "vm_size": "Standard_D2s_v3",
                "vnet_subnet_id": "/subscriptions/bedc16a0-d4ca-4f6c-900d-98ff912d9d19/resourceGroups/wiz-exercise-rg/providers/Microsoft.Network/virtualNetworks/wiz-vnet/subnets/kubernetes-subnet",
                "workload_runtime": "",
                "zones": null
              }
            ],
            "disk_encryption_set_id": "",
            "dns_prefix": "wizaks",
            "dns_prefix_private_cluster": "",
            "edge_zone": "",
            "enable_pod_security_policy": false,
            "fqdn": "wizaks-a5451v6e.hcp.eastus2.azmk8s.io",
            "http_application_routing_enabled": null,
            "http_application_routing_zone_name": null,
            "http_proxy_config": [],
            "id": "/subscriptions/bedc16a0-d4ca-4f6c-900d-98ff912d9d19/resourceGroups/wiz-exercise-rg/providers/Microsoft.ContainerService/managedClusters/wiz-aks-cluster",
            "identity": [
              {
                "identity_ids": [
                  "/subscriptions/bedc16a0-d4ca-4f6c-900d-98ff912d9d19/resourceGroups/wiz-exercise-rg/providers/Microsoft.ManagedIdentity/userAssignedIdentities/aks-control-plane-identity"
                ],
                "principal_id": "",
                "tenant_id": "",
                "type": "UserAssigned"
              }
            ],
            "image_cleaner_enabled": false,
            "image_cleaner_interval_hours": 48,
            "ingress_application_gateway": [],
            "key_management_service": [],
            "key_vault_secrets_provider": [],
            "kube_admin_config": [],
            "kube_admin_config_raw": "",
            "kube_config": [
              {
                "client_certificate": "LS0tLS1CRUdJTiBDRVJUSUZJQ0FURS0tLS0tCk1JSUZIVENDQXdXZ0F3SUJBZ0lRREI4VnZiM2p0UE5YMUJXOW5zMUhnREFOQmdrcWhraUc5dzBCQVFzRkFEQU4KTVFzd0NRWURWUVFERXdKallUQWVGdzB5TlRBMk1UY3hOelV6TXpkYUZ3MHlOekEyTVRjeE9EQXpNemRhTURBeApGekFWQmdOVkJBb1REbk41YzNSbGJUcHRZWE4wWlhKek1SVXdFd1lEVlFRREV3eHRZWE4wWlhKamJHbGxiblF3CmdnSWlNQTBHQ1NxR1NJYjNEUUVCQVFVQUE0SUNEd0F3Z2dJS0FvSUNBUUNxNHRodUlCVytHQk1tY1FpZzhGSmoKMVpUcEVvTXRmRTUzNTFiZ0gvdUIrSlJWYjJPK29LZktETkR0bXlDaytUcDQxVzZEVnN1VTFWNVh0dHd1djIrVgpEU1BMZWplVS85V1hCSUdWd2ZSMDE0WjRFVjlzWXJVTzdvK1lnY2FBQ2RLbTM1cWxhK2FHRWM4a2svYmdxZWhWCnJPUmRieG1Kd1R0enZ1UGJhWmtIQUQwR0cwZjJxUUdHaHFIcm9icXFHSUR6M3RNL3NPS2U5SEtEMkovWUZFS3AKS0FOSjIycHdPZUpFMENCakJZVjNvVkVFQTRUM3ZsbHNLUlpubDJta3NnREJxN3Z6VEtRVktCSFRSYUNKY1QwMgpadTdsY3A3aThqSFJFWWNCQTZrS0Z0TTA3OEVGenpnbkdOeVAyRUkycktBeGZDVGF2ZVhKcEkyTFNkVXREaUxxClExOEdWOE96UjBxT2piRmFwOVg1Y3ZNV2hiaDVmMlhIL2ZaTHNHM3dZR3JPT0JpdktncmkwWDhnNk5nNjhuTE0KT1JMWlB6djg2d1lyYmwrRkdneFFPSlJKZzlYbzVUZGcxeFd0cWRRc0xyZkJvdklSV2F6TFBVRzJoamFsZnRmdQp4cjRVYU9sdzBGSVVyNTlRSS82SEFzUVpiZzFmRXpQTjVXYS9sbUZKVmZVYUFQU1lyZ2NCVHhQTDJESyswM09rCldQNVRwN0NLK0UxOVh2SUgzU2F3NkZDSFdJd2RITW9zVjRSR1hIQ09YK2g1V2FyZzdMcjh2ZWlVTEdJeEJxZE4KeXAzd0pwM09lV3g3amR1anhYN21nemg2OGVvUUFEUUtYMHFPaTVZTEtOOVkrOUpKT0FGSXVJOTV4QzRpNkUzdgp0aFppUlg3TGt4UlpVMmJ4S3JzSEF3SURBUUFCbzFZd1ZEQU9CZ05WSFE4QkFmOEVCQU1DQmFBd0V3WURWUjBsCkJBd3dDZ1lJS3dZQkJRVUhBd0l3REFZRFZSMFRBUUgvQkFJd0FEQWZCZ05WSFNNRUdEQVdnQlRTM216L0hnWmsKUmFEcEZpblp1ekhXaXVQUTdqQU5CZ2txaGtpRzl3MEJBUXNGQUFPQ0FnRUFLbG9tVlMwSmFhTVQ4SkFQaFJhZQpsQmVMU3ZmVjk2NGZLa2Jaa2xSUUx1ZitNQ1g4QnpwbDZGZDNWVk5va2t0QzVZcG8yNWh3OE1SdkIvZXpwTXg5ClZESmlPZEU2eFZ0WGpOb0FFb1VUUndMMGpqWEZydzVvNnlRMFBhQ2ljSjRvVEFlbHBHQVhQMmY5L0dhdjFMMGsKS1FKaHZ1Zmo0Y1lrZkxlN2xXK2N1QnhkYWRJSU8vSUFvNVAvNHZxWUNkZlA1Qzc5QkQ0UStKYU5tV2wwbFY2UwpxVThkTmF1OVFXeFNyaHptNHVKc0hvdHJCRjhRNjh1bmZmMzR4WjQ3QkYvaWhDRHBNeEdjTE9XTjloSU5XK3UrCktTZVNkcmRiT2ZBWDF3MElaQkZJemM0YkdKWmJpL2FnSnhGV2pSMkZ3RnY5SVNRRy9NamxLKzlJZmdLVUF0S3UKNnRoclB2bGhmMzRxMGVlVGhlR0JpNS92d2cydkhEdEdOUWR3Ny9tWVNHR0NHc3EzNDluMWRmYnhaemZEVk92TwpHY1ZlZ2RpSlVwK2ZhSWVVUVFXMllyMEJreWpVZ1lQMGphREhURFV5My9BeFVBcUo0c0FnSEdlRnI0eEFQU0tLCnRTbENtMVdRMks5ZnVvbVgvU2xqb0JSTW1wdEtZUGJRQzdJMWlFYmhTZlBmVS9uR0NDckM1WVFHR0hiMGNNWVUKSUV4ZGNwSzgxWndPdFp4ZnhXNDduSTE4RXpkMndqV0FTaWdPWUNRa1RXNHd4NWhsaHBYazhtTFpSMWIyVldRSApWQVNyRzdScXpua05keEJqdVJPYVhzUXZvd3FabnUwbjMyUHBYS0U2ZTl2bmJJaFVseHNXcWhyd2pzbU9FYlY1CkdDYURCUUs1RERYRFhWa1hlL0x4bmJjPQotLS0tLUVORCBDRVJUSUZJQ0FURS0tLS0tCg==",
                "client_key": "LS0tLS1CRUdJTiBSU0EgUFJJVkFURSBLRVktLS0tLQpNSUlKS0FJQkFBS0NBZ0VBcXVMWWJpQVZ2aGdUSm5FSW9QQlNZOVdVNlJLRExYeE9kK2RXNEIvN2dmaVVWVzlqCnZxQ255Z3pRN1pzZ3BQazZlTlZ1ZzFiTGxOVmVWN2JjTHI5dmxRMGp5M28zbFAvVmx3U0JsY0gwZE5lR2VCRmYKYkdLMUR1NlBtSUhHZ0FuU3B0K2FwV3ZtaGhIUEpKUDI0S25vVmF6a1hXOFppY0U3Yzc3ajIybVpCd0E5Qmh0SAo5cWtCaG9haDY2RzZxaGlBODk3VFA3RGludlJ5ZzlpZjJCUkNxU2dEU2R0cWNEbmlSTkFnWXdXRmQ2RlJCQU9FCjk3NVpiQ2tXWjVkcHBMSUF3YXU3ODB5a0ZTZ1IwMFdnaVhFOU5tYnU1WEtlNHZJeDBSR0hBUU9wQ2hiVE5PL0IKQmM4NEp4amNqOWhDTnF5Z01Yd2sycjNseWFTTmkwblZMUTRpNmtOZkJsZkRzMGRLam8yeFdxZlYrWEx6Rm9XNAplWDlseC8zMlM3QnQ4R0JxempnWXJ5b0s0dEYvSU9qWU92Snl6RGtTMlQ4Ny9Pc0dLMjVmaFJvTVVEaVVTWVBWCjZPVTNZTmNWcmFuVUxDNjN3YUx5RVZtc3l6MUJ0b1kycFg3WDdzYStGR2pwY05CU0ZLK2ZVQ1AraHdMRUdXNE4KWHhNenplVm12NVpoU1ZYMUdnRDBtSzRIQVU4VHk5Z3l2dE56cEZqK1U2ZXdpdmhOZlY3eUI5MG1zT2hRaDFpTQpIUnpLTEZlRVJseHdqbC9vZVZtcTRPeTYvTDNvbEN4aU1RYW5UY3FkOENhZHpubHNlNDNibzhWKzVvTTRldkhxCkVBQTBDbDlLam91V0N5amZXUHZTU1RnQlNMaVBlY1F1SXVoTjc3WVdZa1YreTVNVVdWTm04U3E3QndNQ0F3RUEKQVFLQ0FnRUFuOUtWdFRtUTNEOUwrZElSemVPMlN1VUE1cE9IMkV6QVh1Z2dtbkdQR3RuUWNhOUNUSkdaSENHcwpiZTErTkkxY0lKTU5UdzBvVGtUWWZaVHFqVlpDRjljNE9TQlBSNjJXcUMxd3ZRMnZnbS9vdGZjWmxoY2pXNW5HCjkwMjR4eHRveHVXdWp6UkJYL2JjRTB2SHhBdGszbXhiRVAvTmxNY0N3Wmd4SjQ2MXJwU01mbCtaaUpvOGNRTU8KQVlFN1FjYTFKR0NzbG83ckJOdC9Gc3pOZ3B4QVZGQzE4cWVoL3VCRVBUT2lkcm85UDh2Q0o4emEyWkpQdEJjaAplelZqZXNONGJhb2VtTWgvVmNJcUdieXZEcHk0TVY5SDQ1UzJBVytmSS9nT21lWkFmTTBvTUFSa05QaS9mZUdFCnQ0djlNWUYyT1pId0xoMFpBdVJCOVpuU0pOZHAwc1JmRkt1RFpaVFhVeTZJRjErM0ZCUFZ2SldWUXBqMUJBZjkKb1V4eXUzekpaQ2dsTUp5RnhRc1J4Z3MvOHN2c0x6V212ZEt2ZVoxcEN3SHRXTi9KM0R3Tnlpa09qdmhqUHZ2UgpPYmd1Y1paRzRxU20rb3pXWExBb2lqV3ZwZ250WnI0V2JMempqdWdPYjlJQkRmeWFlOFo3WHp3TFRxS29UaTdZCnA4M3ZpV3I4ZDBCMW9DMENELzl0RUY5eWZENGxlQld3TURlUmZZeUpmaWZKQi9Na0JJdUdHRjVseTBpN0orOEIKemRIQTlIbEdDSkptODJQSVZOL204TFFPMVZ0NVcrNjRrNDVTZUZMS3RKZ3Z2MTdOUnA0SE1LN01kQnJOeFo0VwpZcFFwcTdXZVBwRFdxUWcwSVJCSm5aSXYxa08wYUYvU2ZpUW94TnRxZXJobFhvalZtMkVDZ2dFQkFNdno0cnVXCm52M2pFcVVRa2tTcThMcktLUmdRbzBIQnh6Z0FidnNnb3lpYy9sWU9wVFM1bytwVEhjMnlKWVUzTHk5ZlFVdDcKZS9RdHdLZzEvdmNvN3RUTVFWejJnNmJRa2tSUVhjTzliYUljYUw0VVlSd0JtNitFWVpQQ1o0K09EcE55K3czWApnR2FUekxkSmVkazVhMUh6cEZieFVBbnJxeUF4aU9rZ3VEbjRSQmRxZVQ3OVdpeFc3RDZNelRvMExuN29qK1YyCllkYytSd2pCREtIZFR5SGF6N1dnSjNqZ21kNnBwWFI5aDZtNU1oT1IvanM1OEtyOVMreTcrRGhjTzRuZG9uUysKa1VFam9GWkMwL2JWbGkzOUhLa3B1cFFQclpaTU9GYVNmVUNjT3F0NkNkUE9FYTc0aWxsQ3U0dEFDcHUzUU1QOApmRC9QbTZMSkpveEdUK3NDZ2dFQkFOWit2VnMwYXNodmh5MkF5bHdLZTRuVmVqYzZGNDJza2JydmhFWFIrOTVMCndlU3duV3NQN3huL1pLUlRJL3lndTNwQ3lUaThTTDVkNUE3b21ZVHZUd1YvdDZwWEkyUkVBcHYxV0VlTm1DblIKOHJwb2g2L2NldGpheUpxMFdHeW56ZldLc0RtMjdwb2VpekhUbkdvUEc0Qzhwelk1RXlteVVXYS9IelhRRThTRAplc1JPUlFNV3FiWHFtNkwxVzljU0xVSUZ4TXVtbXZsOGJWN1hIRTg1MEJzaUpPa2pUUHFkMlFmZXRiVVRRSGtVCk8wQnowOWFlVW9QcjlOQVlMOU1ySTdvNnVnRzhtSVh5dk5Eem1yWlBKTVFCRi9FcitqVnlKMlJsWjJWSkw5Ni8KZzJRbEhrcmdjQ0UxcFhOM29wYm4xbWFEL2w2amw5SmZraUg4UXhpWWQwa0NnZ0VBQVc1NHpQQkZ0V3ArbXdIKwp4TlNlVS9GUFVJZnRYV3pLeFMzYm1ZK2xGWWZra1I0Uk1zbUt5UDVFVzBsQTBpcU0vandnN1RLMHNBWVNNQndRCjZoTXplZkxsRW8zNFpwZFlMM3FRN2VyS2RqVFUxMkMxUGNrVkdxcEhOUTVNUThtdmVJRjZHYUxGbC9LNW9SKzIKNXp0cjhXdFFYL3Zabi9nemYwcFp0Nmt2SWRrSVFWSFNBQXN2TXRoNVdBY00rYmVjQysvOThwSmVKWENlZHdWRAozVzc4T3pTWitLQmpKb29OQ204T1pqN3JVTm1uN0ZNK0FaUnFpQWkzRzdaR0M3ODUrOEcrZml0SVFiaktTMUMwCnhDckRueGNEdUh3K2Z3T05LRnpvbUZMMjVoa3lvRGwvRUNtR0hrQklXRkFMbVBLZUlIR3Mxck5TKysrdEcvdGwKZGQ2WWVRS0NBUUFjZVY2eHlOZVVIQm9aMUVzSXhPdDVkTGx3czJtRkNTK2ZYVVIxOEZZN1FGdFEvSkVwTVVoUQpiekx4RFlodGRQanVWZ2RZWE1aYlh5TnpSelY2RERxMVJDc2hsY2ZBKzdaTTlkanVSc0c0YTRLSmRHN3V6Wm9SClI1bnh6NWNkZFhsRjYwOVJtaE02cW10WUJmdHhxT2ZCdzBsL1RUeGFBSzRGc2NGMjUxUjRkZXZLTzRtMXkwQmsKUWV5L1NVc1QxZm5rRmRmMklQdlp1c2JhSER4SjJDYmtNemdyS3VDQk5Jc25IRTJLNkM5YTQzQ3FNYlloZTRzQQpzRVlqaWRKdmVmNllMa3ViQjJwSC9kMUs3OHZOLzl1bG1XK1FPSUpTcmdERXR5RnV0TFNDSVhKVHpRbWtidjd6CnFhZDVHSnlnNDgzMmRmZENvUHo2bEcxVnphTXFsTExoQW9JQkFIYjFreE5pT2NWL1JyMkxzTi9STmN4SEQ0WDQKNVRhRmd3WGc5RXl5TlcxTUJRZktDTjdLNlR6WnFZWVNlVS9MbTh6L0Rudko3eWhnblhUMVJpeFNpd21zT0FrTQo3eXBBK2ZuYW9uK2RXWDJhZTlCS3VubzlrTFdLbHdMQ3QrcEVlanNWaUVEZHlJcHVONWFLRFkwTDBsZk5oNkhUCkd1RVZ1Smp0bThzM0djN1dIeTNMektuL0RXVlo5cC9WeHBqci9aMDhqUENadTFuMVpoVnNBekI4NXVxVjZJRW8KYkY4SDJQL09DRHNpbFhSM24wdE9WOE0vM2hkS0k3R2R5bDQwNnYvc3paSnlRaCtrR0xVVmJDSEIwQUVJNDg3eQp2Q3pjZnNtUXhpa3JQZWNXM05XQVZzMG12eDFSN0d6Tk5vSytVM0Q1ZWhIcUk3dUZWMUNHbHRITVRiTT0KLS0tLS1FTkQgUlNBIFBSSVZBVEUgS0VZLS0tLS0K",
                "cluster_ca_certificate": "LS0tLS1CRUdJTiBDRVJUSUZJQ0FURS0tLS0tCk1JSUU2RENDQXRDZ0F3SUJBZ0lRQWREVEJHYWNLcG1mTklYc1ZDVEtXVEFOQmdrcWhraUc5dzBCQVFzRkFEQU4KTVFzd0NRWURWUVFERXdKallUQWdGdzB5TlRBMk1UY3hOelV6TXpkYUdBOHlNRFUxTURZeE56RTRNRE16TjFvdwpEVEVMTUFrR0ExVUVBeE1DWTJFd2dnSWlNQTBHQ1NxR1NJYjNEUUVCQVFVQUE0SUNEd0F3Z2dJS0FvSUNBUUNzClVnRVpXWitIOGtJaGxCcXNJcVVvQW5oSk82aTNTWFJkSHNWSkpVdXFGRjBwOWNZM1RxNFJnZmNFT0h5NnlqaE4KWDBjN2M3bFJNOGRiSk0rL2VRTXRwWmlWV3BUS2tudXd1Qlg0K2NZald6ZkpRYnY1Z1FvdjdKeXpTd0dSQ1RrdAp4U2lMdk1jVHF6MjZnQi9BNEp2REROVFFTYkVOTUFTckVuWklXeEczcVA1aTJUcUNoQ2NWSjlibHhwbG00aDhCCnQrU01jMlVjMmxtcjgwNUVrWmZ1K21tcnpnU2JLZC9TOHZWTDVWRE0wYktoOW5PSGtxc1Z6Q0NLd0RxS21md2gKWTFIcWZwQWQ4VnE5Q0NaMzlxU3RWN2dNd3pZeUh2K21HWW8vZDE5OUdmVStUSHprMndhZXNsSENZTmZiRmg3VgpuNUt3SEEwTDQvaGgxTTlrZmRDUEJiYTFMN1N2dWNiRTdZMUF6ZDQwOXpDUXVOYjZJSVBuUHBIVDBKMUROVjJnClJpV0R1d1J6WGRTMHh2OFpWQVFMUzRTTVcxT01nYjIrUzZUUVpSeDF1ekY5Z1A3YUJHNVRMeWJmd1QzVXRvQWgKUVA0REZPT0JidSs2a3hYbEsvcDg3M05kRTEydlhsMzF5QVdObng4NUxselkvbG5tcEg3TmFncTVrdTlHOTJQTwpLVWlDYkZEc0V5YTdoMnRYdGIvKzA1YUZqSUVnNWFWMzkzZ2NWaWRHSTFHVWp2UklDU3JZQ04vM2dXbjVqcnFWCnc0V3hDSEpDSEV5aGIveFdPOWwrNnowK1VqajBQL0Z5Rzk5cEFKVVpPbXlCYVl1NkNJV21rdXdHSjBGcmYydjkKMUg2Sy9Wd1ViQWN2dExWcUVwa0VHZ1dPNFhieEp0VUdURWpyanp0VW5RSURBUUFCbzBJd1FEQU9CZ05WSFE4QgpBZjhFQkFNQ0FxUXdEd1lEVlIwVEFRSC9CQVV3QXdFQi96QWRCZ05WSFE0RUZnUVUwdDVzL3g0R1pFV2c2UllwCjJic3gxb3JqME80d0RRWUpLb1pJaHZjTkFRRUxCUUFEZ2dJQkFCdUNGa1hKMWtHNmNlbkV1NkhtWUxFRHVhNXcKcy96ejU5S3F1TUw3VFRIL3VXVlJIVmdyK3A0Ty9JN29ibzBTOHVyVWVNbTBBM01YYTh2RzFIS1RscDltdHlZcgpHOElBcmVKZm5xMjErelErRmR2T2pOVmdKYm5Vd2lxWjVpYm5IM3J0ZmFkU1hIQlJBSzJpeDNVMDJoSkcvRFppCjNneEJqa0FaR1BodTdPWUxEY2lxK1dKcUxzZkJ4M2VuZklrSkxYTFlnMGtnN29YWEl4QnUvYWVJb2NlWUdIWWEKTjNWNGxuYjlSdS9Cem5sQmtCaGp3ODcvd2U2ZTBuczdhNWZ0aEQ2ZCsxTnB3OERBY3RoOFZackhYMktZYlN0agp0UnM5N0I4TVZIYSsxZFN4R2hsYXFqbmtkMHFncFNNQ1kvSlEzb3FGZU9JZHRYVUFSQ0pIeE9IZXFsaE9WL2dQCkx4WkFMQjkzOStGZFZQM213WS95akF2Zm41N0JFNCtCalJLM3pOVWhuTm8rTjR5TUFKZTZ3aUlXZDFkUjFXRjYKM3hFOHpWUFJhTWtMRGpkNjhiUUVnV1hWSGFZN3o1SFlHY29ScElyNjU3OVBDTWpjSDBxMWwxOWl0QUdGdFM1RwprdHQ3NVp3OUovWW8yQThZQ0Zna3NjV1BjRnVCMU9VYWkyeWxTbkRoZGV3VWJHTnFJNW1TM2tOZUR4Uzcwc2J2CmRVR2JpdXFmZk9iOTdGbG4xcHJhWVAza3RqSXVsNnVhODFUd2xqTlJMMURvbmgrKzA3REdBTGRCb2p4TXNaWUEKa3hsZ0ZrQk1JNW96QTdSOUE2Sk42aEt0YmJSZXM1UG54VXhuVUt3TDlMV2cvdzVVdkdQZ2hweUN3MloxSWJDWgplbHhIYUZ1TjR4aG0vblU2Ci0tLS0tRU5EIENFUlRJRklDQVRFLS0tLS0K",
                "host": "https://wizaks-a5451v6e.hcp.eastus2.azmk8s.io:443",
                "password": "ohxhdv81m1871lbsy63rmdz8kmw9e9tckqei5q1j1q3kki1levz2xr22h340vs16g3yz2fwyuhn18bij5bsxr5lwe0ogccy2pbi1d7ho7pm42as6r5xcz6bphqcyrd3x",
                "username": "clusterUser_wiz-exercise-rg_wiz-aks-cluster"
              }
            ],
            "kube_config_raw": "apiVersion: v1\nclusters:\n- cluster:\n    certificate-authority-data: LS0tLS1CRUdJTiBDRVJUSUZJQ0FURS0tLS0tCk1JSUU2RENDQXRDZ0F3SUJBZ0lRQWREVEJHYWNLcG1mTklYc1ZDVEtXVEFOQmdrcWhraUc5dzBCQVFzRkFEQU4KTVFzd0NRWURWUVFERXdKallUQWdGdzB5TlRBMk1UY3hOelV6TXpkYUdBOHlNRFUxTURZeE56RTRNRE16TjFvdwpEVEVMTUFrR0ExVUVBeE1DWTJFd2dnSWlNQTBHQ1NxR1NJYjNEUUVCQVFVQUE0SUNEd0F3Z2dJS0FvSUNBUUNzClVnRVpXWitIOGtJaGxCcXNJcVVvQW5oSk82aTNTWFJkSHNWSkpVdXFGRjBwOWNZM1RxNFJnZmNFT0h5NnlqaE4KWDBjN2M3bFJNOGRiSk0rL2VRTXRwWmlWV3BUS2tudXd1Qlg0K2NZald6ZkpRYnY1Z1FvdjdKeXpTd0dSQ1RrdAp4U2lMdk1jVHF6MjZnQi9BNEp2REROVFFTYkVOTUFTckVuWklXeEczcVA1aTJUcUNoQ2NWSjlibHhwbG00aDhCCnQrU01jMlVjMmxtcjgwNUVrWmZ1K21tcnpnU2JLZC9TOHZWTDVWRE0wYktoOW5PSGtxc1Z6Q0NLd0RxS21md2gKWTFIcWZwQWQ4VnE5Q0NaMzlxU3RWN2dNd3pZeUh2K21HWW8vZDE5OUdmVStUSHprMndhZXNsSENZTmZiRmg3VgpuNUt3SEEwTDQvaGgxTTlrZmRDUEJiYTFMN1N2dWNiRTdZMUF6ZDQwOXpDUXVOYjZJSVBuUHBIVDBKMUROVjJnClJpV0R1d1J6WGRTMHh2OFpWQVFMUzRTTVcxT01nYjIrUzZUUVpSeDF1ekY5Z1A3YUJHNVRMeWJmd1QzVXRvQWgKUVA0REZPT0JidSs2a3hYbEsvcDg3M05kRTEydlhsMzF5QVdObng4NUxselkvbG5tcEg3TmFncTVrdTlHOTJQTwpLVWlDYkZEc0V5YTdoMnRYdGIvKzA1YUZqSUVnNWFWMzkzZ2NWaWRHSTFHVWp2UklDU3JZQ04vM2dXbjVqcnFWCnc0V3hDSEpDSEV5aGIveFdPOWwrNnowK1VqajBQL0Z5Rzk5cEFKVVpPbXlCYVl1NkNJV21rdXdHSjBGcmYydjkKMUg2Sy9Wd1ViQWN2dExWcUVwa0VHZ1dPNFhieEp0VUdURWpyanp0VW5RSURBUUFCbzBJd1FEQU9CZ05WSFE4QgpBZjhFQkFNQ0FxUXdEd1lEVlIwVEFRSC9CQVV3QXdFQi96QWRCZ05WSFE0RUZnUVUwdDVzL3g0R1pFV2c2UllwCjJic3gxb3JqME80d0RRWUpLb1pJaHZjTkFRRUxCUUFEZ2dJQkFCdUNGa1hKMWtHNmNlbkV1NkhtWUxFRHVhNXcKcy96ejU5S3F1TUw3VFRIL3VXVlJIVmdyK3A0Ty9JN29ibzBTOHVyVWVNbTBBM01YYTh2RzFIS1RscDltdHlZcgpHOElBcmVKZm5xMjErelErRmR2T2pOVmdKYm5Vd2lxWjVpYm5IM3J0ZmFkU1hIQlJBSzJpeDNVMDJoSkcvRFppCjNneEJqa0FaR1BodTdPWUxEY2lxK1dKcUxzZkJ4M2VuZklrSkxYTFlnMGtnN29YWEl4QnUvYWVJb2NlWUdIWWEKTjNWNGxuYjlSdS9Cem5sQmtCaGp3ODcvd2U2ZTBuczdhNWZ0aEQ2ZCsxTnB3OERBY3RoOFZackhYMktZYlN0agp0UnM5N0I4TVZIYSsxZFN4R2hsYXFqbmtkMHFncFNNQ1kvSlEzb3FGZU9JZHRYVUFSQ0pIeE9IZXFsaE9WL2dQCkx4WkFMQjkzOStGZFZQM213WS95akF2Zm41N0JFNCtCalJLM3pOVWhuTm8rTjR5TUFKZTZ3aUlXZDFkUjFXRjYKM3hFOHpWUFJhTWtMRGpkNjhiUUVnV1hWSGFZN3o1SFlHY29ScElyNjU3OVBDTWpjSDBxMWwxOWl0QUdGdFM1RwprdHQ3NVp3OUovWW8yQThZQ0Zna3NjV1BjRnVCMU9VYWkyeWxTbkRoZGV3VWJHTnFJNW1TM2tOZUR4Uzcwc2J2CmRVR2JpdXFmZk9iOTdGbG4xcHJhWVAza3RqSXVsNnVhODFUd2xqTlJMMURvbmgrKzA3REdBTGRCb2p4TXNaWUEKa3hsZ0ZrQk1JNW96QTdSOUE2Sk42aEt0YmJSZXM1UG54VXhuVUt3TDlMV2cvdzVVdkdQZ2hweUN3MloxSWJDWgplbHhIYUZ1TjR4aG0vblU2Ci0tLS0tRU5EIENFUlRJRklDQVRFLS0tLS0K\n    server: https://wizaks-a5451v6e.hcp.eastus2.azmk8s.io:443\n  name: wiz-aks-cluster\ncontexts:\n- context:\n    cluster: wiz-aks-cluster\n    user: clusterUser_wiz-exercise-rg_wiz-aks-cluster\n  name: wiz-aks-cluster\ncurrent-context: wiz-aks-cluster\nkind: Config\npreferences: {}\nusers:\n- name: clusterUser_wiz-exercise-rg_wiz-aks-cluster\n  user:\n    client-certificate-data: LS0tLS1CRUdJTiBDRVJUSUZJQ0FURS0tLS0tCk1JSUZIVENDQXdXZ0F3SUJBZ0lRREI4VnZiM2p0UE5YMUJXOW5zMUhnREFOQmdrcWhraUc5dzBCQVFzRkFEQU4KTVFzd0NRWURWUVFERXdKallUQWVGdzB5TlRBMk1UY3hOelV6TXpkYUZ3MHlOekEyTVRjeE9EQXpNemRhTURBeApGekFWQmdOVkJBb1REbk41YzNSbGJUcHRZWE4wWlhKek1SVXdFd1lEVlFRREV3eHRZWE4wWlhKamJHbGxiblF3CmdnSWlNQTBHQ1NxR1NJYjNEUUVCQVFVQUE0SUNEd0F3Z2dJS0FvSUNBUUNxNHRodUlCVytHQk1tY1FpZzhGSmoKMVpUcEVvTXRmRTUzNTFiZ0gvdUIrSlJWYjJPK29LZktETkR0bXlDaytUcDQxVzZEVnN1VTFWNVh0dHd1djIrVgpEU1BMZWplVS85V1hCSUdWd2ZSMDE0WjRFVjlzWXJVTzdvK1lnY2FBQ2RLbTM1cWxhK2FHRWM4a2svYmdxZWhWCnJPUmRieG1Kd1R0enZ1UGJhWmtIQUQwR0cwZjJxUUdHaHFIcm9icXFHSUR6M3RNL3NPS2U5SEtEMkovWUZFS3AKS0FOSjIycHdPZUpFMENCakJZVjNvVkVFQTRUM3ZsbHNLUlpubDJta3NnREJxN3Z6VEtRVktCSFRSYUNKY1QwMgpadTdsY3A3aThqSFJFWWNCQTZrS0Z0TTA3OEVGenpnbkdOeVAyRUkycktBeGZDVGF2ZVhKcEkyTFNkVXREaUxxClExOEdWOE96UjBxT2piRmFwOVg1Y3ZNV2hiaDVmMlhIL2ZaTHNHM3dZR3JPT0JpdktncmkwWDhnNk5nNjhuTE0KT1JMWlB6djg2d1lyYmwrRkdneFFPSlJKZzlYbzVUZGcxeFd0cWRRc0xyZkJvdklSV2F6TFBVRzJoamFsZnRmdQp4cjRVYU9sdzBGSVVyNTlRSS82SEFzUVpiZzFmRXpQTjVXYS9sbUZKVmZVYUFQU1lyZ2NCVHhQTDJESyswM09rCldQNVRwN0NLK0UxOVh2SUgzU2F3NkZDSFdJd2RITW9zVjRSR1hIQ09YK2g1V2FyZzdMcjh2ZWlVTEdJeEJxZE4KeXAzd0pwM09lV3g3amR1anhYN21nemg2OGVvUUFEUUtYMHFPaTVZTEtOOVkrOUpKT0FGSXVJOTV4QzRpNkUzdgp0aFppUlg3TGt4UlpVMmJ4S3JzSEF3SURBUUFCbzFZd1ZEQU9CZ05WSFE4QkFmOEVCQU1DQmFBd0V3WURWUjBsCkJBd3dDZ1lJS3dZQkJRVUhBd0l3REFZRFZSMFRBUUgvQkFJd0FEQWZCZ05WSFNNRUdEQVdnQlRTM216L0hnWmsKUmFEcEZpblp1ekhXaXVQUTdqQU5CZ2txaGtpRzl3MEJBUXNGQUFPQ0FnRUFLbG9tVlMwSmFhTVQ4SkFQaFJhZQpsQmVMU3ZmVjk2NGZLa2Jaa2xSUUx1ZitNQ1g4QnpwbDZGZDNWVk5va2t0QzVZcG8yNWh3OE1SdkIvZXpwTXg5ClZESmlPZEU2eFZ0WGpOb0FFb1VUUndMMGpqWEZydzVvNnlRMFBhQ2ljSjRvVEFlbHBHQVhQMmY5L0dhdjFMMGsKS1FKaHZ1Zmo0Y1lrZkxlN2xXK2N1QnhkYWRJSU8vSUFvNVAvNHZxWUNkZlA1Qzc5QkQ0UStKYU5tV2wwbFY2UwpxVThkTmF1OVFXeFNyaHptNHVKc0hvdHJCRjhRNjh1bmZmMzR4WjQ3QkYvaWhDRHBNeEdjTE9XTjloSU5XK3UrCktTZVNkcmRiT2ZBWDF3MElaQkZJemM0YkdKWmJpL2FnSnhGV2pSMkZ3RnY5SVNRRy9NamxLKzlJZmdLVUF0S3UKNnRoclB2bGhmMzRxMGVlVGhlR0JpNS92d2cydkhEdEdOUWR3Ny9tWVNHR0NHc3EzNDluMWRmYnhaemZEVk92TwpHY1ZlZ2RpSlVwK2ZhSWVVUVFXMllyMEJreWpVZ1lQMGphREhURFV5My9BeFVBcUo0c0FnSEdlRnI0eEFQU0tLCnRTbENtMVdRMks5ZnVvbVgvU2xqb0JSTW1wdEtZUGJRQzdJMWlFYmhTZlBmVS9uR0NDckM1WVFHR0hiMGNNWVUKSUV4ZGNwSzgxWndPdFp4ZnhXNDduSTE4RXpkMndqV0FTaWdPWUNRa1RXNHd4NWhsaHBYazhtTFpSMWIyVldRSApWQVNyRzdScXpua05keEJqdVJPYVhzUXZvd3FabnUwbjMyUHBYS0U2ZTl2bmJJaFVseHNXcWhyd2pzbU9FYlY1CkdDYURCUUs1RERYRFhWa1hlL0x4bmJjPQotLS0tLUVORCBDRVJUSUZJQ0FURS0tLS0tCg==\n    client-key-data: LS0tLS1CRUdJTiBSU0EgUFJJVkFURSBLRVktLS0tLQpNSUlKS0FJQkFBS0NBZ0VBcXVMWWJpQVZ2aGdUSm5FSW9QQlNZOVdVNlJLRExYeE9kK2RXNEIvN2dmaVVWVzlqCnZxQ255Z3pRN1pzZ3BQazZlTlZ1ZzFiTGxOVmVWN2JjTHI5dmxRMGp5M28zbFAvVmx3U0JsY0gwZE5lR2VCRmYKYkdLMUR1NlBtSUhHZ0FuU3B0K2FwV3ZtaGhIUEpKUDI0S25vVmF6a1hXOFppY0U3Yzc3ajIybVpCd0E5Qmh0SAo5cWtCaG9haDY2RzZxaGlBODk3VFA3RGludlJ5ZzlpZjJCUkNxU2dEU2R0cWNEbmlSTkFnWXdXRmQ2RlJCQU9FCjk3NVpiQ2tXWjVkcHBMSUF3YXU3ODB5a0ZTZ1IwMFdnaVhFOU5tYnU1WEtlNHZJeDBSR0hBUU9wQ2hiVE5PL0IKQmM4NEp4amNqOWhDTnF5Z01Yd2sycjNseWFTTmkwblZMUTRpNmtOZkJsZkRzMGRLam8yeFdxZlYrWEx6Rm9XNAplWDlseC8zMlM3QnQ4R0JxempnWXJ5b0s0dEYvSU9qWU92Snl6RGtTMlQ4Ny9Pc0dLMjVmaFJvTVVEaVVTWVBWCjZPVTNZTmNWcmFuVUxDNjN3YUx5RVZtc3l6MUJ0b1kycFg3WDdzYStGR2pwY05CU0ZLK2ZVQ1AraHdMRUdXNE4KWHhNenplVm12NVpoU1ZYMUdnRDBtSzRIQVU4VHk5Z3l2dE56cEZqK1U2ZXdpdmhOZlY3eUI5MG1zT2hRaDFpTQpIUnpLTEZlRVJseHdqbC9vZVZtcTRPeTYvTDNvbEN4aU1RYW5UY3FkOENhZHpubHNlNDNibzhWKzVvTTRldkhxCkVBQTBDbDlLam91V0N5amZXUHZTU1RnQlNMaVBlY1F1SXVoTjc3WVdZa1YreTVNVVdWTm04U3E3QndNQ0F3RUEKQVFLQ0FnRUFuOUtWdFRtUTNEOUwrZElSemVPMlN1VUE1cE9IMkV6QVh1Z2dtbkdQR3RuUWNhOUNUSkdaSENHcwpiZTErTkkxY0lKTU5UdzBvVGtUWWZaVHFqVlpDRjljNE9TQlBSNjJXcUMxd3ZRMnZnbS9vdGZjWmxoY2pXNW5HCjkwMjR4eHRveHVXdWp6UkJYL2JjRTB2SHhBdGszbXhiRVAvTmxNY0N3Wmd4SjQ2MXJwU01mbCtaaUpvOGNRTU8KQVlFN1FjYTFKR0NzbG83ckJOdC9Gc3pOZ3B4QVZGQzE4cWVoL3VCRVBUT2lkcm85UDh2Q0o4emEyWkpQdEJjaAplelZqZXNONGJhb2VtTWgvVmNJcUdieXZEcHk0TVY5SDQ1UzJBVytmSS9nT21lWkFmTTBvTUFSa05QaS9mZUdFCnQ0djlNWUYyT1pId0xoMFpBdVJCOVpuU0pOZHAwc1JmRkt1RFpaVFhVeTZJRjErM0ZCUFZ2SldWUXBqMUJBZjkKb1V4eXUzekpaQ2dsTUp5RnhRc1J4Z3MvOHN2c0x6V212ZEt2ZVoxcEN3SHRXTi9KM0R3Tnlpa09qdmhqUHZ2UgpPYmd1Y1paRzRxU20rb3pXWExBb2lqV3ZwZ250WnI0V2JMempqdWdPYjlJQkRmeWFlOFo3WHp3TFRxS29UaTdZCnA4M3ZpV3I4ZDBCMW9DMENELzl0RUY5eWZENGxlQld3TURlUmZZeUpmaWZKQi9Na0JJdUdHRjVseTBpN0orOEIKemRIQTlIbEdDSkptODJQSVZOL204TFFPMVZ0NVcrNjRrNDVTZUZMS3RKZ3Z2MTdOUnA0SE1LN01kQnJOeFo0VwpZcFFwcTdXZVBwRFdxUWcwSVJCSm5aSXYxa08wYUYvU2ZpUW94TnRxZXJobFhvalZtMkVDZ2dFQkFNdno0cnVXCm52M2pFcVVRa2tTcThMcktLUmdRbzBIQnh6Z0FidnNnb3lpYy9sWU9wVFM1bytwVEhjMnlKWVUzTHk5ZlFVdDcKZS9RdHdLZzEvdmNvN3RUTVFWejJnNmJRa2tSUVhjTzliYUljYUw0VVlSd0JtNitFWVpQQ1o0K09EcE55K3czWApnR2FUekxkSmVkazVhMUh6cEZieFVBbnJxeUF4aU9rZ3VEbjRSQmRxZVQ3OVdpeFc3RDZNelRvMExuN29qK1YyCllkYytSd2pCREtIZFR5SGF6N1dnSjNqZ21kNnBwWFI5aDZtNU1oT1IvanM1OEtyOVMreTcrRGhjTzRuZG9uUysKa1VFam9GWkMwL2JWbGkzOUhLa3B1cFFQclpaTU9GYVNmVUNjT3F0NkNkUE9FYTc0aWxsQ3U0dEFDcHUzUU1QOApmRC9QbTZMSkpveEdUK3NDZ2dFQkFOWit2VnMwYXNodmh5MkF5bHdLZTRuVmVqYzZGNDJza2JydmhFWFIrOTVMCndlU3duV3NQN3huL1pLUlRJL3lndTNwQ3lUaThTTDVkNUE3b21ZVHZUd1YvdDZwWEkyUkVBcHYxV0VlTm1DblIKOHJwb2g2L2NldGpheUpxMFdHeW56ZldLc0RtMjdwb2VpekhUbkdvUEc0Qzhwelk1RXlteVVXYS9IelhRRThTRAplc1JPUlFNV3FiWHFtNkwxVzljU0xVSUZ4TXVtbXZsOGJWN1hIRTg1MEJzaUpPa2pUUHFkMlFmZXRiVVRRSGtVCk8wQnowOWFlVW9QcjlOQVlMOU1ySTdvNnVnRzhtSVh5dk5Eem1yWlBKTVFCRi9FcitqVnlKMlJsWjJWSkw5Ni8KZzJRbEhrcmdjQ0UxcFhOM29wYm4xbWFEL2w2amw5SmZraUg4UXhpWWQwa0NnZ0VBQVc1NHpQQkZ0V3ArbXdIKwp4TlNlVS9GUFVJZnRYV3pLeFMzYm1ZK2xGWWZra1I0Uk1zbUt5UDVFVzBsQTBpcU0vandnN1RLMHNBWVNNQndRCjZoTXplZkxsRW8zNFpwZFlMM3FRN2VyS2RqVFUxMkMxUGNrVkdxcEhOUTVNUThtdmVJRjZHYUxGbC9LNW9SKzIKNXp0cjhXdFFYL3Zabi9nemYwcFp0Nmt2SWRrSVFWSFNBQXN2TXRoNVdBY00rYmVjQysvOThwSmVKWENlZHdWRAozVzc4T3pTWitLQmpKb29OQ204T1pqN3JVTm1uN0ZNK0FaUnFpQWkzRzdaR0M3ODUrOEcrZml0SVFiaktTMUMwCnhDckRueGNEdUh3K2Z3T05LRnpvbUZMMjVoa3lvRGwvRUNtR0hrQklXRkFMbVBLZUlIR3Mxck5TKysrdEcvdGwKZGQ2WWVRS0NBUUFjZVY2eHlOZVVIQm9aMUVzSXhPdDVkTGx3czJtRkNTK2ZYVVIxOEZZN1FGdFEvSkVwTVVoUQpiekx4RFlodGRQanVWZ2RZWE1aYlh5TnpSelY2RERxMVJDc2hsY2ZBKzdaTTlkanVSc0c0YTRLSmRHN3V6Wm9SClI1bnh6NWNkZFhsRjYwOVJtaE02cW10WUJmdHhxT2ZCdzBsL1RUeGFBSzRGc2NGMjUxUjRkZXZLTzRtMXkwQmsKUWV5L1NVc1QxZm5rRmRmMklQdlp1c2JhSER4SjJDYmtNemdyS3VDQk5Jc25IRTJLNkM5YTQzQ3FNYlloZTRzQQpzRVlqaWRKdmVmNllMa3ViQjJwSC9kMUs3OHZOLzl1bG1XK1FPSUpTcmdERXR5RnV0TFNDSVhKVHpRbWtidjd6CnFhZDVHSnlnNDgzMmRmZENvUHo2bEcxVnphTXFsTExoQW9JQkFIYjFreE5pT2NWL1JyMkxzTi9STmN4SEQ0WDQKNVRhRmd3WGc5RXl5TlcxTUJRZktDTjdLNlR6WnFZWVNlVS9MbTh6L0Rudko3eWhnblhUMVJpeFNpd21zT0FrTQo3eXBBK2ZuYW9uK2RXWDJhZTlCS3VubzlrTFdLbHdMQ3QrcEVlanNWaUVEZHlJcHVONWFLRFkwTDBsZk5oNkhUCkd1RVZ1Smp0bThzM0djN1dIeTNMektuL0RXVlo5cC9WeHBqci9aMDhqUENadTFuMVpoVnNBekI4NXVxVjZJRW8KYkY4SDJQL09DRHNpbFhSM24wdE9WOE0vM2hkS0k3R2R5bDQwNnYvc3paSnlRaCtrR0xVVmJDSEIwQUVJNDg3eQp2Q3pjZnNtUXhpa3JQZWNXM05XQVZzMG12eDFSN0d6Tk5vSytVM0Q1ZWhIcUk3dUZWMUNHbHRITVRiTT0KLS0tLS1FTkQgUlNBIFBSSVZBVEUgS0VZLS0tLS0K\n    token: ohxhdv81m1871lbsy63rmdz8kmw9e9tckqei5q1j1q3kki1levz2xr22h340vs16g3yz2fwyuhn18bij5bsxr5lwe0ogccy2pbi1d7ho7pm42as6r5xcz6bphqcyrd3x\n",
            "kubelet_identity": [
              {
                "client_id": "0bce5765-82a9-4fc9-91f8-8232aa155c8c",
                "object_id": "3a272710-20c5-4452-b71d-1ee55a49e01f",
                "user_assigned_identity_id": "/subscriptions/bedc16a0-d4ca-4f6c-900d-98ff912d9d19/resourceGroups/wiz-exercise-rg/providers/Microsoft.ManagedIdentity/userAssignedIdentities/aks-kubelet-identity"
              }
            ],
            "kubernetes_version": "1.31",
            "linux_profile": [],
            "local_account_disabled": false,
            "location": "eastus2",
            "maintenance_window": [],
            "maintenance_window_auto_upgrade": [],
            "maintenance_window_node_os": [],
            "microsoft_defender": [],
            "monitor_metrics": [],
            "name": "wiz-aks-cluster",
            "network_profile": [
              {
                "dns_service_ip": "10.0.3.10",
                "docker_bridge_cidr": "",
                "ebpf_data_plane": "",
                "ip_versions": [
                  "IPv4"
                ],
                "load_balancer_profile": [
                  {
                    "effective_outbound_ips": [
                      "/subscriptions/bedc16a0-d4ca-4f6c-900d-98ff912d9d19/resourceGroups/MC_wiz-exercise-rg_wiz-aks-cluster_eastus2/providers/Microsoft.Network/publicIPAddresses/4b3b7038-8d94-4b0a-992e-5856ba94e6be"
                    ],
                    "idle_timeout_in_minutes": 0,
                    "managed_outbound_ip_count": 1,
                    "managed_outbound_ipv6_count": 0,
                    "outbound_ip_address_ids": [],
                    "outbound_ip_prefix_ids": [],
                    "outbound_ports_allocated": 0
                  }
                ],
                "load_balancer_sku": "standard",
                "nat_gateway_profile": [],
                "network_data_plane": "azure",
                "network_mode": "",
                "network_plugin": "azure",
                "network_plugin_mode": "",
                "network_policy": "azure",
                "outbound_ip_address_ids": [],
                "outbound_ip_prefix_ids": [],
                "outbound_type": "loadBalancer",
                "pod_cidr": "",
                "pod_cidrs": [],
                "service_cidr": "10.0.3.0/24",
                "service_cidrs": [
                  "10.0.3.0/24"
                ]
              }
            ],
            "node_os_channel_upgrade": null,
            "node_resource_group": "MC_wiz-exercise-rg_wiz-aks-cluster_eastus2",
            "node_resource_group_id": "/subscriptions/bedc16a0-d4ca-4f6c-900d-98ff912d9d19/resourceGroups/MC_wiz-exercise-rg_wiz-aks-cluster_eastus2",
            "oidc_issuer_enabled": false,
            "oidc_issuer_url": "",
            "oms_agent": [],
            "open_service_mesh_enabled": null,
            "portal_fqdn": "wizaks-a5451v6e.portal.hcp.eastus2.azmk8s.io",
            "private_cluster_enabled": false,
            "private_cluster_public_fqdn_enabled": false,
            "private_dns_zone_id": "",
            "private_fqdn": "",
            "public_network_access_enabled": true,
            "resource_group_name": "wiz-exercise-rg",
            "role_based_access_control_enabled": true,
            "run_command_enabled": true,
            "service_mesh_profile": [],
            "service_principal": [],
            "sku_tier": "Free",
            "storage_profile": [],
            "support_plan": "KubernetesOfficial",
            "tags": null,
            "timeouts": null,
            "web_app_routing": [],
            "windows_profile": [
              {
                "admin_password": "",
                "admin_username": "azureuser",
                "gmsa": [],
                "license": ""
              }
            ],
            "workload_autoscaler_profile": [],
            "workload_identity_enabled": false
          },
          "sensitive_attributes": [
            [
              {
                "type": "get_attr",
                "value": "kube_admin_config_raw"
              }
            ],
            [
              {
                "type": "get_attr",
                "value": "kube_config"
              }
            ],
            [
              {
                "type": "get_attr",
                "value": "kube_config_raw"
              }
            ],
            [
              {
                "type": "get_attr",
                "value": "kube_admin_config"
              }
            ],
            [
              {
                "type": "get_attr",
                "value": "windows_profile"
              },
              {
                "type": "index",
                "value": {
                  "value": 0,
                  "type": "number"
                }
              },
              {
                "type": "get_attr",
                "value": "admin_password"
              }
            ]
          ],
          "private": "eyJlMmJmYjczMC1lY2FhLTExZTYtOGY4OC0zNDM2M2JjN2M0YzAiOnsiY3JlYXRlIjo1NDAwMDAwMDAwMDAwLCJkZWxldGUiOjU0MDAwMDAwMDAwMDAsInJlYWQiOjMwMDAwMDAwMDAwMCwidXBkYXRlIjo1NDAwMDAwMDAwMDAwfSwic2NoZW1hX3ZlcnNpb24iOiIyIn0=",
          "dependencies": [
            "azurerm_resource_group.wiz_exercise",
            "module.aks.azurerm_role_assignment.control_plane_managed_identity_operator",
            "module.aks.azurerm_user_assigned_identity.aks_control_plane",
            "module.aks.azurerm_user_assigned_identity.aks_kubelet",
            "module.network.azurerm_subnet.kubernetes_subnet",
            "module.network.azurerm_virtual_network.wiz_vnet"
          ]
        }
      ]
    },
    {
      "module": "module.aks",
      "mode": "managed",
      "type": "azurerm_role_assignment",
      "name": "control_plane_managed_identity_operator",
      "provider": "provider[\"registry.terraform.io/hashicorp/azurerm\"]",
      "instances": [
        {
          "schema_version": 0,
          "attributes": {
            "condition": "",
            "condition_version": "",
            "delegated_managed_identity_resource_id": "",
            "description": "",
            "id": "/subscriptions/bedc16a0-d4ca-4f6c-900d-98ff912d9d19/resourceGroups/wiz-exercise-rg/providers/Microsoft.ManagedIdentity/userAssignedIdentities/aks-kubelet-identity/providers/Microsoft.Authorization/roleAssignments/f5876166-d3df-5af9-6705-97b68a5773f9",
            "name": "f5876166-d3df-5af9-6705-97b68a5773f9",
            "principal_id": "92003899-548d-4983-9d97-1193301f85f9",
            "principal_type": "ServicePrincipal",
            "role_definition_id": "/subscriptions/bedc16a0-d4ca-4f6c-900d-98ff912d9d19/providers/Microsoft.Authorization/roleDefinitions/f1a07417-d97a-45cb-824c-7a7467783830",
            "role_definition_name": "Managed Identity Operator",
            "scope": "/subscriptions/bedc16a0-d4ca-4f6c-900d-98ff912d9d19/resourceGroups/wiz-exercise-rg/providers/Microsoft.ManagedIdentity/userAssignedIdentities/aks-kubelet-identity",
            "skip_service_principal_aad_check": null,
            "timeouts": null
          },
          "sensitive_attributes": [],
          "private": "eyJlMmJmYjczMC1lY2FhLTExZTYtOGY4OC0zNDM2M2JjN2M0YzAiOnsiY3JlYXRlIjoxODAwMDAwMDAwMDAwLCJkZWxldGUiOjE4MDAwMDAwMDAwMDAsInJlYWQiOjMwMDAwMDAwMDAwMH19",
          "dependencies": [
            "azurerm_resource_group.wiz_exercise",
            "module.aks.azurerm_user_assigned_identity.aks_control_plane",
            "module.aks.azurerm_user_assigned_identity.aks_kubelet"
          ]
        }
      ]
    },
    {
      "module": "module.aks",
      "mode": "managed",
      "type": "azurerm_user_assigned_identity",
      "name": "aks_control_plane",
      "provider": "provider[\"registry.terraform.io/hashicorp/azurerm\"]",
      "instances": [
        {
          "schema_version": 1,
          "attributes": {
            "client_id": "dd27905e-b1bd-402b-b690-9da7df7cb0b2",
            "id": "/subscriptions/bedc16a0-d4ca-4f6c-900d-98ff912d9d19/resourceGroups/wiz-exercise-rg/providers/Microsoft.ManagedIdentity/userAssignedIdentities/aks-control-plane-identity",
            "location": "eastus2",
            "name": "aks-control-plane-identity",
            "principal_id": "92003899-548d-4983-9d97-1193301f85f9",
            "resource_group_name": "wiz-exercise-rg",
            "tags": null,
            "tenant_id": "a816de9e-88b2-4fd8-9afc-84d67d5b0d45",
            "timeouts": null
          },
          "sensitive_attributes": [],
          "private": "eyJlMmJmYjczMC1lY2FhLTExZTYtOGY4OC0zNDM2M2JjN2M0YzAiOnsiY3JlYXRlIjoxODAwMDAwMDAwMDAwLCJkZWxldGUiOjE4MDAwMDAwMDAwMDAsInJlYWQiOjMwMDAwMDAwMDAwMCwidXBkYXRlIjoxODAwMDAwMDAwMDAwfSwic2NoZW1hX3ZlcnNpb24iOiIxIn0=",
          "dependencies": [
            "azurerm_resource_group.wiz_exercise"
          ]
        }
      ]
    },
    {
      "module": "module.aks",
      "mode": "managed",
      "type": "azurerm_user_assigned_identity",
      "name": "aks_kubelet",
      "provider": "provider[\"registry.terraform.io/hashicorp/azurerm\"]",
      "instances": [
        {
          "schema_version": 1,
          "attributes": {
            "client_id": "0bce5765-82a9-4fc9-91f8-8232aa155c8c",
            "id": "/subscriptions/bedc16a0-d4ca-4f6c-900d-98ff912d9d19/resourceGroups/wiz-exercise-rg/providers/Microsoft.ManagedIdentity/userAssignedIdentities/aks-kubelet-identity",
            "location": "eastus2",
            "name": "aks-kubelet-identity",
            "principal_id": "3a272710-20c5-4452-b71d-1ee55a49e01f",
            "resource_group_name": "wiz-exercise-rg",
            "tags": null,
            "tenant_id": "a816de9e-88b2-4fd8-9afc-84d67d5b0d45",
            "timeouts": null
          },
          "sensitive_attributes": [],
          "private": "eyJlMmJmYjczMC1lY2FhLTExZTYtOGY4OC0zNDM2M2JjN2M0YzAiOnsiY3JlYXRlIjoxODAwMDAwMDAwMDAwLCJkZWxldGUiOjE4MDAwMDAwMDAwMDAsInJlYWQiOjMwMDAwMDAwMDAwMCwidXBkYXRlIjoxODAwMDAwMDAwMDAwfSwic2NoZW1hX3ZlcnNpb24iOiIxIn0=",
          "dependencies": [
            "azurerm_resource_group.wiz_exercise"
          ]
        }
      ]
    },
    {
      "module": "module.aks",
      "mode": "managed",
      "type": "kubernetes_secret",
      "name": "app_secrets",
      "provider": "module.aks.provider[\"registry.terraform.io/hashicorp/kubernetes\"]",
      "instances": [
        {
          "schema_version": 0,
          "attributes": {
            "binary_data": null,
            "binary_data_wo": null,
            "binary_data_wo_revision": null,
            "data": {
              "SECRET_KEY": "Lhl6*6x8IFcXfDg-VT]]r1NOeSEcA_hs"
            },
            "data_wo": null,
            "data_wo_revision": null,
            "id": "wiz-app/app-secrets",
            "immutable": false,
            "metadata": [
              {
                "annotations": null,
                "generate_name": "",
                "generation": 0,
                "labels": null,
                "name": "app-secrets",
                "namespace": "wiz-app",
                "resource_version": "1452",
                "uid": "bacc1b85-c6a7-4c57-b382-bf9134204ba8"
              }
            ],
            "timeouts": null,
            "type": "Opaque",
            "wait_for_service_account_token": true
          },
          "sensitive_attributes": [
            [
              {
                "type": "get_attr",
                "value": "data"
              }
            ],
            [
              {
                "type": "get_attr",
                "value": "data"
              },
              {
                "type": "index",
                "value": {
                  "value": "SECRET_KEY",
                  "type": "string"
                }
              }
            ],
            [
              {
                "type": "get_attr",
                "value": "binary_data"
              }
            ]
          ],
          "private": "eyJlMmJmYjczMC1lY2FhLTExZTYtOGY4OC0zNDM2M2JjN2M0YzAiOnsiY3JlYXRlIjo2MDAwMDAwMDAwMH19",
          "dependencies": [
            "azurerm_resource_group.wiz_exercise",
            "module.aks.azurerm_kubernetes_cluster.wiz_aks",
            "module.aks.azurerm_role_assignment.control_plane_managed_identity_operator",
            "module.aks.azurerm_user_assigned_identity.aks_control_plane",
            "module.aks.azurerm_user_assigned_identity.aks_kubelet",
            "module.aks.data.kubernetes_namespace.wiz_app",
            "module.aks.local_file.kubeconfig",
            "module.aks.null_resource.namespace_check",
            "module.aks.random_password.app_secret_key",
            "module.network.azurerm_subnet.kubernetes_subnet",
            "module.network.azurerm_virtual_network.wiz_vnet"
          ]
        }
      ]
    },
    {
      "module": "module.aks",
      "mode": "managed",
      "type": "kubernetes_secret",
      "name": "mongodb_connection",
      "provider": "module.aks.provider[\"registry.terraform.io/hashicorp/kubernetes\"]",
      "instances": [
        {
          "schema_version": 0,
          "attributes": {
            "binary_data": null,
            "binary_data_wo": null,
            "binary_data_wo_revision": null,
            "data": {
              "connection-string": "mongodb://azureuser:Azure_123456@10.0.1.4:27017/todoapp?authSource=admin"
            },
            "data_wo": null,
            "data_wo_revision": null,
            "id": "wiz-app/mongodb-connection",
            "immutable": false,
            "metadata": [
              {
                "annotations": null,
                "generate_name": "",
                "generation": 0,
                "labels": null,
                "name": "mongodb-connection",
                "namespace": "wiz-app",
                "resource_version": "1451",
                "uid": "687fe381-f3a0-443d-99b0-82e7a58232bc"
              }
            ],
            "timeouts": null,
            "type": "Opaque",
            "wait_for_service_account_token": true
          },
          "sensitive_attributes": [
            [
              {
                "type": "get_attr",
                "value": "data"
              }
            ],
            [
              {
                "type": "get_attr",
                "value": "data"
              },
              {
                "type": "index",
                "value": {
                  "value": "connection-string",
                  "type": "string"
                }
              }
            ],
            [
              {
                "type": "get_attr",
                "value": "binary_data"
              }
            ]
          ],
          "private": "eyJlMmJmYjczMC1lY2FhLTExZTYtOGY4OC0zNDM2M2JjN2M0YzAiOnsiY3JlYXRlIjo2MDAwMDAwMDAwMH19",
          "dependencies": [
            "azurerm_resource_group.wiz_exercise",
            "module.aks.azurerm_kubernetes_cluster.wiz_aks",
            "module.aks.azurerm_role_assignment.control_plane_managed_identity_operator",
            "module.aks.azurerm_user_assigned_identity.aks_control_plane",
            "module.aks.azurerm_user_assigned_identity.aks_kubelet",
            "module.aks.data.kubernetes_namespace.wiz_app",
            "module.aks.local_file.kubeconfig",
            "module.aks.null_resource.namespace_check",
            "module.mongodb.azurerm_network_interface.mongodb_nic",
            "module.mongodb.azurerm_public_ip.mongodb_pip",
            "module.network.azurerm_subnet.database_subnet",
            "module.network.azurerm_subnet.kubernetes_subnet",
            "module.network.azurerm_virtual_network.wiz_vnet"
          ]
        }
      ]
    },
    {
      "module": "module.aks",
      "mode": "managed",
      "type": "local_file",
      "name": "kubeconfig",
      "provider": "provider[\"registry.terraform.io/hashicorp/local\"]",
      "instances": [
        {
          "schema_version": 0,
          "attributes": {
            "content": "apiVersion: v1\nclusters:\n- cluster:\n    certificate-authority-data: LS0tLS1CRUdJTiBDRVJUSUZJQ0FURS0tLS0tCk1JSUU2RENDQXRDZ0F3SUJBZ0lRQWREVEJHYWNLcG1mTklYc1ZDVEtXVEFOQmdrcWhraUc5dzBCQVFzRkFEQU4KTVFzd0NRWURWUVFERXdKallUQWdGdzB5TlRBMk1UY3hOelV6TXpkYUdBOHlNRFUxTURZeE56RTRNRE16TjFvdwpEVEVMTUFrR0ExVUVBeE1DWTJFd2dnSWlNQTBHQ1NxR1NJYjNEUUVCQVFVQUE0SUNEd0F3Z2dJS0FvSUNBUUNzClVnRVpXWitIOGtJaGxCcXNJcVVvQW5oSk82aTNTWFJkSHNWSkpVdXFGRjBwOWNZM1RxNFJnZmNFT0h5NnlqaE4KWDBjN2M3bFJNOGRiSk0rL2VRTXRwWmlWV3BUS2tudXd1Qlg0K2NZald6ZkpRYnY1Z1FvdjdKeXpTd0dSQ1RrdAp4U2lMdk1jVHF6MjZnQi9BNEp2REROVFFTYkVOTUFTckVuWklXeEczcVA1aTJUcUNoQ2NWSjlibHhwbG00aDhCCnQrU01jMlVjMmxtcjgwNUVrWmZ1K21tcnpnU2JLZC9TOHZWTDVWRE0wYktoOW5PSGtxc1Z6Q0NLd0RxS21md2gKWTFIcWZwQWQ4VnE5Q0NaMzlxU3RWN2dNd3pZeUh2K21HWW8vZDE5OUdmVStUSHprMndhZXNsSENZTmZiRmg3VgpuNUt3SEEwTDQvaGgxTTlrZmRDUEJiYTFMN1N2dWNiRTdZMUF6ZDQwOXpDUXVOYjZJSVBuUHBIVDBKMUROVjJnClJpV0R1d1J6WGRTMHh2OFpWQVFMUzRTTVcxT01nYjIrUzZUUVpSeDF1ekY5Z1A3YUJHNVRMeWJmd1QzVXRvQWgKUVA0REZPT0JidSs2a3hYbEsvcDg3M05kRTEydlhsMzF5QVdObng4NUxselkvbG5tcEg3TmFncTVrdTlHOTJQTwpLVWlDYkZEc0V5YTdoMnRYdGIvKzA1YUZqSUVnNWFWMzkzZ2NWaWRHSTFHVWp2UklDU3JZQ04vM2dXbjVqcnFWCnc0V3hDSEpDSEV5aGIveFdPOWwrNnowK1VqajBQL0Z5Rzk5cEFKVVpPbXlCYVl1NkNJV21rdXdHSjBGcmYydjkKMUg2Sy9Wd1ViQWN2dExWcUVwa0VHZ1dPNFhieEp0VUdURWpyanp0VW5RSURBUUFCbzBJd1FEQU9CZ05WSFE4QgpBZjhFQkFNQ0FxUXdEd1lEVlIwVEFRSC9CQVV3QXdFQi96QWRCZ05WSFE0RUZnUVUwdDVzL3g0R1pFV2c2UllwCjJic3gxb3JqME80d0RRWUpLb1pJaHZjTkFRRUxCUUFEZ2dJQkFCdUNGa1hKMWtHNmNlbkV1NkhtWUxFRHVhNXcKcy96ejU5S3F1TUw3VFRIL3VXVlJIVmdyK3A0Ty9JN29ibzBTOHVyVWVNbTBBM01YYTh2RzFIS1RscDltdHlZcgpHOElBcmVKZm5xMjErelErRmR2T2pOVmdKYm5Vd2lxWjVpYm5IM3J0ZmFkU1hIQlJBSzJpeDNVMDJoSkcvRFppCjNneEJqa0FaR1BodTdPWUxEY2lxK1dKcUxzZkJ4M2VuZklrSkxYTFlnMGtnN29YWEl4QnUvYWVJb2NlWUdIWWEKTjNWNGxuYjlSdS9Cem5sQmtCaGp3ODcvd2U2ZTBuczdhNWZ0aEQ2ZCsxTnB3OERBY3RoOFZackhYMktZYlN0agp0UnM5N0I4TVZIYSsxZFN4R2hsYXFqbmtkMHFncFNNQ1kvSlEzb3FGZU9JZHRYVUFSQ0pIeE9IZXFsaE9WL2dQCkx4WkFMQjkzOStGZFZQM213WS95akF2Zm41N0JFNCtCalJLM3pOVWhuTm8rTjR5TUFKZTZ3aUlXZDFkUjFXRjYKM3hFOHpWUFJhTWtMRGpkNjhiUUVnV1hWSGFZN3o1SFlHY29ScElyNjU3OVBDTWpjSDBxMWwxOWl0QUdGdFM1RwprdHQ3NVp3OUovWW8yQThZQ0Zna3NjV1BjRnVCMU9VYWkyeWxTbkRoZGV3VWJHTnFJNW1TM2tOZUR4Uzcwc2J2CmRVR2JpdXFmZk9iOTdGbG4xcHJhWVAza3RqSXVsNnVhODFUd2xqTlJMMURvbmgrKzA3REdBTGRCb2p4TXNaWUEKa3hsZ0ZrQk1JNW96QTdSOUE2Sk42aEt0YmJSZXM1UG54VXhuVUt3TDlMV2cvdzVVdkdQZ2hweUN3MloxSWJDWgplbHhIYUZ1TjR4aG0vblU2Ci0tLS0tRU5EIENFUlRJRklDQVRFLS0tLS0K\n    server: https://wizaks-a5451v6e.hcp.eastus2.azmk8s.io:443\n  name: wiz-aks-cluster\ncontexts:\n- context:\n    cluster: wiz-aks-cluster\n    user: clusterUser_wiz-exercise-rg_wiz-aks-cluster\n  name: wiz-aks-cluster\ncurrent-context: wiz-aks-cluster\nkind: Config\npreferences: {}\nusers:\n- name: clusterUser_wiz-exercise-rg_wiz-aks-cluster\n  user:\n    client-certificate-data: LS0tLS1CRUdJTiBDRVJUSUZJQ0FURS0tLS0tCk1JSUZIVENDQXdXZ0F3SUJBZ0lRREI4VnZiM2p0UE5YMUJXOW5zMUhnREFOQmdrcWhraUc5dzBCQVFzRkFEQU4KTVFzd0NRWURWUVFERXdKallUQWVGdzB5TlRBMk1UY3hOelV6TXpkYUZ3MHlOekEyTVRjeE9EQXpNemRhTURBeApGekFWQmdOVkJBb1REbk41YzNSbGJUcHRZWE4wWlhKek1SVXdFd1lEVlFRREV3eHRZWE4wWlhKamJHbGxiblF3CmdnSWlNQTBHQ1NxR1NJYjNEUUVCQVFVQUE0SUNEd0F3Z2dJS0FvSUNBUUNxNHRodUlCVytHQk1tY1FpZzhGSmoKMVpUcEVvTXRmRTUzNTFiZ0gvdUIrSlJWYjJPK29LZktETkR0bXlDaytUcDQxVzZEVnN1VTFWNVh0dHd1djIrVgpEU1BMZWplVS85V1hCSUdWd2ZSMDE0WjRFVjlzWXJVTzdvK1lnY2FBQ2RLbTM1cWxhK2FHRWM4a2svYmdxZWhWCnJPUmRieG1Kd1R0enZ1UGJhWmtIQUQwR0cwZjJxUUdHaHFIcm9icXFHSUR6M3RNL3NPS2U5SEtEMkovWUZFS3AKS0FOSjIycHdPZUpFMENCakJZVjNvVkVFQTRUM3ZsbHNLUlpubDJta3NnREJxN3Z6VEtRVktCSFRSYUNKY1QwMgpadTdsY3A3aThqSFJFWWNCQTZrS0Z0TTA3OEVGenpnbkdOeVAyRUkycktBeGZDVGF2ZVhKcEkyTFNkVXREaUxxClExOEdWOE96UjBxT2piRmFwOVg1Y3ZNV2hiaDVmMlhIL2ZaTHNHM3dZR3JPT0JpdktncmkwWDhnNk5nNjhuTE0KT1JMWlB6djg2d1lyYmwrRkdneFFPSlJKZzlYbzVUZGcxeFd0cWRRc0xyZkJvdklSV2F6TFBVRzJoamFsZnRmdQp4cjRVYU9sdzBGSVVyNTlRSS82SEFzUVpiZzFmRXpQTjVXYS9sbUZKVmZVYUFQU1lyZ2NCVHhQTDJESyswM09rCldQNVRwN0NLK0UxOVh2SUgzU2F3NkZDSFdJd2RITW9zVjRSR1hIQ09YK2g1V2FyZzdMcjh2ZWlVTEdJeEJxZE4KeXAzd0pwM09lV3g3amR1anhYN21nemg2OGVvUUFEUUtYMHFPaTVZTEtOOVkrOUpKT0FGSXVJOTV4QzRpNkUzdgp0aFppUlg3TGt4UlpVMmJ4S3JzSEF3SURBUUFCbzFZd1ZEQU9CZ05WSFE4QkFmOEVCQU1DQmFBd0V3WURWUjBsCkJBd3dDZ1lJS3dZQkJRVUhBd0l3REFZRFZSMFRBUUgvQkFJd0FEQWZCZ05WSFNNRUdEQVdnQlRTM216L0hnWmsKUmFEcEZpblp1ekhXaXVQUTdqQU5CZ2txaGtpRzl3MEJBUXNGQUFPQ0FnRUFLbG9tVlMwSmFhTVQ4SkFQaFJhZQpsQmVMU3ZmVjk2NGZLa2Jaa2xSUUx1ZitNQ1g4QnpwbDZGZDNWVk5va2t0QzVZcG8yNWh3OE1SdkIvZXpwTXg5ClZESmlPZEU2eFZ0WGpOb0FFb1VUUndMMGpqWEZydzVvNnlRMFBhQ2ljSjRvVEFlbHBHQVhQMmY5L0dhdjFMMGsKS1FKaHZ1Zmo0Y1lrZkxlN2xXK2N1QnhkYWRJSU8vSUFvNVAvNHZxWUNkZlA1Qzc5QkQ0UStKYU5tV2wwbFY2UwpxVThkTmF1OVFXeFNyaHptNHVKc0hvdHJCRjhRNjh1bmZmMzR4WjQ3QkYvaWhDRHBNeEdjTE9XTjloSU5XK3UrCktTZVNkcmRiT2ZBWDF3MElaQkZJemM0YkdKWmJpL2FnSnhGV2pSMkZ3RnY5SVNRRy9NamxLKzlJZmdLVUF0S3UKNnRoclB2bGhmMzRxMGVlVGhlR0JpNS92d2cydkhEdEdOUWR3Ny9tWVNHR0NHc3EzNDluMWRmYnhaemZEVk92TwpHY1ZlZ2RpSlVwK2ZhSWVVUVFXMllyMEJreWpVZ1lQMGphREhURFV5My9BeFVBcUo0c0FnSEdlRnI0eEFQU0tLCnRTbENtMVdRMks5ZnVvbVgvU2xqb0JSTW1wdEtZUGJRQzdJMWlFYmhTZlBmVS9uR0NDckM1WVFHR0hiMGNNWVUKSUV4ZGNwSzgxWndPdFp4ZnhXNDduSTE4RXpkMndqV0FTaWdPWUNRa1RXNHd4NWhsaHBYazhtTFpSMWIyVldRSApWQVNyRzdScXpua05keEJqdVJPYVhzUXZvd3FabnUwbjMyUHBYS0U2ZTl2bmJJaFVseHNXcWhyd2pzbU9FYlY1CkdDYURCUUs1RERYRFhWa1hlL0x4bmJjPQotLS0tLUVORCBDRVJUSUZJQ0FURS0tLS0tCg==\n    client-key-data: LS0tLS1CRUdJTiBSU0EgUFJJVkFURSBLRVktLS0tLQpNSUlKS0FJQkFBS0NBZ0VBcXVMWWJpQVZ2aGdUSm5FSW9QQlNZOVdVNlJLRExYeE9kK2RXNEIvN2dmaVVWVzlqCnZxQ255Z3pRN1pzZ3BQazZlTlZ1ZzFiTGxOVmVWN2JjTHI5dmxRMGp5M28zbFAvVmx3U0JsY0gwZE5lR2VCRmYKYkdLMUR1NlBtSUhHZ0FuU3B0K2FwV3ZtaGhIUEpKUDI0S25vVmF6a1hXOFppY0U3Yzc3ajIybVpCd0E5Qmh0SAo5cWtCaG9haDY2RzZxaGlBODk3VFA3RGludlJ5ZzlpZjJCUkNxU2dEU2R0cWNEbmlSTkFnWXdXRmQ2RlJCQU9FCjk3NVpiQ2tXWjVkcHBMSUF3YXU3ODB5a0ZTZ1IwMFdnaVhFOU5tYnU1WEtlNHZJeDBSR0hBUU9wQ2hiVE5PL0IKQmM4NEp4amNqOWhDTnF5Z01Yd2sycjNseWFTTmkwblZMUTRpNmtOZkJsZkRzMGRLam8yeFdxZlYrWEx6Rm9XNAplWDlseC8zMlM3QnQ4R0JxempnWXJ5b0s0dEYvSU9qWU92Snl6RGtTMlQ4Ny9Pc0dLMjVmaFJvTVVEaVVTWVBWCjZPVTNZTmNWcmFuVUxDNjN3YUx5RVZtc3l6MUJ0b1kycFg3WDdzYStGR2pwY05CU0ZLK2ZVQ1AraHdMRUdXNE4KWHhNenplVm12NVpoU1ZYMUdnRDBtSzRIQVU4VHk5Z3l2dE56cEZqK1U2ZXdpdmhOZlY3eUI5MG1zT2hRaDFpTQpIUnpLTEZlRVJseHdqbC9vZVZtcTRPeTYvTDNvbEN4aU1RYW5UY3FkOENhZHpubHNlNDNibzhWKzVvTTRldkhxCkVBQTBDbDlLam91V0N5amZXUHZTU1RnQlNMaVBlY1F1SXVoTjc3WVdZa1YreTVNVVdWTm04U3E3QndNQ0F3RUEKQVFLQ0FnRUFuOUtWdFRtUTNEOUwrZElSemVPMlN1VUE1cE9IMkV6QVh1Z2dtbkdQR3RuUWNhOUNUSkdaSENHcwpiZTErTkkxY0lKTU5UdzBvVGtUWWZaVHFqVlpDRjljNE9TQlBSNjJXcUMxd3ZRMnZnbS9vdGZjWmxoY2pXNW5HCjkwMjR4eHRveHVXdWp6UkJYL2JjRTB2SHhBdGszbXhiRVAvTmxNY0N3Wmd4SjQ2MXJwU01mbCtaaUpvOGNRTU8KQVlFN1FjYTFKR0NzbG83ckJOdC9Gc3pOZ3B4QVZGQzE4cWVoL3VCRVBUT2lkcm85UDh2Q0o4emEyWkpQdEJjaAplelZqZXNONGJhb2VtTWgvVmNJcUdieXZEcHk0TVY5SDQ1UzJBVytmSS9nT21lWkFmTTBvTUFSa05QaS9mZUdFCnQ0djlNWUYyT1pId0xoMFpBdVJCOVpuU0pOZHAwc1JmRkt1RFpaVFhVeTZJRjErM0ZCUFZ2SldWUXBqMUJBZjkKb1V4eXUzekpaQ2dsTUp5RnhRc1J4Z3MvOHN2c0x6V212ZEt2ZVoxcEN3SHRXTi9KM0R3Tnlpa09qdmhqUHZ2UgpPYmd1Y1paRzRxU20rb3pXWExBb2lqV3ZwZ250WnI0V2JMempqdWdPYjlJQkRmeWFlOFo3WHp3TFRxS29UaTdZCnA4M3ZpV3I4ZDBCMW9DMENELzl0RUY5eWZENGxlQld3TURlUmZZeUpmaWZKQi9Na0JJdUdHRjVseTBpN0orOEIKemRIQTlIbEdDSkptODJQSVZOL204TFFPMVZ0NVcrNjRrNDVTZUZMS3RKZ3Z2MTdOUnA0SE1LN01kQnJOeFo0VwpZcFFwcTdXZVBwRFdxUWcwSVJCSm5aSXYxa08wYUYvU2ZpUW94TnRxZXJobFhvalZtMkVDZ2dFQkFNdno0cnVXCm52M2pFcVVRa2tTcThMcktLUmdRbzBIQnh6Z0FidnNnb3lpYy9sWU9wVFM1bytwVEhjMnlKWVUzTHk5ZlFVdDcKZS9RdHdLZzEvdmNvN3RUTVFWejJnNmJRa2tSUVhjTzliYUljYUw0VVlSd0JtNitFWVpQQ1o0K09EcE55K3czWApnR2FUekxkSmVkazVhMUh6cEZieFVBbnJxeUF4aU9rZ3VEbjRSQmRxZVQ3OVdpeFc3RDZNelRvMExuN29qK1YyCllkYytSd2pCREtIZFR5SGF6N1dnSjNqZ21kNnBwWFI5aDZtNU1oT1IvanM1OEtyOVMreTcrRGhjTzRuZG9uUysKa1VFam9GWkMwL2JWbGkzOUhLa3B1cFFQclpaTU9GYVNmVUNjT3F0NkNkUE9FYTc0aWxsQ3U0dEFDcHUzUU1QOApmRC9QbTZMSkpveEdUK3NDZ2dFQkFOWit2VnMwYXNodmh5MkF5bHdLZTRuVmVqYzZGNDJza2JydmhFWFIrOTVMCndlU3duV3NQN3huL1pLUlRJL3lndTNwQ3lUaThTTDVkNUE3b21ZVHZUd1YvdDZwWEkyUkVBcHYxV0VlTm1DblIKOHJwb2g2L2NldGpheUpxMFdHeW56ZldLc0RtMjdwb2VpekhUbkdvUEc0Qzhwelk1RXlteVVXYS9IelhRRThTRAplc1JPUlFNV3FiWHFtNkwxVzljU0xVSUZ4TXVtbXZsOGJWN1hIRTg1MEJzaUpPa2pUUHFkMlFmZXRiVVRRSGtVCk8wQnowOWFlVW9QcjlOQVlMOU1ySTdvNnVnRzhtSVh5dk5Eem1yWlBKTVFCRi9FcitqVnlKMlJsWjJWSkw5Ni8KZzJRbEhrcmdjQ0UxcFhOM29wYm4xbWFEL2w2amw5SmZraUg4UXhpWWQwa0NnZ0VBQVc1NHpQQkZ0V3ArbXdIKwp4TlNlVS9GUFVJZnRYV3pLeFMzYm1ZK2xGWWZra1I0Uk1zbUt5UDVFVzBsQTBpcU0vandnN1RLMHNBWVNNQndRCjZoTXplZkxsRW8zNFpwZFlMM3FRN2VyS2RqVFUxMkMxUGNrVkdxcEhOUTVNUThtdmVJRjZHYUxGbC9LNW9SKzIKNXp0cjhXdFFYL3Zabi9nemYwcFp0Nmt2SWRrSVFWSFNBQXN2TXRoNVdBY00rYmVjQysvOThwSmVKWENlZHdWRAozVzc4T3pTWitLQmpKb29OQ204T1pqN3JVTm1uN0ZNK0FaUnFpQWkzRzdaR0M3ODUrOEcrZml0SVFiaktTMUMwCnhDckRueGNEdUh3K2Z3T05LRnpvbUZMMjVoa3lvRGwvRUNtR0hrQklXRkFMbVBLZUlIR3Mxck5TKysrdEcvdGwKZGQ2WWVRS0NBUUFjZVY2eHlOZVVIQm9aMUVzSXhPdDVkTGx3czJtRkNTK2ZYVVIxOEZZN1FGdFEvSkVwTVVoUQpiekx4RFlodGRQanVWZ2RZWE1aYlh5TnpSelY2RERxMVJDc2hsY2ZBKzdaTTlkanVSc0c0YTRLSmRHN3V6Wm9SClI1bnh6NWNkZFhsRjYwOVJtaE02cW10WUJmdHhxT2ZCdzBsL1RUeGFBSzRGc2NGMjUxUjRkZXZLTzRtMXkwQmsKUWV5L1NVc1QxZm5rRmRmMklQdlp1c2JhSER4SjJDYmtNemdyS3VDQk5Jc25IRTJLNkM5YTQzQ3FNYlloZTRzQQpzRVlqaWRKdmVmNllMa3ViQjJwSC9kMUs3OHZOLzl1bG1XK1FPSUpTcmdERXR5RnV0TFNDSVhKVHpRbWtidjd6CnFhZDVHSnlnNDgzMmRmZENvUHo2bEcxVnphTXFsTExoQW9JQkFIYjFreE5pT2NWL1JyMkxzTi9STmN4SEQ0WDQKNVRhRmd3WGc5RXl5TlcxTUJRZktDTjdLNlR6WnFZWVNlVS9MbTh6L0Rudko3eWhnblhUMVJpeFNpd21zT0FrTQo3eXBBK2ZuYW9uK2RXWDJhZTlCS3VubzlrTFdLbHdMQ3QrcEVlanNWaUVEZHlJcHVONWFLRFkwTDBsZk5oNkhUCkd1RVZ1Smp0bThzM0djN1dIeTNMektuL0RXVlo5cC9WeHBqci9aMDhqUENadTFuMVpoVnNBekI4NXVxVjZJRW8KYkY4SDJQL09DRHNpbFhSM24wdE9WOE0vM2hkS0k3R2R5bDQwNnYvc3paSnlRaCtrR0xVVmJDSEIwQUVJNDg3eQp2Q3pjZnNtUXhpa3JQZWNXM05XQVZzMG12eDFSN0d6Tk5vSytVM0Q1ZWhIcUk3dUZWMUNHbHRITVRiTT0KLS0tLS1FTkQgUlNBIFBSSVZBVEUgS0VZLS0tLS0K\n    token: ohxhdv81m1871lbsy63rmdz8kmw9e9tckqei5q1j1q3kki1levz2xr22h340vs16g3yz2fwyuhn18bij5bsxr5lwe0ogccy2pbi1d7ho7pm42as6r5xcz6bphqcyrd3x\n",
            "content_base64": null,
            "content_base64sha256": "D6c4dfRolP1x6QSM6FQNr4LVz4ZohgF4GCc+i5WBteY=",
            "content_base64sha512": "zBM5J1TFAqOlfNlBPrMlIAMZiXI1K7GgJCpN7EBd+WZ3tjgNbaWqdbDxx6M6uP3aMt8uEQ5qRfaxsLl8Rbgcbg==",
            "content_md5": "d24a72ae70b69b8e98f4ee5634f7d76d",
            "content_sha1": "1142c5ba932c1c811c0a7960b74b6dfdc332f5a2",
            "content_sha256": "0fa73875f46894fd71e9048ce8540daf82d5cf866886017818273e8b9581b5e6",
            "content_sha512": "cc13392754c502a3a57cd9413eb3252003198972352bb1a0242a4dec405df96677b6380d6da5aa75b0f1c7a33ab8fdda32df2e110e6a45f6b1b0b97c45b81c6e",
            "directory_permission": "0777",
            "file_permission": "0777",
            "filename": "modules/aks/kubeconfig",
            "id": "1142c5ba932c1c811c0a7960b74b6dfdc332f5a2",
            "sensitive_content": null,
            "source": null
          },
          "sensitive_attributes": [
            [
              {
                "type": "get_attr",
                "value": "sensitive_content"
              }
            ],
            [
              {
                "type": "get_attr",
                "value": "content"
              }
            ]
          ],
          "dependencies": [
            "azurerm_resource_group.wiz_exercise",
            "module.aks.azurerm_kubernetes_cluster.wiz_aks",
            "module.aks.azurerm_role_assignment.control_plane_managed_identity_operator",
            "module.aks.azurerm_user_assigned_identity.aks_control_plane",
            "module.aks.azurerm_user_assigned_identity.aks_kubelet",
            "module.network.azurerm_subnet.kubernetes_subnet",
            "module.network.azurerm_virtual_network.wiz_vnet"
          ]
        }
      ]
    },
    {
      "module": "module.aks",
      "mode": "managed",
      "type": "null_resource",
      "name": "namespace_check",
      "provider": "provider[\"registry.terraform.io/hashicorp/null\"]",
      "instances": [
        {
          "schema_version": 0,
          "attributes": {
            "id": "3100577111564107157",
            "triggers": {
              "cluster_id": "/subscriptions/bedc16a0-d4ca-4f6c-900d-98ff912d9d19/resourceGroups/wiz-exercise-rg/providers/Microsoft.ContainerService/managedClusters/wiz-aks-cluster"
            }
          },
          "sensitive_attributes": [],
          "dependencies": [
            "azurerm_resource_group.wiz_exercise",
            "module.aks.azurerm_kubernetes_cluster.wiz_aks",
            "module.aks.azurerm_role_assignment.control_plane_managed_identity_operator",
            "module.aks.azurerm_user_assigned_identity.aks_control_plane",
            "module.aks.azurerm_user_assigned_identity.aks_kubelet",
            "module.aks.local_file.kubeconfig",
            "module.network.azurerm_subnet.kubernetes_subnet",
            "module.network.azurerm_virtual_network.wiz_vnet"
          ]
        }
      ]
    },
    {
      "module": "module.aks",
      "mode": "managed",
      "type": "random_password",
      "name": "app_secret_key",
      "provider": "provider[\"registry.terraform.io/hashicorp/random\"]",
      "instances": [
        {
          "schema_version": 3,
          "attributes": {
            "bcrypt_hash": "$2a$10$9pKc5wfAOloUnlfp4P.ZWunYh10jzpzLoFmWBsIFG359X2iBsuRRq",
            "id": "none",
            "keepers": null,
            "length": 32,
            "lower": true,
            "min_lower": 0,
            "min_numeric": 0,
            "min_special": 0,
            "min_upper": 0,
            "number": true,
            "numeric": true,
            "override_special": null,
            "result": "Lhl6*6x8IFcXfDg-VT]]r1NOeSEcA_hs",
            "special": true,
            "upper": true
          },
          "sensitive_attributes": [
            [
              {
                "type": "get_attr",
                "value": "bcrypt_hash"
              }
            ],
            [
              {
                "type": "get_attr",
                "value": "result"
              }
            ]
          ]
        }
      ]
    },
    {
      "module": "module.mongodb",
      "mode": "data",
      "type": "azurerm_client_config",
      "name": "current",
      "provider": "provider[\"registry.terraform.io/hashicorp/azurerm\"]",
      "instances": [
        {
          "schema_version": 0,
          "attributes": {
            "client_id": "04b07795-8ddb-461a-bbee-02f9e1bf7b46",
            "id": "Y2xpZW50Q29uZmlncy9jbGllbnRJZD0wNGIwNzc5NS04ZGRiLTQ2MWEtYmJlZS0wMmY5ZTFiZjdiNDY7b2JqZWN0SWQ9ZmMwODQ3ODItNTc0YS00MmZmLWExNzktOWQ0YWUzYWQ1OGE5O3N1YnNjcmlwdGlvbklkPWJlZGMxNmEwLWQ0Y2EtNGY2Yy05MDBkLTk4ZmY5MTJkOWQxOTt0ZW5hbnRJZD1hODE2ZGU5ZS04OGIyLTRmZDgtOWFmYy04NGQ2N2Q1YjBkNDU=",
            "object_id": "fc084782-574a-42ff-a179-9d4ae3ad58a9",
            "subscription_id": "bedc16a0-d4ca-4f6c-900d-98ff912d9d19",
            "tenant_id": "a816de9e-88b2-4fd8-9afc-84d67d5b0d45",
            "timeouts": null
          },
          "sensitive_attributes": []
        }
      ]
    },
    {
      "module": "module.mongodb",
      "mode": "managed",
      "type": "azurerm_linux_virtual_machine",
      "name": "mongodb_vm",
      "provider": "provider[\"registry.terraform.io/hashicorp/azurerm\"]",
      "instances": [
        {
          "schema_version": 0,
          "attributes": {
            "additional_capabilities": [],
            "admin_password": "Azure_123456",
            "admin_ssh_key": [],
            "admin_username": "azureuser",
            "allow_extension_operations": true,
            "availability_set_id": "",
            "boot_diagnostics": [],
            "bypass_platform_safety_checks_on_user_schedule_enabled": false,
            "capacity_reservation_group_id": "",
            "computer_name": "mongodb-vm",
            "custom_data": null,
            "dedicated_host_group_id": "",
            "dedicated_host_id": "",
            "disable_password_authentication": false,
            "disk_controller_type": "SCSI",
            "edge_zone": "",
            "encryption_at_host_enabled": false,
            "eviction_policy": "",
            "extensions_time_budget": "PT1H30M",
            "gallery_application": [],
            "id": "/subscriptions/bedc16a0-d4ca-4f6c-900d-98ff912d9d19/resourceGroups/wiz-exercise-rg/providers/Microsoft.Compute/virtualMachines/mongodb-vm",
            "identity": [
              {
                "identity_ids": null,
                "principal_id": "b06e8fa5-6041-46e2-9ba9-804aa5f78471",
                "tenant_id": "a816de9e-88b2-4fd8-9afc-84d67d5b0d45",
                "type": "SystemAssigned"
              }
            ],
            "license_type": "",
            "location": "eastus2",
            "max_bid_price": -1,
            "name": "mongodb-vm",
            "network_interface_ids": [
              "/subscriptions/bedc16a0-d4ca-4f6c-900d-98ff912d9d19/resourceGroups/wiz-exercise-rg/providers/Microsoft.Network/networkInterfaces/mongodb-nic"
            ],
            "os_disk": [
              {
                "caching": "ReadWrite",
                "diff_disk_settings": [],
                "disk_encryption_set_id": "",
                "disk_size_gb": 30,
                "name": "mongodb-vm_OsDisk_1_25a1bf1143bb4522b53f84450122e183",
                "secure_vm_disk_encryption_set_id": "",
                "security_encryption_type": "",
                "storage_account_type": "Standard_LRS",
                "write_accelerator_enabled": false
              }
            ],
            "os_image_notification": [],
            "patch_assessment_mode": "ImageDefault",
            "patch_mode": "ImageDefault",
            "plan": [],
            "platform_fault_domain": -1,
            "priority": "Regular",
            "private_ip_address": "10.0.1.4",
            "private_ip_addresses": [
              "10.0.1.4"
            ],
            "provision_vm_agent": true,
            "proximity_placement_group_id": "",
            "public_ip_address": "172.210.204.243",
            "public_ip_addresses": [
              "172.210.204.243"
            ],
            "reboot_setting": "",
            "resource_group_name": "wiz-exercise-rg",
            "secret": [],
            "secure_boot_enabled": false,
            "size": "Standard_B2s",
            "source_image_id": "",
            "source_image_reference": [
              {
                "offer": "0001-com-ubuntu-server-focal",
                "publisher": "Canonical",
                "sku": "20_04-lts-gen2",
                "version": "latest"
              }
            ],
            "tags": null,
            "termination_notification": null,
            "timeouts": null,
            "user_data": "",
            "virtual_machine_id": "f36b41fd-0d1b-4351-a532-6c538fac9871",
            "virtual_machine_scale_set_id": "",
            "vm_agent_platform_updates_enabled": false,
            "vtpm_enabled": false,
            "zone": ""
          },
          "sensitive_attributes": [
            [
              {
                "type": "get_attr",
                "value": "admin_password"
              }
            ],
            [
              {
                "type": "get_attr",
                "value": "custom_data"
              }
            ]
          ],
          "private": "eyJlMmJmYjczMC1lY2FhLTExZTYtOGY4OC0zNDM2M2JjN2M0YzAiOnsiY3JlYXRlIjoyNzAwMDAwMDAwMDAwLCJkZWxldGUiOjI3MDAwMDAwMDAwMDAsInJlYWQiOjMwMDAwMDAwMDAwMCwidXBkYXRlIjoyNzAwMDAwMDAwMDAwfX0=",
          "dependencies": [
            "azurerm_resource_group.wiz_exercise",
            "module.mongodb.azurerm_network_interface.mongodb_nic",
            "module.mongodb.azurerm_public_ip.mongodb_pip",
            "module.network.azurerm_subnet.database_subnet",
            "module.network.azurerm_virtual_network.wiz_vnet",
            "module.storage.azurerm_storage_account.backup_storage",
            "module.storage.random_string.suffix"
          ]
        }
      ]
    },
    {
      "module": "module.mongodb",
      "mode": "managed",
      "type": "azurerm_network_interface",
      "name": "mongodb_nic",
      "provider": "provider[\"registry.terraform.io/hashicorp/azurerm\"]",
      "instances": [
        {
          "schema_version": 0,
          "attributes": {
            "accelerated_networking_enabled": false,
            "applied_dns_servers": [],
            "auxiliary_mode": "",
            "auxiliary_sku": "",
            "dns_servers": [],
            "edge_zone": "",
            "enable_accelerated_networking": false,
            "enable_ip_forwarding": false,
            "id": "/subscriptions/bedc16a0-d4ca-4f6c-900d-98ff912d9d19/resourceGroups/wiz-exercise-rg/providers/Microsoft.Network/networkInterfaces/mongodb-nic",
            "internal_dns_name_label": "",
            "internal_domain_name_suffix": "3yoc3vhgb04ujgosx202lkaoyf.cx.internal.cloudapp.net",
            "ip_configuration": [
              {
                "gateway_load_balancer_frontend_ip_configuration_id": "",
                "name": "internal",
                "primary": true,
                "private_ip_address": "10.0.1.4",
                "private_ip_address_allocation": "Dynamic",
                "private_ip_address_version": "IPv4",
                "public_ip_address_id": "/subscriptions/bedc16a0-d4ca-4f6c-900d-98ff912d9d19/resourceGroups/wiz-exercise-rg/providers/Microsoft.Network/publicIPAddresses/mongodb-pip",
                "subnet_id": "/subscriptions/bedc16a0-d4ca-4f6c-900d-98ff912d9d19/resourceGroups/wiz-exercise-rg/providers/Microsoft.Network/virtualNetworks/wiz-vnet/subnets/database-subnet"
              }
            ],
            "ip_forwarding_enabled": false,
            "location": "eastus2",
            "mac_address": "",
            "name": "mongodb-nic",
            "private_ip_address": "10.0.1.4",
            "private_ip_addresses": [
              "10.0.1.4"
            ],
            "resource_group_name": "wiz-exercise-rg",
            "tags": null,
            "timeouts": null,
            "virtual_machine_id": ""
          },
          "sensitive_attributes": [],
          "private": "eyJlMmJmYjczMC1lY2FhLTExZTYtOGY4OC0zNDM2M2JjN2M0YzAiOnsiY3JlYXRlIjoxODAwMDAwMDAwMDAwLCJkZWxldGUiOjE4MDAwMDAwMDAwMDAsInJlYWQiOjMwMDAwMDAwMDAwMCwidXBkYXRlIjoxODAwMDAwMDAwMDAwfX0=",
          "dependencies": [
            "azurerm_resource_group.wiz_exercise",
            "module.mongodb.azurerm_public_ip.mongodb_pip",
            "module.network.azurerm_subnet.database_subnet",
            "module.network.azurerm_virtual_network.wiz_vnet"
          ]
        }
      ]
    },
    {
      "module": "module.mongodb",
      "mode": "managed",
      "type": "azurerm_network_interface_security_group_association",
      "name": "mongodb_nsg_association",
      "provider": "provider[\"registry.terraform.io/hashicorp/azurerm\"]",
      "instances": [
        {
          "schema_version": 0,
          "attributes": {
            "id": "/subscriptions/bedc16a0-d4ca-4f6c-900d-98ff912d9d19/resourceGroups/wiz-exercise-rg/providers/Microsoft.Network/networkInterfaces/mongodb-nic|/subscriptions/bedc16a0-d4ca-4f6c-900d-98ff912d9d19/resourceGroups/wiz-exercise-rg/providers/Microsoft.Network/networkSecurityGroups/mongodb-nsg",
            "network_interface_id": "/subscriptions/bedc16a0-d4ca-4f6c-900d-98ff912d9d19/resourceGroups/wiz-exercise-rg/providers/Microsoft.Network/networkInterfaces/mongodb-nic",
            "network_security_group_id": "/subscriptions/bedc16a0-d4ca-4f6c-900d-98ff912d9d19/resourceGroups/wiz-exercise-rg/providers/Microsoft.Network/networkSecurityGroups/mongodb-nsg",
            "timeouts": null
          },
          "sensitive_attributes": [],
          "private": "eyJlMmJmYjczMC1lY2FhLTExZTYtOGY4OC0zNDM2M2JjN2M0YzAiOnsiY3JlYXRlIjoxODAwMDAwMDAwMDAwLCJkZWxldGUiOjE4MDAwMDAwMDAwMDAsInJlYWQiOjMwMDAwMDAwMDAwMH19",
          "dependencies": [
            "azurerm_resource_group.wiz_exercise",
            "module.mongodb.azurerm_network_interface.mongodb_nic",
            "module.mongodb.azurerm_network_security_group.mongodb_nsg",
            "module.mongodb.azurerm_public_ip.mongodb_pip",
            "module.network.azurerm_subnet.database_subnet",
            "module.network.azurerm_virtual_network.wiz_vnet"
          ]
        }
      ]
    },
    {
      "module": "module.mongodb",
      "mode": "managed",
      "type": "azurerm_network_security_group",
      "name": "mongodb_nsg",
      "provider": "provider[\"registry.terraform.io/hashicorp/azurerm\"]",
      "instances": [
        {
          "schema_version": 0,
          "attributes": {
            "id": "/subscriptions/bedc16a0-d4ca-4f6c-900d-98ff912d9d19/resourceGroups/wiz-exercise-rg/providers/Microsoft.Network/networkSecurityGroups/mongodb-nsg",
            "location": "eastus2",
            "name": "mongodb-nsg",
            "resource_group_name": "wiz-exercise-rg",
            "security_rule": [
              {
                "access": "Allow",
                "description": "",
                "destination_address_prefix": "*",
                "destination_address_prefixes": [],
                "destination_application_security_group_ids": [],
                "destination_port_range": "22",
                "destination_port_ranges": [],
                "direction": "Inbound",
                "name": "allow-ssh-from-anywhere",
                "priority": 1000,
                "protocol": "Tcp",
                "source_address_prefix": "0.0.0.0/0",
                "source_address_prefixes": [],
                "source_application_security_group_ids": [],
                "source_port_range": "*",
                "source_port_ranges": []
              }
            ],
            "tags": null,
            "timeouts": null
          },
          "sensitive_attributes": [],
          "private": "eyJlMmJmYjczMC1lY2FhLTExZTYtOGY4OC0zNDM2M2JjN2M0YzAiOnsiY3JlYXRlIjoxODAwMDAwMDAwMDAwLCJkZWxldGUiOjE4MDAwMDAwMDAwMDAsInJlYWQiOjMwMDAwMDAwMDAwMCwidXBkYXRlIjoxODAwMDAwMDAwMDAwfX0=",
          "dependencies": [
            "azurerm_resource_group.wiz_exercise"
          ]
        }
      ]
    },
    {
      "module": "module.mongodb",
      "mode": "managed",
      "type": "azurerm_network_security_rule",
      "name": "mongodb_port",
      "provider": "provider[\"registry.terraform.io/hashicorp/azurerm\"]",
      "instances": [
        {
          "schema_version": 0,
          "attributes": {
            "access": "Allow",
            "description": "",
            "destination_address_prefix": "*",
            "destination_address_prefixes": null,
            "destination_application_security_group_ids": null,
            "destination_port_range": "27017",
            "destination_port_ranges": null,
            "direction": "Inbound",
            "id": "/subscriptions/bedc16a0-d4ca-4f6c-900d-98ff912d9d19/resourceGroups/wiz-exercise-rg/providers/Microsoft.Network/networkSecurityGroups/mongodb-nsg/securityRules/allow-mongodb",
            "name": "allow-mongodb",
            "network_security_group_name": "mongodb-nsg",
            "priority": 110,
            "protocol": "Tcp",
            "resource_group_name": "wiz-exercise-rg",
            "source_address_prefix": "*",
            "source_address_prefixes": null,
            "source_application_security_group_ids": null,
            "source_port_range": "*",
            "source_port_ranges": null,
            "timeouts": null
          },
          "sensitive_attributes": [],
          "private": "eyJlMmJmYjczMC1lY2FhLTExZTYtOGY4OC0zNDM2M2JjN2M0YzAiOnsiY3JlYXRlIjoxODAwMDAwMDAwMDAwLCJkZWxldGUiOjE4MDAwMDAwMDAwMDAsInJlYWQiOjMwMDAwMDAwMDAwMCwidXBkYXRlIjoxODAwMDAwMDAwMDAwfX0=",
          "dependencies": [
            "azurerm_resource_group.wiz_exercise",
            "module.mongodb.azurerm_network_security_group.mongodb_nsg"
          ]
        }
      ]
    },
    {
      "module": "module.mongodb",
      "mode": "managed",
      "type": "azurerm_network_security_rule",
      "name": "mongodb_ssh",
      "provider": "provider[\"registry.terraform.io/hashicorp/azurerm\"]",
      "instances": [
        {
          "schema_version": 0,
          "attributes": {
            "access": "Allow",
            "description": "",
            "destination_address_prefix": "*",
            "destination_address_prefixes": null,
            "destination_application_security_group_ids": null,
            "destination_port_range": "22",
            "destination_port_ranges": null,
            "direction": "Inbound",
            "id": "/subscriptions/bedc16a0-d4ca-4f6c-900d-98ff912d9d19/resourceGroups/wiz-exercise-rg/providers/Microsoft.Network/networkSecurityGroups/mongodb-nsg/securityRules/allow-ssh",
            "name": "allow-ssh",
            "network_security_group_name": "mongodb-nsg",
            "priority": 100,
            "protocol": "Tcp",
            "resource_group_name": "wiz-exercise-rg",
            "source_address_prefix": "*",
            "source_address_prefixes": null,
            "source_application_security_group_ids": null,
            "source_port_range": "*",
            "source_port_ranges": null,
            "timeouts": null
          },
          "sensitive_attributes": [],
          "private": "eyJlMmJmYjczMC1lY2FhLTExZTYtOGY4OC0zNDM2M2JjN2M0YzAiOnsiY3JlYXRlIjoxODAwMDAwMDAwMDAwLCJkZWxldGUiOjE4MDAwMDAwMDAwMDAsInJlYWQiOjMwMDAwMDAwMDAwMCwidXBkYXRlIjoxODAwMDAwMDAwMDAwfX0=",
          "dependencies": [
            "azurerm_resource_group.wiz_exercise",
            "module.mongodb.azurerm_network_security_group.mongodb_nsg"
          ]
        }
      ]
    },
    {
      "module": "module.mongodb",
      "mode": "managed",
      "type": "azurerm_public_ip",
      "name": "mongodb_pip",
      "provider": "provider[\"registry.terraform.io/hashicorp/azurerm\"]",
      "instances": [
        {
          "schema_version": 0,
          "attributes": {
            "allocation_method": "Static",
            "ddos_protection_mode": "VirtualNetworkInherited",
            "ddos_protection_plan_id": null,
            "domain_name_label": null,
            "edge_zone": "",
            "fqdn": null,
            "id": "/subscriptions/bedc16a0-d4ca-4f6c-900d-98ff912d9d19/resourceGroups/wiz-exercise-rg/providers/Microsoft.Network/publicIPAddresses/mongodb-pip",
            "idle_timeout_in_minutes": 4,
            "ip_address": "172.210.204.243",
            "ip_tags": null,
            "ip_version": "IPv4",
            "location": "eastus2",
            "name": "mongodb-pip",
            "public_ip_prefix_id": null,
            "resource_group_name": "wiz-exercise-rg",
            "reverse_fqdn": null,
            "sku": "Standard",
            "sku_tier": "Regional",
            "tags": null,
            "timeouts": null,
            "zones": null
          },
          "sensitive_attributes": [],
          "private": "eyJlMmJmYjczMC1lY2FhLTExZTYtOGY4OC0zNDM2M2JjN2M0YzAiOnsiY3JlYXRlIjoxODAwMDAwMDAwMDAwLCJkZWxldGUiOjE4MDAwMDAwMDAwMDAsInJlYWQiOjMwMDAwMDAwMDAwMCwidXBkYXRlIjoxODAwMDAwMDAwMDAwfX0=",
          "dependencies": [
            "azurerm_resource_group.wiz_exercise"
          ]
        }
      ]
    },
    {
      "module": "module.mongodb",
      "mode": "managed",
      "type": "azurerm_role_assignment",
      "name": "vm_owner",
      "provider": "provider[\"registry.terraform.io/hashicorp/azurerm\"]",
      "instances": [
        {
          "schema_version": 0,
          "attributes": {
            "condition": "",
            "condition_version": "",
            "delegated_managed_identity_resource_id": "",
            "description": "",
            "id": "/subscriptions/bedc16a0-d4ca-4f6c-900d-98ff912d9d19/providers/Microsoft.Authorization/roleAssignments/84ed4433-6616-7061-abda-a3fad6bbe5ad",
            "name": "84ed4433-6616-7061-abda-a3fad6bbe5ad",
            "principal_id": "b06e8fa5-6041-46e2-9ba9-804aa5f78471",
            "principal_type": "ServicePrincipal",
            "role_definition_id": "/subscriptions/bedc16a0-d4ca-4f6c-900d-98ff912d9d19/providers/Microsoft.Authorization/roleDefinitions/8e3af657-a8ff-443c-a75c-2fe8c4bcb635",
            "role_definition_name": "Owner",
            "scope": "/subscriptions/bedc16a0-d4ca-4f6c-900d-98ff912d9d19",
            "skip_service_principal_aad_check": null,
            "timeouts": null
          },
          "sensitive_attributes": [],
          "private": "eyJlMmJmYjczMC1lY2FhLTExZTYtOGY4OC0zNDM2M2JjN2M0YzAiOnsiY3JlYXRlIjoxODAwMDAwMDAwMDAwLCJkZWxldGUiOjE4MDAwMDAwMDAwMDAsInJlYWQiOjMwMDAwMDAwMDAwMH19",
          "dependencies": [
            "azurerm_resource_group.wiz_exercise",
            "module.mongodb.azurerm_linux_virtual_machine.mongodb_vm",
            "module.mongodb.azurerm_network_interface.mongodb_nic",
            "module.mongodb.azurerm_public_ip.mongodb_pip",
            "module.mongodb.data.azurerm_client_config.current",
            "module.network.azurerm_subnet.database_subnet",
            "module.network.azurerm_virtual_network.wiz_vnet",
            "module.storage.azurerm_storage_account.backup_storage",
            "module.storage.random_string.suffix"
          ]
        }
      ]
    },
    {
      "module": "module.mongodb",
      "mode": "managed",
      "type": "azurerm_role_assignment",
      "name": "vm_storage_contributor",
      "provider": "provider[\"registry.terraform.io/hashicorp/azurerm\"]",
      "instances": [
        {
          "schema_version": 0,
          "attributes": {
            "condition": "",
            "condition_version": "",
            "delegated_managed_identity_resource_id": "",
            "description": "",
            "id": "/subscriptions/bedc16a0-d4ca-4f6c-900d-98ff912d9d19/providers/Microsoft.Authorization/roleAssignments/6d2c317c-b3e3-091c-c850-99ac9f648a11",
            "name": "6d2c317c-b3e3-091c-c850-99ac9f648a11",
            "principal_id": "b06e8fa5-6041-46e2-9ba9-804aa5f78471",
            "principal_type": "ServicePrincipal",
            "role_definition_id": "/subscriptions/bedc16a0-d4ca-4f6c-900d-98ff912d9d19/providers/Microsoft.Authorization/roleDefinitions/ba92f5b4-2d11-453d-a403-e96b0029c9fe",
            "role_definition_name": "Storage Blob Data Contributor",
            "scope": "/subscriptions/bedc16a0-d4ca-4f6c-900d-98ff912d9d19",
            "skip_service_principal_aad_check": null,
            "timeouts": null
          },
          "sensitive_attributes": [],
          "private": "eyJlMmJmYjczMC1lY2FhLTExZTYtOGY4OC0zNDM2M2JjN2M0YzAiOnsiY3JlYXRlIjoxODAwMDAwMDAwMDAwLCJkZWxldGUiOjE4MDAwMDAwMDAwMDAsInJlYWQiOjMwMDAwMDAwMDAwMH19",
          "dependencies": [
            "azurerm_resource_group.wiz_exercise",
            "module.mongodb.azurerm_linux_virtual_machine.mongodb_vm",
            "module.mongodb.azurerm_network_interface.mongodb_nic",
            "module.mongodb.azurerm_public_ip.mongodb_pip",
            "module.mongodb.data.azurerm_client_config.current",
            "module.network.azurerm_subnet.database_subnet",
            "module.network.azurerm_virtual_network.wiz_vnet",
            "module.storage.azurerm_storage_account.backup_storage",
            "module.storage.random_string.suffix"
          ]
        }
      ]
    },
    {
      "module": "module.mongodb",
      "mode": "managed",
      "type": "null_resource",
      "name": "backup_test",
      "provider": "provider[\"registry.terraform.io/hashicorp/null\"]",
      "instances": [
        {
          "schema_version": 0,
          "attributes": {
            "id": "613163699743909682",
            "triggers": null
          },
          "sensitive_attributes": [],
          "dependencies": [
            "azurerm_resource_group.wiz_exercise",
            "module.mongodb.azurerm_linux_virtual_machine.mongodb_vm",
            "module.mongodb.azurerm_network_interface.mongodb_nic",
            "module.mongodb.azurerm_public_ip.mongodb_pip",
            "module.mongodb.azurerm_role_assignment.vm_owner",
            "module.mongodb.azurerm_role_assignment.vm_storage_contributor",
            "module.mongodb.data.azurerm_client_config.current",
            "module.network.azurerm_subnet.database_subnet",
            "module.network.azurerm_virtual_network.wiz_vnet",
            "module.storage.azurerm_storage_account.backup_storage",
            "module.storage.random_string.suffix"
          ]
        }
      ]
    },
    {
      "module": "module.network",
      "mode": "managed",
      "type": "azurerm_subnet",
      "name": "database_subnet",
      "provider": "provider[\"registry.terraform.io/hashicorp/azurerm\"]",
      "instances": [
        {
          "schema_version": 0,
          "attributes": {
            "address_prefixes": [
              "10.0.1.0/24"
            ],
            "default_outbound_access_enabled": true,
            "delegation": [],
            "enforce_private_link_endpoint_network_policies": false,
            "enforce_private_link_service_network_policies": false,
            "id": "/subscriptions/bedc16a0-d4ca-4f6c-900d-98ff912d9d19/resourceGroups/wiz-exercise-rg/providers/Microsoft.Network/virtualNetworks/wiz-vnet/subnets/database-subnet",
            "name": "database-subnet",
            "private_endpoint_network_policies": "Enabled",
            "private_endpoint_network_policies_enabled": true,
            "private_link_service_network_policies_enabled": true,
            "resource_group_name": "wiz-exercise-rg",
            "service_endpoint_policy_ids": null,
            "service_endpoints": null,
            "timeouts": null,
            "virtual_network_name": "wiz-vnet"
          },
          "sensitive_attributes": [],
          "private": "eyJlMmJmYjczMC1lY2FhLTExZTYtOGY4OC0zNDM2M2JjN2M0YzAiOnsiY3JlYXRlIjoxODAwMDAwMDAwMDAwLCJkZWxldGUiOjE4MDAwMDAwMDAwMDAsInJlYWQiOjMwMDAwMDAwMDAwMCwidXBkYXRlIjoxODAwMDAwMDAwMDAwfX0=",
          "dependencies": [
            "azurerm_resource_group.wiz_exercise",
            "module.network.azurerm_virtual_network.wiz_vnet"
          ]
        }
      ]
    },
    {
      "module": "module.network",
      "mode": "managed",
      "type": "azurerm_subnet",
      "name": "kubernetes_subnet",
      "provider": "provider[\"registry.terraform.io/hashicorp/azurerm\"]",
      "instances": [
        {
          "schema_version": 0,
          "attributes": {
            "address_prefixes": [
              "10.0.2.0/24"
            ],
            "default_outbound_access_enabled": true,
            "delegation": [],
            "enforce_private_link_endpoint_network_policies": false,
            "enforce_private_link_service_network_policies": false,
            "id": "/subscriptions/bedc16a0-d4ca-4f6c-900d-98ff912d9d19/resourceGroups/wiz-exercise-rg/providers/Microsoft.Network/virtualNetworks/wiz-vnet/subnets/kubernetes-subnet",
            "name": "kubernetes-subnet",
            "private_endpoint_network_policies": "Enabled",
            "private_endpoint_network_policies_enabled": true,
            "private_link_service_network_policies_enabled": true,
            "resource_group_name": "wiz-exercise-rg",
            "service_endpoint_policy_ids": null,
            "service_endpoints": null,
            "timeouts": null,
            "virtual_network_name": "wiz-vnet"
          },
          "sensitive_attributes": [],
          "private": "eyJlMmJmYjczMC1lY2FhLTExZTYtOGY4OC0zNDM2M2JjN2M0YzAiOnsiY3JlYXRlIjoxODAwMDAwMDAwMDAwLCJkZWxldGUiOjE4MDAwMDAwMDAwMDAsInJlYWQiOjMwMDAwMDAwMDAwMCwidXBkYXRlIjoxODAwMDAwMDAwMDAwfX0=",
          "dependencies": [
            "azurerm_resource_group.wiz_exercise",
            "module.network.azurerm_virtual_network.wiz_vnet"
          ]
        }
      ]
    },
    {
      "module": "module.network",
      "mode": "managed",
      "type": "azurerm_virtual_network",
      "name": "wiz_vnet",
      "provider": "provider[\"registry.terraform.io/hashicorp/azurerm\"]",
      "instances": [
        {
          "schema_version": 0,
          "attributes": {
            "address_space": [
              "10.0.0.0/16"
            ],
            "bgp_community": "",
            "ddos_protection_plan": [],
            "dns_servers": [],
            "edge_zone": "",
            "encryption": [],
            "flow_timeout_in_minutes": 0,
            "guid": "d42e1cee-0ee6-44bd-99d2-bf35c5a80ec5",
            "id": "/subscriptions/bedc16a0-d4ca-4f6c-900d-98ff912d9d19/resourceGroups/wiz-exercise-rg/providers/Microsoft.Network/virtualNetworks/wiz-vnet",
            "location": "eastus2",
            "name": "wiz-vnet",
            "resource_group_name": "wiz-exercise-rg",
            "subnet": [],
            "tags": null,
            "timeouts": null
          },
          "sensitive_attributes": [],
          "private": "eyJlMmJmYjczMC1lY2FhLTExZTYtOGY4OC0zNDM2M2JjN2M0YzAiOnsiY3JlYXRlIjoxODAwMDAwMDAwMDAwLCJkZWxldGUiOjE4MDAwMDAwMDAwMDAsInJlYWQiOjMwMDAwMDAwMDAwMCwidXBkYXRlIjoxODAwMDAwMDAwMDAwfX0=",
          "dependencies": [
            "azurerm_resource_group.wiz_exercise"
          ]
        }
      ]
    },
    {
      "module": "module.storage",
      "mode": "managed",
      "type": "azurerm_storage_account",
      "name": "backup_storage",
      "provider": "provider[\"registry.terraform.io/hashicorp/azurerm\"]",
      "instances": [
        {
          "schema_version": 4,
          "attributes": {
            "access_tier": "Hot",
            "account_kind": "StorageV2",
            "account_replication_type": "LRS",
            "account_tier": "Standard",
            "allow_nested_items_to_be_public": true,
            "allowed_copy_scope": "",
            "azure_files_authentication": [],
            "blob_properties": [
              {
                "change_feed_enabled": false,
                "change_feed_retention_in_days": 0,
                "container_delete_retention_policy": [
                  {
                    "days": 1
                  }
                ],
                "cors_rule": [],
                "default_service_version": "",
                "delete_retention_policy": [
                  {
                    "days": 1,
                    "permanent_delete_enabled": false
                  }
                ],
                "last_access_time_enabled": false,
                "restore_policy": [],
                "versioning_enabled": false
              }
            ],
            "cross_tenant_replication_enabled": true,
            "custom_domain": [],
            "customer_managed_key": [],
            "default_to_oauth_authentication": false,
            "dns_endpoint_type": "Standard",
            "edge_zone": "",
            "enable_https_traffic_only": true,
            "https_traffic_only_enabled": true,
            "id": "/subscriptions/bedc16a0-d4ca-4f6c-900d-98ff912d9d19/resourceGroups/wiz-exercise-rg/providers/Microsoft.Storage/storageAccounts/backupsq68g6i4i",
            "identity": [],
            "immutability_policy": [],
            "infrastructure_encryption_enabled": false,
            "is_hns_enabled": false,
            "large_file_share_enabled": false,
            "local_user_enabled": true,
            "location": "eastus2",
            "min_tls_version": "TLS1_0",
            "name": "backupsq68g6i4i",
            "network_rules": [],
            "nfsv3_enabled": false,
            "primary_access_key": "UNTyuRradsI5MnFOeO/5Q+XQkurqC2xUdLI2WA7gzzlSZWlghJ/nm64NT1NkZ9R6Zdf8/FMHwQZ/+AStUnBU9w==",
            "primary_blob_connection_string": "DefaultEndpointsProtocol=https;BlobEndpoint=https://backupsq68g6i4i.blob.core.windows.net/;AccountName=backupsq68g6i4i;AccountKey=UNTyuRradsI5MnFOeO/5Q+XQkurqC2xUdLI2WA7gzzlSZWlghJ/nm64NT1NkZ9R6Zdf8/FMHwQZ/+AStUnBU9w==",
            "primary_blob_endpoint": "https://backupsq68g6i4i.blob.core.windows.net/",
            "primary_blob_host": "backupsq68g6i4i.blob.core.windows.net",
            "primary_blob_internet_endpoint": "",
            "primary_blob_internet_host": "",
            "primary_blob_microsoft_endpoint": "",
            "primary_blob_microsoft_host": "",
            "primary_connection_string": "DefaultEndpointsProtocol=https;AccountName=backupsq68g6i4i;AccountKey=UNTyuRradsI5MnFOeO/5Q+XQkurqC2xUdLI2WA7gzzlSZWlghJ/nm64NT1NkZ9R6Zdf8/FMHwQZ/+AStUnBU9w==;EndpointSuffix=core.windows.net",
            "primary_dfs_endpoint": "https://backupsq68g6i4i.dfs.core.windows.net/",
            "primary_dfs_host": "backupsq68g6i4i.dfs.core.windows.net",
            "primary_dfs_internet_endpoint": "",
            "primary_dfs_internet_host": "",
            "primary_dfs_microsoft_endpoint": "",
            "primary_dfs_microsoft_host": "",
            "primary_file_endpoint": "https://backupsq68g6i4i.file.core.windows.net/",
            "primary_file_host": "backupsq68g6i4i.file.core.windows.net",
            "primary_file_internet_endpoint": "",
            "primary_file_internet_host": "",
            "primary_file_microsoft_endpoint": "",
            "primary_file_microsoft_host": "",
            "primary_location": "eastus2",
            "primary_queue_endpoint": "https://backupsq68g6i4i.queue.core.windows.net/",
            "primary_queue_host": "backupsq68g6i4i.queue.core.windows.net",
            "primary_queue_microsoft_endpoint": "",
            "primary_queue_microsoft_host": "",
            "primary_table_endpoint": "https://backupsq68g6i4i.table.core.windows.net/",
            "primary_table_host": "backupsq68g6i4i.table.core.windows.net",
            "primary_table_microsoft_endpoint": "",
            "primary_table_microsoft_host": "",
            "primary_web_endpoint": "https://backupsq68g6i4i.z20.web.core.windows.net/",
            "primary_web_host": "backupsq68g6i4i.z20.web.core.windows.net",
            "primary_web_internet_endpoint": "",
            "primary_web_internet_host": "",
            "primary_web_microsoft_endpoint": "",
            "primary_web_microsoft_host": "",
            "public_network_access_enabled": true,
            "queue_encryption_key_type": "Service",
            "queue_properties": [
              {
                "cors_rule": [],
                "hour_metrics": [
                  {
                    "enabled": false,
                    "include_apis": false,
                    "retention_policy_days": 0,
                    "version": "1.0"
                  }
                ],
                "logging": [
                  {
                    "delete": false,
                    "read": false,
                    "retention_policy_days": 0,
                    "version": "1.0",
                    "write": false
                  }
                ],
                "minute_metrics": [
                  {
                    "enabled": false,
                    "include_apis": false,
                    "retention_policy_days": 0,
                    "version": "1.0"
                  }
                ]
              }
            ],
            "resource_group_name": "wiz-exercise-rg",
            "routing": [],
            "sas_policy": [],
            "secondary_access_key": "puyfqNdyYksJIGpRGjRdJnvw7XZji/Q1BG9tP6tu/aGBwPcYmyK1y/uo3MbFCMA5Y0t7r0EPAK0h+AStZZLufQ==",
            "secondary_blob_connection_string": "",
            "secondary_blob_endpoint": "",
            "secondary_blob_host": "",
            "secondary_blob_internet_endpoint": "",
            "secondary_blob_internet_host": "",
            "secondary_blob_microsoft_endpoint": "",
            "secondary_blob_microsoft_host": "",
            "secondary_connection_string": "DefaultEndpointsProtocol=https;AccountName=backupsq68g6i4i;AccountKey=puyfqNdyYksJIGpRGjRdJnvw7XZji/Q1BG9tP6tu/aGBwPcYmyK1y/uo3MbFCMA5Y0t7r0EPAK0h+AStZZLufQ==;EndpointSuffix=core.windows.net",
            "secondary_dfs_endpoint": "",
            "secondary_dfs_host": "",
            "secondary_dfs_internet_endpoint": "",
            "secondary_dfs_internet_host": "",
            "secondary_dfs_microsoft_endpoint": "",
            "secondary_dfs_microsoft_host": "",
            "secondary_file_endpoint": "",
            "secondary_file_host": "",
            "secondary_file_internet_endpoint": "",
            "secondary_file_internet_host": "",
            "secondary_file_microsoft_endpoint": "",
            "secondary_file_microsoft_host": "",
            "secondary_location": "",
            "secondary_queue_endpoint": "",
            "secondary_queue_host": "",
            "secondary_queue_microsoft_endpoint": "",
            "secondary_queue_microsoft_host": "",
            "secondary_table_endpoint": "",
            "secondary_table_host": "",
            "secondary_table_microsoft_endpoint": "",
            "secondary_table_microsoft_host": "",
            "secondary_web_endpoint": "",
            "secondary_web_host": "",
            "secondary_web_internet_endpoint": "",
            "secondary_web_internet_host": "",
            "secondary_web_microsoft_endpoint": "",
            "secondary_web_microsoft_host": "",
            "sftp_enabled": false,
            "share_properties": [
              {
                "cors_rule": [],
                "retention_policy": [
                  {
                    "days": 7
                  }
                ],
                "smb": []
              }
            ],
            "shared_access_key_enabled": true,
            "static_website": [],
            "table_encryption_key_type": "Service",
            "tags": {
              "Environment": "SecurityTesting",
              "Purpose": "PublicBackupStorage",
              "Risk": "CRITICAL",
              "Warning": "PubliclyAccessible"
            },
            "timeouts": null
          },
          "sensitive_attributes": [
            [
              {
                "type": "get_attr",
                "value": "primary_blob_connection_string"
              }
            ],
            [
              {
                "type": "get_attr",
                "value": "secondary_connection_string"
              }
            ],
            [
              {
                "type": "get_attr",
                "value": "secondary_access_key"
              }
            ],
            [
              {
                "type": "get_attr",
                "value": "primary_access_key"
              }
            ],
            [
              {
                "type": "get_attr",
                "value": "primary_connection_string"
              }
            ],
            [
              {
                "type": "get_attr",
                "value": "secondary_blob_connection_string"
              }
            ]
          ],
          "private": "eyJlMmJmYjczMC1lY2FhLTExZTYtOGY4OC0zNDM2M2JjN2M0YzAiOnsiY3JlYXRlIjozNjAwMDAwMDAwMDAwLCJkZWxldGUiOjM2MDAwMDAwMDAwMDAsInJlYWQiOjMwMDAwMDAwMDAwMCwidXBkYXRlIjozNjAwMDAwMDAwMDAwfSwic2NoZW1hX3ZlcnNpb24iOiI0In0=",
          "dependencies": [
            "azurerm_resource_group.wiz_exercise",
            "module.storage.random_string.suffix"
          ]
        }
      ]
    },
    {
      "module": "module.storage",
      "mode": "managed",
      "type": "azurerm_storage_account",
      "name": "wiz_storage",
      "provider": "provider[\"registry.terraform.io/hashicorp/azurerm\"]",
      "instances": [
        {
          "schema_version": 4,
          "attributes": {
            "access_tier": "Hot",
            "account_kind": "StorageV2",
            "account_replication_type": "LRS",
            "account_tier": "Standard",
            "allow_nested_items_to_be_public": true,
            "allowed_copy_scope": "",
            "azure_files_authentication": [],
            "blob_properties": [
              {
                "change_feed_enabled": false,
                "change_feed_retention_in_days": 0,
                "container_delete_retention_policy": [],
                "cors_rule": [],
                "default_service_version": "",
                "delete_retention_policy": [
                  {
                    "days": 1,
                    "permanent_delete_enabled": false
                  }
                ],
                "last_access_time_enabled": false,
                "restore_policy": [],
                "versioning_enabled": false
              }
            ],
            "cross_tenant_replication_enabled": true,
            "custom_domain": [],
            "customer_managed_key": [],
            "default_to_oauth_authentication": false,
            "dns_endpoint_type": "Standard",
            "edge_zone": "",
            "enable_https_traffic_only": true,
            "https_traffic_only_enabled": true,
            "id": "/subscriptions/bedc16a0-d4ca-4f6c-900d-98ff912d9d19/resourceGroups/wiz-exercise-rg/providers/Microsoft.Storage/storageAccounts/wizexq68g6i4i",
            "identity": [],
            "immutability_policy": [],
            "infrastructure_encryption_enabled": false,
            "is_hns_enabled": false,
            "large_file_share_enabled": false,
            "local_user_enabled": true,
            "location": "eastus2",
            "min_tls_version": "TLS1_2",
            "name": "wizexq68g6i4i",
            "network_rules": [],
            "nfsv3_enabled": false,
            "primary_access_key": "Om9zFj7ni532MBye0jy/stZO942m+ouGspwXoWeXPp2IYrCOJUpMYPJE7fsSQgwCFBxDqqZdjG7Q+ASt3s4tiA==",
            "primary_blob_connection_string": "DefaultEndpointsProtocol=https;BlobEndpoint=https://wizexq68g6i4i.blob.core.windows.net/;AccountName=wizexq68g6i4i;AccountKey=Om9zFj7ni532MBye0jy/stZO942m+ouGspwXoWeXPp2IYrCOJUpMYPJE7fsSQgwCFBxDqqZdjG7Q+ASt3s4tiA==",
            "primary_blob_endpoint": "https://wizexq68g6i4i.blob.core.windows.net/",
            "primary_blob_host": "wizexq68g6i4i.blob.core.windows.net",
            "primary_blob_internet_endpoint": "",
            "primary_blob_internet_host": "",
            "primary_blob_microsoft_endpoint": "",
            "primary_blob_microsoft_host": "",
            "primary_connection_string": "DefaultEndpointsProtocol=https;AccountName=wizexq68g6i4i;AccountKey=Om9zFj7ni532MBye0jy/stZO942m+ouGspwXoWeXPp2IYrCOJUpMYPJE7fsSQgwCFBxDqqZdjG7Q+ASt3s4tiA==;EndpointSuffix=core.windows.net",
            "primary_dfs_endpoint": "https://wizexq68g6i4i.dfs.core.windows.net/",
            "primary_dfs_host": "wizexq68g6i4i.dfs.core.windows.net",
            "primary_dfs_internet_endpoint": "",
            "primary_dfs_internet_host": "",
            "primary_dfs_microsoft_endpoint": "",
            "primary_dfs_microsoft_host": "",
            "primary_file_endpoint": "https://wizexq68g6i4i.file.core.windows.net/",
            "primary_file_host": "wizexq68g6i4i.file.core.windows.net",
            "primary_file_internet_endpoint": "",
            "primary_file_internet_host": "",
            "primary_file_microsoft_endpoint": "",
            "primary_file_microsoft_host": "",
            "primary_location": "eastus2",
            "primary_queue_endpoint": "https://wizexq68g6i4i.queue.core.windows.net/",
            "primary_queue_host": "wizexq68g6i4i.queue.core.windows.net",
            "primary_queue_microsoft_endpoint": "",
            "primary_queue_microsoft_host": "",
            "primary_table_endpoint": "https://wizexq68g6i4i.table.core.windows.net/",
            "primary_table_host": "wizexq68g6i4i.table.core.windows.net",
            "primary_table_microsoft_endpoint": "",
            "primary_table_microsoft_host": "",
            "primary_web_endpoint": "https://wizexq68g6i4i.z20.web.core.windows.net/",
            "primary_web_host": "wizexq68g6i4i.z20.web.core.windows.net",
            "primary_web_internet_endpoint": "",
            "primary_web_internet_host": "",
            "primary_web_microsoft_endpoint": "",
            "primary_web_microsoft_host": "",
            "public_network_access_enabled": true,
            "queue_encryption_key_type": "Service",
            "queue_properties": [
              {
                "cors_rule": [],
                "hour_metrics": [
                  {
                    "enabled": false,
                    "include_apis": false,
                    "retention_policy_days": 0,
                    "version": "1.0"
                  }
                ],
                "logging": [
                  {
                    "delete": false,
                    "read": false,
                    "retention_policy_days": 0,
                    "version": "1.0",
                    "write": false
                  }
                ],
                "minute_metrics": [
                  {
                    "enabled": false,
                    "include_apis": false,
                    "retention_policy_days": 0,
                    "version": "1.0"
                  }
                ]
              }
            ],
            "resource_group_name": "wiz-exercise-rg",
            "routing": [],
            "sas_policy": [],
            "secondary_access_key": "T7/NUrSxq9mkJGh3zd3J0DmO1oJJPjKmcmR2z78teA1vvhN+L0EgH6ql6B+raqbqzMUv5gK/Oplz+ASt4hK2nw==",
            "secondary_blob_connection_string": "",
            "secondary_blob_endpoint": "",
            "secondary_blob_host": "",
            "secondary_blob_internet_endpoint": "",
            "secondary_blob_internet_host": "",
            "secondary_blob_microsoft_endpoint": "",
            "secondary_blob_microsoft_host": "",
            "secondary_connection_string": "DefaultEndpointsProtocol=https;AccountName=wizexq68g6i4i;AccountKey=T7/NUrSxq9mkJGh3zd3J0DmO1oJJPjKmcmR2z78teA1vvhN+L0EgH6ql6B+raqbqzMUv5gK/Oplz+ASt4hK2nw==;EndpointSuffix=core.windows.net",
            "secondary_dfs_endpoint": "",
            "secondary_dfs_host": "",
            "secondary_dfs_internet_endpoint": "",
            "secondary_dfs_internet_host": "",
            "secondary_dfs_microsoft_endpoint": "",
            "secondary_dfs_microsoft_host": "",
            "secondary_file_endpoint": "",
            "secondary_file_host": "",
            "secondary_file_internet_endpoint": "",
            "secondary_file_internet_host": "",
            "secondary_file_microsoft_endpoint": "",
            "secondary_file_microsoft_host": "",
            "secondary_location": "",
            "secondary_queue_endpoint": "",
            "secondary_queue_host": "",
            "secondary_queue_microsoft_endpoint": "",
            "secondary_queue_microsoft_host": "",
            "secondary_table_endpoint": "",
            "secondary_table_host": "",
            "secondary_table_microsoft_endpoint": "",
            "secondary_table_microsoft_host": "",
            "secondary_web_endpoint": "",
            "secondary_web_host": "",
            "secondary_web_internet_endpoint": "",
            "secondary_web_internet_host": "",
            "secondary_web_microsoft_endpoint": "",
            "secondary_web_microsoft_host": "",
            "sftp_enabled": false,
            "share_properties": [
              {
                "cors_rule": [],
                "retention_policy": [
                  {
                    "days": 7
                  }
                ],
                "smb": []
              }
            ],
            "shared_access_key_enabled": true,
            "static_website": [],
            "table_encryption_key_type": "Service",
            "tags": {
              "Environment": "SecurityTesting",
              "Purpose": "VulnerableStorage",
              "Risk": "HIGH"
            },
            "timeouts": null
          },
          "sensitive_attributes": [
            [
              {
                "type": "get_attr",
                "value": "secondary_connection_string"
              }
            ],
            [
              {
                "type": "get_attr",
                "value": "secondary_blob_connection_string"
              }
            ],
            [
              {
                "type": "get_attr",
                "value": "primary_access_key"
              }
            ],
            [
              {
                "type": "get_attr",
                "value": "primary_connection_string"
              }
            ],
            [
              {
                "type": "get_attr",
                "value": "secondary_access_key"
              }
            ],
            [
              {
                "type": "get_attr",
                "value": "primary_blob_connection_string"
              }
            ]
          ],
          "private": "eyJlMmJmYjczMC1lY2FhLTExZTYtOGY4OC0zNDM2M2JjN2M0YzAiOnsiY3JlYXRlIjozNjAwMDAwMDAwMDAwLCJkZWxldGUiOjM2MDAwMDAwMDAwMDAsInJlYWQiOjMwMDAwMDAwMDAwMCwidXBkYXRlIjozNjAwMDAwMDAwMDAwfSwic2NoZW1hX3ZlcnNpb24iOiI0In0=",
          "dependencies": [
            "azurerm_resource_group.wiz_exercise",
            "module.storage.random_string.suffix"
          ]
        }
      ]
    },
    {
      "module": "module.storage",
      "mode": "managed",
      "type": "azurerm_storage_account_network_rules",
      "name": "backup_public_access",
      "provider": "provider[\"registry.terraform.io/hashicorp/azurerm\"]",
      "instances": [
        {
          "schema_version": 0,
          "attributes": {
            "bypass": [
              "AzureServices",
              "Logging",
              "Metrics"
            ],
            "default_action": "Allow",
            "id": "/subscriptions/bedc16a0-d4ca-4f6c-900d-98ff912d9d19/resourceGroups/wiz-exercise-rg/providers/Microsoft.Storage/storageAccounts/backupsq68g6i4i",
            "ip_rules": null,
            "private_link_access": [],
            "storage_account_id": "/subscriptions/bedc16a0-d4ca-4f6c-900d-98ff912d9d19/resourceGroups/wiz-exercise-rg/providers/Microsoft.Storage/storageAccounts/backupsq68g6i4i",
            "timeouts": null,
            "virtual_network_subnet_ids": null
          },
          "sensitive_attributes": [],
          "private": "eyJlMmJmYjczMC1lY2FhLTExZTYtOGY4OC0zNDM2M2JjN2M0YzAiOnsiY3JlYXRlIjozNjAwMDAwMDAwMDAwLCJkZWxldGUiOjM2MDAwMDAwMDAwMDAsInJlYWQiOjMwMDAwMDAwMDAwMCwidXBkYXRlIjozNjAwMDAwMDAwMDAwfX0=",
          "dependencies": [
            "azurerm_resource_group.wiz_exercise",
            "module.storage.azurerm_storage_account.backup_storage",
            "module.storage.random_string.suffix"
          ]
        }
      ]
    },
    {
      "module": "module.storage",
      "mode": "managed",
      "type": "azurerm_storage_container",
      "name": "mongodb_backups",
      "provider": "provider[\"registry.terraform.io/hashicorp/azurerm\"]",
      "instances": [
        {
          "schema_version": 1,
          "attributes": {
            "container_access_type": "blob",
            "default_encryption_scope": "$account-encryption-key",
            "encryption_scope_override_enabled": true,
            "has_immutability_policy": false,
            "has_legal_hold": false,
            "id": "https://wizexq68g6i4i.blob.core.windows.net/mongodb-backups",
            "metadata": {},
            "name": "mongodb-backups",
            "resource_manager_id": "/subscriptions/bedc16a0-d4ca-4f6c-900d-98ff912d9d19/resourceGroups/wiz-exercise-rg/providers/Microsoft.Storage/storageAccounts/wizexq68g6i4i/blobServices/default/containers/mongodb-backups",
            "storage_account_name": "wizexq68g6i4i",
            "timeouts": null
          },
          "sensitive_attributes": [],
          "private": "eyJlMmJmYjczMC1lY2FhLTExZTYtOGY4OC0zNDM2M2JjN2M0YzAiOnsiY3JlYXRlIjoxODAwMDAwMDAwMDAwLCJkZWxldGUiOjE4MDAwMDAwMDAwMDAsInJlYWQiOjMwMDAwMDAwMDAwMCwidXBkYXRlIjoxODAwMDAwMDAwMDAwfSwic2NoZW1hX3ZlcnNpb24iOiIxIn0=",
          "dependencies": [
            "azurerm_resource_group.wiz_exercise",
            "module.storage.azurerm_storage_account.wiz_storage",
            "module.storage.random_string.suffix"
          ]
        }
      ]
    },
    {
      "module": "module.storage",
      "mode": "managed",
      "type": "azurerm_storage_container",
      "name": "public_backups",
      "provider": "provider[\"registry.terraform.io/hashicorp/azurerm\"]",
      "instances": [
        {
          "schema_version": 1,
          "attributes": {
            "container_access_type": "blob",
            "default_encryption_scope": "$account-encryption-key",
            "encryption_scope_override_enabled": true,
            "has_immutability_policy": false,
            "has_legal_hold": false,
            "id": "https://backupsq68g6i4i.blob.core.windows.net/mongodb-backups",
            "metadata": {},
            "name": "mongodb-backups",
            "resource_manager_id": "/subscriptions/bedc16a0-d4ca-4f6c-900d-98ff912d9d19/resourceGroups/wiz-exercise-rg/providers/Microsoft.Storage/storageAccounts/backupsq68g6i4i/blobServices/default/containers/mongodb-backups",
            "storage_account_name": "backupsq68g6i4i",
            "timeouts": null
          },
          "sensitive_attributes": [],
          "private": "eyJlMmJmYjczMC1lY2FhLTExZTYtOGY4OC0zNDM2M2JjN2M0YzAiOnsiY3JlYXRlIjoxODAwMDAwMDAwMDAwLCJkZWxldGUiOjE4MDAwMDAwMDAwMDAsInJlYWQiOjMwMDAwMDAwMDAwMCwidXBkYXRlIjoxODAwMDAwMDAwMDAwfSwic2NoZW1hX3ZlcnNpb24iOiIxIn0=",
          "dependencies": [
            "azurerm_resource_group.wiz_exercise",
            "module.storage.azurerm_storage_account.backup_storage",
            "module.storage.random_string.suffix"
          ]
        }
      ]
    },
    {
      "module": "module.storage",
      "mode": "managed",
      "type": "random_string",
      "name": "suffix",
      "provider": "provider[\"registry.terraform.io/hashicorp/random\"]",
      "instances": [
        {
          "schema_version": 2,
          "attributes": {
            "id": "q68g6i4i",
            "keepers": null,
            "length": 8,
            "lower": true,
            "min_lower": 0,
            "min_numeric": 0,
            "min_special": 0,
            "min_upper": 0,
            "number": true,
            "numeric": true,
            "override_special": null,
            "result": "q68g6i4i",
            "special": false,
            "upper": false
          },
          "sensitive_attributes": []
        }
      ]
    }
  ],
  "check_results": null
}
