{
  "version": 4,
  "terraform_version": "1.11.4",
  "serial": 80,
  "lineage": "ec90d39f-2fdf-20a5-e0b9-f12233b92d2d",
  "outputs": {
    "acr_admin_username": {
      "value": "wizexerciseacrhyiathfo",
      "type": "string"
    },
    "acr_login_server": {
      "value": "wizexerciseacrhyiathfo.azurecr.io",
      "type": "string"
    },
    "aks_cluster_name": {
      "value": "wiz-aks-cluster",
      "type": "string"
    },
    "mongodb_admin_password": {
      "value": "Azure_123456",
      "type": "string",
      "sensitive": true
    },
    "mongodb_admin_username": {
      "value": "azureuser",
      "type": "string"
    },
    "mongodb_vm_public_ip": {
      "value": "172.200.232.188",
      "type": "string"
    },
    "storage_account_name": {
      "value": "wizexgm55ul29",
      "type": "string"
    }
  },
  "resources": [
    {
      "mode": "managed",
      "type": "azurerm_resource_group",
      "name": "wiz_exercise",
      "provider": "provider[\"registry.terraform.io/hashicorp/azurerm\"]",
      "instances": [
        {
          "schema_version": 0,
          "attributes": {
            "id": "/subscriptions/bedc16a0-d4ca-4f6c-900d-98ff912d9d19/resourceGroups/wiz-exercise-rg",
            "location": "eastus2",
            "managed_by": "",
            "name": "wiz-exercise-rg",
            "tags": {},
            "timeouts": null
          },
          "sensitive_attributes": [],
          "private": "eyJlMmJmYjczMC1lY2FhLTExZTYtOGY4OC0zNDM2M2JjN2M0YzAiOnsiY3JlYXRlIjo1NDAwMDAwMDAwMDAwLCJkZWxldGUiOjU0MDAwMDAwMDAwMDAsInJlYWQiOjMwMDAwMDAwMDAwMCwidXBkYXRlIjo1NDAwMDAwMDAwMDAwfX0="
        }
      ]
    },
    {
      "mode": "managed",
      "type": "azurerm_role_assignment",
      "name": "aks_acr_pull",
      "provider": "provider[\"registry.terraform.io/hashicorp/azurerm\"]",
      "instances": [
        {
          "schema_version": 0,
          "attributes": {
            "condition": "",
            "condition_version": "",
            "delegated_managed_identity_resource_id": "",
            "description": "",
            "id": "/subscriptions/bedc16a0-d4ca-4f6c-900d-98ff912d9d19/resourceGroups/wiz-exercise-rg/providers/Microsoft.ContainerRegistry/registries/wizexerciseacrhyiathfo/providers/Microsoft.Authorization/roleAssignments/cf52ec65-2d27-6f7c-bbf8-d15f8f304f88",
            "name": "cf52ec65-2d27-6f7c-bbf8-d15f8f304f88",
            "principal_id": "5c6896f4-5470-40e4-8eb0-1813021ef07c",
            "principal_type": "ServicePrincipal",
            "role_definition_id": "/subscriptions/bedc16a0-d4ca-4f6c-900d-98ff912d9d19/providers/Microsoft.Authorization/roleDefinitions/7f951dda-4ed3-4680-a7ca-43fe172d538d",
            "role_definition_name": "AcrPull",
            "scope": "/subscriptions/bedc16a0-d4ca-4f6c-900d-98ff912d9d19/resourceGroups/wiz-exercise-rg/providers/Microsoft.ContainerRegistry/registries/wizexerciseacrhyiathfo",
            "skip_service_principal_aad_check": true,
            "timeouts": null
          },
          "sensitive_attributes": [],
          "private": "eyJlMmJmYjczMC1lY2FhLTExZTYtOGY4OC0zNDM2M2JjN2M0YzAiOnsiY3JlYXRlIjoxODAwMDAwMDAwMDAwLCJkZWxldGUiOjE4MDAwMDAwMDAwMDAsInJlYWQiOjMwMDAwMDAwMDAwMH19",
          "dependencies": [
            "azurerm_resource_group.wiz_exercise",
            "module.acr.azurerm_container_registry.wiz_acr",
            "module.aks.azurerm_user_assigned_identity.aks_kubelet"
          ]
        }
      ]
    },
    {
      "module": "module.acr",
      "mode": "managed",
      "type": "azurerm_container_registry",
      "name": "wiz_acr",
      "provider": "provider[\"registry.terraform.io/hashicorp/azurerm\"]",
      "instances": [
        {
          "schema_version": 2,
          "attributes": {
            "admin_enabled": true,
            "admin_password": "o++YDEJ7Ef4EwFhtdwrDWixJrHcSoQYfDB/VL9uivk+ACRAPp7kw",
            "admin_username": "wizexerciseacrhyiathfo",
            "anonymous_pull_enabled": false,
            "data_endpoint_enabled": false,
            "encryption": [
              {
                "enabled": false,
                "identity_client_id": "",
                "key_vault_key_id": ""
              }
            ],
            "export_policy_enabled": true,
            "georeplications": [],
            "id": "/subscriptions/bedc16a0-d4ca-4f6c-900d-98ff912d9d19/resourceGroups/wiz-exercise-rg/providers/Microsoft.ContainerRegistry/registries/wizexerciseacrhyiathfo",
            "identity": [],
            "location": "eastus2",
            "login_server": "wizexerciseacrhyiathfo.azurecr.io",
            "name": "wizexerciseacrhyiathfo",
            "network_rule_bypass_option": "AzureServices",
            "network_rule_set": [],
            "public_network_access_enabled": true,
            "quarantine_policy_enabled": false,
            "resource_group_name": "wiz-exercise-rg",
            "retention_policy": [
              {
                "days": 7,
                "enabled": false
              }
            ],
            "sku": "Basic",
            "tags": {},
            "timeouts": null,
            "trust_policy": [
              {
                "enabled": false
              }
            ],
            "zone_redundancy_enabled": false
          },
          "sensitive_attributes": [
            [
              {
                "type": "get_attr",
                "value": "admin_password"
              }
            ]
          ],
          "private": "eyJlMmJmYjczMC1lY2FhLTExZTYtOGY4OC0zNDM2M2JjN2M0YzAiOnsiY3JlYXRlIjoxODAwMDAwMDAwMDAwLCJkZWxldGUiOjE4MDAwMDAwMDAwMDAsInJlYWQiOjMwMDAwMDAwMDAwMCwidXBkYXRlIjoxODAwMDAwMDAwMDAwfSwic2NoZW1hX3ZlcnNpb24iOiIyIn0=",
          "dependencies": [
            "azurerm_resource_group.wiz_exercise"
          ]
        }
      ]
    },
    {
      "module": "module.aks",
      "mode": "data",
      "type": "kubernetes_namespace",
      "name": "wiz_app",
      "provider": "module.aks.provider[\"registry.terraform.io/hashicorp/kubernetes\"]",
      "instances": [
        {
          "schema_version": 0,
          "attributes": {
            "id": "wiz-app",
            "metadata": [
              {
                "annotations": {
                  "kubectl.kubernetes.io/last-applied-configuration": "{\"apiVersion\":\"v1\",\"kind\":\"Namespace\",\"metadata\":{\"annotations\":{},\"creationTimestamp\":null,\"name\":\"wiz-app\"},\"spec\":{},\"status\":{}}\n"
                },
                "generation": 0,
                "labels": {
                  "kubernetes.io/metadata.name": "wiz-app"
                },
                "name": "wiz-app",
                "resource_version": "2956",
                "uid": "ea5b9c13-9fcf-4f5a-89f0-2edfc290eca0"
              }
            ],
            "spec": [
              {
                "finalizers": [
                  "kubernetes"
                ]
              }
            ]
          },
          "sensitive_attributes": []
        }
      ]
    },
    {
      "module": "module.aks",
      "mode": "managed",
      "type": "azurerm_kubernetes_cluster",
      "name": "wiz_aks",
      "provider": "provider[\"registry.terraform.io/hashicorp/azurerm\"]",
      "instances": [
        {
          "schema_version": 2,
          "attributes": {
            "aci_connector_linux": [],
            "api_server_access_profile": [],
            "api_server_authorized_ip_ranges": [],
            "auto_scaler_profile": [],
            "automatic_channel_upgrade": "",
            "azure_active_directory_role_based_access_control": [],
            "azure_policy_enabled": null,
            "confidential_computing": [],
            "cost_analysis_enabled": false,
            "current_kubernetes_version": "1.31.8",
            "custom_ca_trust_certificates_base64": [],
            "default_node_pool": [
              {
                "capacity_reservation_group_id": "",
                "custom_ca_trust_enabled": false,
                "enable_auto_scaling": false,
                "enable_host_encryption": false,
                "enable_node_public_ip": false,
                "fips_enabled": false,
                "gpu_instance": "",
                "host_group_id": "",
                "kubelet_config": [],
                "kubelet_disk_type": "OS",
                "linux_os_config": [],
                "max_count": 0,
                "max_pods": 30,
                "message_of_the_day": "",
                "min_count": 0,
                "name": "default",
                "node_count": 2,
                "node_labels": {},
                "node_network_profile": [],
                "node_public_ip_prefix_id": "",
                "node_taints": [],
                "only_critical_addons_enabled": false,
                "orchestrator_version": "1.31",
                "os_disk_size_gb": 128,
                "os_disk_type": "Managed",
                "os_sku": "Ubuntu",
                "pod_subnet_id": "",
                "proximity_placement_group_id": "",
                "scale_down_mode": "Delete",
                "snapshot_id": "",
                "tags": {},
                "temporary_name_for_rotation": "",
                "type": "VirtualMachineScaleSets",
                "ultra_ssd_enabled": false,
                "upgrade_settings": [
                  {
                    "drain_timeout_in_minutes": 0,
                    "max_surge": "10%",
                    "node_soak_duration_in_minutes": 0
                  }
                ],
                "vm_size": "Standard_D2s_v3",
                "vnet_subnet_id": "/subscriptions/bedc16a0-d4ca-4f6c-900d-98ff912d9d19/resourceGroups/wiz-exercise-rg/providers/Microsoft.Network/virtualNetworks/wiz-vnet/subnets/kubernetes-subnet",
                "workload_runtime": "",
                "zones": []
              }
            ],
            "disk_encryption_set_id": "",
            "dns_prefix": "wizaks",
            "dns_prefix_private_cluster": "",
            "edge_zone": "",
            "enable_pod_security_policy": false,
            "fqdn": "wizaks-xix4bt7s.hcp.eastus2.azmk8s.io",
            "http_application_routing_enabled": null,
            "http_application_routing_zone_name": null,
            "http_proxy_config": [],
            "id": "/subscriptions/bedc16a0-d4ca-4f6c-900d-98ff912d9d19/resourceGroups/wiz-exercise-rg/providers/Microsoft.ContainerService/managedClusters/wiz-aks-cluster",
            "identity": [
              {
                "identity_ids": [
                  "/subscriptions/bedc16a0-d4ca-4f6c-900d-98ff912d9d19/resourceGroups/wiz-exercise-rg/providers/Microsoft.ManagedIdentity/userAssignedIdentities/aks-control-plane-identity"
                ],
                "principal_id": "",
                "tenant_id": "",
                "type": "UserAssigned"
              }
            ],
            "image_cleaner_enabled": false,
            "image_cleaner_interval_hours": 48,
            "ingress_application_gateway": [],
            "key_management_service": [],
            "key_vault_secrets_provider": [],
            "kube_admin_config": [],
            "kube_admin_config_raw": "",
            "kube_config": [
              {
                "client_certificate": "LS0tLS1CRUdJTiBDRVJUSUZJQ0FURS0tLS0tCk1JSUZIVENDQXdXZ0F3SUJBZ0lRUm8yMEdTZjlRcjlkQlZJcWl1MVVrakFOQmdrcWhraUc5dzBCQVFzRkFEQU4KTVFzd0NRWURWUVFERXdKallUQWVGdzB5TlRBMk1UTXdPREEzTURGYUZ3MHlOekEyTVRNd09ERTNNREZhTURBeApGekFWQmdOVkJBb1REbk41YzNSbGJUcHRZWE4wWlhKek1SVXdFd1lEVlFRREV3eHRZWE4wWlhKamJHbGxiblF3CmdnSWlNQTBHQ1NxR1NJYjNEUUVCQVFVQUE0SUNEd0F3Z2dJS0FvSUNBUUM3Z1c4ME5obzhQWVhvRTBuemR3UzUKdTdVMS9jUmhWTGhaYXdYbjF0enFCR045M1I3THREQnBmZkR6S24zb0NIaWpYMVk4SG0yT1hxeTJ4RmNGSzBIcwp4VWU4bnFnbXZmRUVJU0dVdWswOTA0UjNwOFhiTjVHcU5HSWJDTkEybkZ3L2hVV0JBd0Q5Yk54b3g0UmduUnRHCms2Tk50ZUFuUEtDWFdsNEhyNG9uTWc5VVRvOEUxSnlxYnFPSlNMUHJpQzlhellwaENnWkJPdUh3S1lOS010aFgKSHRNRGtldWtESml4WkVDclk4dE5EMVZBTWdra3hXM21sVklmU293dlFTNXBIMUd6aHRDRktheHA4VlFLSVJtcApFN1lXRk40a3FrOVM0WitkM0RRMHBKSjRocWFWbGZRTzNvV2xXamJmbmJFKzNrTWtVdmdkTnZjOSt3OXcvK3NmCkFGcGE0YmFQK0VFTXFqangyaUlZL0MreExOejVBdHVNMDQ5YXJqVzRuRlp2VVVTSzJEM000cXNvRFBPWU5tdFcKQlk3MFBIZkhRQ2FIanlCeFA3bWFVeXJ1czNXK0oweGpJMWRYdnpSNnIyV1ZXWkRtK0RJcFZZcXdUTjFUa0dDVApYS2ltNFVwanNTclkwc2J3cTlhS2VhZHZMOGphNm9ISCt0QTdqN3MvT1hKcUVaMWFPY25ZRmZCRDNkbWUzUzNRCmN0Q2ppU0JJUWhoTzZlZTRnTzNNdm1aTmZsNW9HQlJ2ZjR5ZytsazNPSWtCcEJ6V0EzSnJjaXprQXJsbU84YmMKSWxoZnY2Zi9uMHptUlk4dFF4enZMRkhLNzhrc3dzSm9ya2ZUSmFKMDQvSUtyR0NwZVp4aS92ZG9VU3lPRlVJawp3R3hzb2huenU5VTA1YlBFVE1lUUx3SURBUUFCbzFZd1ZEQU9CZ05WSFE4QkFmOEVCQU1DQmFBd0V3WURWUjBsCkJBd3dDZ1lJS3dZQkJRVUhBd0l3REFZRFZSMFRBUUgvQkFJd0FEQWZCZ05WSFNNRUdEQVdnQlFyYzN4dmdlNjgKaFMzWXFmbE4reTV2a2VGQ1FqQU5CZ2txaGtpRzl3MEJBUXNGQUFPQ0FnRUF4MGFZRUNnaWhWSWtPQnJxb0pHUwozOFNxKzdEaVFuZ3hwR2VpMi9iSVliQ0w4VXk3N29WczBQY0hQcmJHdVlGN1ZqMzlub2tZN3Z5UDZwL1pXRDVlCjk2ZWtCdnkxZ05WcW1McGptaVJRSHRNcEE3WHVaTFI4OU9PV0xtME1BVkk1azZ2RkZ0UndYQkZlWCtyU1BLSFoKVk9IWFM5K29WNENrVVVLYmk5MDRIRmlhOEFCRHVycUR2NkF5eGlkTXJqQ3lDMnR3UTVjQ2xXWWh0Vi8wS0xqTQpwQ1d3eEhNb1BNdzYwdXZYZXZvSC9PZjJkNEtBRUt2VGV4VXl3WmswODhLN3c0NXYzUWp6eG1tT2IwSUxLU3dCClpTWjMrbElsb0taOGJpVkFRYUpaT2x5dU9TeUc0NW5zWVZGQ2ZoeWJ3M0lqSkhzNE1aSG00ejdma3VPRFlGZ2kKS2ZPUUhrUTRKbDh2VzRaR292bk8yQ2xiRzJWRmJ1RmdHWFBoemtqeTBadU5nTElEakJMUEZkUmZWWnFmT0RwWgpjOVJtbmdYQ0dobFpDOS8xNUJmNS9ndUFzUjdoMVJsMXozeVFRTFRPR0NJNUxtQm5jZUYwZ2pBamxZZUwyMG4xCjVRampacU5OTWVBc1grR1FmcWc3T2pUYmhTVFc5NGRKaGRwM2RVQW1XTnpodytvWnlYRXUwVEl0Y0F4MjRvamoKTWJHdkRvVitWZ1hneTFhSEVWM1BHMVBpcllXeHZBUTl1Zk05N250aGNzK2tKWWhTRzF6VWdDek1IYlhySXlvNAo1WW9ZdTd5OFBHSjBhYTQraXp5KzgwSE9XcTFNTDcxMXJiaUpWVmV4OUt1QVpvcVdkNXJ6V3JhMGpZeDVYMm9ECjlFZWlsREJvYXZaY3dLOVoydjZDb0NzPQotLS0tLUVORCBDRVJUSUZJQ0FURS0tLS0tCg==",
                "client_key": "LS0tLS1CRUdJTiBSU0EgUFJJVkFURSBLRVktLS0tLQpNSUlKS0FJQkFBS0NBZ0VBdTRGdk5EWWFQRDJGNkJOSjgzY0V1YnUxTmYzRVlWUzRXV3NGNTliYzZnUmpmZDBlCnk3UXdhWDN3OHlwOTZBaDRvMTlXUEI1dGpsNnN0c1JYQlN0QjdNVkh2SjZvSnIzeEJDRWhsTHBOUGRPRWQ2ZkYKMnplUnFqUmlHd2pRTnB4Y1A0VkZnUU1BL1d6Y2FNZUVZSjBiUnBPalRiWGdKenlnbDFwZUI2K0tKeklQVkU2UApCTlNjcW02amlVaXo2NGd2V3MyS1lRb0dRVHJoOENtRFNqTFlWeDdUQTVIcnBBeVlzV1JBcTJQTFRROVZRRElKCkpNVnQ1cFZTSDBxTUwwRXVhUjlSczRiUWhTbXNhZkZVQ2lFWnFSTzJGaFRlSktwUFV1R2ZuZHcwTktTU2VJYW0KbFpYMER0NkZwVm8yMzUyeFB0NURKRkw0SFRiM1Bmc1BjUC9ySHdCYVd1RzJqL2hCREtvNDhkb2lHUHd2c1N6YworUUxiak5PUFdxNDF1SnhXYjFGRWl0Zzl6T0tyS0F6em1EWnJWZ1dPOUR4M3gwQW1oNDhnY1QrNW1sTXE3ck4xCnZpZE1ZeU5YVjc4MGVxOWxsVm1RNXZneUtWV0tzRXpkVTVCZ2sxeW9wdUZLWTdFcTJOTEc4S3ZXaW5tbmJ5L0kKMnVxQngvclFPNCs3UHpseWFoR2RXam5KMkJYd1E5M1pudDB0MEhMUW80a2dTRUlZVHVubnVJRHR6TDVtVFg1ZQphQmdVYjMrTW9QcFpOemlKQWFRYzFnTnlhM0lzNUFLNVpqdkczQ0pZWDcrbi81OU01a1dQTFVNYzd5eFJ5dS9KCkxNTENhSzVIMHlXaWRPUHlDcXhncVhtY1l2NzNhRkVzamhWQ0pNQnNiS0laODd2Vk5PV3p4RXpIa0M4Q0F3RUEKQVFLQ0FnQlQ4azMwSlNpM3daK2EyRS9xZFdXak5kdWFVWVBEUTZmSk9MWUxKdEgrMzNvZmxvaThFRzhBTzhkTgpSci9aeXprZmc0WmJJaEJRaGloekp4SUNtV3hKY2NWOU45YjJpV0ZIUlFJQTBTdlZ1MFg2UUIyLzJIQVpzSndmCm1HR0hvWmRYUlBacUhRc3JhcnAvR3B3MG1RSG1KaUVkb0lpN2FGUkpqc2E4VUNYZENIZCtlakZqcTBCOHVVMzAKSDUyVm5JSCsrRGkwMjBVVG5TWWNYS21QNVpXZjQ0ZjdlQy8wWVVOWFlCZm40NlRZV2o0RG9LTWhXRmFzdmp0bgpFUHdVQisyY1dNNCtQdVJLU2U4TCsyUnhxSUlSaFdhbkdpNmVZYlZqMk9tYVJrVUZNSXoyOHVuUDNMUEltRzFqCkt6R1lDY1NaN2U1SGEvSHpPbkdVeVRzUGp6UVhCeVRtUEwwRFFDSlNHTzR2NXRicDZKZ1VpOC83bGtsdnZqMS8KWjVQVEJwclpJWlgvYUtFbG5jelhjU2ExdTZlTmxWN0J5U0Y1dUVUaldBcDFDZ3kvQ0M4a3U4clpuRWhwQ2lsbQoyVUxQNUFVUldyUzNTWm1WMmQybDNlSGJjREtrYllILzcvRk5YeWxjNUh4VUVOY1JubFQ1L0pHWlQ2Vjc4aGRLCklRRm1OR2UxZEZzRWVIOHdHRVBFK2JCYkNYWlJmKzFOT2I5VlhBS3lJQ0pFYWtVd2Vtb2RVV0xIN2UxTW9ycmsKUURzdXZoRTZVKzBXa2w2cDhXS2pPNkpoaHdOY2hDQ3hpU3ZXMTcvYWFkRS83ZG9aVlI4eVlZbnpnZnI3aE9BLwptWGdFenpaSWlPVit1Y0xuc0doWUZIZno4SUVRdWtVQjBqbFRNQmZDQUx6Q04xbDhjUUtDQVFFQXlLeUlmRGw3ClZ5ZldFd3ZTUVByS3NTVHBWSHdMVERoNkVzeDJNV2NMUWVlQk9mZHVreGFmNktNVFFkUWhldk0rdy9PK09rdVIKOWlzeWUzbi9EMVErZUM0N28wOHFhMVdjY3o4dGUwMGhRNTZ5MFZ4UFBuMDJBZ3ZKd3ZieGRwSnYwL1N0bHI1cQoxMzQ5L2JpRkVQcjUvcUgwWmwvTnhRMEF0ZEJVWTlJc0lRLy96UEtqYUdjeWYrNk4yazB5VENWWW5UZi9XL3NJCkxJMjFrWlU2Y2ZxWUEzdTRFVmJqaFZ3T1lBRllRcWYwQVdYbVo5VWRCNDFrS0VGMlkvaGdhS1hDc0NpaFZMQmcKTDczS2NCU05xaG56WFN6US9ROXhKZjVjOGx5TFV2c1g4NU9VS3ZJZWJ2MlJPNmRhNyt6RFBWcVZTN0h1RVlaZApjZmJ0MnRTWldCamtTUUtDQVFFQTd6TjhSRGZRSG84VHY5dkJjQnFqcStYNk55NEdBcHIxY0pnT1VJSXdTUlNWCnhkb3ZWQ24wOGZ1dVQwdm10S2NEQTlTVGtVdVJMSksvelM0ZWRhZ2pvZFk5aS9aRFp1NFZUY1REUjBRSzArYTgKa0JlYnVqa0VTdFlPaS84UU85VDl2cWVXMGtuQlgyd0ZubWFyTjZVRlBDS2NEeUtvdnVWS2JXVHZ2dURhazVMSAphbXB3U2hCTnpNUVRWMUt4ZGU0ZWRCSHRGUHNyTThYa2tzajBvRmpFWDRhTjBuS2ovRk5XelNIRjIrb3hnRi8rCm9qT3ZoK0tWTHRDVGRVTGtrZ0hGcFo1V0JrVFVnM1JrTVhGLzBnVkFJZlViVGx4NGxDOVM4S0QzTk5iazlhV1YKSVBXVlNFcTNHdmp3REUra1lTNzdLL3RZc2o2M0tTSHdZYXVJb0ZsZ3R3S0NBUUJERXEvMzNYcWxVZkpTb1dQZwpSak1UYklQMHNoVlFuNXZseHFOR3RldGtWczJ4bzBzNUxKbThOeTJMbGl5dW5Ma0E0K3BVTDhnVW9MR1o1ZGZqCnRzTytoYTEzVTFHWldKOFhRaW1naWRJeGVNekovM0daTUY2cDVtakVtcWR3ZTFlWFg3UFpxOEdvVDFESENqS24KejB0WjJhWUh4Y1BRTmgxanA4TmRMZldFQTRYN2FhcEdqaCtwOVFGQzB3U1p3TzNTZHRJS1cyaUxBNzZKYjNoKwpla1R1L1I0ejVYZmNyajA3eDVkSmlEdWRjQUxIOThwaEtOZ3VRRnNpNVBUTVpZTWlRQ0pVWFRONUlaV1ZTcmxpCi9wT0NOQ1dTUCtRUXora2ZOT0Y0bGVhV2ltQSt6bmh2bnA4NWNpR0tDZmZqL08vandoQVJtWGlJVEFHS1gvNzEKSERUSkFvSUJBUUMrWEw3OG0xNXBzM3dJS0IrZDA5V0ZyQlNoYldNakY2ZFUzKzRrYkRkNU1ZU3dYSjlsMzY0cwpGaHYyeDNUbk9ETFNEWThUQm95V2FJTjBDc3Y2M3NEY3Z0OWtUNnY4Y21WSjZ0bHVFZHg4SHhqWm83QXZWOGp1CnRjUUY3Z3RCVXBSTjhwbTQ2VEdYZXlSTmwyK1RiU1RwWXJISDZkRlplcWpzdm5OOStQeDZqVWxlaXk2cUFxZW4KMmpONlB6a3puVGxuTGd6N3NaZ0VMKzFrVThFN0N1bmRDL3c2Q3pvdVNUUy9NNjEvQXJZNmNDcjVjeUN5aDhRcAo2Wnd3cWZlMXF1dGNqdEh2VXorOURoZmVzWEVEOTJHK3BJNENvdHpqTVhaVVFnWDZhenJ6czc4bTU4clNLWVBuClYwM1N2bDhYYUloRHpGZ2VJb01wblBUdEJkSkpxbGVwQW9JQkFBdUJrS2REV3ZVREFEMEcwaVhVNURjVkxwOXAKeEVjNXRpYlNjalJGSHRoMnRUVU5HanY4ZEpPdFhNZE11bFQzVTN0QzI1Q2RLWjdmMVg0bnUxRnk3ZGNsSjRPegoydzhhVVlrYzBQa1M0QmYyNXlVb2swVklLaTJJQTZJZEtjbjY2RU4xNTBvbks1WnBxaUhTeDQ3ZHZVdFNxMHMwCjhsTy9VdStPWDFFQlNZYWFYNkZXam5GQkRNcTFJUVBrOE9COGd1bXlKWDZOTEcrNldRRTFEaGtvOE9iK2xNMFIKeml4T0JkcWx1WW1SOFA2NDJkZU5XV00xRDJQK3JJUWJ4ejZqZ0VKQXUwV1VkaVVlWThQRVBaVDd4K3ZWUThlagpqaFh3Vko0Q3NUOTBoMlVJMjBGdmo2OU5SUWQ4UnBWZTJNaDlvMjVqTlhpREJqWnRyeWVFVmxDS3VmYz0KLS0tLS1FTkQgUlNBIFBSSVZBVEUgS0VZLS0tLS0K",
                "cluster_ca_certificate": "LS0tLS1CRUdJTiBDRVJUSUZJQ0FURS0tLS0tCk1JSUU2RENDQXRDZ0F3SUJBZ0lRYytHVFVEb1ZSY1p0YlF6dEFKMU9pVEFOQmdrcWhraUc5dzBCQVFzRkFEQU4KTVFzd0NRWURWUVFERXdKallUQWdGdzB5TlRBMk1UTXdPREEzTURGYUdBOHlNRFUxTURZeE16QTRNVGN3TVZvdwpEVEVMTUFrR0ExVUVBeE1DWTJFd2dnSWlNQTBHQ1NxR1NJYjNEUUVCQVFVQUE0SUNEd0F3Z2dJS0FvSUNBUURlCmtjdm05SEt0MUhtZkV3VG42V0RCV2RLZXJXSVZvYlh6cHVQblkzVUFTVkhYWUpwWjZ5SHAwb1RZY2R5Ukt2VEMKTWM0aGpaSjJXWHlDZG5uRjIwZCsrTHRMdzNsTkZmbWJEL1VkZzU1bjlvUnlHVDU4dHhVMUtYZE1waURvN3gydQppZUpBVkR3cnZrRTVaYklYTEp1WEw5dXNkcHBMeWJqeDJLSW9rcU9FQS9CbjVGOGNoNWg5R0U1cXcrYy9DbHJpClFvZVBENnlyYXB2MDZjRHJmcVRSQ0FSenFUYUZ2TDY5ZnNmcC8wdHZOOUMyN0JSVUFGQkhBTVhNYWx2bEY3aHEKVmFDVEFiRENCdGpkbkVuc0Jza2dFYlBjZEJRQ0JrcGprbzQ4cEkzTkxPTldXWGdNVlJYY3orSUV1a1lPQ0wvbApPTmFPSkdtNFI0Sm9qZGpZeU93bDhHdkpHMUdxNjJxZEorUElUMnpOcmRZY1R1cDNLZjdFa29mWjF1RmxNK0JQClRRYVZpMDJ5dUlySG9temxYamRLZXBtNEdsZWhNbXp4N1JYK1F1Nk9PQVpkWEpQeWoveFhpVVNPaWJ1MGw4Zk0KVGxaU2RSWDI4MzlpTG91cGc5U1F3N0p0Y2hlYVJrVHhRZTRkbFF3L2VWQ2tsVWFEWHNMbndzSmhhb0EyQWZlMApBaUk4ME5zVUdTYW9VNFhzaC9Pd3ZYdHR2QktBcXdGS2xhcmpaOFNMWnRzMWkzNGRINnNHYlVYbFUwL3hIaGQxCjRzSnhmVGFZaGlNSllnSEt3bGZxQ1RGNFNNdWJTeTBMRWtCYndacjZsYS9PR3VuLytIVDJQQStad085QnMrZ00KZFBPSmIreVh4T051ckc3djhIL0ovRkxtVGNQY1NyV2o2bFVVTEQ3Z2hRSURBUUFCbzBJd1FEQU9CZ05WSFE4QgpBZjhFQkFNQ0FxUXdEd1lEVlIwVEFRSC9CQVV3QXdFQi96QWRCZ05WSFE0RUZnUVVLM044YjRIdXZJVXQyS241ClRmc3ViNUhoUWtJd0RRWUpLb1pJaHZjTkFRRUxCUUFEZ2dJQkFId3dzaS85amtYdTdhblR0blJtSXNCSmlYR0sKSDJCZldCOFltNmV4OTVURzJtQld0aVVpQXpGY0thdTd2M0kydUNoRWQzRGExN1Y5NDZVdVcvMVNkL3hXK1Q1UQorVWF5dGpTZHovMGplTTRhOXRMeENoOFp0dkluT1I1T2l0S1ZYb1RadzRQTVM3MnFPY2gwNDFGendHUXZFMkF4ClhKTDhhb3lvelFZdkUzOWpkVXlEZ244WEJGQWxBZkdQU05EMXhMMjJnMGhpU3R3MmhFWnc1bXNUL2VudXpGRnYKMjhKUjhzV1NkY1Q3SVBsbHZmZkZRQm9ySHNzOXZvK2xiaWh2NGIvMW9Dc2EzNVl2MlFEWVFORy9xSmd0cFhvdwppNmNsUitDRTJhcjJXaWl5N3p3NFc0RFgwc05FSVRjNjdpM0NtakZRM3Y1ZjhOdUhKWFBmR3k1NkMwY0tpYldICkdOSWZFNWFxbHU1V2E2S0JpVHluSkNObUZDNEc2cytVTjQvM3Bjald4QTlHQkxjaWpteTNMVjEyOWtVNGlMV3YKS0ljNEVPZ0NiTWJUcmZTVnV5S2lBcU1nVy81R1lXL09NMmdpcisxSTdzVHdlcVBqZWFiV1Y1U2xWdzBNRUFLYgpoUjZUdktvOVpSTnM5ZkNMaXliRjQwVlY5UE9UVHVuUytXMHcveURZTG9IWWVGNm1ET0RiQk1IeFYxdFNsb3JXCng5bnVmM1FRajdWWGU3SC90dFFlZ0Z3YU9yOGpUTThiSmlTN0hLRVdtZWowbG5hbEhzTjZoNmVYV3FSOXhoTnIKYW9rMFpITXZtVVZidzkxdlF4enZYczAvaHo5WlRNMldreDlVZzQrK0g2SHhXL3hsWXh6V3BGV2VzMmR2MERGaApONjB0bFJjSlFIVi9MOHJWCi0tLS0tRU5EIENFUlRJRklDQVRFLS0tLS0K",
                "host": "https://wizaks-xix4bt7s.hcp.eastus2.azmk8s.io:443",
                "password": "icwuv938clukpdvnyunnl10yv2ybydn4g8b7jmpigyci0xuboz3mnrvso27u57i59s17l5cv0mlhyrns3sdg7ee8k7odffp3z6nxppc0v32ewz0mii0knysa9ak7p5ry",
                "username": "clusterUser_wiz-exercise-rg_wiz-aks-cluster"
              }
            ],
            "kube_config_raw": "apiVersion: v1\nclusters:\n- cluster:\n    certificate-authority-data: LS0tLS1CRUdJTiBDRVJUSUZJQ0FURS0tLS0tCk1JSUU2RENDQXRDZ0F3SUJBZ0lRYytHVFVEb1ZSY1p0YlF6dEFKMU9pVEFOQmdrcWhraUc5dzBCQVFzRkFEQU4KTVFzd0NRWURWUVFERXdKallUQWdGdzB5TlRBMk1UTXdPREEzTURGYUdBOHlNRFUxTURZeE16QTRNVGN3TVZvdwpEVEVMTUFrR0ExVUVBeE1DWTJFd2dnSWlNQTBHQ1NxR1NJYjNEUUVCQVFVQUE0SUNEd0F3Z2dJS0FvSUNBUURlCmtjdm05SEt0MUhtZkV3VG42V0RCV2RLZXJXSVZvYlh6cHVQblkzVUFTVkhYWUpwWjZ5SHAwb1RZY2R5Ukt2VEMKTWM0aGpaSjJXWHlDZG5uRjIwZCsrTHRMdzNsTkZmbWJEL1VkZzU1bjlvUnlHVDU4dHhVMUtYZE1waURvN3gydQppZUpBVkR3cnZrRTVaYklYTEp1WEw5dXNkcHBMeWJqeDJLSW9rcU9FQS9CbjVGOGNoNWg5R0U1cXcrYy9DbHJpClFvZVBENnlyYXB2MDZjRHJmcVRSQ0FSenFUYUZ2TDY5ZnNmcC8wdHZOOUMyN0JSVUFGQkhBTVhNYWx2bEY3aHEKVmFDVEFiRENCdGpkbkVuc0Jza2dFYlBjZEJRQ0JrcGprbzQ4cEkzTkxPTldXWGdNVlJYY3orSUV1a1lPQ0wvbApPTmFPSkdtNFI0Sm9qZGpZeU93bDhHdkpHMUdxNjJxZEorUElUMnpOcmRZY1R1cDNLZjdFa29mWjF1RmxNK0JQClRRYVZpMDJ5dUlySG9temxYamRLZXBtNEdsZWhNbXp4N1JYK1F1Nk9PQVpkWEpQeWoveFhpVVNPaWJ1MGw4Zk0KVGxaU2RSWDI4MzlpTG91cGc5U1F3N0p0Y2hlYVJrVHhRZTRkbFF3L2VWQ2tsVWFEWHNMbndzSmhhb0EyQWZlMApBaUk4ME5zVUdTYW9VNFhzaC9Pd3ZYdHR2QktBcXdGS2xhcmpaOFNMWnRzMWkzNGRINnNHYlVYbFUwL3hIaGQxCjRzSnhmVGFZaGlNSllnSEt3bGZxQ1RGNFNNdWJTeTBMRWtCYndacjZsYS9PR3VuLytIVDJQQStad085QnMrZ00KZFBPSmIreVh4T051ckc3djhIL0ovRkxtVGNQY1NyV2o2bFVVTEQ3Z2hRSURBUUFCbzBJd1FEQU9CZ05WSFE4QgpBZjhFQkFNQ0FxUXdEd1lEVlIwVEFRSC9CQVV3QXdFQi96QWRCZ05WSFE0RUZnUVVLM044YjRIdXZJVXQyS241ClRmc3ViNUhoUWtJd0RRWUpLb1pJaHZjTkFRRUxCUUFEZ2dJQkFId3dzaS85amtYdTdhblR0blJtSXNCSmlYR0sKSDJCZldCOFltNmV4OTVURzJtQld0aVVpQXpGY0thdTd2M0kydUNoRWQzRGExN1Y5NDZVdVcvMVNkL3hXK1Q1UQorVWF5dGpTZHovMGplTTRhOXRMeENoOFp0dkluT1I1T2l0S1ZYb1RadzRQTVM3MnFPY2gwNDFGendHUXZFMkF4ClhKTDhhb3lvelFZdkUzOWpkVXlEZ244WEJGQWxBZkdQU05EMXhMMjJnMGhpU3R3MmhFWnc1bXNUL2VudXpGRnYKMjhKUjhzV1NkY1Q3SVBsbHZmZkZRQm9ySHNzOXZvK2xiaWh2NGIvMW9Dc2EzNVl2MlFEWVFORy9xSmd0cFhvdwppNmNsUitDRTJhcjJXaWl5N3p3NFc0RFgwc05FSVRjNjdpM0NtakZRM3Y1ZjhOdUhKWFBmR3k1NkMwY0tpYldICkdOSWZFNWFxbHU1V2E2S0JpVHluSkNObUZDNEc2cytVTjQvM3Bjald4QTlHQkxjaWpteTNMVjEyOWtVNGlMV3YKS0ljNEVPZ0NiTWJUcmZTVnV5S2lBcU1nVy81R1lXL09NMmdpcisxSTdzVHdlcVBqZWFiV1Y1U2xWdzBNRUFLYgpoUjZUdktvOVpSTnM5ZkNMaXliRjQwVlY5UE9UVHVuUytXMHcveURZTG9IWWVGNm1ET0RiQk1IeFYxdFNsb3JXCng5bnVmM1FRajdWWGU3SC90dFFlZ0Z3YU9yOGpUTThiSmlTN0hLRVdtZWowbG5hbEhzTjZoNmVYV3FSOXhoTnIKYW9rMFpITXZtVVZidzkxdlF4enZYczAvaHo5WlRNMldreDlVZzQrK0g2SHhXL3hsWXh6V3BGV2VzMmR2MERGaApONjB0bFJjSlFIVi9MOHJWCi0tLS0tRU5EIENFUlRJRklDQVRFLS0tLS0K\n    server: https://wizaks-xix4bt7s.hcp.eastus2.azmk8s.io:443\n  name: wiz-aks-cluster\ncontexts:\n- context:\n    cluster: wiz-aks-cluster\n    user: clusterUser_wiz-exercise-rg_wiz-aks-cluster\n  name: wiz-aks-cluster\ncurrent-context: wiz-aks-cluster\nkind: Config\npreferences: {}\nusers:\n- name: clusterUser_wiz-exercise-rg_wiz-aks-cluster\n  user:\n    client-certificate-data: LS0tLS1CRUdJTiBDRVJUSUZJQ0FURS0tLS0tCk1JSUZIVENDQXdXZ0F3SUJBZ0lRUm8yMEdTZjlRcjlkQlZJcWl1MVVrakFOQmdrcWhraUc5dzBCQVFzRkFEQU4KTVFzd0NRWURWUVFERXdKallUQWVGdzB5TlRBMk1UTXdPREEzTURGYUZ3MHlOekEyTVRNd09ERTNNREZhTURBeApGekFWQmdOVkJBb1REbk41YzNSbGJUcHRZWE4wWlhKek1SVXdFd1lEVlFRREV3eHRZWE4wWlhKamJHbGxiblF3CmdnSWlNQTBHQ1NxR1NJYjNEUUVCQVFVQUE0SUNEd0F3Z2dJS0FvSUNBUUM3Z1c4ME5obzhQWVhvRTBuemR3UzUKdTdVMS9jUmhWTGhaYXdYbjF0enFCR045M1I3THREQnBmZkR6S24zb0NIaWpYMVk4SG0yT1hxeTJ4RmNGSzBIcwp4VWU4bnFnbXZmRUVJU0dVdWswOTA0UjNwOFhiTjVHcU5HSWJDTkEybkZ3L2hVV0JBd0Q5Yk54b3g0UmduUnRHCms2Tk50ZUFuUEtDWFdsNEhyNG9uTWc5VVRvOEUxSnlxYnFPSlNMUHJpQzlhellwaENnWkJPdUh3S1lOS010aFgKSHRNRGtldWtESml4WkVDclk4dE5EMVZBTWdra3hXM21sVklmU293dlFTNXBIMUd6aHRDRktheHA4VlFLSVJtcApFN1lXRk40a3FrOVM0WitkM0RRMHBKSjRocWFWbGZRTzNvV2xXamJmbmJFKzNrTWtVdmdkTnZjOSt3OXcvK3NmCkFGcGE0YmFQK0VFTXFqangyaUlZL0MreExOejVBdHVNMDQ5YXJqVzRuRlp2VVVTSzJEM000cXNvRFBPWU5tdFcKQlk3MFBIZkhRQ2FIanlCeFA3bWFVeXJ1czNXK0oweGpJMWRYdnpSNnIyV1ZXWkRtK0RJcFZZcXdUTjFUa0dDVApYS2ltNFVwanNTclkwc2J3cTlhS2VhZHZMOGphNm9ISCt0QTdqN3MvT1hKcUVaMWFPY25ZRmZCRDNkbWUzUzNRCmN0Q2ppU0JJUWhoTzZlZTRnTzNNdm1aTmZsNW9HQlJ2ZjR5ZytsazNPSWtCcEJ6V0EzSnJjaXprQXJsbU84YmMKSWxoZnY2Zi9uMHptUlk4dFF4enZMRkhLNzhrc3dzSm9ya2ZUSmFKMDQvSUtyR0NwZVp4aS92ZG9VU3lPRlVJawp3R3hzb2huenU5VTA1YlBFVE1lUUx3SURBUUFCbzFZd1ZEQU9CZ05WSFE4QkFmOEVCQU1DQmFBd0V3WURWUjBsCkJBd3dDZ1lJS3dZQkJRVUhBd0l3REFZRFZSMFRBUUgvQkFJd0FEQWZCZ05WSFNNRUdEQVdnQlFyYzN4dmdlNjgKaFMzWXFmbE4reTV2a2VGQ1FqQU5CZ2txaGtpRzl3MEJBUXNGQUFPQ0FnRUF4MGFZRUNnaWhWSWtPQnJxb0pHUwozOFNxKzdEaVFuZ3hwR2VpMi9iSVliQ0w4VXk3N29WczBQY0hQcmJHdVlGN1ZqMzlub2tZN3Z5UDZwL1pXRDVlCjk2ZWtCdnkxZ05WcW1McGptaVJRSHRNcEE3WHVaTFI4OU9PV0xtME1BVkk1azZ2RkZ0UndYQkZlWCtyU1BLSFoKVk9IWFM5K29WNENrVVVLYmk5MDRIRmlhOEFCRHVycUR2NkF5eGlkTXJqQ3lDMnR3UTVjQ2xXWWh0Vi8wS0xqTQpwQ1d3eEhNb1BNdzYwdXZYZXZvSC9PZjJkNEtBRUt2VGV4VXl3WmswODhLN3c0NXYzUWp6eG1tT2IwSUxLU3dCClpTWjMrbElsb0taOGJpVkFRYUpaT2x5dU9TeUc0NW5zWVZGQ2ZoeWJ3M0lqSkhzNE1aSG00ejdma3VPRFlGZ2kKS2ZPUUhrUTRKbDh2VzRaR292bk8yQ2xiRzJWRmJ1RmdHWFBoemtqeTBadU5nTElEakJMUEZkUmZWWnFmT0RwWgpjOVJtbmdYQ0dobFpDOS8xNUJmNS9ndUFzUjdoMVJsMXozeVFRTFRPR0NJNUxtQm5jZUYwZ2pBamxZZUwyMG4xCjVRampacU5OTWVBc1grR1FmcWc3T2pUYmhTVFc5NGRKaGRwM2RVQW1XTnpodytvWnlYRXUwVEl0Y0F4MjRvamoKTWJHdkRvVitWZ1hneTFhSEVWM1BHMVBpcllXeHZBUTl1Zk05N250aGNzK2tKWWhTRzF6VWdDek1IYlhySXlvNAo1WW9ZdTd5OFBHSjBhYTQraXp5KzgwSE9XcTFNTDcxMXJiaUpWVmV4OUt1QVpvcVdkNXJ6V3JhMGpZeDVYMm9ECjlFZWlsREJvYXZaY3dLOVoydjZDb0NzPQotLS0tLUVORCBDRVJUSUZJQ0FURS0tLS0tCg==\n    client-key-data: LS0tLS1CRUdJTiBSU0EgUFJJVkFURSBLRVktLS0tLQpNSUlKS0FJQkFBS0NBZ0VBdTRGdk5EWWFQRDJGNkJOSjgzY0V1YnUxTmYzRVlWUzRXV3NGNTliYzZnUmpmZDBlCnk3UXdhWDN3OHlwOTZBaDRvMTlXUEI1dGpsNnN0c1JYQlN0QjdNVkh2SjZvSnIzeEJDRWhsTHBOUGRPRWQ2ZkYKMnplUnFqUmlHd2pRTnB4Y1A0VkZnUU1BL1d6Y2FNZUVZSjBiUnBPalRiWGdKenlnbDFwZUI2K0tKeklQVkU2UApCTlNjcW02amlVaXo2NGd2V3MyS1lRb0dRVHJoOENtRFNqTFlWeDdUQTVIcnBBeVlzV1JBcTJQTFRROVZRRElKCkpNVnQ1cFZTSDBxTUwwRXVhUjlSczRiUWhTbXNhZkZVQ2lFWnFSTzJGaFRlSktwUFV1R2ZuZHcwTktTU2VJYW0KbFpYMER0NkZwVm8yMzUyeFB0NURKRkw0SFRiM1Bmc1BjUC9ySHdCYVd1RzJqL2hCREtvNDhkb2lHUHd2c1N6YworUUxiak5PUFdxNDF1SnhXYjFGRWl0Zzl6T0tyS0F6em1EWnJWZ1dPOUR4M3gwQW1oNDhnY1QrNW1sTXE3ck4xCnZpZE1ZeU5YVjc4MGVxOWxsVm1RNXZneUtWV0tzRXpkVTVCZ2sxeW9wdUZLWTdFcTJOTEc4S3ZXaW5tbmJ5L0kKMnVxQngvclFPNCs3UHpseWFoR2RXam5KMkJYd1E5M1pudDB0MEhMUW80a2dTRUlZVHVubnVJRHR6TDVtVFg1ZQphQmdVYjMrTW9QcFpOemlKQWFRYzFnTnlhM0lzNUFLNVpqdkczQ0pZWDcrbi81OU01a1dQTFVNYzd5eFJ5dS9KCkxNTENhSzVIMHlXaWRPUHlDcXhncVhtY1l2NzNhRkVzamhWQ0pNQnNiS0laODd2Vk5PV3p4RXpIa0M4Q0F3RUEKQVFLQ0FnQlQ4azMwSlNpM3daK2EyRS9xZFdXak5kdWFVWVBEUTZmSk9MWUxKdEgrMzNvZmxvaThFRzhBTzhkTgpSci9aeXprZmc0WmJJaEJRaGloekp4SUNtV3hKY2NWOU45YjJpV0ZIUlFJQTBTdlZ1MFg2UUIyLzJIQVpzSndmCm1HR0hvWmRYUlBacUhRc3JhcnAvR3B3MG1RSG1KaUVkb0lpN2FGUkpqc2E4VUNYZENIZCtlakZqcTBCOHVVMzAKSDUyVm5JSCsrRGkwMjBVVG5TWWNYS21QNVpXZjQ0ZjdlQy8wWVVOWFlCZm40NlRZV2o0RG9LTWhXRmFzdmp0bgpFUHdVQisyY1dNNCtQdVJLU2U4TCsyUnhxSUlSaFdhbkdpNmVZYlZqMk9tYVJrVUZNSXoyOHVuUDNMUEltRzFqCkt6R1lDY1NaN2U1SGEvSHpPbkdVeVRzUGp6UVhCeVRtUEwwRFFDSlNHTzR2NXRicDZKZ1VpOC83bGtsdnZqMS8KWjVQVEJwclpJWlgvYUtFbG5jelhjU2ExdTZlTmxWN0J5U0Y1dUVUaldBcDFDZ3kvQ0M4a3U4clpuRWhwQ2lsbQoyVUxQNUFVUldyUzNTWm1WMmQybDNlSGJjREtrYllILzcvRk5YeWxjNUh4VUVOY1JubFQ1L0pHWlQ2Vjc4aGRLCklRRm1OR2UxZEZzRWVIOHdHRVBFK2JCYkNYWlJmKzFOT2I5VlhBS3lJQ0pFYWtVd2Vtb2RVV0xIN2UxTW9ycmsKUURzdXZoRTZVKzBXa2w2cDhXS2pPNkpoaHdOY2hDQ3hpU3ZXMTcvYWFkRS83ZG9aVlI4eVlZbnpnZnI3aE9BLwptWGdFenpaSWlPVit1Y0xuc0doWUZIZno4SUVRdWtVQjBqbFRNQmZDQUx6Q04xbDhjUUtDQVFFQXlLeUlmRGw3ClZ5ZldFd3ZTUVByS3NTVHBWSHdMVERoNkVzeDJNV2NMUWVlQk9mZHVreGFmNktNVFFkUWhldk0rdy9PK09rdVIKOWlzeWUzbi9EMVErZUM0N28wOHFhMVdjY3o4dGUwMGhRNTZ5MFZ4UFBuMDJBZ3ZKd3ZieGRwSnYwL1N0bHI1cQoxMzQ5L2JpRkVQcjUvcUgwWmwvTnhRMEF0ZEJVWTlJc0lRLy96UEtqYUdjeWYrNk4yazB5VENWWW5UZi9XL3NJCkxJMjFrWlU2Y2ZxWUEzdTRFVmJqaFZ3T1lBRllRcWYwQVdYbVo5VWRCNDFrS0VGMlkvaGdhS1hDc0NpaFZMQmcKTDczS2NCU05xaG56WFN6US9ROXhKZjVjOGx5TFV2c1g4NU9VS3ZJZWJ2MlJPNmRhNyt6RFBWcVZTN0h1RVlaZApjZmJ0MnRTWldCamtTUUtDQVFFQTd6TjhSRGZRSG84VHY5dkJjQnFqcStYNk55NEdBcHIxY0pnT1VJSXdTUlNWCnhkb3ZWQ24wOGZ1dVQwdm10S2NEQTlTVGtVdVJMSksvelM0ZWRhZ2pvZFk5aS9aRFp1NFZUY1REUjBRSzArYTgKa0JlYnVqa0VTdFlPaS84UU85VDl2cWVXMGtuQlgyd0ZubWFyTjZVRlBDS2NEeUtvdnVWS2JXVHZ2dURhazVMSAphbXB3U2hCTnpNUVRWMUt4ZGU0ZWRCSHRGUHNyTThYa2tzajBvRmpFWDRhTjBuS2ovRk5XelNIRjIrb3hnRi8rCm9qT3ZoK0tWTHRDVGRVTGtrZ0hGcFo1V0JrVFVnM1JrTVhGLzBnVkFJZlViVGx4NGxDOVM4S0QzTk5iazlhV1YKSVBXVlNFcTNHdmp3REUra1lTNzdLL3RZc2o2M0tTSHdZYXVJb0ZsZ3R3S0NBUUJERXEvMzNYcWxVZkpTb1dQZwpSak1UYklQMHNoVlFuNXZseHFOR3RldGtWczJ4bzBzNUxKbThOeTJMbGl5dW5Ma0E0K3BVTDhnVW9MR1o1ZGZqCnRzTytoYTEzVTFHWldKOFhRaW1naWRJeGVNekovM0daTUY2cDVtakVtcWR3ZTFlWFg3UFpxOEdvVDFESENqS24KejB0WjJhWUh4Y1BRTmgxanA4TmRMZldFQTRYN2FhcEdqaCtwOVFGQzB3U1p3TzNTZHRJS1cyaUxBNzZKYjNoKwpla1R1L1I0ejVYZmNyajA3eDVkSmlEdWRjQUxIOThwaEtOZ3VRRnNpNVBUTVpZTWlRQ0pVWFRONUlaV1ZTcmxpCi9wT0NOQ1dTUCtRUXora2ZOT0Y0bGVhV2ltQSt6bmh2bnA4NWNpR0tDZmZqL08vandoQVJtWGlJVEFHS1gvNzEKSERUSkFvSUJBUUMrWEw3OG0xNXBzM3dJS0IrZDA5V0ZyQlNoYldNakY2ZFUzKzRrYkRkNU1ZU3dYSjlsMzY0cwpGaHYyeDNUbk9ETFNEWThUQm95V2FJTjBDc3Y2M3NEY3Z0OWtUNnY4Y21WSjZ0bHVFZHg4SHhqWm83QXZWOGp1CnRjUUY3Z3RCVXBSTjhwbTQ2VEdYZXlSTmwyK1RiU1RwWXJISDZkRlplcWpzdm5OOStQeDZqVWxlaXk2cUFxZW4KMmpONlB6a3puVGxuTGd6N3NaZ0VMKzFrVThFN0N1bmRDL3c2Q3pvdVNUUy9NNjEvQXJZNmNDcjVjeUN5aDhRcAo2Wnd3cWZlMXF1dGNqdEh2VXorOURoZmVzWEVEOTJHK3BJNENvdHpqTVhaVVFnWDZhenJ6czc4bTU4clNLWVBuClYwM1N2bDhYYUloRHpGZ2VJb01wblBUdEJkSkpxbGVwQW9JQkFBdUJrS2REV3ZVREFEMEcwaVhVNURjVkxwOXAKeEVjNXRpYlNjalJGSHRoMnRUVU5HanY4ZEpPdFhNZE11bFQzVTN0QzI1Q2RLWjdmMVg0bnUxRnk3ZGNsSjRPegoydzhhVVlrYzBQa1M0QmYyNXlVb2swVklLaTJJQTZJZEtjbjY2RU4xNTBvbks1WnBxaUhTeDQ3ZHZVdFNxMHMwCjhsTy9VdStPWDFFQlNZYWFYNkZXam5GQkRNcTFJUVBrOE9COGd1bXlKWDZOTEcrNldRRTFEaGtvOE9iK2xNMFIKeml4T0JkcWx1WW1SOFA2NDJkZU5XV00xRDJQK3JJUWJ4ejZqZ0VKQXUwV1VkaVVlWThQRVBaVDd4K3ZWUThlagpqaFh3Vko0Q3NUOTBoMlVJMjBGdmo2OU5SUWQ4UnBWZTJNaDlvMjVqTlhpREJqWnRyeWVFVmxDS3VmYz0KLS0tLS1FTkQgUlNBIFBSSVZBVEUgS0VZLS0tLS0K\n    token: icwuv938clukpdvnyunnl10yv2ybydn4g8b7jmpigyci0xuboz3mnrvso27u57i59s17l5cv0mlhyrns3sdg7ee8k7odffp3z6nxppc0v32ewz0mii0knysa9ak7p5ry\n",
            "kubelet_identity": [
              {
                "client_id": "2c5164ce-64f7-43ce-9899-d8c04d974872",
                "object_id": "5c6896f4-5470-40e4-8eb0-1813021ef07c",
                "user_assigned_identity_id": "/subscriptions/bedc16a0-d4ca-4f6c-900d-98ff912d9d19/resourceGroups/wiz-exercise-rg/providers/Microsoft.ManagedIdentity/userAssignedIdentities/aks-kubelet-identity"
              }
            ],
            "kubernetes_version": "1.31",
            "linux_profile": [],
            "local_account_disabled": false,
            "location": "eastus2",
            "maintenance_window": [],
            "maintenance_window_auto_upgrade": [],
            "maintenance_window_node_os": [],
            "microsoft_defender": [],
            "monitor_metrics": [],
            "name": "wiz-aks-cluster",
            "network_profile": [
              {
                "dns_service_ip": "10.0.3.10",
                "docker_bridge_cidr": "",
                "ebpf_data_plane": "",
                "ip_versions": [
                  "IPv4"
                ],
                "load_balancer_profile": [
                  {
                    "effective_outbound_ips": [
                      "/subscriptions/bedc16a0-d4ca-4f6c-900d-98ff912d9d19/resourceGroups/MC_wiz-exercise-rg_wiz-aks-cluster_eastus2/providers/Microsoft.Network/publicIPAddresses/35ccc252-c873-48b0-99ea-1c1f48f81f1b"
                    ],
                    "idle_timeout_in_minutes": 0,
                    "managed_outbound_ip_count": 1,
                    "managed_outbound_ipv6_count": 0,
                    "outbound_ip_address_ids": [],
                    "outbound_ip_prefix_ids": [],
                    "outbound_ports_allocated": 0
                  }
                ],
                "load_balancer_sku": "standard",
                "nat_gateway_profile": [],
                "network_data_plane": "azure",
                "network_mode": "",
                "network_plugin": "azure",
                "network_plugin_mode": "",
                "network_policy": "azure",
                "outbound_ip_address_ids": [],
                "outbound_ip_prefix_ids": [],
                "outbound_type": "loadBalancer",
                "pod_cidr": "",
                "pod_cidrs": [],
                "service_cidr": "10.0.3.0/24",
                "service_cidrs": [
                  "10.0.3.0/24"
                ]
              }
            ],
            "node_os_channel_upgrade": null,
            "node_resource_group": "MC_wiz-exercise-rg_wiz-aks-cluster_eastus2",
            "node_resource_group_id": "/subscriptions/bedc16a0-d4ca-4f6c-900d-98ff912d9d19/resourceGroups/MC_wiz-exercise-rg_wiz-aks-cluster_eastus2",
            "oidc_issuer_enabled": false,
            "oidc_issuer_url": "",
            "oms_agent": [],
            "open_service_mesh_enabled": null,
            "portal_fqdn": "wizaks-xix4bt7s.portal.hcp.eastus2.azmk8s.io",
            "private_cluster_enabled": false,
            "private_cluster_public_fqdn_enabled": false,
            "private_dns_zone_id": "",
            "private_fqdn": "",
            "public_network_access_enabled": true,
            "resource_group_name": "wiz-exercise-rg",
            "role_based_access_control_enabled": true,
            "run_command_enabled": true,
            "service_mesh_profile": [],
            "service_principal": [],
            "sku_tier": "Free",
            "storage_profile": [],
            "support_plan": "KubernetesOfficial",
            "tags": {},
            "timeouts": null,
            "web_app_routing": [],
            "windows_profile": [
              {
                "admin_password": "",
                "admin_username": "azureuser",
                "gmsa": [],
                "license": ""
              }
            ],
            "workload_autoscaler_profile": [],
            "workload_identity_enabled": false
          },
          "sensitive_attributes": [
            [
              {
                "type": "get_attr",
                "value": "kube_admin_config_raw"
              }
            ],
            [
              {
                "type": "get_attr",
                "value": "kube_admin_config"
              }
            ],
            [
              {
                "type": "get_attr",
                "value": "kube_config_raw"
              }
            ],
            [
              {
                "type": "get_attr",
                "value": "windows_profile"
              },
              {
                "type": "index",
                "value": {
                  "value": 0,
                  "type": "number"
                }
              },
              {
                "type": "get_attr",
                "value": "admin_password"
              }
            ],
            [
              {
                "type": "get_attr",
                "value": "kube_config"
              }
            ]
          ],
          "private": "eyJlMmJmYjczMC1lY2FhLTExZTYtOGY4OC0zNDM2M2JjN2M0YzAiOnsiY3JlYXRlIjo1NDAwMDAwMDAwMDAwLCJkZWxldGUiOjU0MDAwMDAwMDAwMDAsInJlYWQiOjMwMDAwMDAwMDAwMCwidXBkYXRlIjo1NDAwMDAwMDAwMDAwfSwic2NoZW1hX3ZlcnNpb24iOiIyIn0=",
          "dependencies": [
            "azurerm_resource_group.wiz_exercise",
            "module.aks.azurerm_role_assignment.control_plane_managed_identity_operator",
            "module.aks.azurerm_user_assigned_identity.aks_control_plane",
            "module.aks.azurerm_user_assigned_identity.aks_kubelet",
            "module.network.azurerm_subnet.kubernetes_subnet",
            "module.network.azurerm_virtual_network.wiz_vnet"
          ]
        }
      ]
    },
    {
      "module": "module.aks",
      "mode": "managed",
      "type": "azurerm_role_assignment",
      "name": "control_plane_managed_identity_operator",
      "provider": "provider[\"registry.terraform.io/hashicorp/azurerm\"]",
      "instances": [
        {
          "schema_version": 0,
          "attributes": {
            "condition": "",
            "condition_version": "",
            "delegated_managed_identity_resource_id": "",
            "description": "",
            "id": "/subscriptions/bedc16a0-d4ca-4f6c-900d-98ff912d9d19/resourceGroups/wiz-exercise-rg/providers/Microsoft.ManagedIdentity/userAssignedIdentities/aks-kubelet-identity/providers/Microsoft.Authorization/roleAssignments/b7117a61-782e-34a1-77d0-6fc47f1d3b20",
            "name": "b7117a61-782e-34a1-77d0-6fc47f1d3b20",
            "principal_id": "dfffd545-b45d-4fb7-9bb8-82308a3b6232",
            "principal_type": "ServicePrincipal",
            "role_definition_id": "/subscriptions/bedc16a0-d4ca-4f6c-900d-98ff912d9d19/providers/Microsoft.Authorization/roleDefinitions/f1a07417-d97a-45cb-824c-7a7467783830",
            "role_definition_name": "Managed Identity Operator",
            "scope": "/subscriptions/bedc16a0-d4ca-4f6c-900d-98ff912d9d19/resourceGroups/wiz-exercise-rg/providers/Microsoft.ManagedIdentity/userAssignedIdentities/aks-kubelet-identity",
            "skip_service_principal_aad_check": null,
            "timeouts": null
          },
          "sensitive_attributes": [],
          "private": "eyJlMmJmYjczMC1lY2FhLTExZTYtOGY4OC0zNDM2M2JjN2M0YzAiOnsiY3JlYXRlIjoxODAwMDAwMDAwMDAwLCJkZWxldGUiOjE4MDAwMDAwMDAwMDAsInJlYWQiOjMwMDAwMDAwMDAwMH19",
          "dependencies": [
            "azurerm_resource_group.wiz_exercise",
            "module.aks.azurerm_user_assigned_identity.aks_control_plane",
            "module.aks.azurerm_user_assigned_identity.aks_kubelet"
          ]
        }
      ]
    },
    {
      "module": "module.aks",
      "mode": "managed",
      "type": "azurerm_user_assigned_identity",
      "name": "aks_control_plane",
      "provider": "provider[\"registry.terraform.io/hashicorp/azurerm\"]",
      "instances": [
        {
          "schema_version": 1,
          "attributes": {
            "client_id": "49286b98-11b7-45d6-8064-31a3fa8cc978",
            "id": "/subscriptions/bedc16a0-d4ca-4f6c-900d-98ff912d9d19/resourceGroups/wiz-exercise-rg/providers/Microsoft.ManagedIdentity/userAssignedIdentities/aks-control-plane-identity",
            "location": "eastus2",
            "name": "aks-control-plane-identity",
            "principal_id": "dfffd545-b45d-4fb7-9bb8-82308a3b6232",
            "resource_group_name": "wiz-exercise-rg",
            "tags": {},
            "tenant_id": "a816de9e-88b2-4fd8-9afc-84d67d5b0d45",
            "timeouts": null
          },
          "sensitive_attributes": [],
          "private": "eyJlMmJmYjczMC1lY2FhLTExZTYtOGY4OC0zNDM2M2JjN2M0YzAiOnsiY3JlYXRlIjoxODAwMDAwMDAwMDAwLCJkZWxldGUiOjE4MDAwMDAwMDAwMDAsInJlYWQiOjMwMDAwMDAwMDAwMCwidXBkYXRlIjoxODAwMDAwMDAwMDAwfSwic2NoZW1hX3ZlcnNpb24iOiIxIn0=",
          "dependencies": [
            "azurerm_resource_group.wiz_exercise"
          ]
        }
      ]
    },
    {
      "module": "module.aks",
      "mode": "managed",
      "type": "azurerm_user_assigned_identity",
      "name": "aks_kubelet",
      "provider": "provider[\"registry.terraform.io/hashicorp/azurerm\"]",
      "instances": [
        {
          "schema_version": 1,
          "attributes": {
            "client_id": "2c5164ce-64f7-43ce-9899-d8c04d974872",
            "id": "/subscriptions/bedc16a0-d4ca-4f6c-900d-98ff912d9d19/resourceGroups/wiz-exercise-rg/providers/Microsoft.ManagedIdentity/userAssignedIdentities/aks-kubelet-identity",
            "location": "eastus2",
            "name": "aks-kubelet-identity",
            "principal_id": "5c6896f4-5470-40e4-8eb0-1813021ef07c",
            "resource_group_name": "wiz-exercise-rg",
            "tags": {},
            "tenant_id": "a816de9e-88b2-4fd8-9afc-84d67d5b0d45",
            "timeouts": null
          },
          "sensitive_attributes": [],
          "private": "eyJlMmJmYjczMC1lY2FhLTExZTYtOGY4OC0zNDM2M2JjN2M0YzAiOnsiY3JlYXRlIjoxODAwMDAwMDAwMDAwLCJkZWxldGUiOjE4MDAwMDAwMDAwMDAsInJlYWQiOjMwMDAwMDAwMDAwMCwidXBkYXRlIjoxODAwMDAwMDAwMDAwfSwic2NoZW1hX3ZlcnNpb24iOiIxIn0=",
          "dependencies": [
            "azurerm_resource_group.wiz_exercise"
          ]
        }
      ]
    },
    {
      "module": "module.aks",
      "mode": "managed",
      "type": "kubernetes_secret",
      "name": "app_secrets",
      "provider": "module.aks.provider[\"registry.terraform.io/hashicorp/kubernetes\"]",
      "instances": [
        {
          "schema_version": 0,
          "attributes": {
            "binary_data": null,
            "binary_data_wo": null,
            "binary_data_wo_revision": null,
            "data": {
              "SECRET_KEY": "=aTQK7#lQmAp?Kv88=V2FE]G(HEIjUgi"
            },
            "data_wo": null,
            "data_wo_revision": null,
            "id": "wiz-app/app-secrets",
            "immutable": false,
            "metadata": [
              {
                "annotations": {},
                "generate_name": "",
                "generation": 0,
                "labels": {},
                "name": "app-secrets",
                "namespace": "wiz-app",
                "resource_version": "10569",
                "uid": "84d52006-1f09-4bf8-9696-a295e5cfeeb7"
              }
            ],
            "timeouts": null,
            "type": "Opaque",
            "wait_for_service_account_token": true
          },
          "sensitive_attributes": [
            [
              {
                "type": "get_attr",
                "value": "binary_data"
              }
            ],
            [
              {
                "type": "get_attr",
                "value": "data"
              }
            ],
            [
              {
                "type": "get_attr",
                "value": "data"
              },
              {
                "type": "index",
                "value": {
                  "value": "SECRET_KEY",
                  "type": "string"
                }
              }
            ]
          ],
          "private": "eyJlMmJmYjczMC1lY2FhLTExZTYtOGY4OC0zNDM2M2JjN2M0YzAiOnsiY3JlYXRlIjo2MDAwMDAwMDAwMH19",
          "dependencies": [
            "azurerm_resource_group.wiz_exercise",
            "module.aks.azurerm_kubernetes_cluster.wiz_aks",
            "module.aks.azurerm_role_assignment.control_plane_managed_identity_operator",
            "module.aks.azurerm_user_assigned_identity.aks_control_plane",
            "module.aks.azurerm_user_assigned_identity.aks_kubelet",
            "module.aks.data.kubernetes_namespace.wiz_app",
            "module.aks.local_file.kubeconfig",
            "module.aks.null_resource.namespace_check",
            "module.aks.random_password.app_secret_key",
            "module.network.azurerm_subnet.kubernetes_subnet",
            "module.network.azurerm_virtual_network.wiz_vnet"
          ]
        }
      ]
    },
    {
      "module": "module.aks",
      "mode": "managed",
      "type": "kubernetes_secret",
      "name": "mongodb_connection",
      "provider": "module.aks.provider[\"registry.terraform.io/hashicorp/kubernetes\"]",
      "instances": [
        {
          "schema_version": 0,
          "attributes": {
            "binary_data": null,
            "binary_data_wo": null,
            "binary_data_wo_revision": null,
            "data": {
              "connection-string": "mongodb://azureuser:Azure_123456@10.0.1.4:27017/todoapp?authSource=admin"
            },
            "data_wo": null,
            "data_wo_revision": null,
            "id": "wiz-app/mongodb-connection",
            "immutable": false,
            "metadata": [
              {
                "annotations": {},
                "generate_name": "",
                "generation": 0,
                "labels": {},
                "name": "mongodb-connection",
                "namespace": "wiz-app",
                "resource_version": "18894",
                "uid": "9cb5cfdb-19e0-409c-a271-7a9d0a560a3e"
              }
            ],
            "timeouts": null,
            "type": "Opaque",
            "wait_for_service_account_token": true
          },
          "sensitive_attributes": [
            [
              {
                "type": "get_attr",
                "value": "binary_data"
              }
            ],
            [
              {
                "type": "get_attr",
                "value": "data"
              }
            ],
            [
              {
                "type": "get_attr",
                "value": "data"
              },
              {
                "type": "index",
                "value": {
                  "value": "connection-string",
                  "type": "string"
                }
              }
            ]
          ],
          "private": "eyJlMmJmYjczMC1lY2FhLTExZTYtOGY4OC0zNDM2M2JjN2M0YzAiOnsiY3JlYXRlIjo2MDAwMDAwMDAwMH19",
          "dependencies": [
            "azurerm_resource_group.wiz_exercise",
            "module.aks.azurerm_kubernetes_cluster.wiz_aks",
            "module.aks.azurerm_role_assignment.control_plane_managed_identity_operator",
            "module.aks.azurerm_user_assigned_identity.aks_control_plane",
            "module.aks.azurerm_user_assigned_identity.aks_kubelet",
            "module.aks.data.kubernetes_namespace.wiz_app",
            "module.aks.local_file.kubeconfig",
            "module.aks.null_resource.namespace_check",
            "module.mongodb.azurerm_network_interface.mongodb_nic",
            "module.mongodb.azurerm_public_ip.mongodb_pip",
            "module.network.azurerm_subnet.database_subnet",
            "module.network.azurerm_subnet.kubernetes_subnet",
            "module.network.azurerm_virtual_network.wiz_vnet"
          ]
        }
      ]
    },
    {
      "module": "module.aks",
      "mode": "managed",
      "type": "local_file",
      "name": "kubeconfig",
      "provider": "provider[\"registry.terraform.io/hashicorp/local\"]",
      "instances": [
        {
          "schema_version": 0,
          "attributes": {
            "content": "apiVersion: v1\nclusters:\n- cluster:\n    certificate-authority-data: LS0tLS1CRUdJTiBDRVJUSUZJQ0FURS0tLS0tCk1JSUU2RENDQXRDZ0F3SUJBZ0lRYytHVFVEb1ZSY1p0YlF6dEFKMU9pVEFOQmdrcWhraUc5dzBCQVFzRkFEQU4KTVFzd0NRWURWUVFERXdKallUQWdGdzB5TlRBMk1UTXdPREEzTURGYUdBOHlNRFUxTURZeE16QTRNVGN3TVZvdwpEVEVMTUFrR0ExVUVBeE1DWTJFd2dnSWlNQTBHQ1NxR1NJYjNEUUVCQVFVQUE0SUNEd0F3Z2dJS0FvSUNBUURlCmtjdm05SEt0MUhtZkV3VG42V0RCV2RLZXJXSVZvYlh6cHVQblkzVUFTVkhYWUpwWjZ5SHAwb1RZY2R5Ukt2VEMKTWM0aGpaSjJXWHlDZG5uRjIwZCsrTHRMdzNsTkZmbWJEL1VkZzU1bjlvUnlHVDU4dHhVMUtYZE1waURvN3gydQppZUpBVkR3cnZrRTVaYklYTEp1WEw5dXNkcHBMeWJqeDJLSW9rcU9FQS9CbjVGOGNoNWg5R0U1cXcrYy9DbHJpClFvZVBENnlyYXB2MDZjRHJmcVRSQ0FSenFUYUZ2TDY5ZnNmcC8wdHZOOUMyN0JSVUFGQkhBTVhNYWx2bEY3aHEKVmFDVEFiRENCdGpkbkVuc0Jza2dFYlBjZEJRQ0JrcGprbzQ4cEkzTkxPTldXWGdNVlJYY3orSUV1a1lPQ0wvbApPTmFPSkdtNFI0Sm9qZGpZeU93bDhHdkpHMUdxNjJxZEorUElUMnpOcmRZY1R1cDNLZjdFa29mWjF1RmxNK0JQClRRYVZpMDJ5dUlySG9temxYamRLZXBtNEdsZWhNbXp4N1JYK1F1Nk9PQVpkWEpQeWoveFhpVVNPaWJ1MGw4Zk0KVGxaU2RSWDI4MzlpTG91cGc5U1F3N0p0Y2hlYVJrVHhRZTRkbFF3L2VWQ2tsVWFEWHNMbndzSmhhb0EyQWZlMApBaUk4ME5zVUdTYW9VNFhzaC9Pd3ZYdHR2QktBcXdGS2xhcmpaOFNMWnRzMWkzNGRINnNHYlVYbFUwL3hIaGQxCjRzSnhmVGFZaGlNSllnSEt3bGZxQ1RGNFNNdWJTeTBMRWtCYndacjZsYS9PR3VuLytIVDJQQStad085QnMrZ00KZFBPSmIreVh4T051ckc3djhIL0ovRkxtVGNQY1NyV2o2bFVVTEQ3Z2hRSURBUUFCbzBJd1FEQU9CZ05WSFE4QgpBZjhFQkFNQ0FxUXdEd1lEVlIwVEFRSC9CQVV3QXdFQi96QWRCZ05WSFE0RUZnUVVLM044YjRIdXZJVXQyS241ClRmc3ViNUhoUWtJd0RRWUpLb1pJaHZjTkFRRUxCUUFEZ2dJQkFId3dzaS85amtYdTdhblR0blJtSXNCSmlYR0sKSDJCZldCOFltNmV4OTVURzJtQld0aVVpQXpGY0thdTd2M0kydUNoRWQzRGExN1Y5NDZVdVcvMVNkL3hXK1Q1UQorVWF5dGpTZHovMGplTTRhOXRMeENoOFp0dkluT1I1T2l0S1ZYb1RadzRQTVM3MnFPY2gwNDFGendHUXZFMkF4ClhKTDhhb3lvelFZdkUzOWpkVXlEZ244WEJGQWxBZkdQU05EMXhMMjJnMGhpU3R3MmhFWnc1bXNUL2VudXpGRnYKMjhKUjhzV1NkY1Q3SVBsbHZmZkZRQm9ySHNzOXZvK2xiaWh2NGIvMW9Dc2EzNVl2MlFEWVFORy9xSmd0cFhvdwppNmNsUitDRTJhcjJXaWl5N3p3NFc0RFgwc05FSVRjNjdpM0NtakZRM3Y1ZjhOdUhKWFBmR3k1NkMwY0tpYldICkdOSWZFNWFxbHU1V2E2S0JpVHluSkNObUZDNEc2cytVTjQvM3Bjald4QTlHQkxjaWpteTNMVjEyOWtVNGlMV3YKS0ljNEVPZ0NiTWJUcmZTVnV5S2lBcU1nVy81R1lXL09NMmdpcisxSTdzVHdlcVBqZWFiV1Y1U2xWdzBNRUFLYgpoUjZUdktvOVpSTnM5ZkNMaXliRjQwVlY5UE9UVHVuUytXMHcveURZTG9IWWVGNm1ET0RiQk1IeFYxdFNsb3JXCng5bnVmM1FRajdWWGU3SC90dFFlZ0Z3YU9yOGpUTThiSmlTN0hLRVdtZWowbG5hbEhzTjZoNmVYV3FSOXhoTnIKYW9rMFpITXZtVVZidzkxdlF4enZYczAvaHo5WlRNMldreDlVZzQrK0g2SHhXL3hsWXh6V3BGV2VzMmR2MERGaApONjB0bFJjSlFIVi9MOHJWCi0tLS0tRU5EIENFUlRJRklDQVRFLS0tLS0K\n    server: https://wizaks-xix4bt7s.hcp.eastus2.azmk8s.io:443\n  name: wiz-aks-cluster\ncontexts:\n- context:\n    cluster: wiz-aks-cluster\n    user: clusterUser_wiz-exercise-rg_wiz-aks-cluster\n  name: wiz-aks-cluster\ncurrent-context: wiz-aks-cluster\nkind: Config\npreferences: {}\nusers:\n- name: clusterUser_wiz-exercise-rg_wiz-aks-cluster\n  user:\n    client-certificate-data: LS0tLS1CRUdJTiBDRVJUSUZJQ0FURS0tLS0tCk1JSUZIVENDQXdXZ0F3SUJBZ0lRUm8yMEdTZjlRcjlkQlZJcWl1MVVrakFOQmdrcWhraUc5dzBCQVFzRkFEQU4KTVFzd0NRWURWUVFERXdKallUQWVGdzB5TlRBMk1UTXdPREEzTURGYUZ3MHlOekEyTVRNd09ERTNNREZhTURBeApGekFWQmdOVkJBb1REbk41YzNSbGJUcHRZWE4wWlhKek1SVXdFd1lEVlFRREV3eHRZWE4wWlhKamJHbGxiblF3CmdnSWlNQTBHQ1NxR1NJYjNEUUVCQVFVQUE0SUNEd0F3Z2dJS0FvSUNBUUM3Z1c4ME5obzhQWVhvRTBuemR3UzUKdTdVMS9jUmhWTGhaYXdYbjF0enFCR045M1I3THREQnBmZkR6S24zb0NIaWpYMVk4SG0yT1hxeTJ4RmNGSzBIcwp4VWU4bnFnbXZmRUVJU0dVdWswOTA0UjNwOFhiTjVHcU5HSWJDTkEybkZ3L2hVV0JBd0Q5Yk54b3g0UmduUnRHCms2Tk50ZUFuUEtDWFdsNEhyNG9uTWc5VVRvOEUxSnlxYnFPSlNMUHJpQzlhellwaENnWkJPdUh3S1lOS010aFgKSHRNRGtldWtESml4WkVDclk4dE5EMVZBTWdra3hXM21sVklmU293dlFTNXBIMUd6aHRDRktheHA4VlFLSVJtcApFN1lXRk40a3FrOVM0WitkM0RRMHBKSjRocWFWbGZRTzNvV2xXamJmbmJFKzNrTWtVdmdkTnZjOSt3OXcvK3NmCkFGcGE0YmFQK0VFTXFqangyaUlZL0MreExOejVBdHVNMDQ5YXJqVzRuRlp2VVVTSzJEM000cXNvRFBPWU5tdFcKQlk3MFBIZkhRQ2FIanlCeFA3bWFVeXJ1czNXK0oweGpJMWRYdnpSNnIyV1ZXWkRtK0RJcFZZcXdUTjFUa0dDVApYS2ltNFVwanNTclkwc2J3cTlhS2VhZHZMOGphNm9ISCt0QTdqN3MvT1hKcUVaMWFPY25ZRmZCRDNkbWUzUzNRCmN0Q2ppU0JJUWhoTzZlZTRnTzNNdm1aTmZsNW9HQlJ2ZjR5ZytsazNPSWtCcEJ6V0EzSnJjaXprQXJsbU84YmMKSWxoZnY2Zi9uMHptUlk4dFF4enZMRkhLNzhrc3dzSm9ya2ZUSmFKMDQvSUtyR0NwZVp4aS92ZG9VU3lPRlVJawp3R3hzb2huenU5VTA1YlBFVE1lUUx3SURBUUFCbzFZd1ZEQU9CZ05WSFE4QkFmOEVCQU1DQmFBd0V3WURWUjBsCkJBd3dDZ1lJS3dZQkJRVUhBd0l3REFZRFZSMFRBUUgvQkFJd0FEQWZCZ05WSFNNRUdEQVdnQlFyYzN4dmdlNjgKaFMzWXFmbE4reTV2a2VGQ1FqQU5CZ2txaGtpRzl3MEJBUXNGQUFPQ0FnRUF4MGFZRUNnaWhWSWtPQnJxb0pHUwozOFNxKzdEaVFuZ3hwR2VpMi9iSVliQ0w4VXk3N29WczBQY0hQcmJHdVlGN1ZqMzlub2tZN3Z5UDZwL1pXRDVlCjk2ZWtCdnkxZ05WcW1McGptaVJRSHRNcEE3WHVaTFI4OU9PV0xtME1BVkk1azZ2RkZ0UndYQkZlWCtyU1BLSFoKVk9IWFM5K29WNENrVVVLYmk5MDRIRmlhOEFCRHVycUR2NkF5eGlkTXJqQ3lDMnR3UTVjQ2xXWWh0Vi8wS0xqTQpwQ1d3eEhNb1BNdzYwdXZYZXZvSC9PZjJkNEtBRUt2VGV4VXl3WmswODhLN3c0NXYzUWp6eG1tT2IwSUxLU3dCClpTWjMrbElsb0taOGJpVkFRYUpaT2x5dU9TeUc0NW5zWVZGQ2ZoeWJ3M0lqSkhzNE1aSG00ejdma3VPRFlGZ2kKS2ZPUUhrUTRKbDh2VzRaR292bk8yQ2xiRzJWRmJ1RmdHWFBoemtqeTBadU5nTElEakJMUEZkUmZWWnFmT0RwWgpjOVJtbmdYQ0dobFpDOS8xNUJmNS9ndUFzUjdoMVJsMXozeVFRTFRPR0NJNUxtQm5jZUYwZ2pBamxZZUwyMG4xCjVRampacU5OTWVBc1grR1FmcWc3T2pUYmhTVFc5NGRKaGRwM2RVQW1XTnpodytvWnlYRXUwVEl0Y0F4MjRvamoKTWJHdkRvVitWZ1hneTFhSEVWM1BHMVBpcllXeHZBUTl1Zk05N250aGNzK2tKWWhTRzF6VWdDek1IYlhySXlvNAo1WW9ZdTd5OFBHSjBhYTQraXp5KzgwSE9XcTFNTDcxMXJiaUpWVmV4OUt1QVpvcVdkNXJ6V3JhMGpZeDVYMm9ECjlFZWlsREJvYXZaY3dLOVoydjZDb0NzPQotLS0tLUVORCBDRVJUSUZJQ0FURS0tLS0tCg==\n    client-key-data: LS0tLS1CRUdJTiBSU0EgUFJJVkFURSBLRVktLS0tLQpNSUlKS0FJQkFBS0NBZ0VBdTRGdk5EWWFQRDJGNkJOSjgzY0V1YnUxTmYzRVlWUzRXV3NGNTliYzZnUmpmZDBlCnk3UXdhWDN3OHlwOTZBaDRvMTlXUEI1dGpsNnN0c1JYQlN0QjdNVkh2SjZvSnIzeEJDRWhsTHBOUGRPRWQ2ZkYKMnplUnFqUmlHd2pRTnB4Y1A0VkZnUU1BL1d6Y2FNZUVZSjBiUnBPalRiWGdKenlnbDFwZUI2K0tKeklQVkU2UApCTlNjcW02amlVaXo2NGd2V3MyS1lRb0dRVHJoOENtRFNqTFlWeDdUQTVIcnBBeVlzV1JBcTJQTFRROVZRRElKCkpNVnQ1cFZTSDBxTUwwRXVhUjlSczRiUWhTbXNhZkZVQ2lFWnFSTzJGaFRlSktwUFV1R2ZuZHcwTktTU2VJYW0KbFpYMER0NkZwVm8yMzUyeFB0NURKRkw0SFRiM1Bmc1BjUC9ySHdCYVd1RzJqL2hCREtvNDhkb2lHUHd2c1N6YworUUxiak5PUFdxNDF1SnhXYjFGRWl0Zzl6T0tyS0F6em1EWnJWZ1dPOUR4M3gwQW1oNDhnY1QrNW1sTXE3ck4xCnZpZE1ZeU5YVjc4MGVxOWxsVm1RNXZneUtWV0tzRXpkVTVCZ2sxeW9wdUZLWTdFcTJOTEc4S3ZXaW5tbmJ5L0kKMnVxQngvclFPNCs3UHpseWFoR2RXam5KMkJYd1E5M1pudDB0MEhMUW80a2dTRUlZVHVubnVJRHR6TDVtVFg1ZQphQmdVYjMrTW9QcFpOemlKQWFRYzFnTnlhM0lzNUFLNVpqdkczQ0pZWDcrbi81OU01a1dQTFVNYzd5eFJ5dS9KCkxNTENhSzVIMHlXaWRPUHlDcXhncVhtY1l2NzNhRkVzamhWQ0pNQnNiS0laODd2Vk5PV3p4RXpIa0M4Q0F3RUEKQVFLQ0FnQlQ4azMwSlNpM3daK2EyRS9xZFdXak5kdWFVWVBEUTZmSk9MWUxKdEgrMzNvZmxvaThFRzhBTzhkTgpSci9aeXprZmc0WmJJaEJRaGloekp4SUNtV3hKY2NWOU45YjJpV0ZIUlFJQTBTdlZ1MFg2UUIyLzJIQVpzSndmCm1HR0hvWmRYUlBacUhRc3JhcnAvR3B3MG1RSG1KaUVkb0lpN2FGUkpqc2E4VUNYZENIZCtlakZqcTBCOHVVMzAKSDUyVm5JSCsrRGkwMjBVVG5TWWNYS21QNVpXZjQ0ZjdlQy8wWVVOWFlCZm40NlRZV2o0RG9LTWhXRmFzdmp0bgpFUHdVQisyY1dNNCtQdVJLU2U4TCsyUnhxSUlSaFdhbkdpNmVZYlZqMk9tYVJrVUZNSXoyOHVuUDNMUEltRzFqCkt6R1lDY1NaN2U1SGEvSHpPbkdVeVRzUGp6UVhCeVRtUEwwRFFDSlNHTzR2NXRicDZKZ1VpOC83bGtsdnZqMS8KWjVQVEJwclpJWlgvYUtFbG5jelhjU2ExdTZlTmxWN0J5U0Y1dUVUaldBcDFDZ3kvQ0M4a3U4clpuRWhwQ2lsbQoyVUxQNUFVUldyUzNTWm1WMmQybDNlSGJjREtrYllILzcvRk5YeWxjNUh4VUVOY1JubFQ1L0pHWlQ2Vjc4aGRLCklRRm1OR2UxZEZzRWVIOHdHRVBFK2JCYkNYWlJmKzFOT2I5VlhBS3lJQ0pFYWtVd2Vtb2RVV0xIN2UxTW9ycmsKUURzdXZoRTZVKzBXa2w2cDhXS2pPNkpoaHdOY2hDQ3hpU3ZXMTcvYWFkRS83ZG9aVlI4eVlZbnpnZnI3aE9BLwptWGdFenpaSWlPVit1Y0xuc0doWUZIZno4SUVRdWtVQjBqbFRNQmZDQUx6Q04xbDhjUUtDQVFFQXlLeUlmRGw3ClZ5ZldFd3ZTUVByS3NTVHBWSHdMVERoNkVzeDJNV2NMUWVlQk9mZHVreGFmNktNVFFkUWhldk0rdy9PK09rdVIKOWlzeWUzbi9EMVErZUM0N28wOHFhMVdjY3o4dGUwMGhRNTZ5MFZ4UFBuMDJBZ3ZKd3ZieGRwSnYwL1N0bHI1cQoxMzQ5L2JpRkVQcjUvcUgwWmwvTnhRMEF0ZEJVWTlJc0lRLy96UEtqYUdjeWYrNk4yazB5VENWWW5UZi9XL3NJCkxJMjFrWlU2Y2ZxWUEzdTRFVmJqaFZ3T1lBRllRcWYwQVdYbVo5VWRCNDFrS0VGMlkvaGdhS1hDc0NpaFZMQmcKTDczS2NCU05xaG56WFN6US9ROXhKZjVjOGx5TFV2c1g4NU9VS3ZJZWJ2MlJPNmRhNyt6RFBWcVZTN0h1RVlaZApjZmJ0MnRTWldCamtTUUtDQVFFQTd6TjhSRGZRSG84VHY5dkJjQnFqcStYNk55NEdBcHIxY0pnT1VJSXdTUlNWCnhkb3ZWQ24wOGZ1dVQwdm10S2NEQTlTVGtVdVJMSksvelM0ZWRhZ2pvZFk5aS9aRFp1NFZUY1REUjBRSzArYTgKa0JlYnVqa0VTdFlPaS84UU85VDl2cWVXMGtuQlgyd0ZubWFyTjZVRlBDS2NEeUtvdnVWS2JXVHZ2dURhazVMSAphbXB3U2hCTnpNUVRWMUt4ZGU0ZWRCSHRGUHNyTThYa2tzajBvRmpFWDRhTjBuS2ovRk5XelNIRjIrb3hnRi8rCm9qT3ZoK0tWTHRDVGRVTGtrZ0hGcFo1V0JrVFVnM1JrTVhGLzBnVkFJZlViVGx4NGxDOVM4S0QzTk5iazlhV1YKSVBXVlNFcTNHdmp3REUra1lTNzdLL3RZc2o2M0tTSHdZYXVJb0ZsZ3R3S0NBUUJERXEvMzNYcWxVZkpTb1dQZwpSak1UYklQMHNoVlFuNXZseHFOR3RldGtWczJ4bzBzNUxKbThOeTJMbGl5dW5Ma0E0K3BVTDhnVW9MR1o1ZGZqCnRzTytoYTEzVTFHWldKOFhRaW1naWRJeGVNekovM0daTUY2cDVtakVtcWR3ZTFlWFg3UFpxOEdvVDFESENqS24KejB0WjJhWUh4Y1BRTmgxanA4TmRMZldFQTRYN2FhcEdqaCtwOVFGQzB3U1p3TzNTZHRJS1cyaUxBNzZKYjNoKwpla1R1L1I0ejVYZmNyajA3eDVkSmlEdWRjQUxIOThwaEtOZ3VRRnNpNVBUTVpZTWlRQ0pVWFRONUlaV1ZTcmxpCi9wT0NOQ1dTUCtRUXora2ZOT0Y0bGVhV2ltQSt6bmh2bnA4NWNpR0tDZmZqL08vandoQVJtWGlJVEFHS1gvNzEKSERUSkFvSUJBUUMrWEw3OG0xNXBzM3dJS0IrZDA5V0ZyQlNoYldNakY2ZFUzKzRrYkRkNU1ZU3dYSjlsMzY0cwpGaHYyeDNUbk9ETFNEWThUQm95V2FJTjBDc3Y2M3NEY3Z0OWtUNnY4Y21WSjZ0bHVFZHg4SHhqWm83QXZWOGp1CnRjUUY3Z3RCVXBSTjhwbTQ2VEdYZXlSTmwyK1RiU1RwWXJISDZkRlplcWpzdm5OOStQeDZqVWxlaXk2cUFxZW4KMmpONlB6a3puVGxuTGd6N3NaZ0VMKzFrVThFN0N1bmRDL3c2Q3pvdVNUUy9NNjEvQXJZNmNDcjVjeUN5aDhRcAo2Wnd3cWZlMXF1dGNqdEh2VXorOURoZmVzWEVEOTJHK3BJNENvdHpqTVhaVVFnWDZhenJ6czc4bTU4clNLWVBuClYwM1N2bDhYYUloRHpGZ2VJb01wblBUdEJkSkpxbGVwQW9JQkFBdUJrS2REV3ZVREFEMEcwaVhVNURjVkxwOXAKeEVjNXRpYlNjalJGSHRoMnRUVU5HanY4ZEpPdFhNZE11bFQzVTN0QzI1Q2RLWjdmMVg0bnUxRnk3ZGNsSjRPegoydzhhVVlrYzBQa1M0QmYyNXlVb2swVklLaTJJQTZJZEtjbjY2RU4xNTBvbks1WnBxaUhTeDQ3ZHZVdFNxMHMwCjhsTy9VdStPWDFFQlNZYWFYNkZXam5GQkRNcTFJUVBrOE9COGd1bXlKWDZOTEcrNldRRTFEaGtvOE9iK2xNMFIKeml4T0JkcWx1WW1SOFA2NDJkZU5XV00xRDJQK3JJUWJ4ejZqZ0VKQXUwV1VkaVVlWThQRVBaVDd4K3ZWUThlagpqaFh3Vko0Q3NUOTBoMlVJMjBGdmo2OU5SUWQ4UnBWZTJNaDlvMjVqTlhpREJqWnRyeWVFVmxDS3VmYz0KLS0tLS1FTkQgUlNBIFBSSVZBVEUgS0VZLS0tLS0K\n    token: icwuv938clukpdvnyunnl10yv2ybydn4g8b7jmpigyci0xuboz3mnrvso27u57i59s17l5cv0mlhyrns3sdg7ee8k7odffp3z6nxppc0v32ewz0mii0knysa9ak7p5ry\n",
            "content_base64": null,
            "content_base64sha256": "yQdNSoebJzUEwW9ZV8fByr5rFdYbRzhceK11+Ax6y6c=",
            "content_base64sha512": "26pkrwDqHFk3OQW1EICO1S5UvBAHp237t2b6MuT/PnmJXysgYedWUghyucuP7Q54YtQofMBKJ25wTu409eaptQ==",
            "content_md5": "9bc041e45898279a75e70e94e5aa5b77",
            "content_sha1": "c980dcd470fcbc62e74c92e42d1e77bfdcd9d646",
            "content_sha256": "c9074d4a879b273504c16f5957c7c1cabe6b15d61b47385c78ad75f80c7acba7",
            "content_sha512": "dbaa64af00ea1c59373905b510808ed52e54bc1007a76dfbb766fa32e4ff3e79895f2b2061e756520872b9cb8fed0e7862d4287cc04a276e704eee34f5e6a9b5",
            "directory_permission": "0777",
            "file_permission": "0777",
            "filename": "modules/aks/kubeconfig",
            "id": "c980dcd470fcbc62e74c92e42d1e77bfdcd9d646",
            "sensitive_content": null,
            "source": null
          },
          "sensitive_attributes": [
            [
              {
                "type": "get_attr",
                "value": "sensitive_content"
              }
            ],
            [
              {
                "type": "get_attr",
                "value": "content"
              }
            ]
          ],
          "dependencies": [
            "azurerm_resource_group.wiz_exercise",
            "module.aks.azurerm_kubernetes_cluster.wiz_aks",
            "module.aks.azurerm_role_assignment.control_plane_managed_identity_operator",
            "module.aks.azurerm_user_assigned_identity.aks_control_plane",
            "module.aks.azurerm_user_assigned_identity.aks_kubelet",
            "module.network.azurerm_subnet.kubernetes_subnet",
            "module.network.azurerm_virtual_network.wiz_vnet"
          ]
        }
      ]
    },
    {
      "module": "module.aks",
      "mode": "managed",
      "type": "null_resource",
      "name": "namespace_check",
      "provider": "provider[\"registry.terraform.io/hashicorp/null\"]",
      "instances": [
        {
          "schema_version": 0,
          "attributes": {
            "id": "3888928414251230306",
            "triggers": {
              "cluster_id": "/subscriptions/bedc16a0-d4ca-4f6c-900d-98ff912d9d19/resourceGroups/wiz-exercise-rg/providers/Microsoft.ContainerService/managedClusters/wiz-aks-cluster"
            }
          },
          "sensitive_attributes": [],
          "dependencies": [
            "azurerm_resource_group.wiz_exercise",
            "module.aks.azurerm_kubernetes_cluster.wiz_aks",
            "module.aks.azurerm_role_assignment.control_plane_managed_identity_operator",
            "module.aks.azurerm_user_assigned_identity.aks_control_plane",
            "module.aks.azurerm_user_assigned_identity.aks_kubelet",
            "module.aks.local_file.kubeconfig",
            "module.network.azurerm_subnet.kubernetes_subnet",
            "module.network.azurerm_virtual_network.wiz_vnet"
          ]
        }
      ]
    },
    {
      "module": "module.aks",
      "mode": "managed",
      "type": "random_password",
      "name": "app_secret_key",
      "provider": "provider[\"registry.terraform.io/hashicorp/random\"]",
      "instances": [
        {
          "schema_version": 3,
          "attributes": {
            "bcrypt_hash": "$2a$10$sOEkUDNxEm2YU170glWAZOjWvdr/F0yrJirOrwyGLluBmbrNJlQ/m",
            "id": "none",
            "keepers": null,
            "length": 32,
            "lower": true,
            "min_lower": 0,
            "min_numeric": 0,
            "min_special": 0,
            "min_upper": 0,
            "number": true,
            "numeric": true,
            "override_special": null,
            "result": "=aTQK7#lQmAp?Kv88=V2FE]G(HEIjUgi",
            "special": true,
            "upper": true
          },
          "sensitive_attributes": [
            [
              {
                "type": "get_attr",
                "value": "result"
              }
            ],
            [
              {
                "type": "get_attr",
                "value": "bcrypt_hash"
              }
            ]
          ]
        }
      ]
    },
    {
      "module": "module.mongodb",
      "mode": "data",
      "type": "azurerm_client_config",
      "name": "current",
      "provider": "provider[\"registry.terraform.io/hashicorp/azurerm\"]",
      "instances": [
        {
          "schema_version": 0,
          "attributes": {
            "client_id": "04b07795-8ddb-461a-bbee-02f9e1bf7b46",
            "id": "Y2xpZW50Q29uZmlncy9jbGllbnRJZD0wNGIwNzc5NS04ZGRiLTQ2MWEtYmJlZS0wMmY5ZTFiZjdiNDY7b2JqZWN0SWQ9ZmMwODQ3ODItNTc0YS00MmZmLWExNzktOWQ0YWUzYWQ1OGE5O3N1YnNjcmlwdGlvbklkPWJlZGMxNmEwLWQ0Y2EtNGY2Yy05MDBkLTk4ZmY5MTJkOWQxOTt0ZW5hbnRJZD1hODE2ZGU5ZS04OGIyLTRmZDgtOWFmYy04NGQ2N2Q1YjBkNDU=",
            "object_id": "fc084782-574a-42ff-a179-9d4ae3ad58a9",
            "subscription_id": "bedc16a0-d4ca-4f6c-900d-98ff912d9d19",
            "tenant_id": "a816de9e-88b2-4fd8-9afc-84d67d5b0d45",
            "timeouts": null
          },
          "sensitive_attributes": []
        }
      ]
    },
    {
      "module": "module.mongodb",
      "mode": "managed",
      "type": "azurerm_linux_virtual_machine",
      "name": "mongodb_vm",
      "provider": "provider[\"registry.terraform.io/hashicorp/azurerm\"]",
      "instances": [
        {
          "schema_version": 0,
          "attributes": {
            "additional_capabilities": [],
            "admin_password": "Azure_123456",
            "admin_ssh_key": [],
            "admin_username": "azureuser",
            "allow_extension_operations": true,
            "availability_set_id": "",
            "boot_diagnostics": [],
            "bypass_platform_safety_checks_on_user_schedule_enabled": false,
            "capacity_reservation_group_id": "",
            "computer_name": "mongodb-vm",
            "custom_data": null,
            "dedicated_host_group_id": "",
            "dedicated_host_id": "",
            "disable_password_authentication": false,
            "disk_controller_type": "SCSI",
            "edge_zone": "",
            "encryption_at_host_enabled": false,
            "eviction_policy": "",
            "extensions_time_budget": "PT1H30M",
            "gallery_application": [],
            "id": "/subscriptions/bedc16a0-d4ca-4f6c-900d-98ff912d9d19/resourceGroups/wiz-exercise-rg/providers/Microsoft.Compute/virtualMachines/mongodb-vm",
            "identity": [
              {
                "identity_ids": [],
                "principal_id": "b9a60829-0e07-49c3-a971-f36543258c70",
                "tenant_id": "a816de9e-88b2-4fd8-9afc-84d67d5b0d45",
                "type": "SystemAssigned"
              }
            ],
            "license_type": "",
            "location": "eastus2",
            "max_bid_price": -1,
            "name": "mongodb-vm",
            "network_interface_ids": [
              "/subscriptions/bedc16a0-d4ca-4f6c-900d-98ff912d9d19/resourceGroups/wiz-exercise-rg/providers/Microsoft.Network/networkInterfaces/mongodb-nic"
            ],
            "os_disk": [
              {
                "caching": "ReadWrite",
                "diff_disk_settings": [],
                "disk_encryption_set_id": "",
                "disk_size_gb": 30,
                "name": "mongodb-vm_OsDisk_1_02812f4e95424b72a25fc29ec5e32e85",
                "secure_vm_disk_encryption_set_id": "",
                "security_encryption_type": "",
                "storage_account_type": "Standard_LRS",
                "write_accelerator_enabled": false
              }
            ],
            "os_image_notification": [],
            "patch_assessment_mode": "ImageDefault",
            "patch_mode": "ImageDefault",
            "plan": [],
            "platform_fault_domain": -1,
            "priority": "Regular",
            "private_ip_address": "10.0.1.4",
            "private_ip_addresses": [
              "10.0.1.4"
            ],
            "provision_vm_agent": true,
            "proximity_placement_group_id": "",
            "public_ip_address": "172.200.232.188",
            "public_ip_addresses": [
              "172.200.232.188"
            ],
            "reboot_setting": "",
            "resource_group_name": "wiz-exercise-rg",
            "secret": [],
            "secure_boot_enabled": false,
            "size": "Standard_B2s",
            "source_image_id": "",
            "source_image_reference": [
              {
                "offer": "0001-com-ubuntu-server-focal",
                "publisher": "Canonical",
                "sku": "20_04-lts-gen2",
                "version": "latest"
              }
            ],
            "tags": {},
            "termination_notification": [],
            "timeouts": null,
            "user_data": "",
            "virtual_machine_id": "d9c81429-49a7-4192-ae1e-e7e56ccf3636",
            "virtual_machine_scale_set_id": "",
            "vm_agent_platform_updates_enabled": false,
            "vtpm_enabled": false,
            "zone": ""
          },
          "sensitive_attributes": [
            [
              {
                "type": "get_attr",
                "value": "admin_password"
              }
            ],
            [
              {
                "type": "get_attr",
                "value": "custom_data"
              }
            ]
          ],
          "private": "eyJlMmJmYjczMC1lY2FhLTExZTYtOGY4OC0zNDM2M2JjN2M0YzAiOnsiY3JlYXRlIjoyNzAwMDAwMDAwMDAwLCJkZWxldGUiOjI3MDAwMDAwMDAwMDAsInJlYWQiOjMwMDAwMDAwMDAwMCwidXBkYXRlIjoyNzAwMDAwMDAwMDAwfX0=",
          "dependencies": [
            "azurerm_resource_group.wiz_exercise",
            "module.mongodb.azurerm_network_interface.mongodb_nic",
            "module.mongodb.azurerm_public_ip.mongodb_pip",
            "module.network.azurerm_subnet.database_subnet",
            "module.network.azurerm_virtual_network.wiz_vnet"
          ]
        }
      ]
    },
    {
      "module": "module.mongodb",
      "mode": "managed",
      "type": "azurerm_network_interface",
      "name": "mongodb_nic",
      "provider": "provider[\"registry.terraform.io/hashicorp/azurerm\"]",
      "instances": [
        {
          "schema_version": 0,
          "attributes": {
            "accelerated_networking_enabled": false,
            "applied_dns_servers": [],
            "auxiliary_mode": "",
            "auxiliary_sku": "",
            "dns_servers": [],
            "edge_zone": "",
            "enable_accelerated_networking": false,
            "enable_ip_forwarding": false,
            "id": "/subscriptions/bedc16a0-d4ca-4f6c-900d-98ff912d9d19/resourceGroups/wiz-exercise-rg/providers/Microsoft.Network/networkInterfaces/mongodb-nic",
            "internal_dns_name_label": "",
            "internal_domain_name_suffix": "sftfauofnynubj3bpvv15hbjee.cx.internal.cloudapp.net",
            "ip_configuration": [
              {
                "gateway_load_balancer_frontend_ip_configuration_id": "",
                "name": "internal",
                "primary": true,
                "private_ip_address": "10.0.1.4",
                "private_ip_address_allocation": "Dynamic",
                "private_ip_address_version": "IPv4",
                "public_ip_address_id": "/subscriptions/bedc16a0-d4ca-4f6c-900d-98ff912d9d19/resourceGroups/wiz-exercise-rg/providers/Microsoft.Network/publicIPAddresses/mongodb-pip",
                "subnet_id": "/subscriptions/bedc16a0-d4ca-4f6c-900d-98ff912d9d19/resourceGroups/wiz-exercise-rg/providers/Microsoft.Network/virtualNetworks/wiz-vnet/subnets/database-subnet"
              }
            ],
            "ip_forwarding_enabled": false,
            "location": "eastus2",
            "mac_address": "60-45-BD-BC-14-D1",
            "name": "mongodb-nic",
            "private_ip_address": "10.0.1.4",
            "private_ip_addresses": [
              "10.0.1.4"
            ],
            "resource_group_name": "wiz-exercise-rg",
            "tags": {},
            "timeouts": null,
            "virtual_machine_id": "/subscriptions/bedc16a0-d4ca-4f6c-900d-98ff912d9d19/resourceGroups/wiz-exercise-rg/providers/Microsoft.Compute/virtualMachines/mongodb-vm"
          },
          "sensitive_attributes": [],
          "private": "eyJlMmJmYjczMC1lY2FhLTExZTYtOGY4OC0zNDM2M2JjN2M0YzAiOnsiY3JlYXRlIjoxODAwMDAwMDAwMDAwLCJkZWxldGUiOjE4MDAwMDAwMDAwMDAsInJlYWQiOjMwMDAwMDAwMDAwMCwidXBkYXRlIjoxODAwMDAwMDAwMDAwfX0=",
          "dependencies": [
            "azurerm_resource_group.wiz_exercise",
            "module.mongodb.azurerm_public_ip.mongodb_pip",
            "module.network.azurerm_subnet.database_subnet",
            "module.network.azurerm_virtual_network.wiz_vnet"
          ]
        }
      ]
    },
    {
      "module": "module.mongodb",
      "mode": "managed",
      "type": "azurerm_network_interface_security_group_association",
      "name": "mongodb_nsg_association",
      "provider": "provider[\"registry.terraform.io/hashicorp/azurerm\"]",
      "instances": [
        {
          "schema_version": 0,
          "attributes": {
            "id": "/subscriptions/bedc16a0-d4ca-4f6c-900d-98ff912d9d19/resourceGroups/wiz-exercise-rg/providers/Microsoft.Network/networkInterfaces/mongodb-nic|/subscriptions/bedc16a0-d4ca-4f6c-900d-98ff912d9d19/resourceGroups/wiz-exercise-rg/providers/Microsoft.Network/networkSecurityGroups/mongodb-nsg",
            "network_interface_id": "/subscriptions/bedc16a0-d4ca-4f6c-900d-98ff912d9d19/resourceGroups/wiz-exercise-rg/providers/Microsoft.Network/networkInterfaces/mongodb-nic",
            "network_security_group_id": "/subscriptions/bedc16a0-d4ca-4f6c-900d-98ff912d9d19/resourceGroups/wiz-exercise-rg/providers/Microsoft.Network/networkSecurityGroups/mongodb-nsg",
            "timeouts": null
          },
          "sensitive_attributes": [],
          "private": "eyJlMmJmYjczMC1lY2FhLTExZTYtOGY4OC0zNDM2M2JjN2M0YzAiOnsiY3JlYXRlIjoxODAwMDAwMDAwMDAwLCJkZWxldGUiOjE4MDAwMDAwMDAwMDAsInJlYWQiOjMwMDAwMDAwMDAwMH19",
          "dependencies": [
            "azurerm_resource_group.wiz_exercise",
            "module.mongodb.azurerm_network_interface.mongodb_nic",
            "module.mongodb.azurerm_network_security_group.mongodb_nsg",
            "module.mongodb.azurerm_public_ip.mongodb_pip",
            "module.network.azurerm_subnet.database_subnet",
            "module.network.azurerm_virtual_network.wiz_vnet"
          ]
        }
      ]
    },
    {
      "module": "module.mongodb",
      "mode": "managed",
      "type": "azurerm_network_security_group",
      "name": "mongodb_nsg",
      "provider": "provider[\"registry.terraform.io/hashicorp/azurerm\"]",
      "instances": [
        {
          "schema_version": 0,
          "attributes": {
            "id": "/subscriptions/bedc16a0-d4ca-4f6c-900d-98ff912d9d19/resourceGroups/wiz-exercise-rg/providers/Microsoft.Network/networkSecurityGroups/mongodb-nsg",
            "location": "eastus2",
            "name": "mongodb-nsg",
            "resource_group_name": "wiz-exercise-rg",
            "security_rule": [
              {
                "access": "Allow",
                "description": "",
                "destination_address_prefix": "*",
                "destination_address_prefixes": [],
                "destination_application_security_group_ids": [],
                "destination_port_range": "22",
                "destination_port_ranges": [],
                "direction": "Inbound",
                "name": "allow-ssh-from-anywhere",
                "priority": 1000,
                "protocol": "Tcp",
                "source_address_prefix": "0.0.0.0/0",
                "source_address_prefixes": [],
                "source_application_security_group_ids": [],
                "source_port_range": "*",
                "source_port_ranges": []
              }
            ],
            "tags": {},
            "timeouts": null
          },
          "sensitive_attributes": [],
          "private": "eyJlMmJmYjczMC1lY2FhLTExZTYtOGY4OC0zNDM2M2JjN2M0YzAiOnsiY3JlYXRlIjoxODAwMDAwMDAwMDAwLCJkZWxldGUiOjE4MDAwMDAwMDAwMDAsInJlYWQiOjMwMDAwMDAwMDAwMCwidXBkYXRlIjoxODAwMDAwMDAwMDAwfX0=",
          "dependencies": [
            "azurerm_resource_group.wiz_exercise"
          ]
        }
      ]
    },
    {
      "module": "module.mongodb",
      "mode": "managed",
      "type": "azurerm_network_security_rule",
      "name": "mongodb_port",
      "provider": "provider[\"registry.terraform.io/hashicorp/azurerm\"]",
      "instances": [
        {
          "schema_version": 0,
          "attributes": {
            "access": "Allow",
            "description": "",
            "destination_address_prefix": "*",
            "destination_address_prefixes": null,
            "destination_application_security_group_ids": null,
            "destination_port_range": "27017",
            "destination_port_ranges": null,
            "direction": "Inbound",
            "id": "/subscriptions/bedc16a0-d4ca-4f6c-900d-98ff912d9d19/resourceGroups/wiz-exercise-rg/providers/Microsoft.Network/networkSecurityGroups/mongodb-nsg/securityRules/allow-mongodb",
            "name": "allow-mongodb",
            "network_security_group_name": "mongodb-nsg",
            "priority": 110,
            "protocol": "Tcp",
            "resource_group_name": "wiz-exercise-rg",
            "source_address_prefix": "*",
            "source_address_prefixes": null,
            "source_application_security_group_ids": null,
            "source_port_range": "*",
            "source_port_ranges": null,
            "timeouts": null
          },
          "sensitive_attributes": [],
          "private": "eyJlMmJmYjczMC1lY2FhLTExZTYtOGY4OC0zNDM2M2JjN2M0YzAiOnsiY3JlYXRlIjoxODAwMDAwMDAwMDAwLCJkZWxldGUiOjE4MDAwMDAwMDAwMDAsInJlYWQiOjMwMDAwMDAwMDAwMCwidXBkYXRlIjoxODAwMDAwMDAwMDAwfX0=",
          "dependencies": [
            "azurerm_resource_group.wiz_exercise",
            "module.mongodb.azurerm_network_security_group.mongodb_nsg"
          ]
        }
      ]
    },
    {
      "module": "module.mongodb",
      "mode": "managed",
      "type": "azurerm_network_security_rule",
      "name": "mongodb_ssh",
      "provider": "provider[\"registry.terraform.io/hashicorp/azurerm\"]",
      "instances": [
        {
          "schema_version": 0,
          "attributes": {
            "access": "Allow",
            "description": "",
            "destination_address_prefix": "*",
            "destination_address_prefixes": null,
            "destination_application_security_group_ids": null,
            "destination_port_range": "22",
            "destination_port_ranges": null,
            "direction": "Inbound",
            "id": "/subscriptions/bedc16a0-d4ca-4f6c-900d-98ff912d9d19/resourceGroups/wiz-exercise-rg/providers/Microsoft.Network/networkSecurityGroups/mongodb-nsg/securityRules/allow-ssh",
            "name": "allow-ssh",
            "network_security_group_name": "mongodb-nsg",
            "priority": 100,
            "protocol": "Tcp",
            "resource_group_name": "wiz-exercise-rg",
            "source_address_prefix": "*",
            "source_address_prefixes": null,
            "source_application_security_group_ids": null,
            "source_port_range": "*",
            "source_port_ranges": null,
            "timeouts": null
          },
          "sensitive_attributes": [],
          "private": "eyJlMmJmYjczMC1lY2FhLTExZTYtOGY4OC0zNDM2M2JjN2M0YzAiOnsiY3JlYXRlIjoxODAwMDAwMDAwMDAwLCJkZWxldGUiOjE4MDAwMDAwMDAwMDAsInJlYWQiOjMwMDAwMDAwMDAwMCwidXBkYXRlIjoxODAwMDAwMDAwMDAwfX0=",
          "dependencies": [
            "azurerm_resource_group.wiz_exercise",
            "module.mongodb.azurerm_network_security_group.mongodb_nsg"
          ]
        }
      ]
    },
    {
      "module": "module.mongodb",
      "mode": "managed",
      "type": "azurerm_public_ip",
      "name": "mongodb_pip",
      "provider": "provider[\"registry.terraform.io/hashicorp/azurerm\"]",
      "instances": [
        {
          "schema_version": 0,
          "attributes": {
            "allocation_method": "Static",
            "ddos_protection_mode": "VirtualNetworkInherited",
            "ddos_protection_plan_id": null,
            "domain_name_label": null,
            "edge_zone": "",
            "fqdn": null,
            "id": "/subscriptions/bedc16a0-d4ca-4f6c-900d-98ff912d9d19/resourceGroups/wiz-exercise-rg/providers/Microsoft.Network/publicIPAddresses/mongodb-pip",
            "idle_timeout_in_minutes": 4,
            "ip_address": "172.200.232.188",
            "ip_tags": {},
            "ip_version": "IPv4",
            "location": "eastus2",
            "name": "mongodb-pip",
            "public_ip_prefix_id": null,
            "resource_group_name": "wiz-exercise-rg",
            "reverse_fqdn": null,
            "sku": "Standard",
            "sku_tier": "Regional",
            "tags": {},
            "timeouts": null,
            "zones": []
          },
          "sensitive_attributes": [],
          "private": "eyJlMmJmYjczMC1lY2FhLTExZTYtOGY4OC0zNDM2M2JjN2M0YzAiOnsiY3JlYXRlIjoxODAwMDAwMDAwMDAwLCJkZWxldGUiOjE4MDAwMDAwMDAwMDAsInJlYWQiOjMwMDAwMDAwMDAwMCwidXBkYXRlIjoxODAwMDAwMDAwMDAwfX0=",
          "dependencies": [
            "azurerm_resource_group.wiz_exercise"
          ]
        }
      ]
    },
    {
      "module": "module.mongodb",
      "mode": "managed",
      "type": "azurerm_role_assignment",
      "name": "vm_contributor",
      "provider": "provider[\"registry.terraform.io/hashicorp/azurerm\"]",
      "instances": [
        {
          "schema_version": 0,
          "attributes": {
            "condition": "",
            "condition_version": "",
            "delegated_managed_identity_resource_id": "",
            "description": "",
            "id": "/subscriptions/bedc16a0-d4ca-4f6c-900d-98ff912d9d19/providers/Microsoft.Authorization/roleAssignments/a1cfd4d4-6126-0ab6-f764-0af7c94c0872",
            "name": "a1cfd4d4-6126-0ab6-f764-0af7c94c0872",
            "principal_id": "b9a60829-0e07-49c3-a971-f36543258c70",
            "principal_type": "ServicePrincipal",
            "role_definition_id": "/subscriptions/bedc16a0-d4ca-4f6c-900d-98ff912d9d19/providers/Microsoft.Authorization/roleDefinitions/b24988ac-6180-42a0-ab88-20f7382dd24c",
            "role_definition_name": "Contributor",
            "scope": "/subscriptions/bedc16a0-d4ca-4f6c-900d-98ff912d9d19",
            "skip_service_principal_aad_check": null,
            "timeouts": null
          },
          "sensitive_attributes": [],
          "private": "eyJlMmJmYjczMC1lY2FhLTExZTYtOGY4OC0zNDM2M2JjN2M0YzAiOnsiY3JlYXRlIjoxODAwMDAwMDAwMDAwLCJkZWxldGUiOjE4MDAwMDAwMDAwMDAsInJlYWQiOjMwMDAwMDAwMDAwMH19",
          "dependencies": [
            "azurerm_resource_group.wiz_exercise",
            "module.mongodb.azurerm_linux_virtual_machine.mongodb_vm",
            "module.mongodb.azurerm_network_interface.mongodb_nic",
            "module.mongodb.azurerm_public_ip.mongodb_pip",
            "module.mongodb.data.azurerm_client_config.current",
            "module.network.azurerm_subnet.database_subnet",
            "module.network.azurerm_virtual_network.wiz_vnet"
          ]
        }
      ]
    },
    {
      "module": "module.network",
      "mode": "managed",
      "type": "azurerm_subnet",
      "name": "database_subnet",
      "provider": "provider[\"registry.terraform.io/hashicorp/azurerm\"]",
      "instances": [
        {
          "schema_version": 0,
          "attributes": {
            "address_prefixes": [
              "10.0.1.0/24"
            ],
            "default_outbound_access_enabled": true,
            "delegation": [],
            "enforce_private_link_endpoint_network_policies": false,
            "enforce_private_link_service_network_policies": false,
            "id": "/subscriptions/bedc16a0-d4ca-4f6c-900d-98ff912d9d19/resourceGroups/wiz-exercise-rg/providers/Microsoft.Network/virtualNetworks/wiz-vnet/subnets/database-subnet",
            "name": "database-subnet",
            "private_endpoint_network_policies": "Enabled",
            "private_endpoint_network_policies_enabled": true,
            "private_link_service_network_policies_enabled": true,
            "resource_group_name": "wiz-exercise-rg",
            "service_endpoint_policy_ids": [],
            "service_endpoints": [],
            "timeouts": null,
            "virtual_network_name": "wiz-vnet"
          },
          "sensitive_attributes": [],
          "private": "eyJlMmJmYjczMC1lY2FhLTExZTYtOGY4OC0zNDM2M2JjN2M0YzAiOnsiY3JlYXRlIjoxODAwMDAwMDAwMDAwLCJkZWxldGUiOjE4MDAwMDAwMDAwMDAsInJlYWQiOjMwMDAwMDAwMDAwMCwidXBkYXRlIjoxODAwMDAwMDAwMDAwfX0=",
          "dependencies": [
            "azurerm_resource_group.wiz_exercise",
            "module.network.azurerm_virtual_network.wiz_vnet"
          ]
        }
      ]
    },
    {
      "module": "module.network",
      "mode": "managed",
      "type": "azurerm_subnet",
      "name": "kubernetes_subnet",
      "provider": "provider[\"registry.terraform.io/hashicorp/azurerm\"]",
      "instances": [
        {
          "schema_version": 0,
          "attributes": {
            "address_prefixes": [
              "10.0.2.0/24"
            ],
            "default_outbound_access_enabled": true,
            "delegation": [],
            "enforce_private_link_endpoint_network_policies": false,
            "enforce_private_link_service_network_policies": false,
            "id": "/subscriptions/bedc16a0-d4ca-4f6c-900d-98ff912d9d19/resourceGroups/wiz-exercise-rg/providers/Microsoft.Network/virtualNetworks/wiz-vnet/subnets/kubernetes-subnet",
            "name": "kubernetes-subnet",
            "private_endpoint_network_policies": "Enabled",
            "private_endpoint_network_policies_enabled": true,
            "private_link_service_network_policies_enabled": true,
            "resource_group_name": "wiz-exercise-rg",
            "service_endpoint_policy_ids": [],
            "service_endpoints": [],
            "timeouts": null,
            "virtual_network_name": "wiz-vnet"
          },
          "sensitive_attributes": [],
          "private": "eyJlMmJmYjczMC1lY2FhLTExZTYtOGY4OC0zNDM2M2JjN2M0YzAiOnsiY3JlYXRlIjoxODAwMDAwMDAwMDAwLCJkZWxldGUiOjE4MDAwMDAwMDAwMDAsInJlYWQiOjMwMDAwMDAwMDAwMCwidXBkYXRlIjoxODAwMDAwMDAwMDAwfX0=",
          "dependencies": [
            "azurerm_resource_group.wiz_exercise",
            "module.network.azurerm_virtual_network.wiz_vnet"
          ]
        }
      ]
    },
    {
      "module": "module.network",
      "mode": "managed",
      "type": "azurerm_virtual_network",
      "name": "wiz_vnet",
      "provider": "provider[\"registry.terraform.io/hashicorp/azurerm\"]",
      "instances": [
        {
          "schema_version": 0,
          "attributes": {
            "address_space": [
              "10.0.0.0/16"
            ],
            "bgp_community": "",
            "ddos_protection_plan": [],
            "dns_servers": [],
            "edge_zone": "",
            "encryption": [],
            "flow_timeout_in_minutes": 0,
            "guid": "51506691-6ec5-401b-a7a1-7d6bbf9c2924",
            "id": "/subscriptions/bedc16a0-d4ca-4f6c-900d-98ff912d9d19/resourceGroups/wiz-exercise-rg/providers/Microsoft.Network/virtualNetworks/wiz-vnet",
            "location": "eastus2",
            "name": "wiz-vnet",
            "resource_group_name": "wiz-exercise-rg",
            "subnet": [
              {
                "address_prefix": "10.0.1.0/24",
                "id": "/subscriptions/bedc16a0-d4ca-4f6c-900d-98ff912d9d19/resourceGroups/wiz-exercise-rg/providers/Microsoft.Network/virtualNetworks/wiz-vnet/subnets/database-subnet",
                "name": "database-subnet",
                "security_group": ""
              },
              {
                "address_prefix": "10.0.2.0/24",
                "id": "/subscriptions/bedc16a0-d4ca-4f6c-900d-98ff912d9d19/resourceGroups/wiz-exercise-rg/providers/Microsoft.Network/virtualNetworks/wiz-vnet/subnets/kubernetes-subnet",
                "name": "kubernetes-subnet",
                "security_group": ""
              }
            ],
            "tags": {},
            "timeouts": null
          },
          "sensitive_attributes": [],
          "private": "eyJlMmJmYjczMC1lY2FhLTExZTYtOGY4OC0zNDM2M2JjN2M0YzAiOnsiY3JlYXRlIjoxODAwMDAwMDAwMDAwLCJkZWxldGUiOjE4MDAwMDAwMDAwMDAsInJlYWQiOjMwMDAwMDAwMDAwMCwidXBkYXRlIjoxODAwMDAwMDAwMDAwfX0=",
          "dependencies": [
            "azurerm_resource_group.wiz_exercise"
          ]
        }
      ]
    },
    {
      "module": "module.storage",
      "mode": "managed",
      "type": "azurerm_storage_account",
      "name": "wiz_storage",
      "provider": "provider[\"registry.terraform.io/hashicorp/azurerm\"]",
      "instances": [
        {
          "schema_version": 4,
          "attributes": {
            "access_tier": "Hot",
            "account_kind": "StorageV2",
            "account_replication_type": "LRS",
            "account_tier": "Standard",
            "allow_nested_items_to_be_public": true,
            "allowed_copy_scope": "",
            "azure_files_authentication": [],
            "blob_properties": [
              {
                "change_feed_enabled": false,
                "change_feed_retention_in_days": 0,
                "container_delete_retention_policy": [],
                "cors_rule": [],
                "default_service_version": "",
                "delete_retention_policy": [],
                "last_access_time_enabled": false,
                "restore_policy": [],
                "versioning_enabled": false
              }
            ],
            "cross_tenant_replication_enabled": true,
            "custom_domain": [],
            "customer_managed_key": [],
            "default_to_oauth_authentication": false,
            "dns_endpoint_type": "Standard",
            "edge_zone": "",
            "enable_https_traffic_only": true,
            "https_traffic_only_enabled": true,
            "id": "/subscriptions/bedc16a0-d4ca-4f6c-900d-98ff912d9d19/resourceGroups/wiz-exercise-rg/providers/Microsoft.Storage/storageAccounts/wizexgm55ul29",
            "identity": [],
            "immutability_policy": [],
            "infrastructure_encryption_enabled": false,
            "is_hns_enabled": false,
            "large_file_share_enabled": false,
            "local_user_enabled": true,
            "location": "eastus2",
            "min_tls_version": "TLS1_2",
            "name": "wizexgm55ul29",
            "network_rules": [],
            "nfsv3_enabled": false,
            "primary_access_key": "qnHJM+tKHgiiQadwD0G3wo22ekNLgIrR0I/uFkRUmPyrvKZ6prNPH/Su9UNvMrXdBqIdCTGjCEjr+AStF3tDQQ==",
            "primary_blob_connection_string": "DefaultEndpointsProtocol=https;BlobEndpoint=https://wizexgm55ul29.blob.core.windows.net/;AccountName=wizexgm55ul29;AccountKey=qnHJM+tKHgiiQadwD0G3wo22ekNLgIrR0I/uFkRUmPyrvKZ6prNPH/Su9UNvMrXdBqIdCTGjCEjr+AStF3tDQQ==",
            "primary_blob_endpoint": "https://wizexgm55ul29.blob.core.windows.net/",
            "primary_blob_host": "wizexgm55ul29.blob.core.windows.net",
            "primary_blob_internet_endpoint": "",
            "primary_blob_internet_host": "",
            "primary_blob_microsoft_endpoint": "",
            "primary_blob_microsoft_host": "",
            "primary_connection_string": "DefaultEndpointsProtocol=https;AccountName=wizexgm55ul29;AccountKey=qnHJM+tKHgiiQadwD0G3wo22ekNLgIrR0I/uFkRUmPyrvKZ6prNPH/Su9UNvMrXdBqIdCTGjCEjr+AStF3tDQQ==;EndpointSuffix=core.windows.net",
            "primary_dfs_endpoint": "https://wizexgm55ul29.dfs.core.windows.net/",
            "primary_dfs_host": "wizexgm55ul29.dfs.core.windows.net",
            "primary_dfs_internet_endpoint": "",
            "primary_dfs_internet_host": "",
            "primary_dfs_microsoft_endpoint": "",
            "primary_dfs_microsoft_host": "",
            "primary_file_endpoint": "https://wizexgm55ul29.file.core.windows.net/",
            "primary_file_host": "wizexgm55ul29.file.core.windows.net",
            "primary_file_internet_endpoint": "",
            "primary_file_internet_host": "",
            "primary_file_microsoft_endpoint": "",
            "primary_file_microsoft_host": "",
            "primary_location": "eastus2",
            "primary_queue_endpoint": "https://wizexgm55ul29.queue.core.windows.net/",
            "primary_queue_host": "wizexgm55ul29.queue.core.windows.net",
            "primary_queue_microsoft_endpoint": "",
            "primary_queue_microsoft_host": "",
            "primary_table_endpoint": "https://wizexgm55ul29.table.core.windows.net/",
            "primary_table_host": "wizexgm55ul29.table.core.windows.net",
            "primary_table_microsoft_endpoint": "",
            "primary_table_microsoft_host": "",
            "primary_web_endpoint": "https://wizexgm55ul29.z20.web.core.windows.net/",
            "primary_web_host": "wizexgm55ul29.z20.web.core.windows.net",
            "primary_web_internet_endpoint": "",
            "primary_web_internet_host": "",
            "primary_web_microsoft_endpoint": "",
            "primary_web_microsoft_host": "",
            "public_network_access_enabled": true,
            "queue_encryption_key_type": "Service",
            "queue_properties": [
              {
                "cors_rule": [],
                "hour_metrics": [
                  {
                    "enabled": false,
                    "include_apis": false,
                    "retention_policy_days": 0,
                    "version": "1.0"
                  }
                ],
                "logging": [
                  {
                    "delete": false,
                    "read": false,
                    "retention_policy_days": 0,
                    "version": "1.0",
                    "write": false
                  }
                ],
                "minute_metrics": [
                  {
                    "enabled": false,
                    "include_apis": false,
                    "retention_policy_days": 0,
                    "version": "1.0"
                  }
                ]
              }
            ],
            "resource_group_name": "wiz-exercise-rg",
            "routing": [],
            "sas_policy": [],
            "secondary_access_key": "MJg6rr+w/kV9jOny6HsL25bPs3mEvrlU2B+njF1u1hTlJMVwagl2ERh9k52/Hx5B0pAMi8Y67KUd+ASt9pCtUg==",
            "secondary_blob_connection_string": "",
            "secondary_blob_endpoint": "",
            "secondary_blob_host": "",
            "secondary_blob_internet_endpoint": "",
            "secondary_blob_internet_host": "",
            "secondary_blob_microsoft_endpoint": "",
            "secondary_blob_microsoft_host": "",
            "secondary_connection_string": "DefaultEndpointsProtocol=https;AccountName=wizexgm55ul29;AccountKey=MJg6rr+w/kV9jOny6HsL25bPs3mEvrlU2B+njF1u1hTlJMVwagl2ERh9k52/Hx5B0pAMi8Y67KUd+ASt9pCtUg==;EndpointSuffix=core.windows.net",
            "secondary_dfs_endpoint": "",
            "secondary_dfs_host": "",
            "secondary_dfs_internet_endpoint": "",
            "secondary_dfs_internet_host": "",
            "secondary_dfs_microsoft_endpoint": "",
            "secondary_dfs_microsoft_host": "",
            "secondary_file_endpoint": "",
            "secondary_file_host": "",
            "secondary_file_internet_endpoint": "",
            "secondary_file_internet_host": "",
            "secondary_file_microsoft_endpoint": "",
            "secondary_file_microsoft_host": "",
            "secondary_location": "",
            "secondary_queue_endpoint": "",
            "secondary_queue_host": "",
            "secondary_queue_microsoft_endpoint": "",
            "secondary_queue_microsoft_host": "",
            "secondary_table_endpoint": "",
            "secondary_table_host": "",
            "secondary_table_microsoft_endpoint": "",
            "secondary_table_microsoft_host": "",
            "secondary_web_endpoint": "",
            "secondary_web_host": "",
            "secondary_web_internet_endpoint": "",
            "secondary_web_internet_host": "",
            "secondary_web_microsoft_endpoint": "",
            "secondary_web_microsoft_host": "",
            "sftp_enabled": false,
            "share_properties": [
              {
                "cors_rule": [],
                "retention_policy": [
                  {
                    "days": 7
                  }
                ],
                "smb": []
              }
            ],
            "shared_access_key_enabled": true,
            "static_website": [],
            "table_encryption_key_type": "Service",
            "tags": {},
            "timeouts": null
          },
          "sensitive_attributes": [
            [
              {
                "type": "get_attr",
                "value": "secondary_blob_connection_string"
              }
            ],
            [
              {
                "type": "get_attr",
                "value": "primary_connection_string"
              }
            ],
            [
              {
                "type": "get_attr",
                "value": "primary_access_key"
              }
            ],
            [
              {
                "type": "get_attr",
                "value": "secondary_access_key"
              }
            ],
            [
              {
                "type": "get_attr",
                "value": "secondary_connection_string"
              }
            ],
            [
              {
                "type": "get_attr",
                "value": "primary_blob_connection_string"
              }
            ]
          ],
          "private": "eyJlMmJmYjczMC1lY2FhLTExZTYtOGY4OC0zNDM2M2JjN2M0YzAiOnsiY3JlYXRlIjozNjAwMDAwMDAwMDAwLCJkZWxldGUiOjM2MDAwMDAwMDAwMDAsInJlYWQiOjMwMDAwMDAwMDAwMCwidXBkYXRlIjozNjAwMDAwMDAwMDAwfSwic2NoZW1hX3ZlcnNpb24iOiI0In0=",
          "dependencies": [
            "azurerm_resource_group.wiz_exercise",
            "module.storage.random_string.suffix"
          ]
        }
      ]
    },
    {
      "module": "module.storage",
      "mode": "managed",
      "type": "azurerm_storage_account_network_rules",
      "name": "public_access",
      "provider": "provider[\"registry.terraform.io/hashicorp/azurerm\"]",
      "instances": [
        {
          "schema_version": 0,
          "attributes": {
            "bypass": [
              "AzureServices"
            ],
            "default_action": "Allow",
            "id": "/subscriptions/bedc16a0-d4ca-4f6c-900d-98ff912d9d19/resourceGroups/wiz-exercise-rg/providers/Microsoft.Storage/storageAccounts/wizexgm55ul29",
            "ip_rules": [],
            "private_link_access": [],
            "storage_account_id": "/subscriptions/bedc16a0-d4ca-4f6c-900d-98ff912d9d19/resourceGroups/wiz-exercise-rg/providers/Microsoft.Storage/storageAccounts/wizexgm55ul29",
            "timeouts": null,
            "virtual_network_subnet_ids": []
          },
          "sensitive_attributes": [],
          "private": "eyJlMmJmYjczMC1lY2FhLTExZTYtOGY4OC0zNDM2M2JjN2M0YzAiOnsiY3JlYXRlIjozNjAwMDAwMDAwMDAwLCJkZWxldGUiOjM2MDAwMDAwMDAwMDAsInJlYWQiOjMwMDAwMDAwMDAwMCwidXBkYXRlIjozNjAwMDAwMDAwMDAwfX0=",
          "dependencies": [
            "azurerm_resource_group.wiz_exercise",
            "module.storage.azurerm_storage_account.wiz_storage",
            "module.storage.random_string.suffix"
          ]
        }
      ]
    },
    {
      "module": "module.storage",
      "mode": "managed",
      "type": "azurerm_storage_container",
      "name": "mongodb_backups",
      "provider": "provider[\"registry.terraform.io/hashicorp/azurerm\"]",
      "instances": [
        {
          "schema_version": 1,
          "attributes": {
            "container_access_type": "blob",
            "default_encryption_scope": "$account-encryption-key",
            "encryption_scope_override_enabled": true,
            "has_immutability_policy": false,
            "has_legal_hold": false,
            "id": "https://wizexgm55ul29.blob.core.windows.net/mongodb-backups",
            "metadata": {},
            "name": "mongodb-backups",
            "resource_manager_id": "/subscriptions/bedc16a0-d4ca-4f6c-900d-98ff912d9d19/resourceGroups/wiz-exercise-rg/providers/Microsoft.Storage/storageAccounts/wizexgm55ul29/blobServices/default/containers/mongodb-backups",
            "storage_account_name": "wizexgm55ul29",
            "timeouts": null
          },
          "sensitive_attributes": [],
          "private": "eyJlMmJmYjczMC1lY2FhLTExZTYtOGY4OC0zNDM2M2JjN2M0YzAiOnsiY3JlYXRlIjoxODAwMDAwMDAwMDAwLCJkZWxldGUiOjE4MDAwMDAwMDAwMDAsInJlYWQiOjMwMDAwMDAwMDAwMCwidXBkYXRlIjoxODAwMDAwMDAwMDAwfSwic2NoZW1hX3ZlcnNpb24iOiIxIn0=",
          "dependencies": [
            "azurerm_resource_group.wiz_exercise",
            "module.storage.azurerm_storage_account.wiz_storage",
            "module.storage.random_string.suffix"
          ]
        }
      ]
    },
    {
      "module": "module.storage",
      "mode": "managed",
      "type": "random_string",
      "name": "suffix",
      "provider": "provider[\"registry.terraform.io/hashicorp/random\"]",
      "instances": [
        {
          "schema_version": 2,
          "attributes": {
            "id": "gm55ul29",
            "keepers": null,
            "length": 8,
            "lower": true,
            "min_lower": 0,
            "min_numeric": 0,
            "min_special": 0,
            "min_upper": 0,
            "number": true,
            "numeric": true,
            "override_special": null,
            "result": "gm55ul29",
            "special": false,
            "upper": false
          },
          "sensitive_attributes": []
        }
      ]
    }
  ],
  "check_results": null
}
